Route53 Zone ID: Z038651135MZFV9GL29ON
Terraform 적용을 시작합니다...

[0m[1mInitializing the backend...[0m

[0m[1mInitializing provider plugins...[0m
- Reusing previous version of hashicorp/aws from the dependency lock file
- Reusing previous version of hashicorp/archive from the dependency lock file
- Using previously-installed hashicorp/aws v5.100.0
- Using previously-installed hashicorp/archive v2.7.1

[0m[1m[32mTerraform has been successfully initialized![0m[32m[0m
[0m[32m
You may now begin working with Terraform. Try running "terraform plan" to see
any changes that are required for your infrastructure. All Terraform commands
should now work.

If you ever set or change modules or backend configuration for Terraform,
rerun this command to reinitialize your working directory. If you forget, other
commands will detect it and remind you to do so if necessary.[0m
[0m[1mdata.archive_file.lambda_zip: Reading...[0m[0m
[0m[1mdata.archive_file.lambda_zip: Read complete after 0s [id=4d7414ffd93f139847b493a712a6f38111d30dde][0m
[0m[1mdata.aws_caller_identity.current: Reading...[0m[0m
[0m[1maws_iam_role.lambda_exec_role: Refreshing state... [id=y2om-route53-dns-log-lambda-role][0m
[0m[1maws_cloudwatch_log_group.route53_query_logs: Refreshing state... [id=/aws/route53/y2om-query-logs][0m
[0m[1mdata.aws_caller_identity.current: Read complete after 0s [id=404457776061][0m
[0m[1maws_cloudwatch_log_resource_policy.route53_logs_policy: Refreshing state... [id=y2om-route53-query-logging-policy][0m
[0m[1maws_route53_query_log.main: Refreshing state... [id=c2aeb84c-ce52-475d-9b72-78abd6ba9f26][0m
[0m[1maws_iam_role_policy.lambda_basic_execution: Refreshing state... [id=y2om-route53-dns-log-lambda-role:y2om-lambda-basic-execution][0m
[0m[1maws_opensearch_domain.route53_logs: Refreshing state... [id=arn:aws:es:us-east-1:404457776061:domain/y2om-route53-dns-logs][0m

[1m[36mNote:[0m[1m Objects have changed outside of Terraform
[0m
Terraform detected the following changes made outside of Terraform since the
last "terraform apply" which may have affected this plan:

[1m  # aws_opensearch_domain.route53_logs[0m has changed
[0m  [33m~[0m[0m resource "aws_opensearch_domain" "route53_logs" {
      [32m+[0m[0m arn             = "arn:aws:es:us-east-1:404457776061:domain/y2om-route53-dns-logs"
        id              = "arn:aws:es:us-east-1:404457776061:domain/y2om-route53-dns-logs"
        tags            = {
            "Name" = "y2om-Route53 DNS Logs"
        }
        [90m# (4 unchanged attributes hidden)[0m[0m

        [90m# (5 unchanged blocks hidden)[0m[0m
    }


Unless you have made equivalent changes to your configuration, or ignored the
relevant attributes using ignore_changes, the following plan may include
actions to undo or respond to these changes.
[90m
─────────────────────────────────────────────────────────────────────────────[0m

Terraform used the selected providers to generate the following execution
plan. Resource actions are indicated with the following symbols:
  [32m+[0m create[0m
[31m-[0m/[32m+[0m destroy and then create replacement[0m

Terraform will perform the following actions:

[1m  # aws_cloudwatch_log_subscription_filter.lambda_trigger[0m will be created
[0m  [32m+[0m[0m resource "aws_cloudwatch_log_subscription_filter" "lambda_trigger" {
      [32m+[0m[0m destination_arn = (known after apply)
      [32m+[0m[0m distribution    = "ByLogStream"
      [32m+[0m[0m id              = (known after apply)
      [32m+[0m[0m log_group_name  = "/aws/route53/y2om-query-logs"
      [32m+[0m[0m name            = "y2om-route53-log-to-lambda"
      [32m+[0m[0m role_arn        = (known after apply)
    }

[1m  # aws_iam_role_policy.lambda_opensearch_access[0m will be created
[0m  [32m+[0m[0m resource "aws_iam_role_policy" "lambda_opensearch_access" {
      [32m+[0m[0m id          = (known after apply)
      [32m+[0m[0m name        = "y2om-lambda-opensearch-access"
      [32m+[0m[0m name_prefix = (known after apply)
      [32m+[0m[0m policy      = (known after apply)
      [32m+[0m[0m role        = "y2om-route53-dns-log-lambda-role"
    }

[1m  # aws_lambda_function.route53_log_processor[0m will be created
[0m  [32m+[0m[0m resource "aws_lambda_function" "route53_log_processor" {
      [32m+[0m[0m architectures                  = (known after apply)
      [32m+[0m[0m arn                            = (known after apply)
      [32m+[0m[0m code_sha256                    = (known after apply)
      [32m+[0m[0m filename                       = "./lambda_function.zip"
      [32m+[0m[0m function_name                  = "y2om-route53-dns-log-processor"
      [32m+[0m[0m handler                        = "index.handler"
      [32m+[0m[0m id                             = (known after apply)
      [32m+[0m[0m invoke_arn                     = (known after apply)
      [32m+[0m[0m last_modified                  = (known after apply)
      [32m+[0m[0m memory_size                    = 256
      [32m+[0m[0m package_type                   = "Zip"
      [32m+[0m[0m publish                        = false
      [32m+[0m[0m qualified_arn                  = (known after apply)
      [32m+[0m[0m qualified_invoke_arn           = (known after apply)
      [32m+[0m[0m reserved_concurrent_executions = -1
      [32m+[0m[0m role                           = "arn:aws:iam::404457776061:role/y2om-route53-dns-log-lambda-role"
      [32m+[0m[0m runtime                        = "python3.11"
      [32m+[0m[0m signing_job_arn                = (known after apply)
      [32m+[0m[0m signing_profile_version_arn    = (known after apply)
      [32m+[0m[0m skip_destroy                   = false
      [32m+[0m[0m source_code_hash               = "hBVRgobDJSpF0/XKFRBXBivjG4tKfk8JUMVjek/za/4="
      [32m+[0m[0m source_code_size               = (known after apply)
      [32m+[0m[0m tags                           = {
          [32m+[0m[0m "Name" = "y2om-Route53 DNS Log Processor"
        }
      [32m+[0m[0m tags_all                       = {
          [32m+[0m[0m "Name" = "y2om-Route53 DNS Log Processor"
        }
      [32m+[0m[0m timeout                        = 30
      [32m+[0m[0m version                        = (known after apply)

      [32m+[0m[0m environment {
          [32m+[0m[0m variables = (known after apply)
        }
    }

[1m  # aws_lambda_permission.allow_cloudwatch_logs[0m will be created
[0m  [32m+[0m[0m resource "aws_lambda_permission" "allow_cloudwatch_logs" {
      [32m+[0m[0m action              = "lambda:InvokeFunction"
      [32m+[0m[0m function_name       = "y2om-route53-dns-log-processor"
      [32m+[0m[0m id                  = (known after apply)
      [32m+[0m[0m principal           = "logs.amazonaws.com"
      [32m+[0m[0m source_arn          = "arn:aws:logs:us-east-1:404457776061:log-group:/aws/route53/y2om-query-logs:*"
      [32m+[0m[0m statement_id        = "AllowExecutionFromCloudWatchLogs"
      [32m+[0m[0m statement_id_prefix = (known after apply)
    }

[1m  # aws_opensearch_domain.route53_logs[0m is tainted, so must be [1m[31mreplaced[0m
[0m[31m-[0m/[32m+[0m[0m resource "aws_opensearch_domain" "route53_logs" {
      [33m~[0m[0m advanced_options                  = {} -> (known after apply)
      [33m~[0m[0m arn                               = "arn:aws:es:us-east-1:404457776061:domain/y2om-route53-dns-logs" -> (known after apply)
      [32m+[0m[0m dashboard_endpoint                = (known after apply)
      [32m+[0m[0m dashboard_endpoint_v2             = (known after apply)
      [32m+[0m[0m domain_endpoint_v2_hosted_zone_id = (known after apply)
      [33m~[0m[0m domain_id                         = "404457776061/y2om-route53-dns-logs" -> (known after apply)
      [32m+[0m[0m endpoint                          = (known after apply)
      [32m+[0m[0m endpoint_v2                       = (known after apply)
      [33m~[0m[0m id                                = "arn:aws:es:us-east-1:404457776061:domain/y2om-route53-dns-logs" -> (known after apply)
      [33m~[0m[0m ip_address_type                   = "ipv4" -> (known after apply)
      [32m+[0m[0m kibana_endpoint                   = (known after apply)
        tags                              = {
            "Name" = "y2om-Route53 DNS Logs"
        }
        [90m# (4 unchanged attributes hidden)[0m[0m

      [31m-[0m[0m auto_tune_options {
          [31m-[0m[0m desired_state       = "DISABLED" [90m-> null[0m[0m
          [31m-[0m[0m rollback_on_disable = "NO_ROLLBACK" [90m-> null[0m[0m
          [31m-[0m[0m use_off_peak_window = false [90m-> null[0m[0m
        }

      [33m~[0m[0m cluster_config {
          [31m-[0m[0m dedicated_master_count        = 0 [90m-> null[0m[0m
          [31m-[0m[0m multi_az_with_standby_enabled = false [90m-> null[0m[0m
          [31m-[0m[0m warm_count                    = 0 [90m-> null[0m[0m
          [31m-[0m[0m warm_enabled                  = false [90m-> null[0m[0m
          [31m-[0m[0m zone_awareness_enabled        = false [90m-> null[0m[0m
            [90m# (3 unchanged attributes hidden)[0m[0m

          [31m-[0m[0m cold_storage_options {
              [31m-[0m[0m enabled = false [90m-> null[0m[0m
            }
        }

      [31m-[0m[0m cognito_options {
          [31m-[0m[0m enabled = false [90m-> null[0m[0m
        }

      [33m~[0m[0m ebs_options {
          [33m~[0m[0m iops        = 3000 -> (known after apply)
          [33m~[0m[0m throughput  = 125 -> (known after apply)
            [90m# (3 unchanged attributes hidden)[0m[0m
        }

      [33m~[0m[0m encrypt_at_rest {
          [33m~[0m[0m kms_key_id = "arn:aws:kms:us-east-1:404457776061:key/398445a2-4dd1-4387-8f76-08fa24bcb2f1" -> (known after apply)
            [90m# (1 unchanged attribute hidden)[0m[0m
        }

      [31m-[0m[0m off_peak_window_options {
          [31m-[0m[0m enabled = true [90m-> null[0m[0m

          [31m-[0m[0m off_peak_window {
              [31m-[0m[0m window_start_time {
                  [31m-[0m[0m hours   = 3 [90m-> null[0m[0m
                  [31m-[0m[0m minutes = 0 [90m-> null[0m[0m
                }
            }
        }

      [31m-[0m[0m snapshot_options {
          [31m-[0m[0m automated_snapshot_start_hour = 0 [90m-> null[0m[0m
        }

      [31m-[0m[0m software_update_options {
          [31m-[0m[0m auto_software_update_enabled = false [90m-> null[0m[0m
        }

        [90m# (2 unchanged blocks hidden)[0m[0m
    }

[1mPlan:[0m 5 to add, 0 to change, 1 to destroy.
[0m
Changes to Outputs:
  [32m+[0m[0m lambda_function_arn      = (known after apply)
  [32m+[0m[0m opensearch_dashboard_url = (known after apply)
  [32m+[0m[0m opensearch_endpoint      = (known after apply)
[0m[1maws_opensearch_domain.route53_logs: Destroying... [id=arn:aws:es:us-east-1:404457776061:domain/y2om-route53-dns-logs][0m[0m
[0m[1maws_opensearch_domain.route53_logs: Still destroying... [id=arn:aws:es:us-east-1:404457776061:domain/y2om-route53-dns-logs, 10s elapsed][0m[0m
[0m[1maws_opensearch_domain.route53_logs: Still destroying... [id=arn:aws:es:us-east-1:404457776061:domain/y2om-route53-dns-logs, 20s elapsed][0m[0m
[0m[1maws_opensearch_domain.route53_logs: Still destroying... [id=arn:aws:es:us-east-1:404457776061:domain/y2om-route53-dns-logs, 30s elapsed][0m[0m
[0m[1maws_opensearch_domain.route53_logs: Still destroying... [id=arn:aws:es:us-east-1:404457776061:domain/y2om-route53-dns-logs, 40s elapsed][0m[0m
[0m[1maws_opensearch_domain.route53_logs: Still destroying... [id=arn:aws:es:us-east-1:404457776061:domain/y2om-route53-dns-logs, 50s elapsed][0m[0m
[0m[1maws_opensearch_domain.route53_logs: Still destroying... [id=arn:aws:es:us-east-1:404457776061:domain/y2om-route53-dns-logs, 1m0s elapsed][0m[0m
[0m[1maws_opensearch_domain.route53_logs: Still destroying... [id=arn:aws:es:us-east-1:404457776061:domain/y2om-route53-dns-logs, 1m10s elapsed][0m[0m
[0m[1maws_opensearch_domain.route53_logs: Still destroying... [id=arn:aws:es:us-east-1:404457776061:domain/y2om-route53-dns-logs, 1m20s elapsed][0m[0m
[0m[1maws_opensearch_domain.route53_logs: Still destroying... [id=arn:aws:es:us-east-1:404457776061:domain/y2om-route53-dns-logs, 1m30s elapsed][0m[0m
[0m[1maws_opensearch_domain.route53_logs: Still destroying... [id=arn:aws:es:us-east-1:404457776061:domain/y2om-route53-dns-logs, 1m40s elapsed][0m[0m
[0m[1maws_opensearch_domain.route53_logs: Still destroying... [id=arn:aws:es:us-east-1:404457776061:domain/y2om-route53-dns-logs, 1m50s elapsed][0m[0m
[0m[1maws_opensearch_domain.route53_logs: Still destroying... [id=arn:aws:es:us-east-1:404457776061:domain/y2om-route53-dns-logs, 2m0s elapsed][0m[0m
[0m[1maws_opensearch_domain.route53_logs: Still destroying... [id=arn:aws:es:us-east-1:404457776061:domain/y2om-route53-dns-logs, 2m10s elapsed][0m[0m
[0m[1maws_opensearch_domain.route53_logs: Still destroying... [id=arn:aws:es:us-east-1:404457776061:domain/y2om-route53-dns-logs, 2m20s elapsed][0m[0m
[0m[1maws_opensearch_domain.route53_logs: Still destroying... [id=arn:aws:es:us-east-1:404457776061:domain/y2om-route53-dns-logs, 2m30s elapsed][0m[0m
[0m[1maws_opensearch_domain.route53_logs: Still destroying... [id=arn:aws:es:us-east-1:404457776061:domain/y2om-route53-dns-logs, 2m40s elapsed][0m[0m
[0m[1maws_opensearch_domain.route53_logs: Still destroying... [id=arn:aws:es:us-east-1:404457776061:domain/y2om-route53-dns-logs, 2m50s elapsed][0m[0m
[0m[1maws_opensearch_domain.route53_logs: Still destroying... [id=arn:aws:es:us-east-1:404457776061:domain/y2om-route53-dns-logs, 3m0s elapsed][0m[0m
[0m[1maws_opensearch_domain.route53_logs: Still destroying... [id=arn:aws:es:us-east-1:404457776061:domain/y2om-route53-dns-logs, 3m10s elapsed][0m[0m
[0m[1maws_opensearch_domain.route53_logs: Still destroying... [id=arn:aws:es:us-east-1:404457776061:domain/y2om-route53-dns-logs, 3m20s elapsed][0m[0m
[0m[1maws_opensearch_domain.route53_logs: Still destroying... [id=arn:aws:es:us-east-1:404457776061:domain/y2om-route53-dns-logs, 3m30s elapsed][0m[0m
[0m[1maws_opensearch_domain.route53_logs: Still destroying... [id=arn:aws:es:us-east-1:404457776061:domain/y2om-route53-dns-logs, 3m40s elapsed][0m[0m
[0m[1maws_opensearch_domain.route53_logs: Still destroying... [id=arn:aws:es:us-east-1:404457776061:domain/y2om-route53-dns-logs, 3m50s elapsed][0m[0m
[0m[1maws_opensearch_domain.route53_logs: Still destroying... [id=arn:aws:es:us-east-1:404457776061:domain/y2om-route53-dns-logs, 4m0s elapsed][0m[0m
[0m[1maws_opensearch_domain.route53_logs: Still destroying... [id=arn:aws:es:us-east-1:404457776061:domain/y2om-route53-dns-logs, 4m10s elapsed][0m[0m
[0m[1maws_opensearch_domain.route53_logs: Still destroying... [id=arn:aws:es:us-east-1:404457776061:domain/y2om-route53-dns-logs, 4m20s elapsed][0m[0m
[0m[1maws_opensearch_domain.route53_logs: Still destroying... [id=arn:aws:es:us-east-1:404457776061:domain/y2om-route53-dns-logs, 4m30s elapsed][0m[0m
[0m[1maws_opensearch_domain.route53_logs: Still destroying... [id=arn:aws:es:us-east-1:404457776061:domain/y2om-route53-dns-logs, 4m40s elapsed][0m[0m
[0m[1maws_opensearch_domain.route53_logs: Still destroying... [id=arn:aws:es:us-east-1:404457776061:domain/y2om-route53-dns-logs, 4m50s elapsed][0m[0m
[0m[1maws_opensearch_domain.route53_logs: Still destroying... [id=arn:aws:es:us-east-1:404457776061:domain/y2om-route53-dns-logs, 5m0s elapsed][0m[0m
[0m[1maws_opensearch_domain.route53_logs: Still destroying... [id=arn:aws:es:us-east-1:404457776061:domain/y2om-route53-dns-logs, 5m10s elapsed][0m[0m
[0m[1maws_opensearch_domain.route53_logs: Still destroying... [id=arn:aws:es:us-east-1:404457776061:domain/y2om-route53-dns-logs, 5m20s elapsed][0m[0m
[0m[1maws_opensearch_domain.route53_logs: Still destroying... [id=arn:aws:es:us-east-1:404457776061:domain/y2om-route53-dns-logs, 5m30s elapsed][0m[0m
[0m[1maws_opensearch_domain.route53_logs: Still destroying... [id=arn:aws:es:us-east-1:404457776061:domain/y2om-route53-dns-logs, 5m40s elapsed][0m[0m
[0m[1maws_opensearch_domain.route53_logs: Still destroying... [id=arn:aws:es:us-east-1:404457776061:domain/y2om-route53-dns-logs, 5m50s elapsed][0m[0m
[0m[1maws_opensearch_domain.route53_logs: Still destroying... [id=arn:aws:es:us-east-1:404457776061:domain/y2om-route53-dns-logs, 6m0s elapsed][0m[0m
[0m[1maws_opensearch_domain.route53_logs: Still destroying... [id=arn:aws:es:us-east-1:404457776061:domain/y2om-route53-dns-logs, 6m10s elapsed][0m[0m
[0m[1maws_opensearch_domain.route53_logs: Still destroying... [id=arn:aws:es:us-east-1:404457776061:domain/y2om-route53-dns-logs, 6m20s elapsed][0m[0m
[0m[1maws_opensearch_domain.route53_logs: Still destroying... [id=arn:aws:es:us-east-1:404457776061:domain/y2om-route53-dns-logs, 6m30s elapsed][0m[0m
[0m[1maws_opensearch_domain.route53_logs: Still destroying... [id=arn:aws:es:us-east-1:404457776061:domain/y2om-route53-dns-logs, 6m40s elapsed][0m[0m
[0m[1maws_opensearch_domain.route53_logs: Still destroying... [id=arn:aws:es:us-east-1:404457776061:domain/y2om-route53-dns-logs, 6m50s elapsed][0m[0m
[0m[1maws_opensearch_domain.route53_logs: Still destroying... [id=arn:aws:es:us-east-1:404457776061:domain/y2om-route53-dns-logs, 7m0s elapsed][0m[0m
[0m[1maws_opensearch_domain.route53_logs: Still destroying... [id=arn:aws:es:us-east-1:404457776061:domain/y2om-route53-dns-logs, 7m10s elapsed][0m[0m
[0m[1maws_opensearch_domain.route53_logs: Still destroying... [id=arn:aws:es:us-east-1:404457776061:domain/y2om-route53-dns-logs, 7m20s elapsed][0m[0m
[0m[1maws_opensearch_domain.route53_logs: Still destroying... [id=arn:aws:es:us-east-1:404457776061:domain/y2om-route53-dns-logs, 7m30s elapsed][0m[0m
[0m[1maws_opensearch_domain.route53_logs: Still destroying... [id=arn:aws:es:us-east-1:404457776061:domain/y2om-route53-dns-logs, 7m40s elapsed][0m[0m
[0m[1maws_opensearch_domain.route53_logs: Still destroying... [id=arn:aws:es:us-east-1:404457776061:domain/y2om-route53-dns-logs, 7m50s elapsed][0m[0m
[0m[1maws_opensearch_domain.route53_logs: Still destroying... [id=arn:aws:es:us-east-1:404457776061:domain/y2om-route53-dns-logs, 8m0s elapsed][0m[0m
[0m[1maws_opensearch_domain.route53_logs: Still destroying... [id=arn:aws:es:us-east-1:404457776061:domain/y2om-route53-dns-logs, 8m10s elapsed][0m[0m
[0m[1maws_opensearch_domain.route53_logs: Still destroying... [id=arn:aws:es:us-east-1:404457776061:domain/y2om-route53-dns-logs, 8m20s elapsed][0m[0m
[0m[1maws_opensearch_domain.route53_logs: Still destroying... [id=arn:aws:es:us-east-1:404457776061:domain/y2om-route53-dns-logs, 8m30s elapsed][0m[0m
[0m[1maws_opensearch_domain.route53_logs: Still destroying... [id=arn:aws:es:us-east-1:404457776061:domain/y2om-route53-dns-logs, 8m40s elapsed][0m[0m
[0m[1maws_opensearch_domain.route53_logs: Still destroying... [id=arn:aws:es:us-east-1:404457776061:domain/y2om-route53-dns-logs, 8m50s elapsed][0m[0m
[0m[1maws_opensearch_domain.route53_logs: Still destroying... [id=arn:aws:es:us-east-1:404457776061:domain/y2om-route53-dns-logs, 9m0s elapsed][0m[0m
[0m[1maws_opensearch_domain.route53_logs: Still destroying... [id=arn:aws:es:us-east-1:404457776061:domain/y2om-route53-dns-logs, 9m10s elapsed][0m[0m
[0m[1maws_opensearch_domain.route53_logs: Still destroying... [id=arn:aws:es:us-east-1:404457776061:domain/y2om-route53-dns-logs, 9m20s elapsed][0m[0m
[0m[1maws_opensearch_domain.route53_logs: Still destroying... [id=arn:aws:es:us-east-1:404457776061:domain/y2om-route53-dns-logs, 9m30s elapsed][0m[0m
[0m[1maws_opensearch_domain.route53_logs: Still destroying... [id=arn:aws:es:us-east-1:404457776061:domain/y2om-route53-dns-logs, 9m40s elapsed][0m[0m
[0m[1maws_opensearch_domain.route53_logs: Still destroying... [id=arn:aws:es:us-east-1:404457776061:domain/y2om-route53-dns-logs, 9m50s elapsed][0m[0m
[0m[1maws_opensearch_domain.route53_logs: Still destroying... [id=arn:aws:es:us-east-1:404457776061:domain/y2om-route53-dns-logs, 10m0s elapsed][0m[0m
[0m[1maws_opensearch_domain.route53_logs: Still destroying... [id=arn:aws:es:us-east-1:404457776061:domain/y2om-route53-dns-logs, 10m10s elapsed][0m[0m
[0m[1maws_opensearch_domain.route53_logs: Still destroying... [id=arn:aws:es:us-east-1:404457776061:domain/y2om-route53-dns-logs, 10m20s elapsed][0m[0m
[0m[1maws_opensearch_domain.route53_logs: Still destroying... [id=arn:aws:es:us-east-1:404457776061:domain/y2om-route53-dns-logs, 10m30s elapsed][0m[0m
[0m[1maws_opensearch_domain.route53_logs: Still destroying... [id=arn:aws:es:us-east-1:404457776061:domain/y2om-route53-dns-logs, 10m40s elapsed][0m[0m
[0m[1maws_opensearch_domain.route53_logs: Still destroying... [id=arn:aws:es:us-east-1:404457776061:domain/y2om-route53-dns-logs, 10m50s elapsed][0m[0m
[0m[1maws_opensearch_domain.route53_logs: Still destroying... [id=arn:aws:es:us-east-1:404457776061:domain/y2om-route53-dns-logs, 11m0s elapsed][0m[0m
[0m[1maws_opensearch_domain.route53_logs: Still destroying... [id=arn:aws:es:us-east-1:404457776061:domain/y2om-route53-dns-logs, 11m10s elapsed][0m[0m
