[0m[1mmodule.eks.module.cluster_autoscaler_irsa_oregon.data.aws_caller_identity.current: Reading...[0m[0m
[0m[1mmodule.eks.module.cluster_autoscaler_irsa_seoul.data.aws_caller_identity.current: Reading...[0m[0m
[0m[1mmodule.eks.module.cluster_autoscaler_irsa_oregon.data.aws_region.current: Reading...[0m[0m
[0m[1mmodule.eks.module.cluster_autoscaler_irsa_seoul.data.aws_region.current: Reading...[0m[0m
[0m[1mmodule.database.data.aws_iam_policy_document.rds_proxy_assume_role: Reading...[0m[0m
[0m[1mmodule.eks.module.cluster_autoscaler_irsa_seoul.data.aws_partition.current: Reading...[0m[0m
[0m[1mmodule.eks.module.cluster_autoscaler_irsa_oregon.data.aws_partition.current: Reading...[0m[0m
[0m[1mmodule.eks.module.cluster_autoscaler_irsa_oregon.data.aws_region.current: Read complete after 0s [id=ap-northeast-2][0m
[0m[1mmodule.eks.module.cluster_autoscaler_irsa_oregon.data.aws_partition.current: Read complete after 0s [id=aws][0m
[0m[1mmodule.eks.module.cluster_autoscaler_irsa_seoul.data.aws_region.current: Read complete after 0s [id=ap-northeast-2][0m
[0m[1mmodule.eks.module.cluster_autoscaler_irsa_seoul.data.aws_partition.current: Read complete after 0s [id=aws][0m
[0m[1mmodule.database.data.aws_iam_policy_document.rds_proxy_assume_role: Read complete after 0s [id=2562693050][0m
[0m[1mmodule.eks.module.eks_seoul.module.eks_managed_node_group["standard-worker"].data.aws_partition.current: Reading...[0m[0m
[0m[1mmodule.eks.module.eks_seoul.module.kms.data.aws_partition.current[0]: Reading...[0m[0m
[0m[1mmodule.eks.module.eks_seoul.module.eks_managed_node_group["standard-worker"].data.aws_partition.current: Read complete after 0s [id=aws][0m
[0m[1mmodule.eks.module.eks_seoul.module.kms.data.aws_partition.current[0]: Read complete after 0s [id=aws][0m
[0m[1mmodule.eks.module.eks_seoul.module.eks_managed_node_group["standard-worker"].data.aws_iam_policy_document.assume_role_policy[0]: Reading...[0m[0m
[0m[1mmodule.eks.module.eks_seoul.data.aws_caller_identity.current[0]: Reading...[0m[0m
[0m[1mmodule.eks.module.eks_seoul.module.eks_managed_node_group["standard-worker"].data.aws_iam_policy_document.assume_role_policy[0]: Read complete after 0s [id=2560088296][0m
[0m[1mmodule.eks.module.eks_seoul.data.aws_partition.current[0]: Reading...[0m[0m
[0m[1mmodule.eks.module.eks_seoul.module.eks_managed_node_group["standard-worker"].data.aws_caller_identity.current: Reading...[0m[0m
[0m[1mmodule.eks.module.eks_seoul.data.aws_partition.current[0]: Read complete after 0s [id=aws][0m
[0m[1mmodule.database.data.aws_secretsmanager_secret.kor_db: Reading...[0m[0m
[0m[1mmodule.network.module.kor_vpc.data.aws_ami.amazon_linux: Reading...[0m[0m
[0m[1mmodule.eks.module.eks_seoul.module.kms.data.aws_caller_identity.current[0]: Reading...[0m[0m
[0m[1mmodule.ecr.data.aws_caller_identity.current: Reading...[0m[0m
[0m[1mmodule.eks.module.cluster_autoscaler_irsa_oregon.data.aws_caller_identity.current: Read complete after 0s [id=404457776061][0m
[0m[1mmodule.eks.module.cluster_autoscaler_irsa_seoul.data.aws_caller_identity.current: Read complete after 0s [id=404457776061][0m
[0m[1mmodule.eks.module.eks_seoul.data.aws_iam_policy_document.assume_role_policy[0]: Reading...[0m[0m
[0m[1mmodule.eks.module.eks_seoul.data.aws_iam_policy_document.assume_role_policy[0]: Read complete after 0s [id=2830595799][0m
[0m[1mmodule.eks.module.eks_seoul.data.aws_caller_identity.current[0]: Read complete after 0s [id=404457776061][0m
[0m[1mmodule.eks.module.eks_seoul.module.eks_managed_node_group["standard-worker"].data.aws_caller_identity.current: Read complete after 0s [id=404457776061][0m
[0m[1mmodule.eks.module.eks_seoul.module.kms.data.aws_caller_identity.current[0]: Read complete after 0s [id=404457776061][0m
[0m[1mmodule.eks.module.eks_seoul.data.aws_iam_session_context.current[0]: Reading...[0m[0m
[0m[1mmodule.eks.module.eks_seoul.data.aws_iam_session_context.current[0]: Read complete after 0s [id=arn:aws:iam::404457776061:user/Yeom_Seongsik][0m
[0m[1mmodule.eks.module.eks_seoul.data.aws_iam_policy_document.custom[0]: Reading...[0m[0m
[0m[1mmodule.eks.module.eks_seoul.data.aws_iam_policy_document.custom[0]: Read complete after 0s [id=513122117][0m
[0m[1mmodule.database.data.aws_secretsmanager_secret.kor_db: Read complete after 0s [id=arn:aws:secretsmanager:ap-northeast-2:404457776061:secret:formation-lap/db/dev/credentials-4rct3d][0m
[0m[1mmodule.ecr.data.aws_caller_identity.current: Read complete after 0s [id=404457776061][0m
[0m[1mmodule.database.data.aws_secretsmanager_secret_version.kor_db: Reading...[0m[0m
[0m[1mmodule.database.data.aws_secretsmanager_secret_version.kor_db: Read complete after 0s [id=arn:aws:secretsmanager:ap-northeast-2:404457776061:secret:formation-lap/db/dev/credentials-4rct3d|AWSCURRENT][0m
[0m[1mmodule.eks.module.cluster_autoscaler_irsa_seoul.data.aws_iam_policy_document.cluster_autoscaler[0]: Reading...[0m[0m
[0m[1mmodule.eks.module.cluster_autoscaler_irsa_seoul.data.aws_iam_policy_document.cluster_autoscaler[0]: Read complete after 0s [id=3754662964][0m
[0m[1mmodule.network.module.kor_vpc.data.aws_ami.amazon_linux: Read complete after 0s [id=ami-094ae5292d8e74679][0m
[0m[1mmodule.eks.module.eks_oregon.data.aws_caller_identity.current[0]: Reading...[0m[0m
[0m[1mmodule.eks.module.eks_oregon.module.eks_managed_node_group["standard-worker"].data.aws_iam_policy_document.assume_role_policy[0]: Reading...[0m[0m
[0m[1mmodule.database.data.aws_secretsmanager_secret.usa_db: Reading...[0m[0m
[0m[1mmodule.eks.module.eks_oregon.module.eks_managed_node_group["standard-worker"].data.aws_iam_policy_document.assume_role_policy[0]: Read complete after 0s [id=2560088296][0m
[0m[1mmodule.network.module.usa_vpc.data.aws_ami.amazon_linux: Reading...[0m[0m
[0m[1mmodule.eks.module.eks_oregon.module.kms.data.aws_partition.current[0]: Reading...[0m[0m
[0m[1mmodule.eks.module.eks_oregon.module.kms.data.aws_partition.current[0]: Read complete after 0s [id=aws][0m
[0m[1mmodule.eks.module.eks_oregon.module.eks_managed_node_group["standard-worker"].data.aws_caller_identity.current: Reading...[0m[0m
[0m[1mmodule.eks.module.eks_oregon.module.eks_managed_node_group["standard-worker"].data.aws_partition.current: Reading...[0m[0m
[0m[1mmodule.eks.module.eks_oregon.module.kms.data.aws_caller_identity.current[0]: Reading...[0m[0m
[0m[1mmodule.eks.module.eks_oregon.module.eks_managed_node_group["standard-worker"].data.aws_partition.current: Read complete after 0s [id=aws][0m
[0m[1mmodule.eks.module.eks_oregon.data.aws_partition.current[0]: Reading...[0m[0m
[0m[1mmodule.eks.module.eks_oregon.data.aws_partition.current[0]: Read complete after 0s [id=aws][0m
[0m[1mmodule.eks.module.eks_oregon.data.aws_iam_policy_document.assume_role_policy[0]: Reading...[0m[0m
[0m[1mmodule.eks.module.eks_oregon.data.aws_iam_policy_document.assume_role_policy[0]: Read complete after 0s [id=2830595799][0m
[0m[1mmodule.eks.module.eks_oregon.data.aws_iam_policy_document.custom[0]: Reading...[0m[0m
[0m[1mmodule.eks.module.eks_oregon.data.aws_iam_policy_document.custom[0]: Read complete after 0s [id=513122117][0m
[0m[1mmodule.eks.module.eks_oregon.data.aws_caller_identity.current[0]: Read complete after 0s [id=404457776061][0m
[0m[1mmodule.eks.module.eks_oregon.data.aws_iam_session_context.current[0]: Reading...[0m[0m
[0m[1mmodule.eks.module.eks_oregon.data.aws_iam_session_context.current[0]: Read complete after 0s [id=arn:aws:iam::404457776061:user/Yeom_Seongsik][0m
[0m[1mmodule.eks.module.eks_oregon.module.eks_managed_node_group["standard-worker"].data.aws_caller_identity.current: Read complete after 0s [id=404457776061][0m
[0m[1mmodule.eks.module.eks_oregon.module.kms.data.aws_caller_identity.current[0]: Read complete after 1s [id=404457776061][0m
[0m[1mmodule.database.data.aws_secretsmanager_secret.usa_db: Read complete after 1s [id=arn:aws:secretsmanager:us-west-2:404457776061:secret:formation-lap/db/dev/credentials-wcqjhT][0m
[0m[1mmodule.database.data.aws_secretsmanager_secret_version.usa_db: Reading...[0m[0m
[0m[1mmodule.eks.module.cluster_autoscaler_irsa_oregon.data.aws_iam_policy_document.cluster_autoscaler[0]: Reading...[0m[0m
[0m[1mmodule.eks.module.cluster_autoscaler_irsa_oregon.data.aws_iam_policy_document.cluster_autoscaler[0]: Read complete after 0s [id=1867348482][0m
[0m[1mmodule.database.data.aws_secretsmanager_secret_version.usa_db: Read complete after 0s [id=arn:aws:secretsmanager:us-west-2:404457776061:secret:formation-lap/db/dev/credentials-wcqjhT|AWSCURRENT][0m
[0m[1mmodule.network.module.usa_vpc.data.aws_ami.amazon_linux: Read complete after 1s [id=ami-0688bf0f4fb02a07b][0m

Terraform used the selected providers to generate the following execution
plan. Resource actions are indicated with the following symbols:
  [32m+[0m create[0m
 [36m<=[0m read (data resources)[0m

Terraform will perform the following actions:

[1m  # module.acm.aws_acm_certificate.a_www[0m will be created
[0m  [32m+[0m[0m resource "aws_acm_certificate" "a_www" {
      [32m+[0m[0m arn                       = (known after apply)
      [32m+[0m[0m domain_name               = "www.matchacake.click"
      [32m+[0m[0m domain_validation_options = [
          [32m+[0m[0m {
              [32m+[0m[0m domain_name           = "www.matchacake.click"
              [32m+[0m[0m resource_record_name  = (known after apply)
              [32m+[0m[0m resource_record_type  = (known after apply)
              [32m+[0m[0m resource_record_value = (known after apply)
            },
        ]
      [32m+[0m[0m id                        = (known after apply)
      [32m+[0m[0m key_algorithm             = (known after apply)
      [32m+[0m[0m not_after                 = (known after apply)
      [32m+[0m[0m not_before                = (known after apply)
      [32m+[0m[0m pending_renewal           = (known after apply)
      [32m+[0m[0m renewal_eligibility       = (known after apply)
      [32m+[0m[0m renewal_summary           = (known after apply)
      [32m+[0m[0m status                    = (known after apply)
      [32m+[0m[0m subject_alternative_names = [
          [32m+[0m[0m "www.matchacake.click",
        ]
      [32m+[0m[0m tags_all                  = (known after apply)
      [32m+[0m[0m type                      = (known after apply)
      [32m+[0m[0m validation_emails         = (known after apply)
      [32m+[0m[0m validation_method         = "DNS"
    }

[1m  # module.acm.aws_acm_certificate.cname_api_oregon[0m will be created
[0m  [32m+[0m[0m resource "aws_acm_certificate" "cname_api_oregon" {
      [32m+[0m[0m arn                       = (known after apply)
      [32m+[0m[0m domain_name               = "api.matchacake.click"
      [32m+[0m[0m domain_validation_options = [
          [32m+[0m[0m {
              [32m+[0m[0m domain_name           = "api.matchacake.click"
              [32m+[0m[0m resource_record_name  = (known after apply)
              [32m+[0m[0m resource_record_type  = (known after apply)
              [32m+[0m[0m resource_record_value = (known after apply)
            },
        ]
      [32m+[0m[0m id                        = (known after apply)
      [32m+[0m[0m key_algorithm             = (known after apply)
      [32m+[0m[0m not_after                 = (known after apply)
      [32m+[0m[0m not_before                = (known after apply)
      [32m+[0m[0m pending_renewal           = (known after apply)
      [32m+[0m[0m renewal_eligibility       = (known after apply)
      [32m+[0m[0m renewal_summary           = (known after apply)
      [32m+[0m[0m status                    = (known after apply)
      [32m+[0m[0m subject_alternative_names = [
          [32m+[0m[0m "api.matchacake.click",
        ]
      [32m+[0m[0m tags_all                  = (known after apply)
      [32m+[0m[0m type                      = (known after apply)
      [32m+[0m[0m validation_emails         = (known after apply)
      [32m+[0m[0m validation_method         = "DNS"
    }

[1m  # module.acm.aws_acm_certificate.cname_api_seoul[0m will be created
[0m  [32m+[0m[0m resource "aws_acm_certificate" "cname_api_seoul" {
      [32m+[0m[0m arn                       = (known after apply)
      [32m+[0m[0m domain_name               = "api.matchacake.click"
      [32m+[0m[0m domain_validation_options = [
          [32m+[0m[0m {
              [32m+[0m[0m domain_name           = "api.matchacake.click"
              [32m+[0m[0m resource_record_name  = (known after apply)
              [32m+[0m[0m resource_record_type  = (known after apply)
              [32m+[0m[0m resource_record_value = (known after apply)
            },
        ]
      [32m+[0m[0m id                        = (known after apply)
      [32m+[0m[0m key_algorithm             = (known after apply)
      [32m+[0m[0m not_after                 = (known after apply)
      [32m+[0m[0m not_before                = (known after apply)
      [32m+[0m[0m pending_renewal           = (known after apply)
      [32m+[0m[0m renewal_eligibility       = (known after apply)
      [32m+[0m[0m renewal_summary           = (known after apply)
      [32m+[0m[0m status                    = (known after apply)
      [32m+[0m[0m subject_alternative_names = [
          [32m+[0m[0m "api.matchacake.click",
        ]
      [32m+[0m[0m tags_all                  = (known after apply)
      [32m+[0m[0m type                      = (known after apply)
      [32m+[0m[0m validation_emails         = (known after apply)
      [32m+[0m[0m validation_method         = "DNS"
    }

[1m  # module.addons.aws_iam_policy.alb_controller[0m will be created
[0m  [32m+[0m[0m resource "aws_iam_policy" "alb_controller" {
      [32m+[0m[0m arn              = (known after apply)
      [32m+[0m[0m attachment_count = (known after apply)
      [32m+[0m[0m id               = (known after apply)
      [32m+[0m[0m name             = "y2om-AWSLoadBalancerControllerIAMPolicy"
      [32m+[0m[0m name_prefix      = (known after apply)
      [32m+[0m[0m path             = "/"
      [32m+[0m[0m policy           = jsonencode(
            {
              [32m+[0m[0m Statement = [
                  [32m+[0m[0m {
                      [32m+[0m[0m Action    = [
                          [32m+[0m[0m "iam:CreateServiceLinkedRole",
                        ]
                      [32m+[0m[0m Condition = {
                          [32m+[0m[0m StringEquals = {
                              [32m+[0m[0m "iam:AWSServiceName" = "elasticloadbalancing.amazonaws.com"
                            }
                        }
                      [32m+[0m[0m Effect    = "Allow"
                      [32m+[0m[0m Resource  = "*"
                    },
                  [32m+[0m[0m {
                      [32m+[0m[0m Action   = [
                          [32m+[0m[0m "ec2:DescribeAccountAttributes",
                          [32m+[0m[0m "ec2:DescribeAddresses",
                          [32m+[0m[0m "ec2:DescribeAvailabilityZones",
                          [32m+[0m[0m "ec2:DescribeInternetGateways",
                          [32m+[0m[0m "ec2:DescribeVpcs",
                          [32m+[0m[0m "ec2:DescribeVpcPeeringConnections",
                          [32m+[0m[0m "ec2:DescribeSubnets",
                          [32m+[0m[0m "ec2:DescribeSecurityGroups",
                          [32m+[0m[0m "ec2:DescribeInstances",
                          [32m+[0m[0m "ec2:DescribeNetworkInterfaces",
                          [32m+[0m[0m "ec2:DescribeTags",
                          [32m+[0m[0m "ec2:GetCoipPoolUsage",
                          [32m+[0m[0m "ec2:DescribeCoipPools",
                          [32m+[0m[0m "ec2:GetSecurityGroupsForVpc",
                          [32m+[0m[0m "ec2:DescribeIpamPools",
                          [32m+[0m[0m "ec2:DescribeRouteTables",
                          [32m+[0m[0m "elasticloadbalancing:DescribeLoadBalancers",
                          [32m+[0m[0m "elasticloadbalancing:DescribeLoadBalancerAttributes",
                          [32m+[0m[0m "elasticloadbalancing:DescribeListeners",
                          [32m+[0m[0m "elasticloadbalancing:DescribeListenerCertificates",
                          [32m+[0m[0m "elasticloadbalancing:DescribeSSLPolicies",
                          [32m+[0m[0m "elasticloadbalancing:DescribeRules",
                          [32m+[0m[0m "elasticloadbalancing:DescribeTargetGroups",
                          [32m+[0m[0m "elasticloadbalancing:DescribeTargetGroupAttributes",
                          [32m+[0m[0m "elasticloadbalancing:DescribeTargetHealth",
                          [32m+[0m[0m "elasticloadbalancing:DescribeTags",
                          [32m+[0m[0m "elasticloadbalancing:DescribeTrustStores",
                          [32m+[0m[0m "elasticloadbalancing:DescribeListenerAttributes",
                          [32m+[0m[0m "elasticloadbalancing:DescribeCapacityReservation",
                        ]
                      [32m+[0m[0m Effect   = "Allow"
                      [32m+[0m[0m Resource = "*"
                    },
                  [32m+[0m[0m {
                      [32m+[0m[0m Action   = [
                          [32m+[0m[0m "cognito-idp:DescribeUserPoolClient",
                          [32m+[0m[0m "acm:ListCertificates",
                          [32m+[0m[0m "acm:DescribeCertificate",
                          [32m+[0m[0m "iam:ListServerCertificates",
                          [32m+[0m[0m "iam:GetServerCertificate",
                          [32m+[0m[0m "waf-regional:GetWebACL",
                          [32m+[0m[0m "waf-regional:GetWebACLForResource",
                          [32m+[0m[0m "waf-regional:AssociateWebACL",
                          [32m+[0m[0m "waf-regional:DisassociateWebACL",
                          [32m+[0m[0m "wafv2:GetWebACL",
                          [32m+[0m[0m "wafv2:GetWebACLForResource",
                          [32m+[0m[0m "wafv2:AssociateWebACL",
                          [32m+[0m[0m "wafv2:DisassociateWebACL",
                          [32m+[0m[0m "shield:GetSubscriptionState",
                          [32m+[0m[0m "shield:DescribeProtection",
                          [32m+[0m[0m "shield:CreateProtection",
                          [32m+[0m[0m "shield:DeleteProtection",
                        ]
                      [32m+[0m[0m Effect   = "Allow"
                      [32m+[0m[0m Resource = "*"
                    },
                  [32m+[0m[0m {
                      [32m+[0m[0m Action   = [
                          [32m+[0m[0m "ec2:AuthorizeSecurityGroupIngress",
                          [32m+[0m[0m "ec2:RevokeSecurityGroupIngress",
                        ]
                      [32m+[0m[0m Effect   = "Allow"
                      [32m+[0m[0m Resource = "*"
                    },
                  [32m+[0m[0m {
                      [32m+[0m[0m Action   = [
                          [32m+[0m[0m "ec2:CreateSecurityGroup",
                        ]
                      [32m+[0m[0m Effect   = "Allow"
                      [32m+[0m[0m Resource = "*"
                    },
                  [32m+[0m[0m {
                      [32m+[0m[0m Action    = [
                          [32m+[0m[0m "ec2:CreateTags",
                        ]
                      [32m+[0m[0m Condition = {
                          [32m+[0m[0m Null         = {
                              [32m+[0m[0m "aws:RequestTag/elbv2.k8s.aws/cluster" = "false"
                            }
                          [32m+[0m[0m StringEquals = {
                              [32m+[0m[0m "ec2:CreateAction" = "CreateSecurityGroup"
                            }
                        }
                      [32m+[0m[0m Effect    = "Allow"
                      [32m+[0m[0m Resource  = "arn:aws:ec2:*:*:security-group/*"
                    },
                  [32m+[0m[0m {
                      [32m+[0m[0m Action    = [
                          [32m+[0m[0m "ec2:CreateTags",
                          [32m+[0m[0m "ec2:DeleteTags",
                        ]
                      [32m+[0m[0m Condition = {
                          [32m+[0m[0m Null = {
                              [32m+[0m[0m "aws:RequestTag/elbv2.k8s.aws/cluster"  = "true"
                              [32m+[0m[0m "aws:ResourceTag/elbv2.k8s.aws/cluster" = "false"
                            }
                        }
                      [32m+[0m[0m Effect    = "Allow"
                      [32m+[0m[0m Resource  = "arn:aws:ec2:*:*:security-group/*"
                    },
                  [32m+[0m[0m {
                      [32m+[0m[0m Action    = [
                          [32m+[0m[0m "ec2:AuthorizeSecurityGroupIngress",
                          [32m+[0m[0m "ec2:RevokeSecurityGroupIngress",
                          [32m+[0m[0m "ec2:DeleteSecurityGroup",
                        ]
                      [32m+[0m[0m Condition = {
                          [32m+[0m[0m Null = {
                              [32m+[0m[0m "aws:ResourceTag/elbv2.k8s.aws/cluster" = "false"
                            }
                        }
                      [32m+[0m[0m Effect    = "Allow"
                      [32m+[0m[0m Resource  = "*"
                    },
                  [32m+[0m[0m {
                      [32m+[0m[0m Action    = [
                          [32m+[0m[0m "elasticloadbalancing:CreateLoadBalancer",
                          [32m+[0m[0m "elasticloadbalancing:CreateTargetGroup",
                        ]
                      [32m+[0m[0m Condition = {
                          [32m+[0m[0m Null = {
                              [32m+[0m[0m "aws:RequestTag/elbv2.k8s.aws/cluster" = "false"
                            }
                        }
                      [32m+[0m[0m Effect    = "Allow"
                      [32m+[0m[0m Resource  = "*"
                    },
                  [32m+[0m[0m {
                      [32m+[0m[0m Action   = [
                          [32m+[0m[0m "elasticloadbalancing:CreateListener",
                          [32m+[0m[0m "elasticloadbalancing:DeleteListener",
                          [32m+[0m[0m "elasticloadbalancing:CreateRule",
                          [32m+[0m[0m "elasticloadbalancing:DeleteRule",
                        ]
                      [32m+[0m[0m Effect   = "Allow"
                      [32m+[0m[0m Resource = "*"
                    },
                  [32m+[0m[0m {
                      [32m+[0m[0m Action    = [
                          [32m+[0m[0m "elasticloadbalancing:AddTags",
                          [32m+[0m[0m "elasticloadbalancing:RemoveTags",
                        ]
                      [32m+[0m[0m Condition = {
                          [32m+[0m[0m Null = {
                              [32m+[0m[0m "aws:RequestTag/elbv2.k8s.aws/cluster"  = "true"
                              [32m+[0m[0m "aws:ResourceTag/elbv2.k8s.aws/cluster" = "false"
                            }
                        }
                      [32m+[0m[0m Effect    = "Allow"
                      [32m+[0m[0m Resource  = [
                          [32m+[0m[0m "arn:aws:elasticloadbalancing:*:*:targetgroup/*/*",
                          [32m+[0m[0m "arn:aws:elasticloadbalancing:*:*:loadbalancer/net/*/*",
                          [32m+[0m[0m "arn:aws:elasticloadbalancing:*:*:loadbalancer/app/*/*",
                        ]
                    },
                  [32m+[0m[0m {
                      [32m+[0m[0m Action   = [
                          [32m+[0m[0m "elasticloadbalancing:AddTags",
                          [32m+[0m[0m "elasticloadbalancing:RemoveTags",
                        ]
                      [32m+[0m[0m Effect   = "Allow"
                      [32m+[0m[0m Resource = [
                          [32m+[0m[0m "arn:aws:elasticloadbalancing:*:*:listener/net/*/*/*",
                          [32m+[0m[0m "arn:aws:elasticloadbalancing:*:*:listener/app/*/*/*",
                          [32m+[0m[0m "arn:aws:elasticloadbalancing:*:*:listener-rule/net/*/*/*",
                          [32m+[0m[0m "arn:aws:elasticloadbalancing:*:*:listener-rule/app/*/*/*",
                        ]
                    },
                  [32m+[0m[0m {
                      [32m+[0m[0m Action    = [
                          [32m+[0m[0m "elasticloadbalancing:ModifyLoadBalancerAttributes",
                          [32m+[0m[0m "elasticloadbalancing:SetIpAddressType",
                          [32m+[0m[0m "elasticloadbalancing:SetSecurityGroups",
                          [32m+[0m[0m "elasticloadbalancing:SetSubnets",
                          [32m+[0m[0m "elasticloadbalancing:DeleteLoadBalancer",
                          [32m+[0m[0m "elasticloadbalancing:ModifyTargetGroup",
                          [32m+[0m[0m "elasticloadbalancing:ModifyTargetGroupAttributes",
                          [32m+[0m[0m "elasticloadbalancing:DeleteTargetGroup",
                          [32m+[0m[0m "elasticloadbalancing:ModifyListenerAttributes",
                          [32m+[0m[0m "elasticloadbalancing:ModifyCapacityReservation",
                          [32m+[0m[0m "elasticloadbalancing:ModifyIpPools",
                        ]
                      [32m+[0m[0m Condition = {
                          [32m+[0m[0m Null = {
                              [32m+[0m[0m "aws:ResourceTag/elbv2.k8s.aws/cluster" = "false"
                            }
                        }
                      [32m+[0m[0m Effect    = "Allow"
                      [32m+[0m[0m Resource  = "*"
                    },
                  [32m+[0m[0m {
                      [32m+[0m[0m Action    = [
                          [32m+[0m[0m "elasticloadbalancing:AddTags",
                        ]
                      [32m+[0m[0m Condition = {
                          [32m+[0m[0m Null         = {
                              [32m+[0m[0m "aws:RequestTag/elbv2.k8s.aws/cluster" = "false"
                            }
                          [32m+[0m[0m StringEquals = {
                              [32m+[0m[0m "elasticloadbalancing:CreateAction" = [
                                  [32m+[0m[0m "CreateTargetGroup",
                                  [32m+[0m[0m "CreateLoadBalancer",
                                ]
                            }
                        }
                      [32m+[0m[0m Effect    = "Allow"
                      [32m+[0m[0m Resource  = [
                          [32m+[0m[0m "arn:aws:elasticloadbalancing:*:*:targetgroup/*/*",
                          [32m+[0m[0m "arn:aws:elasticloadbalancing:*:*:loadbalancer/net/*/*",
                          [32m+[0m[0m "arn:aws:elasticloadbalancing:*:*:loadbalancer/app/*/*",
                        ]
                    },
                  [32m+[0m[0m {
                      [32m+[0m[0m Action   = [
                          [32m+[0m[0m "elasticloadbalancing:RegisterTargets",
                          [32m+[0m[0m "elasticloadbalancing:DeregisterTargets",
                        ]
                      [32m+[0m[0m Effect   = "Allow"
                      [32m+[0m[0m Resource = "arn:aws:elasticloadbalancing:*:*:targetgroup/*/*"
                    },
                  [32m+[0m[0m {
                      [32m+[0m[0m Action   = [
                          [32m+[0m[0m "elasticloadbalancing:SetWebAcl",
                          [32m+[0m[0m "elasticloadbalancing:ModifyListener",
                          [32m+[0m[0m "elasticloadbalancing:AddListenerCertificates",
                          [32m+[0m[0m "elasticloadbalancing:RemoveListenerCertificates",
                          [32m+[0m[0m "elasticloadbalancing:ModifyRule",
                          [32m+[0m[0m "elasticloadbalancing:SetRulePriorities",
                        ]
                      [32m+[0m[0m Effect   = "Allow"
                      [32m+[0m[0m Resource = "*"
                    },
                ]
              [32m+[0m[0m Version   = "2012-10-17"
            }
        )
      [32m+[0m[0m policy_id        = (known after apply)
      [32m+[0m[0m tags_all         = (known after apply)
    }

[1m  # module.addons.helm_release.aws_load_balancer_controller[0m will be created
[0m  [32m+[0m[0m resource "helm_release" "aws_load_balancer_controller" {
      [32m+[0m[0m atomic                     = false
      [32m+[0m[0m chart                      = "aws-load-balancer-controller"
      [32m+[0m[0m cleanup_on_fail            = false
      [32m+[0m[0m create_namespace           = false
      [32m+[0m[0m dependency_update          = false
      [32m+[0m[0m disable_crd_hooks          = false
      [32m+[0m[0m disable_openapi_validation = false
      [32m+[0m[0m disable_webhooks           = false
      [32m+[0m[0m force_update               = false
      [32m+[0m[0m id                         = (known after apply)
      [32m+[0m[0m lint                       = false
      [32m+[0m[0m manifest                   = (known after apply)
      [32m+[0m[0m max_history                = 0
      [32m+[0m[0m metadata                   = (known after apply)
      [32m+[0m[0m name                       = "aws-load-balancer-controller"
      [32m+[0m[0m namespace                  = "kube-system"
      [32m+[0m[0m pass_credentials           = false
      [32m+[0m[0m recreate_pods              = false
      [32m+[0m[0m render_subchart_notes      = true
      [32m+[0m[0m replace                    = false
      [32m+[0m[0m repository                 = "https://aws.github.io/eks-charts"
      [32m+[0m[0m reset_values               = false
      [32m+[0m[0m reuse_values               = false
      [32m+[0m[0m skip_crds                  = false
      [32m+[0m[0m status                     = "deployed"
      [32m+[0m[0m timeout                    = 600
      [32m+[0m[0m verify                     = false
      [32m+[0m[0m version                    = "1.17.1"
      [32m+[0m[0m wait                       = true
      [32m+[0m[0m wait_for_jobs              = false

      [32m+[0m[0m set {
          [32m+[0m[0m name  = "clusterName"
          [32m+[0m[0m value = "y2om-formation-lap-seoul"
        }
      [32m+[0m[0m set {
          [32m+[0m[0m name  = "region"
          [32m+[0m[0m value = "ap-northeast-2"
        }
      [32m+[0m[0m set {
          [32m+[0m[0m name  = "serviceAccount.create"
          [32m+[0m[0m value = "false"
        }
      [32m+[0m[0m set {
          [32m+[0m[0m name  = "serviceAccount.name"
          [32m+[0m[0m value = "aws-load-balancer-controller"
        }
      [32m+[0m[0m set {
          [32m+[0m[0m name  = "vpcId"
          [32m+[0m[0m value = (known after apply)
        }
    }

[1m  # module.addons.helm_release.aws_load_balancer_controller_oregon[0m will be created
[0m  [32m+[0m[0m resource "helm_release" "aws_load_balancer_controller_oregon" {
      [32m+[0m[0m atomic                     = false
      [32m+[0m[0m chart                      = "aws-load-balancer-controller"
      [32m+[0m[0m cleanup_on_fail            = false
      [32m+[0m[0m create_namespace           = false
      [32m+[0m[0m dependency_update          = false
      [32m+[0m[0m disable_crd_hooks          = false
      [32m+[0m[0m disable_openapi_validation = false
      [32m+[0m[0m disable_webhooks           = false
      [32m+[0m[0m force_update               = false
      [32m+[0m[0m id                         = (known after apply)
      [32m+[0m[0m lint                       = false
      [32m+[0m[0m manifest                   = (known after apply)
      [32m+[0m[0m max_history                = 0
      [32m+[0m[0m metadata                   = (known after apply)
      [32m+[0m[0m name                       = "aws-load-balancer-controller"
      [32m+[0m[0m namespace                  = "kube-system"
      [32m+[0m[0m pass_credentials           = false
      [32m+[0m[0m recreate_pods              = false
      [32m+[0m[0m render_subchart_notes      = true
      [32m+[0m[0m replace                    = false
      [32m+[0m[0m repository                 = "https://aws.github.io/eks-charts"
      [32m+[0m[0m reset_values               = false
      [32m+[0m[0m reuse_values               = false
      [32m+[0m[0m skip_crds                  = false
      [32m+[0m[0m status                     = "deployed"
      [32m+[0m[0m timeout                    = 600
      [32m+[0m[0m verify                     = false
      [32m+[0m[0m version                    = "1.17.1"
      [32m+[0m[0m wait                       = true
      [32m+[0m[0m wait_for_jobs              = false

      [32m+[0m[0m set {
          [32m+[0m[0m name  = "clusterName"
          [32m+[0m[0m value = "y2om-formation-lap-oregon"
        }
      [32m+[0m[0m set {
          [32m+[0m[0m name  = "region"
          [32m+[0m[0m value = "us-west-2"
        }
      [32m+[0m[0m set {
          [32m+[0m[0m name  = "serviceAccount.create"
          [32m+[0m[0m value = "false"
        }
      [32m+[0m[0m set {
          [32m+[0m[0m name  = "serviceAccount.name"
          [32m+[0m[0m value = "aws-load-balancer-controller"
        }
      [32m+[0m[0m set {
          [32m+[0m[0m name  = "vpcId"
          [32m+[0m[0m value = (known after apply)
        }
    }

[1m  # module.addons.kubernetes_service_account_v1.alb_controller[0m will be created
[0m  [32m+[0m[0m resource "kubernetes_service_account_v1" "alb_controller" {
      [32m+[0m[0m automount_service_account_token = true
      [32m+[0m[0m default_secret_name             = (known after apply)
      [32m+[0m[0m id                              = (known after apply)

      [32m+[0m[0m metadata {
          [32m+[0m[0m annotations      = (known after apply)
          [32m+[0m[0m generation       = (known after apply)
          [32m+[0m[0m name             = "aws-load-balancer-controller"
          [32m+[0m[0m namespace        = "kube-system"
          [32m+[0m[0m resource_version = (known after apply)
          [32m+[0m[0m uid              = (known after apply)
        }
    }

[1m  # module.addons.kubernetes_service_account_v1.alb_controller_oregon[0m will be created
[0m  [32m+[0m[0m resource "kubernetes_service_account_v1" "alb_controller_oregon" {
      [32m+[0m[0m automount_service_account_token = true
      [32m+[0m[0m default_secret_name             = (known after apply)
      [32m+[0m[0m id                              = (known after apply)

      [32m+[0m[0m metadata {
          [32m+[0m[0m annotations      = (known after apply)
          [32m+[0m[0m generation       = (known after apply)
          [32m+[0m[0m name             = "aws-load-balancer-controller"
          [32m+[0m[0m namespace        = "kube-system"
          [32m+[0m[0m resource_version = (known after apply)
          [32m+[0m[0m uid              = (known after apply)
        }
    }

[1m  # module.argocd.helm_release.argocd_oregon[0m will be created
[0m  [32m+[0m[0m resource "helm_release" "argocd_oregon" {
      [32m+[0m[0m atomic                     = false
      [32m+[0m[0m chart                      = "argo-cd"
      [32m+[0m[0m cleanup_on_fail            = false
      [32m+[0m[0m create_namespace           = true
      [32m+[0m[0m dependency_update          = false
      [32m+[0m[0m disable_crd_hooks          = false
      [32m+[0m[0m disable_openapi_validation = false
      [32m+[0m[0m disable_webhooks           = false
      [32m+[0m[0m force_update               = false
      [32m+[0m[0m id                         = (known after apply)
      [32m+[0m[0m lint                       = false
      [32m+[0m[0m manifest                   = (known after apply)
      [32m+[0m[0m max_history                = 0
      [32m+[0m[0m metadata                   = (known after apply)
      [32m+[0m[0m name                       = "argocd"
      [32m+[0m[0m namespace                  = "argocd"
      [32m+[0m[0m pass_credentials           = false
      [32m+[0m[0m recreate_pods              = false
      [32m+[0m[0m render_subchart_notes      = true
      [32m+[0m[0m replace                    = false
      [32m+[0m[0m repository                 = "https://argoproj.github.io/argo-helm"
      [32m+[0m[0m reset_values               = false
      [32m+[0m[0m reuse_values               = false
      [32m+[0m[0m skip_crds                  = false
      [32m+[0m[0m status                     = "deployed"
      [32m+[0m[0m timeout                    = 600
      [32m+[0m[0m verify                     = false
      [32m+[0m[0m version                    = "9.2.4"
      [32m+[0m[0m wait                       = true
      [32m+[0m[0m wait_for_jobs              = false

      [32m+[0m[0m set {
          [32m+[0m[0m name  = "crds.install"
          [32m+[0m[0m value = "true"
        }
      [32m+[0m[0m set {
          [32m+[0m[0m name  = "server.service.type"
          [32m+[0m[0m value = "ClusterIP"
        }
    }

[1m  # module.argocd.helm_release.argocd_seoul[0m will be created
[0m  [32m+[0m[0m resource "helm_release" "argocd_seoul" {
      [32m+[0m[0m atomic                     = false
      [32m+[0m[0m chart                      = "argo-cd"
      [32m+[0m[0m cleanup_on_fail            = false
      [32m+[0m[0m create_namespace           = true
      [32m+[0m[0m dependency_update          = false
      [32m+[0m[0m disable_crd_hooks          = false
      [32m+[0m[0m disable_openapi_validation = false
      [32m+[0m[0m disable_webhooks           = false
      [32m+[0m[0m force_update               = false
      [32m+[0m[0m id                         = (known after apply)
      [32m+[0m[0m lint                       = false
      [32m+[0m[0m manifest                   = (known after apply)
      [32m+[0m[0m max_history                = 0
      [32m+[0m[0m metadata                   = (known after apply)
      [32m+[0m[0m name                       = "argocd"
      [32m+[0m[0m namespace                  = "argocd"
      [32m+[0m[0m pass_credentials           = false
      [32m+[0m[0m recreate_pods              = false
      [32m+[0m[0m render_subchart_notes      = true
      [32m+[0m[0m replace                    = false
      [32m+[0m[0m repository                 = "https://argoproj.github.io/argo-helm"
      [32m+[0m[0m reset_values               = false
      [32m+[0m[0m reuse_values               = false
      [32m+[0m[0m skip_crds                  = false
      [32m+[0m[0m status                     = "deployed"
      [32m+[0m[0m timeout                    = 600
      [32m+[0m[0m verify                     = false
      [32m+[0m[0m version                    = "9.2.4"
      [32m+[0m[0m wait                       = true
      [32m+[0m[0m wait_for_jobs              = false

      [32m+[0m[0m set {
          [32m+[0m[0m name  = "crds.install"
          [32m+[0m[0m value = "true"
        }
      [32m+[0m[0m set {
          [32m+[0m[0m name  = "server.service.type"
          [32m+[0m[0m value = "ClusterIP"
        }
    }

[1m  # module.database.aws_db_proxy.kor[0m will be created
[0m  [32m+[0m[0m resource "aws_db_proxy" "kor" {
      [32m+[0m[0m arn                    = (known after apply)
      [32m+[0m[0m debug_logging          = false
      [32m+[0m[0m endpoint               = (known after apply)
      [32m+[0m[0m engine_family          = "MYSQL"
      [32m+[0m[0m id                     = (known after apply)
      [32m+[0m[0m idle_client_timeout    = 1800
      [32m+[0m[0m name                   = "y2om-formation-lap-kor-rds-proxy"
      [32m+[0m[0m require_tls            = false
      [32m+[0m[0m role_arn               = (known after apply)
      [32m+[0m[0m tags_all               = (known after apply)
      [32m+[0m[0m vpc_security_group_ids = (known after apply)
      [32m+[0m[0m vpc_subnet_ids         = (known after apply)

      [32m+[0m[0m auth {
          [32m+[0m[0m auth_scheme               = "SECRETS"
          [32m+[0m[0m client_password_auth_type = (known after apply)
          [32m+[0m[0m iam_auth                  = "DISABLED"
          [32m+[0m[0m secret_arn                = "arn:aws:secretsmanager:ap-northeast-2:404457776061:secret:formation-lap/db/dev/credentials-4rct3d"
        }
    }

[1m  # module.database.aws_db_proxy.usa[0m will be created
[0m  [32m+[0m[0m resource "aws_db_proxy" "usa" {
      [32m+[0m[0m arn                    = (known after apply)
      [32m+[0m[0m debug_logging          = false
      [32m+[0m[0m endpoint               = (known after apply)
      [32m+[0m[0m engine_family          = "MYSQL"
      [32m+[0m[0m id                     = (known after apply)
      [32m+[0m[0m idle_client_timeout    = 1800
      [32m+[0m[0m name                   = "y2om-formation-lap-usa-rds-proxy"
      [32m+[0m[0m require_tls            = false
      [32m+[0m[0m role_arn               = (known after apply)
      [32m+[0m[0m tags_all               = (known after apply)
      [32m+[0m[0m vpc_security_group_ids = (known after apply)
      [32m+[0m[0m vpc_subnet_ids         = (known after apply)

      [32m+[0m[0m auth {
          [32m+[0m[0m auth_scheme               = "SECRETS"
          [32m+[0m[0m client_password_auth_type = (known after apply)
          [32m+[0m[0m iam_auth                  = "DISABLED"
          [32m+[0m[0m secret_arn                = "arn:aws:secretsmanager:us-west-2:404457776061:secret:formation-lap/db/dev/credentials-wcqjhT"
        }
    }

[1m  # module.database.aws_db_proxy_default_target_group.kor[0m will be created
[0m  [32m+[0m[0m resource "aws_db_proxy_default_target_group" "kor" {
      [32m+[0m[0m arn           = (known after apply)
      [32m+[0m[0m db_proxy_name = "y2om-formation-lap-kor-rds-proxy"
      [32m+[0m[0m id            = (known after apply)
      [32m+[0m[0m name          = (known after apply)

      [32m+[0m[0m connection_pool_config {
          [32m+[0m[0m connection_borrow_timeout    = 120
          [32m+[0m[0m max_connections_percent      = 100
          [32m+[0m[0m max_idle_connections_percent = 50
        }
    }

[1m  # module.database.aws_db_proxy_default_target_group.usa[0m will be created
[0m  [32m+[0m[0m resource "aws_db_proxy_default_target_group" "usa" {
      [32m+[0m[0m arn           = (known after apply)
      [32m+[0m[0m db_proxy_name = "y2om-formation-lap-usa-rds-proxy"
      [32m+[0m[0m id            = (known after apply)
      [32m+[0m[0m name          = (known after apply)

      [32m+[0m[0m connection_pool_config {
          [32m+[0m[0m connection_borrow_timeout    = 120
          [32m+[0m[0m max_connections_percent      = 100
          [32m+[0m[0m max_idle_connections_percent = 50
        }
    }

[1m  # module.database.aws_db_proxy_target.kor_cluster[0m will be created
[0m  [32m+[0m[0m resource "aws_db_proxy_target" "kor_cluster" {
      [32m+[0m[0m db_cluster_identifier = (known after apply)
      [32m+[0m[0m db_proxy_name         = "y2om-formation-lap-kor-rds-proxy"
      [32m+[0m[0m endpoint              = (known after apply)
      [32m+[0m[0m id                    = (known after apply)
      [32m+[0m[0m port                  = (known after apply)
      [32m+[0m[0m rds_resource_id       = (known after apply)
      [32m+[0m[0m target_arn            = (known after apply)
      [32m+[0m[0m target_group_name     = (known after apply)
      [32m+[0m[0m tracked_cluster_id    = (known after apply)
      [32m+[0m[0m type                  = (known after apply)
    }

[1m  # module.database.aws_db_proxy_target.usa_cluster[0m will be created
[0m  [32m+[0m[0m resource "aws_db_proxy_target" "usa_cluster" {
      [32m+[0m[0m db_cluster_identifier = (known after apply)
      [32m+[0m[0m db_proxy_name         = "y2om-formation-lap-usa-rds-proxy"
      [32m+[0m[0m endpoint              = (known after apply)
      [32m+[0m[0m id                    = (known after apply)
      [32m+[0m[0m port                  = (known after apply)
      [32m+[0m[0m rds_resource_id       = (known after apply)
      [32m+[0m[0m target_arn            = (known after apply)
      [32m+[0m[0m target_group_name     = (known after apply)
      [32m+[0m[0m tracked_cluster_id    = (known after apply)
      [32m+[0m[0m type                  = (known after apply)
    }

[1m  # module.database.aws_db_subnet_group.kor[0m will be created
[0m  [32m+[0m[0m resource "aws_db_subnet_group" "kor" {
      [32m+[0m[0m arn                     = (known after apply)
      [32m+[0m[0m description             = "Managed by Terraform"
      [32m+[0m[0m id                      = (known after apply)
      [32m+[0m[0m name                    = "y2om-kor-db-subnet-group"
      [32m+[0m[0m name_prefix             = (known after apply)
      [32m+[0m[0m subnet_ids              = (known after apply)
      [32m+[0m[0m supported_network_types = (known after apply)
      [32m+[0m[0m tags_all                = (known after apply)
      [32m+[0m[0m vpc_id                  = (known after apply)
    }

[1m  # module.database.aws_db_subnet_group.usa[0m will be created
[0m  [32m+[0m[0m resource "aws_db_subnet_group" "usa" {
      [32m+[0m[0m arn                     = (known after apply)
      [32m+[0m[0m description             = "Managed by Terraform"
      [32m+[0m[0m id                      = (known after apply)
      [32m+[0m[0m name                    = "y2om-usa-db-subnet-group"
      [32m+[0m[0m name_prefix             = (known after apply)
      [32m+[0m[0m subnet_ids              = (known after apply)
      [32m+[0m[0m supported_network_types = (known after apply)
      [32m+[0m[0m tags_all                = (known after apply)
      [32m+[0m[0m vpc_id                  = (known after apply)
    }

[1m  # module.database.aws_iam_role.kor_rds_proxy[0m will be created
[0m  [32m+[0m[0m resource "aws_iam_role" "kor_rds_proxy" {
      [32m+[0m[0m arn                   = (known after apply)
      [32m+[0m[0m assume_role_policy    = jsonencode(
            {
              [32m+[0m[0m Statement = [
                  [32m+[0m[0m {
                      [32m+[0m[0m Action    = "sts:AssumeRole"
                      [32m+[0m[0m Effect    = "Allow"
                      [32m+[0m[0m Principal = {
                          [32m+[0m[0m Service = "rds.amazonaws.com"
                        }
                    },
                ]
              [32m+[0m[0m Version   = "2012-10-17"
            }
        )
      [32m+[0m[0m create_date           = (known after apply)
      [32m+[0m[0m force_detach_policies = false
      [32m+[0m[0m id                    = (known after apply)
      [32m+[0m[0m managed_policy_arns   = (known after apply)
      [32m+[0m[0m max_session_duration  = 3600
      [32m+[0m[0m name                  = "y2om-formation-lap-KOR-RDS-Proxy-Role"
      [32m+[0m[0m name_prefix           = (known after apply)
      [32m+[0m[0m path                  = "/"
      [32m+[0m[0m tags_all              = (known after apply)
      [32m+[0m[0m unique_id             = (known after apply)
    }

[1m  # module.database.aws_iam_role.usa_rds_proxy[0m will be created
[0m  [32m+[0m[0m resource "aws_iam_role" "usa_rds_proxy" {
      [32m+[0m[0m arn                   = (known after apply)
      [32m+[0m[0m assume_role_policy    = jsonencode(
            {
              [32m+[0m[0m Statement = [
                  [32m+[0m[0m {
                      [32m+[0m[0m Action    = "sts:AssumeRole"
                      [32m+[0m[0m Effect    = "Allow"
                      [32m+[0m[0m Principal = {
                          [32m+[0m[0m Service = "rds.amazonaws.com"
                        }
                    },
                ]
              [32m+[0m[0m Version   = "2012-10-17"
            }
        )
      [32m+[0m[0m create_date           = (known after apply)
      [32m+[0m[0m force_detach_policies = false
      [32m+[0m[0m id                    = (known after apply)
      [32m+[0m[0m managed_policy_arns   = (known after apply)
      [32m+[0m[0m max_session_duration  = 3600
      [32m+[0m[0m name                  = "y2om-formation-lap-USA-RDS-Proxy-Role"
      [32m+[0m[0m name_prefix           = (known after apply)
      [32m+[0m[0m path                  = "/"
      [32m+[0m[0m tags_all              = (known after apply)
      [32m+[0m[0m unique_id             = (known after apply)
    }

[1m  # module.database.aws_iam_role_policy.kor_rds_proxy[0m will be created
[0m  [32m+[0m[0m resource "aws_iam_role_policy" "kor_rds_proxy" {
      [32m+[0m[0m id          = (known after apply)
      [32m+[0m[0m name        = "y2om-formation-lap-KOR-RDS-Proxy-Secrets-Policy"
      [32m+[0m[0m name_prefix = (known after apply)
      [32m+[0m[0m policy      = jsonencode(
            {
              [32m+[0m[0m Statement = [
                  [32m+[0m[0m {
                      [32m+[0m[0m Action   = [
                          [32m+[0m[0m "secretsmanager:GetSecretValue",
                          [32m+[0m[0m "secretsmanager:DescribeSecret",
                        ]
                      [32m+[0m[0m Effect   = "Allow"
                      [32m+[0m[0m Resource = "arn:aws:secretsmanager:ap-northeast-2:404457776061:secret:formation-lap/db/dev/credentials-4rct3d"
                    },
                ]
              [32m+[0m[0m Version   = "2012-10-17"
            }
        )
      [32m+[0m[0m role        = (known after apply)
    }

[1m  # module.database.aws_iam_role_policy.usa_rds_proxy[0m will be created
[0m  [32m+[0m[0m resource "aws_iam_role_policy" "usa_rds_proxy" {
      [32m+[0m[0m id          = (known after apply)
      [32m+[0m[0m name        = "y2om-formation-lap-USA-RDS-Proxy-Secrets-Policy"
      [32m+[0m[0m name_prefix = (known after apply)
      [32m+[0m[0m policy      = jsonencode(
            {
              [32m+[0m[0m Statement = [
                  [32m+[0m[0m {
                      [32m+[0m[0m Action   = [
                          [32m+[0m[0m "secretsmanager:GetSecretValue",
                          [32m+[0m[0m "secretsmanager:DescribeSecret",
                        ]
                      [32m+[0m[0m Effect   = "Allow"
                      [32m+[0m[0m Resource = "arn:aws:secretsmanager:us-west-2:404457776061:secret:formation-lap/db/dev/credentials-wcqjhT"
                    },
                ]
              [32m+[0m[0m Version   = "2012-10-17"
            }
        )
      [32m+[0m[0m role        = (known after apply)
    }

[1m  # module.database.aws_rds_cluster.kor[0m will be created
[0m  [32m+[0m[0m resource "aws_rds_cluster" "kor" {
      [32m+[0m[0m allocated_storage                     = (known after apply)
      [32m+[0m[0m apply_immediately                     = (known after apply)
      [32m+[0m[0m arn                                   = (known after apply)
      [32m+[0m[0m availability_zones                    = (known after apply)
      [32m+[0m[0m backup_retention_period               = (known after apply)
      [32m+[0m[0m ca_certificate_identifier             = (known after apply)
      [32m+[0m[0m ca_certificate_valid_till             = (known after apply)
      [32m+[0m[0m cluster_identifier                    = "y2om-kor-aurora-mysql"
      [32m+[0m[0m cluster_identifier_prefix             = (known after apply)
      [32m+[0m[0m cluster_members                       = (known after apply)
      [32m+[0m[0m cluster_resource_id                   = (known after apply)
      [32m+[0m[0m cluster_scalability_type              = (known after apply)
      [32m+[0m[0m copy_tags_to_snapshot                 = false
      [32m+[0m[0m database_insights_mode                = (known after apply)
      [32m+[0m[0m database_name                         = (known after apply)
      [32m+[0m[0m db_cluster_parameter_group_name       = (known after apply)
      [32m+[0m[0m db_subnet_group_name                  = "y2om-kor-db-subnet-group"
      [32m+[0m[0m db_system_id                          = (known after apply)
      [32m+[0m[0m delete_automated_backups              = true
      [32m+[0m[0m enable_global_write_forwarding        = false
      [32m+[0m[0m enable_http_endpoint                  = false
      [32m+[0m[0m enable_local_write_forwarding         = false
      [32m+[0m[0m endpoint                              = (known after apply)
      [32m+[0m[0m engine                                = "aurora-mysql"
      [32m+[0m[0m engine_lifecycle_support              = (known after apply)
      [32m+[0m[0m engine_mode                           = "provisioned"
      [32m+[0m[0m engine_version                        = (known after apply)
      [32m+[0m[0m engine_version_actual                 = (known after apply)
      [32m+[0m[0m hosted_zone_id                        = (known after apply)
      [32m+[0m[0m iam_roles                             = (known after apply)
      [32m+[0m[0m id                                    = (known after apply)
      [32m+[0m[0m kms_key_id                            = (known after apply)
      [32m+[0m[0m master_password                       = (sensitive value)
      [32m+[0m[0m master_user_secret                    = (known after apply)
      [32m+[0m[0m master_user_secret_kms_key_id         = (known after apply)
      [32m+[0m[0m master_username                       = "admin"
      [32m+[0m[0m monitoring_interval                   = (known after apply)
      [32m+[0m[0m monitoring_role_arn                   = (known after apply)
      [32m+[0m[0m network_type                          = (known after apply)
      [32m+[0m[0m performance_insights_kms_key_id       = (known after apply)
      [32m+[0m[0m performance_insights_retention_period = (known after apply)
      [32m+[0m[0m port                                  = (known after apply)
      [32m+[0m[0m preferred_backup_window               = (known after apply)
      [32m+[0m[0m preferred_maintenance_window          = (known after apply)
      [32m+[0m[0m reader_endpoint                       = (known after apply)
      [32m+[0m[0m skip_final_snapshot                   = true
      [32m+[0m[0m storage_encrypted                     = (known after apply)
      [32m+[0m[0m storage_type                          = (known after apply)
      [32m+[0m[0m tags_all                              = (known after apply)
      [32m+[0m[0m vpc_security_group_ids                = (known after apply)
    }

[1m  # module.database.aws_rds_cluster.usa[0m will be created
[0m  [32m+[0m[0m resource "aws_rds_cluster" "usa" {
      [32m+[0m[0m allocated_storage                     = (known after apply)
      [32m+[0m[0m apply_immediately                     = (known after apply)
      [32m+[0m[0m arn                                   = (known after apply)
      [32m+[0m[0m availability_zones                    = (known after apply)
      [32m+[0m[0m backup_retention_period               = (known after apply)
      [32m+[0m[0m ca_certificate_identifier             = (known after apply)
      [32m+[0m[0m ca_certificate_valid_till             = (known after apply)
      [32m+[0m[0m cluster_identifier                    = "y2om-usa-aurora-mysql"
      [32m+[0m[0m cluster_identifier_prefix             = (known after apply)
      [32m+[0m[0m cluster_members                       = (known after apply)
      [32m+[0m[0m cluster_resource_id                   = (known after apply)
      [32m+[0m[0m cluster_scalability_type              = (known after apply)
      [32m+[0m[0m copy_tags_to_snapshot                 = false
      [32m+[0m[0m database_insights_mode                = (known after apply)
      [32m+[0m[0m database_name                         = (known after apply)
      [32m+[0m[0m db_cluster_parameter_group_name       = (known after apply)
      [32m+[0m[0m db_subnet_group_name                  = "y2om-usa-db-subnet-group"
      [32m+[0m[0m db_system_id                          = (known after apply)
      [32m+[0m[0m delete_automated_backups              = true
      [32m+[0m[0m enable_global_write_forwarding        = false
      [32m+[0m[0m enable_http_endpoint                  = false
      [32m+[0m[0m enable_local_write_forwarding         = false
      [32m+[0m[0m endpoint                              = (known after apply)
      [32m+[0m[0m engine                                = "aurora-mysql"
      [32m+[0m[0m engine_lifecycle_support              = (known after apply)
      [32m+[0m[0m engine_mode                           = "provisioned"
      [32m+[0m[0m engine_version                        = (known after apply)
      [32m+[0m[0m engine_version_actual                 = (known after apply)
      [32m+[0m[0m hosted_zone_id                        = (known after apply)
      [32m+[0m[0m iam_roles                             = (known after apply)
      [32m+[0m[0m id                                    = (known after apply)
      [32m+[0m[0m kms_key_id                            = (known after apply)
      [32m+[0m[0m master_password                       = (sensitive value)
      [32m+[0m[0m master_user_secret                    = (known after apply)
      [32m+[0m[0m master_user_secret_kms_key_id         = (known after apply)
      [32m+[0m[0m master_username                       = "admin"
      [32m+[0m[0m monitoring_interval                   = (known after apply)
      [32m+[0m[0m monitoring_role_arn                   = (known after apply)
      [32m+[0m[0m network_type                          = (known after apply)
      [32m+[0m[0m performance_insights_kms_key_id       = (known after apply)
      [32m+[0m[0m performance_insights_retention_period = (known after apply)
      [32m+[0m[0m port                                  = (known after apply)
      [32m+[0m[0m preferred_backup_window               = (known after apply)
      [32m+[0m[0m preferred_maintenance_window          = (known after apply)
      [32m+[0m[0m reader_endpoint                       = (known after apply)
      [32m+[0m[0m skip_final_snapshot                   = true
      [32m+[0m[0m storage_encrypted                     = (known after apply)
      [32m+[0m[0m storage_type                          = (known after apply)
      [32m+[0m[0m tags_all                              = (known after apply)
      [32m+[0m[0m vpc_security_group_ids                = (known after apply)
    }

[1m  # module.database.aws_rds_cluster_instance.kor_reader[0m will be created
[0m  [32m+[0m[0m resource "aws_rds_cluster_instance" "kor_reader" {
      [32m+[0m[0m apply_immediately                     = (known after apply)
      [32m+[0m[0m arn                                   = (known after apply)
      [32m+[0m[0m auto_minor_version_upgrade            = true
      [32m+[0m[0m availability_zone                     = (known after apply)
      [32m+[0m[0m ca_cert_identifier                    = (known after apply)
      [32m+[0m[0m cluster_identifier                    = (known after apply)
      [32m+[0m[0m copy_tags_to_snapshot                 = false
      [32m+[0m[0m db_parameter_group_name               = (known after apply)
      [32m+[0m[0m db_subnet_group_name                  = (known after apply)
      [32m+[0m[0m dbi_resource_id                       = (known after apply)
      [32m+[0m[0m endpoint                              = (known after apply)
      [32m+[0m[0m engine                                = "aurora-mysql"
      [32m+[0m[0m engine_version                        = (known after apply)
      [32m+[0m[0m engine_version_actual                 = (known after apply)
      [32m+[0m[0m force_destroy                         = false
      [32m+[0m[0m id                                    = (known after apply)
      [32m+[0m[0m identifier                            = "y2om-kor-reader"
      [32m+[0m[0m identifier_prefix                     = (known after apply)
      [32m+[0m[0m instance_class                        = "db.t4g.medium"
      [32m+[0m[0m kms_key_id                            = (known after apply)
      [32m+[0m[0m monitoring_interval                   = 0
      [32m+[0m[0m monitoring_role_arn                   = (known after apply)
      [32m+[0m[0m network_type                          = (known after apply)
      [32m+[0m[0m performance_insights_enabled          = (known after apply)
      [32m+[0m[0m performance_insights_kms_key_id       = (known after apply)
      [32m+[0m[0m performance_insights_retention_period = (known after apply)
      [32m+[0m[0m port                                  = (known after apply)
      [32m+[0m[0m preferred_backup_window               = (known after apply)
      [32m+[0m[0m preferred_maintenance_window          = (known after apply)
      [32m+[0m[0m promotion_tier                        = 1
      [32m+[0m[0m publicly_accessible                   = (known after apply)
      [32m+[0m[0m storage_encrypted                     = (known after apply)
      [32m+[0m[0m tags_all                              = (known after apply)
      [32m+[0m[0m writer                                = (known after apply)
    }

[1m  # module.database.aws_rds_cluster_instance.kor_writer[0m will be created
[0m  [32m+[0m[0m resource "aws_rds_cluster_instance" "kor_writer" {
      [32m+[0m[0m apply_immediately                     = (known after apply)
      [32m+[0m[0m arn                                   = (known after apply)
      [32m+[0m[0m auto_minor_version_upgrade            = true
      [32m+[0m[0m availability_zone                     = (known after apply)
      [32m+[0m[0m ca_cert_identifier                    = (known after apply)
      [32m+[0m[0m cluster_identifier                    = (known after apply)
      [32m+[0m[0m copy_tags_to_snapshot                 = false
      [32m+[0m[0m db_parameter_group_name               = (known after apply)
      [32m+[0m[0m db_subnet_group_name                  = (known after apply)
      [32m+[0m[0m dbi_resource_id                       = (known after apply)
      [32m+[0m[0m endpoint                              = (known after apply)
      [32m+[0m[0m engine                                = "aurora-mysql"
      [32m+[0m[0m engine_version                        = (known after apply)
      [32m+[0m[0m engine_version_actual                 = (known after apply)
      [32m+[0m[0m force_destroy                         = false
      [32m+[0m[0m id                                    = (known after apply)
      [32m+[0m[0m identifier                            = "y2om-kor-writer"
      [32m+[0m[0m identifier_prefix                     = (known after apply)
      [32m+[0m[0m instance_class                        = "db.t4g.medium"
      [32m+[0m[0m kms_key_id                            = (known after apply)
      [32m+[0m[0m monitoring_interval                   = 0
      [32m+[0m[0m monitoring_role_arn                   = (known after apply)
      [32m+[0m[0m network_type                          = (known after apply)
      [32m+[0m[0m performance_insights_enabled          = (known after apply)
      [32m+[0m[0m performance_insights_kms_key_id       = (known after apply)
      [32m+[0m[0m performance_insights_retention_period = (known after apply)
      [32m+[0m[0m port                                  = (known after apply)
      [32m+[0m[0m preferred_backup_window               = (known after apply)
      [32m+[0m[0m preferred_maintenance_window          = (known after apply)
      [32m+[0m[0m promotion_tier                        = 0
      [32m+[0m[0m publicly_accessible                   = (known after apply)
      [32m+[0m[0m storage_encrypted                     = (known after apply)
      [32m+[0m[0m tags_all                              = (known after apply)
      [32m+[0m[0m writer                                = (known after apply)
    }

[1m  # module.database.aws_rds_cluster_instance.usa_reader[0m will be created
[0m  [32m+[0m[0m resource "aws_rds_cluster_instance" "usa_reader" {
      [32m+[0m[0m apply_immediately                     = (known after apply)
      [32m+[0m[0m arn                                   = (known after apply)
      [32m+[0m[0m auto_minor_version_upgrade            = true
      [32m+[0m[0m availability_zone                     = (known after apply)
      [32m+[0m[0m ca_cert_identifier                    = (known after apply)
      [32m+[0m[0m cluster_identifier                    = (known after apply)
      [32m+[0m[0m copy_tags_to_snapshot                 = false
      [32m+[0m[0m db_parameter_group_name               = (known after apply)
      [32m+[0m[0m db_subnet_group_name                  = (known after apply)
      [32m+[0m[0m dbi_resource_id                       = (known after apply)
      [32m+[0m[0m endpoint                              = (known after apply)
      [32m+[0m[0m engine                                = "aurora-mysql"
      [32m+[0m[0m engine_version                        = (known after apply)
      [32m+[0m[0m engine_version_actual                 = (known after apply)
      [32m+[0m[0m force_destroy                         = false
      [32m+[0m[0m id                                    = (known after apply)
      [32m+[0m[0m identifier                            = "y2om-usa-reader"
      [32m+[0m[0m identifier_prefix                     = (known after apply)
      [32m+[0m[0m instance_class                        = "db.t4g.medium"
      [32m+[0m[0m kms_key_id                            = (known after apply)
      [32m+[0m[0m monitoring_interval                   = 0
      [32m+[0m[0m monitoring_role_arn                   = (known after apply)
      [32m+[0m[0m network_type                          = (known after apply)
      [32m+[0m[0m performance_insights_enabled          = (known after apply)
      [32m+[0m[0m performance_insights_kms_key_id       = (known after apply)
      [32m+[0m[0m performance_insights_retention_period = (known after apply)
      [32m+[0m[0m port                                  = (known after apply)
      [32m+[0m[0m preferred_backup_window               = (known after apply)
      [32m+[0m[0m preferred_maintenance_window          = (known after apply)
      [32m+[0m[0m promotion_tier                        = 1
      [32m+[0m[0m publicly_accessible                   = (known after apply)
      [32m+[0m[0m storage_encrypted                     = (known after apply)
      [32m+[0m[0m tags_all                              = (known after apply)
      [32m+[0m[0m writer                                = (known after apply)
    }

[1m  # module.database.aws_rds_cluster_instance.usa_writer[0m will be created
[0m  [32m+[0m[0m resource "aws_rds_cluster_instance" "usa_writer" {
      [32m+[0m[0m apply_immediately                     = (known after apply)
      [32m+[0m[0m arn                                   = (known after apply)
      [32m+[0m[0m auto_minor_version_upgrade            = true
      [32m+[0m[0m availability_zone                     = (known after apply)
      [32m+[0m[0m ca_cert_identifier                    = (known after apply)
      [32m+[0m[0m cluster_identifier                    = (known after apply)
      [32m+[0m[0m copy_tags_to_snapshot                 = false
      [32m+[0m[0m db_parameter_group_name               = (known after apply)
      [32m+[0m[0m db_subnet_group_name                  = (known after apply)
      [32m+[0m[0m dbi_resource_id                       = (known after apply)
      [32m+[0m[0m endpoint                              = (known after apply)
      [32m+[0m[0m engine                                = "aurora-mysql"
      [32m+[0m[0m engine_version                        = (known after apply)
      [32m+[0m[0m engine_version_actual                 = (known after apply)
      [32m+[0m[0m force_destroy                         = false
      [32m+[0m[0m id                                    = (known after apply)
      [32m+[0m[0m identifier                            = "y2om-usa-writer"
      [32m+[0m[0m identifier_prefix                     = (known after apply)
      [32m+[0m[0m instance_class                        = "db.t4g.medium"
      [32m+[0m[0m kms_key_id                            = (known after apply)
      [32m+[0m[0m monitoring_interval                   = 0
      [32m+[0m[0m monitoring_role_arn                   = (known after apply)
      [32m+[0m[0m network_type                          = (known after apply)
      [32m+[0m[0m performance_insights_enabled          = (known after apply)
      [32m+[0m[0m performance_insights_kms_key_id       = (known after apply)
      [32m+[0m[0m performance_insights_retention_period = (known after apply)
      [32m+[0m[0m port                                  = (known after apply)
      [32m+[0m[0m preferred_backup_window               = (known after apply)
      [32m+[0m[0m preferred_maintenance_window          = (known after apply)
      [32m+[0m[0m promotion_tier                        = 0
      [32m+[0m[0m publicly_accessible                   = (known after apply)
      [32m+[0m[0m storage_encrypted                     = (known after apply)
      [32m+[0m[0m tags_all                              = (known after apply)
      [32m+[0m[0m writer                                = (known after apply)
    }

[1m  # module.database.aws_security_group.db_kor[0m will be created
[0m  [32m+[0m[0m resource "aws_security_group" "db_kor" {
      [32m+[0m[0m arn                    = (known after apply)
      [32m+[0m[0m description            = "KOR Aurora MySQL access"
      [32m+[0m[0m egress                 = [
          [32m+[0m[0m {
              [32m+[0m[0m cidr_blocks      = [
                  [32m+[0m[0m "0.0.0.0/0",
                ]
              [32m+[0m[0m description      = ""
              [32m+[0m[0m from_port        = 0
              [32m+[0m[0m ipv6_cidr_blocks = []
              [32m+[0m[0m prefix_list_ids  = []
              [32m+[0m[0m protocol         = "-1"
              [32m+[0m[0m security_groups  = []
              [32m+[0m[0m self             = false
              [32m+[0m[0m to_port          = 0
            },
        ]
      [32m+[0m[0m id                     = (known after apply)
      [32m+[0m[0m ingress                = (known after apply)
      [32m+[0m[0m name                   = "y2om-SecurityGroup-DB-Cluster-Seoul"
      [32m+[0m[0m name_prefix            = (known after apply)
      [32m+[0m[0m owner_id               = (known after apply)
      [32m+[0m[0m revoke_rules_on_delete = false
      [32m+[0m[0m tags_all               = (known after apply)
      [32m+[0m[0m vpc_id                 = (known after apply)
    }

[1m  # module.database.aws_security_group.db_usa[0m will be created
[0m  [32m+[0m[0m resource "aws_security_group" "db_usa" {
      [32m+[0m[0m arn                    = (known after apply)
      [32m+[0m[0m description            = "USA Aurora MySQL access"
      [32m+[0m[0m egress                 = [
          [32m+[0m[0m {
              [32m+[0m[0m cidr_blocks      = [
                  [32m+[0m[0m "0.0.0.0/0",
                ]
              [32m+[0m[0m description      = ""
              [32m+[0m[0m from_port        = 0
              [32m+[0m[0m ipv6_cidr_blocks = []
              [32m+[0m[0m prefix_list_ids  = []
              [32m+[0m[0m protocol         = "-1"
              [32m+[0m[0m security_groups  = []
              [32m+[0m[0m self             = false
              [32m+[0m[0m to_port          = 0
            },
        ]
      [32m+[0m[0m id                     = (known after apply)
      [32m+[0m[0m ingress                = (known after apply)
      [32m+[0m[0m name                   = "y2om-SecurityGroup-DB-Cluster-Oregon"
      [32m+[0m[0m name_prefix            = (known after apply)
      [32m+[0m[0m owner_id               = (known after apply)
      [32m+[0m[0m revoke_rules_on_delete = false
      [32m+[0m[0m tags_all               = (known after apply)
      [32m+[0m[0m vpc_id                 = (known after apply)
    }

[1m  # module.database.aws_security_group.proxy_kor[0m will be created
[0m  [32m+[0m[0m resource "aws_security_group" "proxy_kor" {
      [32m+[0m[0m arn                    = (known after apply)
      [32m+[0m[0m description            = "Managed by Terraform"
      [32m+[0m[0m egress                 = [
          [32m+[0m[0m {
              [32m+[0m[0m cidr_blocks      = [
                  [32m+[0m[0m "0.0.0.0/0",
                ]
              [32m+[0m[0m description      = ""
              [32m+[0m[0m from_port        = 0
              [32m+[0m[0m ipv6_cidr_blocks = []
              [32m+[0m[0m prefix_list_ids  = []
              [32m+[0m[0m protocol         = "-1"
              [32m+[0m[0m security_groups  = []
              [32m+[0m[0m self             = false
              [32m+[0m[0m to_port          = 0
            },
        ]
      [32m+[0m[0m id                     = (known after apply)
      [32m+[0m[0m ingress                = (known after apply)
      [32m+[0m[0m name                   = "y2om-SecurityGroup-RDSproxy-Seoul"
      [32m+[0m[0m name_prefix            = (known after apply)
      [32m+[0m[0m owner_id               = (known after apply)
      [32m+[0m[0m revoke_rules_on_delete = false
      [32m+[0m[0m tags_all               = (known after apply)
      [32m+[0m[0m vpc_id                 = (known after apply)
    }

[1m  # module.database.aws_security_group.proxy_usa[0m will be created
[0m  [32m+[0m[0m resource "aws_security_group" "proxy_usa" {
      [32m+[0m[0m arn                    = (known after apply)
      [32m+[0m[0m description            = "Managed by Terraform"
      [32m+[0m[0m egress                 = [
          [32m+[0m[0m {
              [32m+[0m[0m cidr_blocks      = [
                  [32m+[0m[0m "0.0.0.0/0",
                ]
              [32m+[0m[0m description      = ""
              [32m+[0m[0m from_port        = 0
              [32m+[0m[0m ipv6_cidr_blocks = []
              [32m+[0m[0m prefix_list_ids  = []
              [32m+[0m[0m protocol         = "-1"
              [32m+[0m[0m security_groups  = []
              [32m+[0m[0m self             = false
              [32m+[0m[0m to_port          = 0
            },
        ]
      [32m+[0m[0m id                     = (known after apply)
      [32m+[0m[0m ingress                = (known after apply)
      [32m+[0m[0m name                   = "y2om-SecurityGroup-RDSproxy-Oregon"
      [32m+[0m[0m name_prefix            = (known after apply)
      [32m+[0m[0m owner_id               = (known after apply)
      [32m+[0m[0m revoke_rules_on_delete = false
      [32m+[0m[0m tags_all               = (known after apply)
      [32m+[0m[0m vpc_id                 = (known after apply)
    }

[1m  # module.database.aws_security_group_rule.kor_eks_to_db[0m will be created
[0m  [32m+[0m[0m resource "aws_security_group_rule" "kor_eks_to_db" {
      [32m+[0m[0m from_port                = 3306
      [32m+[0m[0m id                       = (known after apply)
      [32m+[0m[0m protocol                 = "tcp"
      [32m+[0m[0m security_group_id        = (known after apply)
      [32m+[0m[0m security_group_rule_id   = (known after apply)
      [32m+[0m[0m self                     = false
      [32m+[0m[0m source_security_group_id = (known after apply)
      [32m+[0m[0m to_port                  = 3306
      [32m+[0m[0m type                     = "ingress"
    }

[1m  # module.database.aws_security_group_rule.kor_eks_to_proxy[0m will be created
[0m  [32m+[0m[0m resource "aws_security_group_rule" "kor_eks_to_proxy" {
      [32m+[0m[0m from_port                = 3306
      [32m+[0m[0m id                       = (known after apply)
      [32m+[0m[0m protocol                 = "tcp"
      [32m+[0m[0m security_group_id        = (known after apply)
      [32m+[0m[0m security_group_rule_id   = (known after apply)
      [32m+[0m[0m self                     = false
      [32m+[0m[0m source_security_group_id = (known after apply)
      [32m+[0m[0m to_port                  = 3306
      [32m+[0m[0m type                     = "ingress"
    }

[1m  # module.database.aws_security_group_rule.usa_eks_to_db[0m will be created
[0m  [32m+[0m[0m resource "aws_security_group_rule" "usa_eks_to_db" {
      [32m+[0m[0m from_port                = 3306
      [32m+[0m[0m id                       = (known after apply)
      [32m+[0m[0m protocol                 = "tcp"
      [32m+[0m[0m security_group_id        = (known after apply)
      [32m+[0m[0m security_group_rule_id   = (known after apply)
      [32m+[0m[0m self                     = false
      [32m+[0m[0m source_security_group_id = (known after apply)
      [32m+[0m[0m to_port                  = 3306
      [32m+[0m[0m type                     = "ingress"
    }

[1m  # module.database.aws_security_group_rule.usa_eks_to_proxy[0m will be created
[0m  [32m+[0m[0m resource "aws_security_group_rule" "usa_eks_to_proxy" {
      [32m+[0m[0m from_port                = 3306
      [32m+[0m[0m id                       = (known after apply)
      [32m+[0m[0m protocol                 = "tcp"
      [32m+[0m[0m security_group_id        = (known after apply)
      [32m+[0m[0m security_group_rule_id   = (known after apply)
      [32m+[0m[0m self                     = false
      [32m+[0m[0m source_security_group_id = (known after apply)
      [32m+[0m[0m to_port                  = 3306
      [32m+[0m[0m type                     = "ingress"
    }

[1m  # module.ecr.aws_ecr_replication_configuration.seoul_to_oregon[0m will be created
[0m  [32m+[0m[0m resource "aws_ecr_replication_configuration" "seoul_to_oregon" {
      [32m+[0m[0m id          = (known after apply)
      [32m+[0m[0m registry_id = (known after apply)

      [32m+[0m[0m replication_configuration {
          [32m+[0m[0m rule {
              [32m+[0m[0m destination {
                  [32m+[0m[0m region      = "us-west-2"
                  [32m+[0m[0m registry_id = "404457776061"
                }
              [32m+[0m[0m repository_filter {
                  [32m+[0m[0m filter      = "order-service"
                  [32m+[0m[0m filter_type = "PREFIX_MATCH"
                }
              [32m+[0m[0m repository_filter {
                  [32m+[0m[0m filter      = "product-service"
                  [32m+[0m[0m filter_type = "PREFIX_MATCH"
                }
              [32m+[0m[0m repository_filter {
                  [32m+[0m[0m filter      = "user-service"
                  [32m+[0m[0m filter_type = "PREFIX_MATCH"
                }
            }
        }
    }

[1m  # module.ecr.aws_ecr_repository.order[0m will be created
[0m  [32m+[0m[0m resource "aws_ecr_repository" "order" {
      [32m+[0m[0m arn                  = (known after apply)
      [32m+[0m[0m force_delete         = true
      [32m+[0m[0m id                   = (known after apply)
      [32m+[0m[0m image_tag_mutability = "IMMUTABLE"
      [32m+[0m[0m name                 = "y2om-order-service"
      [32m+[0m[0m registry_id          = (known after apply)
      [32m+[0m[0m repository_url       = (known after apply)
      [32m+[0m[0m tags_all             = (known after apply)
    }

[1m  # module.ecr.aws_ecr_repository.order_oregon[0m will be created
[0m  [32m+[0m[0m resource "aws_ecr_repository" "order_oregon" {
      [32m+[0m[0m arn                  = (known after apply)
      [32m+[0m[0m force_delete         = true
      [32m+[0m[0m id                   = (known after apply)
      [32m+[0m[0m image_tag_mutability = "IMMUTABLE"
      [32m+[0m[0m name                 = "y2om-order-service"
      [32m+[0m[0m registry_id          = (known after apply)
      [32m+[0m[0m repository_url       = (known after apply)
      [32m+[0m[0m tags_all             = (known after apply)
    }

[1m  # module.ecr.aws_ecr_repository.product[0m will be created
[0m  [32m+[0m[0m resource "aws_ecr_repository" "product" {
      [32m+[0m[0m arn                  = (known after apply)
      [32m+[0m[0m force_delete         = true
      [32m+[0m[0m id                   = (known after apply)
      [32m+[0m[0m image_tag_mutability = "IMMUTABLE"
      [32m+[0m[0m name                 = "y2om-product-service"
      [32m+[0m[0m registry_id          = (known after apply)
      [32m+[0m[0m repository_url       = (known after apply)
      [32m+[0m[0m tags_all             = (known after apply)
    }

[1m  # module.ecr.aws_ecr_repository.product_oregon[0m will be created
[0m  [32m+[0m[0m resource "aws_ecr_repository" "product_oregon" {
      [32m+[0m[0m arn                  = (known after apply)
      [32m+[0m[0m force_delete         = true
      [32m+[0m[0m id                   = (known after apply)
      [32m+[0m[0m image_tag_mutability = "IMMUTABLE"
      [32m+[0m[0m name                 = "y2om-product-service"
      [32m+[0m[0m registry_id          = (known after apply)
      [32m+[0m[0m repository_url       = (known after apply)
      [32m+[0m[0m tags_all             = (known after apply)
    }

[1m  # module.ecr.aws_ecr_repository.user[0m will be created
[0m  [32m+[0m[0m resource "aws_ecr_repository" "user" {
      [32m+[0m[0m arn                  = (known after apply)
      [32m+[0m[0m force_delete         = true
      [32m+[0m[0m id                   = (known after apply)
      [32m+[0m[0m image_tag_mutability = "IMMUTABLE"
      [32m+[0m[0m name                 = "y2om-user-service"
      [32m+[0m[0m registry_id          = (known after apply)
      [32m+[0m[0m repository_url       = (known after apply)
      [32m+[0m[0m tags_all             = (known after apply)
    }

[1m  # module.ecr.aws_ecr_repository.user_oregon[0m will be created
[0m  [32m+[0m[0m resource "aws_ecr_repository" "user_oregon" {
      [32m+[0m[0m arn                  = (known after apply)
      [32m+[0m[0m force_delete         = true
      [32m+[0m[0m id                   = (known after apply)
      [32m+[0m[0m image_tag_mutability = "IMMUTABLE"
      [32m+[0m[0m name                 = "y2om-user-service"
      [32m+[0m[0m registry_id          = (known after apply)
      [32m+[0m[0m repository_url       = (known after apply)
      [32m+[0m[0m tags_all             = (known after apply)
    }

[1m  # module.eks.aws_eks_access_entry.terraform_admin[0m will be created
[0m  [32m+[0m[0m resource "aws_eks_access_entry" "terraform_admin" {
      [32m+[0m[0m access_entry_arn  = (known after apply)
      [32m+[0m[0m cluster_name      = "y2om-formation-lap-seoul"
      [32m+[0m[0m created_at        = (known after apply)
      [32m+[0m[0m id                = (known after apply)
      [32m+[0m[0m kubernetes_groups = (known after apply)
      [32m+[0m[0m modified_at       = (known after apply)
      [32m+[0m[0m principal_arn     = "arn:aws:iam::404457776061:user/Yeom_Seongsik"
      [32m+[0m[0m tags_all          = (known after apply)
      [32m+[0m[0m type              = "STANDARD"
      [32m+[0m[0m user_name         = (known after apply)
    }

[1m  # module.eks.aws_eks_access_entry.terraform_admin_oregon[0m will be created
[0m  [32m+[0m[0m resource "aws_eks_access_entry" "terraform_admin_oregon" {
      [32m+[0m[0m access_entry_arn  = (known after apply)
      [32m+[0m[0m cluster_name      = "y2om-formation-lap-oregon"
      [32m+[0m[0m created_at        = (known after apply)
      [32m+[0m[0m id                = (known after apply)
      [32m+[0m[0m kubernetes_groups = (known after apply)
      [32m+[0m[0m modified_at       = (known after apply)
      [32m+[0m[0m principal_arn     = "arn:aws:iam::404457776061:user/Yeom_Seongsik"
      [32m+[0m[0m tags_all          = (known after apply)
      [32m+[0m[0m type              = "STANDARD"
      [32m+[0m[0m user_name         = (known after apply)
    }

[1m  # module.eks.aws_eks_access_policy_association.terraform_admin_cluster[0m will be created
[0m  [32m+[0m[0m resource "aws_eks_access_policy_association" "terraform_admin_cluster" {
      [32m+[0m[0m associated_at = (known after apply)
      [32m+[0m[0m cluster_name  = "y2om-formation-lap-seoul"
      [32m+[0m[0m id            = (known after apply)
      [32m+[0m[0m modified_at   = (known after apply)
      [32m+[0m[0m policy_arn    = "arn:aws:eks::aws:cluster-access-policy/AmazonEKSClusterAdminPolicy"
      [32m+[0m[0m principal_arn = "arn:aws:iam::404457776061:user/Yeom_Seongsik"

      [32m+[0m[0m access_scope {
          [32m+[0m[0m type = "cluster"
        }
    }

[1m  # module.eks.aws_eks_access_policy_association.terraform_admin_cluster_oregon[0m will be created
[0m  [32m+[0m[0m resource "aws_eks_access_policy_association" "terraform_admin_cluster_oregon" {
      [32m+[0m[0m associated_at = (known after apply)
      [32m+[0m[0m cluster_name  = "y2om-formation-lap-oregon"
      [32m+[0m[0m id            = (known after apply)
      [32m+[0m[0m modified_at   = (known after apply)
      [32m+[0m[0m policy_arn    = "arn:aws:eks::aws:cluster-access-policy/AmazonEKSClusterAdminPolicy"
      [32m+[0m[0m principal_arn = "arn:aws:iam::404457776061:user/Yeom_Seongsik"

      [32m+[0m[0m access_scope {
          [32m+[0m[0m type = "cluster"
        }
    }

[1m  # module.eks.helm_release.cluster_autoscaler_oregon[0m will be created
[0m  [32m+[0m[0m resource "helm_release" "cluster_autoscaler_oregon" {
      [32m+[0m[0m atomic                     = false
      [32m+[0m[0m chart                      = "cluster-autoscaler"
      [32m+[0m[0m cleanup_on_fail            = false
      [32m+[0m[0m create_namespace           = false
      [32m+[0m[0m dependency_update          = false
      [32m+[0m[0m disable_crd_hooks          = false
      [32m+[0m[0m disable_openapi_validation = false
      [32m+[0m[0m disable_webhooks           = false
      [32m+[0m[0m force_update               = false
      [32m+[0m[0m id                         = (known after apply)
      [32m+[0m[0m lint                       = false
      [32m+[0m[0m manifest                   = (known after apply)
      [32m+[0m[0m max_history                = 0
      [32m+[0m[0m metadata                   = (known after apply)
      [32m+[0m[0m name                       = "y2om-eks-autoscaler-oregon"
      [32m+[0m[0m namespace                  = "kube-system"
      [32m+[0m[0m pass_credentials           = false
      [32m+[0m[0m recreate_pods              = false
      [32m+[0m[0m render_subchart_notes      = true
      [32m+[0m[0m replace                    = false
      [32m+[0m[0m repository                 = "https://kubernetes.github.io/autoscaler"
      [32m+[0m[0m reset_values               = false
      [32m+[0m[0m reuse_values               = false
      [32m+[0m[0m skip_crds                  = false
      [32m+[0m[0m status                     = "deployed"
      [32m+[0m[0m timeout                    = 300
      [32m+[0m[0m verify                     = false
      [32m+[0m[0m version                    = "9.37.0"
      [32m+[0m[0m wait                       = true
      [32m+[0m[0m wait_for_jobs              = false

      [32m+[0m[0m set {
          [32m+[0m[0m name  = "autoDiscovery.clusterName"
          [32m+[0m[0m value = "y2om-formation-lap-oregon"
        }
      [32m+[0m[0m set {
          [32m+[0m[0m name  = "awsRegion"
          [32m+[0m[0m value = "us-west-2"
        }
      [32m+[0m[0m set {
          [32m+[0m[0m name  = "rbac.serviceAccount.annotations.eks\\.amazonaws\\.com/role-arn"
          [32m+[0m[0m value = (known after apply)
        }
      [32m+[0m[0m set {
          [32m+[0m[0m name  = "rbac.serviceAccount.name"
          [32m+[0m[0m value = "cluster-autoscaler"
        }
    }

[1m  # module.eks.helm_release.cluster_autoscaler_seoul[0m will be created
[0m  [32m+[0m[0m resource "helm_release" "cluster_autoscaler_seoul" {
      [32m+[0m[0m atomic                     = false
      [32m+[0m[0m chart                      = "cluster-autoscaler"
      [32m+[0m[0m cleanup_on_fail            = false
      [32m+[0m[0m create_namespace           = false
      [32m+[0m[0m dependency_update          = false
      [32m+[0m[0m disable_crd_hooks          = false
      [32m+[0m[0m disable_openapi_validation = false
      [32m+[0m[0m disable_webhooks           = false
      [32m+[0m[0m force_update               = false
      [32m+[0m[0m id                         = (known after apply)
      [32m+[0m[0m lint                       = false
      [32m+[0m[0m manifest                   = (known after apply)
      [32m+[0m[0m max_history                = 0
      [32m+[0m[0m metadata                   = (known after apply)
      [32m+[0m[0m name                       = "y2om-eks-autoscaler-seoul"
      [32m+[0m[0m namespace                  = "kube-system"
      [32m+[0m[0m pass_credentials           = false
      [32m+[0m[0m recreate_pods              = false
      [32m+[0m[0m render_subchart_notes      = true
      [32m+[0m[0m replace                    = false
      [32m+[0m[0m repository                 = "https://kubernetes.github.io/autoscaler"
      [32m+[0m[0m reset_values               = false
      [32m+[0m[0m reuse_values               = false
      [32m+[0m[0m skip_crds                  = false
      [32m+[0m[0m status                     = "deployed"
      [32m+[0m[0m timeout                    = 300
      [32m+[0m[0m verify                     = false
      [32m+[0m[0m version                    = "9.37.0"
      [32m+[0m[0m wait                       = true
      [32m+[0m[0m wait_for_jobs              = false

      [32m+[0m[0m set {
          [32m+[0m[0m name  = "autoDiscovery.clusterName"
          [32m+[0m[0m value = "y2om-formation-lap-seoul"
        }
      [32m+[0m[0m set {
          [32m+[0m[0m name  = "awsRegion"
          [32m+[0m[0m value = "ap-northeast-2"
        }
      [32m+[0m[0m set {
          [32m+[0m[0m name  = "rbac.serviceAccount.annotations.eks\\.amazonaws\\.com/role-arn"
          [32m+[0m[0m value = (known after apply)
        }
      [32m+[0m[0m set {
          [32m+[0m[0m name  = "rbac.serviceAccount.name"
          [32m+[0m[0m value = "cluster-autoscaler"
        }
    }

[1m  # module.network.aws_customer_gateway.onprem_cgw[0m will be created
[0m  [32m+[0m[0m resource "aws_customer_gateway" "onprem_cgw" {
      [32m+[0m[0m arn        = (known after apply)
      [32m+[0m[0m bgp_asn    = "65000"
      [32m+[0m[0m id         = (known after apply)
      [32m+[0m[0m ip_address = "175.192.170.212"
      [32m+[0m[0m tags       = {
          [32m+[0m[0m "Name" = "y2om-OnPrem-CGW"
        }
      [32m+[0m[0m tags_all   = {
          [32m+[0m[0m "Name" = "y2om-OnPrem-CGW"
        }
      [32m+[0m[0m type       = "ipsec.1"
    }

[1m  # module.network.aws_ec2_transit_gateway.kor[0m will be created
[0m  [32m+[0m[0m resource "aws_ec2_transit_gateway" "kor" {
      [32m+[0m[0m amazon_side_asn                    = 64512
      [32m+[0m[0m arn                                = (known after apply)
      [32m+[0m[0m association_default_route_table_id = (known after apply)
      [32m+[0m[0m auto_accept_shared_attachments     = "disable"
      [32m+[0m[0m default_route_table_association    = "enable"
      [32m+[0m[0m default_route_table_propagation    = "enable"
      [32m+[0m[0m description                        = "KOR Transit Gateway"
      [32m+[0m[0m dns_support                        = "enable"
      [32m+[0m[0m id                                 = (known after apply)
      [32m+[0m[0m multicast_support                  = "disable"
      [32m+[0m[0m owner_id                           = (known after apply)
      [32m+[0m[0m propagation_default_route_table_id = (known after apply)
      [32m+[0m[0m security_group_referencing_support = "disable"
      [32m+[0m[0m tags                               = {
          [32m+[0m[0m "Name" = "y2om-TGW-KOR"
        }
      [32m+[0m[0m tags_all                           = {
          [32m+[0m[0m "Name" = "y2om-TGW-KOR"
        }
      [32m+[0m[0m vpn_ecmp_support                   = "enable"
    }

[1m  # module.network.aws_ec2_transit_gateway.usa[0m will be created
[0m  [32m+[0m[0m resource "aws_ec2_transit_gateway" "usa" {
      [32m+[0m[0m amazon_side_asn                    = 64512
      [32m+[0m[0m arn                                = (known after apply)
      [32m+[0m[0m association_default_route_table_id = (known after apply)
      [32m+[0m[0m auto_accept_shared_attachments     = "disable"
      [32m+[0m[0m default_route_table_association    = "enable"
      [32m+[0m[0m default_route_table_propagation    = "enable"
      [32m+[0m[0m description                        = "USA Transit Gateway"
      [32m+[0m[0m dns_support                        = "enable"
      [32m+[0m[0m id                                 = (known after apply)
      [32m+[0m[0m multicast_support                  = "disable"
      [32m+[0m[0m owner_id                           = (known after apply)
      [32m+[0m[0m propagation_default_route_table_id = (known after apply)
      [32m+[0m[0m security_group_referencing_support = "disable"
      [32m+[0m[0m tags                               = {
          [32m+[0m[0m "Name" = "y2om-TGW-USA"
        }
      [32m+[0m[0m tags_all                           = {
          [32m+[0m[0m "Name" = "y2om-TGW-USA"
        }
      [32m+[0m[0m vpn_ecmp_support                   = "enable"
    }

[1m  # module.network.aws_ec2_transit_gateway_peering_attachment.kor_to_usa[0m will be created
[0m  [32m+[0m[0m resource "aws_ec2_transit_gateway_peering_attachment" "kor_to_usa" {
      [32m+[0m[0m arn                     = (known after apply)
      [32m+[0m[0m id                      = (known after apply)
      [32m+[0m[0m peer_account_id         = (known after apply)
      [32m+[0m[0m peer_region             = "us-west-2"
      [32m+[0m[0m peer_transit_gateway_id = (known after apply)
      [32m+[0m[0m state                   = (known after apply)
      [32m+[0m[0m tags                    = {
          [32m+[0m[0m "Name" = "y2om-KOR-USA-TGW-Peering"
        }
      [32m+[0m[0m tags_all                = {
          [32m+[0m[0m "Name" = "y2om-KOR-USA-TGW-Peering"
        }
      [32m+[0m[0m transit_gateway_id      = (known after apply)
    }

[1m  # module.network.aws_ec2_transit_gateway_peering_attachment_accepter.usa_accept[0m will be created
[0m  [32m+[0m[0m resource "aws_ec2_transit_gateway_peering_attachment_accepter" "usa_accept" {
      [32m+[0m[0m id                            = (known after apply)
      [32m+[0m[0m peer_account_id               = (known after apply)
      [32m+[0m[0m peer_region                   = (known after apply)
      [32m+[0m[0m peer_transit_gateway_id       = (known after apply)
      [32m+[0m[0m tags                          = {
          [32m+[0m[0m "Name" = "y2om-USA-Accept-KOR-TGW"
        }
      [32m+[0m[0m tags_all                      = {
          [32m+[0m[0m "Name" = "y2om-USA-Accept-KOR-TGW"
        }
      [32m+[0m[0m transit_gateway_attachment_id = (known after apply)
      [32m+[0m[0m transit_gateway_id            = (known after apply)
    }

[1m  # module.network.aws_ec2_transit_gateway_route.kor_to_usa_default[0m will be created
[0m  [32m+[0m[0m resource "aws_ec2_transit_gateway_route" "kor_to_usa_default" {
      [32m+[0m[0m blackhole                      = false
      [32m+[0m[0m destination_cidr_block         = "10.24.0.0/16"
      [32m+[0m[0m id                             = (known after apply)
      [32m+[0m[0m transit_gateway_attachment_id  = (known after apply)
      [32m+[0m[0m transit_gateway_route_table_id = (known after apply)
    }

[1m  # module.network.aws_ec2_transit_gateway_route.tgw_route_to_onprem[0m will be created
[0m  [32m+[0m[0m resource "aws_ec2_transit_gateway_route" "tgw_route_to_onprem" {
      [32m+[0m[0m blackhole                      = false
      [32m+[0m[0m destination_cidr_block         = "192.168.0.0/16"
      [32m+[0m[0m id                             = (known after apply)
      [32m+[0m[0m transit_gateway_attachment_id  = (known after apply)
      [32m+[0m[0m transit_gateway_route_table_id = (known after apply)
    }

[1m  # module.network.aws_ec2_transit_gateway_route.usa_to_kor_default[0m will be created
[0m  [32m+[0m[0m resource "aws_ec2_transit_gateway_route" "usa_to_kor_default" {
      [32m+[0m[0m blackhole                      = false
      [32m+[0m[0m destination_cidr_block         = "10.23.0.0/16"
      [32m+[0m[0m id                             = (known after apply)
      [32m+[0m[0m transit_gateway_attachment_id  = (known after apply)
      [32m+[0m[0m transit_gateway_route_table_id = (known after apply)
    }

[1m  # module.network.aws_ec2_transit_gateway_route.usa_to_office_via_peering[0m will be created
[0m  [32m+[0m[0m resource "aws_ec2_transit_gateway_route" "usa_to_office_via_peering" {
      [32m+[0m[0m blackhole                      = false
      [32m+[0m[0m destination_cidr_block         = "192.168.0.0/16"
      [32m+[0m[0m id                             = (known after apply)
      [32m+[0m[0m transit_gateway_attachment_id  = (known after apply)
      [32m+[0m[0m transit_gateway_route_table_id = (known after apply)
    }

[1m  # module.network.aws_ec2_transit_gateway_route_table.kor[0m will be created
[0m  [32m+[0m[0m resource "aws_ec2_transit_gateway_route_table" "kor" {
      [32m+[0m[0m arn                             = (known after apply)
      [32m+[0m[0m default_association_route_table = (known after apply)
      [32m+[0m[0m default_propagation_route_table = (known after apply)
      [32m+[0m[0m id                              = (known after apply)
      [32m+[0m[0m tags                            = {
          [32m+[0m[0m "Name" = "y2om-KOR-TGW-RT"
        }
      [32m+[0m[0m tags_all                        = {
          [32m+[0m[0m "Name" = "y2om-KOR-TGW-RT"
        }
      [32m+[0m[0m transit_gateway_id              = (known after apply)
    }

[1m  # module.network.aws_ec2_transit_gateway_route_table.usa[0m will be created
[0m  [32m+[0m[0m resource "aws_ec2_transit_gateway_route_table" "usa" {
      [32m+[0m[0m arn                             = (known after apply)
      [32m+[0m[0m default_association_route_table = (known after apply)
      [32m+[0m[0m default_propagation_route_table = (known after apply)
      [32m+[0m[0m id                              = (known after apply)
      [32m+[0m[0m tags                            = {
          [32m+[0m[0m "Name" = "y2om-USA-TGW-RT"
        }
      [32m+[0m[0m tags_all                        = {
          [32m+[0m[0m "Name" = "y2om-USA-TGW-RT"
        }
      [32m+[0m[0m transit_gateway_id              = (known after apply)
    }

[1m  # module.network.aws_route.kor_private_to_onprem[0][0m will be created
[0m  [32m+[0m[0m resource "aws_route" "kor_private_to_onprem" {
      [32m+[0m[0m destination_cidr_block = "192.168.0.0/16"
      [32m+[0m[0m id                     = (known after apply)
      [32m+[0m[0m instance_id            = (known after apply)
      [32m+[0m[0m instance_owner_id      = (known after apply)
      [32m+[0m[0m network_interface_id   = (known after apply)
      [32m+[0m[0m origin                 = (known after apply)
      [32m+[0m[0m route_table_id         = (known after apply)
      [32m+[0m[0m state                  = (known after apply)
      [32m+[0m[0m transit_gateway_id     = (known after apply)
    }

[1m  # module.network.aws_route.kor_public_to_onprem[0][0m will be created
[0m  [32m+[0m[0m resource "aws_route" "kor_public_to_onprem" {
      [32m+[0m[0m destination_cidr_block = "192.168.0.0/16"
      [32m+[0m[0m id                     = (known after apply)
      [32m+[0m[0m instance_id            = (known after apply)
      [32m+[0m[0m instance_owner_id      = (known after apply)
      [32m+[0m[0m network_interface_id   = (known after apply)
      [32m+[0m[0m origin                 = (known after apply)
      [32m+[0m[0m route_table_id         = (known after apply)
      [32m+[0m[0m state                  = (known after apply)
      [32m+[0m[0m transit_gateway_id     = (known after apply)
    }

[1m  # module.network.aws_route.usa_to_onprem[0][0m will be created
[0m  [32m+[0m[0m resource "aws_route" "usa_to_onprem" {
      [32m+[0m[0m destination_cidr_block = "192.168.0.0/16"
      [32m+[0m[0m id                     = (known after apply)
      [32m+[0m[0m instance_id            = (known after apply)
      [32m+[0m[0m instance_owner_id      = (known after apply)
      [32m+[0m[0m network_interface_id   = (known after apply)
      [32m+[0m[0m origin                 = (known after apply)
      [32m+[0m[0m route_table_id         = (known after apply)
      [32m+[0m[0m state                  = (known after apply)
      [32m+[0m[0m transit_gateway_id     = (known after apply)
    }

[1m  # module.network.aws_vpn_connection.onprem_to_seoul_vpn[0m will be created
[0m  [32m+[0m[0m resource "aws_vpn_connection" "onprem_to_seoul_vpn" {
      [32m+[0m[0m arn                            = (known after apply)
      [32m+[0m[0m core_network_arn               = (known after apply)
      [32m+[0m[0m core_network_attachment_arn    = (known after apply)
      [32m+[0m[0m customer_gateway_configuration = (sensitive value)
      [32m+[0m[0m customer_gateway_id            = (known after apply)
      [32m+[0m[0m enable_acceleration            = (known after apply)
      [32m+[0m[0m id                             = (known after apply)
      [32m+[0m[0m local_ipv4_network_cidr        = (known after apply)
      [32m+[0m[0m local_ipv6_network_cidr        = (known after apply)
      [32m+[0m[0m outside_ip_address_type        = (known after apply)
      [32m+[0m[0m preshared_key_arn              = (known after apply)
      [32m+[0m[0m preshared_key_storage          = (known after apply)
      [32m+[0m[0m remote_ipv4_network_cidr       = (known after apply)
      [32m+[0m[0m remote_ipv6_network_cidr       = (known after apply)
      [32m+[0m[0m routes                         = (known after apply)
      [32m+[0m[0m static_routes_only             = true
      [32m+[0m[0m tags                           = {
          [32m+[0m[0m "Name" = "y2om-VPN-to-Seoul-TGW"
        }
      [32m+[0m[0m tags_all                       = {
          [32m+[0m[0m "Name" = "y2om-VPN-to-Seoul-TGW"
        }
      [32m+[0m[0m transit_gateway_attachment_id  = (known after apply)
      [32m+[0m[0m transit_gateway_id             = (known after apply)
      [32m+[0m[0m tunnel1_address                = (known after apply)
      [32m+[0m[0m tunnel1_bgp_asn                = (known after apply)
      [32m+[0m[0m tunnel1_bgp_holdtime           = (known after apply)
      [32m+[0m[0m tunnel1_cgw_inside_address     = (known after apply)
      [32m+[0m[0m tunnel1_inside_cidr            = (known after apply)
      [32m+[0m[0m tunnel1_inside_ipv6_cidr       = (known after apply)
      [32m+[0m[0m tunnel1_preshared_key          = (sensitive value)
      [32m+[0m[0m tunnel1_vgw_inside_address     = (known after apply)
      [32m+[0m[0m tunnel2_address                = (known after apply)
      [32m+[0m[0m tunnel2_bgp_asn                = (known after apply)
      [32m+[0m[0m tunnel2_bgp_holdtime           = (known after apply)
      [32m+[0m[0m tunnel2_cgw_inside_address     = (known after apply)
      [32m+[0m[0m tunnel2_inside_cidr            = (known after apply)
      [32m+[0m[0m tunnel2_inside_ipv6_cidr       = (known after apply)
      [32m+[0m[0m tunnel2_preshared_key          = (sensitive value)
      [32m+[0m[0m tunnel2_vgw_inside_address     = (known after apply)
      [32m+[0m[0m tunnel_inside_ip_version       = (known after apply)
      [32m+[0m[0m type                           = "ipsec.1"
      [32m+[0m[0m vgw_telemetry                  = (known after apply)
    }

[1m  # module.network.time_sleep.wait_for_tgw[0m will be created
[0m  [32m+[0m[0m resource "time_sleep" "wait_for_tgw" {
      [32m+[0m[0m create_duration = "180s"
      [32m+[0m[0m id              = (known after apply)
    }

[1m  # module.s3.aws_s3_bucket.this[0m will be created
[0m  [32m+[0m[0m resource "aws_s3_bucket" "this" {
      [32m+[0m[0m acceleration_status         = (known after apply)
      [32m+[0m[0m acl                         = (known after apply)
      [32m+[0m[0m arn                         = (known after apply)
      [32m+[0m[0m bucket                      = "y2om-my-origin-bucket-123456"
      [32m+[0m[0m bucket_domain_name          = (known after apply)
      [32m+[0m[0m bucket_prefix               = (known after apply)
      [32m+[0m[0m bucket_regional_domain_name = (known after apply)
      [32m+[0m[0m force_destroy               = false
      [32m+[0m[0m hosted_zone_id              = (known after apply)
      [32m+[0m[0m id                          = (known after apply)
      [32m+[0m[0m object_lock_enabled         = (known after apply)
      [32m+[0m[0m policy                      = (known after apply)
      [32m+[0m[0m region                      = (known after apply)
      [32m+[0m[0m request_payer               = (known after apply)
      [32m+[0m[0m tags_all                    = (known after apply)
      [32m+[0m[0m website_domain              = (known after apply)
      [32m+[0m[0m website_endpoint            = (known after apply)
    }

[1m  # module.s3.aws_s3_bucket_public_access_block.this[0m will be created
[0m  [32m+[0m[0m resource "aws_s3_bucket_public_access_block" "this" {
      [32m+[0m[0m block_public_acls       = true
      [32m+[0m[0m block_public_policy     = true
      [32m+[0m[0m bucket                  = (known after apply)
      [32m+[0m[0m id                      = (known after apply)
      [32m+[0m[0m ignore_public_acls      = true
      [32m+[0m[0m restrict_public_buckets = true
    }

[1m  # module.addons.module.alb_controller_irsa.data.aws_caller_identity.current[0m will be read during apply
  # (depends on a resource or a module with changes pending)
[0m [36m<=[0m[0m data "aws_caller_identity" "current" {
      [32m+[0m[0m account_id = (known after apply)
      [32m+[0m[0m arn        = (known after apply)
      [32m+[0m[0m id         = (known after apply)
      [32m+[0m[0m user_id    = (known after apply)
    }

[1m  # module.addons.module.alb_controller_irsa.data.aws_iam_policy_document.load_balancer_controller[0][0m will be read during apply
  # (config refers to values not yet known)
[0m [36m<=[0m[0m data "aws_iam_policy_document" "load_balancer_controller" {
      [32m+[0m[0m id            = (known after apply)
      [32m+[0m[0m json          = (known after apply)
      [32m+[0m[0m minified_json = (known after apply)

      [32m+[0m[0m statement {
          [32m+[0m[0m actions   = [
              [32m+[0m[0m "iam:CreateServiceLinkedRole",
            ]
          [32m+[0m[0m resources = [
              [32m+[0m[0m "*",
            ]

          [32m+[0m[0m condition {
              [32m+[0m[0m test     = "StringEquals"
              [32m+[0m[0m values   = [
                  [32m+[0m[0m (known after apply),
                ]
              [32m+[0m[0m variable = "iam:AWSServiceName"
            }
        }
      [32m+[0m[0m statement {
          [32m+[0m[0m actions   = [
              [32m+[0m[0m "ec2:DescribeAccountAttributes",
              [32m+[0m[0m "ec2:DescribeAddresses",
              [32m+[0m[0m "ec2:DescribeAvailabilityZones",
              [32m+[0m[0m "ec2:DescribeCoipPools",
              [32m+[0m[0m "ec2:DescribeInstances",
              [32m+[0m[0m "ec2:DescribeInternetGateways",
              [32m+[0m[0m "ec2:DescribeIpamPools",
              [32m+[0m[0m "ec2:DescribeNetworkInterfaces",
              [32m+[0m[0m "ec2:DescribeRouteTables",
              [32m+[0m[0m "ec2:DescribeSecurityGroups",
              [32m+[0m[0m "ec2:DescribeSubnets",
              [32m+[0m[0m "ec2:DescribeTags",
              [32m+[0m[0m "ec2:DescribeVpcPeeringConnections",
              [32m+[0m[0m "ec2:DescribeVpcs",
              [32m+[0m[0m "ec2:GetCoipPoolUsage",
              [32m+[0m[0m "ec2:GetSecurityGroupsForVpc",
              [32m+[0m[0m "elasticloadbalancing:DescribeCapacityReservation",
              [32m+[0m[0m "elasticloadbalancing:DescribeListenerAttributes",
              [32m+[0m[0m "elasticloadbalancing:DescribeListenerCertificates",
              [32m+[0m[0m "elasticloadbalancing:DescribeListeners",
              [32m+[0m[0m "elasticloadbalancing:DescribeLoadBalancerAttributes",
              [32m+[0m[0m "elasticloadbalancing:DescribeLoadBalancers",
              [32m+[0m[0m "elasticloadbalancing:DescribeRules",
              [32m+[0m[0m "elasticloadbalancing:DescribeSSLPolicies",
              [32m+[0m[0m "elasticloadbalancing:DescribeTags",
              [32m+[0m[0m "elasticloadbalancing:DescribeTargetGroupAttributes",
              [32m+[0m[0m "elasticloadbalancing:DescribeTargetGroups",
              [32m+[0m[0m "elasticloadbalancing:DescribeTargetHealth",
              [32m+[0m[0m "elasticloadbalancing:DescribeTrustStores",
            ]
          [32m+[0m[0m resources = [
              [32m+[0m[0m "*",
            ]
        }
      [32m+[0m[0m statement {
          [32m+[0m[0m actions   = [
              [32m+[0m[0m "acm:DescribeCertificate",
              [32m+[0m[0m "acm:ListCertificates",
              [32m+[0m[0m "cognito-idp:DescribeUserPoolClient",
              [32m+[0m[0m "iam:GetServerCertificate",
              [32m+[0m[0m "iam:ListServerCertificates",
              [32m+[0m[0m "shield:CreateProtection",
              [32m+[0m[0m "shield:DeleteProtection",
              [32m+[0m[0m "shield:DescribeProtection",
              [32m+[0m[0m "shield:GetSubscriptionState",
              [32m+[0m[0m "waf-regional:AssociateWebACL",
              [32m+[0m[0m "waf-regional:DisassociateWebACL",
              [32m+[0m[0m "waf-regional:GetWebACL",
              [32m+[0m[0m "waf-regional:GetWebACLForResource",
              [32m+[0m[0m "wafv2:AssociateWebACL",
              [32m+[0m[0m "wafv2:DisassociateWebACL",
              [32m+[0m[0m "wafv2:GetWebACL",
              [32m+[0m[0m "wafv2:GetWebACLForResource",
            ]
          [32m+[0m[0m resources = [
              [32m+[0m[0m "*",
            ]
        }
      [32m+[0m[0m statement {
          [32m+[0m[0m actions   = [
              [32m+[0m[0m "ec2:AuthorizeSecurityGroupIngress",
              [32m+[0m[0m "ec2:RevokeSecurityGroupIngress",
            ]
          [32m+[0m[0m resources = [
              [32m+[0m[0m "*",
            ]
        }
      [32m+[0m[0m statement {
          [32m+[0m[0m actions   = [
              [32m+[0m[0m "ec2:CreateSecurityGroup",
            ]
          [32m+[0m[0m resources = [
              [32m+[0m[0m "*",
            ]
        }
      [32m+[0m[0m statement {
          [32m+[0m[0m actions   = [
              [32m+[0m[0m "ec2:CreateTags",
            ]
          [32m+[0m[0m resources = [
              [32m+[0m[0m (known after apply),
            ]

          [32m+[0m[0m condition {
              [32m+[0m[0m test     = "Null"
              [32m+[0m[0m values   = [
                  [32m+[0m[0m "false",
                ]
              [32m+[0m[0m variable = "aws:RequestTag/elbv2.k8s.aws/cluster"
            }
          [32m+[0m[0m condition {
              [32m+[0m[0m test     = "StringEquals"
              [32m+[0m[0m values   = [
                  [32m+[0m[0m "CreateSecurityGroup",
                ]
              [32m+[0m[0m variable = "ec2:CreateAction"
            }
        }
      [32m+[0m[0m statement {
          [32m+[0m[0m actions   = [
              [32m+[0m[0m "ec2:CreateTags",
              [32m+[0m[0m "ec2:DeleteTags",
            ]
          [32m+[0m[0m resources = [
              [32m+[0m[0m (known after apply),
            ]

          [32m+[0m[0m condition {
              [32m+[0m[0m test     = "Null"
              [32m+[0m[0m values   = [
                  [32m+[0m[0m "false",
                ]
              [32m+[0m[0m variable = "aws:ResourceTag/elbv2.k8s.aws/cluster"
            }
          [32m+[0m[0m condition {
              [32m+[0m[0m test     = "Null"
              [32m+[0m[0m values   = [
                  [32m+[0m[0m "true",
                ]
              [32m+[0m[0m variable = "aws:RequestTag/elbv2.k8s.aws/cluster"
            }
        }
      [32m+[0m[0m statement {
          [32m+[0m[0m actions   = [
              [32m+[0m[0m "ec2:AuthorizeSecurityGroupIngress",
              [32m+[0m[0m "ec2:DeleteSecurityGroup",
              [32m+[0m[0m "ec2:RevokeSecurityGroupIngress",
            ]
          [32m+[0m[0m resources = [
              [32m+[0m[0m "*",
            ]

          [32m+[0m[0m condition {
              [32m+[0m[0m test     = "Null"
              [32m+[0m[0m values   = [
                  [32m+[0m[0m "false",
                ]
              [32m+[0m[0m variable = "aws:ResourceTag/elbv2.k8s.aws/cluster"
            }
        }
      [32m+[0m[0m statement {
          [32m+[0m[0m actions   = [
              [32m+[0m[0m "elasticloadbalancing:CreateLoadBalancer",
              [32m+[0m[0m "elasticloadbalancing:CreateTargetGroup",
            ]
          [32m+[0m[0m resources = [
              [32m+[0m[0m "*",
            ]

          [32m+[0m[0m condition {
              [32m+[0m[0m test     = "Null"
              [32m+[0m[0m values   = [
                  [32m+[0m[0m "false",
                ]
              [32m+[0m[0m variable = "aws:RequestTag/elbv2.k8s.aws/cluster"
            }
        }
      [32m+[0m[0m statement {
          [32m+[0m[0m actions   = [
              [32m+[0m[0m "elasticloadbalancing:CreateListener",
              [32m+[0m[0m "elasticloadbalancing:CreateRule",
              [32m+[0m[0m "elasticloadbalancing:DeleteListener",
              [32m+[0m[0m "elasticloadbalancing:DeleteRule",
            ]
          [32m+[0m[0m resources = [
              [32m+[0m[0m "*",
            ]
        }
      [32m+[0m[0m statement {
          [32m+[0m[0m actions   = [
              [32m+[0m[0m "elasticloadbalancing:AddTags",
              [32m+[0m[0m "elasticloadbalancing:RemoveTags",
            ]
          [32m+[0m[0m resources = [
              [32m+[0m[0m (known after apply),
              [32m+[0m[0m (known after apply),
              [32m+[0m[0m (known after apply),
            ]

          [32m+[0m[0m condition {
              [32m+[0m[0m test     = "Null"
              [32m+[0m[0m values   = [
                  [32m+[0m[0m "false",
                ]
              [32m+[0m[0m variable = "aws:ResourceTag/elbv2.k8s.aws/cluster"
            }
          [32m+[0m[0m condition {
              [32m+[0m[0m test     = "Null"
              [32m+[0m[0m values   = [
                  [32m+[0m[0m "true",
                ]
              [32m+[0m[0m variable = "aws:RequestTag/elbv2.k8s.aws/cluster"
            }
        }
      [32m+[0m[0m statement {
          [32m+[0m[0m actions   = [
              [32m+[0m[0m "elasticloadbalancing:AddTags",
              [32m+[0m[0m "elasticloadbalancing:RemoveTags",
            ]
          [32m+[0m[0m resources = [
              [32m+[0m[0m (known after apply),
              [32m+[0m[0m (known after apply),
              [32m+[0m[0m (known after apply),
              [32m+[0m[0m (known after apply),
            ]
        }
      [32m+[0m[0m statement {
          [32m+[0m[0m actions   = [
              [32m+[0m[0m "elasticloadbalancing:DeleteLoadBalancer",
              [32m+[0m[0m "elasticloadbalancing:DeleteTargetGroup",
              [32m+[0m[0m "elasticloadbalancing:ModifyCapacityReservation",
              [32m+[0m[0m "elasticloadbalancing:ModifyIpPools",
              [32m+[0m[0m "elasticloadbalancing:ModifyListenerAttributes",
              [32m+[0m[0m "elasticloadbalancing:ModifyLoadBalancerAttributes",
              [32m+[0m[0m "elasticloadbalancing:ModifyTargetGroup",
              [32m+[0m[0m "elasticloadbalancing:ModifyTargetGroupAttributes",
              [32m+[0m[0m "elasticloadbalancing:SetIpAddressType",
              [32m+[0m[0m "elasticloadbalancing:SetSecurityGroups",
              [32m+[0m[0m "elasticloadbalancing:SetSubnets",
            ]
          [32m+[0m[0m resources = [
              [32m+[0m[0m "*",
            ]

          [32m+[0m[0m condition {
              [32m+[0m[0m test     = "Null"
              [32m+[0m[0m values   = [
                  [32m+[0m[0m "false",
                ]
              [32m+[0m[0m variable = "aws:ResourceTag/elbv2.k8s.aws/cluster"
            }
        }
      [32m+[0m[0m statement {
          [32m+[0m[0m actions   = [
              [32m+[0m[0m "elasticloadbalancing:AddTags",
            ]
          [32m+[0m[0m resources = [
              [32m+[0m[0m (known after apply),
              [32m+[0m[0m (known after apply),
              [32m+[0m[0m (known after apply),
            ]

          [32m+[0m[0m condition {
              [32m+[0m[0m test     = "Null"
              [32m+[0m[0m values   = [
                  [32m+[0m[0m "false",
                ]
              [32m+[0m[0m variable = "aws:RequestTag/elbv2.k8s.aws/cluster"
            }
          [32m+[0m[0m condition {
              [32m+[0m[0m test     = "StringEquals"
              [32m+[0m[0m values   = [
                  [32m+[0m[0m "CreateTargetGroup",
                  [32m+[0m[0m "CreateLoadBalancer",
                ]
              [32m+[0m[0m variable = "elasticloadbalancing:CreateAction"
            }
        }
      [32m+[0m[0m statement {
          [32m+[0m[0m actions   = [
              [32m+[0m[0m "elasticloadbalancing:DeregisterTargets",
              [32m+[0m[0m "elasticloadbalancing:RegisterTargets",
            ]
          [32m+[0m[0m resources = [
              [32m+[0m[0m (known after apply),
            ]
        }
      [32m+[0m[0m statement {
          [32m+[0m[0m actions   = [
              [32m+[0m[0m "elasticloadbalancing:AddListenerCertificates",
              [32m+[0m[0m "elasticloadbalancing:ModifyListener",
              [32m+[0m[0m "elasticloadbalancing:ModifyRule",
              [32m+[0m[0m "elasticloadbalancing:RemoveListenerCertificates",
              [32m+[0m[0m "elasticloadbalancing:SetRulePriorities",
              [32m+[0m[0m "elasticloadbalancing:SetWebAcl",
            ]
          [32m+[0m[0m resources = [
              [32m+[0m[0m "*",
            ]
        }
    }

[1m  # module.addons.module.alb_controller_irsa.data.aws_iam_policy_document.this[0][0m will be read during apply
  # (config refers to values not yet known)
[0m [36m<=[0m[0m data "aws_iam_policy_document" "this" {
      [32m+[0m[0m id            = (known after apply)
      [32m+[0m[0m json          = (known after apply)
      [32m+[0m[0m minified_json = (known after apply)

      [32m+[0m[0m statement {
          [32m+[0m[0m actions = [
              [32m+[0m[0m "sts:AssumeRoleWithWebIdentity",
            ]
          [32m+[0m[0m effect  = "Allow"

          [32m+[0m[0m condition {
              [32m+[0m[0m test     = "StringEquals"
              [32m+[0m[0m values   = [
                  [32m+[0m[0m "sts.amazonaws.com",
                ]
              [32m+[0m[0m variable = (known after apply)
            }
          [32m+[0m[0m condition {
              [32m+[0m[0m test     = "StringEquals"
              [32m+[0m[0m values   = [
                  [32m+[0m[0m "system:serviceaccount:kube-system:aws-load-balancer-controller",
                ]
              [32m+[0m[0m variable = (known after apply)
            }

          [32m+[0m[0m principals {
              [32m+[0m[0m identifiers = [
                  [32m+[0m[0m (known after apply),
                ]
              [32m+[0m[0m type        = "Federated"
            }
        }
    }

[1m  # module.addons.module.alb_controller_irsa.data.aws_partition.current[0m will be read during apply
  # (depends on a resource or a module with changes pending)
[0m [36m<=[0m[0m data "aws_partition" "current" {
      [32m+[0m[0m dns_suffix         = (known after apply)
      [32m+[0m[0m id                 = (known after apply)
      [32m+[0m[0m partition          = (known after apply)
      [32m+[0m[0m reverse_dns_prefix = (known after apply)
    }

[1m  # module.addons.module.alb_controller_irsa.data.aws_region.current[0m will be read during apply
  # (depends on a resource or a module with changes pending)
[0m [36m<=[0m[0m data "aws_region" "current" {
      [32m+[0m[0m description = (known after apply)
      [32m+[0m[0m endpoint    = (known after apply)
      [32m+[0m[0m id          = (known after apply)
      [32m+[0m[0m name        = (known after apply)
    }

[1m  # module.addons.module.alb_controller_irsa.aws_iam_policy.load_balancer_controller[0][0m will be created
[0m  [32m+[0m[0m resource "aws_iam_policy" "load_balancer_controller" {
      [32m+[0m[0m arn              = (known after apply)
      [32m+[0m[0m attachment_count = (known after apply)
      [32m+[0m[0m description      = "Provides permissions for AWS Load Balancer Controller addon"
      [32m+[0m[0m id               = (known after apply)
      [32m+[0m[0m name             = (known after apply)
      [32m+[0m[0m name_prefix      = "AmazonEKS_AWS_Load_Balancer_Controller-"
      [32m+[0m[0m path             = "/"
      [32m+[0m[0m policy           = (known after apply)
      [32m+[0m[0m policy_id        = (known after apply)
      [32m+[0m[0m tags_all         = (known after apply)
    }

[1m  # module.addons.module.alb_controller_irsa.aws_iam_role.this[0][0m will be created
[0m  [32m+[0m[0m resource "aws_iam_role" "this" {
      [32m+[0m[0m arn                   = (known after apply)
      [32m+[0m[0m assume_role_policy    = (known after apply)
      [32m+[0m[0m create_date           = (known after apply)
      [32m+[0m[0m force_detach_policies = true
      [32m+[0m[0m id                    = (known after apply)
      [32m+[0m[0m managed_policy_arns   = (known after apply)
      [32m+[0m[0m max_session_duration  = 3600
      [32m+[0m[0m name                  = "y2om-alb-controller-irsa"
      [32m+[0m[0m name_prefix           = (known after apply)
      [32m+[0m[0m path                  = "/"
      [32m+[0m[0m tags_all              = (known after apply)
      [32m+[0m[0m unique_id             = (known after apply)
    }

[1m  # module.addons.module.alb_controller_irsa.aws_iam_role_policy_attachment.load_balancer_controller[0][0m will be created
[0m  [32m+[0m[0m resource "aws_iam_role_policy_attachment" "load_balancer_controller" {
      [32m+[0m[0m id         = (known after apply)
      [32m+[0m[0m policy_arn = (known after apply)
      [32m+[0m[0m role       = "y2om-alb-controller-irsa"
    }

[1m  # module.addons.module.alb_controller_irsa_oregon.data.aws_caller_identity.current[0m will be read during apply
  # (depends on a resource or a module with changes pending)
[0m [36m<=[0m[0m data "aws_caller_identity" "current" {
      [32m+[0m[0m account_id = (known after apply)
      [32m+[0m[0m arn        = (known after apply)
      [32m+[0m[0m id         = (known after apply)
      [32m+[0m[0m user_id    = (known after apply)
    }

[1m  # module.addons.module.alb_controller_irsa_oregon.data.aws_iam_policy_document.load_balancer_controller[0][0m will be read during apply
  # (config refers to values not yet known)
[0m [36m<=[0m[0m data "aws_iam_policy_document" "load_balancer_controller" {
      [32m+[0m[0m id            = (known after apply)
      [32m+[0m[0m json          = (known after apply)
      [32m+[0m[0m minified_json = (known after apply)

      [32m+[0m[0m statement {
          [32m+[0m[0m actions   = [
              [32m+[0m[0m "iam:CreateServiceLinkedRole",
            ]
          [32m+[0m[0m resources = [
              [32m+[0m[0m "*",
            ]

          [32m+[0m[0m condition {
              [32m+[0m[0m test     = "StringEquals"
              [32m+[0m[0m values   = [
                  [32m+[0m[0m (known after apply),
                ]
              [32m+[0m[0m variable = "iam:AWSServiceName"
            }
        }
      [32m+[0m[0m statement {
          [32m+[0m[0m actions   = [
              [32m+[0m[0m "ec2:DescribeAccountAttributes",
              [32m+[0m[0m "ec2:DescribeAddresses",
              [32m+[0m[0m "ec2:DescribeAvailabilityZones",
              [32m+[0m[0m "ec2:DescribeCoipPools",
              [32m+[0m[0m "ec2:DescribeInstances",
              [32m+[0m[0m "ec2:DescribeInternetGateways",
              [32m+[0m[0m "ec2:DescribeIpamPools",
              [32m+[0m[0m "ec2:DescribeNetworkInterfaces",
              [32m+[0m[0m "ec2:DescribeRouteTables",
              [32m+[0m[0m "ec2:DescribeSecurityGroups",
              [32m+[0m[0m "ec2:DescribeSubnets",
              [32m+[0m[0m "ec2:DescribeTags",
              [32m+[0m[0m "ec2:DescribeVpcPeeringConnections",
              [32m+[0m[0m "ec2:DescribeVpcs",
              [32m+[0m[0m "ec2:GetCoipPoolUsage",
              [32m+[0m[0m "ec2:GetSecurityGroupsForVpc",
              [32m+[0m[0m "elasticloadbalancing:DescribeCapacityReservation",
              [32m+[0m[0m "elasticloadbalancing:DescribeListenerAttributes",
              [32m+[0m[0m "elasticloadbalancing:DescribeListenerCertificates",
              [32m+[0m[0m "elasticloadbalancing:DescribeListeners",
              [32m+[0m[0m "elasticloadbalancing:DescribeLoadBalancerAttributes",
              [32m+[0m[0m "elasticloadbalancing:DescribeLoadBalancers",
              [32m+[0m[0m "elasticloadbalancing:DescribeRules",
              [32m+[0m[0m "elasticloadbalancing:DescribeSSLPolicies",
              [32m+[0m[0m "elasticloadbalancing:DescribeTags",
              [32m+[0m[0m "elasticloadbalancing:DescribeTargetGroupAttributes",
              [32m+[0m[0m "elasticloadbalancing:DescribeTargetGroups",
              [32m+[0m[0m "elasticloadbalancing:DescribeTargetHealth",
              [32m+[0m[0m "elasticloadbalancing:DescribeTrustStores",
            ]
          [32m+[0m[0m resources = [
              [32m+[0m[0m "*",
            ]
        }
      [32m+[0m[0m statement {
          [32m+[0m[0m actions   = [
              [32m+[0m[0m "acm:DescribeCertificate",
              [32m+[0m[0m "acm:ListCertificates",
              [32m+[0m[0m "cognito-idp:DescribeUserPoolClient",
              [32m+[0m[0m "iam:GetServerCertificate",
              [32m+[0m[0m "iam:ListServerCertificates",
              [32m+[0m[0m "shield:CreateProtection",
              [32m+[0m[0m "shield:DeleteProtection",
              [32m+[0m[0m "shield:DescribeProtection",
              [32m+[0m[0m "shield:GetSubscriptionState",
              [32m+[0m[0m "waf-regional:AssociateWebACL",
              [32m+[0m[0m "waf-regional:DisassociateWebACL",
              [32m+[0m[0m "waf-regional:GetWebACL",
              [32m+[0m[0m "waf-regional:GetWebACLForResource",
              [32m+[0m[0m "wafv2:AssociateWebACL",
              [32m+[0m[0m "wafv2:DisassociateWebACL",
              [32m+[0m[0m "wafv2:GetWebACL",
              [32m+[0m[0m "wafv2:GetWebACLForResource",
            ]
          [32m+[0m[0m resources = [
              [32m+[0m[0m "*",
            ]
        }
      [32m+[0m[0m statement {
          [32m+[0m[0m actions   = [
              [32m+[0m[0m "ec2:AuthorizeSecurityGroupIngress",
              [32m+[0m[0m "ec2:RevokeSecurityGroupIngress",
            ]
          [32m+[0m[0m resources = [
              [32m+[0m[0m "*",
            ]
        }
      [32m+[0m[0m statement {
          [32m+[0m[0m actions   = [
              [32m+[0m[0m "ec2:CreateSecurityGroup",
            ]
          [32m+[0m[0m resources = [
              [32m+[0m[0m "*",
            ]
        }
      [32m+[0m[0m statement {
          [32m+[0m[0m actions   = [
              [32m+[0m[0m "ec2:CreateTags",
            ]
          [32m+[0m[0m resources = [
              [32m+[0m[0m (known after apply),
            ]

          [32m+[0m[0m condition {
              [32m+[0m[0m test     = "Null"
              [32m+[0m[0m values   = [
                  [32m+[0m[0m "false",
                ]
              [32m+[0m[0m variable = "aws:RequestTag/elbv2.k8s.aws/cluster"
            }
          [32m+[0m[0m condition {
              [32m+[0m[0m test     = "StringEquals"
              [32m+[0m[0m values   = [
                  [32m+[0m[0m "CreateSecurityGroup",
                ]
              [32m+[0m[0m variable = "ec2:CreateAction"
            }
        }
      [32m+[0m[0m statement {
          [32m+[0m[0m actions   = [
              [32m+[0m[0m "ec2:CreateTags",
              [32m+[0m[0m "ec2:DeleteTags",
            ]
          [32m+[0m[0m resources = [
              [32m+[0m[0m (known after apply),
            ]

          [32m+[0m[0m condition {
              [32m+[0m[0m test     = "Null"
              [32m+[0m[0m values   = [
                  [32m+[0m[0m "false",
                ]
              [32m+[0m[0m variable = "aws:ResourceTag/elbv2.k8s.aws/cluster"
            }
          [32m+[0m[0m condition {
              [32m+[0m[0m test     = "Null"
              [32m+[0m[0m values   = [
                  [32m+[0m[0m "true",
                ]
              [32m+[0m[0m variable = "aws:RequestTag/elbv2.k8s.aws/cluster"
            }
        }
      [32m+[0m[0m statement {
          [32m+[0m[0m actions   = [
              [32m+[0m[0m "ec2:AuthorizeSecurityGroupIngress",
              [32m+[0m[0m "ec2:DeleteSecurityGroup",
              [32m+[0m[0m "ec2:RevokeSecurityGroupIngress",
            ]
          [32m+[0m[0m resources = [
              [32m+[0m[0m "*",
            ]

          [32m+[0m[0m condition {
              [32m+[0m[0m test     = "Null"
              [32m+[0m[0m values   = [
                  [32m+[0m[0m "false",
                ]
              [32m+[0m[0m variable = "aws:ResourceTag/elbv2.k8s.aws/cluster"
            }
        }
      [32m+[0m[0m statement {
          [32m+[0m[0m actions   = [
              [32m+[0m[0m "elasticloadbalancing:CreateLoadBalancer",
              [32m+[0m[0m "elasticloadbalancing:CreateTargetGroup",
            ]
          [32m+[0m[0m resources = [
              [32m+[0m[0m "*",
            ]

          [32m+[0m[0m condition {
              [32m+[0m[0m test     = "Null"
              [32m+[0m[0m values   = [
                  [32m+[0m[0m "false",
                ]
              [32m+[0m[0m variable = "aws:RequestTag/elbv2.k8s.aws/cluster"
            }
        }
      [32m+[0m[0m statement {
          [32m+[0m[0m actions   = [
              [32m+[0m[0m "elasticloadbalancing:CreateListener",
              [32m+[0m[0m "elasticloadbalancing:CreateRule",
              [32m+[0m[0m "elasticloadbalancing:DeleteListener",
              [32m+[0m[0m "elasticloadbalancing:DeleteRule",
            ]
          [32m+[0m[0m resources = [
              [32m+[0m[0m "*",
            ]
        }
      [32m+[0m[0m statement {
          [32m+[0m[0m actions   = [
              [32m+[0m[0m "elasticloadbalancing:AddTags",
              [32m+[0m[0m "elasticloadbalancing:RemoveTags",
            ]
          [32m+[0m[0m resources = [
              [32m+[0m[0m (known after apply),
              [32m+[0m[0m (known after apply),
              [32m+[0m[0m (known after apply),
            ]

          [32m+[0m[0m condition {
              [32m+[0m[0m test     = "Null"
              [32m+[0m[0m values   = [
                  [32m+[0m[0m "false",
                ]
              [32m+[0m[0m variable = "aws:ResourceTag/elbv2.k8s.aws/cluster"
            }
          [32m+[0m[0m condition {
              [32m+[0m[0m test     = "Null"
              [32m+[0m[0m values   = [
                  [32m+[0m[0m "true",
                ]
              [32m+[0m[0m variable = "aws:RequestTag/elbv2.k8s.aws/cluster"
            }
        }
      [32m+[0m[0m statement {
          [32m+[0m[0m actions   = [
              [32m+[0m[0m "elasticloadbalancing:AddTags",
              [32m+[0m[0m "elasticloadbalancing:RemoveTags",
            ]
          [32m+[0m[0m resources = [
              [32m+[0m[0m (known after apply),
              [32m+[0m[0m (known after apply),
              [32m+[0m[0m (known after apply),
              [32m+[0m[0m (known after apply),
            ]
        }
      [32m+[0m[0m statement {
          [32m+[0m[0m actions   = [
              [32m+[0m[0m "elasticloadbalancing:DeleteLoadBalancer",
              [32m+[0m[0m "elasticloadbalancing:DeleteTargetGroup",
              [32m+[0m[0m "elasticloadbalancing:ModifyCapacityReservation",
              [32m+[0m[0m "elasticloadbalancing:ModifyIpPools",
              [32m+[0m[0m "elasticloadbalancing:ModifyListenerAttributes",
              [32m+[0m[0m "elasticloadbalancing:ModifyLoadBalancerAttributes",
              [32m+[0m[0m "elasticloadbalancing:ModifyTargetGroup",
              [32m+[0m[0m "elasticloadbalancing:ModifyTargetGroupAttributes",
              [32m+[0m[0m "elasticloadbalancing:SetIpAddressType",
              [32m+[0m[0m "elasticloadbalancing:SetSecurityGroups",
              [32m+[0m[0m "elasticloadbalancing:SetSubnets",
            ]
          [32m+[0m[0m resources = [
              [32m+[0m[0m "*",
            ]

          [32m+[0m[0m condition {
              [32m+[0m[0m test     = "Null"
              [32m+[0m[0m values   = [
                  [32m+[0m[0m "false",
                ]
              [32m+[0m[0m variable = "aws:ResourceTag/elbv2.k8s.aws/cluster"
            }
        }
      [32m+[0m[0m statement {
          [32m+[0m[0m actions   = [
              [32m+[0m[0m "elasticloadbalancing:AddTags",
            ]
          [32m+[0m[0m resources = [
              [32m+[0m[0m (known after apply),
              [32m+[0m[0m (known after apply),
              [32m+[0m[0m (known after apply),
            ]

          [32m+[0m[0m condition {
              [32m+[0m[0m test     = "Null"
              [32m+[0m[0m values   = [
                  [32m+[0m[0m "false",
                ]
              [32m+[0m[0m variable = "aws:RequestTag/elbv2.k8s.aws/cluster"
            }
          [32m+[0m[0m condition {
              [32m+[0m[0m test     = "StringEquals"
              [32m+[0m[0m values   = [
                  [32m+[0m[0m "CreateTargetGroup",
                  [32m+[0m[0m "CreateLoadBalancer",
                ]
              [32m+[0m[0m variable = "elasticloadbalancing:CreateAction"
            }
        }
      [32m+[0m[0m statement {
          [32m+[0m[0m actions   = [
              [32m+[0m[0m "elasticloadbalancing:DeregisterTargets",
              [32m+[0m[0m "elasticloadbalancing:RegisterTargets",
            ]
          [32m+[0m[0m resources = [
              [32m+[0m[0m (known after apply),
            ]
        }
      [32m+[0m[0m statement {
          [32m+[0m[0m actions   = [
              [32m+[0m[0m "elasticloadbalancing:AddListenerCertificates",
              [32m+[0m[0m "elasticloadbalancing:ModifyListener",
              [32m+[0m[0m "elasticloadbalancing:ModifyRule",
              [32m+[0m[0m "elasticloadbalancing:RemoveListenerCertificates",
              [32m+[0m[0m "elasticloadbalancing:SetRulePriorities",
              [32m+[0m[0m "elasticloadbalancing:SetWebAcl",
            ]
          [32m+[0m[0m resources = [
              [32m+[0m[0m "*",
            ]
        }
    }

[1m  # module.addons.module.alb_controller_irsa_oregon.data.aws_iam_policy_document.this[0][0m will be read during apply
  # (config refers to values not yet known)
[0m [36m<=[0m[0m data "aws_iam_policy_document" "this" {
      [32m+[0m[0m id            = (known after apply)
      [32m+[0m[0m json          = (known after apply)
      [32m+[0m[0m minified_json = (known after apply)

      [32m+[0m[0m statement {
          [32m+[0m[0m actions = [
              [32m+[0m[0m "sts:AssumeRoleWithWebIdentity",
            ]
          [32m+[0m[0m effect  = "Allow"

          [32m+[0m[0m condition {
              [32m+[0m[0m test     = "StringEquals"
              [32m+[0m[0m values   = [
                  [32m+[0m[0m "sts.amazonaws.com",
                ]
              [32m+[0m[0m variable = (known after apply)
            }
          [32m+[0m[0m condition {
              [32m+[0m[0m test     = "StringEquals"
              [32m+[0m[0m values   = [
                  [32m+[0m[0m "system:serviceaccount:kube-system:aws-load-balancer-controller",
                ]
              [32m+[0m[0m variable = (known after apply)
            }

          [32m+[0m[0m principals {
              [32m+[0m[0m identifiers = [
                  [32m+[0m[0m (known after apply),
                ]
              [32m+[0m[0m type        = "Federated"
            }
        }
    }

[1m  # module.addons.module.alb_controller_irsa_oregon.data.aws_partition.current[0m will be read during apply
  # (depends on a resource or a module with changes pending)
[0m [36m<=[0m[0m data "aws_partition" "current" {
      [32m+[0m[0m dns_suffix         = (known after apply)
      [32m+[0m[0m id                 = (known after apply)
      [32m+[0m[0m partition          = (known after apply)
      [32m+[0m[0m reverse_dns_prefix = (known after apply)
    }

[1m  # module.addons.module.alb_controller_irsa_oregon.data.aws_region.current[0m will be read during apply
  # (depends on a resource or a module with changes pending)
[0m [36m<=[0m[0m data "aws_region" "current" {
      [32m+[0m[0m description = (known after apply)
      [32m+[0m[0m endpoint    = (known after apply)
      [32m+[0m[0m id          = (known after apply)
      [32m+[0m[0m name        = (known after apply)
    }

[1m  # module.addons.module.alb_controller_irsa_oregon.aws_iam_policy.load_balancer_controller[0][0m will be created
[0m  [32m+[0m[0m resource "aws_iam_policy" "load_balancer_controller" {
      [32m+[0m[0m arn              = (known after apply)
      [32m+[0m[0m attachment_count = (known after apply)
      [32m+[0m[0m description      = "Provides permissions for AWS Load Balancer Controller addon"
      [32m+[0m[0m id               = (known after apply)
      [32m+[0m[0m name             = (known after apply)
      [32m+[0m[0m name_prefix      = "AmazonEKS_AWS_Load_Balancer_Controller-"
      [32m+[0m[0m path             = "/"
      [32m+[0m[0m policy           = (known after apply)
      [32m+[0m[0m policy_id        = (known after apply)
      [32m+[0m[0m tags_all         = (known after apply)
    }

[1m  # module.addons.module.alb_controller_irsa_oregon.aws_iam_role.this[0][0m will be created
[0m  [32m+[0m[0m resource "aws_iam_role" "this" {
      [32m+[0m[0m arn                   = (known after apply)
      [32m+[0m[0m assume_role_policy    = (known after apply)
      [32m+[0m[0m create_date           = (known after apply)
      [32m+[0m[0m force_detach_policies = true
      [32m+[0m[0m id                    = (known after apply)
      [32m+[0m[0m managed_policy_arns   = (known after apply)
      [32m+[0m[0m max_session_duration  = 3600
      [32m+[0m[0m name                  = "y2om-alb-controller-irsa-oregon"
      [32m+[0m[0m name_prefix           = (known after apply)
      [32m+[0m[0m path                  = "/"
      [32m+[0m[0m tags_all              = (known after apply)
      [32m+[0m[0m unique_id             = (known after apply)
    }

[1m  # module.addons.module.alb_controller_irsa_oregon.aws_iam_role_policy_attachment.load_balancer_controller[0][0m will be created
[0m  [32m+[0m[0m resource "aws_iam_role_policy_attachment" "load_balancer_controller" {
      [32m+[0m[0m id         = (known after apply)
      [32m+[0m[0m policy_arn = (known after apply)
      [32m+[0m[0m role       = "y2om-alb-controller-irsa-oregon"
    }

[1m  # module.eks.module.cluster_autoscaler_irsa_oregon.data.aws_iam_policy_document.this[0][0m will be read during apply
  # (config refers to values not yet known)
[0m [36m<=[0m[0m data "aws_iam_policy_document" "this" {
      [32m+[0m[0m id            = (known after apply)
      [32m+[0m[0m json          = (known after apply)
      [32m+[0m[0m minified_json = (known after apply)

      [32m+[0m[0m statement {
          [32m+[0m[0m actions = [
              [32m+[0m[0m "sts:AssumeRoleWithWebIdentity",
            ]
          [32m+[0m[0m effect  = "Allow"

          [32m+[0m[0m condition {
              [32m+[0m[0m test     = "StringEquals"
              [32m+[0m[0m values   = [
                  [32m+[0m[0m "sts.amazonaws.com",
                ]
              [32m+[0m[0m variable = (known after apply)
            }
          [32m+[0m[0m condition {
              [32m+[0m[0m test     = "StringEquals"
              [32m+[0m[0m values   = [
                  [32m+[0m[0m "system:serviceaccount:kube-system:cluster-autoscaler",
                ]
              [32m+[0m[0m variable = (known after apply)
            }

          [32m+[0m[0m principals {
              [32m+[0m[0m identifiers = [
                  [32m+[0m[0m (known after apply),
                ]
              [32m+[0m[0m type        = "Federated"
            }
        }
    }

[1m  # module.eks.module.cluster_autoscaler_irsa_oregon.aws_iam_policy.cluster_autoscaler[0][0m will be created
[0m  [32m+[0m[0m resource "aws_iam_policy" "cluster_autoscaler" {
      [32m+[0m[0m arn              = (known after apply)
      [32m+[0m[0m attachment_count = (known after apply)
      [32m+[0m[0m description      = "Cluster autoscaler policy to allow examination and modification of EC2 Auto Scaling Groups"
      [32m+[0m[0m id               = (known after apply)
      [32m+[0m[0m name             = (known after apply)
      [32m+[0m[0m name_prefix      = "AmazonEKS_Cluster_Autoscaler_Policy-"
      [32m+[0m[0m path             = "/"
      [32m+[0m[0m policy           = jsonencode(
            {
              [32m+[0m[0m Statement = [
                  [32m+[0m[0m {
                      [32m+[0m[0m Action   = [
                          [32m+[0m[0m "eks:DescribeNodegroup",
                          [32m+[0m[0m "ec2:GetInstanceTypesFromInstanceRequirements",
                          [32m+[0m[0m "ec2:DescribeLaunchTemplateVersions",
                          [32m+[0m[0m "ec2:DescribeInstanceTypes",
                          [32m+[0m[0m "ec2:DescribeImages",
                          [32m+[0m[0m "autoscaling:DescribeTags",
                          [32m+[0m[0m "autoscaling:DescribeScalingActivities",
                          [32m+[0m[0m "autoscaling:DescribeLaunchConfigurations",
                          [32m+[0m[0m "autoscaling:DescribeAutoScalingInstances",
                          [32m+[0m[0m "autoscaling:DescribeAutoScalingGroups",
                        ]
                      [32m+[0m[0m Effect   = "Allow"
                      [32m+[0m[0m Resource = "*"
                    },
                  [32m+[0m[0m {
                      [32m+[0m[0m Action    = [
                          [32m+[0m[0m "autoscaling:TerminateInstanceInAutoScalingGroup",
                          [32m+[0m[0m "autoscaling:SetDesiredCapacity",
                        ]
                      [32m+[0m[0m Condition = {
                          [32m+[0m[0m StringEquals = {
                              [32m+[0m[0m "autoscaling:ResourceTag/kubernetes.io/cluster/y2om-formation-lap-oregon" = "owned"
                            }
                        }
                      [32m+[0m[0m Effect    = "Allow"
                      [32m+[0m[0m Resource  = "*"
                    },
                ]
              [32m+[0m[0m Version   = "2012-10-17"
            }
        )
      [32m+[0m[0m policy_id        = (known after apply)
      [32m+[0m[0m tags_all         = (known after apply)
    }

[1m  # module.eks.module.cluster_autoscaler_irsa_oregon.aws_iam_role.this[0][0m will be created
[0m  [32m+[0m[0m resource "aws_iam_role" "this" {
      [32m+[0m[0m arn                   = (known after apply)
      [32m+[0m[0m assume_role_policy    = (known after apply)
      [32m+[0m[0m create_date           = (known after apply)
      [32m+[0m[0m force_detach_policies = true
      [32m+[0m[0m id                    = (known after apply)
      [32m+[0m[0m managed_policy_arns   = (known after apply)
      [32m+[0m[0m max_session_duration  = 3600
      [32m+[0m[0m name                  = "y2om-eks-autoscaler-irsa-oregon"
      [32m+[0m[0m name_prefix           = (known after apply)
      [32m+[0m[0m path                  = "/"
      [32m+[0m[0m tags_all              = (known after apply)
      [32m+[0m[0m unique_id             = (known after apply)
    }

[1m  # module.eks.module.cluster_autoscaler_irsa_oregon.aws_iam_role_policy_attachment.cluster_autoscaler[0][0m will be created
[0m  [32m+[0m[0m resource "aws_iam_role_policy_attachment" "cluster_autoscaler" {
      [32m+[0m[0m id         = (known after apply)
      [32m+[0m[0m policy_arn = (known after apply)
      [32m+[0m[0m role       = "y2om-eks-autoscaler-irsa-oregon"
    }

[1m  # module.eks.module.cluster_autoscaler_irsa_seoul.data.aws_iam_policy_document.this[0][0m will be read during apply
  # (config refers to values not yet known)
[0m [36m<=[0m[0m data "aws_iam_policy_document" "this" {
      [32m+[0m[0m id            = (known after apply)
      [32m+[0m[0m json          = (known after apply)
      [32m+[0m[0m minified_json = (known after apply)

      [32m+[0m[0m statement {
          [32m+[0m[0m actions = [
              [32m+[0m[0m "sts:AssumeRoleWithWebIdentity",
            ]
          [32m+[0m[0m effect  = "Allow"

          [32m+[0m[0m condition {
              [32m+[0m[0m test     = "StringEquals"
              [32m+[0m[0m values   = [
                  [32m+[0m[0m "sts.amazonaws.com",
                ]
              [32m+[0m[0m variable = (known after apply)
            }
          [32m+[0m[0m condition {
              [32m+[0m[0m test     = "StringEquals"
              [32m+[0m[0m values   = [
                  [32m+[0m[0m "system:serviceaccount:kube-system:cluster-autoscaler",
                ]
              [32m+[0m[0m variable = (known after apply)
            }

          [32m+[0m[0m principals {
              [32m+[0m[0m identifiers = [
                  [32m+[0m[0m (known after apply),
                ]
              [32m+[0m[0m type        = "Federated"
            }
        }
    }

[1m  # module.eks.module.cluster_autoscaler_irsa_seoul.aws_iam_policy.cluster_autoscaler[0][0m will be created
[0m  [32m+[0m[0m resource "aws_iam_policy" "cluster_autoscaler" {
      [32m+[0m[0m arn              = (known after apply)
      [32m+[0m[0m attachment_count = (known after apply)
      [32m+[0m[0m description      = "Cluster autoscaler policy to allow examination and modification of EC2 Auto Scaling Groups"
      [32m+[0m[0m id               = (known after apply)
      [32m+[0m[0m name             = (known after apply)
      [32m+[0m[0m name_prefix      = "AmazonEKS_Cluster_Autoscaler_Policy-"
      [32m+[0m[0m path             = "/"
      [32m+[0m[0m policy           = jsonencode(
            {
              [32m+[0m[0m Statement = [
                  [32m+[0m[0m {
                      [32m+[0m[0m Action   = [
                          [32m+[0m[0m "eks:DescribeNodegroup",
                          [32m+[0m[0m "ec2:GetInstanceTypesFromInstanceRequirements",
                          [32m+[0m[0m "ec2:DescribeLaunchTemplateVersions",
                          [32m+[0m[0m "ec2:DescribeInstanceTypes",
                          [32m+[0m[0m "ec2:DescribeImages",
                          [32m+[0m[0m "autoscaling:DescribeTags",
                          [32m+[0m[0m "autoscaling:DescribeScalingActivities",
                          [32m+[0m[0m "autoscaling:DescribeLaunchConfigurations",
                          [32m+[0m[0m "autoscaling:DescribeAutoScalingInstances",
                          [32m+[0m[0m "autoscaling:DescribeAutoScalingGroups",
                        ]
                      [32m+[0m[0m Effect   = "Allow"
                      [32m+[0m[0m Resource = "*"
                    },
                  [32m+[0m[0m {
                      [32m+[0m[0m Action    = [
                          [32m+[0m[0m "autoscaling:TerminateInstanceInAutoScalingGroup",
                          [32m+[0m[0m "autoscaling:SetDesiredCapacity",
                        ]
                      [32m+[0m[0m Condition = {
                          [32m+[0m[0m StringEquals = {
                              [32m+[0m[0m "autoscaling:ResourceTag/kubernetes.io/cluster/y2om-formation-lap-seoul" = "owned"
                            }
                        }
                      [32m+[0m[0m Effect    = "Allow"
                      [32m+[0m[0m Resource  = "*"
                    },
                ]
              [32m+[0m[0m Version   = "2012-10-17"
            }
        )
      [32m+[0m[0m policy_id        = (known after apply)
      [32m+[0m[0m tags_all         = (known after apply)
    }

[1m  # module.eks.module.cluster_autoscaler_irsa_seoul.aws_iam_role.this[0][0m will be created
[0m  [32m+[0m[0m resource "aws_iam_role" "this" {
      [32m+[0m[0m arn                   = (known after apply)
      [32m+[0m[0m assume_role_policy    = (known after apply)
      [32m+[0m[0m create_date           = (known after apply)
      [32m+[0m[0m force_detach_policies = true
      [32m+[0m[0m id                    = (known after apply)
      [32m+[0m[0m managed_policy_arns   = (known after apply)
      [32m+[0m[0m max_session_duration  = 3600
      [32m+[0m[0m name                  = "y2om-eks-autoscaler-irsa-seoul"
      [32m+[0m[0m name_prefix           = (known after apply)
      [32m+[0m[0m path                  = "/"
      [32m+[0m[0m tags_all              = (known after apply)
      [32m+[0m[0m unique_id             = (known after apply)
    }

[1m  # module.eks.module.cluster_autoscaler_irsa_seoul.aws_iam_role_policy_attachment.cluster_autoscaler[0][0m will be created
[0m  [32m+[0m[0m resource "aws_iam_role_policy_attachment" "cluster_autoscaler" {
      [32m+[0m[0m id         = (known after apply)
      [32m+[0m[0m policy_arn = (known after apply)
      [32m+[0m[0m role       = "y2om-eks-autoscaler-irsa-seoul"
    }

[1m  # module.eks.module.eks_oregon.data.tls_certificate.this[0][0m will be read during apply
  # (config refers to values not yet known)
[0m [36m<=[0m[0m data "tls_certificate" "this" {
      [32m+[0m[0m certificates = (known after apply)
      [32m+[0m[0m id           = (known after apply)
      [32m+[0m[0m url          = (known after apply)
    }

[1m  # module.eks.module.eks_oregon.aws_cloudwatch_log_group.this[0][0m will be created
[0m  [32m+[0m[0m resource "aws_cloudwatch_log_group" "this" {
      [32m+[0m[0m arn               = (known after apply)
      [32m+[0m[0m id                = (known after apply)
      [32m+[0m[0m log_group_class   = (known after apply)
      [32m+[0m[0m name              = "/aws/eks/y2om-formation-lap-oregon/cluster"
      [32m+[0m[0m name_prefix       = (known after apply)
      [32m+[0m[0m retention_in_days = 90
      [32m+[0m[0m skip_destroy      = false
      [32m+[0m[0m tags              = {
          [32m+[0m[0m "Name" = "/aws/eks/y2om-formation-lap-oregon/cluster"
        }
      [32m+[0m[0m tags_all          = {
          [32m+[0m[0m "Name" = "/aws/eks/y2om-formation-lap-oregon/cluster"
        }
    }

[1m  # module.eks.module.eks_oregon.aws_eks_cluster.this[0][0m will be created
[0m  [32m+[0m[0m resource "aws_eks_cluster" "this" {
      [32m+[0m[0m arn                           = (known after apply)
      [32m+[0m[0m bootstrap_self_managed_addons = true
      [32m+[0m[0m certificate_authority         = (known after apply)
      [32m+[0m[0m cluster_id                    = (known after apply)
      [32m+[0m[0m created_at                    = (known after apply)
      [32m+[0m[0m enabled_cluster_log_types     = [
          [32m+[0m[0m "api",
          [32m+[0m[0m "audit",
          [32m+[0m[0m "authenticator",
        ]
      [32m+[0m[0m endpoint                      = (known after apply)
      [32m+[0m[0m id                            = (known after apply)
      [32m+[0m[0m identity                      = (known after apply)
      [32m+[0m[0m name                          = "y2om-formation-lap-oregon"
      [32m+[0m[0m platform_version              = (known after apply)
      [32m+[0m[0m role_arn                      = (known after apply)
      [32m+[0m[0m status                        = (known after apply)
      [32m+[0m[0m tags                          = {
          [32m+[0m[0m "terraform-aws-modules" = "eks"
        }
      [32m+[0m[0m tags_all                      = {
          [32m+[0m[0m "terraform-aws-modules" = "eks"
        }
      [32m+[0m[0m version                       = "1.34"

      [32m+[0m[0m access_config {
          [32m+[0m[0m authentication_mode                         = "API_AND_CONFIG_MAP"
          [32m+[0m[0m bootstrap_cluster_creator_admin_permissions = false
        }

      [32m+[0m[0m encryption_config {
          [32m+[0m[0m resources = [
              [32m+[0m[0m "secrets",
            ]

          [32m+[0m[0m provider {
              [32m+[0m[0m key_arn = (known after apply)
            }
        }

      [32m+[0m[0m kubernetes_network_config {
          [32m+[0m[0m ip_family         = "ipv4"
          [32m+[0m[0m service_ipv4_cidr = (known after apply)
          [32m+[0m[0m service_ipv6_cidr = (known after apply)
        }

      [32m+[0m[0m timeouts {}

      [32m+[0m[0m vpc_config {
          [32m+[0m[0m cluster_security_group_id = (known after apply)
          [32m+[0m[0m endpoint_private_access   = true
          [32m+[0m[0m endpoint_public_access    = true
          [32m+[0m[0m public_access_cidrs       = [
              [32m+[0m[0m "175.192.170.212/32",
            ]
          [32m+[0m[0m security_group_ids        = (known after apply)
          [32m+[0m[0m subnet_ids                = (known after apply)
          [32m+[0m[0m vpc_id                    = (known after apply)
        }
    }

[1m  # module.eks.module.eks_oregon.aws_iam_openid_connect_provider.oidc_provider[0][0m will be created
[0m  [32m+[0m[0m resource "aws_iam_openid_connect_provider" "oidc_provider" {
      [32m+[0m[0m arn             = (known after apply)
      [32m+[0m[0m client_id_list  = [
          [32m+[0m[0m "sts.amazonaws.com",
        ]
      [32m+[0m[0m id              = (known after apply)
      [32m+[0m[0m tags            = {
          [32m+[0m[0m "Name" = "y2om-formation-lap-oregon-eks-irsa"
        }
      [32m+[0m[0m tags_all        = {
          [32m+[0m[0m "Name" = "y2om-formation-lap-oregon-eks-irsa"
        }
      [32m+[0m[0m thumbprint_list = (known after apply)
      [32m+[0m[0m url             = (known after apply)
    }

[1m  # module.eks.module.eks_oregon.aws_iam_policy.cluster_encryption[0][0m will be created
[0m  [32m+[0m[0m resource "aws_iam_policy" "cluster_encryption" {
      [32m+[0m[0m arn              = (known after apply)
      [32m+[0m[0m attachment_count = (known after apply)
      [32m+[0m[0m description      = "Cluster encryption policy to allow cluster role to utilize CMK provided"
      [32m+[0m[0m id               = (known after apply)
      [32m+[0m[0m name             = (known after apply)
      [32m+[0m[0m name_prefix      = "y2om-formation-lap-oregon-cluster-ClusterEncryption"
      [32m+[0m[0m path             = "/"
      [32m+[0m[0m policy           = (known after apply)
      [32m+[0m[0m policy_id        = (known after apply)
      [32m+[0m[0m tags_all         = (known after apply)
    }

[1m  # module.eks.module.eks_oregon.aws_iam_policy.custom[0][0m will be created
[0m  [32m+[0m[0m resource "aws_iam_policy" "custom" {
      [32m+[0m[0m arn              = (known after apply)
      [32m+[0m[0m attachment_count = (known after apply)
      [32m+[0m[0m id               = (known after apply)
      [32m+[0m[0m name             = (known after apply)
      [32m+[0m[0m name_prefix      = "y2om-formation-lap-oregon-cluster-"
      [32m+[0m[0m path             = "/"
      [32m+[0m[0m policy           = jsonencode(
            {
              [32m+[0m[0m Statement = [
                  [32m+[0m[0m {
                      [32m+[0m[0m Action    = [
                          [32m+[0m[0m "ec2:RunInstances",
                          [32m+[0m[0m "ec2:CreateLaunchTemplate",
                          [32m+[0m[0m "ec2:CreateFleet",
                        ]
                      [32m+[0m[0m Condition = {
                          [32m+[0m[0m StringEquals = {
                              [32m+[0m[0m "aws:RequestTag/eks:eks-cluster-name" = "${aws:PrincipalTag/eks:eks-cluster-name}"
                            }
                          [32m+[0m[0m StringLike   = {
                              [32m+[0m[0m "aws:RequestTag/eks:kubernetes-node-class-name" = "*"
                              [32m+[0m[0m "aws:RequestTag/eks:kubernetes-node-pool-name"  = "*"
                            }
                        }
                      [32m+[0m[0m Effect    = "Allow"
                      [32m+[0m[0m Resource  = "*"
                      [32m+[0m[0m Sid       = "Compute"
                    },
                  [32m+[0m[0m {
                      [32m+[0m[0m Action    = [
                          [32m+[0m[0m "ec2:CreateVolume",
                          [32m+[0m[0m "ec2:CreateSnapshot",
                        ]
                      [32m+[0m[0m Condition = {
                          [32m+[0m[0m StringEquals = {
                              [32m+[0m[0m "aws:RequestTag/eks:eks-cluster-name" = "${aws:PrincipalTag/eks:eks-cluster-name}"
                            }
                        }
                      [32m+[0m[0m Effect    = "Allow"
                      [32m+[0m[0m Resource  = [
                          [32m+[0m[0m "arn:aws:ec2:*:*:volume/*",
                          [32m+[0m[0m "arn:aws:ec2:*:*:snapshot/*",
                        ]
                      [32m+[0m[0m Sid       = "Storage"
                    },
                  [32m+[0m[0m {
                      [32m+[0m[0m Action    = "ec2:CreateNetworkInterface"
                      [32m+[0m[0m Condition = {
                          [32m+[0m[0m StringEquals = {
                              [32m+[0m[0m "aws:RequestTag/eks:eks-cluster-name"         = "${aws:PrincipalTag/eks:eks-cluster-name}"
                              [32m+[0m[0m "aws:RequestTag/eks:kubernetes-cni-node-name" = "*"
                            }
                        }
                      [32m+[0m[0m Effect    = "Allow"
                      [32m+[0m[0m Resource  = "*"
                      [32m+[0m[0m Sid       = "Networking"
                    },
                  [32m+[0m[0m {
                      [32m+[0m[0m Action    = [
                          [32m+[0m[0m "elasticloadbalancing:CreateTargetGroup",
                          [32m+[0m[0m "elasticloadbalancing:CreateRule",
                          [32m+[0m[0m "elasticloadbalancing:CreateLoadBalancer",
                          [32m+[0m[0m "elasticloadbalancing:CreateListener",
                          [32m+[0m[0m "ec2:CreateSecurityGroup",
                        ]
                      [32m+[0m[0m Condition = {
                          [32m+[0m[0m StringEquals = {
                              [32m+[0m[0m "aws:RequestTag/eks:eks-cluster-name" = "${aws:PrincipalTag/eks:eks-cluster-name}"
                            }
                        }
                      [32m+[0m[0m Effect    = "Allow"
                      [32m+[0m[0m Resource  = "*"
                      [32m+[0m[0m Sid       = "LoadBalancer"
                    },
                  [32m+[0m[0m {
                      [32m+[0m[0m Action    = "shield:CreateProtection"
                      [32m+[0m[0m Condition = {
                          [32m+[0m[0m StringEquals = {
                              [32m+[0m[0m "aws:RequestTag/eks:eks-cluster-name" = "${aws:PrincipalTag/eks:eks-cluster-name}"
                            }
                        }
                      [32m+[0m[0m Effect    = "Allow"
                      [32m+[0m[0m Resource  = "*"
                      [32m+[0m[0m Sid       = "ShieldProtection"
                    },
                  [32m+[0m[0m {
                      [32m+[0m[0m Action    = "shield:TagResource"
                      [32m+[0m[0m Condition = {
                          [32m+[0m[0m StringEquals = {
                              [32m+[0m[0m "aws:RequestTag/eks:eks-cluster-name" = "${aws:PrincipalTag/eks:eks-cluster-name}"
                            }
                        }
                      [32m+[0m[0m Effect    = "Allow"
                      [32m+[0m[0m Resource  = "arn:aws:shield::*:protection/*"
                      [32m+[0m[0m Sid       = "ShieldTagResource"
                    },
                ]
              [32m+[0m[0m Version   = "2012-10-17"
            }
        )
      [32m+[0m[0m policy_id        = (known after apply)
      [32m+[0m[0m tags_all         = (known after apply)
    }

[1m  # module.eks.module.eks_oregon.aws_iam_role.this[0][0m will be created
[0m  [32m+[0m[0m resource "aws_iam_role" "this" {
      [32m+[0m[0m arn                   = (known after apply)
      [32m+[0m[0m assume_role_policy    = jsonencode(
            {
              [32m+[0m[0m Statement = [
                  [32m+[0m[0m {
                      [32m+[0m[0m Action    = [
                          [32m+[0m[0m "sts:TagSession",
                          [32m+[0m[0m "sts:AssumeRole",
                        ]
                      [32m+[0m[0m Effect    = "Allow"
                      [32m+[0m[0m Principal = {
                          [32m+[0m[0m Service = "eks.amazonaws.com"
                        }
                      [32m+[0m[0m Sid       = "EKSClusterAssumeRole"
                    },
                ]
              [32m+[0m[0m Version   = "2012-10-17"
            }
        )
      [32m+[0m[0m create_date           = (known after apply)
      [32m+[0m[0m force_detach_policies = true
      [32m+[0m[0m id                    = (known after apply)
      [32m+[0m[0m managed_policy_arns   = (known after apply)
      [32m+[0m[0m max_session_duration  = 3600
      [32m+[0m[0m name                  = (known after apply)
      [32m+[0m[0m name_prefix           = "y2om-formation-lap-oregon-cluster-"
      [32m+[0m[0m path                  = "/"
      [32m+[0m[0m tags_all              = (known after apply)
      [32m+[0m[0m unique_id             = (known after apply)
    }

[1m  # module.eks.module.eks_oregon.aws_iam_role_policy_attachment.cluster_encryption[0][0m will be created
[0m  [32m+[0m[0m resource "aws_iam_role_policy_attachment" "cluster_encryption" {
      [32m+[0m[0m id         = (known after apply)
      [32m+[0m[0m policy_arn = (known after apply)
      [32m+[0m[0m role       = (known after apply)
    }

[1m  # module.eks.module.eks_oregon.aws_iam_role_policy_attachment.custom[0][0m will be created
[0m  [32m+[0m[0m resource "aws_iam_role_policy_attachment" "custom" {
      [32m+[0m[0m id         = (known after apply)
      [32m+[0m[0m policy_arn = (known after apply)
      [32m+[0m[0m role       = (known after apply)
    }

[1m  # module.eks.module.eks_oregon.aws_iam_role_policy_attachment.this["AmazonEKSClusterPolicy"][0m will be created
[0m  [32m+[0m[0m resource "aws_iam_role_policy_attachment" "this" {
      [32m+[0m[0m id         = (known after apply)
      [32m+[0m[0m policy_arn = "arn:aws:iam::aws:policy/AmazonEKSClusterPolicy"
      [32m+[0m[0m role       = (known after apply)
    }

[1m  # module.eks.module.eks_oregon.aws_iam_role_policy_attachment.this["AmazonEKSVPCResourceController"][0m will be created
[0m  [32m+[0m[0m resource "aws_iam_role_policy_attachment" "this" {
      [32m+[0m[0m id         = (known after apply)
      [32m+[0m[0m policy_arn = "arn:aws:iam::aws:policy/AmazonEKSVPCResourceController"
      [32m+[0m[0m role       = (known after apply)
    }

[1m  # module.eks.module.eks_oregon.aws_security_group.cluster[0][0m will be created
[0m  [32m+[0m[0m resource "aws_security_group" "cluster" {
      [32m+[0m[0m arn                    = (known after apply)
      [32m+[0m[0m description            = "EKS cluster security group"
      [32m+[0m[0m egress                 = (known after apply)
      [32m+[0m[0m id                     = (known after apply)
      [32m+[0m[0m ingress                = (known after apply)
      [32m+[0m[0m name                   = (known after apply)
      [32m+[0m[0m name_prefix            = "y2om-formation-lap-oregon-cluster-"
      [32m+[0m[0m owner_id               = (known after apply)
      [32m+[0m[0m revoke_rules_on_delete = false
      [32m+[0m[0m tags                   = {
          [32m+[0m[0m "Name" = "y2om-formation-lap-oregon-cluster"
        }
      [32m+[0m[0m tags_all               = {
          [32m+[0m[0m "Name" = "y2om-formation-lap-oregon-cluster"
        }
      [32m+[0m[0m vpc_id                 = (known after apply)
    }

[1m  # module.eks.module.eks_oregon.aws_security_group.node[0][0m will be created
[0m  [32m+[0m[0m resource "aws_security_group" "node" {
      [32m+[0m[0m arn                    = (known after apply)
      [32m+[0m[0m description            = "EKS node shared security group"
      [32m+[0m[0m egress                 = (known after apply)
      [32m+[0m[0m id                     = (known after apply)
      [32m+[0m[0m ingress                = (known after apply)
      [32m+[0m[0m name                   = (known after apply)
      [32m+[0m[0m name_prefix            = "y2om-formation-lap-oregon-node-"
      [32m+[0m[0m owner_id               = (known after apply)
      [32m+[0m[0m revoke_rules_on_delete = false
      [32m+[0m[0m tags                   = {
          [32m+[0m[0m "Name"                                            = "y2om-formation-lap-oregon-node"
          [32m+[0m[0m "kubernetes.io/cluster/y2om-formation-lap-oregon" = "owned"
        }
      [32m+[0m[0m tags_all               = {
          [32m+[0m[0m "Name"                                            = "y2om-formation-lap-oregon-node"
          [32m+[0m[0m "kubernetes.io/cluster/y2om-formation-lap-oregon" = "owned"
        }
      [32m+[0m[0m vpc_id                 = (known after apply)
    }

[1m  # module.eks.module.eks_oregon.aws_security_group_rule.cluster["ingress_nodes_443"][0m will be created
[0m  [32m+[0m[0m resource "aws_security_group_rule" "cluster" {
      [32m+[0m[0m description              = "Node groups to cluster API"
      [32m+[0m[0m from_port                = 443
      [32m+[0m[0m id                       = (known after apply)
      [32m+[0m[0m protocol                 = "tcp"
      [32m+[0m[0m security_group_id        = (known after apply)
      [32m+[0m[0m security_group_rule_id   = (known after apply)
      [32m+[0m[0m self                     = false
      [32m+[0m[0m source_security_group_id = (known after apply)
      [32m+[0m[0m to_port                  = 443
      [32m+[0m[0m type                     = "ingress"
    }

[1m  # module.eks.module.eks_oregon.aws_security_group_rule.node["egress_all"][0m will be created
[0m  [32m+[0m[0m resource "aws_security_group_rule" "node" {
      [32m+[0m[0m cidr_blocks              = [
          [32m+[0m[0m "0.0.0.0/0",
        ]
      [32m+[0m[0m description              = "Allow all egress"
      [32m+[0m[0m from_port                = 0
      [32m+[0m[0m id                       = (known after apply)
      [32m+[0m[0m prefix_list_ids          = []
      [32m+[0m[0m protocol                 = "-1"
      [32m+[0m[0m security_group_id        = (known after apply)
      [32m+[0m[0m security_group_rule_id   = (known after apply)
      [32m+[0m[0m self                     = false
      [32m+[0m[0m source_security_group_id = (known after apply)
      [32m+[0m[0m to_port                  = 0
      [32m+[0m[0m type                     = "egress"
    }

[1m  # module.eks.module.eks_oregon.aws_security_group_rule.node["ingress_cluster_443"][0m will be created
[0m  [32m+[0m[0m resource "aws_security_group_rule" "node" {
      [32m+[0m[0m description              = "Cluster API to node groups"
      [32m+[0m[0m from_port                = 443
      [32m+[0m[0m id                       = (known after apply)
      [32m+[0m[0m prefix_list_ids          = []
      [32m+[0m[0m protocol                 = "tcp"
      [32m+[0m[0m security_group_id        = (known after apply)
      [32m+[0m[0m security_group_rule_id   = (known after apply)
      [32m+[0m[0m self                     = false
      [32m+[0m[0m source_security_group_id = (known after apply)
      [32m+[0m[0m to_port                  = 443
      [32m+[0m[0m type                     = "ingress"
    }

[1m  # module.eks.module.eks_oregon.aws_security_group_rule.node["ingress_cluster_4443_webhook"][0m will be created
[0m  [32m+[0m[0m resource "aws_security_group_rule" "node" {
      [32m+[0m[0m description              = "Cluster API to node 4443/tcp webhook"
      [32m+[0m[0m from_port                = 4443
      [32m+[0m[0m id                       = (known after apply)
      [32m+[0m[0m prefix_list_ids          = []
      [32m+[0m[0m protocol                 = "tcp"
      [32m+[0m[0m security_group_id        = (known after apply)
      [32m+[0m[0m security_group_rule_id   = (known after apply)
      [32m+[0m[0m self                     = false
      [32m+[0m[0m source_security_group_id = (known after apply)
      [32m+[0m[0m to_port                  = 4443
      [32m+[0m[0m type                     = "ingress"
    }

[1m  # module.eks.module.eks_oregon.aws_security_group_rule.node["ingress_cluster_6443_webhook"][0m will be created
[0m  [32m+[0m[0m resource "aws_security_group_rule" "node" {
      [32m+[0m[0m description              = "Cluster API to node 6443/tcp webhook"
      [32m+[0m[0m from_port                = 6443
      [32m+[0m[0m id                       = (known after apply)
      [32m+[0m[0m prefix_list_ids          = []
      [32m+[0m[0m protocol                 = "tcp"
      [32m+[0m[0m security_group_id        = (known after apply)
      [32m+[0m[0m security_group_rule_id   = (known after apply)
      [32m+[0m[0m self                     = false
      [32m+[0m[0m source_security_group_id = (known after apply)
      [32m+[0m[0m to_port                  = 6443
      [32m+[0m[0m type                     = "ingress"
    }

[1m  # module.eks.module.eks_oregon.aws_security_group_rule.node["ingress_cluster_8443_webhook"][0m will be created
[0m  [32m+[0m[0m resource "aws_security_group_rule" "node" {
      [32m+[0m[0m description              = "Cluster API to node 8443/tcp webhook"
      [32m+[0m[0m from_port                = 8443
      [32m+[0m[0m id                       = (known after apply)
      [32m+[0m[0m prefix_list_ids          = []
      [32m+[0m[0m protocol                 = "tcp"
      [32m+[0m[0m security_group_id        = (known after apply)
      [32m+[0m[0m security_group_rule_id   = (known after apply)
      [32m+[0m[0m self                     = false
      [32m+[0m[0m source_security_group_id = (known after apply)
      [32m+[0m[0m to_port                  = 8443
      [32m+[0m[0m type                     = "ingress"
    }

[1m  # module.eks.module.eks_oregon.aws_security_group_rule.node["ingress_cluster_9443_webhook"][0m will be created
[0m  [32m+[0m[0m resource "aws_security_group_rule" "node" {
      [32m+[0m[0m description              = "Cluster API to node 9443/tcp webhook"
      [32m+[0m[0m from_port                = 9443
      [32m+[0m[0m id                       = (known after apply)
      [32m+[0m[0m prefix_list_ids          = []
      [32m+[0m[0m protocol                 = "tcp"
      [32m+[0m[0m security_group_id        = (known after apply)
      [32m+[0m[0m security_group_rule_id   = (known after apply)
      [32m+[0m[0m self                     = false
      [32m+[0m[0m source_security_group_id = (known after apply)
      [32m+[0m[0m to_port                  = 9443
      [32m+[0m[0m type                     = "ingress"
    }

[1m  # module.eks.module.eks_oregon.aws_security_group_rule.node["ingress_cluster_kubelet"][0m will be created
[0m  [32m+[0m[0m resource "aws_security_group_rule" "node" {
      [32m+[0m[0m description              = "Cluster API to node kubelets"
      [32m+[0m[0m from_port                = 10250
      [32m+[0m[0m id                       = (known after apply)
      [32m+[0m[0m prefix_list_ids          = []
      [32m+[0m[0m protocol                 = "tcp"
      [32m+[0m[0m security_group_id        = (known after apply)
      [32m+[0m[0m security_group_rule_id   = (known after apply)
      [32m+[0m[0m self                     = false
      [32m+[0m[0m source_security_group_id = (known after apply)
      [32m+[0m[0m to_port                  = 10250
      [32m+[0m[0m type                     = "ingress"
    }

[1m  # module.eks.module.eks_oregon.aws_security_group_rule.node["ingress_nodes_ephemeral"][0m will be created
[0m  [32m+[0m[0m resource "aws_security_group_rule" "node" {
      [32m+[0m[0m description              = "Node to node ingress on ephemeral ports"
      [32m+[0m[0m from_port                = 1025
      [32m+[0m[0m id                       = (known after apply)
      [32m+[0m[0m prefix_list_ids          = []
      [32m+[0m[0m protocol                 = "tcp"
      [32m+[0m[0m security_group_id        = (known after apply)
      [32m+[0m[0m security_group_rule_id   = (known after apply)
      [32m+[0m[0m self                     = true
      [32m+[0m[0m source_security_group_id = (known after apply)
      [32m+[0m[0m to_port                  = 65535
      [32m+[0m[0m type                     = "ingress"
    }

[1m  # module.eks.module.eks_oregon.aws_security_group_rule.node["ingress_self_coredns_tcp"][0m will be created
[0m  [32m+[0m[0m resource "aws_security_group_rule" "node" {
      [32m+[0m[0m description              = "Node to node CoreDNS"
      [32m+[0m[0m from_port                = 53
      [32m+[0m[0m id                       = (known after apply)
      [32m+[0m[0m prefix_list_ids          = []
      [32m+[0m[0m protocol                 = "tcp"
      [32m+[0m[0m security_group_id        = (known after apply)
      [32m+[0m[0m security_group_rule_id   = (known after apply)
      [32m+[0m[0m self                     = true
      [32m+[0m[0m source_security_group_id = (known after apply)
      [32m+[0m[0m to_port                  = 53
      [32m+[0m[0m type                     = "ingress"
    }

[1m  # module.eks.module.eks_oregon.aws_security_group_rule.node["ingress_self_coredns_udp"][0m will be created
[0m  [32m+[0m[0m resource "aws_security_group_rule" "node" {
      [32m+[0m[0m description              = "Node to node CoreDNS UDP"
      [32m+[0m[0m from_port                = 53
      [32m+[0m[0m id                       = (known after apply)
      [32m+[0m[0m prefix_list_ids          = []
      [32m+[0m[0m protocol                 = "udp"
      [32m+[0m[0m security_group_id        = (known after apply)
      [32m+[0m[0m security_group_rule_id   = (known after apply)
      [32m+[0m[0m self                     = true
      [32m+[0m[0m source_security_group_id = (known after apply)
      [32m+[0m[0m to_port                  = 53
      [32m+[0m[0m type                     = "ingress"
    }

[1m  # module.eks.module.eks_oregon.time_sleep.this[0][0m will be created
[0m  [32m+[0m[0m resource "time_sleep" "this" {
      [32m+[0m[0m create_duration = "30s"
      [32m+[0m[0m id              = (known after apply)
      [32m+[0m[0m triggers        = {
          [32m+[0m[0m "cluster_certificate_authority_data" = (known after apply)
          [32m+[0m[0m "cluster_endpoint"                   = (known after apply)
          [32m+[0m[0m "cluster_name"                       = (known after apply)
          [32m+[0m[0m "cluster_service_cidr"               = (known after apply)
          [32m+[0m[0m "cluster_version"                    = "1.34"
        }
    }

[1m  # module.eks.module.eks_seoul.data.tls_certificate.this[0][0m will be read during apply
  # (config refers to values not yet known)
[0m [36m<=[0m[0m data "tls_certificate" "this" {
      [32m+[0m[0m certificates = (known after apply)
      [32m+[0m[0m id           = (known after apply)
      [32m+[0m[0m url          = (known after apply)
    }

[1m  # module.eks.module.eks_seoul.aws_cloudwatch_log_group.this[0][0m will be created
[0m  [32m+[0m[0m resource "aws_cloudwatch_log_group" "this" {
      [32m+[0m[0m arn               = (known after apply)
      [32m+[0m[0m id                = (known after apply)
      [32m+[0m[0m log_group_class   = (known after apply)
      [32m+[0m[0m name              = "/aws/eks/y2om-formation-lap-seoul/cluster"
      [32m+[0m[0m name_prefix       = (known after apply)
      [32m+[0m[0m retention_in_days = 90
      [32m+[0m[0m skip_destroy      = false
      [32m+[0m[0m tags              = {
          [32m+[0m[0m "Name" = "/aws/eks/y2om-formation-lap-seoul/cluster"
        }
      [32m+[0m[0m tags_all          = {
          [32m+[0m[0m "Name" = "/aws/eks/y2om-formation-lap-seoul/cluster"
        }
    }

[1m  # module.eks.module.eks_seoul.aws_eks_cluster.this[0][0m will be created
[0m  [32m+[0m[0m resource "aws_eks_cluster" "this" {
      [32m+[0m[0m arn                           = (known after apply)
      [32m+[0m[0m bootstrap_self_managed_addons = true
      [32m+[0m[0m certificate_authority         = (known after apply)
      [32m+[0m[0m cluster_id                    = (known after apply)
      [32m+[0m[0m created_at                    = (known after apply)
      [32m+[0m[0m enabled_cluster_log_types     = [
          [32m+[0m[0m "api",
          [32m+[0m[0m "audit",
          [32m+[0m[0m "authenticator",
        ]
      [32m+[0m[0m endpoint                      = (known after apply)
      [32m+[0m[0m id                            = (known after apply)
      [32m+[0m[0m identity                      = (known after apply)
      [32m+[0m[0m name                          = "y2om-formation-lap-seoul"
      [32m+[0m[0m platform_version              = (known after apply)
      [32m+[0m[0m role_arn                      = (known after apply)
      [32m+[0m[0m status                        = (known after apply)
      [32m+[0m[0m tags                          = {
          [32m+[0m[0m "terraform-aws-modules" = "eks"
        }
      [32m+[0m[0m tags_all                      = {
          [32m+[0m[0m "terraform-aws-modules" = "eks"
        }
      [32m+[0m[0m version                       = "1.34"

      [32m+[0m[0m access_config {
          [32m+[0m[0m authentication_mode                         = "API_AND_CONFIG_MAP"
          [32m+[0m[0m bootstrap_cluster_creator_admin_permissions = false
        }

      [32m+[0m[0m encryption_config {
          [32m+[0m[0m resources = [
              [32m+[0m[0m "secrets",
            ]

          [32m+[0m[0m provider {
              [32m+[0m[0m key_arn = (known after apply)
            }
        }

      [32m+[0m[0m kubernetes_network_config {
          [32m+[0m[0m ip_family         = "ipv4"
          [32m+[0m[0m service_ipv4_cidr = (known after apply)
          [32m+[0m[0m service_ipv6_cidr = (known after apply)
        }

      [32m+[0m[0m timeouts {}

      [32m+[0m[0m vpc_config {
          [32m+[0m[0m cluster_security_group_id = (known after apply)
          [32m+[0m[0m endpoint_private_access   = true
          [32m+[0m[0m endpoint_public_access    = true
          [32m+[0m[0m public_access_cidrs       = [
              [32m+[0m[0m "175.192.170.212/32",
            ]
          [32m+[0m[0m security_group_ids        = (known after apply)
          [32m+[0m[0m subnet_ids                = (known after apply)
          [32m+[0m[0m vpc_id                    = (known after apply)
        }
    }

[1m  # module.eks.module.eks_seoul.aws_iam_openid_connect_provider.oidc_provider[0][0m will be created
[0m  [32m+[0m[0m resource "aws_iam_openid_connect_provider" "oidc_provider" {
      [32m+[0m[0m arn             = (known after apply)
      [32m+[0m[0m client_id_list  = [
          [32m+[0m[0m "sts.amazonaws.com",
        ]
      [32m+[0m[0m id              = (known after apply)
      [32m+[0m[0m tags            = {
          [32m+[0m[0m "Name" = "y2om-formation-lap-seoul-eks-irsa"
        }
      [32m+[0m[0m tags_all        = {
          [32m+[0m[0m "Name" = "y2om-formation-lap-seoul-eks-irsa"
        }
      [32m+[0m[0m thumbprint_list = (known after apply)
      [32m+[0m[0m url             = (known after apply)
    }

[1m  # module.eks.module.eks_seoul.aws_iam_policy.cluster_encryption[0][0m will be created
[0m  [32m+[0m[0m resource "aws_iam_policy" "cluster_encryption" {
      [32m+[0m[0m arn              = (known after apply)
      [32m+[0m[0m attachment_count = (known after apply)
      [32m+[0m[0m description      = "Cluster encryption policy to allow cluster role to utilize CMK provided"
      [32m+[0m[0m id               = (known after apply)
      [32m+[0m[0m name             = (known after apply)
      [32m+[0m[0m name_prefix      = "y2om-formation-lap-seoul-cluster-ClusterEncryption"
      [32m+[0m[0m path             = "/"
      [32m+[0m[0m policy           = (known after apply)
      [32m+[0m[0m policy_id        = (known after apply)
      [32m+[0m[0m tags_all         = (known after apply)
    }

[1m  # module.eks.module.eks_seoul.aws_iam_policy.custom[0][0m will be created
[0m  [32m+[0m[0m resource "aws_iam_policy" "custom" {
      [32m+[0m[0m arn              = (known after apply)
      [32m+[0m[0m attachment_count = (known after apply)
      [32m+[0m[0m id               = (known after apply)
      [32m+[0m[0m name             = (known after apply)
      [32m+[0m[0m name_prefix      = "y2om-formation-lap-seoul-cluster-"
      [32m+[0m[0m path             = "/"
      [32m+[0m[0m policy           = jsonencode(
            {
              [32m+[0m[0m Statement = [
                  [32m+[0m[0m {
                      [32m+[0m[0m Action    = [
                          [32m+[0m[0m "ec2:RunInstances",
                          [32m+[0m[0m "ec2:CreateLaunchTemplate",
                          [32m+[0m[0m "ec2:CreateFleet",
                        ]
                      [32m+[0m[0m Condition = {
                          [32m+[0m[0m StringEquals = {
                              [32m+[0m[0m "aws:RequestTag/eks:eks-cluster-name" = "${aws:PrincipalTag/eks:eks-cluster-name}"
                            }
                          [32m+[0m[0m StringLike   = {
                              [32m+[0m[0m "aws:RequestTag/eks:kubernetes-node-class-name" = "*"
                              [32m+[0m[0m "aws:RequestTag/eks:kubernetes-node-pool-name"  = "*"
                            }
                        }
                      [32m+[0m[0m Effect    = "Allow"
                      [32m+[0m[0m Resource  = "*"
                      [32m+[0m[0m Sid       = "Compute"
                    },
                  [32m+[0m[0m {
                      [32m+[0m[0m Action    = [
                          [32m+[0m[0m "ec2:CreateVolume",
                          [32m+[0m[0m "ec2:CreateSnapshot",
                        ]
                      [32m+[0m[0m Condition = {
                          [32m+[0m[0m StringEquals = {
                              [32m+[0m[0m "aws:RequestTag/eks:eks-cluster-name" = "${aws:PrincipalTag/eks:eks-cluster-name}"
                            }
                        }
                      [32m+[0m[0m Effect    = "Allow"
                      [32m+[0m[0m Resource  = [
                          [32m+[0m[0m "arn:aws:ec2:*:*:volume/*",
                          [32m+[0m[0m "arn:aws:ec2:*:*:snapshot/*",
                        ]
                      [32m+[0m[0m Sid       = "Storage"
                    },
                  [32m+[0m[0m {
                      [32m+[0m[0m Action    = "ec2:CreateNetworkInterface"
                      [32m+[0m[0m Condition = {
                          [32m+[0m[0m StringEquals = {
                              [32m+[0m[0m "aws:RequestTag/eks:eks-cluster-name"         = "${aws:PrincipalTag/eks:eks-cluster-name}"
                              [32m+[0m[0m "aws:RequestTag/eks:kubernetes-cni-node-name" = "*"
                            }
                        }
                      [32m+[0m[0m Effect    = "Allow"
                      [32m+[0m[0m Resource  = "*"
                      [32m+[0m[0m Sid       = "Networking"
                    },
                  [32m+[0m[0m {
                      [32m+[0m[0m Action    = [
                          [32m+[0m[0m "elasticloadbalancing:CreateTargetGroup",
                          [32m+[0m[0m "elasticloadbalancing:CreateRule",
                          [32m+[0m[0m "elasticloadbalancing:CreateLoadBalancer",
                          [32m+[0m[0m "elasticloadbalancing:CreateListener",
                          [32m+[0m[0m "ec2:CreateSecurityGroup",
                        ]
                      [32m+[0m[0m Condition = {
                          [32m+[0m[0m StringEquals = {
                              [32m+[0m[0m "aws:RequestTag/eks:eks-cluster-name" = "${aws:PrincipalTag/eks:eks-cluster-name}"
                            }
                        }
                      [32m+[0m[0m Effect    = "Allow"
                      [32m+[0m[0m Resource  = "*"
                      [32m+[0m[0m Sid       = "LoadBalancer"
                    },
                  [32m+[0m[0m {
                      [32m+[0m[0m Action    = "shield:CreateProtection"
                      [32m+[0m[0m Condition = {
                          [32m+[0m[0m StringEquals = {
                              [32m+[0m[0m "aws:RequestTag/eks:eks-cluster-name" = "${aws:PrincipalTag/eks:eks-cluster-name}"
                            }
                        }
                      [32m+[0m[0m Effect    = "Allow"
                      [32m+[0m[0m Resource  = "*"
                      [32m+[0m[0m Sid       = "ShieldProtection"
                    },
                  [32m+[0m[0m {
                      [32m+[0m[0m Action    = "shield:TagResource"
                      [32m+[0m[0m Condition = {
                          [32m+[0m[0m StringEquals = {
                              [32m+[0m[0m "aws:RequestTag/eks:eks-cluster-name" = "${aws:PrincipalTag/eks:eks-cluster-name}"
                            }
                        }
                      [32m+[0m[0m Effect    = "Allow"
                      [32m+[0m[0m Resource  = "arn:aws:shield::*:protection/*"
                      [32m+[0m[0m Sid       = "ShieldTagResource"
                    },
                ]
              [32m+[0m[0m Version   = "2012-10-17"
            }
        )
      [32m+[0m[0m policy_id        = (known after apply)
      [32m+[0m[0m tags_all         = (known after apply)
    }

[1m  # module.eks.module.eks_seoul.aws_iam_role.this[0][0m will be created
[0m  [32m+[0m[0m resource "aws_iam_role" "this" {
      [32m+[0m[0m arn                   = (known after apply)
      [32m+[0m[0m assume_role_policy    = jsonencode(
            {
              [32m+[0m[0m Statement = [
                  [32m+[0m[0m {
                      [32m+[0m[0m Action    = [
                          [32m+[0m[0m "sts:TagSession",
                          [32m+[0m[0m "sts:AssumeRole",
                        ]
                      [32m+[0m[0m Effect    = "Allow"
                      [32m+[0m[0m Principal = {
                          [32m+[0m[0m Service = "eks.amazonaws.com"
                        }
                      [32m+[0m[0m Sid       = "EKSClusterAssumeRole"
                    },
                ]
              [32m+[0m[0m Version   = "2012-10-17"
            }
        )
      [32m+[0m[0m create_date           = (known after apply)
      [32m+[0m[0m force_detach_policies = true
      [32m+[0m[0m id                    = (known after apply)
      [32m+[0m[0m managed_policy_arns   = (known after apply)
      [32m+[0m[0m max_session_duration  = 3600
      [32m+[0m[0m name                  = (known after apply)
      [32m+[0m[0m name_prefix           = "y2om-formation-lap-seoul-cluster-"
      [32m+[0m[0m path                  = "/"
      [32m+[0m[0m tags_all              = (known after apply)
      [32m+[0m[0m unique_id             = (known after apply)
    }

[1m  # module.eks.module.eks_seoul.aws_iam_role_policy_attachment.cluster_encryption[0][0m will be created
[0m  [32m+[0m[0m resource "aws_iam_role_policy_attachment" "cluster_encryption" {
      [32m+[0m[0m id         = (known after apply)
      [32m+[0m[0m policy_arn = (known after apply)
      [32m+[0m[0m role       = (known after apply)
    }

[1m  # module.eks.module.eks_seoul.aws_iam_role_policy_attachment.custom[0][0m will be created
[0m  [32m+[0m[0m resource "aws_iam_role_policy_attachment" "custom" {
      [32m+[0m[0m id         = (known after apply)
      [32m+[0m[0m policy_arn = (known after apply)
      [32m+[0m[0m role       = (known after apply)
    }

[1m  # module.eks.module.eks_seoul.aws_iam_role_policy_attachment.this["AmazonEKSClusterPolicy"][0m will be created
[0m  [32m+[0m[0m resource "aws_iam_role_policy_attachment" "this" {
      [32m+[0m[0m id         = (known after apply)
      [32m+[0m[0m policy_arn = "arn:aws:iam::aws:policy/AmazonEKSClusterPolicy"
      [32m+[0m[0m role       = (known after apply)
    }

[1m  # module.eks.module.eks_seoul.aws_iam_role_policy_attachment.this["AmazonEKSVPCResourceController"][0m will be created
[0m  [32m+[0m[0m resource "aws_iam_role_policy_attachment" "this" {
      [32m+[0m[0m id         = (known after apply)
      [32m+[0m[0m policy_arn = "arn:aws:iam::aws:policy/AmazonEKSVPCResourceController"
      [32m+[0m[0m role       = (known after apply)
    }

[1m  # module.eks.module.eks_seoul.aws_security_group.cluster[0][0m will be created
[0m  [32m+[0m[0m resource "aws_security_group" "cluster" {
      [32m+[0m[0m arn                    = (known after apply)
      [32m+[0m[0m description            = "EKS cluster security group"
      [32m+[0m[0m egress                 = (known after apply)
      [32m+[0m[0m id                     = (known after apply)
      [32m+[0m[0m ingress                = (known after apply)
      [32m+[0m[0m name                   = (known after apply)
      [32m+[0m[0m name_prefix            = "y2om-formation-lap-seoul-cluster-"
      [32m+[0m[0m owner_id               = (known after apply)
      [32m+[0m[0m revoke_rules_on_delete = false
      [32m+[0m[0m tags                   = {
          [32m+[0m[0m "Name" = "y2om-formation-lap-seoul-cluster"
        }
      [32m+[0m[0m tags_all               = {
          [32m+[0m[0m "Name" = "y2om-formation-lap-seoul-cluster"
        }
      [32m+[0m[0m vpc_id                 = (known after apply)
    }

[1m  # module.eks.module.eks_seoul.aws_security_group.node[0][0m will be created
[0m  [32m+[0m[0m resource "aws_security_group" "node" {
      [32m+[0m[0m arn                    = (known after apply)
      [32m+[0m[0m description            = "EKS node shared security group"
      [32m+[0m[0m egress                 = (known after apply)
      [32m+[0m[0m id                     = (known after apply)
      [32m+[0m[0m ingress                = (known after apply)
      [32m+[0m[0m name                   = (known after apply)
      [32m+[0m[0m name_prefix            = "y2om-formation-lap-seoul-node-"
      [32m+[0m[0m owner_id               = (known after apply)
      [32m+[0m[0m revoke_rules_on_delete = false
      [32m+[0m[0m tags                   = {
          [32m+[0m[0m "Name"                                           = "y2om-formation-lap-seoul-node"
          [32m+[0m[0m "kubernetes.io/cluster/y2om-formation-lap-seoul" = "owned"
        }
      [32m+[0m[0m tags_all               = {
          [32m+[0m[0m "Name"                                           = "y2om-formation-lap-seoul-node"
          [32m+[0m[0m "kubernetes.io/cluster/y2om-formation-lap-seoul" = "owned"
        }
      [32m+[0m[0m vpc_id                 = (known after apply)
    }

[1m  # module.eks.module.eks_seoul.aws_security_group_rule.cluster["ingress_nodes_443"][0m will be created
[0m  [32m+[0m[0m resource "aws_security_group_rule" "cluster" {
      [32m+[0m[0m description              = "Node groups to cluster API"
      [32m+[0m[0m from_port                = 443
      [32m+[0m[0m id                       = (known after apply)
      [32m+[0m[0m protocol                 = "tcp"
      [32m+[0m[0m security_group_id        = (known after apply)
      [32m+[0m[0m security_group_rule_id   = (known after apply)
      [32m+[0m[0m self                     = false
      [32m+[0m[0m source_security_group_id = (known after apply)
      [32m+[0m[0m to_port                  = 443
      [32m+[0m[0m type                     = "ingress"
    }

[1m  # module.eks.module.eks_seoul.aws_security_group_rule.node["egress_all"][0m will be created
[0m  [32m+[0m[0m resource "aws_security_group_rule" "node" {
      [32m+[0m[0m cidr_blocks              = [
          [32m+[0m[0m "0.0.0.0/0",
        ]
      [32m+[0m[0m description              = "Allow all egress"
      [32m+[0m[0m from_port                = 0
      [32m+[0m[0m id                       = (known after apply)
      [32m+[0m[0m prefix_list_ids          = []
      [32m+[0m[0m protocol                 = "-1"
      [32m+[0m[0m security_group_id        = (known after apply)
      [32m+[0m[0m security_group_rule_id   = (known after apply)
      [32m+[0m[0m self                     = false
      [32m+[0m[0m source_security_group_id = (known after apply)
      [32m+[0m[0m to_port                  = 0
      [32m+[0m[0m type                     = "egress"
    }

[1m  # module.eks.module.eks_seoul.aws_security_group_rule.node["ingress_cluster_443"][0m will be created
[0m  [32m+[0m[0m resource "aws_security_group_rule" "node" {
      [32m+[0m[0m description              = "Cluster API to node groups"
      [32m+[0m[0m from_port                = 443
      [32m+[0m[0m id                       = (known after apply)
      [32m+[0m[0m prefix_list_ids          = []
      [32m+[0m[0m protocol                 = "tcp"
      [32m+[0m[0m security_group_id        = (known after apply)
      [32m+[0m[0m security_group_rule_id   = (known after apply)
      [32m+[0m[0m self                     = false
      [32m+[0m[0m source_security_group_id = (known after apply)
      [32m+[0m[0m to_port                  = 443
      [32m+[0m[0m type                     = "ingress"
    }

[1m  # module.eks.module.eks_seoul.aws_security_group_rule.node["ingress_cluster_4443_webhook"][0m will be created
[0m  [32m+[0m[0m resource "aws_security_group_rule" "node" {
      [32m+[0m[0m description              = "Cluster API to node 4443/tcp webhook"
      [32m+[0m[0m from_port                = 4443
      [32m+[0m[0m id                       = (known after apply)
      [32m+[0m[0m prefix_list_ids          = []
      [32m+[0m[0m protocol                 = "tcp"
      [32m+[0m[0m security_group_id        = (known after apply)
      [32m+[0m[0m security_group_rule_id   = (known after apply)
      [32m+[0m[0m self                     = false
      [32m+[0m[0m source_security_group_id = (known after apply)
      [32m+[0m[0m to_port                  = 4443
      [32m+[0m[0m type                     = "ingress"
    }

[1m  # module.eks.module.eks_seoul.aws_security_group_rule.node["ingress_cluster_6443_webhook"][0m will be created
[0m  [32m+[0m[0m resource "aws_security_group_rule" "node" {
      [32m+[0m[0m description              = "Cluster API to node 6443/tcp webhook"
      [32m+[0m[0m from_port                = 6443
      [32m+[0m[0m id                       = (known after apply)
      [32m+[0m[0m prefix_list_ids          = []
      [32m+[0m[0m protocol                 = "tcp"
      [32m+[0m[0m security_group_id        = (known after apply)
      [32m+[0m[0m security_group_rule_id   = (known after apply)
      [32m+[0m[0m self                     = false
      [32m+[0m[0m source_security_group_id = (known after apply)
      [32m+[0m[0m to_port                  = 6443
      [32m+[0m[0m type                     = "ingress"
    }

[1m  # module.eks.module.eks_seoul.aws_security_group_rule.node["ingress_cluster_8443_webhook"][0m will be created
[0m  [32m+[0m[0m resource "aws_security_group_rule" "node" {
      [32m+[0m[0m description              = "Cluster API to node 8443/tcp webhook"
      [32m+[0m[0m from_port                = 8443
      [32m+[0m[0m id                       = (known after apply)
      [32m+[0m[0m prefix_list_ids          = []
      [32m+[0m[0m protocol                 = "tcp"
      [32m+[0m[0m security_group_id        = (known after apply)
      [32m+[0m[0m security_group_rule_id   = (known after apply)
      [32m+[0m[0m self                     = false
      [32m+[0m[0m source_security_group_id = (known after apply)
      [32m+[0m[0m to_port                  = 8443
      [32m+[0m[0m type                     = "ingress"
    }

[1m  # module.eks.module.eks_seoul.aws_security_group_rule.node["ingress_cluster_9443_webhook"][0m will be created
[0m  [32m+[0m[0m resource "aws_security_group_rule" "node" {
      [32m+[0m[0m description              = "Cluster API to node 9443/tcp webhook"
      [32m+[0m[0m from_port                = 9443
      [32m+[0m[0m id                       = (known after apply)
      [32m+[0m[0m prefix_list_ids          = []
      [32m+[0m[0m protocol                 = "tcp"
      [32m+[0m[0m security_group_id        = (known after apply)
      [32m+[0m[0m security_group_rule_id   = (known after apply)
      [32m+[0m[0m self                     = false
      [32m+[0m[0m source_security_group_id = (known after apply)
      [32m+[0m[0m to_port                  = 9443
      [32m+[0m[0m type                     = "ingress"
    }

[1m  # module.eks.module.eks_seoul.aws_security_group_rule.node["ingress_cluster_kubelet"][0m will be created
[0m  [32m+[0m[0m resource "aws_security_group_rule" "node" {
      [32m+[0m[0m description              = "Cluster API to node kubelets"
      [32m+[0m[0m from_port                = 10250
      [32m+[0m[0m id                       = (known after apply)
      [32m+[0m[0m prefix_list_ids          = []
      [32m+[0m[0m protocol                 = "tcp"
      [32m+[0m[0m security_group_id        = (known after apply)
      [32m+[0m[0m security_group_rule_id   = (known after apply)
      [32m+[0m[0m self                     = false
      [32m+[0m[0m source_security_group_id = (known after apply)
      [32m+[0m[0m to_port                  = 10250
      [32m+[0m[0m type                     = "ingress"
    }

[1m  # module.eks.module.eks_seoul.aws_security_group_rule.node["ingress_nodes_ephemeral"][0m will be created
[0m  [32m+[0m[0m resource "aws_security_group_rule" "node" {
      [32m+[0m[0m description              = "Node to node ingress on ephemeral ports"
      [32m+[0m[0m from_port                = 1025
      [32m+[0m[0m id                       = (known after apply)
      [32m+[0m[0m prefix_list_ids          = []
      [32m+[0m[0m protocol                 = "tcp"
      [32m+[0m[0m security_group_id        = (known after apply)
      [32m+[0m[0m security_group_rule_id   = (known after apply)
      [32m+[0m[0m self                     = true
      [32m+[0m[0m source_security_group_id = (known after apply)
      [32m+[0m[0m to_port                  = 65535
      [32m+[0m[0m type                     = "ingress"
    }

[1m  # module.eks.module.eks_seoul.aws_security_group_rule.node["ingress_self_coredns_tcp"][0m will be created
[0m  [32m+[0m[0m resource "aws_security_group_rule" "node" {
      [32m+[0m[0m description              = "Node to node CoreDNS"
      [32m+[0m[0m from_port                = 53
      [32m+[0m[0m id                       = (known after apply)
      [32m+[0m[0m prefix_list_ids          = []
      [32m+[0m[0m protocol                 = "tcp"
      [32m+[0m[0m security_group_id        = (known after apply)
      [32m+[0m[0m security_group_rule_id   = (known after apply)
      [32m+[0m[0m self                     = true
      [32m+[0m[0m source_security_group_id = (known after apply)
      [32m+[0m[0m to_port                  = 53
      [32m+[0m[0m type                     = "ingress"
    }

[1m  # module.eks.module.eks_seoul.aws_security_group_rule.node["ingress_self_coredns_udp"][0m will be created
[0m  [32m+[0m[0m resource "aws_security_group_rule" "node" {
      [32m+[0m[0m description              = "Node to node CoreDNS UDP"
      [32m+[0m[0m from_port                = 53
      [32m+[0m[0m id                       = (known after apply)
      [32m+[0m[0m prefix_list_ids          = []
      [32m+[0m[0m protocol                 = "udp"
      [32m+[0m[0m security_group_id        = (known after apply)
      [32m+[0m[0m security_group_rule_id   = (known after apply)
      [32m+[0m[0m self                     = true
      [32m+[0m[0m source_security_group_id = (known after apply)
      [32m+[0m[0m to_port                  = 53
      [32m+[0m[0m type                     = "ingress"
    }

[1m  # module.eks.module.eks_seoul.time_sleep.this[0][0m will be created
[0m  [32m+[0m[0m resource "time_sleep" "this" {
      [32m+[0m[0m create_duration = "30s"
      [32m+[0m[0m id              = (known after apply)
      [32m+[0m[0m triggers        = {
          [32m+[0m[0m "cluster_certificate_authority_data" = (known after apply)
          [32m+[0m[0m "cluster_endpoint"                   = (known after apply)
          [32m+[0m[0m "cluster_name"                       = (known after apply)
          [32m+[0m[0m "cluster_service_cidr"               = (known after apply)
          [32m+[0m[0m "cluster_version"                    = "1.34"
        }
    }

[1m  # module.network.module.kor_vpc.aws_ec2_transit_gateway_vpc_attachment.this[0m will be created
[0m  [32m+[0m[0m resource "aws_ec2_transit_gateway_vpc_attachment" "this" {
      [32m+[0m[0m appliance_mode_support                          = "disable"
      [32m+[0m[0m arn                                             = (known after apply)
      [32m+[0m[0m dns_support                                     = "enable"
      [32m+[0m[0m id                                              = (known after apply)
      [32m+[0m[0m ipv6_support                                    = "disable"
      [32m+[0m[0m security_group_referencing_support              = (known after apply)
      [32m+[0m[0m subnet_ids                                      = (known after apply)
      [32m+[0m[0m tags                                            = {
          [32m+[0m[0m "Name" = "y2om-KOR-Primary-VPC-tgw-attach"
        }
      [32m+[0m[0m tags_all                                        = {
          [32m+[0m[0m "Name" = "y2om-KOR-Primary-VPC-tgw-attach"
        }
      [32m+[0m[0m transit_gateway_default_route_table_association = (known after apply)
      [32m+[0m[0m transit_gateway_default_route_table_propagation = (known after apply)
      [32m+[0m[0m transit_gateway_id                              = (known after apply)
      [32m+[0m[0m vpc_id                                          = (known after apply)
      [32m+[0m[0m vpc_owner_id                                    = (known after apply)
    }

[1m  # module.network.module.kor_vpc.aws_eip.nat[0m will be created
[0m  [32m+[0m[0m resource "aws_eip" "nat" {
      [32m+[0m[0m allocation_id        = (known after apply)
      [32m+[0m[0m arn                  = (known after apply)
      [32m+[0m[0m association_id       = (known after apply)
      [32m+[0m[0m carrier_ip           = (known after apply)
      [32m+[0m[0m customer_owned_ip    = (known after apply)
      [32m+[0m[0m domain               = "vpc"
      [32m+[0m[0m id                   = (known after apply)
      [32m+[0m[0m instance             = (known after apply)
      [32m+[0m[0m ipam_pool_id         = (known after apply)
      [32m+[0m[0m network_border_group = (known after apply)
      [32m+[0m[0m network_interface    = (known after apply)
      [32m+[0m[0m private_dns          = (known after apply)
      [32m+[0m[0m private_ip           = (known after apply)
      [32m+[0m[0m ptr_record           = (known after apply)
      [32m+[0m[0m public_dns           = (known after apply)
      [32m+[0m[0m public_ip            = (known after apply)
      [32m+[0m[0m public_ipv4_pool     = (known after apply)
      [32m+[0m[0m tags                 = {
          [32m+[0m[0m "Name" = "y2om-KOR-Primary-VPC-nat-eip"
        }
      [32m+[0m[0m tags_all             = {
          [32m+[0m[0m "Name" = "y2om-KOR-Primary-VPC-nat-eip"
        }
      [32m+[0m[0m vpc                  = (known after apply)
    }

[1m  # module.network.module.kor_vpc.aws_instance.bastion[0m will be created
[0m  [32m+[0m[0m resource "aws_instance" "bastion" {
      [32m+[0m[0m ami                                  = "ami-094ae5292d8e74679"
      [32m+[0m[0m arn                                  = (known after apply)
      [32m+[0m[0m associate_public_ip_address          = (known after apply)
      [32m+[0m[0m availability_zone                    = (known after apply)
      [32m+[0m[0m cpu_core_count                       = (known after apply)
      [32m+[0m[0m cpu_threads_per_core                 = (known after apply)
      [32m+[0m[0m disable_api_stop                     = (known after apply)
      [32m+[0m[0m disable_api_termination              = (known after apply)
      [32m+[0m[0m ebs_optimized                        = (known after apply)
      [32m+[0m[0m enable_primary_ipv6                  = (known after apply)
      [32m+[0m[0m get_password_data                    = false
      [32m+[0m[0m host_id                              = (known after apply)
      [32m+[0m[0m host_resource_group_arn              = (known after apply)
      [32m+[0m[0m iam_instance_profile                 = (known after apply)
      [32m+[0m[0m id                                   = (known after apply)
      [32m+[0m[0m instance_initiated_shutdown_behavior = (known after apply)
      [32m+[0m[0m instance_lifecycle                   = (known after apply)
      [32m+[0m[0m instance_state                       = (known after apply)
      [32m+[0m[0m instance_type                        = "t3.micro"
      [32m+[0m[0m ipv6_address_count                   = (known after apply)
      [32m+[0m[0m ipv6_addresses                       = (known after apply)
      [32m+[0m[0m key_name                             = "y2om-KeyPair-Seoul"
      [32m+[0m[0m monitoring                           = (known after apply)
      [32m+[0m[0m outpost_arn                          = (known after apply)
      [32m+[0m[0m password_data                        = (known after apply)
      [32m+[0m[0m placement_group                      = (known after apply)
      [32m+[0m[0m placement_partition_number           = (known after apply)
      [32m+[0m[0m primary_network_interface_id         = (known after apply)
      [32m+[0m[0m private_dns                          = (known after apply)
      [32m+[0m[0m private_ip                           = (known after apply)
      [32m+[0m[0m public_dns                           = (known after apply)
      [32m+[0m[0m public_ip                            = (known after apply)
      [32m+[0m[0m secondary_private_ips                = (known after apply)
      [32m+[0m[0m security_groups                      = (known after apply)
      [32m+[0m[0m source_dest_check                    = true
      [32m+[0m[0m spot_instance_request_id             = (known after apply)
      [32m+[0m[0m subnet_id                            = (known after apply)
      [32m+[0m[0m tags                                 = {
          [32m+[0m[0m "Name" = "y2om-KOR-Primary-VPC-bastion"
        }
      [32m+[0m[0m tags_all                             = {
          [32m+[0m[0m "Name" = "y2om-KOR-Primary-VPC-bastion"
        }
      [32m+[0m[0m tenancy                              = (known after apply)
      [32m+[0m[0m user_data                            = (known after apply)
      [32m+[0m[0m user_data_base64                     = (known after apply)
      [32m+[0m[0m user_data_replace_on_change          = false
      [32m+[0m[0m vpc_security_group_ids               = (known after apply)
    }

[1m  # module.network.module.kor_vpc.aws_instance.test[0m will be created
[0m  [32m+[0m[0m resource "aws_instance" "test" {
      [32m+[0m[0m ami                                  = "ami-094ae5292d8e74679"
      [32m+[0m[0m arn                                  = (known after apply)
      [32m+[0m[0m associate_public_ip_address          = (known after apply)
      [32m+[0m[0m availability_zone                    = (known after apply)
      [32m+[0m[0m cpu_core_count                       = (known after apply)
      [32m+[0m[0m cpu_threads_per_core                 = (known after apply)
      [32m+[0m[0m disable_api_stop                     = (known after apply)
      [32m+[0m[0m disable_api_termination              = (known after apply)
      [32m+[0m[0m ebs_optimized                        = (known after apply)
      [32m+[0m[0m enable_primary_ipv6                  = (known after apply)
      [32m+[0m[0m get_password_data                    = false
      [32m+[0m[0m host_id                              = (known after apply)
      [32m+[0m[0m host_resource_group_arn              = (known after apply)
      [32m+[0m[0m iam_instance_profile                 = (known after apply)
      [32m+[0m[0m id                                   = (known after apply)
      [32m+[0m[0m instance_initiated_shutdown_behavior = (known after apply)
      [32m+[0m[0m instance_lifecycle                   = (known after apply)
      [32m+[0m[0m instance_state                       = (known after apply)
      [32m+[0m[0m instance_type                        = "t3.micro"
      [32m+[0m[0m ipv6_address_count                   = (known after apply)
      [32m+[0m[0m ipv6_addresses                       = (known after apply)
      [32m+[0m[0m key_name                             = "y2om-KeyPair-Seoul"
      [32m+[0m[0m monitoring                           = (known after apply)
      [32m+[0m[0m outpost_arn                          = (known after apply)
      [32m+[0m[0m password_data                        = (known after apply)
      [32m+[0m[0m placement_group                      = (known after apply)
      [32m+[0m[0m placement_partition_number           = (known after apply)
      [32m+[0m[0m primary_network_interface_id         = (known after apply)
      [32m+[0m[0m private_dns                          = (known after apply)
      [32m+[0m[0m private_ip                           = (known after apply)
      [32m+[0m[0m public_dns                           = (known after apply)
      [32m+[0m[0m public_ip                            = (known after apply)
      [32m+[0m[0m secondary_private_ips                = (known after apply)
      [32m+[0m[0m security_groups                      = (known after apply)
      [32m+[0m[0m source_dest_check                    = true
      [32m+[0m[0m spot_instance_request_id             = (known after apply)
      [32m+[0m[0m subnet_id                            = (known after apply)
      [32m+[0m[0m tags                                 = {
          [32m+[0m[0m "Name" = "y2om-KOR-Primary-VPC-test-ec2"
        }
      [32m+[0m[0m tags_all                             = {
          [32m+[0m[0m "Name" = "y2om-KOR-Primary-VPC-test-ec2"
        }
      [32m+[0m[0m tenancy                              = (known after apply)
      [32m+[0m[0m user_data                            = (known after apply)
      [32m+[0m[0m user_data_base64                     = (known after apply)
      [32m+[0m[0m user_data_replace_on_change          = false
      [32m+[0m[0m vpc_security_group_ids               = (known after apply)
    }

[1m  # module.network.module.kor_vpc.aws_internet_gateway.this[0m will be created
[0m  [32m+[0m[0m resource "aws_internet_gateway" "this" {
      [32m+[0m[0m arn      = (known after apply)
      [32m+[0m[0m id       = (known after apply)
      [32m+[0m[0m owner_id = (known after apply)
      [32m+[0m[0m tags_all = (known after apply)
      [32m+[0m[0m vpc_id   = (known after apply)
    }

[1m  # module.network.module.kor_vpc.aws_nat_gateway.this[0m will be created
[0m  [32m+[0m[0m resource "aws_nat_gateway" "this" {
      [32m+[0m[0m allocation_id                      = (known after apply)
      [32m+[0m[0m association_id                     = (known after apply)
      [32m+[0m[0m connectivity_type                  = "public"
      [32m+[0m[0m id                                 = (known after apply)
      [32m+[0m[0m network_interface_id               = (known after apply)
      [32m+[0m[0m private_ip                         = (known after apply)
      [32m+[0m[0m public_ip                          = (known after apply)
      [32m+[0m[0m secondary_private_ip_address_count = (known after apply)
      [32m+[0m[0m secondary_private_ip_addresses     = (known after apply)
      [32m+[0m[0m subnet_id                          = (known after apply)
      [32m+[0m[0m tags                               = {
          [32m+[0m[0m "Name" = "y2om-KOR-Primary-VPC-nat-gw"
        }
      [32m+[0m[0m tags_all                           = {
          [32m+[0m[0m "Name" = "y2om-KOR-Primary-VPC-nat-gw"
        }
    }

[1m  # module.network.module.kor_vpc.aws_route.igw[0m will be created
[0m  [32m+[0m[0m resource "aws_route" "igw" {
      [32m+[0m[0m destination_cidr_block = "0.0.0.0/0"
      [32m+[0m[0m gateway_id             = (known after apply)
      [32m+[0m[0m id                     = (known after apply)
      [32m+[0m[0m instance_id            = (known after apply)
      [32m+[0m[0m instance_owner_id      = (known after apply)
      [32m+[0m[0m network_interface_id   = (known after apply)
      [32m+[0m[0m origin                 = (known after apply)
      [32m+[0m[0m route_table_id         = (known after apply)
      [32m+[0m[0m state                  = (known after apply)
    }

[1m  # module.network.module.kor_vpc.aws_route.private_to_nat[0m will be created
[0m  [32m+[0m[0m resource "aws_route" "private_to_nat" {
      [32m+[0m[0m destination_cidr_block = "0.0.0.0/0"
      [32m+[0m[0m id                     = (known after apply)
      [32m+[0m[0m instance_id            = (known after apply)
      [32m+[0m[0m instance_owner_id      = (known after apply)
      [32m+[0m[0m nat_gateway_id         = (known after apply)
      [32m+[0m[0m network_interface_id   = (known after apply)
      [32m+[0m[0m origin                 = (known after apply)
      [32m+[0m[0m route_table_id         = (known after apply)
      [32m+[0m[0m state                  = (known after apply)
    }

[1m  # module.network.module.kor_vpc.aws_route.to_tgw[0m will be created
[0m  [32m+[0m[0m resource "aws_route" "to_tgw" {
      [32m+[0m[0m destination_cidr_block = "10.24.0.0/16"
      [32m+[0m[0m id                     = (known after apply)
      [32m+[0m[0m instance_id            = (known after apply)
      [32m+[0m[0m instance_owner_id      = (known after apply)
      [32m+[0m[0m network_interface_id   = (known after apply)
      [32m+[0m[0m origin                 = (known after apply)
      [32m+[0m[0m route_table_id         = (known after apply)
      [32m+[0m[0m state                  = (known after apply)
      [32m+[0m[0m transit_gateway_id     = (known after apply)
    }

[1m  # module.network.module.kor_vpc.aws_route_table.private[0m will be created
[0m  [32m+[0m[0m resource "aws_route_table" "private" {
      [32m+[0m[0m arn              = (known after apply)
      [32m+[0m[0m id               = (known after apply)
      [32m+[0m[0m owner_id         = (known after apply)
      [32m+[0m[0m propagating_vgws = (known after apply)
      [32m+[0m[0m route            = (known after apply)
      [32m+[0m[0m tags             = {
          [32m+[0m[0m "Name" = "y2om-KOR-Primary-VPC-private-rt"
        }
      [32m+[0m[0m tags_all         = {
          [32m+[0m[0m "Name" = "y2om-KOR-Primary-VPC-private-rt"
        }
      [32m+[0m[0m vpc_id           = (known after apply)
    }

[1m  # module.network.module.kor_vpc.aws_route_table.public[0m will be created
[0m  [32m+[0m[0m resource "aws_route_table" "public" {
      [32m+[0m[0m arn              = (known after apply)
      [32m+[0m[0m id               = (known after apply)
      [32m+[0m[0m owner_id         = (known after apply)
      [32m+[0m[0m propagating_vgws = (known after apply)
      [32m+[0m[0m route            = (known after apply)
      [32m+[0m[0m tags_all         = (known after apply)
      [32m+[0m[0m vpc_id           = (known after apply)
    }

[1m  # module.network.module.kor_vpc.aws_route_table_association.private[0][0m will be created
[0m  [32m+[0m[0m resource "aws_route_table_association" "private" {
      [32m+[0m[0m id             = (known after apply)
      [32m+[0m[0m route_table_id = (known after apply)
      [32m+[0m[0m subnet_id      = (known after apply)
    }

[1m  # module.network.module.kor_vpc.aws_route_table_association.private[1][0m will be created
[0m  [32m+[0m[0m resource "aws_route_table_association" "private" {
      [32m+[0m[0m id             = (known after apply)
      [32m+[0m[0m route_table_id = (known after apply)
      [32m+[0m[0m subnet_id      = (known after apply)
    }

[1m  # module.network.module.kor_vpc.aws_route_table_association.private[2][0m will be created
[0m  [32m+[0m[0m resource "aws_route_table_association" "private" {
      [32m+[0m[0m id             = (known after apply)
      [32m+[0m[0m route_table_id = (known after apply)
      [32m+[0m[0m subnet_id      = (known after apply)
    }

[1m  # module.network.module.kor_vpc.aws_route_table_association.private[3][0m will be created
[0m  [32m+[0m[0m resource "aws_route_table_association" "private" {
      [32m+[0m[0m id             = (known after apply)
      [32m+[0m[0m route_table_id = (known after apply)
      [32m+[0m[0m subnet_id      = (known after apply)
    }

[1m  # module.network.module.kor_vpc.aws_route_table_association.public[0][0m will be created
[0m  [32m+[0m[0m resource "aws_route_table_association" "public" {
      [32m+[0m[0m id             = (known after apply)
      [32m+[0m[0m route_table_id = (known after apply)
      [32m+[0m[0m subnet_id      = (known after apply)
    }

[1m  # module.network.module.kor_vpc.aws_route_table_association.public[1][0m will be created
[0m  [32m+[0m[0m resource "aws_route_table_association" "public" {
      [32m+[0m[0m id             = (known after apply)
      [32m+[0m[0m route_table_id = (known after apply)
      [32m+[0m[0m subnet_id      = (known after apply)
    }

[1m  # module.network.module.kor_vpc.aws_security_group.bastion[0m will be created
[0m  [32m+[0m[0m resource "aws_security_group" "bastion" {
      [32m+[0m[0m arn                    = (known after apply)
      [32m+[0m[0m description            = "Managed by Terraform"
      [32m+[0m[0m egress                 = [
          [32m+[0m[0m {
              [32m+[0m[0m cidr_blocks      = [
                  [32m+[0m[0m "0.0.0.0/0",
                ]
              [32m+[0m[0m description      = ""
              [32m+[0m[0m from_port        = 0
              [32m+[0m[0m ipv6_cidr_blocks = []
              [32m+[0m[0m prefix_list_ids  = []
              [32m+[0m[0m protocol         = "-1"
              [32m+[0m[0m security_groups  = []
              [32m+[0m[0m self             = false
              [32m+[0m[0m to_port          = 0
            },
        ]
      [32m+[0m[0m id                     = (known after apply)
      [32m+[0m[0m ingress                = [
          [32m+[0m[0m {
              [32m+[0m[0m cidr_blocks      = [
                  [32m+[0m[0m "175.192.170.212/32",
                ]
              [32m+[0m[0m description      = ""
              [32m+[0m[0m from_port        = 22
              [32m+[0m[0m ipv6_cidr_blocks = []
              [32m+[0m[0m prefix_list_ids  = []
              [32m+[0m[0m protocol         = "tcp"
              [32m+[0m[0m security_groups  = []
              [32m+[0m[0m self             = false
              [32m+[0m[0m to_port          = 22
            },
        ]
      [32m+[0m[0m name                   = (known after apply)
      [32m+[0m[0m name_prefix            = (known after apply)
      [32m+[0m[0m owner_id               = (known after apply)
      [32m+[0m[0m revoke_rules_on_delete = false
      [32m+[0m[0m tags_all               = (known after apply)
      [32m+[0m[0m vpc_id                 = (known after apply)
    }

[1m  # module.network.module.kor_vpc.aws_security_group.test[0m will be created
[0m  [32m+[0m[0m resource "aws_security_group" "test" {
      [32m+[0m[0m arn                    = (known after apply)
      [32m+[0m[0m description            = "Managed by Terraform"
      [32m+[0m[0m egress                 = [
          [32m+[0m[0m {
              [32m+[0m[0m cidr_blocks      = [
                  [32m+[0m[0m "0.0.0.0/0",
                ]
              [32m+[0m[0m description      = ""
              [32m+[0m[0m from_port        = 0
              [32m+[0m[0m ipv6_cidr_blocks = []
              [32m+[0m[0m prefix_list_ids  = []
              [32m+[0m[0m protocol         = "-1"
              [32m+[0m[0m security_groups  = []
              [32m+[0m[0m self             = false
              [32m+[0m[0m to_port          = 0
            },
        ]
      [32m+[0m[0m id                     = (known after apply)
      [32m+[0m[0m ingress                = [
          [32m+[0m[0m {
              [32m+[0m[0m cidr_blocks      = [
                  [32m+[0m[0m "10.0.0.0/8",
                ]
              [32m+[0m[0m description      = ""
              [32m+[0m[0m from_port        = -1
              [32m+[0m[0m ipv6_cidr_blocks = []
              [32m+[0m[0m prefix_list_ids  = []
              [32m+[0m[0m protocol         = "icmp"
              [32m+[0m[0m security_groups  = []
              [32m+[0m[0m self             = false
              [32m+[0m[0m to_port          = -1
            },
          [32m+[0m[0m {
              [32m+[0m[0m cidr_blocks      = [
                  [32m+[0m[0m "10.0.0.0/8",
                ]
              [32m+[0m[0m description      = ""
              [32m+[0m[0m from_port        = 22
              [32m+[0m[0m ipv6_cidr_blocks = []
              [32m+[0m[0m prefix_list_ids  = []
              [32m+[0m[0m protocol         = "tcp"
              [32m+[0m[0m security_groups  = []
              [32m+[0m[0m self             = false
              [32m+[0m[0m to_port          = 22
            },
        ]
      [32m+[0m[0m name                   = "y2om-KOR-Primary-VPC-test-sg"
      [32m+[0m[0m name_prefix            = (known after apply)
      [32m+[0m[0m owner_id               = (known after apply)
      [32m+[0m[0m revoke_rules_on_delete = false
      [32m+[0m[0m tags_all               = (known after apply)
      [32m+[0m[0m vpc_id                 = (known after apply)
    }

[1m  # module.network.module.kor_vpc.aws_subnet.private[0][0m will be created
[0m  [32m+[0m[0m resource "aws_subnet" "private" {
      [32m+[0m[0m arn                                            = (known after apply)
      [32m+[0m[0m assign_ipv6_address_on_creation                = false
      [32m+[0m[0m availability_zone                              = "ap-northeast-2a"
      [32m+[0m[0m availability_zone_id                           = (known after apply)
      [32m+[0m[0m cidr_block                                     = "10.23.11.0/24"
      [32m+[0m[0m enable_dns64                                   = false
      [32m+[0m[0m enable_resource_name_dns_a_record_on_launch    = false
      [32m+[0m[0m enable_resource_name_dns_aaaa_record_on_launch = false
      [32m+[0m[0m id                                             = (known after apply)
      [32m+[0m[0m ipv6_cidr_block_association_id                 = (known after apply)
      [32m+[0m[0m ipv6_native                                    = false
      [32m+[0m[0m map_public_ip_on_launch                        = false
      [32m+[0m[0m owner_id                                       = (known after apply)
      [32m+[0m[0m private_dns_hostname_type_on_launch            = (known after apply)
      [32m+[0m[0m tags                                           = {
          [32m+[0m[0m "Name" = "y2om-PrivateSubnet-EKS-A"
        }
      [32m+[0m[0m tags_all                                       = {
          [32m+[0m[0m "Name" = "y2om-PrivateSubnet-EKS-A"
        }
      [32m+[0m[0m vpc_id                                         = (known after apply)
    }

[1m  # module.network.module.kor_vpc.aws_subnet.private[1][0m will be created
[0m  [32m+[0m[0m resource "aws_subnet" "private" {
      [32m+[0m[0m arn                                            = (known after apply)
      [32m+[0m[0m assign_ipv6_address_on_creation                = false
      [32m+[0m[0m availability_zone                              = "ap-northeast-2b"
      [32m+[0m[0m availability_zone_id                           = (known after apply)
      [32m+[0m[0m cidr_block                                     = "10.23.12.0/24"
      [32m+[0m[0m enable_dns64                                   = false
      [32m+[0m[0m enable_resource_name_dns_a_record_on_launch    = false
      [32m+[0m[0m enable_resource_name_dns_aaaa_record_on_launch = false
      [32m+[0m[0m id                                             = (known after apply)
      [32m+[0m[0m ipv6_cidr_block_association_id                 = (known after apply)
      [32m+[0m[0m ipv6_native                                    = false
      [32m+[0m[0m map_public_ip_on_launch                        = false
      [32m+[0m[0m owner_id                                       = (known after apply)
      [32m+[0m[0m private_dns_hostname_type_on_launch            = (known after apply)
      [32m+[0m[0m tags                                           = {
          [32m+[0m[0m "Name" = "y2om-PrivateSubnet-EKS-B"
        }
      [32m+[0m[0m tags_all                                       = {
          [32m+[0m[0m "Name" = "y2om-PrivateSubnet-EKS-B"
        }
      [32m+[0m[0m vpc_id                                         = (known after apply)
    }

[1m  # module.network.module.kor_vpc.aws_subnet.private[2][0m will be created
[0m  [32m+[0m[0m resource "aws_subnet" "private" {
      [32m+[0m[0m arn                                            = (known after apply)
      [32m+[0m[0m assign_ipv6_address_on_creation                = false
      [32m+[0m[0m availability_zone                              = "ap-northeast-2a"
      [32m+[0m[0m availability_zone_id                           = (known after apply)
      [32m+[0m[0m cidr_block                                     = "10.23.21.0/24"
      [32m+[0m[0m enable_dns64                                   = false
      [32m+[0m[0m enable_resource_name_dns_a_record_on_launch    = false
      [32m+[0m[0m enable_resource_name_dns_aaaa_record_on_launch = false
      [32m+[0m[0m id                                             = (known after apply)
      [32m+[0m[0m ipv6_cidr_block_association_id                 = (known after apply)
      [32m+[0m[0m ipv6_native                                    = false
      [32m+[0m[0m map_public_ip_on_launch                        = false
      [32m+[0m[0m owner_id                                       = (known after apply)
      [32m+[0m[0m private_dns_hostname_type_on_launch            = (known after apply)
      [32m+[0m[0m tags                                           = {
          [32m+[0m[0m "Name" = "y2om-PrivateSubnet-DB-A"
        }
      [32m+[0m[0m tags_all                                       = {
          [32m+[0m[0m "Name" = "y2om-PrivateSubnet-DB-A"
        }
      [32m+[0m[0m vpc_id                                         = (known after apply)
    }

[1m  # module.network.module.kor_vpc.aws_subnet.private[3][0m will be created
[0m  [32m+[0m[0m resource "aws_subnet" "private" {
      [32m+[0m[0m arn                                            = (known after apply)
      [32m+[0m[0m assign_ipv6_address_on_creation                = false
      [32m+[0m[0m availability_zone                              = "ap-northeast-2b"
      [32m+[0m[0m availability_zone_id                           = (known after apply)
      [32m+[0m[0m cidr_block                                     = "10.23.22.0/24"
      [32m+[0m[0m enable_dns64                                   = false
      [32m+[0m[0m enable_resource_name_dns_a_record_on_launch    = false
      [32m+[0m[0m enable_resource_name_dns_aaaa_record_on_launch = false
      [32m+[0m[0m id                                             = (known after apply)
      [32m+[0m[0m ipv6_cidr_block_association_id                 = (known after apply)
      [32m+[0m[0m ipv6_native                                    = false
      [32m+[0m[0m map_public_ip_on_launch                        = false
      [32m+[0m[0m owner_id                                       = (known after apply)
      [32m+[0m[0m private_dns_hostname_type_on_launch            = (known after apply)
      [32m+[0m[0m tags                                           = {
          [32m+[0m[0m "Name" = "y2om-PrivateSubnet-DB-B"
        }
      [32m+[0m[0m tags_all                                       = {
          [32m+[0m[0m "Name" = "y2om-PrivateSubnet-DB-B"
        }
      [32m+[0m[0m vpc_id                                         = (known after apply)
    }

[1m  # module.network.module.kor_vpc.aws_subnet.public[0][0m will be created
[0m  [32m+[0m[0m resource "aws_subnet" "public" {
      [32m+[0m[0m arn                                            = (known after apply)
      [32m+[0m[0m assign_ipv6_address_on_creation                = false
      [32m+[0m[0m availability_zone                              = "ap-northeast-2a"
      [32m+[0m[0m availability_zone_id                           = (known after apply)
      [32m+[0m[0m cidr_block                                     = "10.23.1.0/24"
      [32m+[0m[0m enable_dns64                                   = false
      [32m+[0m[0m enable_resource_name_dns_a_record_on_launch    = false
      [32m+[0m[0m enable_resource_name_dns_aaaa_record_on_launch = false
      [32m+[0m[0m id                                             = (known after apply)
      [32m+[0m[0m ipv6_cidr_block_association_id                 = (known after apply)
      [32m+[0m[0m ipv6_native                                    = false
      [32m+[0m[0m map_public_ip_on_launch                        = true
      [32m+[0m[0m owner_id                                       = (known after apply)
      [32m+[0m[0m private_dns_hostname_type_on_launch            = (known after apply)
      [32m+[0m[0m tags                                           = {
          [32m+[0m[0m "Name" = "y2om-PublicSubnet-A"
        }
      [32m+[0m[0m tags_all                                       = {
          [32m+[0m[0m "Name" = "y2om-PublicSubnet-A"
        }
      [32m+[0m[0m vpc_id                                         = (known after apply)
    }

[1m  # module.network.module.kor_vpc.aws_subnet.public[1][0m will be created
[0m  [32m+[0m[0m resource "aws_subnet" "public" {
      [32m+[0m[0m arn                                            = (known after apply)
      [32m+[0m[0m assign_ipv6_address_on_creation                = false
      [32m+[0m[0m availability_zone                              = "ap-northeast-2b"
      [32m+[0m[0m availability_zone_id                           = (known after apply)
      [32m+[0m[0m cidr_block                                     = "10.23.2.0/24"
      [32m+[0m[0m enable_dns64                                   = false
      [32m+[0m[0m enable_resource_name_dns_a_record_on_launch    = false
      [32m+[0m[0m enable_resource_name_dns_aaaa_record_on_launch = false
      [32m+[0m[0m id                                             = (known after apply)
      [32m+[0m[0m ipv6_cidr_block_association_id                 = (known after apply)
      [32m+[0m[0m ipv6_native                                    = false
      [32m+[0m[0m map_public_ip_on_launch                        = true
      [32m+[0m[0m owner_id                                       = (known after apply)
      [32m+[0m[0m private_dns_hostname_type_on_launch            = (known after apply)
      [32m+[0m[0m tags                                           = {
          [32m+[0m[0m "Name" = "y2om-PublicSubnet-B"
        }
      [32m+[0m[0m tags_all                                       = {
          [32m+[0m[0m "Name" = "y2om-PublicSubnet-B"
        }
      [32m+[0m[0m vpc_id                                         = (known after apply)
    }

[1m  # module.network.module.kor_vpc.aws_subnet.tgw[0][0m will be created
[0m  [32m+[0m[0m resource "aws_subnet" "tgw" {
      [32m+[0m[0m arn                                            = (known after apply)
      [32m+[0m[0m assign_ipv6_address_on_creation                = false
      [32m+[0m[0m availability_zone                              = "ap-northeast-2a"
      [32m+[0m[0m availability_zone_id                           = (known after apply)
      [32m+[0m[0m cidr_block                                     = "10.23.31.0/28"
      [32m+[0m[0m enable_dns64                                   = false
      [32m+[0m[0m enable_resource_name_dns_a_record_on_launch    = false
      [32m+[0m[0m enable_resource_name_dns_aaaa_record_on_launch = false
      [32m+[0m[0m id                                             = (known after apply)
      [32m+[0m[0m ipv6_cidr_block_association_id                 = (known after apply)
      [32m+[0m[0m ipv6_native                                    = false
      [32m+[0m[0m map_public_ip_on_launch                        = false
      [32m+[0m[0m owner_id                                       = (known after apply)
      [32m+[0m[0m private_dns_hostname_type_on_launch            = (known after apply)
      [32m+[0m[0m tags                                           = {
          [32m+[0m[0m "Name" = "y2om-KOR-TGW-SubnetA"
        }
      [32m+[0m[0m tags_all                                       = {
          [32m+[0m[0m "Name" = "y2om-KOR-TGW-SubnetA"
        }
      [32m+[0m[0m vpc_id                                         = (known after apply)
    }

[1m  # module.network.module.kor_vpc.aws_subnet.tgw[1][0m will be created
[0m  [32m+[0m[0m resource "aws_subnet" "tgw" {
      [32m+[0m[0m arn                                            = (known after apply)
      [32m+[0m[0m assign_ipv6_address_on_creation                = false
      [32m+[0m[0m availability_zone                              = "ap-northeast-2b"
      [32m+[0m[0m availability_zone_id                           = (known after apply)
      [32m+[0m[0m cidr_block                                     = "10.23.32.0/28"
      [32m+[0m[0m enable_dns64                                   = false
      [32m+[0m[0m enable_resource_name_dns_a_record_on_launch    = false
      [32m+[0m[0m enable_resource_name_dns_aaaa_record_on_launch = false
      [32m+[0m[0m id                                             = (known after apply)
      [32m+[0m[0m ipv6_cidr_block_association_id                 = (known after apply)
      [32m+[0m[0m ipv6_native                                    = false
      [32m+[0m[0m map_public_ip_on_launch                        = false
      [32m+[0m[0m owner_id                                       = (known after apply)
      [32m+[0m[0m private_dns_hostname_type_on_launch            = (known after apply)
      [32m+[0m[0m tags                                           = {
          [32m+[0m[0m "Name" = "y2om-KOR-TGW-SubnetB"
        }
      [32m+[0m[0m tags_all                                       = {
          [32m+[0m[0m "Name" = "y2om-KOR-TGW-SubnetB"
        }
      [32m+[0m[0m vpc_id                                         = (known after apply)
    }

[1m  # module.network.module.kor_vpc.aws_vpc.this[0m will be created
[0m  [32m+[0m[0m resource "aws_vpc" "this" {
      [32m+[0m[0m arn                                  = (known after apply)
      [32m+[0m[0m cidr_block                           = "10.23.0.0/16"
      [32m+[0m[0m default_network_acl_id               = (known after apply)
      [32m+[0m[0m default_route_table_id               = (known after apply)
      [32m+[0m[0m default_security_group_id            = (known after apply)
      [32m+[0m[0m dhcp_options_id                      = (known after apply)
      [32m+[0m[0m enable_dns_hostnames                 = true
      [32m+[0m[0m enable_dns_support                   = true
      [32m+[0m[0m enable_network_address_usage_metrics = (known after apply)
      [32m+[0m[0m id                                   = (known after apply)
      [32m+[0m[0m instance_tenancy                     = "default"
      [32m+[0m[0m ipv6_association_id                  = (known after apply)
      [32m+[0m[0m ipv6_cidr_block                      = (known after apply)
      [32m+[0m[0m ipv6_cidr_block_network_border_group = (known after apply)
      [32m+[0m[0m main_route_table_id                  = (known after apply)
      [32m+[0m[0m owner_id                             = (known after apply)
      [32m+[0m[0m tags                                 = {
          [32m+[0m[0m "Name" = "y2om-KOR-Primary-VPC"
        }
      [32m+[0m[0m tags_all                             = {
          [32m+[0m[0m "Name" = "y2om-KOR-Primary-VPC"
        }
    }

[1m  # module.network.module.usa_vpc.aws_ec2_transit_gateway_vpc_attachment.this[0m will be created
[0m  [32m+[0m[0m resource "aws_ec2_transit_gateway_vpc_attachment" "this" {
      [32m+[0m[0m appliance_mode_support                          = "disable"
      [32m+[0m[0m arn                                             = (known after apply)
      [32m+[0m[0m dns_support                                     = "enable"
      [32m+[0m[0m id                                              = (known after apply)
      [32m+[0m[0m ipv6_support                                    = "disable"
      [32m+[0m[0m security_group_referencing_support              = (known after apply)
      [32m+[0m[0m subnet_ids                                      = (known after apply)
      [32m+[0m[0m tags                                            = {
          [32m+[0m[0m "Name" = "y2om-USA-Primary-VPC-tgw-attach"
        }
      [32m+[0m[0m tags_all                                        = {
          [32m+[0m[0m "Name" = "y2om-USA-Primary-VPC-tgw-attach"
        }
      [32m+[0m[0m transit_gateway_default_route_table_association = (known after apply)
      [32m+[0m[0m transit_gateway_default_route_table_propagation = (known after apply)
      [32m+[0m[0m transit_gateway_id                              = (known after apply)
      [32m+[0m[0m vpc_id                                          = (known after apply)
      [32m+[0m[0m vpc_owner_id                                    = (known after apply)
    }

[1m  # module.network.module.usa_vpc.aws_eip.nat[0m will be created
[0m  [32m+[0m[0m resource "aws_eip" "nat" {
      [32m+[0m[0m allocation_id        = (known after apply)
      [32m+[0m[0m arn                  = (known after apply)
      [32m+[0m[0m association_id       = (known after apply)
      [32m+[0m[0m carrier_ip           = (known after apply)
      [32m+[0m[0m customer_owned_ip    = (known after apply)
      [32m+[0m[0m domain               = "vpc"
      [32m+[0m[0m id                   = (known after apply)
      [32m+[0m[0m instance             = (known after apply)
      [32m+[0m[0m ipam_pool_id         = (known after apply)
      [32m+[0m[0m network_border_group = (known after apply)
      [32m+[0m[0m network_interface    = (known after apply)
      [32m+[0m[0m private_dns          = (known after apply)
      [32m+[0m[0m private_ip           = (known after apply)
      [32m+[0m[0m ptr_record           = (known after apply)
      [32m+[0m[0m public_dns           = (known after apply)
      [32m+[0m[0m public_ip            = (known after apply)
      [32m+[0m[0m public_ipv4_pool     = (known after apply)
      [32m+[0m[0m tags                 = {
          [32m+[0m[0m "Name" = "y2om-USA-Primary-VPC-nat-eip"
        }
      [32m+[0m[0m tags_all             = {
          [32m+[0m[0m "Name" = "y2om-USA-Primary-VPC-nat-eip"
        }
      [32m+[0m[0m vpc                  = (known after apply)
    }

[1m  # module.network.module.usa_vpc.aws_instance.bastion[0m will be created
[0m  [32m+[0m[0m resource "aws_instance" "bastion" {
      [32m+[0m[0m ami                                  = "ami-0688bf0f4fb02a07b"
      [32m+[0m[0m arn                                  = (known after apply)
      [32m+[0m[0m associate_public_ip_address          = (known after apply)
      [32m+[0m[0m availability_zone                    = (known after apply)
      [32m+[0m[0m cpu_core_count                       = (known after apply)
      [32m+[0m[0m cpu_threads_per_core                 = (known after apply)
      [32m+[0m[0m disable_api_stop                     = (known after apply)
      [32m+[0m[0m disable_api_termination              = (known after apply)
      [32m+[0m[0m ebs_optimized                        = (known after apply)
      [32m+[0m[0m enable_primary_ipv6                  = (known after apply)
      [32m+[0m[0m get_password_data                    = false
      [32m+[0m[0m host_id                              = (known after apply)
      [32m+[0m[0m host_resource_group_arn              = (known after apply)
      [32m+[0m[0m iam_instance_profile                 = (known after apply)
      [32m+[0m[0m id                                   = (known after apply)
      [32m+[0m[0m instance_initiated_shutdown_behavior = (known after apply)
      [32m+[0m[0m instance_lifecycle                   = (known after apply)
      [32m+[0m[0m instance_state                       = (known after apply)
      [32m+[0m[0m instance_type                        = "t3.micro"
      [32m+[0m[0m ipv6_address_count                   = (known after apply)
      [32m+[0m[0m ipv6_addresses                       = (known after apply)
      [32m+[0m[0m key_name                             = "y2om-KeyPair-Oregon"
      [32m+[0m[0m monitoring                           = (known after apply)
      [32m+[0m[0m outpost_arn                          = (known after apply)
      [32m+[0m[0m password_data                        = (known after apply)
      [32m+[0m[0m placement_group                      = (known after apply)
      [32m+[0m[0m placement_partition_number           = (known after apply)
      [32m+[0m[0m primary_network_interface_id         = (known after apply)
      [32m+[0m[0m private_dns                          = (known after apply)
      [32m+[0m[0m private_ip                           = (known after apply)
      [32m+[0m[0m public_dns                           = (known after apply)
      [32m+[0m[0m public_ip                            = (known after apply)
      [32m+[0m[0m secondary_private_ips                = (known after apply)
      [32m+[0m[0m security_groups                      = (known after apply)
      [32m+[0m[0m source_dest_check                    = true
      [32m+[0m[0m spot_instance_request_id             = (known after apply)
      [32m+[0m[0m subnet_id                            = (known after apply)
      [32m+[0m[0m tags                                 = {
          [32m+[0m[0m "Name" = "y2om-USA-Primary-VPC-bastion"
        }
      [32m+[0m[0m tags_all                             = {
          [32m+[0m[0m "Name" = "y2om-USA-Primary-VPC-bastion"
        }
      [32m+[0m[0m tenancy                              = (known after apply)
      [32m+[0m[0m user_data                            = (known after apply)
      [32m+[0m[0m user_data_base64                     = (known after apply)
      [32m+[0m[0m user_data_replace_on_change          = false
      [32m+[0m[0m vpc_security_group_ids               = (known after apply)
    }

[1m  # module.network.module.usa_vpc.aws_instance.test[0m will be created
[0m  [32m+[0m[0m resource "aws_instance" "test" {
      [32m+[0m[0m ami                                  = "ami-0688bf0f4fb02a07b"
      [32m+[0m[0m arn                                  = (known after apply)
      [32m+[0m[0m associate_public_ip_address          = (known after apply)
      [32m+[0m[0m availability_zone                    = (known after apply)
      [32m+[0m[0m cpu_core_count                       = (known after apply)
      [32m+[0m[0m cpu_threads_per_core                 = (known after apply)
      [32m+[0m[0m disable_api_stop                     = (known after apply)
      [32m+[0m[0m disable_api_termination              = (known after apply)
      [32m+[0m[0m ebs_optimized                        = (known after apply)
      [32m+[0m[0m enable_primary_ipv6                  = (known after apply)
      [32m+[0m[0m get_password_data                    = false
      [32m+[0m[0m host_id                              = (known after apply)
      [32m+[0m[0m host_resource_group_arn              = (known after apply)
      [32m+[0m[0m iam_instance_profile                 = (known after apply)
      [32m+[0m[0m id                                   = (known after apply)
      [32m+[0m[0m instance_initiated_shutdown_behavior = (known after apply)
      [32m+[0m[0m instance_lifecycle                   = (known after apply)
      [32m+[0m[0m instance_state                       = (known after apply)
      [32m+[0m[0m instance_type                        = "t3.micro"
      [32m+[0m[0m ipv6_address_count                   = (known after apply)
      [32m+[0m[0m ipv6_addresses                       = (known after apply)
      [32m+[0m[0m key_name                             = "y2om-KeyPair-Oregon"
      [32m+[0m[0m monitoring                           = (known after apply)
      [32m+[0m[0m outpost_arn                          = (known after apply)
      [32m+[0m[0m password_data                        = (known after apply)
      [32m+[0m[0m placement_group                      = (known after apply)
      [32m+[0m[0m placement_partition_number           = (known after apply)
      [32m+[0m[0m primary_network_interface_id         = (known after apply)
      [32m+[0m[0m private_dns                          = (known after apply)
      [32m+[0m[0m private_ip                           = (known after apply)
      [32m+[0m[0m public_dns                           = (known after apply)
      [32m+[0m[0m public_ip                            = (known after apply)
      [32m+[0m[0m secondary_private_ips                = (known after apply)
      [32m+[0m[0m security_groups                      = (known after apply)
      [32m+[0m[0m source_dest_check                    = true
      [32m+[0m[0m spot_instance_request_id             = (known after apply)
      [32m+[0m[0m subnet_id                            = (known after apply)
      [32m+[0m[0m tags                                 = {
          [32m+[0m[0m "Name" = "y2om-USA-Primary-VPC-test-ec2"
        }
      [32m+[0m[0m tags_all                             = {
          [32m+[0m[0m "Name" = "y2om-USA-Primary-VPC-test-ec2"
        }
      [32m+[0m[0m tenancy                              = (known after apply)
      [32m+[0m[0m user_data                            = (known after apply)
      [32m+[0m[0m user_data_base64                     = (known after apply)
      [32m+[0m[0m user_data_replace_on_change          = false
      [32m+[0m[0m vpc_security_group_ids               = (known after apply)
    }

[1m  # module.network.module.usa_vpc.aws_internet_gateway.this[0m will be created
[0m  [32m+[0m[0m resource "aws_internet_gateway" "this" {
      [32m+[0m[0m arn      = (known after apply)
      [32m+[0m[0m id       = (known after apply)
      [32m+[0m[0m owner_id = (known after apply)
      [32m+[0m[0m tags_all = (known after apply)
      [32m+[0m[0m vpc_id   = (known after apply)
    }

[1m  # module.network.module.usa_vpc.aws_nat_gateway.this[0m will be created
[0m  [32m+[0m[0m resource "aws_nat_gateway" "this" {
      [32m+[0m[0m allocation_id                      = (known after apply)
      [32m+[0m[0m association_id                     = (known after apply)
      [32m+[0m[0m connectivity_type                  = "public"
      [32m+[0m[0m id                                 = (known after apply)
      [32m+[0m[0m network_interface_id               = (known after apply)
      [32m+[0m[0m private_ip                         = (known after apply)
      [32m+[0m[0m public_ip                          = (known after apply)
      [32m+[0m[0m secondary_private_ip_address_count = (known after apply)
      [32m+[0m[0m secondary_private_ip_addresses     = (known after apply)
      [32m+[0m[0m subnet_id                          = (known after apply)
      [32m+[0m[0m tags                               = {
          [32m+[0m[0m "Name" = "y2om-USA-Primary-VPC-nat-gw"
        }
      [32m+[0m[0m tags_all                           = {
          [32m+[0m[0m "Name" = "y2om-USA-Primary-VPC-nat-gw"
        }
    }

[1m  # module.network.module.usa_vpc.aws_route.igw[0m will be created
[0m  [32m+[0m[0m resource "aws_route" "igw" {
      [32m+[0m[0m destination_cidr_block = "0.0.0.0/0"
      [32m+[0m[0m gateway_id             = (known after apply)
      [32m+[0m[0m id                     = (known after apply)
      [32m+[0m[0m instance_id            = (known after apply)
      [32m+[0m[0m instance_owner_id      = (known after apply)
      [32m+[0m[0m network_interface_id   = (known after apply)
      [32m+[0m[0m origin                 = (known after apply)
      [32m+[0m[0m route_table_id         = (known after apply)
      [32m+[0m[0m state                  = (known after apply)
    }

[1m  # module.network.module.usa_vpc.aws_route.private_to_nat[0m will be created
[0m  [32m+[0m[0m resource "aws_route" "private_to_nat" {
      [32m+[0m[0m destination_cidr_block = "0.0.0.0/0"
      [32m+[0m[0m id                     = (known after apply)
      [32m+[0m[0m instance_id            = (known after apply)
      [32m+[0m[0m instance_owner_id      = (known after apply)
      [32m+[0m[0m nat_gateway_id         = (known after apply)
      [32m+[0m[0m network_interface_id   = (known after apply)
      [32m+[0m[0m origin                 = (known after apply)
      [32m+[0m[0m route_table_id         = (known after apply)
      [32m+[0m[0m state                  = (known after apply)
    }

[1m  # module.network.module.usa_vpc.aws_route.to_tgw[0m will be created
[0m  [32m+[0m[0m resource "aws_route" "to_tgw" {
      [32m+[0m[0m destination_cidr_block = "10.23.0.0/16"
      [32m+[0m[0m id                     = (known after apply)
      [32m+[0m[0m instance_id            = (known after apply)
      [32m+[0m[0m instance_owner_id      = (known after apply)
      [32m+[0m[0m network_interface_id   = (known after apply)
      [32m+[0m[0m origin                 = (known after apply)
      [32m+[0m[0m route_table_id         = (known after apply)
      [32m+[0m[0m state                  = (known after apply)
      [32m+[0m[0m transit_gateway_id     = (known after apply)
    }

[1m  # module.network.module.usa_vpc.aws_route_table.private[0m will be created
[0m  [32m+[0m[0m resource "aws_route_table" "private" {
      [32m+[0m[0m arn              = (known after apply)
      [32m+[0m[0m id               = (known after apply)
      [32m+[0m[0m owner_id         = (known after apply)
      [32m+[0m[0m propagating_vgws = (known after apply)
      [32m+[0m[0m route            = (known after apply)
      [32m+[0m[0m tags             = {
          [32m+[0m[0m "Name" = "y2om-USA-Primary-VPC-private-rt"
        }
      [32m+[0m[0m tags_all         = {
          [32m+[0m[0m "Name" = "y2om-USA-Primary-VPC-private-rt"
        }
      [32m+[0m[0m vpc_id           = (known after apply)
    }

[1m  # module.network.module.usa_vpc.aws_route_table.public[0m will be created
[0m  [32m+[0m[0m resource "aws_route_table" "public" {
      [32m+[0m[0m arn              = (known after apply)
      [32m+[0m[0m id               = (known after apply)
      [32m+[0m[0m owner_id         = (known after apply)
      [32m+[0m[0m propagating_vgws = (known after apply)
      [32m+[0m[0m route            = (known after apply)
      [32m+[0m[0m tags_all         = (known after apply)
      [32m+[0m[0m vpc_id           = (known after apply)
    }

[1m  # module.network.module.usa_vpc.aws_route_table_association.private[0][0m will be created
[0m  [32m+[0m[0m resource "aws_route_table_association" "private" {
      [32m+[0m[0m id             = (known after apply)
      [32m+[0m[0m route_table_id = (known after apply)
      [32m+[0m[0m subnet_id      = (known after apply)
    }

[1m  # module.network.module.usa_vpc.aws_route_table_association.private[1][0m will be created
[0m  [32m+[0m[0m resource "aws_route_table_association" "private" {
      [32m+[0m[0m id             = (known after apply)
      [32m+[0m[0m route_table_id = (known after apply)
      [32m+[0m[0m subnet_id      = (known after apply)
    }

[1m  # module.network.module.usa_vpc.aws_route_table_association.private[2][0m will be created
[0m  [32m+[0m[0m resource "aws_route_table_association" "private" {
      [32m+[0m[0m id             = (known after apply)
      [32m+[0m[0m route_table_id = (known after apply)
      [32m+[0m[0m subnet_id      = (known after apply)
    }

[1m  # module.network.module.usa_vpc.aws_route_table_association.private[3][0m will be created
[0m  [32m+[0m[0m resource "aws_route_table_association" "private" {
      [32m+[0m[0m id             = (known after apply)
      [32m+[0m[0m route_table_id = (known after apply)
      [32m+[0m[0m subnet_id      = (known after apply)
    }

[1m  # module.network.module.usa_vpc.aws_route_table_association.public[0][0m will be created
[0m  [32m+[0m[0m resource "aws_route_table_association" "public" {
      [32m+[0m[0m id             = (known after apply)
      [32m+[0m[0m route_table_id = (known after apply)
      [32m+[0m[0m subnet_id      = (known after apply)
    }

[1m  # module.network.module.usa_vpc.aws_route_table_association.public[1][0m will be created
[0m  [32m+[0m[0m resource "aws_route_table_association" "public" {
      [32m+[0m[0m id             = (known after apply)
      [32m+[0m[0m route_table_id = (known after apply)
      [32m+[0m[0m subnet_id      = (known after apply)
    }

[1m  # module.network.module.usa_vpc.aws_security_group.bastion[0m will be created
[0m  [32m+[0m[0m resource "aws_security_group" "bastion" {
      [32m+[0m[0m arn                    = (known after apply)
      [32m+[0m[0m description            = "Managed by Terraform"
      [32m+[0m[0m egress                 = [
          [32m+[0m[0m {
              [32m+[0m[0m cidr_blocks      = [
                  [32m+[0m[0m "0.0.0.0/0",
                ]
              [32m+[0m[0m description      = ""
              [32m+[0m[0m from_port        = 0
              [32m+[0m[0m ipv6_cidr_blocks = []
              [32m+[0m[0m prefix_list_ids  = []
              [32m+[0m[0m protocol         = "-1"
              [32m+[0m[0m security_groups  = []
              [32m+[0m[0m self             = false
              [32m+[0m[0m to_port          = 0
            },
        ]
      [32m+[0m[0m id                     = (known after apply)
      [32m+[0m[0m ingress                = [
          [32m+[0m[0m {
              [32m+[0m[0m cidr_blocks      = [
                  [32m+[0m[0m "175.192.170.212/32",
                ]
              [32m+[0m[0m description      = ""
              [32m+[0m[0m from_port        = 22
              [32m+[0m[0m ipv6_cidr_blocks = []
              [32m+[0m[0m prefix_list_ids  = []
              [32m+[0m[0m protocol         = "tcp"
              [32m+[0m[0m security_groups  = []
              [32m+[0m[0m self             = false
              [32m+[0m[0m to_port          = 22
            },
        ]
      [32m+[0m[0m name                   = (known after apply)
      [32m+[0m[0m name_prefix            = (known after apply)
      [32m+[0m[0m owner_id               = (known after apply)
      [32m+[0m[0m revoke_rules_on_delete = false
      [32m+[0m[0m tags_all               = (known after apply)
      [32m+[0m[0m vpc_id                 = (known after apply)
    }

[1m  # module.network.module.usa_vpc.aws_security_group.test[0m will be created
[0m  [32m+[0m[0m resource "aws_security_group" "test" {
      [32m+[0m[0m arn                    = (known after apply)
      [32m+[0m[0m description            = "Managed by Terraform"
      [32m+[0m[0m egress                 = [
          [32m+[0m[0m {
              [32m+[0m[0m cidr_blocks      = [
                  [32m+[0m[0m "0.0.0.0/0",
                ]
              [32m+[0m[0m description      = ""
              [32m+[0m[0m from_port        = 0
              [32m+[0m[0m ipv6_cidr_blocks = []
              [32m+[0m[0m prefix_list_ids  = []
              [32m+[0m[0m protocol         = "-1"
              [32m+[0m[0m security_groups  = []
              [32m+[0m[0m self             = false
              [32m+[0m[0m to_port          = 0
            },
        ]
      [32m+[0m[0m id                     = (known after apply)
      [32m+[0m[0m ingress                = [
          [32m+[0m[0m {
              [32m+[0m[0m cidr_blocks      = [
                  [32m+[0m[0m "10.0.0.0/8",
                ]
              [32m+[0m[0m description      = ""
              [32m+[0m[0m from_port        = -1
              [32m+[0m[0m ipv6_cidr_blocks = []
              [32m+[0m[0m prefix_list_ids  = []
              [32m+[0m[0m protocol         = "icmp"
              [32m+[0m[0m security_groups  = []
              [32m+[0m[0m self             = false
              [32m+[0m[0m to_port          = -1
            },
          [32m+[0m[0m {
              [32m+[0m[0m cidr_blocks      = [
                  [32m+[0m[0m "10.0.0.0/8",
                ]
              [32m+[0m[0m description      = ""
              [32m+[0m[0m from_port        = 22
              [32m+[0m[0m ipv6_cidr_blocks = []
              [32m+[0m[0m prefix_list_ids  = []
              [32m+[0m[0m protocol         = "tcp"
              [32m+[0m[0m security_groups  = []
              [32m+[0m[0m self             = false
              [32m+[0m[0m to_port          = 22
            },
        ]
      [32m+[0m[0m name                   = "y2om-USA-Primary-VPC-test-sg"
      [32m+[0m[0m name_prefix            = (known after apply)
      [32m+[0m[0m owner_id               = (known after apply)
      [32m+[0m[0m revoke_rules_on_delete = false
      [32m+[0m[0m tags_all               = (known after apply)
      [32m+[0m[0m vpc_id                 = (known after apply)
    }

[1m  # module.network.module.usa_vpc.aws_subnet.private[0][0m will be created
[0m  [32m+[0m[0m resource "aws_subnet" "private" {
      [32m+[0m[0m arn                                            = (known after apply)
      [32m+[0m[0m assign_ipv6_address_on_creation                = false
      [32m+[0m[0m availability_zone                              = "us-west-2a"
      [32m+[0m[0m availability_zone_id                           = (known after apply)
      [32m+[0m[0m cidr_block                                     = "10.24.11.0/24"
      [32m+[0m[0m enable_dns64                                   = false
      [32m+[0m[0m enable_resource_name_dns_a_record_on_launch    = false
      [32m+[0m[0m enable_resource_name_dns_aaaa_record_on_launch = false
      [32m+[0m[0m id                                             = (known after apply)
      [32m+[0m[0m ipv6_cidr_block_association_id                 = (known after apply)
      [32m+[0m[0m ipv6_native                                    = false
      [32m+[0m[0m map_public_ip_on_launch                        = false
      [32m+[0m[0m owner_id                                       = (known after apply)
      [32m+[0m[0m private_dns_hostname_type_on_launch            = (known after apply)
      [32m+[0m[0m tags                                           = {
          [32m+[0m[0m "Name" = "y2om-PrivateSubnet-EKS-A"
        }
      [32m+[0m[0m tags_all                                       = {
          [32m+[0m[0m "Name" = "y2om-PrivateSubnet-EKS-A"
        }
      [32m+[0m[0m vpc_id                                         = (known after apply)
    }

[1m  # module.network.module.usa_vpc.aws_subnet.private[1][0m will be created
[0m  [32m+[0m[0m resource "aws_subnet" "private" {
      [32m+[0m[0m arn                                            = (known after apply)
      [32m+[0m[0m assign_ipv6_address_on_creation                = false
      [32m+[0m[0m availability_zone                              = "us-west-2b"
      [32m+[0m[0m availability_zone_id                           = (known after apply)
      [32m+[0m[0m cidr_block                                     = "10.24.12.0/24"
      [32m+[0m[0m enable_dns64                                   = false
      [32m+[0m[0m enable_resource_name_dns_a_record_on_launch    = false
      [32m+[0m[0m enable_resource_name_dns_aaaa_record_on_launch = false
      [32m+[0m[0m id                                             = (known after apply)
      [32m+[0m[0m ipv6_cidr_block_association_id                 = (known after apply)
      [32m+[0m[0m ipv6_native                                    = false
      [32m+[0m[0m map_public_ip_on_launch                        = false
      [32m+[0m[0m owner_id                                       = (known after apply)
      [32m+[0m[0m private_dns_hostname_type_on_launch            = (known after apply)
      [32m+[0m[0m tags                                           = {
          [32m+[0m[0m "Name" = "y2om-PrivateSubnet-EKS-B"
        }
      [32m+[0m[0m tags_all                                       = {
          [32m+[0m[0m "Name" = "y2om-PrivateSubnet-EKS-B"
        }
      [32m+[0m[0m vpc_id                                         = (known after apply)
    }

[1m  # module.network.module.usa_vpc.aws_subnet.private[2][0m will be created
[0m  [32m+[0m[0m resource "aws_subnet" "private" {
      [32m+[0m[0m arn                                            = (known after apply)
      [32m+[0m[0m assign_ipv6_address_on_creation                = false
      [32m+[0m[0m availability_zone                              = "us-west-2a"
      [32m+[0m[0m availability_zone_id                           = (known after apply)
      [32m+[0m[0m cidr_block                                     = "10.24.21.0/24"
      [32m+[0m[0m enable_dns64                                   = false
      [32m+[0m[0m enable_resource_name_dns_a_record_on_launch    = false
      [32m+[0m[0m enable_resource_name_dns_aaaa_record_on_launch = false
      [32m+[0m[0m id                                             = (known after apply)
      [32m+[0m[0m ipv6_cidr_block_association_id                 = (known after apply)
      [32m+[0m[0m ipv6_native                                    = false
      [32m+[0m[0m map_public_ip_on_launch                        = false
      [32m+[0m[0m owner_id                                       = (known after apply)
      [32m+[0m[0m private_dns_hostname_type_on_launch            = (known after apply)
      [32m+[0m[0m tags                                           = {
          [32m+[0m[0m "Name" = "y2om-PrivateSubnet-DB-A"
        }
      [32m+[0m[0m tags_all                                       = {
          [32m+[0m[0m "Name" = "y2om-PrivateSubnet-DB-A"
        }
      [32m+[0m[0m vpc_id                                         = (known after apply)
    }

[1m  # module.network.module.usa_vpc.aws_subnet.private[3][0m will be created
[0m  [32m+[0m[0m resource "aws_subnet" "private" {
      [32m+[0m[0m arn                                            = (known after apply)
      [32m+[0m[0m assign_ipv6_address_on_creation                = false
      [32m+[0m[0m availability_zone                              = "us-west-2b"
      [32m+[0m[0m availability_zone_id                           = (known after apply)
      [32m+[0m[0m cidr_block                                     = "10.24.22.0/24"
      [32m+[0m[0m enable_dns64                                   = false
      [32m+[0m[0m enable_resource_name_dns_a_record_on_launch    = false
      [32m+[0m[0m enable_resource_name_dns_aaaa_record_on_launch = false
      [32m+[0m[0m id                                             = (known after apply)
      [32m+[0m[0m ipv6_cidr_block_association_id                 = (known after apply)
      [32m+[0m[0m ipv6_native                                    = false
      [32m+[0m[0m map_public_ip_on_launch                        = false
      [32m+[0m[0m owner_id                                       = (known after apply)
      [32m+[0m[0m private_dns_hostname_type_on_launch            = (known after apply)
      [32m+[0m[0m tags                                           = {
          [32m+[0m[0m "Name" = "y2om-PrivateSubnet-DB-B"
        }
      [32m+[0m[0m tags_all                                       = {
          [32m+[0m[0m "Name" = "y2om-PrivateSubnet-DB-B"
        }
      [32m+[0m[0m vpc_id                                         = (known after apply)
    }

[1m  # module.network.module.usa_vpc.aws_subnet.public[0][0m will be created
[0m  [32m+[0m[0m resource "aws_subnet" "public" {
      [32m+[0m[0m arn                                            = (known after apply)
      [32m+[0m[0m assign_ipv6_address_on_creation                = false
      [32m+[0m[0m availability_zone                              = "us-west-2a"
      [32m+[0m[0m availability_zone_id                           = (known after apply)
      [32m+[0m[0m cidr_block                                     = "10.24.1.0/24"
      [32m+[0m[0m enable_dns64                                   = false
      [32m+[0m[0m enable_resource_name_dns_a_record_on_launch    = false
      [32m+[0m[0m enable_resource_name_dns_aaaa_record_on_launch = false
      [32m+[0m[0m id                                             = (known after apply)
      [32m+[0m[0m ipv6_cidr_block_association_id                 = (known after apply)
      [32m+[0m[0m ipv6_native                                    = false
      [32m+[0m[0m map_public_ip_on_launch                        = true
      [32m+[0m[0m owner_id                                       = (known after apply)
      [32m+[0m[0m private_dns_hostname_type_on_launch            = (known after apply)
      [32m+[0m[0m tags                                           = {
          [32m+[0m[0m "Name" = "y2om-PublicSubnet-A"
        }
      [32m+[0m[0m tags_all                                       = {
          [32m+[0m[0m "Name" = "y2om-PublicSubnet-A"
        }
      [32m+[0m[0m vpc_id                                         = (known after apply)
    }

[1m  # module.network.module.usa_vpc.aws_subnet.public[1][0m will be created
[0m  [32m+[0m[0m resource "aws_subnet" "public" {
      [32m+[0m[0m arn                                            = (known after apply)
      [32m+[0m[0m assign_ipv6_address_on_creation                = false
      [32m+[0m[0m availability_zone                              = "us-west-2b"
      [32m+[0m[0m availability_zone_id                           = (known after apply)
      [32m+[0m[0m cidr_block                                     = "10.24.2.0/24"
      [32m+[0m[0m enable_dns64                                   = false
      [32m+[0m[0m enable_resource_name_dns_a_record_on_launch    = false
      [32m+[0m[0m enable_resource_name_dns_aaaa_record_on_launch = false
      [32m+[0m[0m id                                             = (known after apply)
      [32m+[0m[0m ipv6_cidr_block_association_id                 = (known after apply)
      [32m+[0m[0m ipv6_native                                    = false
      [32m+[0m[0m map_public_ip_on_launch                        = true
      [32m+[0m[0m owner_id                                       = (known after apply)
      [32m+[0m[0m private_dns_hostname_type_on_launch            = (known after apply)
      [32m+[0m[0m tags                                           = {
          [32m+[0m[0m "Name" = "y2om-PublicSubnet-B"
        }
      [32m+[0m[0m tags_all                                       = {
          [32m+[0m[0m "Name" = "y2om-PublicSubnet-B"
        }
      [32m+[0m[0m vpc_id                                         = (known after apply)
    }

[1m  # module.network.module.usa_vpc.aws_subnet.tgw[0][0m will be created
[0m  [32m+[0m[0m resource "aws_subnet" "tgw" {
      [32m+[0m[0m arn                                            = (known after apply)
      [32m+[0m[0m assign_ipv6_address_on_creation                = false
      [32m+[0m[0m availability_zone                              = "us-west-2a"
      [32m+[0m[0m availability_zone_id                           = (known after apply)
      [32m+[0m[0m cidr_block                                     = "10.24.31.0/28"
      [32m+[0m[0m enable_dns64                                   = false
      [32m+[0m[0m enable_resource_name_dns_a_record_on_launch    = false
      [32m+[0m[0m enable_resource_name_dns_aaaa_record_on_launch = false
      [32m+[0m[0m id                                             = (known after apply)
      [32m+[0m[0m ipv6_cidr_block_association_id                 = (known after apply)
      [32m+[0m[0m ipv6_native                                    = false
      [32m+[0m[0m map_public_ip_on_launch                        = false
      [32m+[0m[0m owner_id                                       = (known after apply)
      [32m+[0m[0m private_dns_hostname_type_on_launch            = (known after apply)
      [32m+[0m[0m tags                                           = {
          [32m+[0m[0m "Name" = "y2om-USA-TGW-SubnetA"
        }
      [32m+[0m[0m tags_all                                       = {
          [32m+[0m[0m "Name" = "y2om-USA-TGW-SubnetA"
        }
      [32m+[0m[0m vpc_id                                         = (known after apply)
    }

[1m  # module.network.module.usa_vpc.aws_subnet.tgw[1][0m will be created
[0m  [32m+[0m[0m resource "aws_subnet" "tgw" {
      [32m+[0m[0m arn                                            = (known after apply)
      [32m+[0m[0m assign_ipv6_address_on_creation                = false
      [32m+[0m[0m availability_zone                              = "us-west-2b"
      [32m+[0m[0m availability_zone_id                           = (known after apply)
      [32m+[0m[0m cidr_block                                     = "10.24.32.0/28"
      [32m+[0m[0m enable_dns64                                   = false
      [32m+[0m[0m enable_resource_name_dns_a_record_on_launch    = false
      [32m+[0m[0m enable_resource_name_dns_aaaa_record_on_launch = false
      [32m+[0m[0m id                                             = (known after apply)
      [32m+[0m[0m ipv6_cidr_block_association_id                 = (known after apply)
      [32m+[0m[0m ipv6_native                                    = false
      [32m+[0m[0m map_public_ip_on_launch                        = false
      [32m+[0m[0m owner_id                                       = (known after apply)
      [32m+[0m[0m private_dns_hostname_type_on_launch            = (known after apply)
      [32m+[0m[0m tags                                           = {
          [32m+[0m[0m "Name" = "y2om-USA-TGW-SubnetB"
        }
      [32m+[0m[0m tags_all                                       = {
          [32m+[0m[0m "Name" = "y2om-USA-TGW-SubnetB"
        }
      [32m+[0m[0m vpc_id                                         = (known after apply)
    }

[1m  # module.network.module.usa_vpc.aws_vpc.this[0m will be created
[0m  [32m+[0m[0m resource "aws_vpc" "this" {
      [32m+[0m[0m arn                                  = (known after apply)
      [32m+[0m[0m cidr_block                           = "10.24.0.0/16"
      [32m+[0m[0m default_network_acl_id               = (known after apply)
      [32m+[0m[0m default_route_table_id               = (known after apply)
      [32m+[0m[0m default_security_group_id            = (known after apply)
      [32m+[0m[0m dhcp_options_id                      = (known after apply)
      [32m+[0m[0m enable_dns_hostnames                 = true
      [32m+[0m[0m enable_dns_support                   = true
      [32m+[0m[0m enable_network_address_usage_metrics = (known after apply)
      [32m+[0m[0m id                                   = (known after apply)
      [32m+[0m[0m instance_tenancy                     = "default"
      [32m+[0m[0m ipv6_association_id                  = (known after apply)
      [32m+[0m[0m ipv6_cidr_block                      = (known after apply)
      [32m+[0m[0m ipv6_cidr_block_network_border_group = (known after apply)
      [32m+[0m[0m main_route_table_id                  = (known after apply)
      [32m+[0m[0m owner_id                             = (known after apply)
      [32m+[0m[0m tags                                 = {
          [32m+[0m[0m "Name" = "y2om-USA-Primary-VPC"
        }
      [32m+[0m[0m tags_all                             = {
          [32m+[0m[0m "Name" = "y2om-USA-Primary-VPC"
        }
    }

[1m  # module.eks.module.eks_oregon.module.eks_managed_node_group["standard-worker"].aws_eks_node_group.this[0][0m will be created
[0m  [32m+[0m[0m resource "aws_eks_node_group" "this" {
      [32m+[0m[0m ami_type               = (known after apply)
      [32m+[0m[0m arn                    = (known after apply)
      [32m+[0m[0m capacity_type          = (known after apply)
      [32m+[0m[0m cluster_name           = (known after apply)
      [32m+[0m[0m disk_size              = (known after apply)
      [32m+[0m[0m id                     = (known after apply)
      [32m+[0m[0m instance_types         = [
          [32m+[0m[0m "t3.small",
        ]
      [32m+[0m[0m node_group_name        = (known after apply)
      [32m+[0m[0m node_group_name_prefix = "standard-worker-"
      [32m+[0m[0m node_role_arn          = (known after apply)
      [32m+[0m[0m release_version        = (known after apply)
      [32m+[0m[0m resources              = (known after apply)
      [32m+[0m[0m status                 = (known after apply)
      [32m+[0m[0m subnet_ids             = (known after apply)
      [32m+[0m[0m tags                   = {
          [32m+[0m[0m "Name"                                                = "standard-worker"
          [32m+[0m[0m "k8s.io/cluster-autoscaler/enabled"                   = "true"
          [32m+[0m[0m "k8s.io/cluster-autoscaler/y2om-formation-lap-oregon" = "owned"
        }
      [32m+[0m[0m tags_all               = {
          [32m+[0m[0m "Name"                                                = "standard-worker"
          [32m+[0m[0m "k8s.io/cluster-autoscaler/enabled"                   = "true"
          [32m+[0m[0m "k8s.io/cluster-autoscaler/y2om-formation-lap-oregon" = "owned"
        }
      [32m+[0m[0m version                = "1.34"

      [32m+[0m[0m launch_template {
          [32m+[0m[0m id      = (known after apply)
          [32m+[0m[0m name    = (known after apply)
          [32m+[0m[0m version = (known after apply)
        }

      [32m+[0m[0m scaling_config {
          [32m+[0m[0m desired_size = 2
          [32m+[0m[0m max_size     = 5
          [32m+[0m[0m min_size     = 2
        }

      [32m+[0m[0m timeouts {}

      [32m+[0m[0m update_config {
          [32m+[0m[0m max_unavailable_percentage = 33
        }
    }

[1m  # module.eks.module.eks_oregon.module.eks_managed_node_group["standard-worker"].aws_iam_role.this[0][0m will be created
[0m  [32m+[0m[0m resource "aws_iam_role" "this" {
      [32m+[0m[0m arn                   = (known after apply)
      [32m+[0m[0m assume_role_policy    = jsonencode(
            {
              [32m+[0m[0m Statement = [
                  [32m+[0m[0m {
                      [32m+[0m[0m Action    = "sts:AssumeRole"
                      [32m+[0m[0m Effect    = "Allow"
                      [32m+[0m[0m Principal = {
                          [32m+[0m[0m Service = "ec2.amazonaws.com"
                        }
                      [32m+[0m[0m Sid       = "EKSNodeAssumeRole"
                    },
                ]
              [32m+[0m[0m Version   = "2012-10-17"
            }
        )
      [32m+[0m[0m create_date           = (known after apply)
      [32m+[0m[0m description           = "EKS managed node group IAM role"
      [32m+[0m[0m force_detach_policies = true
      [32m+[0m[0m id                    = (known after apply)
      [32m+[0m[0m managed_policy_arns   = (known after apply)
      [32m+[0m[0m max_session_duration  = 3600
      [32m+[0m[0m name                  = (known after apply)
      [32m+[0m[0m name_prefix           = "standard-worker-eks-node-group-"
      [32m+[0m[0m path                  = "/"
      [32m+[0m[0m tags                  = {
          [32m+[0m[0m "k8s.io/cluster-autoscaler/enabled"                   = "true"
          [32m+[0m[0m "k8s.io/cluster-autoscaler/y2om-formation-lap-oregon" = "owned"
        }
      [32m+[0m[0m tags_all              = {
          [32m+[0m[0m "k8s.io/cluster-autoscaler/enabled"                   = "true"
          [32m+[0m[0m "k8s.io/cluster-autoscaler/y2om-formation-lap-oregon" = "owned"
        }
      [32m+[0m[0m unique_id             = (known after apply)
    }

[1m  # module.eks.module.eks_oregon.module.eks_managed_node_group["standard-worker"].aws_iam_role_policy_attachment.this["AmazonEC2ContainerRegistryReadOnly"][0m will be created
[0m  [32m+[0m[0m resource "aws_iam_role_policy_attachment" "this" {
      [32m+[0m[0m id         = (known after apply)
      [32m+[0m[0m policy_arn = "arn:aws:iam::aws:policy/AmazonEC2ContainerRegistryReadOnly"
      [32m+[0m[0m role       = (known after apply)
    }

[1m  # module.eks.module.eks_oregon.module.eks_managed_node_group["standard-worker"].aws_iam_role_policy_attachment.this["AmazonEKSWorkerNodePolicy"][0m will be created
[0m  [32m+[0m[0m resource "aws_iam_role_policy_attachment" "this" {
      [32m+[0m[0m id         = (known after apply)
      [32m+[0m[0m policy_arn = "arn:aws:iam::aws:policy/AmazonEKSWorkerNodePolicy"
      [32m+[0m[0m role       = (known after apply)
    }

[1m  # module.eks.module.eks_oregon.module.eks_managed_node_group["standard-worker"].aws_iam_role_policy_attachment.this["AmazonEKS_CNI_Policy"][0m will be created
[0m  [32m+[0m[0m resource "aws_iam_role_policy_attachment" "this" {
      [32m+[0m[0m id         = (known after apply)
      [32m+[0m[0m policy_arn = "arn:aws:iam::aws:policy/AmazonEKS_CNI_Policy"
      [32m+[0m[0m role       = (known after apply)
    }

[1m  # module.eks.module.eks_oregon.module.eks_managed_node_group["standard-worker"].aws_launch_template.this[0][0m will be created
[0m  [32m+[0m[0m resource "aws_launch_template" "this" {
      [32m+[0m[0m arn                    = (known after apply)
      [32m+[0m[0m default_version        = (known after apply)
      [32m+[0m[0m description            = "Custom launch template for standard-worker EKS managed node group"
      [32m+[0m[0m id                     = (known after apply)
      [32m+[0m[0m latest_version         = (known after apply)
      [32m+[0m[0m name                   = (known after apply)
      [32m+[0m[0m name_prefix            = "standard-worker-"
      [32m+[0m[0m tags                   = {
          [32m+[0m[0m "k8s.io/cluster-autoscaler/enabled"                   = "true"
          [32m+[0m[0m "k8s.io/cluster-autoscaler/y2om-formation-lap-oregon" = "owned"
        }
      [32m+[0m[0m tags_all               = {
          [32m+[0m[0m "k8s.io/cluster-autoscaler/enabled"                   = "true"
          [32m+[0m[0m "k8s.io/cluster-autoscaler/y2om-formation-lap-oregon" = "owned"
        }
      [32m+[0m[0m update_default_version = true
      [32m+[0m[0m vpc_security_group_ids = (known after apply)

      [32m+[0m[0m metadata_options {
          [32m+[0m[0m http_endpoint               = "enabled"
          [32m+[0m[0m http_protocol_ipv6          = (known after apply)
          [32m+[0m[0m http_put_response_hop_limit = 2
          [32m+[0m[0m http_tokens                 = "required"
          [32m+[0m[0m instance_metadata_tags      = (known after apply)
        }

      [32m+[0m[0m monitoring {
          [32m+[0m[0m enabled = true
        }

      [32m+[0m[0m tag_specifications {
          [32m+[0m[0m resource_type = "instance"
          [32m+[0m[0m tags          = {
              [32m+[0m[0m "Name"                                                = "standard-worker"
              [32m+[0m[0m "k8s.io/cluster-autoscaler/enabled"                   = "true"
              [32m+[0m[0m "k8s.io/cluster-autoscaler/y2om-formation-lap-oregon" = "owned"
            }
        }
      [32m+[0m[0m tag_specifications {
          [32m+[0m[0m resource_type = "network-interface"
          [32m+[0m[0m tags          = {
              [32m+[0m[0m "Name"                                                = "standard-worker"
              [32m+[0m[0m "k8s.io/cluster-autoscaler/enabled"                   = "true"
              [32m+[0m[0m "k8s.io/cluster-autoscaler/y2om-formation-lap-oregon" = "owned"
            }
        }
      [32m+[0m[0m tag_specifications {
          [32m+[0m[0m resource_type = "volume"
          [32m+[0m[0m tags          = {
              [32m+[0m[0m "Name"                                                = "standard-worker"
              [32m+[0m[0m "k8s.io/cluster-autoscaler/enabled"                   = "true"
              [32m+[0m[0m "k8s.io/cluster-autoscaler/y2om-formation-lap-oregon" = "owned"
            }
        }
    }

[1m  # module.eks.module.eks_oregon.module.kms.data.aws_iam_policy_document.this[0][0m will be read during apply
  # (config refers to values not yet known)
[0m [36m<=[0m[0m data "aws_iam_policy_document" "this" {
      [32m+[0m[0m id                        = (known after apply)
      [32m+[0m[0m json                      = (known after apply)
      [32m+[0m[0m minified_json             = (known after apply)
      [32m+[0m[0m override_policy_documents = []
      [32m+[0m[0m source_policy_documents   = []

      [32m+[0m[0m statement {
          [32m+[0m[0m actions   = [
              [32m+[0m[0m "kms:*",
            ]
          [32m+[0m[0m resources = [
              [32m+[0m[0m "*",
            ]
          [32m+[0m[0m sid       = "Default"

          [32m+[0m[0m principals {
              [32m+[0m[0m identifiers = [
                  [32m+[0m[0m "arn:aws:iam::404457776061:root",
                ]
              [32m+[0m[0m type        = "AWS"
            }
        }
      [32m+[0m[0m statement {
          [32m+[0m[0m actions   = [
              [32m+[0m[0m "kms:CancelKeyDeletion",
              [32m+[0m[0m "kms:Create*",
              [32m+[0m[0m "kms:Delete*",
              [32m+[0m[0m "kms:Describe*",
              [32m+[0m[0m "kms:Disable*",
              [32m+[0m[0m "kms:Enable*",
              [32m+[0m[0m "kms:Get*",
              [32m+[0m[0m "kms:ImportKeyMaterial",
              [32m+[0m[0m "kms:List*",
              [32m+[0m[0m "kms:Put*",
              [32m+[0m[0m "kms:ReplicateKey",
              [32m+[0m[0m "kms:Revoke*",
              [32m+[0m[0m "kms:ScheduleKeyDeletion",
              [32m+[0m[0m "kms:TagResource",
              [32m+[0m[0m "kms:UntagResource",
              [32m+[0m[0m "kms:Update*",
            ]
          [32m+[0m[0m resources = [
              [32m+[0m[0m "*",
            ]
          [32m+[0m[0m sid       = "KeyAdministration"

          [32m+[0m[0m principals {
              [32m+[0m[0m identifiers = [
                  [32m+[0m[0m "arn:aws:iam::404457776061:user/Yeom_Seongsik",
                ]
              [32m+[0m[0m type        = "AWS"
            }
        }
      [32m+[0m[0m statement {
          [32m+[0m[0m actions   = [
              [32m+[0m[0m "kms:Decrypt",
              [32m+[0m[0m "kms:DescribeKey",
              [32m+[0m[0m "kms:Encrypt",
              [32m+[0m[0m "kms:GenerateDataKey*",
              [32m+[0m[0m "kms:ReEncrypt*",
            ]
          [32m+[0m[0m resources = [
              [32m+[0m[0m "*",
            ]
          [32m+[0m[0m sid       = "KeyUsage"

          [32m+[0m[0m principals {
              [32m+[0m[0m identifiers = [
                  [32m+[0m[0m (known after apply),
                ]
              [32m+[0m[0m type        = "AWS"
            }
        }
    }

[1m  # module.eks.module.eks_oregon.module.kms.aws_kms_alias.this["cluster"][0m will be created
[0m  [32m+[0m[0m resource "aws_kms_alias" "this" {
      [32m+[0m[0m arn            = (known after apply)
      [32m+[0m[0m id             = (known after apply)
      [32m+[0m[0m name           = "alias/eks/y2om-formation-lap-oregon"
      [32m+[0m[0m name_prefix    = (known after apply)
      [32m+[0m[0m target_key_arn = (known after apply)
      [32m+[0m[0m target_key_id  = (known after apply)
    }

[1m  # module.eks.module.eks_oregon.module.kms.aws_kms_key.this[0][0m will be created
[0m  [32m+[0m[0m resource "aws_kms_key" "this" {
      [32m+[0m[0m arn                                = (known after apply)
      [32m+[0m[0m bypass_policy_lockout_safety_check = false
      [32m+[0m[0m customer_master_key_spec           = "SYMMETRIC_DEFAULT"
      [32m+[0m[0m description                        = "y2om-formation-lap-oregon cluster encryption key"
      [32m+[0m[0m enable_key_rotation                = true
      [32m+[0m[0m id                                 = (known after apply)
      [32m+[0m[0m is_enabled                         = true
      [32m+[0m[0m key_id                             = (known after apply)
      [32m+[0m[0m key_usage                          = "ENCRYPT_DECRYPT"
      [32m+[0m[0m multi_region                       = false
      [32m+[0m[0m policy                             = (known after apply)
      [32m+[0m[0m rotation_period_in_days            = (known after apply)
      [32m+[0m[0m tags                               = {
          [32m+[0m[0m "terraform-aws-modules" = "eks"
        }
      [32m+[0m[0m tags_all                           = {
          [32m+[0m[0m "terraform-aws-modules" = "eks"
        }
    }

[1m  # module.eks.module.eks_seoul.module.eks_managed_node_group["standard-worker"].aws_eks_node_group.this[0][0m will be created
[0m  [32m+[0m[0m resource "aws_eks_node_group" "this" {
      [32m+[0m[0m ami_type               = (known after apply)
      [32m+[0m[0m arn                    = (known after apply)
      [32m+[0m[0m capacity_type          = (known after apply)
      [32m+[0m[0m cluster_name           = (known after apply)
      [32m+[0m[0m disk_size              = (known after apply)
      [32m+[0m[0m id                     = (known after apply)
      [32m+[0m[0m instance_types         = [
          [32m+[0m[0m "t3.small",
        ]
      [32m+[0m[0m node_group_name        = (known after apply)
      [32m+[0m[0m node_group_name_prefix = "standard-worker-"
      [32m+[0m[0m node_role_arn          = (known after apply)
      [32m+[0m[0m release_version        = (known after apply)
      [32m+[0m[0m resources              = (known after apply)
      [32m+[0m[0m status                 = (known after apply)
      [32m+[0m[0m subnet_ids             = (known after apply)
      [32m+[0m[0m tags                   = {
          [32m+[0m[0m "Name"                                               = "standard-worker"
          [32m+[0m[0m "k8s.io/cluster-autoscaler/enabled"                  = "true"
          [32m+[0m[0m "k8s.io/cluster-autoscaler/y2om-formation-lap-seoul" = "owned"
        }
      [32m+[0m[0m tags_all               = {
          [32m+[0m[0m "Name"                                               = "standard-worker"
          [32m+[0m[0m "k8s.io/cluster-autoscaler/enabled"                  = "true"
          [32m+[0m[0m "k8s.io/cluster-autoscaler/y2om-formation-lap-seoul" = "owned"
        }
      [32m+[0m[0m version                = "1.34"

      [32m+[0m[0m launch_template {
          [32m+[0m[0m id      = (known after apply)
          [32m+[0m[0m name    = (known after apply)
          [32m+[0m[0m version = (known after apply)
        }

      [32m+[0m[0m scaling_config {
          [32m+[0m[0m desired_size = 2
          [32m+[0m[0m max_size     = 5
          [32m+[0m[0m min_size     = 2
        }

      [32m+[0m[0m timeouts {}

      [32m+[0m[0m update_config {
          [32m+[0m[0m max_unavailable_percentage = 33
        }
    }

[1m  # module.eks.module.eks_seoul.module.eks_managed_node_group["standard-worker"].aws_iam_role.this[0][0m will be created
[0m  [32m+[0m[0m resource "aws_iam_role" "this" {
      [32m+[0m[0m arn                   = (known after apply)
      [32m+[0m[0m assume_role_policy    = jsonencode(
            {
              [32m+[0m[0m Statement = [
                  [32m+[0m[0m {
                      [32m+[0m[0m Action    = "sts:AssumeRole"
                      [32m+[0m[0m Effect    = "Allow"
                      [32m+[0m[0m Principal = {
                          [32m+[0m[0m Service = "ec2.amazonaws.com"
                        }
                      [32m+[0m[0m Sid       = "EKSNodeAssumeRole"
                    },
                ]
              [32m+[0m[0m Version   = "2012-10-17"
            }
        )
      [32m+[0m[0m create_date           = (known after apply)
      [32m+[0m[0m description           = "EKS managed node group IAM role"
      [32m+[0m[0m force_detach_policies = true
      [32m+[0m[0m id                    = (known after apply)
      [32m+[0m[0m managed_policy_arns   = (known after apply)
      [32m+[0m[0m max_session_duration  = 3600
      [32m+[0m[0m name                  = (known after apply)
      [32m+[0m[0m name_prefix           = "standard-worker-eks-node-group-"
      [32m+[0m[0m path                  = "/"
      [32m+[0m[0m tags                  = {
          [32m+[0m[0m "k8s.io/cluster-autoscaler/enabled"                  = "true"
          [32m+[0m[0m "k8s.io/cluster-autoscaler/y2om-formation-lap-seoul" = "owned"
        }
      [32m+[0m[0m tags_all              = {
          [32m+[0m[0m "k8s.io/cluster-autoscaler/enabled"                  = "true"
          [32m+[0m[0m "k8s.io/cluster-autoscaler/y2om-formation-lap-seoul" = "owned"
        }
      [32m+[0m[0m unique_id             = (known after apply)
    }

[1m  # module.eks.module.eks_seoul.module.eks_managed_node_group["standard-worker"].aws_iam_role_policy_attachment.this["AmazonEC2ContainerRegistryReadOnly"][0m will be created
[0m  [32m+[0m[0m resource "aws_iam_role_policy_attachment" "this" {
      [32m+[0m[0m id         = (known after apply)
      [32m+[0m[0m policy_arn = "arn:aws:iam::aws:policy/AmazonEC2ContainerRegistryReadOnly"
      [32m+[0m[0m role       = (known after apply)
    }

[1m  # module.eks.module.eks_seoul.module.eks_managed_node_group["standard-worker"].aws_iam_role_policy_attachment.this["AmazonEKSWorkerNodePolicy"][0m will be created
[0m  [32m+[0m[0m resource "aws_iam_role_policy_attachment" "this" {
      [32m+[0m[0m id         = (known after apply)
      [32m+[0m[0m policy_arn = "arn:aws:iam::aws:policy/AmazonEKSWorkerNodePolicy"
      [32m+[0m[0m role       = (known after apply)
    }

[1m  # module.eks.module.eks_seoul.module.eks_managed_node_group["standard-worker"].aws_iam_role_policy_attachment.this["AmazonEKS_CNI_Policy"][0m will be created
[0m  [32m+[0m[0m resource "aws_iam_role_policy_attachment" "this" {
      [32m+[0m[0m id         = (known after apply)
      [32m+[0m[0m policy_arn = "arn:aws:iam::aws:policy/AmazonEKS_CNI_Policy"
      [32m+[0m[0m role       = (known after apply)
    }

[1m  # module.eks.module.eks_seoul.module.eks_managed_node_group["standard-worker"].aws_launch_template.this[0][0m will be created
[0m  [32m+[0m[0m resource "aws_launch_template" "this" {
      [32m+[0m[0m arn                    = (known after apply)
      [32m+[0m[0m default_version        = (known after apply)
      [32m+[0m[0m description            = "Custom launch template for standard-worker EKS managed node group"
      [32m+[0m[0m id                     = (known after apply)
      [32m+[0m[0m latest_version         = (known after apply)
      [32m+[0m[0m name                   = (known after apply)
      [32m+[0m[0m name_prefix            = "standard-worker-"
      [32m+[0m[0m tags                   = {
          [32m+[0m[0m "k8s.io/cluster-autoscaler/enabled"                  = "true"
          [32m+[0m[0m "k8s.io/cluster-autoscaler/y2om-formation-lap-seoul" = "owned"
        }
      [32m+[0m[0m tags_all               = {
          [32m+[0m[0m "k8s.io/cluster-autoscaler/enabled"                  = "true"
          [32m+[0m[0m "k8s.io/cluster-autoscaler/y2om-formation-lap-seoul" = "owned"
        }
      [32m+[0m[0m update_default_version = true
      [32m+[0m[0m vpc_security_group_ids = (known after apply)

      [32m+[0m[0m metadata_options {
          [32m+[0m[0m http_endpoint               = "enabled"
          [32m+[0m[0m http_protocol_ipv6          = (known after apply)
          [32m+[0m[0m http_put_response_hop_limit = 2
          [32m+[0m[0m http_tokens                 = "required"
          [32m+[0m[0m instance_metadata_tags      = (known after apply)
        }

      [32m+[0m[0m monitoring {
          [32m+[0m[0m enabled = true
        }

      [32m+[0m[0m tag_specifications {
          [32m+[0m[0m resource_type = "instance"
          [32m+[0m[0m tags          = {
              [32m+[0m[0m "Name"                                               = "standard-worker"
              [32m+[0m[0m "k8s.io/cluster-autoscaler/enabled"                  = "true"
              [32m+[0m[0m "k8s.io/cluster-autoscaler/y2om-formation-lap-seoul" = "owned"
            }
        }
      [32m+[0m[0m tag_specifications {
          [32m+[0m[0m resource_type = "network-interface"
          [32m+[0m[0m tags          = {
              [32m+[0m[0m "Name"                                               = "standard-worker"
              [32m+[0m[0m "k8s.io/cluster-autoscaler/enabled"                  = "true"
              [32m+[0m[0m "k8s.io/cluster-autoscaler/y2om-formation-lap-seoul" = "owned"
            }
        }
      [32m+[0m[0m tag_specifications {
          [32m+[0m[0m resource_type = "volume"
          [32m+[0m[0m tags          = {
              [32m+[0m[0m "Name"                                               = "standard-worker"
              [32m+[0m[0m "k8s.io/cluster-autoscaler/enabled"                  = "true"
              [32m+[0m[0m "k8s.io/cluster-autoscaler/y2om-formation-lap-seoul" = "owned"
            }
        }
    }

[1m  # module.eks.module.eks_seoul.module.kms.data.aws_iam_policy_document.this[0][0m will be read during apply
  # (config refers to values not yet known)
[0m [36m<=[0m[0m data "aws_iam_policy_document" "this" {
      [32m+[0m[0m id                        = (known after apply)
      [32m+[0m[0m json                      = (known after apply)
      [32m+[0m[0m minified_json             = (known after apply)
      [32m+[0m[0m override_policy_documents = []
      [32m+[0m[0m source_policy_documents   = []

      [32m+[0m[0m statement {
          [32m+[0m[0m actions   = [
              [32m+[0m[0m "kms:*",
            ]
          [32m+[0m[0m resources = [
              [32m+[0m[0m "*",
            ]
          [32m+[0m[0m sid       = "Default"

          [32m+[0m[0m principals {
              [32m+[0m[0m identifiers = [
                  [32m+[0m[0m "arn:aws:iam::404457776061:root",
                ]
              [32m+[0m[0m type        = "AWS"
            }
        }
      [32m+[0m[0m statement {
          [32m+[0m[0m actions   = [
              [32m+[0m[0m "kms:CancelKeyDeletion",
              [32m+[0m[0m "kms:Create*",
              [32m+[0m[0m "kms:Delete*",
              [32m+[0m[0m "kms:Describe*",
              [32m+[0m[0m "kms:Disable*",
              [32m+[0m[0m "kms:Enable*",
              [32m+[0m[0m "kms:Get*",
              [32m+[0m[0m "kms:ImportKeyMaterial",
              [32m+[0m[0m "kms:List*",
              [32m+[0m[0m "kms:Put*",
              [32m+[0m[0m "kms:ReplicateKey",
              [32m+[0m[0m "kms:Revoke*",
              [32m+[0m[0m "kms:ScheduleKeyDeletion",
              [32m+[0m[0m "kms:TagResource",
              [32m+[0m[0m "kms:UntagResource",
              [32m+[0m[0m "kms:Update*",
            ]
          [32m+[0m[0m resources = [
              [32m+[0m[0m "*",
            ]
          [32m+[0m[0m sid       = "KeyAdministration"

          [32m+[0m[0m principals {
              [32m+[0m[0m identifiers = [
                  [32m+[0m[0m "arn:aws:iam::404457776061:user/Yeom_Seongsik",
                ]
              [32m+[0m[0m type        = "AWS"
            }
        }
      [32m+[0m[0m statement {
          [32m+[0m[0m actions   = [
              [32m+[0m[0m "kms:Decrypt",
              [32m+[0m[0m "kms:DescribeKey",
              [32m+[0m[0m "kms:Encrypt",
              [32m+[0m[0m "kms:GenerateDataKey*",
              [32m+[0m[0m "kms:ReEncrypt*",
            ]
          [32m+[0m[0m resources = [
              [32m+[0m[0m "*",
            ]
          [32m+[0m[0m sid       = "KeyUsage"

          [32m+[0m[0m principals {
              [32m+[0m[0m identifiers = [
                  [32m+[0m[0m (known after apply),
                ]
              [32m+[0m[0m type        = "AWS"
            }
        }
    }

[1m  # module.eks.module.eks_seoul.module.kms.aws_kms_alias.this["cluster"][0m will be created
[0m  [32m+[0m[0m resource "aws_kms_alias" "this" {
      [32m+[0m[0m arn            = (known after apply)
      [32m+[0m[0m id             = (known after apply)
      [32m+[0m[0m name           = "alias/eks/y2om-formation-lap-seoul"
      [32m+[0m[0m name_prefix    = (known after apply)
      [32m+[0m[0m target_key_arn = (known after apply)
      [32m+[0m[0m target_key_id  = (known after apply)
    }

[1m  # module.eks.module.eks_seoul.module.kms.aws_kms_key.this[0][0m will be created
[0m  [32m+[0m[0m resource "aws_kms_key" "this" {
      [32m+[0m[0m arn                                = (known after apply)
      [32m+[0m[0m bypass_policy_lockout_safety_check = false
      [32m+[0m[0m customer_master_key_spec           = "SYMMETRIC_DEFAULT"
      [32m+[0m[0m description                        = "y2om-formation-lap-seoul cluster encryption key"
      [32m+[0m[0m enable_key_rotation                = true
      [32m+[0m[0m id                                 = (known after apply)
      [32m+[0m[0m is_enabled                         = true
      [32m+[0m[0m key_id                             = (known after apply)
      [32m+[0m[0m key_usage                          = "ENCRYPT_DECRYPT"
      [32m+[0m[0m multi_region                       = false
      [32m+[0m[0m policy                             = (known after apply)
      [32m+[0m[0m rotation_period_in_days            = (known after apply)
      [32m+[0m[0m tags                               = {
          [32m+[0m[0m "terraform-aws-modules" = "eks"
        }
      [32m+[0m[0m tags_all                           = {
          [32m+[0m[0m "terraform-aws-modules" = "eks"
        }
    }

[1m  # module.eks.module.eks_oregon.module.eks_managed_node_group["standard-worker"].module.user_data.null_resource.validate_cluster_service_cidr[0m will be created
[0m  [32m+[0m[0m resource "null_resource" "validate_cluster_service_cidr" {
      [32m+[0m[0m id = (known after apply)
    }

[1m  # module.eks.module.eks_seoul.module.eks_managed_node_group["standard-worker"].module.user_data.null_resource.validate_cluster_service_cidr[0m will be created
[0m  [32m+[0m[0m resource "null_resource" "validate_cluster_service_cidr" {
      [32m+[0m[0m id = (known after apply)
    }

[1mPlan:[0m 201 to add, 0 to change, 0 to destroy.
[0m[0m[1mmodule.network.aws_customer_gateway.onprem_cgw: Creating...[0m[0m
[0m[1mmodule.acm.aws_acm_certificate.cname_api_seoul: Creating...[0m[0m
[0m[1mmodule.ecr.aws_ecr_repository.order: Creating...[0m[0m
[0m[1mmodule.ecr.aws_ecr_repository.user: Creating...[0m[0m
[0m[1mmodule.network.module.kor_vpc.aws_vpc.this: Creating...[0m[0m
[0m[1mmodule.eks.module.eks_seoul.module.eks_managed_node_group["standard-worker"].aws_iam_role.this[0]: Creating...[0m[0m
[0m[1mmodule.eks.module.eks_seoul.aws_cloudwatch_log_group.this[0]: Creating...[0m[0m
[0m[1mmodule.eks.module.eks_seoul.aws_iam_role.this[0]: Creating...[0m[0m
[0m[1mmodule.network.module.kor_vpc.aws_eip.nat: Creating...[0m[0m
[0m[1mmodule.ecr.aws_ecr_repository.order: Creation complete after 1s [id=y2om-order-service][0m
[0m[1mmodule.network.aws_ec2_transit_gateway.kor: Creating...[0m[0m
[0m[1mmodule.ecr.aws_ecr_repository.user: Creation complete after 1s [id=y2om-user-service][0m
[0m[1mmodule.ecr.aws_ecr_repository.product: Creating...[0m[0m
[0m[1mmodule.ecr.aws_ecr_repository.product: Creation complete after 0s [id=y2om-product-service][0m
[0m[1mmodule.ecr.aws_ecr_replication_configuration.seoul_to_oregon: Creating...[0m[0m
[0m[1mmodule.network.module.kor_vpc.aws_eip.nat: Creation complete after 1s [id=eipalloc-0a347f355609ccd16][0m
[0m[1mmodule.s3.aws_s3_bucket.this: Creating...[0m[0m
[0m[1mmodule.ecr.aws_ecr_replication_configuration.seoul_to_oregon: Creation complete after 0s [id=404457776061][0m
[0m[1mmodule.eks.module.eks_seoul.aws_iam_policy.custom[0]: Creating...[0m[0m
[0m[1mmodule.database.aws_iam_role.kor_rds_proxy: Creating...[0m[0m
[0m[1mmodule.eks.module.eks_oregon.module.eks_managed_node_group["standard-worker"].aws_iam_role.this[0]: Creating...[0m[0m
[0m[1mmodule.s3.aws_s3_bucket.this: Creation complete after 1s [id=y2om-my-origin-bucket-123456][0m
[0m[1mmodule.acm.aws_acm_certificate.cname_api_oregon: Creating...[0m[0m
[0m[1mmodule.eks.module.eks_seoul.aws_iam_policy.custom[0]: Creation complete after 2s [id=arn:aws:iam::404457776061:policy/y2om-formation-lap-seoul-cluster-20260111103215168400000004][0m
[0m[1mmodule.eks.module.eks_oregon.aws_cloudwatch_log_group.this[0]: Creating...[0m[0m
[0m[1mmodule.eks.module.eks_seoul.module.eks_managed_node_group["standard-worker"].aws_iam_role.this[0]: Creation complete after 3s [id=standard-worker-eks-node-group-20260111103214302400000002][0m
[0m[1mmodule.ecr.aws_ecr_repository.order_oregon: Creating...[0m[0m
[0m[1mmodule.eks.module.eks_seoul.aws_iam_role.this[0]: Creation complete after 3s [id=y2om-formation-lap-seoul-cluster-20260111103214304200000003][0m
[0m[1mmodule.ecr.aws_ecr_repository.user_oregon: Creating...[0m[0m
[0m[1mmodule.database.aws_iam_role.kor_rds_proxy: Creation complete after 2s [id=y2om-formation-lap-KOR-RDS-Proxy-Role][0m
[0m[1mmodule.network.aws_ec2_transit_gateway.usa: Creating...[0m[0m
[0m[1mmodule.eks.module.eks_oregon.module.eks_managed_node_group["standard-worker"].aws_iam_role.this[0]: Creation complete after 3s [id=standard-worker-eks-node-group-20260111103215426800000001][0m
[0m[1mmodule.network.module.usa_vpc.aws_eip.nat: Creating...[0m[0m
[0m[1mmodule.ecr.aws_ecr_repository.product_oregon: Creating...[0m[0m
[0m[1mmodule.ecr.aws_ecr_repository.order_oregon: Creation complete after 2s [id=y2om-order-service][0m
[0m[1mmodule.database.aws_iam_role.usa_rds_proxy: Creating...[0m[0m
[0m[1mmodule.ecr.aws_ecr_repository.user_oregon: Creation complete after 2s [id=y2om-user-service][0m
[0m[1mmodule.network.module.usa_vpc.aws_vpc.this: Creating...[0m[0m
[0m[1mmodule.acm.aws_acm_certificate.cname_api_seoul: Creation complete after 5s [id=arn:aws:acm:ap-northeast-2:404457776061:certificate/0471dcd4-d403-4338-b9de-7ea997e474d1][0m
[0m[1mmodule.acm.aws_acm_certificate.a_www: Creating...[0m[0m
[0m[1mmodule.ecr.aws_ecr_repository.product_oregon: Creation complete after 1s [id=y2om-product-service][0m
[0m[1mmodule.eks.module.eks_oregon.aws_iam_role.this[0]: Creating...[0m[0m
[0m[1mmodule.network.module.usa_vpc.aws_eip.nat: Creation complete after 3s [id=eipalloc-0e6c41f9c1cca3489][0m
[0m[1mmodule.eks.module.eks_seoul.module.eks_managed_node_group["standard-worker"].aws_iam_role_policy_attachment.this["AmazonEKSWorkerNodePolicy"]: Creating...[0m[0m
[0m[1mmodule.database.aws_iam_role.usa_rds_proxy: Creation complete after 2s [id=y2om-formation-lap-USA-RDS-Proxy-Role][0m
[0m[1mmodule.eks.module.eks_seoul.module.eks_managed_node_group["standard-worker"].aws_iam_role_policy_attachment.this["AmazonEC2ContainerRegistryReadOnly"]: Creating...[0m[0m
[0m[1mmodule.eks.module.eks_oregon.aws_iam_role.this[0]: Creation complete after 2s [id=y2om-formation-lap-oregon-cluster-20260111103219266800000003][0m
[0m[1mmodule.eks.module.eks_seoul.module.eks_managed_node_group["standard-worker"].aws_iam_role_policy_attachment.this["AmazonEKS_CNI_Policy"]: Creating...[0m[0m
[0m[1mmodule.eks.module.eks_seoul.module.eks_managed_node_group["standard-worker"].aws_iam_role_policy_attachment.this["AmazonEKSWorkerNodePolicy"]: Creation complete after 1s [id=standard-worker-eks-node-group-20260111103214302400000002-20260111103221146500000005][0m
[0m[1mmodule.s3.aws_s3_bucket_public_access_block.this: Creating...[0m[0m
[0m[1mmodule.s3.aws_s3_bucket_public_access_block.this: Creation complete after 0s [id=y2om-my-origin-bucket-123456][0m
[0m[1mmodule.eks.module.eks_oregon.module.eks_managed_node_group["standard-worker"].aws_iam_role_policy_attachment.this["AmazonEC2ContainerRegistryReadOnly"]: Creating...[0m[0m
[0m[1mmodule.eks.module.eks_seoul.module.eks_managed_node_group["standard-worker"].aws_iam_role_policy_attachment.this["AmazonEC2ContainerRegistryReadOnly"]: Creation complete after 1s [id=standard-worker-eks-node-group-20260111103214302400000002-20260111103221661100000006][0m
[0m[1mmodule.eks.module.eks_oregon.module.eks_managed_node_group["standard-worker"].aws_iam_role_policy_attachment.this["AmazonEKS_CNI_Policy"]: Creating...[0m[0m
[0m[1mmodule.eks.module.eks_seoul.module.eks_managed_node_group["standard-worker"].aws_iam_role_policy_attachment.this["AmazonEKS_CNI_Policy"]: Creation complete after 1s [id=standard-worker-eks-node-group-20260111103214302400000002-20260111103221969700000007][0m
[0m[1mmodule.eks.module.eks_oregon.module.eks_managed_node_group["standard-worker"].aws_iam_role_policy_attachment.this["AmazonEKSWorkerNodePolicy"]: Creating...[0m[0m
[0m[1mmodule.eks.module.eks_oregon.module.eks_managed_node_group["standard-worker"].aws_iam_role_policy_attachment.this["AmazonEC2ContainerRegistryReadOnly"]: Creation complete after 1s [id=standard-worker-eks-node-group-20260111103215426800000001-20260111103222323500000004][0m
[0m[1mmodule.eks.module.eks_seoul.aws_iam_role_policy_attachment.custom[0]: Creating...[0m[0m
[0m[1mmodule.eks.module.eks_oregon.module.eks_managed_node_group["standard-worker"].aws_iam_role_policy_attachment.this["AmazonEKS_CNI_Policy"]: Creation complete after 1s [id=standard-worker-eks-node-group-20260111103215426800000001-20260111103222618400000005][0m
[0m[1mmodule.eks.module.eks_seoul.aws_iam_role_policy_attachment.this["AmazonEKSVPCResourceController"]: Creating...[0m[0m
[0m[1mmodule.eks.module.eks_oregon.module.eks_managed_node_group["standard-worker"].aws_iam_role_policy_attachment.this["AmazonEKSWorkerNodePolicy"]: Creation complete after 1s [id=standard-worker-eks-node-group-20260111103215426800000001-20260111103222865700000006][0m
[0m[1mmodule.eks.module.eks_seoul.aws_iam_role_policy_attachment.this["AmazonEKSClusterPolicy"]: Creating...[0m[0m
[0m[1mmodule.acm.aws_acm_certificate.cname_api_oregon: Creation complete after 7s [id=arn:aws:acm:us-west-2:404457776061:certificate/d4fd8972-1a7b-4326-b8b8-cde496ca927a][0m
[0m[1mmodule.database.aws_iam_role_policy.kor_rds_proxy: Creating...[0m[0m
[0m[1mmodule.eks.module.eks_seoul.aws_iam_role_policy_attachment.custom[0]: Creation complete after 1s [id=y2om-formation-lap-seoul-cluster-20260111103214304200000003-20260111103223372300000008][0m
[0m[1mmodule.eks.module.eks_oregon.aws_iam_policy.custom[0]: Creating...[0m[0m
[0m[1mmodule.eks.module.eks_seoul.aws_iam_role_policy_attachment.this["AmazonEKSVPCResourceController"]: Creation complete after 1s [id=y2om-formation-lap-seoul-cluster-20260111103214304200000003-20260111103223555200000009][0m
[0m[1mmodule.database.aws_iam_role_policy.usa_rds_proxy: Creating...[0m[0m
[0m[1mmodule.network.aws_customer_gateway.onprem_cgw: Still creating... [10s elapsed][0m[0m
[0m[1mmodule.network.module.kor_vpc.aws_vpc.this: Still creating... [10s elapsed][0m[0m
[0m[1mmodule.eks.module.eks_seoul.aws_iam_role_policy_attachment.this["AmazonEKSClusterPolicy"]: Creation complete after 1s [id=y2om-formation-lap-seoul-cluster-20260111103214304200000003-2026011110322387740000000a][0m
[0m[1mmodule.eks.module.eks_oregon.aws_iam_role_policy_attachment.this["AmazonEKSClusterPolicy"]: Creating...[0m[0m
[0m[1mmodule.network.aws_ec2_transit_gateway.kor: Still creating... [10s elapsed][0m[0m
[0m[1mmodule.network.aws_customer_gateway.onprem_cgw: Creation complete after 11s [id=cgw-00ef8b15d1ecb530a][0m
[0m[1mmodule.eks.module.eks_oregon.aws_iam_role_policy_attachment.this["AmazonEKSVPCResourceController"]: Creating...[0m[0m
[0m[1mmodule.database.aws_iam_role_policy.kor_rds_proxy: Creation complete after 2s [id=y2om-formation-lap-KOR-RDS-Proxy-Role:y2om-formation-lap-KOR-RDS-Proxy-Secrets-Policy][0m
[0m[1mmodule.eks.module.eks_seoul.module.kms.data.aws_iam_policy_document.this[0]: Reading...[0m[0m
[0m[1mmodule.eks.module.eks_seoul.module.kms.data.aws_iam_policy_document.this[0]: Read complete after 0s [id=4125799699][0m
[0m[1mmodule.eks.module.eks_oregon.module.kms.data.aws_iam_policy_document.this[0]: Reading...[0m[0m
[0m[1mmodule.eks.module.eks_oregon.module.kms.data.aws_iam_policy_document.this[0]: Read complete after 0s [id=63656044][0m
[0m[1mmodule.eks.module.eks_seoul.module.kms.aws_kms_key.this[0]: Creating...[0m[0m
[0m[1mmodule.eks.module.eks_oregon.aws_iam_policy.custom[0]: Creation complete after 1s [id=arn:aws:iam::404457776061:policy/y2om-formation-lap-oregon-cluster-20260111103223804100000007][0m
[0m[1mmodule.eks.module.eks_oregon.module.kms.aws_kms_key.this[0]: Creating...[0m[0m
[0m[1mmodule.eks.module.eks_oregon.aws_iam_role_policy_attachment.this["AmazonEKSClusterPolicy"]: Creation complete after 1s [id=y2om-formation-lap-oregon-cluster-20260111103219266800000003-20260111103224869800000008][0m
[0m[1mmodule.eks.module.eks_oregon.aws_iam_role_policy_attachment.custom[0]: Creating...[0m[0m
[0m[1mmodule.acm.aws_acm_certificate.a_www: Creation complete after 6s [id=arn:aws:acm:us-east-1:404457776061:certificate/01b1bd9a-0a68-4cc6-a1a6-03779b2576d5][0m
[0m[1mmodule.database.aws_iam_role_policy.usa_rds_proxy: Creation complete after 1s [id=y2om-formation-lap-USA-RDS-Proxy-Role:y2om-formation-lap-USA-RDS-Proxy-Secrets-Policy][0m
[0m[1mmodule.eks.module.eks_oregon.aws_iam_role_policy_attachment.this["AmazonEKSVPCResourceController"]: Creation complete after 1s [id=y2om-formation-lap-oregon-cluster-20260111103219266800000003-20260111103225222500000009][0m
[0m[1mmodule.network.module.kor_vpc.aws_vpc.this: Creation complete after 12s [id=vpc-0e57dec633eeaf44e][0m
[0m[1mmodule.network.module.kor_vpc.aws_subnet.tgw[0]: Creating...[0m[0m
[0m[1mmodule.network.module.kor_vpc.aws_security_group.bastion: Creating...[0m[0m
[0m[1mmodule.network.module.kor_vpc.aws_security_group.test: Creating...[0m[0m
[0m[1mmodule.network.module.kor_vpc.aws_route_table.private: Creating...[0m[0m
[0m[1mmodule.network.module.kor_vpc.aws_subnet.tgw[0]: Creation complete after 0s [id=subnet-06fcf4c2833acc676][0m
[0m[1mmodule.network.module.kor_vpc.aws_subnet.tgw[1]: Creating...[0m[0m
[0m[1mmodule.network.module.kor_vpc.aws_route_table.private: Creation complete after 0s [id=rtb-00afe71a2b829d358][0m
[0m[1mmodule.network.module.kor_vpc.aws_internet_gateway.this: Creating...[0m[0m
[0m[1mmodule.eks.module.eks_oregon.aws_iam_role_policy_attachment.custom[0]: Creation complete after 1s [id=y2om-formation-lap-oregon-cluster-20260111103219266800000003-2026011110322589020000000a][0m
[0m[1mmodule.network.module.kor_vpc.aws_subnet.public[0]: Creating...[0m[0m
[0m[1mmodule.network.module.kor_vpc.aws_internet_gateway.this: Creation complete after 1s [id=igw-0e8b2f60b518b7608][0m
[0m[1mmodule.network.module.kor_vpc.aws_subnet.public[1]: Creating...[0m[0m
[0m[1mmodule.network.module.kor_vpc.aws_subnet.tgw[1]: Creation complete after 1s [id=subnet-00af2154253c51b5d][0m
[0m[1mmodule.network.module.kor_vpc.aws_subnet.private[0]: Creating...[0m[0m
[0m[1mmodule.network.module.kor_vpc.aws_subnet.private[0]: Creation complete after 0s [id=subnet-05d413cbbff3f557a][0m
[0m[1mmodule.network.module.kor_vpc.aws_route_table.public: Creating...[0m[0m
[0m[1mmodule.network.module.kor_vpc.aws_security_group.test: Creation complete after 1s [id=sg-022e3a5a93e1ac586][0m
[0m[1mmodule.network.module.kor_vpc.aws_security_group.bastion: Creation complete after 1s [id=sg-0b86b89c4ea2e0ce9][0m
[0m[1mmodule.network.module.kor_vpc.aws_subnet.private[3]: Creating...[0m[0m
[0m[1mmodule.network.module.kor_vpc.aws_subnet.private[2]: Creating...[0m[0m
[0m[1mmodule.network.aws_ec2_transit_gateway.usa: Still creating... [10s elapsed][0m[0m
[0m[1mmodule.network.module.kor_vpc.aws_route_table.public: Creation complete after 1s [id=rtb-07187acdf9fcc33ad][0m
[0m[1mmodule.network.module.kor_vpc.aws_subnet.private[1]: Creating...[0m[0m
[0m[1mmodule.network.module.kor_vpc.aws_subnet.private[2]: Creation complete after 1s [id=subnet-093999490b2834b49][0m
[0m[1mmodule.network.module.kor_vpc.aws_instance.test: Creating...[0m[0m
[0m[1mmodule.network.module.kor_vpc.aws_subnet.private[3]: Creation complete after 1s [id=subnet-080b46f3d1b2a6d76][0m
[0m[1mmodule.network.module.kor_vpc.aws_route.igw: Creating...[0m[0m
[0m[1mmodule.network.module.kor_vpc.aws_subnet.private[1]: Creation complete after 0s [id=subnet-033ae3e84ba2d924e][0m
[0m[1mmodule.network.module.kor_vpc.aws_route_table_association.private[2]: Creating...[0m[0m
[0m[1mmodule.network.module.kor_vpc.aws_route.igw: Creation complete after 0s [id=r-rtb-07187acdf9fcc33ad1080289494][0m
[0m[1mmodule.network.module.kor_vpc.aws_route_table_association.private[0]: Creating...[0m[0m
[0m[1mmodule.network.module.kor_vpc.aws_route_table_association.private[2]: Creation complete after 1s [id=rtbassoc-076b48d3c3f520cd8][0m
[0m[1mmodule.network.module.kor_vpc.aws_route_table_association.private[3]: Creating...[0m[0m
[0m[1mmodule.network.module.kor_vpc.aws_route_table_association.private[0]: Creation complete after 1s [id=rtbassoc-0f60413538f381c87][0m
[0m[1mmodule.network.module.kor_vpc.aws_route_table_association.private[1]: Creating...[0m[0m
[0m[1mmodule.network.module.kor_vpc.aws_route_table_association.private[3]: Creation complete after 0s [id=rtbassoc-050fa6806bf6dfa3b][0m
[0m[1mmodule.database.aws_security_group.proxy_kor: Creating...[0m[0m
[0m[1mmodule.network.module.usa_vpc.aws_vpc.this: Still creating... [10s elapsed][0m[0m
[0m[1mmodule.network.module.kor_vpc.aws_route_table_association.private[1]: Creation complete after 0s [id=rtbassoc-0b936a2355a2e608e][0m
[0m[1mmodule.eks.module.eks_seoul.aws_security_group.node[0]: Creating...[0m[0m
[0m[1mmodule.eks.module.eks_seoul.aws_security_group.node[0]: Creation complete after 2s [id=sg-0ac51eaffa081c9d4][0m
[0m[1mmodule.eks.module.eks_seoul.aws_security_group.cluster[0]: Creating...[0m[0m
[0m[1mmodule.database.aws_security_group.proxy_kor: Creation complete after 2s [id=sg-08ef1eb8bf26cd150][0m
[0m[1mmodule.database.aws_security_group.db_kor: Creating...[0m[0m
[0m[1mmodule.eks.module.eks_seoul.aws_security_group.cluster[0]: Creation complete after 1s [id=sg-083d08d6084ba8f03][0m
[0m[1mmodule.database.aws_db_subnet_group.kor: Creating...[0m[0m
[0m[1mmodule.database.aws_security_group.db_kor: Creation complete after 1s [id=sg-0ffaba38d65728b6a][0m
[0m[1mmodule.database.aws_db_proxy.kor: Creating...[0m[0m
[0m[1mmodule.database.aws_db_subnet_group.kor: Creation complete after 1s [id=y2om-kor-db-subnet-group][0m
[0m[1mmodule.eks.module.eks_seoul.aws_security_group_rule.cluster["ingress_nodes_443"]: Creating...[0m[0m
[0m[1mmodule.eks.module.eks_seoul.aws_security_group_rule.cluster["ingress_nodes_443"]: Creation complete after 0s [id=sgrule-202047510][0m
[0m[1mmodule.eks.module.eks_seoul.aws_security_group_rule.node["ingress_cluster_443"]: Creating...[0m[0m
[0m[1mmodule.eks.module.eks_seoul.aws_security_group_rule.node["ingress_cluster_443"]: Creation complete after 1s [id=sgrule-2326818230][0m
[0m[1mmodule.eks.module.eks_seoul.aws_security_group_rule.node["ingress_cluster_4443_webhook"]: Creating...[0m[0m
[0m[1mmodule.network.module.usa_vpc.aws_vpc.this: Creation complete after 15s [id=vpc-088ff6176a580ffde][0m
[0m[1mmodule.eks.module.eks_seoul.aws_security_group_rule.node["ingress_self_coredns_udp"]: Creating...[0m[0m
[0m[1mmodule.eks.module.eks_seoul.aws_security_group_rule.node["ingress_cluster_4443_webhook"]: Creation complete after 0s [id=sgrule-2819854748][0m
[0m[1mmodule.eks.module.eks_seoul.aws_security_group_rule.node["ingress_cluster_8443_webhook"]: Creating...[0m[0m
[0m[1mmodule.eks.module.eks_seoul.aws_security_group_rule.node["ingress_self_coredns_udp"]: Creation complete after 0s [id=sgrule-907690981][0m
[0m[1mmodule.eks.module.eks_seoul.aws_security_group_rule.node["ingress_nodes_ephemeral"]: Creating...[0m[0m
[0m[1mmodule.network.aws_ec2_transit_gateway.kor: Still creating... [20s elapsed][0m[0m
[0m[1mmodule.eks.module.eks_seoul.aws_security_group_rule.node["ingress_cluster_8443_webhook"]: Creation complete after 1s [id=sgrule-1913506347][0m
[0m[1mmodule.eks.module.eks_seoul.aws_security_group_rule.node["ingress_cluster_9443_webhook"]: Creating...[0m[0m
[0m[1mmodule.eks.module.eks_seoul.module.kms.aws_kms_key.this[0]: Still creating... [10s elapsed][0m[0m
[0m[1mmodule.eks.module.eks_seoul.aws_security_group_rule.node["ingress_nodes_ephemeral"]: Creation complete after 1s [id=sgrule-4166333017][0m
[0m[1mmodule.eks.module.eks_seoul.aws_security_group_rule.node["ingress_cluster_6443_webhook"]: Creating...[0m[0m
[0m[1mmodule.eks.module.eks_oregon.module.kms.aws_kms_key.this[0]: Still creating... [10s elapsed][0m[0m
[0m[1mmodule.eks.module.eks_seoul.aws_security_group_rule.node["ingress_cluster_9443_webhook"]: Creation complete after 0s [id=sgrule-380434912][0m
[0m[1mmodule.eks.module.eks_seoul.aws_security_group_rule.node["ingress_cluster_kubelet"]: Creating...[0m[0m
[0m[1mmodule.eks.module.eks_seoul.aws_security_group_rule.node["ingress_cluster_6443_webhook"]: Creation complete after 1s [id=sgrule-1632761354][0m
[0m[1mmodule.eks.module.eks_seoul.aws_security_group_rule.node["ingress_self_coredns_tcp"]: Creating...[0m[0m
[0m[1mmodule.eks.module.eks_seoul.aws_security_group_rule.node["ingress_cluster_kubelet"]: Creation complete after 1s [id=sgrule-3356825262][0m
[0m[1mmodule.eks.module.eks_seoul.aws_security_group_rule.node["egress_all"]: Creating...[0m[0m
[0m[1mmodule.network.module.kor_vpc.aws_subnet.public[0]: Still creating... [10s elapsed][0m[0m
[0m[1mmodule.eks.module.eks_seoul.aws_security_group_rule.node["ingress_self_coredns_tcp"]: Creation complete after 1s [id=sgrule-2454052874][0m
[0m[1mmodule.database.aws_security_group_rule.kor_eks_to_db: Creating...[0m[0m
[0m[1mmodule.network.module.kor_vpc.aws_subnet.public[1]: Still creating... [10s elapsed][0m[0m
[0m[1mmodule.eks.module.eks_seoul.aws_security_group_rule.node["egress_all"]: Creation complete after 1s [id=sgrule-971146027][0m
[0m[1mmodule.database.aws_rds_cluster.kor: Creating...[0m[0m
[0m[1mmodule.database.aws_security_group_rule.kor_eks_to_db: Creation complete after 0s [id=sgrule-3836697272][0m
[0m[1mmodule.database.aws_security_group_rule.kor_eks_to_proxy: Creating...[0m[0m
[0m[1mmodule.network.module.kor_vpc.aws_subnet.public[0]: Creation complete after 11s [id=subnet-05408b16d3592c6c2][0m
[0m[1mmodule.network.module.usa_vpc.aws_internet_gateway.this: Creating...[0m[0m
[0m[1mmodule.database.aws_security_group_rule.kor_eks_to_proxy: Creation complete after 0s [id=sgrule-2229201497][0m
[0m[1mmodule.network.module.usa_vpc.aws_subnet.private[0]: Creating...[0m[0m
[0m[1mmodule.network.module.kor_vpc.aws_subnet.public[1]: Creation complete after 10s [id=subnet-046ea2db208ce006e][0m
[0m[1mmodule.network.module.usa_vpc.aws_subnet.public[1]: Creating...[0m[0m
[0m[1mmodule.network.aws_ec2_transit_gateway.usa: Still creating... [20s elapsed][0m[0m
[0m[1mmodule.network.module.kor_vpc.aws_instance.test: Still creating... [10s elapsed][0m[0m
[0m[1mmodule.eks.module.eks_seoul.module.kms.aws_kms_key.this[0]: Creation complete after 13s [id=5ef77c3c-0147-438a-b4f8-0af3cf91b099][0m
[0m[1mmodule.network.module.usa_vpc.aws_subnet.private[1]: Creating...[0m[0m
[0m[1mmodule.network.module.usa_vpc.aws_internet_gateway.this: Creation complete after 2s [id=igw-09c7cc357aa00ee65][0m
[0m[1mmodule.network.module.usa_vpc.aws_subnet.private[3]: Creating...[0m[0m
[0m[1mmodule.network.module.usa_vpc.aws_subnet.private[0]: Creation complete after 2s [id=subnet-080041238b615cb74][0m
[0m[1mmodule.network.module.usa_vpc.aws_subnet.private[2]: Creating...[0m[0m
[0m[1mmodule.network.module.usa_vpc.aws_subnet.private[1]: Creation complete after 2s [id=subnet-0a16a918c8631dfcc][0m
[0m[1mmodule.network.module.usa_vpc.aws_subnet.tgw[0]: Creating...[0m[0m
[0m[1mmodule.network.module.usa_vpc.aws_subnet.private[3]: Creation complete after 1s [id=subnet-045952fcb9e99260c][0m
[0m[1mmodule.network.module.usa_vpc.aws_subnet.public[0]: Creating...[0m[0m
[0m[1mmodule.network.module.kor_vpc.aws_instance.test: Creation complete after 12s [id=i-012c38cae6eb6b1b3][0m
[0m[1mmodule.network.module.usa_vpc.aws_security_group.test: Creating...[0m[0m
[0m[1mmodule.network.module.usa_vpc.aws_subnet.private[2]: Creation complete after 2s [id=subnet-040e073f303d075c9][0m
[0m[1mmodule.network.module.usa_vpc.aws_subnet.tgw[1]: Creating...[0m[0m
[0m[1mmodule.network.module.usa_vpc.aws_subnet.tgw[0]: Creation complete after 1s [id=subnet-0a2f6c409aec92384][0m
[0m[1mmodule.network.module.usa_vpc.aws_security_group.bastion: Creating...[0m[0m
[0m[1mmodule.network.module.usa_vpc.aws_subnet.tgw[1]: Creation complete after 1s [id=subnet-003e66757839bca81][0m
[0m[1mmodule.network.module.usa_vpc.aws_route_table.public: Creating...[0m[0m
[0m[1mmodule.database.aws_db_proxy.kor: Still creating... [10s elapsed][0m[0m
[0m[1mmodule.network.module.usa_vpc.aws_route_table.public: Creation complete after 1s [id=rtb-0d0c365fe69de84c3][0m
[0m[1mmodule.network.module.usa_vpc.aws_route_table.private: Creating...[0m[0m
[0m[1mmodule.network.aws_ec2_transit_gateway.kor: Still creating... [30s elapsed][0m[0m
[0m[1mmodule.network.module.usa_vpc.aws_security_group.test: Creation complete after 5s [id=sg-0bbbd8561b77c44ee][0m
[0m[1mmodule.network.module.kor_vpc.aws_instance.bastion: Creating...[0m[0m
[0m[1mmodule.network.module.usa_vpc.aws_route_table.private: Creation complete after 2s [id=rtb-03a358c4de7445310][0m
[0m[1mmodule.network.module.kor_vpc.aws_nat_gateway.this: Creating...[0m[0m
[0m[1mmodule.eks.module.eks_oregon.module.kms.aws_kms_key.this[0]: Still creating... [20s elapsed][0m[0m
[0m[1mmodule.network.module.usa_vpc.aws_security_group.bastion: Creation complete after 4s [id=sg-0d7926c2542c4d267][0m
[0m[1mmodule.network.module.kor_vpc.aws_route_table_association.public[1]: Creating...[0m[0m
[0m[1mmodule.network.module.kor_vpc.aws_route_table_association.public[1]: Creation complete after 1s [id=rtbassoc-0003061ac667b21f7][0m
[0m[1mmodule.network.module.kor_vpc.aws_route_table_association.public[0]: Creating...[0m[0m
[0m[1mmodule.network.module.kor_vpc.aws_route_table_association.public[0]: Creation complete after 0s [id=rtbassoc-05c6c046033053873][0m
[0m[1mmodule.eks.module.eks_seoul.module.kms.aws_kms_alias.this["cluster"]: Creating...[0m[0m
[0m[1mmodule.network.module.usa_vpc.aws_route.igw: Creating...[0m[0m
[0m[1mmodule.database.aws_rds_cluster.kor: Still creating... [10s elapsed][0m[0m
[0m[1mmodule.network.module.usa_vpc.aws_subnet.public[1]: Still creating... [10s elapsed][0m[0m
[0m[1mmodule.network.aws_ec2_transit_gateway.usa: Still creating... [30s elapsed][0m[0m
[0m[1mmodule.network.module.usa_vpc.aws_route.igw: Creation complete after 2s [id=r-rtb-0d0c365fe69de84c31080289494][0m
[0m[1mmodule.network.module.usa_vpc.aws_instance.test: Creating...[0m[0m
[0m[1mmodule.network.module.usa_vpc.aws_subnet.public[1]: Creation complete after 13s [id=subnet-0200f2a056f49cf36][0m
[0m[1mmodule.eks.module.eks_seoul.aws_iam_policy.cluster_encryption[0]: Creating...[0m[0m
[0m[1mmodule.network.module.usa_vpc.aws_subnet.public[0]: Still creating... [10s elapsed][0m[0m
[0m[1mmodule.eks.module.eks_seoul.aws_iam_policy.cluster_encryption[0]: Creation complete after 1s [id=arn:aws:iam::404457776061:policy/y2om-formation-lap-seoul-cluster-ClusterEncryption20260111103249751700000013][0m
[0m[1mmodule.network.module.usa_vpc.aws_route_table_association.private[2]: Creating...[0m[0m
[0m[1mmodule.database.aws_db_proxy.kor: Still creating... [20s elapsed][0m[0m
[0m[1mmodule.network.module.usa_vpc.aws_route_table_association.private[2]: Creation complete after 1s [id=rtbassoc-02cb88b1404f5042d][0m
[0m[1mmodule.network.module.usa_vpc.aws_route_table_association.private[3]: Creating...[0m[0m
[0m[1mmodule.network.module.usa_vpc.aws_subnet.public[0]: Creation complete after 12s [id=subnet-06a594f6d1ec61418][0m
[0m[1mmodule.network.module.usa_vpc.aws_route_table_association.private[1]: Creating...[0m[0m
[0m[1mmodule.network.module.usa_vpc.aws_route_table_association.private[3]: Creation complete after 1s [id=rtbassoc-0690a36f3869afd1c][0m
[0m[1mmodule.network.module.usa_vpc.aws_route_table_association.private[0]: Creating...[0m[0m
[0m[1mmodule.eks.module.eks_oregon.module.kms.aws_kms_key.this[0]: Creation complete after 28s [id=8857907d-78ae-4a95-b837-2a86ee527c20][0m
[0m[1mmodule.database.aws_security_group.db_usa: Creating...[0m[0m
[0m[1mmodule.network.module.usa_vpc.aws_route_table_association.private[1]: Creation complete after 1s [id=rtbassoc-0466d4afd45317cbe][0m
[0m[1mmodule.database.aws_security_group.proxy_usa: Creating...[0m[0m
[0m[1mmodule.network.module.usa_vpc.aws_route_table_association.private[0]: Creation complete after 1s [id=rtbassoc-0f5140503d556f728][0m
[0m[1mmodule.eks.module.eks_oregon.aws_security_group.node[0]: Creating...[0m[0m
[0m[1mmodule.network.aws_ec2_transit_gateway.kor: Still creating... [40s elapsed][0m[0m
[0m[1mmodule.network.module.kor_vpc.aws_instance.bastion: Still creating... [10s elapsed][0m[0m
[0m[1mmodule.network.module.kor_vpc.aws_nat_gateway.this: Still creating... [10s elapsed][0m[0m
[0m[1mmodule.database.aws_rds_cluster.kor: Still creating... [20s elapsed][0m[0m
[0m[1mmodule.network.module.kor_vpc.aws_instance.bastion: Creation complete after 12s [id=i-0d8a4db440706cb68][0m
[0m[1mmodule.eks.module.eks_oregon.aws_security_group.cluster[0]: Creating...[0m[0m
[0m[1mmodule.database.aws_security_group.db_usa: Creation complete after 4s [id=sg-0e673731c57e0bb6a][0m
[0m[1mmodule.network.aws_ec2_transit_gateway.usa: Still creating... [40s elapsed][0m[0m
[0m[1mmodule.eks.module.eks_seoul.aws_iam_role_policy_attachment.cluster_encryption[0]: Creating...[0m[0m
[0m[1mmodule.database.aws_security_group.proxy_usa: Creation complete after 4s [id=sg-0fb65f48f51678108][0m
[0m[1mmodule.database.aws_db_subnet_group.usa: Creating...[0m[0m
[0m[1mmodule.eks.module.eks_oregon.aws_security_group.node[0]: Creation complete after 4s [id=sg-021afcb6cb92504a7][0m
[0m[1mmodule.network.module.usa_vpc.aws_nat_gateway.this: Creating...[0m[0m
[0m[1mmodule.network.module.usa_vpc.aws_instance.test: Still creating... [10s elapsed][0m[0m
[0m[1mmodule.eks.module.eks_seoul.aws_iam_role_policy_attachment.cluster_encryption[0]: Creation complete after 1s [id=y2om-formation-lap-seoul-cluster-20260111103214304200000003-20260111103257930800000014][0m
[0m[1mmodule.network.module.usa_vpc.aws_instance.bastion: Creating...[0m[0m
[0m[1mmodule.database.aws_db_subnet_group.usa: Creation complete after 2s [id=y2om-usa-db-subnet-group][0m
[0m[1mmodule.network.module.usa_vpc.aws_route_table_association.public[1]: Creating...[0m[0m
[0m[1mmodule.eks.module.eks_oregon.aws_security_group.cluster[0]: Creation complete after 4s [id=sg-0e3873d66ac0af1fd][0m
[0m[1mmodule.network.module.usa_vpc.aws_route_table_association.public[0]: Creating...[0m[0m
[0m[1mmodule.network.module.usa_vpc.aws_route_table_association.public[1]: Creation complete after 1s [id=rtbassoc-0131d68a8da053977][0m
[0m[1mmodule.eks.module.eks_oregon.module.kms.aws_kms_alias.this["cluster"]: Creating...[0m[0m
[0m[1mmodule.eks.module.eks_oregon.aws_iam_policy.cluster_encryption[0]: Creating...[0m[0m
[0m[1mmodule.network.module.usa_vpc.aws_route_table_association.public[0]: Creation complete after 1s [id=rtbassoc-053ea6d2ceffab24a][0m
[0m[1mmodule.database.aws_db_proxy.usa: Creating...[0m[0m
[0m[1mmodule.database.aws_db_proxy.kor: Still creating... [30s elapsed][0m[0m
[0m[1mmodule.eks.module.eks_oregon.aws_iam_policy.cluster_encryption[0]: Creation complete after 1s [id=arn:aws:iam::404457776061:policy/y2om-formation-lap-oregon-cluster-ClusterEncryption20260111103301953800000013][0m
[0m[1mmodule.database.aws_security_group_rule.usa_eks_to_db: Creating...[0m[0m
[0m[1mmodule.network.module.usa_vpc.aws_instance.test: Creation complete after 16s [id=i-01537db7021a853fa][0m
[0m[1mmodule.database.aws_rds_cluster.usa: Creating...[0m[0m
[0m[1mmodule.database.aws_security_group_rule.usa_eks_to_db: Creation complete after 2s [id=sgrule-1397405542][0m
[0m[1mmodule.eks.module.eks_oregon.aws_security_group_rule.cluster["ingress_nodes_443"]: Creating...[0m[0m
[0m[1mmodule.network.aws_ec2_transit_gateway.kor: Still creating... [50s elapsed][0m[0m
[0m[1mmodule.network.module.kor_vpc.aws_nat_gateway.this: Still creating... [20s elapsed][0m[0m
[0m[1mmodule.eks.module.eks_oregon.aws_security_group_rule.cluster["ingress_nodes_443"]: Creation complete after 1s [id=sgrule-2867339635][0m
[0m[1mmodule.eks.module.eks_oregon.aws_security_group_rule.node["ingress_self_coredns_tcp"]: Creating...[0m[0m
[0m[1mmodule.eks.module.eks_oregon.aws_security_group_rule.node["ingress_self_coredns_tcp"]: Creation complete after 1s [id=sgrule-1543208212][0m
[0m[1mmodule.eks.module.eks_oregon.aws_iam_role_policy_attachment.cluster_encryption[0]: Creating...[0m[0m
[0m[1mmodule.database.aws_rds_cluster.kor: Still creating... [30s elapsed][0m[0m
[0m[1mmodule.network.aws_ec2_transit_gateway.usa: Still creating... [50s elapsed][0m[0m
[0m[1mmodule.network.module.usa_vpc.aws_nat_gateway.this: Still creating... [10s elapsed][0m[0m
[0m[1mmodule.eks.module.eks_oregon.aws_iam_role_policy_attachment.cluster_encryption[0]: Creation complete after 1s [id=y2om-formation-lap-oregon-cluster-20260111103219266800000003-20260111103307541700000014][0m
[0m[1mmodule.eks.module.eks_oregon.aws_security_group_rule.node["ingress_cluster_4443_webhook"]: Creating...[0m[0m
[0m[1mmodule.network.module.usa_vpc.aws_instance.bastion: Still creating... [10s elapsed][0m[0m
[0m[1mmodule.database.aws_rds_cluster.kor: Creation complete after 32s [id=y2om-kor-aurora-mysql][0m
[0m[1mmodule.eks.module.eks_oregon.aws_security_group_rule.node["ingress_cluster_443"]: Creating...[0m[0m
[0m[1mmodule.eks.module.eks_oregon.aws_security_group_rule.node["ingress_cluster_4443_webhook"]: Creation complete after 1s [id=sgrule-1835061205][0m
[0m[1mmodule.eks.module.eks_oregon.aws_security_group_rule.node["ingress_self_coredns_udp"]: Creating...[0m[0m
[0m[1mmodule.eks.module.eks_oregon.aws_security_group_rule.node["ingress_cluster_443"]: Creation complete after 1s [id=sgrule-2911031687][0m
[0m[1mmodule.eks.module.eks_oregon.aws_security_group_rule.node["ingress_cluster_6443_webhook"]: Creating...[0m[0m
[0m[1mmodule.eks.module.eks_oregon.aws_security_group_rule.node["ingress_self_coredns_udp"]: Creation complete after 3s [id=sgrule-4288995067][0m
[0m[1mmodule.eks.module.eks_oregon.aws_security_group_rule.node["ingress_cluster_9443_webhook"]: Creating...[0m[0m
[0m[1mmodule.database.aws_db_proxy.usa: Still creating... [10s elapsed][0m[0m
[0m[1mmodule.database.aws_db_proxy.kor: Still creating... [40s elapsed][0m[0m
[0m[1mmodule.eks.module.eks_oregon.aws_security_group_rule.node["ingress_cluster_6443_webhook"]: Creation complete after 3s [id=sgrule-2753734723][0m
[0m[1mmodule.eks.module.eks_oregon.aws_security_group_rule.node["ingress_cluster_kubelet"]: Creating...[0m[0m
[0m[1mmodule.eks.module.eks_oregon.aws_security_group_rule.node["ingress_cluster_9443_webhook"]: Creation complete after 2s [id=sgrule-3554650025][0m
[0m[1mmodule.eks.module.eks_oregon.aws_security_group_rule.node["ingress_nodes_ephemeral"]: Creating...[0m[0m
[0m[1mmodule.network.module.usa_vpc.aws_instance.bastion: Creation complete after 16s [id=i-09fd9e6deaac9d687][0m
[0m[1mmodule.eks.module.eks_oregon.aws_security_group_rule.node["ingress_cluster_8443_webhook"]: Creating...[0m[0m
[0m[1mmodule.database.aws_rds_cluster.usa: Still creating... [10s elapsed][0m[0m
[0m[1mmodule.network.aws_ec2_transit_gateway.kor: Still creating... [1m0s elapsed][0m[0m
[0m[1mmodule.network.module.kor_vpc.aws_nat_gateway.this: Still creating... [30s elapsed][0m[0m
[0m[1mmodule.eks.module.eks_oregon.aws_security_group_rule.node["ingress_cluster_kubelet"]: Creation complete after 2s [id=sgrule-2760169996][0m
[0m[1mmodule.eks.module.eks_oregon.aws_security_group_rule.node["egress_all"]: Creating...[0m[0m
[0m[1mmodule.eks.module.eks_oregon.aws_security_group_rule.node["ingress_nodes_ephemeral"]: Creation complete after 2s [id=sgrule-2397554305][0m
[0m[1mmodule.database.aws_security_group_rule.usa_eks_to_proxy: Creating...[0m[0m
[0m[1mmodule.eks.module.eks_oregon.aws_security_group_rule.node["ingress_cluster_8443_webhook"]: Creation complete after 3s [id=sgrule-3078526050][0m
[0m[1mmodule.database.aws_rds_cluster_instance.kor_writer: Creating...[0m[0m
[0m[1mmodule.network.aws_ec2_transit_gateway.usa: Still creating... [1m0s elapsed][0m[0m
[0m[1mmodule.database.aws_security_group_rule.usa_eks_to_proxy: Creation complete after 1s [id=sgrule-3126178483][0m
[0m[1mmodule.database.aws_rds_cluster_instance.kor_reader: Creating...[0m[0m
[0m[1mmodule.network.module.usa_vpc.aws_nat_gateway.this: Still creating... [20s elapsed][0m[0m
[0m[1mmodule.network.aws_ec2_transit_gateway.kor: Creation complete after 1m3s [id=tgw-0de59e10e13d058cf][0m
[0m[1mmodule.network.aws_route.kor_private_to_onprem[0]: Creating...[0m[0m
[0m[1mmodule.eks.module.eks_oregon.aws_security_group_rule.node["egress_all"]: Creation complete after 4s [id=sgrule-2669119370][0m
[0m[1mmodule.network.aws_ec2_transit_gateway_route_table.kor: Creating...[0m[0m
[0m[1mmodule.database.aws_db_proxy.usa: Still creating... [20s elapsed][0m[0m
[0m[1mmodule.database.aws_db_proxy.kor: Still creating... [50s elapsed][0m[0m
[0m[1mmodule.database.aws_rds_cluster.usa: Still creating... [20s elapsed][0m[0m
[0m[1mmodule.network.module.kor_vpc.aws_nat_gateway.this: Still creating... [40s elapsed][0m[0m
[0m[1mmodule.network.aws_ec2_transit_gateway.usa: Creation complete after 1m8s [id=tgw-0e0d1af73a6be6630][0m
[0m[1mmodule.network.aws_route.kor_public_to_onprem[0]: Creating...[0m[0m
[0m[1mmodule.database.aws_rds_cluster_instance.kor_writer: Still creating... [10s elapsed][0m[0m
[0m[1mmodule.database.aws_rds_cluster_instance.kor_reader: Still creating... [10s elapsed][0m[0m
[0m[1mmodule.network.module.usa_vpc.aws_nat_gateway.this: Still creating... [30s elapsed][0m[0m
[0m[1mmodule.network.aws_route.kor_private_to_onprem[0]: Still creating... [10s elapsed][0m[0m
[0m[1mmodule.network.aws_ec2_transit_gateway_route_table.kor: Still creating... [10s elapsed][0m[0m
[0m[1mmodule.database.aws_db_proxy.usa: Still creating... [30s elapsed][0m[0m
[0m[1mmodule.database.aws_db_proxy.kor: Still creating... [1m0s elapsed][0m[0m
[0m[1mmodule.database.aws_rds_cluster.usa: Still creating... [30s elapsed][0m[0m
[0m[1mmodule.network.module.kor_vpc.aws_nat_gateway.this: Still creating... [50s elapsed][0m[0m
[0m[1mmodule.network.aws_route.kor_public_to_onprem[0]: Still creating... [10s elapsed][0m[0m
[0m[1mmodule.database.aws_rds_cluster.usa: Creation complete after 33s [id=y2om-usa-aurora-mysql][0m
[0m[1mmodule.network.aws_vpn_connection.onprem_to_seoul_vpn: Creating...[0m[0m
[0m[1mmodule.database.aws_rds_cluster_instance.kor_writer: Still creating... [20s elapsed][0m[0m
[0m[1mmodule.database.aws_rds_cluster_instance.kor_reader: Still creating... [20s elapsed][0m[0m
[0m[1mmodule.network.module.usa_vpc.aws_nat_gateway.this: Still creating... [40s elapsed][0m[0m
[0m[1mmodule.network.aws_route.kor_private_to_onprem[0]: Still creating... [20s elapsed][0m[0m
[0m[1mmodule.network.aws_ec2_transit_gateway_route_table.kor: Still creating... [20s elapsed][0m[0m
[0m[1mmodule.database.aws_db_proxy.usa: Still creating... [40s elapsed][0m[0m
[0m[1mmodule.network.aws_ec2_transit_gateway_route_table.kor: Creation complete after 23s [id=tgw-rtb-02b9a3cbe946138c7][0m
[0m[1mmodule.database.aws_db_proxy.kor: Still creating... [1m10s elapsed][0m[0m
[0m[1mmodule.network.module.kor_vpc.aws_ec2_transit_gateway_vpc_attachment.this: Creating...[0m[0m
[0m[1mmodule.network.module.kor_vpc.aws_nat_gateway.this: Still creating... [1m0s elapsed][0m[0m
[0m[1mmodule.network.aws_route.kor_public_to_onprem[0]: Still creating... [20s elapsed][0m[0m
[0m[1mmodule.network.aws_vpn_connection.onprem_to_seoul_vpn: Still creating... [10s elapsed][0m[0m
[0m[1mmodule.database.aws_rds_cluster_instance.kor_writer: Still creating... [30s elapsed][0m[0m
[0m[1mmodule.database.aws_rds_cluster_instance.kor_reader: Still creating... [30s elapsed][0m[0m
[0m[1mmodule.network.module.usa_vpc.aws_nat_gateway.this: Still creating... [50s elapsed][0m[0m
[0m[1mmodule.network.aws_route.kor_private_to_onprem[0]: Still creating... [30s elapsed][0m[0m
[0m[1mmodule.database.aws_db_proxy.usa: Still creating... [50s elapsed][0m[0m
[0m[1mmodule.database.aws_db_proxy.kor: Still creating... [1m20s elapsed][0m[0m
[0m[1mmodule.network.module.kor_vpc.aws_ec2_transit_gateway_vpc_attachment.this: Still creating... [10s elapsed][0m[0m
[0m[1mmodule.network.module.kor_vpc.aws_nat_gateway.this: Still creating... [1m10s elapsed][0m[0m
[0m[1mmodule.network.aws_route.kor_public_to_onprem[0]: Still creating... [30s elapsed][0m[0m
[0m[1mmodule.network.aws_vpn_connection.onprem_to_seoul_vpn: Still creating... [20s elapsed][0m[0m
[0m[1mmodule.database.aws_rds_cluster_instance.kor_writer: Still creating... [40s elapsed][0m[0m
[0m[1mmodule.database.aws_rds_cluster_instance.kor_reader: Still creating... [40s elapsed][0m[0m
[0m[1mmodule.network.module.usa_vpc.aws_nat_gateway.this: Still creating... [1m0s elapsed][0m[0m
[0m[1mmodule.network.aws_route.kor_private_to_onprem[0]: Still creating... [40s elapsed][0m[0m
[0m[1mmodule.database.aws_db_proxy.usa: Still creating... [1m0s elapsed][0m[0m
[0m[1mmodule.database.aws_db_proxy.kor: Still creating... [1m30s elapsed][0m[0m
[0m[1mmodule.network.module.kor_vpc.aws_ec2_transit_gateway_vpc_attachment.this: Still creating... [20s elapsed][0m[0m
[0m[1mmodule.network.module.kor_vpc.aws_nat_gateway.this: Still creating... [1m20s elapsed][0m[0m
[0m[1mmodule.network.aws_route.kor_public_to_onprem[0]: Still creating... [40s elapsed][0m[0m
[0m[1mmodule.network.aws_vpn_connection.onprem_to_seoul_vpn: Still creating... [30s elapsed][0m[0m
[0m[1mmodule.database.aws_rds_cluster_instance.kor_writer: Still creating... [50s elapsed][0m[0m
[0m[1mmodule.database.aws_rds_cluster_instance.kor_reader: Still creating... [50s elapsed][0m[0m
[0m[1mmodule.network.module.usa_vpc.aws_nat_gateway.this: Still creating... [1m10s elapsed][0m[0m
[0m[1mmodule.network.aws_route.kor_private_to_onprem[0]: Still creating... [50s elapsed][0m[0m
[0m[1mmodule.database.aws_db_proxy.usa: Still creating... [1m10s elapsed][0m[0m
[0m[1mmodule.database.aws_db_proxy.kor: Still creating... [1m40s elapsed][0m[0m
[0m[1mmodule.network.module.kor_vpc.aws_ec2_transit_gateway_vpc_attachment.this: Still creating... [30s elapsed][0m[0m
[0m[1mmodule.network.aws_route.kor_public_to_onprem[0]: Creation complete after 48s [id=r-rtb-07187acdf9fcc33ad3901788224][0m
[0m[1mmodule.network.module.kor_vpc.aws_route.to_tgw: Creating...[0m[0m
[0m[1mmodule.network.module.kor_vpc.aws_route.to_tgw: Creation complete after 1s [id=r-rtb-00afe71a2b829d3582738081526][0m
[0m[1mmodule.network.aws_route.usa_to_onprem[0]: Creating...[0m[0m
[0m[1mmodule.network.module.kor_vpc.aws_nat_gateway.this: Still creating... [1m30s elapsed][0m[0m
[0m[1mmodule.network.aws_route.kor_private_to_onprem[0]: Creation complete after 58s [id=r-rtb-00afe71a2b829d3583901788224][0m
[0m[1mmodule.network.aws_ec2_transit_gateway_route_table.usa: Creating...[0m[0m
[0m[1mmodule.network.aws_vpn_connection.onprem_to_seoul_vpn: Still creating... [40s elapsed][0m[0m
[0m[1mmodule.database.aws_rds_cluster_instance.kor_writer: Still creating... [1m0s elapsed][0m[0m
[0m[1mmodule.database.aws_rds_cluster_instance.kor_reader: Still creating... [1m0s elapsed][0m[0m
[0m[1mmodule.network.module.usa_vpc.aws_nat_gateway.this: Still creating... [1m20s elapsed][0m[0m
[0m[1mmodule.database.aws_db_proxy.usa: Still creating... [1m20s elapsed][0m[0m
[0m[1mmodule.database.aws_db_proxy.kor: Still creating... [1m50s elapsed][0m[0m
[0m[1mmodule.network.module.kor_vpc.aws_ec2_transit_gateway_vpc_attachment.this: Still creating... [40s elapsed][0m[0m
[0m[1mmodule.network.aws_route.usa_to_onprem[0]: Still creating... [10s elapsed][0m[0m
[0m[1mmodule.network.module.kor_vpc.aws_nat_gateway.this: Still creating... [1m40s elapsed][0m[0m
[0m[1mmodule.network.aws_ec2_transit_gateway_route_table.usa: Still creating... [10s elapsed][0m[0m
[0m[1mmodule.network.aws_vpn_connection.onprem_to_seoul_vpn: Still creating... [50s elapsed][0m[0m
[0m[1mmodule.database.aws_rds_cluster_instance.kor_writer: Still creating... [1m10s elapsed][0m[0m
[0m[1mmodule.database.aws_rds_cluster_instance.kor_reader: Still creating... [1m10s elapsed][0m[0m
[0m[1mmodule.network.module.usa_vpc.aws_nat_gateway.this: Still creating... [1m30s elapsed][0m[0m
[0m[1mmodule.network.module.kor_vpc.aws_nat_gateway.this: Creation complete after 1m44s [id=nat-0af385c6781e4f31e][0m
[0m[1mmodule.network.aws_ec2_transit_gateway_peering_attachment.kor_to_usa: Creating...[0m[0m
[0m[1mmodule.database.aws_db_proxy.usa: Still creating... [1m30s elapsed][0m[0m
[0m[1mmodule.database.aws_db_proxy.kor: Still creating... [2m0s elapsed][0m[0m
[0m[1mmodule.network.module.kor_vpc.aws_ec2_transit_gateway_vpc_attachment.this: Still creating... [50s elapsed][0m[0m
[0m[1mmodule.network.aws_route.usa_to_onprem[0]: Still creating... [20s elapsed][0m[0m
[0m[1mmodule.network.aws_ec2_transit_gateway_route_table.usa: Still creating... [20s elapsed][0m[0m
[0m[1mmodule.network.aws_vpn_connection.onprem_to_seoul_vpn: Still creating... [1m0s elapsed][0m[0m
[0m[1mmodule.database.aws_rds_cluster_instance.kor_writer: Still creating... [1m20s elapsed][0m[0m
[0m[1mmodule.database.aws_rds_cluster_instance.kor_reader: Still creating... [1m20s elapsed][0m[0m
[0m[1mmodule.network.module.usa_vpc.aws_nat_gateway.this: Still creating... [1m40s elapsed][0m[0m
[0m[1mmodule.network.aws_ec2_transit_gateway_peering_attachment.kor_to_usa: Still creating... [10s elapsed][0m[0m
[0m[1mmodule.database.aws_db_proxy.usa: Still creating... [1m40s elapsed][0m[0m
[0m[1mmodule.database.aws_db_proxy.kor: Still creating... [2m10s elapsed][0m[0m
[0m[1mmodule.network.module.kor_vpc.aws_ec2_transit_gateway_vpc_attachment.this: Still creating... [1m0s elapsed][0m[0m
[0m[1mmodule.network.aws_route.usa_to_onprem[0]: Still creating... [30s elapsed][0m[0m
[0m[1mmodule.network.aws_ec2_transit_gateway_route_table.usa: Creation complete after 28s [id=tgw-rtb-09f6d4ad86ac1bc15][0m
[0m[1mmodule.database.aws_rds_cluster_instance.usa_reader: Creating...[0m[0m
[0m[1mmodule.network.aws_vpn_connection.onprem_to_seoul_vpn: Still creating... [1m10s elapsed][0m[0m
[0m[1mmodule.database.aws_rds_cluster_instance.kor_writer: Still creating... [1m30s elapsed][0m[0m
[0m[1mmodule.database.aws_rds_cluster_instance.kor_reader: Still creating... [1m30s elapsed][0m[0m
[0m[1mmodule.network.module.usa_vpc.aws_nat_gateway.this: Creation complete after 1m50s [id=nat-031827ad8293f6195][0m
[0m[1mmodule.database.aws_rds_cluster_instance.usa_writer: Creating...[0m[0m
[0m[1mmodule.network.aws_ec2_transit_gateway_peering_attachment.kor_to_usa: Still creating... [20s elapsed][0m[0m
[0m[1mmodule.database.aws_db_proxy.usa: Still creating... [1m50s elapsed][0m[0m
[0m[1mmodule.database.aws_db_proxy.kor: Still creating... [2m20s elapsed][0m[0m
[0m[1mmodule.network.module.kor_vpc.aws_ec2_transit_gateway_vpc_attachment.this: Still creating... [1m10s elapsed][0m[0m
[0m[1mmodule.network.aws_route.usa_to_onprem[0]: Still creating... [40s elapsed][0m[0m
[0m[1mmodule.database.aws_rds_cluster_instance.usa_reader: Still creating... [10s elapsed][0m[0m
[0m[1mmodule.network.aws_vpn_connection.onprem_to_seoul_vpn: Still creating... [1m20s elapsed][0m[0m
[0m[1mmodule.database.aws_rds_cluster_instance.kor_writer: Still creating... [1m40s elapsed][0m[0m
[0m[1mmodule.database.aws_rds_cluster_instance.kor_reader: Still creating... [1m40s elapsed][0m[0m
[0m[1mmodule.database.aws_rds_cluster_instance.usa_writer: Still creating... [10s elapsed][0m[0m
[0m[1mmodule.network.aws_ec2_transit_gateway_peering_attachment.kor_to_usa: Still creating... [30s elapsed][0m[0m
[0m[1mmodule.database.aws_db_proxy.usa: Still creating... [2m0s elapsed][0m[0m
[0m[1mmodule.database.aws_db_proxy.kor: Still creating... [2m30s elapsed][0m[0m
[0m[1mmodule.network.module.kor_vpc.aws_ec2_transit_gateway_vpc_attachment.this: Still creating... [1m20s elapsed][0m[0m
[0m[1mmodule.network.aws_route.usa_to_onprem[0]: Still creating... [50s elapsed][0m[0m
[0m[1mmodule.database.aws_rds_cluster_instance.usa_reader: Still creating... [20s elapsed][0m[0m
[0m[1mmodule.network.aws_vpn_connection.onprem_to_seoul_vpn: Still creating... [1m30s elapsed][0m[0m
[0m[1mmodule.database.aws_rds_cluster_instance.kor_writer: Still creating... [1m50s elapsed][0m[0m
[0m[1mmodule.database.aws_rds_cluster_instance.kor_reader: Still creating... [1m50s elapsed][0m[0m
[0m[1mmodule.database.aws_rds_cluster_instance.usa_writer: Still creating... [20s elapsed][0m[0m
[0m[1mmodule.network.aws_ec2_transit_gateway_peering_attachment.kor_to_usa: Still creating... [40s elapsed][0m[0m
[0m[1mmodule.database.aws_db_proxy.usa: Still creating... [2m10s elapsed][0m[0m
[0m[1mmodule.database.aws_db_proxy.kor: Still creating... [2m40s elapsed][0m[0m
[0m[1mmodule.network.module.kor_vpc.aws_ec2_transit_gateway_vpc_attachment.this: Still creating... [1m30s elapsed][0m[0m
[0m[1mmodule.network.aws_ec2_transit_gateway_peering_attachment.kor_to_usa: Creation complete after 44s [id=tgw-attach-05e4f49205cf24157][0m
[0m[1mmodule.network.module.usa_vpc.aws_ec2_transit_gateway_vpc_attachment.this: Creating...[0m[0m
[0m[1mmodule.network.aws_route.usa_to_onprem[0]: Still creating... [1m0s elapsed][0m[0m
[0m[1mmodule.database.aws_rds_cluster_instance.usa_reader: Still creating... [30s elapsed][0m[0m
[0m[1mmodule.network.aws_vpn_connection.onprem_to_seoul_vpn: Still creating... [1m40s elapsed][0m[0m
[0m[1mmodule.database.aws_rds_cluster_instance.kor_writer: Still creating... [2m0s elapsed][0m[0m
[0m[1mmodule.database.aws_rds_cluster_instance.kor_reader: Still creating... [2m0s elapsed][0m[0m
[0m[1mmodule.database.aws_rds_cluster_instance.usa_writer: Still creating... [30s elapsed][0m[0m
[0m[1mmodule.network.module.kor_vpc.aws_ec2_transit_gateway_vpc_attachment.this: Creation complete after 1m36s [id=tgw-attach-0c9fc8519e4e4f806][0m
[0m[1mmodule.network.module.usa_vpc.aws_route.to_tgw: Creating...[0m[0m
[0m[1mmodule.database.aws_db_proxy.usa: Still creating... [2m20s elapsed][0m[0m
[0m[1mmodule.database.aws_db_proxy.kor: Still creating... [2m50s elapsed][0m[0m
[0m[1mmodule.network.module.usa_vpc.aws_ec2_transit_gateway_vpc_attachment.this: Still creating... [10s elapsed][0m[0m
[0m[1mmodule.network.aws_route.usa_to_onprem[0]: Still creating... [1m10s elapsed][0m[0m
[0m[1mmodule.database.aws_rds_cluster_instance.usa_reader: Still creating... [40s elapsed][0m[0m
[0m[1mmodule.network.aws_vpn_connection.onprem_to_seoul_vpn: Still creating... [1m50s elapsed][0m[0m
[0m[1mmodule.database.aws_rds_cluster_instance.kor_writer: Still creating... [2m10s elapsed][0m[0m
[0m[1mmodule.database.aws_rds_cluster_instance.kor_reader: Still creating... [2m10s elapsed][0m[0m
[0m[1mmodule.database.aws_rds_cluster_instance.usa_writer: Still creating... [40s elapsed][0m[0m
[0m[1mmodule.network.module.usa_vpc.aws_route.to_tgw: Still creating... [10s elapsed][0m[0m
[0m[1mmodule.database.aws_db_proxy.usa: Still creating... [2m30s elapsed][0m[0m
[0m[1mmodule.database.aws_db_proxy.kor: Still creating... [3m0s elapsed][0m[0m
[0m[1mmodule.network.module.usa_vpc.aws_ec2_transit_gateway_vpc_attachment.this: Still creating... [20s elapsed][0m[0m
[0m[1mmodule.network.aws_route.usa_to_onprem[0]: Still creating... [1m20s elapsed][0m[0m
[0m[1mmodule.database.aws_rds_cluster_instance.usa_reader: Still creating... [50s elapsed][0m[0m
[0m[1mmodule.network.aws_vpn_connection.onprem_to_seoul_vpn: Still creating... [2m0s elapsed][0m[0m
[0m[1mmodule.database.aws_rds_cluster_instance.kor_writer: Still creating... [2m20s elapsed][0m[0m
[0m[1mmodule.database.aws_rds_cluster_instance.kor_reader: Still creating... [2m20s elapsed][0m[0m
[0m[1mmodule.database.aws_rds_cluster_instance.usa_writer: Still creating... [50s elapsed][0m[0m
[0m[1mmodule.network.module.usa_vpc.aws_route.to_tgw: Still creating... [20s elapsed][0m[0m
[0m[1mmodule.database.aws_db_proxy.usa: Still creating... [2m40s elapsed][0m[0m
[0m[1mmodule.database.aws_db_proxy.kor: Still creating... [3m10s elapsed][0m[0m
[0m[1mmodule.network.module.usa_vpc.aws_ec2_transit_gateway_vpc_attachment.this: Still creating... [30s elapsed][0m[0m
[0m[1mmodule.network.aws_route.usa_to_onprem[0]: Still creating... [1m30s elapsed][0m[0m
[0m[1mmodule.database.aws_rds_cluster_instance.usa_reader: Still creating... [1m0s elapsed][0m[0m
[0m[1mmodule.network.aws_vpn_connection.onprem_to_seoul_vpn: Still creating... [2m10s elapsed][0m[0m
[0m[1mmodule.database.aws_db_proxy.kor: Creation complete after 3m15s [id=y2om-formation-lap-kor-rds-proxy][0m
[0m[1mmodule.network.module.kor_vpc.aws_route.private_to_nat: Creating...[0m[0m
[0m[1mmodule.database.aws_rds_cluster_instance.kor_writer: Still creating... [2m30s elapsed][0m[0m
[0m[1mmodule.database.aws_rds_cluster_instance.kor_reader: Still creating... [2m31s elapsed][0m[0m
[0m[1mmodule.network.aws_route.usa_to_onprem[0]: Creation complete after 1m34s [id=r-rtb-03a358c4de74453103901788224][0m
[0m[1mmodule.network.module.usa_vpc.aws_route.private_to_nat: Creating...[0m[0m
[0m[1mmodule.database.aws_rds_cluster_instance.usa_writer: Still creating... [1m0s elapsed][0m[0m
[0m[1mmodule.network.module.usa_vpc.aws_route.to_tgw: Still creating... [30s elapsed][0m[0m
[0m[1mmodule.network.module.kor_vpc.aws_route.private_to_nat: Creation complete after 1s [id=r-rtb-00afe71a2b829d3581080289494][0m
[0m[1mmodule.network.aws_ec2_transit_gateway_peering_attachment_accepter.usa_accept: Creating...[0m[0m
[0m[1mmodule.network.module.usa_vpc.aws_route.to_tgw: Creation complete after 32s [id=r-rtb-03a358c4de74453102851522543][0m
[0m[1mmodule.database.aws_db_proxy_default_target_group.kor: Creating...[0m[0m
[0m[1mmodule.database.aws_db_proxy_default_target_group.kor: Creation complete after 0s [id=y2om-formation-lap-kor-rds-proxy][0m
[0m[1mmodule.database.aws_db_proxy_target.kor_cluster: Creating...[0m[0m
[0m[1mmodule.network.module.usa_vpc.aws_route.private_to_nat: Creation complete after 2s [id=r-rtb-03a358c4de74453101080289494][0m
[0m[1mmodule.database.aws_db_proxy_target.kor_cluster: Creation complete after 1s [id=y2om-formation-lap-kor-rds-proxy/default/TRACKED_CLUSTER/y2om-kor-aurora-mysql][0m
[0m[1mmodule.database.aws_db_proxy.usa: Still creating... [2m50s elapsed][0m[0m
[0m[1mmodule.network.module.usa_vpc.aws_ec2_transit_gateway_vpc_attachment.this: Still creating... [40s elapsed][0m[0m
[0m[1mmodule.database.aws_rds_cluster_instance.usa_reader: Still creating... [1m10s elapsed][0m[0m
[0m[1mmodule.network.aws_vpn_connection.onprem_to_seoul_vpn: Still creating... [2m20s elapsed][0m[0m
[0m[1mmodule.database.aws_rds_cluster_instance.kor_writer: Still creating... [2m40s elapsed][0m[0m
[0m[1mmodule.database.aws_rds_cluster_instance.kor_reader: Still creating... [2m41s elapsed][0m[0m
[0m[1mmodule.database.aws_rds_cluster_instance.usa_writer: Still creating... [1m10s elapsed][0m[0m
[0m[1mmodule.network.aws_ec2_transit_gateway_peering_attachment_accepter.usa_accept: Still creating... [10s elapsed][0m[0m
[0m[1mmodule.database.aws_db_proxy.usa: Still creating... [3m0s elapsed][0m[0m
[0m[1mmodule.network.module.usa_vpc.aws_ec2_transit_gateway_vpc_attachment.this: Still creating... [50s elapsed][0m[0m
[0m[1mmodule.database.aws_rds_cluster_instance.usa_reader: Still creating... [1m20s elapsed][0m[0m
[0m[1mmodule.network.aws_vpn_connection.onprem_to_seoul_vpn: Still creating... [2m30s elapsed][0m[0m
[0m[1mmodule.database.aws_rds_cluster_instance.kor_writer: Still creating... [2m50s elapsed][0m[0m
[0m[1mmodule.database.aws_rds_cluster_instance.kor_reader: Still creating... [2m51s elapsed][0m[0m
[0m[1mmodule.database.aws_rds_cluster_instance.usa_writer: Still creating... [1m20s elapsed][0m[0m
[0m[1mmodule.network.aws_ec2_transit_gateway_peering_attachment_accepter.usa_accept: Still creating... [20s elapsed][0m[0m
[0m[1mmodule.database.aws_db_proxy.usa: Still creating... [3m10s elapsed][0m[0m
[0m[1mmodule.network.module.usa_vpc.aws_ec2_transit_gateway_vpc_attachment.this: Still creating... [1m0s elapsed][0m[0m
[0m[1mmodule.database.aws_rds_cluster_instance.usa_reader: Still creating... [1m30s elapsed][0m[0m
[0m[1mmodule.network.aws_vpn_connection.onprem_to_seoul_vpn: Still creating... [2m40s elapsed][0m[0m
[0m[1mmodule.database.aws_rds_cluster_instance.kor_writer: Still creating... [3m0s elapsed][0m[0m
[0m[1mmodule.database.aws_rds_cluster_instance.kor_reader: Still creating... [3m1s elapsed][0m[0m
[0m[1mmodule.database.aws_rds_cluster_instance.usa_writer: Still creating... [1m30s elapsed][0m[0m
[0m[1mmodule.network.aws_ec2_transit_gateway_peering_attachment_accepter.usa_accept: Still creating... [30s elapsed][0m[0m
[0m[1mmodule.database.aws_db_proxy.usa: Still creating... [3m20s elapsed][0m[0m
[0m[1mmodule.network.module.usa_vpc.aws_ec2_transit_gateway_vpc_attachment.this: Still creating... [1m10s elapsed][0m[0m
[0m[1mmodule.database.aws_rds_cluster_instance.usa_reader: Still creating... [1m40s elapsed][0m[0m
[0m[1mmodule.database.aws_db_proxy.usa: Creation complete after 3m24s [id=y2om-formation-lap-usa-rds-proxy][0m
[0m[1mmodule.database.aws_db_proxy_default_target_group.usa: Creating...[0m[0m
[0m[1mmodule.network.aws_vpn_connection.onprem_to_seoul_vpn: Still creating... [2m50s elapsed][0m[0m
[0m[1mmodule.database.aws_db_proxy_default_target_group.usa: Creation complete after 1s [id=y2om-formation-lap-usa-rds-proxy][0m
[0m[1mmodule.database.aws_db_proxy_target.usa_cluster: Creating...[0m[0m
[0m[1mmodule.database.aws_rds_cluster_instance.kor_writer: Still creating... [3m10s elapsed][0m[0m
[0m[1mmodule.database.aws_rds_cluster_instance.kor_reader: Still creating... [3m11s elapsed][0m[0m
[0m[1mmodule.database.aws_rds_cluster_instance.usa_writer: Still creating... [1m40s elapsed][0m[0m
[0m[1mmodule.network.aws_ec2_transit_gateway_peering_attachment_accepter.usa_accept: Still creating... [40s elapsed][0m[0m
[0m[1mmodule.database.aws_db_proxy_target.usa_cluster: Creation complete after 1s [id=y2om-formation-lap-usa-rds-proxy/default/TRACKED_CLUSTER/y2om-usa-aurora-mysql][0m
[0m[1mmodule.network.module.usa_vpc.aws_ec2_transit_gateway_vpc_attachment.this: Still creating... [1m20s elapsed][0m[0m
[0m[1mmodule.database.aws_rds_cluster_instance.usa_reader: Still creating... [1m50s elapsed][0m[0m
[0m[1mmodule.network.aws_vpn_connection.onprem_to_seoul_vpn: Still creating... [3m0s elapsed][0m[0m
[0m[1mmodule.database.aws_rds_cluster_instance.kor_writer: Still creating... [3m20s elapsed][0m[0m
[0m[1mmodule.database.aws_rds_cluster_instance.kor_reader: Still creating... [3m21s elapsed][0m[0m
[0m[1mmodule.database.aws_rds_cluster_instance.usa_writer: Still creating... [1m50s elapsed][0m[0m
[0m[1mmodule.network.aws_ec2_transit_gateway_peering_attachment_accepter.usa_accept: Still creating... [50s elapsed][0m[0m
[0m[1mmodule.network.module.usa_vpc.aws_ec2_transit_gateway_vpc_attachment.this: Still creating... [1m30s elapsed][0m[0m
[0m[1mmodule.database.aws_rds_cluster_instance.usa_reader: Still creating... [2m0s elapsed][0m[0m
[0m[1mmodule.network.aws_vpn_connection.onprem_to_seoul_vpn: Still creating... [3m10s elapsed][0m[0m
[0m[1mmodule.database.aws_rds_cluster_instance.kor_writer: Still creating... [3m30s elapsed][0m[0m
[0m[1mmodule.database.aws_rds_cluster_instance.kor_reader: Still creating... [3m31s elapsed][0m[0m
[0m[1mmodule.database.aws_rds_cluster_instance.usa_writer: Still creating... [2m0s elapsed][0m[0m
[0m[1mmodule.network.aws_ec2_transit_gateway_peering_attachment_accepter.usa_accept: Still creating... [1m0s elapsed][0m[0m
[0m[1mmodule.network.module.usa_vpc.aws_ec2_transit_gateway_vpc_attachment.this: Still creating... [1m40s elapsed][0m[0m
[0m[1mmodule.database.aws_rds_cluster_instance.usa_reader: Still creating... [2m10s elapsed][0m[0m
[0m[1mmodule.network.aws_vpn_connection.onprem_to_seoul_vpn: Still creating... [3m20s elapsed][0m[0m
[0m[1mmodule.database.aws_rds_cluster_instance.kor_writer: Still creating... [3m40s elapsed][0m[0m
[0m[1mmodule.database.aws_rds_cluster_instance.kor_reader: Still creating... [3m41s elapsed][0m[0m
[0m[1mmodule.database.aws_rds_cluster_instance.usa_writer: Still creating... [2m10s elapsed][0m[0m
[0m[1mmodule.network.aws_ec2_transit_gateway_peering_attachment_accepter.usa_accept: Still creating... [1m10s elapsed][0m[0m
[0m[1mmodule.network.module.usa_vpc.aws_ec2_transit_gateway_vpc_attachment.this: Still creating... [1m50s elapsed][0m[0m
[0m[1mmodule.database.aws_rds_cluster_instance.usa_reader: Still creating... [2m20s elapsed][0m[0m
[0m[1mmodule.network.aws_vpn_connection.onprem_to_seoul_vpn: Still creating... [3m30s elapsed][0m[0m
[0m[1mmodule.network.module.usa_vpc.aws_ec2_transit_gateway_vpc_attachment.this: Creation complete after 1m54s [id=tgw-attach-07444cbf9cdd81ee6][0m
[0m[1mmodule.network.time_sleep.wait_for_tgw: Creating...[0m[0m
[0m[1mmodule.database.aws_rds_cluster_instance.kor_writer: Still creating... [3m50s elapsed][0m[0m
[0m[1mmodule.database.aws_rds_cluster_instance.kor_reader: Still creating... [3m51s elapsed][0m[0m
[0m[1mmodule.database.aws_rds_cluster_instance.usa_writer: Still creating... [2m20s elapsed][0m[0m
[0m[1mmodule.network.aws_ec2_transit_gateway_peering_attachment_accepter.usa_accept: Still creating... [1m20s elapsed][0m[0m
[0m[1mmodule.database.aws_rds_cluster_instance.usa_reader: Still creating... [2m30s elapsed][0m[0m
[0m[1mmodule.network.aws_vpn_connection.onprem_to_seoul_vpn: Still creating... [3m40s elapsed][0m[0m
[0m[1mmodule.network.time_sleep.wait_for_tgw: Still creating... [10s elapsed][0m[0m
[0m[1mmodule.database.aws_rds_cluster_instance.kor_writer: Still creating... [4m0s elapsed][0m[0m
[0m[1mmodule.database.aws_rds_cluster_instance.kor_reader: Still creating... [4m1s elapsed][0m[0m
[0m[1mmodule.database.aws_rds_cluster_instance.usa_writer: Still creating... [2m30s elapsed][0m[0m
[0m[1mmodule.network.aws_ec2_transit_gateway_peering_attachment_accepter.usa_accept: Still creating... [1m30s elapsed][0m[0m
[0m[1mmodule.database.aws_rds_cluster_instance.usa_reader: Still creating... [2m40s elapsed][0m[0m
[0m[1mmodule.network.aws_vpn_connection.onprem_to_seoul_vpn: Still creating... [3m50s elapsed][0m[0m
[0m[1mmodule.network.time_sleep.wait_for_tgw: Still creating... [20s elapsed][0m[0m
[0m[1mmodule.database.aws_rds_cluster_instance.kor_writer: Still creating... [4m10s elapsed][0m[0m
[0m[1mmodule.database.aws_rds_cluster_instance.kor_reader: Still creating... [4m11s elapsed][0m[0m
[0m[1mmodule.database.aws_rds_cluster_instance.usa_writer: Still creating... [2m40s elapsed][0m[0m
[0m[1mmodule.network.aws_ec2_transit_gateway_peering_attachment_accepter.usa_accept: Still creating... [1m40s elapsed][0m[0m
[0m[1mmodule.database.aws_rds_cluster_instance.kor_writer: Creation complete after 4m16s [id=y2om-kor-writer][0m
[0m[1mmodule.database.aws_rds_cluster_instance.usa_reader: Still creating... [2m50s elapsed][0m[0m
[0m[1mmodule.network.aws_vpn_connection.onprem_to_seoul_vpn: Still creating... [4m0s elapsed][0m[0m
[0m[1mmodule.network.time_sleep.wait_for_tgw: Still creating... [30s elapsed][0m[0m
[0m[1mmodule.database.aws_rds_cluster_instance.kor_reader: Still creating... [4m21s elapsed][0m[0m
[0m[1mmodule.database.aws_rds_cluster_instance.usa_writer: Still creating... [2m50s elapsed][0m[0m
[0m[1mmodule.network.aws_ec2_transit_gateway_peering_attachment_accepter.usa_accept: Still creating... [1m50s elapsed][0m[0m
[0m[1mmodule.database.aws_rds_cluster_instance.usa_reader: Still creating... [3m0s elapsed][0m[0m
[0m[1mmodule.network.aws_vpn_connection.onprem_to_seoul_vpn: Still creating... [4m10s elapsed][0m[0m
[0m[1mmodule.network.time_sleep.wait_for_tgw: Still creating... [40s elapsed][0m[0m
[0m[1mmodule.database.aws_rds_cluster_instance.kor_reader: Still creating... [4m31s elapsed][0m[0m
[0m[1mmodule.database.aws_rds_cluster_instance.usa_writer: Still creating... [3m0s elapsed][0m[0m
[0m[1mmodule.network.aws_ec2_transit_gateway_peering_attachment_accepter.usa_accept: Still creating... [2m0s elapsed][0m[0m
[0m[1mmodule.database.aws_rds_cluster_instance.usa_reader: Still creating... [3m10s elapsed][0m[0m
[0m[1mmodule.network.aws_vpn_connection.onprem_to_seoul_vpn: Still creating... [4m20s elapsed][0m[0m
[0m[1mmodule.network.time_sleep.wait_for_tgw: Still creating... [50s elapsed][0m[0m
[0m[1mmodule.database.aws_rds_cluster_instance.kor_reader: Still creating... [4m41s elapsed][0m[0m
[0m[1mmodule.database.aws_rds_cluster_instance.usa_writer: Still creating... [3m10s elapsed][0m[0m
[0m[1mmodule.network.aws_ec2_transit_gateway_peering_attachment_accepter.usa_accept: Still creating... [2m10s elapsed][0m[0m
[0m[1mmodule.database.aws_rds_cluster_instance.usa_reader: Still creating... [3m20s elapsed][0m[0m
[0m[1mmodule.network.aws_vpn_connection.onprem_to_seoul_vpn: Still creating... [4m30s elapsed][0m[0m
[0m[1mmodule.network.time_sleep.wait_for_tgw: Still creating... [1m0s elapsed][0m[0m
[0m[1mmodule.database.aws_rds_cluster_instance.kor_reader: Still creating... [4m51s elapsed][0m[0m
[0m[1mmodule.database.aws_rds_cluster_instance.usa_writer: Still creating... [3m20s elapsed][0m[0m
[0m[1mmodule.network.aws_ec2_transit_gateway_peering_attachment_accepter.usa_accept: Still creating... [2m20s elapsed][0m[0m
[0m[1mmodule.database.aws_rds_cluster_instance.usa_reader: Still creating... [3m30s elapsed][0m[0m
[0m[1mmodule.network.aws_vpn_connection.onprem_to_seoul_vpn: Still creating... [4m40s elapsed][0m[0m
[0m[1mmodule.network.time_sleep.wait_for_tgw: Still creating... [1m10s elapsed][0m[0m
[0m[1mmodule.database.aws_rds_cluster_instance.kor_reader: Still creating... [5m1s elapsed][0m[0m
[0m[1mmodule.database.aws_rds_cluster_instance.usa_writer: Still creating... [3m30s elapsed][0m[0m
[0m[1mmodule.network.aws_ec2_transit_gateway_peering_attachment_accepter.usa_accept: Still creating... [2m30s elapsed][0m[0m
[0m[1mmodule.database.aws_rds_cluster_instance.usa_reader: Still creating... [3m40s elapsed][0m[0m
[0m[1mmodule.network.aws_vpn_connection.onprem_to_seoul_vpn: Still creating... [4m50s elapsed][0m[0m
[0m[1mmodule.network.time_sleep.wait_for_tgw: Still creating... [1m20s elapsed][0m[0m
[0m[1mmodule.database.aws_rds_cluster_instance.kor_reader: Still creating... [5m11s elapsed][0m[0m
[0m[1mmodule.database.aws_rds_cluster_instance.usa_writer: Still creating... [3m40s elapsed][0m[0m
[0m[1mmodule.network.aws_ec2_transit_gateway_peering_attachment_accepter.usa_accept: Still creating... [2m40s elapsed][0m[0m
[0m[1mmodule.database.aws_rds_cluster_instance.usa_reader: Still creating... [3m50s elapsed][0m[0m
[0m[1mmodule.network.aws_vpn_connection.onprem_to_seoul_vpn: Still creating... [5m0s elapsed][0m[0m
[0m[1mmodule.network.time_sleep.wait_for_tgw: Still creating... [1m30s elapsed][0m[0m
[0m[1mmodule.database.aws_rds_cluster_instance.kor_reader: Still creating... [5m21s elapsed][0m[0m
[0m[1mmodule.database.aws_rds_cluster_instance.usa_writer: Still creating... [3m50s elapsed][0m[0m
[0m[1mmodule.network.aws_ec2_transit_gateway_peering_attachment_accepter.usa_accept: Still creating... [2m50s elapsed][0m[0m
[0m[1mmodule.database.aws_rds_cluster_instance.usa_reader: Still creating... [4m0s elapsed][0m[0m
[0m[1mmodule.network.aws_vpn_connection.onprem_to_seoul_vpn: Still creating... [5m10s elapsed][0m[0m
[0m[1mmodule.network.time_sleep.wait_for_tgw: Still creating... [1m40s elapsed][0m[0m
[0m[1mmodule.database.aws_rds_cluster_instance.kor_reader: Still creating... [5m31s elapsed][0m[0m
[0m[1mmodule.database.aws_rds_cluster_instance.usa_writer: Still creating... [4m0s elapsed][0m[0m
[0m[1mmodule.network.aws_ec2_transit_gateway_peering_attachment_accepter.usa_accept: Still creating... [3m0s elapsed][0m[0m
[0m[1mmodule.database.aws_rds_cluster_instance.usa_reader: Still creating... [4m10s elapsed][0m[0m
[0m[1mmodule.network.aws_vpn_connection.onprem_to_seoul_vpn: Still creating... [5m20s elapsed][0m[0m
[0m[1mmodule.network.time_sleep.wait_for_tgw: Still creating... [1m50s elapsed][0m[0m
[0m[1mmodule.database.aws_rds_cluster_instance.kor_reader: Still creating... [5m41s elapsed][0m[0m
[0m[1mmodule.database.aws_rds_cluster_instance.usa_writer: Still creating... [4m10s elapsed][0m[0m
[0m[1mmodule.network.aws_ec2_transit_gateway_peering_attachment_accepter.usa_accept: Still creating... [3m10s elapsed][0m[0m
[0m[1mmodule.network.aws_ec2_transit_gateway_peering_attachment_accepter.usa_accept: Creation complete after 3m13s [id=tgw-attach-05e4f49205cf24157][0m
[0m[1mmodule.database.aws_rds_cluster_instance.usa_reader: Still creating... [4m20s elapsed][0m[0m
[0m[1mmodule.network.aws_vpn_connection.onprem_to_seoul_vpn: Still creating... [5m30s elapsed][0m[0m
[0m[1mmodule.network.time_sleep.wait_for_tgw: Still creating... [2m0s elapsed][0m[0m
[0m[1mmodule.database.aws_rds_cluster_instance.kor_reader: Still creating... [5m51s elapsed][0m[0m
[0m[1mmodule.database.aws_rds_cluster_instance.usa_writer: Still creating... [4m20s elapsed][0m[0m
[0m[1mmodule.database.aws_rds_cluster_instance.usa_reader: Still creating... [4m30s elapsed][0m[0m
[0m[1mmodule.network.aws_vpn_connection.onprem_to_seoul_vpn: Still creating... [5m40s elapsed][0m[0m
[0m[1mmodule.network.time_sleep.wait_for_tgw: Still creating... [2m10s elapsed][0m[0m
[0m[1mmodule.database.aws_rds_cluster_instance.kor_reader: Still creating... [6m1s elapsed][0m[0m
[0m[1mmodule.database.aws_rds_cluster_instance.usa_writer: Still creating... [4m30s elapsed][0m[0m
[0m[1mmodule.database.aws_rds_cluster_instance.usa_reader: Still creating... [4m40s elapsed][0m[0m
[0m[1mmodule.network.aws_vpn_connection.onprem_to_seoul_vpn: Still creating... [5m50s elapsed][0m[0m
[0m[1mmodule.network.time_sleep.wait_for_tgw: Still creating... [2m20s elapsed][0m[0m
[0m[1mmodule.database.aws_rds_cluster_instance.kor_reader: Still creating... [6m11s elapsed][0m[0m
[0m[1mmodule.database.aws_rds_cluster_instance.usa_writer: Still creating... [4m40s elapsed][0m[0m
[0m[1mmodule.database.aws_rds_cluster_instance.usa_reader: Still creating... [4m50s elapsed][0m[0m
[0m[1mmodule.network.aws_vpn_connection.onprem_to_seoul_vpn: Still creating... [6m0s elapsed][0m[0m
[0m[1mmodule.network.time_sleep.wait_for_tgw: Still creating... [2m30s elapsed][0m[0m
[0m[1mmodule.database.aws_rds_cluster_instance.kor_reader: Still creating... [6m21s elapsed][0m[0m
[0m[1mmodule.database.aws_rds_cluster_instance.usa_writer: Still creating... [4m50s elapsed][0m[0m
[0m[1mmodule.database.aws_rds_cluster_instance.usa_reader: Still creating... [5m0s elapsed][0m[0m
[0m[1mmodule.network.aws_vpn_connection.onprem_to_seoul_vpn: Still creating... [6m10s elapsed][0m[0m
[0m[1mmodule.network.time_sleep.wait_for_tgw: Still creating... [2m40s elapsed][0m[0m
[0m[1mmodule.database.aws_rds_cluster_instance.kor_reader: Still creating... [6m31s elapsed][0m[0m
[0m[1mmodule.database.aws_rds_cluster_instance.usa_writer: Still creating... [5m0s elapsed][0m[0m
[0m[1mmodule.database.aws_rds_cluster_instance.usa_reader: Still creating... [5m10s elapsed][0m[0m
[0m[1mmodule.network.aws_vpn_connection.onprem_to_seoul_vpn: Still creating... [6m20s elapsed][0m[0m
[0m[1mmodule.network.time_sleep.wait_for_tgw: Still creating... [2m50s elapsed][0m[0m
[0m[1mmodule.database.aws_rds_cluster_instance.kor_reader: Still creating... [6m41s elapsed][0m[0m
[0m[1mmodule.database.aws_rds_cluster_instance.usa_writer: Still creating... [5m10s elapsed][0m[0m
[0m[1mmodule.database.aws_rds_cluster_instance.usa_reader: Still creating... [5m20s elapsed][0m[0m
[0m[1mmodule.network.aws_vpn_connection.onprem_to_seoul_vpn: Still creating... [6m30s elapsed][0m[0m
[0m[1mmodule.network.time_sleep.wait_for_tgw: Creation complete after 3m0s [id=2026-01-11T10:40:06Z][0m
[0m[1mmodule.network.aws_ec2_transit_gateway_route.kor_to_usa_default: Creating...[0m[0m
[0m[1mmodule.network.aws_ec2_transit_gateway_route.usa_to_office_via_peering: Creating...[0m[0m
[0m[1mmodule.network.aws_ec2_transit_gateway_route.usa_to_kor_default: Creating...[0m[0m
[0m[1mmodule.database.aws_rds_cluster_instance.kor_reader: Still creating... [6m51s elapsed][0m[0m
[0m[1mmodule.database.aws_rds_cluster_instance.usa_writer: Still creating... [5m20s elapsed][0m[0m
[0m[1mmodule.network.aws_ec2_transit_gateway_route.kor_to_usa_default: Creation complete after 1s [id=tgw-rtb-0e6b734b7155633ec_10.24.0.0/16][0m
[0m[1mmodule.network.aws_ec2_transit_gateway_route.usa_to_office_via_peering: Creation complete after 3s [id=tgw-rtb-04587b839dd4ee7f4_192.168.0.0/16][0m
[0m[1mmodule.network.aws_ec2_transit_gateway_route.usa_to_kor_default: Creation complete after 3s [id=tgw-rtb-04587b839dd4ee7f4_10.23.0.0/16][0m
[0m[1mmodule.database.aws_rds_cluster_instance.usa_reader: Still creating... [5m30s elapsed][0m[0m
[0m[1mmodule.database.aws_rds_cluster_instance.kor_reader: Creation complete after 6m59s [id=y2om-kor-reader][0m
[0m[1mmodule.network.aws_vpn_connection.onprem_to_seoul_vpn: Still creating... [6m40s elapsed][0m[0m
[0m[1mmodule.database.aws_rds_cluster_instance.usa_writer: Still creating... [5m30s elapsed][0m[0m
[0m[1mmodule.database.aws_rds_cluster_instance.usa_reader: Still creating... [5m40s elapsed][0m[0m
[0m[1mmodule.network.aws_vpn_connection.onprem_to_seoul_vpn: Still creating... [6m50s elapsed][0m[0m
[0m[1mmodule.database.aws_rds_cluster_instance.usa_writer: Still creating... [5m40s elapsed][0m[0m
[0m[1mmodule.database.aws_rds_cluster_instance.usa_reader: Still creating... [5m50s elapsed][0m[0m
[0m[1mmodule.network.aws_vpn_connection.onprem_to_seoul_vpn: Still creating... [7m0s elapsed][0m[0m
[0m[1mmodule.database.aws_rds_cluster_instance.usa_writer: Still creating... [5m50s elapsed][0m[0m
[0m[1mmodule.database.aws_rds_cluster_instance.usa_reader: Still creating... [6m0s elapsed][0m[0m
[0m[1mmodule.network.aws_vpn_connection.onprem_to_seoul_vpn: Still creating... [7m10s elapsed][0m[0m
[0m[1mmodule.database.aws_rds_cluster_instance.usa_writer: Still creating... [6m0s elapsed][0m[0m
[0m[1mmodule.database.aws_rds_cluster_instance.usa_reader: Still creating... [6m10s elapsed][0m[0m
[0m[1mmodule.network.aws_vpn_connection.onprem_to_seoul_vpn: Still creating... [7m20s elapsed][0m[0m
[0m[1mmodule.database.aws_rds_cluster_instance.usa_writer: Still creating... [6m10s elapsed][0m[0m
[0m[1mmodule.database.aws_rds_cluster_instance.usa_reader: Still creating... [6m20s elapsed][0m[0m
[0m[1mmodule.network.aws_vpn_connection.onprem_to_seoul_vpn: Still creating... [7m30s elapsed][0m[0m
[0m[1mmodule.database.aws_rds_cluster_instance.usa_writer: Still creating... [6m20s elapsed][0m[0m
[0m[1mmodule.database.aws_rds_cluster_instance.usa_reader: Creation complete after 6m27s [id=y2om-usa-reader][0m
[0m[1mmodule.network.aws_vpn_connection.onprem_to_seoul_vpn: Still creating... [7m40s elapsed][0m[0m
[0m[1mmodule.database.aws_rds_cluster_instance.usa_writer: Still creating... [6m30s elapsed][0m[0m
[0m[1mmodule.network.aws_vpn_connection.onprem_to_seoul_vpn: Still creating... [7m50s elapsed][0m[0m
[0m[1mmodule.database.aws_rds_cluster_instance.usa_writer: Still creating... [6m40s elapsed][0m[0m
[0m[1mmodule.network.aws_vpn_connection.onprem_to_seoul_vpn: Still creating... [8m0s elapsed][0m[0m
[0m[1mmodule.database.aws_rds_cluster_instance.usa_writer: Still creating... [6m50s elapsed][0m[0m
[0m[1mmodule.network.aws_vpn_connection.onprem_to_seoul_vpn: Still creating... [8m10s elapsed][0m[0m
[0m[1mmodule.database.aws_rds_cluster_instance.usa_writer: Still creating... [7m0s elapsed][0m[0m
[0m[1mmodule.network.aws_vpn_connection.onprem_to_seoul_vpn: Creation complete after 8m16s [id=vpn-0ab38a927b4553ce4][0m
[0m[1mmodule.network.aws_ec2_transit_gateway_route.tgw_route_to_onprem: Creating...[0m[0m
[0m[1mmodule.database.aws_rds_cluster_instance.usa_writer: Still creating... [7m10s elapsed][0m[0m
[0m[1mmodule.network.aws_ec2_transit_gateway_route.tgw_route_to_onprem: Creation complete after 8s [id=tgw-rtb-0e6b734b7155633ec_192.168.0.0/16][0m
[0m[1mmodule.database.aws_rds_cluster_instance.usa_writer: Still creating... [7m20s elapsed][0m[0m
[0m[1mmodule.database.aws_rds_cluster_instance.usa_writer: Still creating... [7m30s elapsed][0m[0m
[0m[1mmodule.database.aws_rds_cluster_instance.usa_writer: Still creating... [7m40s elapsed][0m[0m
[0m[1mmodule.database.aws_rds_cluster_instance.usa_writer: Still creating... [7m50s elapsed][0m[0m
[0m[1mmodule.database.aws_rds_cluster_instance.usa_writer: Still creating... [8m0s elapsed][0m[0m
[0m[1mmodule.database.aws_rds_cluster_instance.usa_writer: Still creating... [8m10s elapsed][0m[0m
[0m[1mmodule.database.aws_rds_cluster_instance.usa_writer: Still creating... [8m20s elapsed][0m[0m
[0m[1mmodule.database.aws_rds_cluster_instance.usa_writer: Still creating... [8m30s elapsed][0m[0m
[0m[1mmodule.database.aws_rds_cluster_instance.usa_writer: Still creating... [8m40s elapsed][0m[0m
[0m[1mmodule.database.aws_rds_cluster_instance.usa_writer: Still creating... [8m50s elapsed][0m[0m
[0m[1mmodule.database.aws_rds_cluster_instance.usa_writer: Creation complete after 8m52s [id=y2om-usa-writer][0m
[33m╷[0m[0m
[33m│[0m [0m[1m[33mWarning: [0m[0m[1mReference to undefined provider[0m
[33m│[0m [0m
[33m│[0m [0m[0m  on main.tf line 5, in module "network":
[33m│[0m [0m   5:     [4maws[0m.seoul  = aws.seoul[0m
[33m│[0m [0m
[33m│[0m [0mThere is no explicit declaration for local provider name "aws.seoul" in
[33m│[0m [0mmodule.network, so Terraform is assuming you mean to pass a configuration
[33m│[0m [0mfor "hashicorp/aws".
[33m│[0m [0m
[33m│[0m [0mIf you also control the child module, add a required_providers entry named
[33m│[0m [0m"aws.seoul" with the source address "hashicorp/aws".
[33m│[0m [0m
[33m│[0m [0m(and 17 more similar warnings elsewhere)
[33m╵[0m[0m
[31m╷[0m[0m
[31m│[0m [0m[1m[31mError: [0m[0m[1mcreating KMS Alias (alias/eks/y2om-formation-lap-oregon): operation error KMS: CreateAlias, https response error StatusCode: 400, RequestID: c94c9703-c079-40ba-9c1a-d94dfbdcf62e, AlreadyExistsException: An alias with the name arn:aws:kms:us-west-2:404457776061:alias/eks/y2om-formation-lap-oregon already exists[0m
[31m│[0m [0m
[31m│[0m [0m[0m  with module.eks.module.eks_oregon.module.kms.aws_kms_alias.this["cluster"],
[31m│[0m [0m  on .terraform/modules/eks.eks_oregon.kms/main.tf line 452, in resource "aws_kms_alias" "this":
[31m│[0m [0m 452: resource "aws_kms_alias" "this" [4m{[0m[0m
[31m│[0m [0m
[31m╵[0m[0m
[31m╷[0m[0m
[31m│[0m [0m[1m[31mError: [0m[0m[1mcreating CloudWatch Logs Log Group (/aws/eks/y2om-formation-lap-oregon/cluster): operation error CloudWatch Logs: CreateLogGroup, https response error StatusCode: 400, RequestID: f41c9c18-e154-442c-a626-3011cb55305b, ResourceAlreadyExistsException: The specified log group already exists[0m
[31m│[0m [0m
[31m│[0m [0m[0m  with module.eks.module.eks_oregon.aws_cloudwatch_log_group.this[0],
[31m│[0m [0m  on .terraform/modules/eks.eks_oregon/main.tf line 203, in resource "aws_cloudwatch_log_group" "this":
[31m│[0m [0m 203: resource "aws_cloudwatch_log_group" "this" [4m{[0m[0m
[31m│[0m [0m
[31m╵[0m[0m
[31m╷[0m[0m
[31m│[0m [0m[1m[31mError: [0m[0m[1mcreating KMS Alias (alias/eks/y2om-formation-lap-seoul): operation error KMS: CreateAlias, https response error StatusCode: 400, RequestID: 9c09f221-b216-45db-a12f-2fdf92258acc, AlreadyExistsException: An alias with the name arn:aws:kms:ap-northeast-2:404457776061:alias/eks/y2om-formation-lap-seoul already exists[0m
[31m│[0m [0m
[31m│[0m [0m[0m  with module.eks.module.eks_seoul.module.kms.aws_kms_alias.this["cluster"],
[31m│[0m [0m  on .terraform/modules/eks.eks_seoul.kms/main.tf line 452, in resource "aws_kms_alias" "this":
[31m│[0m [0m 452: resource "aws_kms_alias" "this" [4m{[0m[0m
[31m│[0m [0m
[31m╵[0m[0m
[31m╷[0m[0m
[31m│[0m [0m[1m[31mError: [0m[0m[1mcreating CloudWatch Logs Log Group (/aws/eks/y2om-formation-lap-seoul/cluster): operation error CloudWatch Logs: CreateLogGroup, https response error StatusCode: 400, RequestID: caf9406a-095d-4f71-8786-6a8cb98f7769, ResourceAlreadyExistsException: The specified log group already exists[0m
[31m│[0m [0m
[31m│[0m [0m[0m  with module.eks.module.eks_seoul.aws_cloudwatch_log_group.this[0],
[31m│[0m [0m  on .terraform/modules/eks.eks_seoul/main.tf line 203, in resource "aws_cloudwatch_log_group" "this":
[31m│[0m [0m 203: resource "aws_cloudwatch_log_group" "this" [4m{[0m[0m
[31m│[0m [0m
[31m╵[0m[0m
[0m[1mmodule.eks.module.cluster_autoscaler_irsa_oregon.data.aws_caller_identity.current: Reading...[0m[0m
[0m[1mmodule.eks.module.cluster_autoscaler_irsa_seoul.data.aws_partition.current: Reading...[0m[0m
[0m[1mmodule.eks.module.cluster_autoscaler_irsa_oregon.data.aws_region.current: Reading...[0m[0m
[0m[1mmodule.eks.module.cluster_autoscaler_irsa_oregon.data.aws_partition.current: Reading...[0m[0m
[0m[1mmodule.eks.module.cluster_autoscaler_irsa_seoul.data.aws_caller_identity.current: Reading...[0m[0m
[0m[1mmodule.eks.module.cluster_autoscaler_irsa_seoul.data.aws_region.current: Reading...[0m[0m
[0m[1mmodule.eks.module.cluster_autoscaler_irsa_seoul.data.aws_partition.current: Read complete after 0s [id=aws][0m
[0m[1mmodule.eks.module.cluster_autoscaler_irsa_oregon.data.aws_partition.current: Read complete after 0s [id=aws][0m
[0m[1mmodule.eks.module.cluster_autoscaler_irsa_oregon.data.aws_region.current: Read complete after 0s [id=ap-northeast-2][0m
[0m[1mmodule.s3.aws_s3_bucket.this: Refreshing state... [id=y2om-my-origin-bucket-123456][0m
[0m[1mmodule.eks.module.cluster_autoscaler_irsa_seoul.data.aws_region.current: Read complete after 0s [id=ap-northeast-2][0m
[0m[1mmodule.database.data.aws_iam_policy_document.rds_proxy_assume_role: Reading...[0m[0m
[0m[1mmodule.database.data.aws_iam_policy_document.rds_proxy_assume_role: Read complete after 0s [id=2562693050][0m
[0m[1mmodule.eks.module.cluster_autoscaler_irsa_oregon.data.aws_caller_identity.current: Read complete after 0s [id=404457776061][0m
[0m[1mmodule.network.module.kor_vpc.data.aws_ami.amazon_linux: Reading...[0m[0m
[0m[1mmodule.eks.module.cluster_autoscaler_irsa_seoul.data.aws_caller_identity.current: Read complete after 0s [id=404457776061][0m
[0m[1mmodule.ecr.aws_ecr_repository.product: Refreshing state... [id=y2om-product-service][0m
[0m[1mmodule.eks.module.eks_seoul.module.kms.data.aws_caller_identity.current[0]: Reading...[0m[0m
[0m[1mmodule.eks.module.eks_seoul.module.eks_managed_node_group["standard-worker"].data.aws_partition.current: Reading...[0m[0m
[0m[1mmodule.eks.module.eks_seoul.module.eks_managed_node_group["standard-worker"].data.aws_iam_policy_document.assume_role_policy[0]: Reading...[0m[0m
[0m[1mmodule.ecr.aws_ecr_repository.order: Refreshing state... [id=y2om-order-service][0m
[0m[1mmodule.network.aws_ec2_transit_gateway.kor: Refreshing state... [id=tgw-0de59e10e13d058cf][0m
[0m[1mmodule.eks.module.eks_seoul.module.eks_managed_node_group["standard-worker"].data.aws_partition.current: Read complete after 0s [id=aws][0m
[0m[1mmodule.eks.module.eks_seoul.module.eks_managed_node_group["standard-worker"].data.aws_iam_policy_document.assume_role_policy[0]: Read complete after 0s [id=2560088296][0m
[0m[1mmodule.ecr.aws_ecr_repository.user: Refreshing state... [id=y2om-user-service][0m
[0m[1mmodule.network.module.kor_vpc.aws_eip.nat: Refreshing state... [id=eipalloc-0a347f355609ccd16][0m
[0m[1mmodule.eks.module.eks_seoul.module.kms.data.aws_caller_identity.current[0]: Read complete after 0s [id=404457776061][0m
[0m[1mmodule.network.aws_customer_gateway.onprem_cgw: Refreshing state... [id=cgw-00ef8b15d1ecb530a][0m
[0m[1mmodule.eks.module.eks_seoul.data.aws_iam_policy_document.assume_role_policy[0]: Reading...[0m[0m
[0m[1mmodule.eks.module.eks_seoul.data.aws_iam_policy_document.assume_role_policy[0]: Read complete after 0s [id=2830595799][0m
[0m[1mmodule.database.aws_iam_role.kor_rds_proxy: Refreshing state... [id=y2om-formation-lap-KOR-RDS-Proxy-Role][0m
[0m[1mmodule.eks.module.eks_seoul.module.kms.data.aws_partition.current[0]: Reading...[0m[0m
[0m[1mmodule.eks.module.eks_seoul.data.aws_partition.current[0]: Reading...[0m[0m
[0m[1mmodule.acm.aws_acm_certificate.cname_api_seoul: Refreshing state... [id=arn:aws:acm:ap-northeast-2:404457776061:certificate/0471dcd4-d403-4338-b9de-7ea997e474d1][0m
[0m[1mmodule.eks.module.eks_seoul.module.kms.data.aws_partition.current[0]: Read complete after 0s [id=aws][0m
[0m[1mmodule.eks.module.eks_seoul.data.aws_partition.current[0]: Read complete after 0s [id=aws][0m
[0m[1mmodule.eks.module.eks_seoul.module.eks_managed_node_group["standard-worker"].data.aws_caller_identity.current: Reading...[0m[0m
[0m[1mmodule.eks.module.eks_seoul.data.aws_caller_identity.current[0]: Reading...[0m[0m
[0m[1mmodule.network.module.kor_vpc.aws_vpc.this: Refreshing state... [id=vpc-0e57dec633eeaf44e][0m
[0m[1mmodule.ecr.data.aws_caller_identity.current: Reading...[0m[0m
[0m[1mmodule.eks.module.eks_seoul.module.eks_managed_node_group["standard-worker"].data.aws_caller_identity.current: Read complete after 0s [id=404457776061][0m
[0m[1mmodule.database.data.aws_secretsmanager_secret.kor_db: Reading...[0m[0m
[0m[1mmodule.eks.module.eks_seoul.data.aws_caller_identity.current[0]: Read complete after 0s [id=404457776061][0m
[0m[1mmodule.eks.module.eks_seoul.module.eks_managed_node_group["standard-worker"].aws_iam_role.this[0]: Refreshing state... [id=standard-worker-eks-node-group-20260111103214302400000002][0m
[0m[1mmodule.ecr.data.aws_caller_identity.current: Read complete after 0s [id=404457776061][0m
[0m[1mmodule.network.aws_ec2_transit_gateway_route_table.kor: Refreshing state... [id=tgw-rtb-02b9a3cbe946138c7][0m
[0m[1mmodule.eks.module.eks_seoul.aws_iam_role.this[0]: Refreshing state... [id=y2om-formation-lap-seoul-cluster-20260111103214304200000003][0m
[0m[1mmodule.network.aws_vpn_connection.onprem_to_seoul_vpn: Refreshing state... [id=vpn-0ab38a927b4553ce4][0m
[0m[1mmodule.s3.aws_s3_bucket_public_access_block.this: Refreshing state... [id=y2om-my-origin-bucket-123456][0m
[0m[1mmodule.database.data.aws_secretsmanager_secret.kor_db: Read complete after 0s [id=arn:aws:secretsmanager:ap-northeast-2:404457776061:secret:formation-lap/db/dev/credentials-4rct3d][0m
[0m[1mmodule.eks.module.eks_seoul.data.aws_iam_session_context.current[0]: Reading...[0m[0m
[0m[1mmodule.ecr.aws_ecr_replication_configuration.seoul_to_oregon: Refreshing state... [id=404457776061][0m
[0m[1mmodule.eks.module.eks_seoul.data.aws_iam_session_context.current[0]: Read complete after 0s [id=arn:aws:iam::404457776061:user/Yeom_Seongsik][0m
[0m[1mmodule.eks.module.eks_seoul.data.aws_iam_policy_document.custom[0]: Reading...[0m[0m
[0m[1mmodule.eks.module.eks_seoul.data.aws_iam_policy_document.custom[0]: Read complete after 0s [id=513122117][0m
[0m[1mmodule.database.data.aws_secretsmanager_secret_version.kor_db: Reading...[0m[0m
[0m[1mmodule.database.data.aws_secretsmanager_secret_version.kor_db: Read complete after 0s [id=arn:aws:secretsmanager:ap-northeast-2:404457776061:secret:formation-lap/db/dev/credentials-4rct3d|AWSCURRENT][0m
[0m[1mmodule.eks.module.eks_seoul.aws_iam_policy.custom[0]: Refreshing state... [id=arn:aws:iam::404457776061:policy/y2om-formation-lap-seoul-cluster-20260111103215168400000004][0m
[0m[1mmodule.network.module.kor_vpc.data.aws_ami.amazon_linux: Read complete after 0s [id=ami-094ae5292d8e74679][0m
[0m[1mmodule.network.aws_ec2_transit_gateway_route.tgw_route_to_onprem: Refreshing state... [id=tgw-rtb-0e6b734b7155633ec_192.168.0.0/16][0m
[0m[1mmodule.database.data.aws_secretsmanager_secret.usa_db: Reading...[0m[0m
[0m[1mmodule.eks.module.eks_oregon.module.eks_managed_node_group["standard-worker"].data.aws_caller_identity.current: Reading...[0m[0m
[0m[1mmodule.eks.module.eks_oregon.module.kms.data.aws_caller_identity.current[0]: Reading...[0m[0m
[0m[1mmodule.ecr.aws_ecr_repository.product_oregon: Refreshing state... [id=y2om-product-service][0m
[0m[1mmodule.network.aws_ec2_transit_gateway.usa: Refreshing state... [id=tgw-0e0d1af73a6be6630][0m
[0m[1mmodule.eks.module.eks_oregon.module.kms.data.aws_partition.current[0]: Reading...[0m[0m
[0m[1mmodule.eks.module.eks_oregon.module.kms.data.aws_partition.current[0]: Read complete after 0s [id=aws][0m
[0m[1mmodule.ecr.aws_ecr_repository.order_oregon: Refreshing state... [id=y2om-order-service][0m
[0m[1mmodule.eks.module.eks_oregon.module.eks_managed_node_group["standard-worker"].data.aws_caller_identity.current: Read complete after 0s [id=404457776061][0m
[0m[1mmodule.eks.module.eks_oregon.data.aws_caller_identity.current[0]: Reading...[0m[0m
[0m[1mmodule.eks.module.eks_oregon.module.kms.data.aws_caller_identity.current[0]: Read complete after 0s [id=404457776061][0m
[0m[1mmodule.eks.module.eks_oregon.data.aws_partition.current[0]: Reading...[0m[0m
[0m[1mmodule.eks.module.eks_oregon.data.aws_partition.current[0]: Read complete after 0s [id=aws][0m
[0m[1mmodule.acm.aws_acm_certificate.cname_api_oregon: Refreshing state... [id=arn:aws:acm:us-west-2:404457776061:certificate/d4fd8972-1a7b-4326-b8b8-cde496ca927a][0m
[0m[1mmodule.eks.module.eks_oregon.data.aws_caller_identity.current[0]: Read complete after 0s [id=404457776061][0m
[0m[1mmodule.eks.module.eks_oregon.data.aws_iam_policy_document.assume_role_policy[0]: Reading...[0m[0m
[0m[1mmodule.eks.module.eks_oregon.data.aws_iam_policy_document.assume_role_policy[0]: Read complete after 0s [id=2830595799][0m
[0m[1mmodule.network.module.usa_vpc.aws_eip.nat: Refreshing state... [id=eipalloc-0e6c41f9c1cca3489][0m
[0m[1mmodule.database.data.aws_secretsmanager_secret.usa_db: Read complete after 1s [id=arn:aws:secretsmanager:us-west-2:404457776061:secret:formation-lap/db/dev/credentials-wcqjhT][0m
[0m[1mmodule.database.aws_iam_role.usa_rds_proxy: Refreshing state... [id=y2om-formation-lap-USA-RDS-Proxy-Role][0m
[0m[1mmodule.ecr.aws_ecr_repository.user_oregon: Refreshing state... [id=y2om-user-service][0m
[0m[1mmodule.eks.module.eks_oregon.module.eks_managed_node_group["standard-worker"].data.aws_partition.current: Reading...[0m[0m
[0m[1mmodule.eks.module.eks_oregon.module.eks_managed_node_group["standard-worker"].data.aws_partition.current: Read complete after 0s [id=aws][0m
[0m[1mmodule.eks.module.eks_oregon.module.eks_managed_node_group["standard-worker"].data.aws_iam_policy_document.assume_role_policy[0]: Reading...[0m[0m
[0m[1mmodule.eks.module.eks_oregon.module.eks_managed_node_group["standard-worker"].data.aws_iam_policy_document.assume_role_policy[0]: Read complete after 0s [id=2560088296][0m
[0m[1mmodule.network.module.usa_vpc.aws_vpc.this: Refreshing state... [id=vpc-088ff6176a580ffde][0m
[0m[1mmodule.network.module.usa_vpc.data.aws_ami.amazon_linux: Reading...[0m[0m
[0m[1mmodule.network.module.kor_vpc.aws_internet_gateway.this: Refreshing state... [id=igw-0e8b2f60b518b7608][0m
[0m[1mmodule.network.module.kor_vpc.aws_security_group.test: Refreshing state... [id=sg-022e3a5a93e1ac586][0m
[0m[1mmodule.network.module.kor_vpc.aws_route_table.private: Refreshing state... [id=rtb-00afe71a2b829d358][0m
[0m[1mmodule.network.module.kor_vpc.aws_subnet.public[0]: Refreshing state... [id=subnet-05408b16d3592c6c2][0m
[0m[1mmodule.network.module.kor_vpc.aws_subnet.public[1]: Refreshing state... [id=subnet-046ea2db208ce006e][0m
[0m[1mmodule.network.module.kor_vpc.aws_subnet.tgw[0]: Refreshing state... [id=subnet-06fcf4c2833acc676][0m
[0m[1mmodule.network.module.kor_vpc.aws_security_group.bastion: Refreshing state... [id=sg-0b86b89c4ea2e0ce9][0m
[0m[1mmodule.network.module.kor_vpc.aws_subnet.tgw[1]: Refreshing state... [id=subnet-00af2154253c51b5d][0m
[0m[1mmodule.network.module.kor_vpc.aws_subnet.private[2]: Refreshing state... [id=subnet-093999490b2834b49][0m
[0m[1mmodule.network.module.kor_vpc.aws_route_table.public: Refreshing state... [id=rtb-07187acdf9fcc33ad][0m
[0m[1mmodule.network.module.kor_vpc.aws_subnet.private[0]: Refreshing state... [id=subnet-05d413cbbff3f557a][0m
[0m[1mmodule.network.module.kor_vpc.aws_subnet.private[3]: Refreshing state... [id=subnet-080b46f3d1b2a6d76][0m
[0m[1mmodule.network.module.kor_vpc.aws_subnet.private[1]: Refreshing state... [id=subnet-033ae3e84ba2d924e][0m
[0m[1mmodule.acm.aws_acm_certificate.a_www: Refreshing state... [id=arn:aws:acm:us-east-1:404457776061:certificate/01b1bd9a-0a68-4cc6-a1a6-03779b2576d5][0m
[0m[1mmodule.eks.module.eks_oregon.data.aws_iam_session_context.current[0]: Reading...[0m[0m
[0m[1mmodule.eks.module.eks_oregon.data.aws_iam_session_context.current[0]: Read complete after 0s [id=arn:aws:iam::404457776061:user/Yeom_Seongsik][0m
[0m[1mmodule.eks.module.eks_oregon.aws_iam_role.this[0]: Refreshing state... [id=y2om-formation-lap-oregon-cluster-20260111103219266800000003][0m
[0m[1mmodule.database.data.aws_secretsmanager_secret_version.usa_db: Reading...[0m[0m
[0m[1mmodule.network.aws_ec2_transit_gateway_peering_attachment.kor_to_usa: Refreshing state... [id=tgw-attach-05e4f49205cf24157][0m
[0m[1mmodule.network.aws_ec2_transit_gateway_route_table.usa: Refreshing state... [id=tgw-rtb-09f6d4ad86ac1bc15][0m
[0m[1mmodule.eks.module.eks_oregon.module.eks_managed_node_group["standard-worker"].aws_iam_role.this[0]: Refreshing state... [id=standard-worker-eks-node-group-20260111103215426800000001][0m
[0m[1mmodule.eks.module.eks_seoul.module.eks_managed_node_group["standard-worker"].aws_iam_role_policy_attachment.this["AmazonEKS_CNI_Policy"]: Refreshing state... [id=standard-worker-eks-node-group-20260111103214302400000002-20260111103221969700000007][0m
[0m[1mmodule.eks.module.eks_seoul.module.eks_managed_node_group["standard-worker"].aws_iam_role_policy_attachment.this["AmazonEC2ContainerRegistryReadOnly"]: Refreshing state... [id=standard-worker-eks-node-group-20260111103214302400000002-20260111103221661100000006][0m
[0m[1mmodule.database.data.aws_secretsmanager_secret_version.usa_db: Read complete after 0s [id=arn:aws:secretsmanager:us-west-2:404457776061:secret:formation-lap/db/dev/credentials-wcqjhT|AWSCURRENT][0m
[0m[1mmodule.eks.module.eks_seoul.module.eks_managed_node_group["standard-worker"].aws_iam_role_policy_attachment.this["AmazonEKSWorkerNodePolicy"]: Refreshing state... [id=standard-worker-eks-node-group-20260111103214302400000002-20260111103221146500000005][0m
[0m[1mmodule.eks.module.eks_seoul.aws_iam_role_policy_attachment.this["AmazonEKSClusterPolicy"]: Refreshing state... [id=y2om-formation-lap-seoul-cluster-20260111103214304200000003-2026011110322387740000000a][0m
[0m[1mmodule.eks.module.eks_seoul.aws_iam_role_policy_attachment.this["AmazonEKSVPCResourceController"]: Refreshing state... [id=y2om-formation-lap-seoul-cluster-20260111103214304200000003-20260111103223555200000009][0m
[0m[1mmodule.eks.module.eks_seoul.aws_iam_role_policy_attachment.custom[0]: Refreshing state... [id=y2om-formation-lap-seoul-cluster-20260111103214304200000003-20260111103223372300000008][0m
[0m[1mmodule.network.module.usa_vpc.data.aws_ami.amazon_linux: Read complete after 1s [id=ami-0688bf0f4fb02a07b][0m
[0m[1mmodule.network.module.kor_vpc.aws_route.to_tgw: Refreshing state... [id=r-rtb-00afe71a2b829d3582738081526][0m
[0m[1mmodule.network.module.kor_vpc.aws_nat_gateway.this: Refreshing state... [id=nat-0af385c6781e4f31e][0m
[0m[1mmodule.network.module.kor_vpc.aws_instance.bastion: Refreshing state... [id=i-0d8a4db440706cb68][0m
[0m[1mmodule.network.module.kor_vpc.aws_ec2_transit_gateway_vpc_attachment.this: Refreshing state... [id=tgw-attach-0c9fc8519e4e4f806][0m
[0m[1mmodule.network.module.kor_vpc.aws_route.igw: Refreshing state... [id=r-rtb-07187acdf9fcc33ad1080289494][0m
[0m[1mmodule.network.module.kor_vpc.aws_route_table_association.public[0]: Refreshing state... [id=rtbassoc-05c6c046033053873][0m
[0m[1mmodule.network.module.kor_vpc.aws_route_table_association.public[1]: Refreshing state... [id=rtbassoc-0003061ac667b21f7][0m
[0m[1mmodule.eks.module.eks_oregon.data.aws_iam_policy_document.custom[0]: Reading...[0m[0m
[0m[1mmodule.eks.module.eks_oregon.data.aws_iam_policy_document.custom[0]: Read complete after 0s [id=513122117][0m
[0m[1mmodule.network.module.kor_vpc.aws_instance.test: Refreshing state... [id=i-012c38cae6eb6b1b3][0m
[0m[1mmodule.network.module.kor_vpc.aws_route_table_association.private[3]: Refreshing state... [id=rtbassoc-050fa6806bf6dfa3b][0m
[0m[1mmodule.network.module.kor_vpc.aws_route_table_association.private[0]: Refreshing state... [id=rtbassoc-0f60413538f381c87][0m
[0m[1mmodule.network.module.kor_vpc.aws_route_table_association.private[1]: Refreshing state... [id=rtbassoc-0b936a2355a2e608e][0m
[0m[1mmodule.network.module.kor_vpc.aws_route_table_association.private[2]: Refreshing state... [id=rtbassoc-076b48d3c3f520cd8][0m
[0m[1mmodule.network.aws_ec2_transit_gateway_peering_attachment_accepter.usa_accept: Refreshing state... [id=tgw-attach-05e4f49205cf24157][0m
[0m[1mmodule.database.aws_iam_role_policy.kor_rds_proxy: Refreshing state... [id=y2om-formation-lap-KOR-RDS-Proxy-Role:y2om-formation-lap-KOR-RDS-Proxy-Secrets-Policy][0m
[0m[1mmodule.network.aws_route.kor_private_to_onprem[0]: Refreshing state... [id=r-rtb-00afe71a2b829d3583901788224][0m
[0m[1mmodule.network.module.kor_vpc.aws_route.private_to_nat: Refreshing state... [id=r-rtb-00afe71a2b829d3581080289494][0m
[0m[1mmodule.network.aws_route.kor_public_to_onprem[0]: Refreshing state... [id=r-rtb-07187acdf9fcc33ad3901788224][0m
[0m[1mmodule.eks.module.eks_oregon.aws_iam_policy.custom[0]: Refreshing state... [id=arn:aws:iam::404457776061:policy/y2om-formation-lap-oregon-cluster-20260111103223804100000007][0m
[0m[1mmodule.database.aws_security_group.db_kor: Refreshing state... [id=sg-0ffaba38d65728b6a][0m
[0m[1mmodule.database.aws_security_group.proxy_kor: Refreshing state... [id=sg-08ef1eb8bf26cd150][0m
[0m[1mmodule.eks.module.eks_seoul.module.kms.data.aws_iam_policy_document.this[0]: Reading...[0m[0m
[0m[1mmodule.eks.module.eks_seoul.module.kms.data.aws_iam_policy_document.this[0]: Read complete after 0s [id=4125799699][0m
[0m[1mmodule.eks.module.eks_seoul.aws_security_group.cluster[0]: Refreshing state... [id=sg-083d08d6084ba8f03][0m
[0m[1mmodule.eks.module.eks_seoul.aws_security_group.node[0]: Refreshing state... [id=sg-0ac51eaffa081c9d4][0m
[0m[1mmodule.database.aws_security_group_rule.kor_eks_to_db: Refreshing state... [id=sgrule-3836697272][0m
[0m[1mmodule.eks.module.eks_seoul.module.kms.aws_kms_key.this[0]: Refreshing state... [id=5ef77c3c-0147-438a-b4f8-0af3cf91b099][0m
[0m[1mmodule.database.aws_db_proxy.kor: Refreshing state... [id=y2om-formation-lap-kor-rds-proxy][0m
[0m[1mmodule.database.aws_db_subnet_group.kor: Refreshing state... [id=y2om-kor-db-subnet-group][0m
[0m[1mmodule.eks.module.eks_oregon.aws_iam_role_policy_attachment.this["AmazonEKSVPCResourceController"]: Refreshing state... [id=y2om-formation-lap-oregon-cluster-20260111103219266800000003-20260111103225222500000009][0m
[0m[1mmodule.eks.module.eks_oregon.aws_iam_role_policy_attachment.this["AmazonEKSClusterPolicy"]: Refreshing state... [id=y2om-formation-lap-oregon-cluster-20260111103219266800000003-20260111103224869800000008][0m
[0m[1mmodule.network.module.usa_vpc.aws_route_table.private: Refreshing state... [id=rtb-03a358c4de7445310][0m
[0m[1mmodule.network.module.usa_vpc.aws_subnet.public[0]: Refreshing state... [id=subnet-06a594f6d1ec61418][0m
[0m[1mmodule.network.module.usa_vpc.aws_subnet.public[1]: Refreshing state... [id=subnet-0200f2a056f49cf36][0m
[0m[1mmodule.network.module.usa_vpc.aws_security_group.bastion: Refreshing state... [id=sg-0d7926c2542c4d267][0m
[0m[1mmodule.network.module.usa_vpc.aws_route_table.public: Refreshing state... [id=rtb-0d0c365fe69de84c3][0m
[0m[1mmodule.network.module.usa_vpc.aws_internet_gateway.this: Refreshing state... [id=igw-09c7cc357aa00ee65][0m
[0m[1mmodule.network.module.usa_vpc.aws_subnet.private[0]: Refreshing state... [id=subnet-080041238b615cb74][0m
[0m[1mmodule.network.module.usa_vpc.aws_subnet.private[2]: Refreshing state... [id=subnet-040e073f303d075c9][0m
[0m[1mmodule.network.module.usa_vpc.aws_subnet.private[1]: Refreshing state... [id=subnet-0a16a918c8631dfcc][0m
[0m[1mmodule.network.module.usa_vpc.aws_subnet.private[3]: Refreshing state... [id=subnet-045952fcb9e99260c][0m
[0m[1mmodule.network.module.usa_vpc.aws_security_group.test: Refreshing state... [id=sg-0bbbd8561b77c44ee][0m
[0m[1mmodule.network.module.usa_vpc.aws_subnet.tgw[1]: Refreshing state... [id=subnet-003e66757839bca81][0m
[0m[1mmodule.network.module.usa_vpc.aws_subnet.tgw[0]: Refreshing state... [id=subnet-0a2f6c409aec92384][0m
[0m[1mmodule.eks.module.eks_seoul.aws_security_group_rule.node["ingress_self_coredns_udp"]: Refreshing state... [id=sgrule-907690981][0m
[0m[1mmodule.eks.module.eks_seoul.aws_security_group_rule.node["ingress_cluster_9443_webhook"]: Refreshing state... [id=sgrule-380434912][0m
[0m[1mmodule.eks.module.eks_seoul.aws_security_group_rule.node["ingress_nodes_ephemeral"]: Refreshing state... [id=sgrule-4166333017][0m
[0m[1mmodule.eks.module.eks_seoul.aws_security_group_rule.node["ingress_cluster_6443_webhook"]: Refreshing state... [id=sgrule-1632761354][0m
[0m[1mmodule.eks.module.eks_seoul.aws_security_group_rule.node["egress_all"]: Refreshing state... [id=sgrule-971146027][0m
[0m[1mmodule.eks.module.eks_seoul.aws_security_group_rule.node["ingress_cluster_443"]: Refreshing state... [id=sgrule-2326818230][0m
[0m[1mmodule.eks.module.eks_seoul.aws_security_group_rule.node["ingress_cluster_8443_webhook"]: Refreshing state... [id=sgrule-1913506347][0m
[0m[1mmodule.eks.module.eks_seoul.aws_security_group_rule.node["ingress_self_coredns_tcp"]: Refreshing state... [id=sgrule-2454052874][0m
[0m[1mmodule.eks.module.eks_seoul.aws_security_group_rule.node["ingress_cluster_4443_webhook"]: Refreshing state... [id=sgrule-2819854748][0m
[0m[1mmodule.eks.module.eks_seoul.aws_security_group_rule.node["ingress_cluster_kubelet"]: Refreshing state... [id=sgrule-3356825262][0m
[0m[1mmodule.eks.module.eks_oregon.module.eks_managed_node_group["standard-worker"].aws_iam_role_policy_attachment.this["AmazonEKSWorkerNodePolicy"]: Refreshing state... [id=standard-worker-eks-node-group-20260111103215426800000001-20260111103222865700000006][0m
[0m[1mmodule.eks.module.eks_oregon.module.eks_managed_node_group["standard-worker"].aws_iam_role_policy_attachment.this["AmazonEKS_CNI_Policy"]: Refreshing state... [id=standard-worker-eks-node-group-20260111103215426800000001-20260111103222618400000005][0m
[0m[1mmodule.eks.module.eks_oregon.module.eks_managed_node_group["standard-worker"].aws_iam_role_policy_attachment.this["AmazonEC2ContainerRegistryReadOnly"]: Refreshing state... [id=standard-worker-eks-node-group-20260111103215426800000001-20260111103222323500000004][0m
[0m[1mmodule.eks.module.eks_seoul.aws_security_group_rule.cluster["ingress_nodes_443"]: Refreshing state... [id=sgrule-202047510][0m
[0m[1mmodule.database.aws_db_proxy_default_target_group.kor: Refreshing state... [id=y2om-formation-lap-kor-rds-proxy][0m
[0m[1mmodule.database.aws_iam_role_policy.usa_rds_proxy: Refreshing state... [id=y2om-formation-lap-USA-RDS-Proxy-Role:y2om-formation-lap-USA-RDS-Proxy-Secrets-Policy][0m
[0m[1mmodule.database.aws_rds_cluster.kor: Refreshing state... [id=y2om-kor-aurora-mysql][0m
[0m[1mmodule.eks.module.eks_oregon.aws_iam_role_policy_attachment.custom[0]: Refreshing state... [id=y2om-formation-lap-oregon-cluster-20260111103219266800000003-2026011110322589020000000a][0m
[0m[1mmodule.network.module.usa_vpc.aws_route.to_tgw: Refreshing state... [id=r-rtb-03a358c4de74453102851522543][0m
[0m[1mmodule.network.module.usa_vpc.aws_instance.bastion: Refreshing state... [id=i-09fd9e6deaac9d687][0m
[0m[1mmodule.network.module.usa_vpc.aws_route_table_association.public[1]: Refreshing state... [id=rtbassoc-0131d68a8da053977][0m
[0m[1mmodule.network.module.usa_vpc.aws_route_table_association.public[0]: Refreshing state... [id=rtbassoc-053ea6d2ceffab24a][0m
[0m[1mmodule.network.module.usa_vpc.aws_nat_gateway.this: Refreshing state... [id=nat-031827ad8293f6195][0m
[0m[1mmodule.network.module.usa_vpc.aws_route.igw: Refreshing state... [id=r-rtb-0d0c365fe69de84c31080289494][0m
[0m[1mmodule.eks.module.eks_oregon.module.kms.data.aws_iam_policy_document.this[0]: Reading...[0m[0m
[0m[1mmodule.eks.module.eks_oregon.module.kms.data.aws_iam_policy_document.this[0]: Read complete after 0s [id=63656044][0m
[0m[1mmodule.network.module.usa_vpc.aws_route_table_association.private[3]: Refreshing state... [id=rtbassoc-0690a36f3869afd1c][0m
[0m[1mmodule.network.module.usa_vpc.aws_instance.test: Refreshing state... [id=i-01537db7021a853fa][0m
[0m[1mmodule.network.module.usa_vpc.aws_route_table_association.private[0]: Refreshing state... [id=rtbassoc-0f5140503d556f728][0m
[0m[1mmodule.network.module.usa_vpc.aws_route_table_association.private[1]: Refreshing state... [id=rtbassoc-0466d4afd45317cbe][0m
[0m[1mmodule.network.module.usa_vpc.aws_route_table_association.private[2]: Refreshing state... [id=rtbassoc-02cb88b1404f5042d][0m
[0m[1mmodule.eks.module.eks_seoul.aws_iam_policy.cluster_encryption[0]: Refreshing state... [id=arn:aws:iam::404457776061:policy/y2om-formation-lap-seoul-cluster-ClusterEncryption20260111103249751700000013][0m
[0m[1mmodule.network.module.usa_vpc.aws_ec2_transit_gateway_vpc_attachment.this: Refreshing state... [id=tgw-attach-07444cbf9cdd81ee6][0m
[0m[1mmodule.network.aws_route.usa_to_onprem[0]: Refreshing state... [id=r-rtb-03a358c4de74453103901788224][0m
[0m[1mmodule.database.aws_db_proxy_target.kor_cluster: Refreshing state... [id=y2om-formation-lap-kor-rds-proxy/default/TRACKED_CLUSTER/y2om-kor-aurora-mysql][0m
[0m[1mmodule.database.aws_rds_cluster_instance.kor_reader: Refreshing state... [id=y2om-kor-reader][0m
[0m[1mmodule.database.aws_rds_cluster_instance.kor_writer: Refreshing state... [id=y2om-kor-writer][0m
[0m[1mmodule.eks.module.eks_oregon.module.kms.aws_kms_key.this[0]: Refreshing state... [id=8857907d-78ae-4a95-b837-2a86ee527c20][0m
[0m[1mmodule.database.aws_security_group_rule.kor_eks_to_proxy: Refreshing state... [id=sgrule-2229201497][0m
[0m[1mmodule.database.aws_security_group.db_usa: Refreshing state... [id=sg-0e673731c57e0bb6a][0m
[0m[1mmodule.database.aws_security_group.proxy_usa: Refreshing state... [id=sg-0fb65f48f51678108][0m
[0m[1mmodule.network.module.usa_vpc.aws_route.private_to_nat: Refreshing state... [id=r-rtb-03a358c4de74453101080289494][0m
[0m[1mmodule.eks.module.eks_oregon.aws_security_group.cluster[0]: Refreshing state... [id=sg-0e3873d66ac0af1fd][0m
[0m[1mmodule.eks.module.eks_oregon.aws_security_group.node[0]: Refreshing state... [id=sg-021afcb6cb92504a7][0m
[0m[1mmodule.database.aws_db_subnet_group.usa: Refreshing state... [id=y2om-usa-db-subnet-group][0m
[0m[1mmodule.database.aws_db_proxy.usa: Refreshing state... [id=y2om-formation-lap-usa-rds-proxy][0m
[0m[1mmodule.database.aws_security_group_rule.usa_eks_to_db: Refreshing state... [id=sgrule-1397405542][0m
[0m[1mmodule.eks.module.cluster_autoscaler_irsa_seoul.data.aws_iam_policy_document.cluster_autoscaler[0]: Reading...[0m[0m
[0m[1mmodule.eks.module.cluster_autoscaler_irsa_seoul.data.aws_iam_policy_document.cluster_autoscaler[0]: Read complete after 0s [id=3754662964][0m
[0m[1mmodule.eks.module.eks_seoul.aws_iam_role_policy_attachment.cluster_encryption[0]: Refreshing state... [id=y2om-formation-lap-seoul-cluster-20260111103214304200000003-20260111103257930800000014][0m
[0m[1mmodule.eks.module.eks_oregon.aws_security_group_rule.node["ingress_nodes_ephemeral"]: Refreshing state... [id=sgrule-2397554305][0m
[0m[1mmodule.eks.module.eks_oregon.aws_security_group_rule.node["egress_all"]: Refreshing state... [id=sgrule-2669119370][0m
[0m[1mmodule.eks.module.eks_oregon.aws_security_group_rule.node["ingress_cluster_8443_webhook"]: Refreshing state... [id=sgrule-3078526050][0m
[0m[1mmodule.eks.module.eks_oregon.aws_security_group_rule.node["ingress_self_coredns_udp"]: Refreshing state... [id=sgrule-4288995067][0m
[0m[1mmodule.eks.module.eks_oregon.aws_security_group_rule.node["ingress_cluster_443"]: Refreshing state... [id=sgrule-2911031687][0m
[0m[1mmodule.eks.module.eks_oregon.aws_security_group_rule.node["ingress_self_coredns_tcp"]: Refreshing state... [id=sgrule-1543208212][0m
[0m[1mmodule.eks.module.eks_oregon.aws_security_group_rule.node["ingress_cluster_4443_webhook"]: Refreshing state... [id=sgrule-1835061205][0m
[0m[1mmodule.eks.module.eks_oregon.aws_security_group_rule.node["ingress_cluster_9443_webhook"]: Refreshing state... [id=sgrule-3554650025][0m
[0m[1mmodule.eks.module.eks_oregon.aws_security_group_rule.node["ingress_cluster_kubelet"]: Refreshing state... [id=sgrule-2760169996][0m
[0m[1mmodule.eks.module.eks_oregon.aws_security_group_rule.node["ingress_cluster_6443_webhook"]: Refreshing state... [id=sgrule-2753734723][0m
[0m[1mmodule.eks.module.eks_oregon.aws_security_group_rule.cluster["ingress_nodes_443"]: Refreshing state... [id=sgrule-2867339635][0m
[0m[1mmodule.database.aws_db_proxy_default_target_group.usa: Refreshing state... [id=y2om-formation-lap-usa-rds-proxy][0m
[0m[1mmodule.database.aws_rds_cluster.usa: Refreshing state... [id=y2om-usa-aurora-mysql][0m
[0m[1mmodule.eks.module.eks_oregon.aws_iam_policy.cluster_encryption[0]: Refreshing state... [id=arn:aws:iam::404457776061:policy/y2om-formation-lap-oregon-cluster-ClusterEncryption20260111103301953800000013][0m
[0m[1mmodule.database.aws_security_group_rule.usa_eks_to_proxy: Refreshing state... [id=sgrule-3126178483][0m
[0m[1mmodule.eks.module.cluster_autoscaler_irsa_oregon.data.aws_iam_policy_document.cluster_autoscaler[0]: Reading...[0m[0m
[0m[1mmodule.eks.module.cluster_autoscaler_irsa_oregon.data.aws_iam_policy_document.cluster_autoscaler[0]: Read complete after 0s [id=1867348482][0m
[0m[1mmodule.database.aws_rds_cluster_instance.usa_reader: Refreshing state... [id=y2om-usa-reader][0m
[0m[1mmodule.database.aws_rds_cluster_instance.usa_writer: Refreshing state... [id=y2om-usa-writer][0m
[0m[1mmodule.database.aws_db_proxy_target.usa_cluster: Refreshing state... [id=y2om-formation-lap-usa-rds-proxy/default/TRACKED_CLUSTER/y2om-usa-aurora-mysql][0m
[0m[1mmodule.eks.module.eks_oregon.aws_iam_role_policy_attachment.cluster_encryption[0]: Refreshing state... [id=y2om-formation-lap-oregon-cluster-20260111103219266800000003-20260111103307541700000014][0m
[0m[1mmodule.network.time_sleep.wait_for_tgw: Refreshing state... [id=2026-01-11T10:40:06Z][0m
[0m[1mmodule.network.aws_ec2_transit_gateway_route.kor_to_usa_default: Refreshing state... [id=tgw-rtb-0e6b734b7155633ec_10.24.0.0/16][0m
[0m[1mmodule.network.aws_ec2_transit_gateway_route.usa_to_kor_default: Refreshing state... [id=tgw-rtb-04587b839dd4ee7f4_10.23.0.0/16][0m
[0m[1mmodule.network.aws_ec2_transit_gateway_route.usa_to_office_via_peering: Refreshing state... [id=tgw-rtb-04587b839dd4ee7f4_192.168.0.0/16][0m

Terraform used the selected providers to generate the following execution
plan. Resource actions are indicated with the following symbols:
  [32m+[0m create[0m
 [36m<=[0m read (data resources)[0m

Terraform will perform the following actions:

[1m  # module.addons.aws_iam_policy.alb_controller[0m will be created
[0m  [32m+[0m[0m resource "aws_iam_policy" "alb_controller" {
      [32m+[0m[0m arn              = (known after apply)
      [32m+[0m[0m attachment_count = (known after apply)
      [32m+[0m[0m id               = (known after apply)
      [32m+[0m[0m name             = "y2om-AWSLoadBalancerControllerIAMPolicy"
      [32m+[0m[0m name_prefix      = (known after apply)
      [32m+[0m[0m path             = "/"
      [32m+[0m[0m policy           = jsonencode(
            {
              [32m+[0m[0m Statement = [
                  [32m+[0m[0m {
                      [32m+[0m[0m Action    = [
                          [32m+[0m[0m "iam:CreateServiceLinkedRole",
                        ]
                      [32m+[0m[0m Condition = {
                          [32m+[0m[0m StringEquals = {
                              [32m+[0m[0m "iam:AWSServiceName" = "elasticloadbalancing.amazonaws.com"
                            }
                        }
                      [32m+[0m[0m Effect    = "Allow"
                      [32m+[0m[0m Resource  = "*"
                    },
                  [32m+[0m[0m {
                      [32m+[0m[0m Action   = [
                          [32m+[0m[0m "ec2:DescribeAccountAttributes",
                          [32m+[0m[0m "ec2:DescribeAddresses",
                          [32m+[0m[0m "ec2:DescribeAvailabilityZones",
                          [32m+[0m[0m "ec2:DescribeInternetGateways",
                          [32m+[0m[0m "ec2:DescribeVpcs",
                          [32m+[0m[0m "ec2:DescribeVpcPeeringConnections",
                          [32m+[0m[0m "ec2:DescribeSubnets",
                          [32m+[0m[0m "ec2:DescribeSecurityGroups",
                          [32m+[0m[0m "ec2:DescribeInstances",
                          [32m+[0m[0m "ec2:DescribeNetworkInterfaces",
                          [32m+[0m[0m "ec2:DescribeTags",
                          [32m+[0m[0m "ec2:GetCoipPoolUsage",
                          [32m+[0m[0m "ec2:DescribeCoipPools",
                          [32m+[0m[0m "ec2:GetSecurityGroupsForVpc",
                          [32m+[0m[0m "ec2:DescribeIpamPools",
                          [32m+[0m[0m "ec2:DescribeRouteTables",
                          [32m+[0m[0m "elasticloadbalancing:DescribeLoadBalancers",
                          [32m+[0m[0m "elasticloadbalancing:DescribeLoadBalancerAttributes",
                          [32m+[0m[0m "elasticloadbalancing:DescribeListeners",
                          [32m+[0m[0m "elasticloadbalancing:DescribeListenerCertificates",
                          [32m+[0m[0m "elasticloadbalancing:DescribeSSLPolicies",
                          [32m+[0m[0m "elasticloadbalancing:DescribeRules",
                          [32m+[0m[0m "elasticloadbalancing:DescribeTargetGroups",
                          [32m+[0m[0m "elasticloadbalancing:DescribeTargetGroupAttributes",
                          [32m+[0m[0m "elasticloadbalancing:DescribeTargetHealth",
                          [32m+[0m[0m "elasticloadbalancing:DescribeTags",
                          [32m+[0m[0m "elasticloadbalancing:DescribeTrustStores",
                          [32m+[0m[0m "elasticloadbalancing:DescribeListenerAttributes",
                          [32m+[0m[0m "elasticloadbalancing:DescribeCapacityReservation",
                        ]
                      [32m+[0m[0m Effect   = "Allow"
                      [32m+[0m[0m Resource = "*"
                    },
                  [32m+[0m[0m {
                      [32m+[0m[0m Action   = [
                          [32m+[0m[0m "cognito-idp:DescribeUserPoolClient",
                          [32m+[0m[0m "acm:ListCertificates",
                          [32m+[0m[0m "acm:DescribeCertificate",
                          [32m+[0m[0m "iam:ListServerCertificates",
                          [32m+[0m[0m "iam:GetServerCertificate",
                          [32m+[0m[0m "waf-regional:GetWebACL",
                          [32m+[0m[0m "waf-regional:GetWebACLForResource",
                          [32m+[0m[0m "waf-regional:AssociateWebACL",
                          [32m+[0m[0m "waf-regional:DisassociateWebACL",
                          [32m+[0m[0m "wafv2:GetWebACL",
                          [32m+[0m[0m "wafv2:GetWebACLForResource",
                          [32m+[0m[0m "wafv2:AssociateWebACL",
                          [32m+[0m[0m "wafv2:DisassociateWebACL",
                          [32m+[0m[0m "shield:GetSubscriptionState",
                          [32m+[0m[0m "shield:DescribeProtection",
                          [32m+[0m[0m "shield:CreateProtection",
                          [32m+[0m[0m "shield:DeleteProtection",
                        ]
                      [32m+[0m[0m Effect   = "Allow"
                      [32m+[0m[0m Resource = "*"
                    },
                  [32m+[0m[0m {
                      [32m+[0m[0m Action   = [
                          [32m+[0m[0m "ec2:AuthorizeSecurityGroupIngress",
                          [32m+[0m[0m "ec2:RevokeSecurityGroupIngress",
                        ]
                      [32m+[0m[0m Effect   = "Allow"
                      [32m+[0m[0m Resource = "*"
                    },
                  [32m+[0m[0m {
                      [32m+[0m[0m Action   = [
                          [32m+[0m[0m "ec2:CreateSecurityGroup",
                        ]
                      [32m+[0m[0m Effect   = "Allow"
                      [32m+[0m[0m Resource = "*"
                    },
                  [32m+[0m[0m {
                      [32m+[0m[0m Action    = [
                          [32m+[0m[0m "ec2:CreateTags",
                        ]
                      [32m+[0m[0m Condition = {
                          [32m+[0m[0m Null         = {
                              [32m+[0m[0m "aws:RequestTag/elbv2.k8s.aws/cluster" = "false"
                            }
                          [32m+[0m[0m StringEquals = {
                              [32m+[0m[0m "ec2:CreateAction" = "CreateSecurityGroup"
                            }
                        }
                      [32m+[0m[0m Effect    = "Allow"
                      [32m+[0m[0m Resource  = "arn:aws:ec2:*:*:security-group/*"
                    },
                  [32m+[0m[0m {
                      [32m+[0m[0m Action    = [
                          [32m+[0m[0m "ec2:CreateTags",
                          [32m+[0m[0m "ec2:DeleteTags",
                        ]
                      [32m+[0m[0m Condition = {
                          [32m+[0m[0m Null = {
                              [32m+[0m[0m "aws:RequestTag/elbv2.k8s.aws/cluster"  = "true"
                              [32m+[0m[0m "aws:ResourceTag/elbv2.k8s.aws/cluster" = "false"
                            }
                        }
                      [32m+[0m[0m Effect    = "Allow"
                      [32m+[0m[0m Resource  = "arn:aws:ec2:*:*:security-group/*"
                    },
                  [32m+[0m[0m {
                      [32m+[0m[0m Action    = [
                          [32m+[0m[0m "ec2:AuthorizeSecurityGroupIngress",
                          [32m+[0m[0m "ec2:RevokeSecurityGroupIngress",
                          [32m+[0m[0m "ec2:DeleteSecurityGroup",
                        ]
                      [32m+[0m[0m Condition = {
                          [32m+[0m[0m Null = {
                              [32m+[0m[0m "aws:ResourceTag/elbv2.k8s.aws/cluster" = "false"
                            }
                        }
                      [32m+[0m[0m Effect    = "Allow"
                      [32m+[0m[0m Resource  = "*"
                    },
                  [32m+[0m[0m {
                      [32m+[0m[0m Action    = [
                          [32m+[0m[0m "elasticloadbalancing:CreateLoadBalancer",
                          [32m+[0m[0m "elasticloadbalancing:CreateTargetGroup",
                        ]
                      [32m+[0m[0m Condition = {
                          [32m+[0m[0m Null = {
                              [32m+[0m[0m "aws:RequestTag/elbv2.k8s.aws/cluster" = "false"
                            }
                        }
                      [32m+[0m[0m Effect    = "Allow"
                      [32m+[0m[0m Resource  = "*"
                    },
                  [32m+[0m[0m {
                      [32m+[0m[0m Action   = [
                          [32m+[0m[0m "elasticloadbalancing:CreateListener",
                          [32m+[0m[0m "elasticloadbalancing:DeleteListener",
                          [32m+[0m[0m "elasticloadbalancing:CreateRule",
                          [32m+[0m[0m "elasticloadbalancing:DeleteRule",
                        ]
                      [32m+[0m[0m Effect   = "Allow"
                      [32m+[0m[0m Resource = "*"
                    },
                  [32m+[0m[0m {
                      [32m+[0m[0m Action    = [
                          [32m+[0m[0m "elasticloadbalancing:AddTags",
                          [32m+[0m[0m "elasticloadbalancing:RemoveTags",
                        ]
                      [32m+[0m[0m Condition = {
                          [32m+[0m[0m Null = {
                              [32m+[0m[0m "aws:RequestTag/elbv2.k8s.aws/cluster"  = "true"
                              [32m+[0m[0m "aws:ResourceTag/elbv2.k8s.aws/cluster" = "false"
                            }
                        }
                      [32m+[0m[0m Effect    = "Allow"
                      [32m+[0m[0m Resource  = [
                          [32m+[0m[0m "arn:aws:elasticloadbalancing:*:*:targetgroup/*/*",
                          [32m+[0m[0m "arn:aws:elasticloadbalancing:*:*:loadbalancer/net/*/*",
                          [32m+[0m[0m "arn:aws:elasticloadbalancing:*:*:loadbalancer/app/*/*",
                        ]
                    },
                  [32m+[0m[0m {
                      [32m+[0m[0m Action   = [
                          [32m+[0m[0m "elasticloadbalancing:AddTags",
                          [32m+[0m[0m "elasticloadbalancing:RemoveTags",
                        ]
                      [32m+[0m[0m Effect   = "Allow"
                      [32m+[0m[0m Resource = [
                          [32m+[0m[0m "arn:aws:elasticloadbalancing:*:*:listener/net/*/*/*",
                          [32m+[0m[0m "arn:aws:elasticloadbalancing:*:*:listener/app/*/*/*",
                          [32m+[0m[0m "arn:aws:elasticloadbalancing:*:*:listener-rule/net/*/*/*",
                          [32m+[0m[0m "arn:aws:elasticloadbalancing:*:*:listener-rule/app/*/*/*",
                        ]
                    },
                  [32m+[0m[0m {
                      [32m+[0m[0m Action    = [
                          [32m+[0m[0m "elasticloadbalancing:ModifyLoadBalancerAttributes",
                          [32m+[0m[0m "elasticloadbalancing:SetIpAddressType",
                          [32m+[0m[0m "elasticloadbalancing:SetSecurityGroups",
                          [32m+[0m[0m "elasticloadbalancing:SetSubnets",
                          [32m+[0m[0m "elasticloadbalancing:DeleteLoadBalancer",
                          [32m+[0m[0m "elasticloadbalancing:ModifyTargetGroup",
                          [32m+[0m[0m "elasticloadbalancing:ModifyTargetGroupAttributes",
                          [32m+[0m[0m "elasticloadbalancing:DeleteTargetGroup",
                          [32m+[0m[0m "elasticloadbalancing:ModifyListenerAttributes",
                          [32m+[0m[0m "elasticloadbalancing:ModifyCapacityReservation",
                          [32m+[0m[0m "elasticloadbalancing:ModifyIpPools",
                        ]
                      [32m+[0m[0m Condition = {
                          [32m+[0m[0m Null = {
                              [32m+[0m[0m "aws:ResourceTag/elbv2.k8s.aws/cluster" = "false"
                            }
                        }
                      [32m+[0m[0m Effect    = "Allow"
                      [32m+[0m[0m Resource  = "*"
                    },
                  [32m+[0m[0m {
                      [32m+[0m[0m Action    = [
                          [32m+[0m[0m "elasticloadbalancing:AddTags",
                        ]
                      [32m+[0m[0m Condition = {
                          [32m+[0m[0m Null         = {
                              [32m+[0m[0m "aws:RequestTag/elbv2.k8s.aws/cluster" = "false"
                            }
                          [32m+[0m[0m StringEquals = {
                              [32m+[0m[0m "elasticloadbalancing:CreateAction" = [
                                  [32m+[0m[0m "CreateTargetGroup",
                                  [32m+[0m[0m "CreateLoadBalancer",
                                ]
                            }
                        }
                      [32m+[0m[0m Effect    = "Allow"
                      [32m+[0m[0m Resource  = [
                          [32m+[0m[0m "arn:aws:elasticloadbalancing:*:*:targetgroup/*/*",
                          [32m+[0m[0m "arn:aws:elasticloadbalancing:*:*:loadbalancer/net/*/*",
                          [32m+[0m[0m "arn:aws:elasticloadbalancing:*:*:loadbalancer/app/*/*",
                        ]
                    },
                  [32m+[0m[0m {
                      [32m+[0m[0m Action   = [
                          [32m+[0m[0m "elasticloadbalancing:RegisterTargets",
                          [32m+[0m[0m "elasticloadbalancing:DeregisterTargets",
                        ]
                      [32m+[0m[0m Effect   = "Allow"
                      [32m+[0m[0m Resource = "arn:aws:elasticloadbalancing:*:*:targetgroup/*/*"
                    },
                  [32m+[0m[0m {
                      [32m+[0m[0m Action   = [
                          [32m+[0m[0m "elasticloadbalancing:SetWebAcl",
                          [32m+[0m[0m "elasticloadbalancing:ModifyListener",
                          [32m+[0m[0m "elasticloadbalancing:AddListenerCertificates",
                          [32m+[0m[0m "elasticloadbalancing:RemoveListenerCertificates",
                          [32m+[0m[0m "elasticloadbalancing:ModifyRule",
                          [32m+[0m[0m "elasticloadbalancing:SetRulePriorities",
                        ]
                      [32m+[0m[0m Effect   = "Allow"
                      [32m+[0m[0m Resource = "*"
                    },
                ]
              [32m+[0m[0m Version   = "2012-10-17"
            }
        )
      [32m+[0m[0m policy_id        = (known after apply)
      [32m+[0m[0m tags_all         = (known after apply)
    }

[1m  # module.addons.helm_release.aws_load_balancer_controller[0m will be created
[0m  [32m+[0m[0m resource "helm_release" "aws_load_balancer_controller" {
      [32m+[0m[0m atomic                     = false
      [32m+[0m[0m chart                      = "aws-load-balancer-controller"
      [32m+[0m[0m cleanup_on_fail            = false
      [32m+[0m[0m create_namespace           = false
      [32m+[0m[0m dependency_update          = false
      [32m+[0m[0m disable_crd_hooks          = false
      [32m+[0m[0m disable_openapi_validation = false
      [32m+[0m[0m disable_webhooks           = false
      [32m+[0m[0m force_update               = false
      [32m+[0m[0m id                         = (known after apply)
      [32m+[0m[0m lint                       = false
      [32m+[0m[0m manifest                   = (known after apply)
      [32m+[0m[0m max_history                = 0
      [32m+[0m[0m metadata                   = (known after apply)
      [32m+[0m[0m name                       = "aws-load-balancer-controller"
      [32m+[0m[0m namespace                  = "kube-system"
      [32m+[0m[0m pass_credentials           = false
      [32m+[0m[0m recreate_pods              = false
      [32m+[0m[0m render_subchart_notes      = true
      [32m+[0m[0m replace                    = false
      [32m+[0m[0m repository                 = "https://aws.github.io/eks-charts"
      [32m+[0m[0m reset_values               = false
      [32m+[0m[0m reuse_values               = false
      [32m+[0m[0m skip_crds                  = false
      [32m+[0m[0m status                     = "deployed"
      [32m+[0m[0m timeout                    = 600
      [32m+[0m[0m verify                     = false
      [32m+[0m[0m version                    = "1.17.1"
      [32m+[0m[0m wait                       = true
      [32m+[0m[0m wait_for_jobs              = false

      [32m+[0m[0m set {
          [32m+[0m[0m name  = "clusterName"
          [32m+[0m[0m value = "y2om-formation-lap-seoul"
        }
      [32m+[0m[0m set {
          [32m+[0m[0m name  = "region"
          [32m+[0m[0m value = "ap-northeast-2"
        }
      [32m+[0m[0m set {
          [32m+[0m[0m name  = "serviceAccount.create"
          [32m+[0m[0m value = "false"
        }
      [32m+[0m[0m set {
          [32m+[0m[0m name  = "serviceAccount.name"
          [32m+[0m[0m value = "aws-load-balancer-controller"
        }
      [32m+[0m[0m set {
          [32m+[0m[0m name  = "vpcId"
          [32m+[0m[0m value = "vpc-0e57dec633eeaf44e"
        }
    }

[1m  # module.addons.helm_release.aws_load_balancer_controller_oregon[0m will be created
[0m  [32m+[0m[0m resource "helm_release" "aws_load_balancer_controller_oregon" {
      [32m+[0m[0m atomic                     = false
      [32m+[0m[0m chart                      = "aws-load-balancer-controller"
      [32m+[0m[0m cleanup_on_fail            = false
      [32m+[0m[0m create_namespace           = false
      [32m+[0m[0m dependency_update          = false
      [32m+[0m[0m disable_crd_hooks          = false
      [32m+[0m[0m disable_openapi_validation = false
      [32m+[0m[0m disable_webhooks           = false
      [32m+[0m[0m force_update               = false
      [32m+[0m[0m id                         = (known after apply)
      [32m+[0m[0m lint                       = false
      [32m+[0m[0m manifest                   = (known after apply)
      [32m+[0m[0m max_history                = 0
      [32m+[0m[0m metadata                   = (known after apply)
      [32m+[0m[0m name                       = "aws-load-balancer-controller"
      [32m+[0m[0m namespace                  = "kube-system"
      [32m+[0m[0m pass_credentials           = false
      [32m+[0m[0m recreate_pods              = false
      [32m+[0m[0m render_subchart_notes      = true
      [32m+[0m[0m replace                    = false
      [32m+[0m[0m repository                 = "https://aws.github.io/eks-charts"
      [32m+[0m[0m reset_values               = false
      [32m+[0m[0m reuse_values               = false
      [32m+[0m[0m skip_crds                  = false
      [32m+[0m[0m status                     = "deployed"
      [32m+[0m[0m timeout                    = 600
      [32m+[0m[0m verify                     = false
      [32m+[0m[0m version                    = "1.17.1"
      [32m+[0m[0m wait                       = true
      [32m+[0m[0m wait_for_jobs              = false

      [32m+[0m[0m set {
          [32m+[0m[0m name  = "clusterName"
          [32m+[0m[0m value = "y2om-formation-lap-oregon"
        }
      [32m+[0m[0m set {
          [32m+[0m[0m name  = "region"
          [32m+[0m[0m value = "us-west-2"
        }
      [32m+[0m[0m set {
          [32m+[0m[0m name  = "serviceAccount.create"
          [32m+[0m[0m value = "false"
        }
      [32m+[0m[0m set {
          [32m+[0m[0m name  = "serviceAccount.name"
          [32m+[0m[0m value = "aws-load-balancer-controller"
        }
      [32m+[0m[0m set {
          [32m+[0m[0m name  = "vpcId"
          [32m+[0m[0m value = "vpc-088ff6176a580ffde"
        }
    }

[1m  # module.addons.kubernetes_service_account_v1.alb_controller[0m will be created
[0m  [32m+[0m[0m resource "kubernetes_service_account_v1" "alb_controller" {
      [32m+[0m[0m automount_service_account_token = true
      [32m+[0m[0m default_secret_name             = (known after apply)
      [32m+[0m[0m id                              = (known after apply)

      [32m+[0m[0m metadata {
          [32m+[0m[0m annotations      = (known after apply)
          [32m+[0m[0m generation       = (known after apply)
          [32m+[0m[0m name             = "aws-load-balancer-controller"
          [32m+[0m[0m namespace        = "kube-system"
          [32m+[0m[0m resource_version = (known after apply)
          [32m+[0m[0m uid              = (known after apply)
        }
    }

[1m  # module.addons.kubernetes_service_account_v1.alb_controller_oregon[0m will be created
[0m  [32m+[0m[0m resource "kubernetes_service_account_v1" "alb_controller_oregon" {
      [32m+[0m[0m automount_service_account_token = true
      [32m+[0m[0m default_secret_name             = (known after apply)
      [32m+[0m[0m id                              = (known after apply)

      [32m+[0m[0m metadata {
          [32m+[0m[0m annotations      = (known after apply)
          [32m+[0m[0m generation       = (known after apply)
          [32m+[0m[0m name             = "aws-load-balancer-controller"
          [32m+[0m[0m namespace        = "kube-system"
          [32m+[0m[0m resource_version = (known after apply)
          [32m+[0m[0m uid              = (known after apply)
        }
    }

[1m  # module.argocd.helm_release.argocd_oregon[0m will be created
[0m  [32m+[0m[0m resource "helm_release" "argocd_oregon" {
      [32m+[0m[0m atomic                     = false
      [32m+[0m[0m chart                      = "argo-cd"
      [32m+[0m[0m cleanup_on_fail            = false
      [32m+[0m[0m create_namespace           = true
      [32m+[0m[0m dependency_update          = false
      [32m+[0m[0m disable_crd_hooks          = false
      [32m+[0m[0m disable_openapi_validation = false
      [32m+[0m[0m disable_webhooks           = false
      [32m+[0m[0m force_update               = false
      [32m+[0m[0m id                         = (known after apply)
      [32m+[0m[0m lint                       = false
      [32m+[0m[0m manifest                   = (known after apply)
      [32m+[0m[0m max_history                = 0
      [32m+[0m[0m metadata                   = (known after apply)
      [32m+[0m[0m name                       = "argocd"
      [32m+[0m[0m namespace                  = "argocd"
      [32m+[0m[0m pass_credentials           = false
      [32m+[0m[0m recreate_pods              = false
      [32m+[0m[0m render_subchart_notes      = true
      [32m+[0m[0m replace                    = false
      [32m+[0m[0m repository                 = "https://argoproj.github.io/argo-helm"
      [32m+[0m[0m reset_values               = false
      [32m+[0m[0m reuse_values               = false
      [32m+[0m[0m skip_crds                  = false
      [32m+[0m[0m status                     = "deployed"
      [32m+[0m[0m timeout                    = 600
      [32m+[0m[0m verify                     = false
      [32m+[0m[0m version                    = "9.2.4"
      [32m+[0m[0m wait                       = true
      [32m+[0m[0m wait_for_jobs              = false

      [32m+[0m[0m set {
          [32m+[0m[0m name  = "crds.install"
          [32m+[0m[0m value = "true"
        }
      [32m+[0m[0m set {
          [32m+[0m[0m name  = "server.service.type"
          [32m+[0m[0m value = "ClusterIP"
        }
    }

[1m  # module.argocd.helm_release.argocd_seoul[0m will be created
[0m  [32m+[0m[0m resource "helm_release" "argocd_seoul" {
      [32m+[0m[0m atomic                     = false
      [32m+[0m[0m chart                      = "argo-cd"
      [32m+[0m[0m cleanup_on_fail            = false
      [32m+[0m[0m create_namespace           = true
      [32m+[0m[0m dependency_update          = false
      [32m+[0m[0m disable_crd_hooks          = false
      [32m+[0m[0m disable_openapi_validation = false
      [32m+[0m[0m disable_webhooks           = false
      [32m+[0m[0m force_update               = false
      [32m+[0m[0m id                         = (known after apply)
      [32m+[0m[0m lint                       = false
      [32m+[0m[0m manifest                   = (known after apply)
      [32m+[0m[0m max_history                = 0
      [32m+[0m[0m metadata                   = (known after apply)
      [32m+[0m[0m name                       = "argocd"
      [32m+[0m[0m namespace                  = "argocd"
      [32m+[0m[0m pass_credentials           = false
      [32m+[0m[0m recreate_pods              = false
      [32m+[0m[0m render_subchart_notes      = true
      [32m+[0m[0m replace                    = false
      [32m+[0m[0m repository                 = "https://argoproj.github.io/argo-helm"
      [32m+[0m[0m reset_values               = false
      [32m+[0m[0m reuse_values               = false
      [32m+[0m[0m skip_crds                  = false
      [32m+[0m[0m status                     = "deployed"
      [32m+[0m[0m timeout                    = 600
      [32m+[0m[0m verify                     = false
      [32m+[0m[0m version                    = "9.2.4"
      [32m+[0m[0m wait                       = true
      [32m+[0m[0m wait_for_jobs              = false

      [32m+[0m[0m set {
          [32m+[0m[0m name  = "crds.install"
          [32m+[0m[0m value = "true"
        }
      [32m+[0m[0m set {
          [32m+[0m[0m name  = "server.service.type"
          [32m+[0m[0m value = "ClusterIP"
        }
    }

[1m  # module.eks.aws_eks_access_entry.terraform_admin[0m will be created
[0m  [32m+[0m[0m resource "aws_eks_access_entry" "terraform_admin" {
      [32m+[0m[0m access_entry_arn  = (known after apply)
      [32m+[0m[0m cluster_name      = "y2om-formation-lap-seoul"
      [32m+[0m[0m created_at        = (known after apply)
      [32m+[0m[0m id                = (known after apply)
      [32m+[0m[0m kubernetes_groups = (known after apply)
      [32m+[0m[0m modified_at       = (known after apply)
      [32m+[0m[0m principal_arn     = "arn:aws:iam::404457776061:user/Yeom_Seongsik"
      [32m+[0m[0m tags_all          = (known after apply)
      [32m+[0m[0m type              = "STANDARD"
      [32m+[0m[0m user_name         = (known after apply)
    }

[1m  # module.eks.aws_eks_access_entry.terraform_admin_oregon[0m will be created
[0m  [32m+[0m[0m resource "aws_eks_access_entry" "terraform_admin_oregon" {
      [32m+[0m[0m access_entry_arn  = (known after apply)
      [32m+[0m[0m cluster_name      = "y2om-formation-lap-oregon"
      [32m+[0m[0m created_at        = (known after apply)
      [32m+[0m[0m id                = (known after apply)
      [32m+[0m[0m kubernetes_groups = (known after apply)
      [32m+[0m[0m modified_at       = (known after apply)
      [32m+[0m[0m principal_arn     = "arn:aws:iam::404457776061:user/Yeom_Seongsik"
      [32m+[0m[0m tags_all          = (known after apply)
      [32m+[0m[0m type              = "STANDARD"
      [32m+[0m[0m user_name         = (known after apply)
    }

[1m  # module.eks.aws_eks_access_policy_association.terraform_admin_cluster[0m will be created
[0m  [32m+[0m[0m resource "aws_eks_access_policy_association" "terraform_admin_cluster" {
      [32m+[0m[0m associated_at = (known after apply)
      [32m+[0m[0m cluster_name  = "y2om-formation-lap-seoul"
      [32m+[0m[0m id            = (known after apply)
      [32m+[0m[0m modified_at   = (known after apply)
      [32m+[0m[0m policy_arn    = "arn:aws:eks::aws:cluster-access-policy/AmazonEKSClusterAdminPolicy"
      [32m+[0m[0m principal_arn = "arn:aws:iam::404457776061:user/Yeom_Seongsik"

      [32m+[0m[0m access_scope {
          [32m+[0m[0m type = "cluster"
        }
    }

[1m  # module.eks.aws_eks_access_policy_association.terraform_admin_cluster_oregon[0m will be created
[0m  [32m+[0m[0m resource "aws_eks_access_policy_association" "terraform_admin_cluster_oregon" {
      [32m+[0m[0m associated_at = (known after apply)
      [32m+[0m[0m cluster_name  = "y2om-formation-lap-oregon"
      [32m+[0m[0m id            = (known after apply)
      [32m+[0m[0m modified_at   = (known after apply)
      [32m+[0m[0m policy_arn    = "arn:aws:eks::aws:cluster-access-policy/AmazonEKSClusterAdminPolicy"
      [32m+[0m[0m principal_arn = "arn:aws:iam::404457776061:user/Yeom_Seongsik"

      [32m+[0m[0m access_scope {
          [32m+[0m[0m type = "cluster"
        }
    }

[1m  # module.eks.helm_release.cluster_autoscaler_oregon[0m will be created
[0m  [32m+[0m[0m resource "helm_release" "cluster_autoscaler_oregon" {
      [32m+[0m[0m atomic                     = false
      [32m+[0m[0m chart                      = "cluster-autoscaler"
      [32m+[0m[0m cleanup_on_fail            = false
      [32m+[0m[0m create_namespace           = false
      [32m+[0m[0m dependency_update          = false
      [32m+[0m[0m disable_crd_hooks          = false
      [32m+[0m[0m disable_openapi_validation = false
      [32m+[0m[0m disable_webhooks           = false
      [32m+[0m[0m force_update               = false
      [32m+[0m[0m id                         = (known after apply)
      [32m+[0m[0m lint                       = false
      [32m+[0m[0m manifest                   = (known after apply)
      [32m+[0m[0m max_history                = 0
      [32m+[0m[0m metadata                   = (known after apply)
      [32m+[0m[0m name                       = "y2om-eks-autoscaler-oregon"
      [32m+[0m[0m namespace                  = "kube-system"
      [32m+[0m[0m pass_credentials           = false
      [32m+[0m[0m recreate_pods              = false
      [32m+[0m[0m render_subchart_notes      = true
      [32m+[0m[0m replace                    = false
      [32m+[0m[0m repository                 = "https://kubernetes.github.io/autoscaler"
      [32m+[0m[0m reset_values               = false
      [32m+[0m[0m reuse_values               = false
      [32m+[0m[0m skip_crds                  = false
      [32m+[0m[0m status                     = "deployed"
      [32m+[0m[0m timeout                    = 300
      [32m+[0m[0m verify                     = false
      [32m+[0m[0m version                    = "9.37.0"
      [32m+[0m[0m wait                       = true
      [32m+[0m[0m wait_for_jobs              = false

      [32m+[0m[0m set {
          [32m+[0m[0m name  = "autoDiscovery.clusterName"
          [32m+[0m[0m value = "y2om-formation-lap-oregon"
        }
      [32m+[0m[0m set {
          [32m+[0m[0m name  = "awsRegion"
          [32m+[0m[0m value = "us-west-2"
        }
      [32m+[0m[0m set {
          [32m+[0m[0m name  = "rbac.serviceAccount.annotations.eks\\.amazonaws\\.com/role-arn"
          [32m+[0m[0m value = (known after apply)
        }
      [32m+[0m[0m set {
          [32m+[0m[0m name  = "rbac.serviceAccount.name"
          [32m+[0m[0m value = "cluster-autoscaler"
        }
    }

[1m  # module.eks.helm_release.cluster_autoscaler_seoul[0m will be created
[0m  [32m+[0m[0m resource "helm_release" "cluster_autoscaler_seoul" {
      [32m+[0m[0m atomic                     = false
      [32m+[0m[0m chart                      = "cluster-autoscaler"
      [32m+[0m[0m cleanup_on_fail            = false
      [32m+[0m[0m create_namespace           = false
      [32m+[0m[0m dependency_update          = false
      [32m+[0m[0m disable_crd_hooks          = false
      [32m+[0m[0m disable_openapi_validation = false
      [32m+[0m[0m disable_webhooks           = false
      [32m+[0m[0m force_update               = false
      [32m+[0m[0m id                         = (known after apply)
      [32m+[0m[0m lint                       = false
      [32m+[0m[0m manifest                   = (known after apply)
      [32m+[0m[0m max_history                = 0
      [32m+[0m[0m metadata                   = (known after apply)
      [32m+[0m[0m name                       = "y2om-eks-autoscaler-seoul"
      [32m+[0m[0m namespace                  = "kube-system"
      [32m+[0m[0m pass_credentials           = false
      [32m+[0m[0m recreate_pods              = false
      [32m+[0m[0m render_subchart_notes      = true
      [32m+[0m[0m replace                    = false
      [32m+[0m[0m repository                 = "https://kubernetes.github.io/autoscaler"
      [32m+[0m[0m reset_values               = false
      [32m+[0m[0m reuse_values               = false
      [32m+[0m[0m skip_crds                  = false
      [32m+[0m[0m status                     = "deployed"
      [32m+[0m[0m timeout                    = 300
      [32m+[0m[0m verify                     = false
      [32m+[0m[0m version                    = "9.37.0"
      [32m+[0m[0m wait                       = true
      [32m+[0m[0m wait_for_jobs              = false

      [32m+[0m[0m set {
          [32m+[0m[0m name  = "autoDiscovery.clusterName"
          [32m+[0m[0m value = "y2om-formation-lap-seoul"
        }
      [32m+[0m[0m set {
          [32m+[0m[0m name  = "awsRegion"
          [32m+[0m[0m value = "ap-northeast-2"
        }
      [32m+[0m[0m set {
          [32m+[0m[0m name  = "rbac.serviceAccount.annotations.eks\\.amazonaws\\.com/role-arn"
          [32m+[0m[0m value = (known after apply)
        }
      [32m+[0m[0m set {
          [32m+[0m[0m name  = "rbac.serviceAccount.name"
          [32m+[0m[0m value = "cluster-autoscaler"
        }
    }

[1m  # module.addons.module.alb_controller_irsa.data.aws_caller_identity.current[0m will be read during apply
  # (depends on a resource or a module with changes pending)
[0m [36m<=[0m[0m data "aws_caller_identity" "current" {
      [32m+[0m[0m account_id = (known after apply)
      [32m+[0m[0m arn        = (known after apply)
      [32m+[0m[0m id         = (known after apply)
      [32m+[0m[0m user_id    = (known after apply)
    }

[1m  # module.addons.module.alb_controller_irsa.data.aws_iam_policy_document.load_balancer_controller[0][0m will be read during apply
  # (config refers to values not yet known)
[0m [36m<=[0m[0m data "aws_iam_policy_document" "load_balancer_controller" {
      [32m+[0m[0m id            = (known after apply)
      [32m+[0m[0m json          = (known after apply)
      [32m+[0m[0m minified_json = (known after apply)

      [32m+[0m[0m statement {
          [32m+[0m[0m actions   = [
              [32m+[0m[0m "iam:CreateServiceLinkedRole",
            ]
          [32m+[0m[0m resources = [
              [32m+[0m[0m "*",
            ]

          [32m+[0m[0m condition {
              [32m+[0m[0m test     = "StringEquals"
              [32m+[0m[0m values   = [
                  [32m+[0m[0m (known after apply),
                ]
              [32m+[0m[0m variable = "iam:AWSServiceName"
            }
        }
      [32m+[0m[0m statement {
          [32m+[0m[0m actions   = [
              [32m+[0m[0m "ec2:DescribeAccountAttributes",
              [32m+[0m[0m "ec2:DescribeAddresses",
              [32m+[0m[0m "ec2:DescribeAvailabilityZones",
              [32m+[0m[0m "ec2:DescribeCoipPools",
              [32m+[0m[0m "ec2:DescribeInstances",
              [32m+[0m[0m "ec2:DescribeInternetGateways",
              [32m+[0m[0m "ec2:DescribeIpamPools",
              [32m+[0m[0m "ec2:DescribeNetworkInterfaces",
              [32m+[0m[0m "ec2:DescribeRouteTables",
              [32m+[0m[0m "ec2:DescribeSecurityGroups",
              [32m+[0m[0m "ec2:DescribeSubnets",
              [32m+[0m[0m "ec2:DescribeTags",
              [32m+[0m[0m "ec2:DescribeVpcPeeringConnections",
              [32m+[0m[0m "ec2:DescribeVpcs",
              [32m+[0m[0m "ec2:GetCoipPoolUsage",
              [32m+[0m[0m "ec2:GetSecurityGroupsForVpc",
              [32m+[0m[0m "elasticloadbalancing:DescribeCapacityReservation",
              [32m+[0m[0m "elasticloadbalancing:DescribeListenerAttributes",
              [32m+[0m[0m "elasticloadbalancing:DescribeListenerCertificates",
              [32m+[0m[0m "elasticloadbalancing:DescribeListeners",
              [32m+[0m[0m "elasticloadbalancing:DescribeLoadBalancerAttributes",
              [32m+[0m[0m "elasticloadbalancing:DescribeLoadBalancers",
              [32m+[0m[0m "elasticloadbalancing:DescribeRules",
              [32m+[0m[0m "elasticloadbalancing:DescribeSSLPolicies",
              [32m+[0m[0m "elasticloadbalancing:DescribeTags",
              [32m+[0m[0m "elasticloadbalancing:DescribeTargetGroupAttributes",
              [32m+[0m[0m "elasticloadbalancing:DescribeTargetGroups",
              [32m+[0m[0m "elasticloadbalancing:DescribeTargetHealth",
              [32m+[0m[0m "elasticloadbalancing:DescribeTrustStores",
            ]
          [32m+[0m[0m resources = [
              [32m+[0m[0m "*",
            ]
        }
      [32m+[0m[0m statement {
          [32m+[0m[0m actions   = [
              [32m+[0m[0m "acm:DescribeCertificate",
              [32m+[0m[0m "acm:ListCertificates",
              [32m+[0m[0m "cognito-idp:DescribeUserPoolClient",
              [32m+[0m[0m "iam:GetServerCertificate",
              [32m+[0m[0m "iam:ListServerCertificates",
              [32m+[0m[0m "shield:CreateProtection",
              [32m+[0m[0m "shield:DeleteProtection",
              [32m+[0m[0m "shield:DescribeProtection",
              [32m+[0m[0m "shield:GetSubscriptionState",
              [32m+[0m[0m "waf-regional:AssociateWebACL",
              [32m+[0m[0m "waf-regional:DisassociateWebACL",
              [32m+[0m[0m "waf-regional:GetWebACL",
              [32m+[0m[0m "waf-regional:GetWebACLForResource",
              [32m+[0m[0m "wafv2:AssociateWebACL",
              [32m+[0m[0m "wafv2:DisassociateWebACL",
              [32m+[0m[0m "wafv2:GetWebACL",
              [32m+[0m[0m "wafv2:GetWebACLForResource",
            ]
          [32m+[0m[0m resources = [
              [32m+[0m[0m "*",
            ]
        }
      [32m+[0m[0m statement {
          [32m+[0m[0m actions   = [
              [32m+[0m[0m "ec2:AuthorizeSecurityGroupIngress",
              [32m+[0m[0m "ec2:RevokeSecurityGroupIngress",
            ]
          [32m+[0m[0m resources = [
              [32m+[0m[0m "*",
            ]
        }
      [32m+[0m[0m statement {
          [32m+[0m[0m actions   = [
              [32m+[0m[0m "ec2:CreateSecurityGroup",
            ]
          [32m+[0m[0m resources = [
              [32m+[0m[0m "*",
            ]
        }
      [32m+[0m[0m statement {
          [32m+[0m[0m actions   = [
              [32m+[0m[0m "ec2:CreateTags",
            ]
          [32m+[0m[0m resources = [
              [32m+[0m[0m (known after apply),
            ]

          [32m+[0m[0m condition {
              [32m+[0m[0m test     = "Null"
              [32m+[0m[0m values   = [
                  [32m+[0m[0m "false",
                ]
              [32m+[0m[0m variable = "aws:RequestTag/elbv2.k8s.aws/cluster"
            }
          [32m+[0m[0m condition {
              [32m+[0m[0m test     = "StringEquals"
              [32m+[0m[0m values   = [
                  [32m+[0m[0m "CreateSecurityGroup",
                ]
              [32m+[0m[0m variable = "ec2:CreateAction"
            }
        }
      [32m+[0m[0m statement {
          [32m+[0m[0m actions   = [
              [32m+[0m[0m "ec2:CreateTags",
              [32m+[0m[0m "ec2:DeleteTags",
            ]
          [32m+[0m[0m resources = [
              [32m+[0m[0m (known after apply),
            ]

          [32m+[0m[0m condition {
              [32m+[0m[0m test     = "Null"
              [32m+[0m[0m values   = [
                  [32m+[0m[0m "false",
                ]
              [32m+[0m[0m variable = "aws:ResourceTag/elbv2.k8s.aws/cluster"
            }
          [32m+[0m[0m condition {
              [32m+[0m[0m test     = "Null"
              [32m+[0m[0m values   = [
                  [32m+[0m[0m "true",
                ]
              [32m+[0m[0m variable = "aws:RequestTag/elbv2.k8s.aws/cluster"
            }
        }
      [32m+[0m[0m statement {
          [32m+[0m[0m actions   = [
              [32m+[0m[0m "ec2:AuthorizeSecurityGroupIngress",
              [32m+[0m[0m "ec2:DeleteSecurityGroup",
              [32m+[0m[0m "ec2:RevokeSecurityGroupIngress",
            ]
          [32m+[0m[0m resources = [
              [32m+[0m[0m "*",
            ]

          [32m+[0m[0m condition {
              [32m+[0m[0m test     = "Null"
              [32m+[0m[0m values   = [
                  [32m+[0m[0m "false",
                ]
              [32m+[0m[0m variable = "aws:ResourceTag/elbv2.k8s.aws/cluster"
            }
        }
      [32m+[0m[0m statement {
          [32m+[0m[0m actions   = [
              [32m+[0m[0m "elasticloadbalancing:CreateLoadBalancer",
              [32m+[0m[0m "elasticloadbalancing:CreateTargetGroup",
            ]
          [32m+[0m[0m resources = [
              [32m+[0m[0m "*",
            ]

          [32m+[0m[0m condition {
              [32m+[0m[0m test     = "Null"
              [32m+[0m[0m values   = [
                  [32m+[0m[0m "false",
                ]
              [32m+[0m[0m variable = "aws:RequestTag/elbv2.k8s.aws/cluster"
            }
        }
      [32m+[0m[0m statement {
          [32m+[0m[0m actions   = [
              [32m+[0m[0m "elasticloadbalancing:CreateListener",
              [32m+[0m[0m "elasticloadbalancing:CreateRule",
              [32m+[0m[0m "elasticloadbalancing:DeleteListener",
              [32m+[0m[0m "elasticloadbalancing:DeleteRule",
            ]
          [32m+[0m[0m resources = [
              [32m+[0m[0m "*",
            ]
        }
      [32m+[0m[0m statement {
          [32m+[0m[0m actions   = [
              [32m+[0m[0m "elasticloadbalancing:AddTags",
              [32m+[0m[0m "elasticloadbalancing:RemoveTags",
            ]
          [32m+[0m[0m resources = [
              [32m+[0m[0m (known after apply),
              [32m+[0m[0m (known after apply),
              [32m+[0m[0m (known after apply),
            ]

          [32m+[0m[0m condition {
              [32m+[0m[0m test     = "Null"
              [32m+[0m[0m values   = [
                  [32m+[0m[0m "false",
                ]
              [32m+[0m[0m variable = "aws:ResourceTag/elbv2.k8s.aws/cluster"
            }
          [32m+[0m[0m condition {
              [32m+[0m[0m test     = "Null"
              [32m+[0m[0m values   = [
                  [32m+[0m[0m "true",
                ]
              [32m+[0m[0m variable = "aws:RequestTag/elbv2.k8s.aws/cluster"
            }
        }
      [32m+[0m[0m statement {
          [32m+[0m[0m actions   = [
              [32m+[0m[0m "elasticloadbalancing:AddTags",
              [32m+[0m[0m "elasticloadbalancing:RemoveTags",
            ]
          [32m+[0m[0m resources = [
              [32m+[0m[0m (known after apply),
              [32m+[0m[0m (known after apply),
              [32m+[0m[0m (known after apply),
              [32m+[0m[0m (known after apply),
            ]
        }
      [32m+[0m[0m statement {
          [32m+[0m[0m actions   = [
              [32m+[0m[0m "elasticloadbalancing:DeleteLoadBalancer",
              [32m+[0m[0m "elasticloadbalancing:DeleteTargetGroup",
              [32m+[0m[0m "elasticloadbalancing:ModifyCapacityReservation",
              [32m+[0m[0m "elasticloadbalancing:ModifyIpPools",
              [32m+[0m[0m "elasticloadbalancing:ModifyListenerAttributes",
              [32m+[0m[0m "elasticloadbalancing:ModifyLoadBalancerAttributes",
              [32m+[0m[0m "elasticloadbalancing:ModifyTargetGroup",
              [32m+[0m[0m "elasticloadbalancing:ModifyTargetGroupAttributes",
              [32m+[0m[0m "elasticloadbalancing:SetIpAddressType",
              [32m+[0m[0m "elasticloadbalancing:SetSecurityGroups",
              [32m+[0m[0m "elasticloadbalancing:SetSubnets",
            ]
          [32m+[0m[0m resources = [
              [32m+[0m[0m "*",
            ]

          [32m+[0m[0m condition {
              [32m+[0m[0m test     = "Null"
              [32m+[0m[0m values   = [
                  [32m+[0m[0m "false",
                ]
              [32m+[0m[0m variable = "aws:ResourceTag/elbv2.k8s.aws/cluster"
            }
        }
      [32m+[0m[0m statement {
          [32m+[0m[0m actions   = [
              [32m+[0m[0m "elasticloadbalancing:AddTags",
            ]
          [32m+[0m[0m resources = [
              [32m+[0m[0m (known after apply),
              [32m+[0m[0m (known after apply),
              [32m+[0m[0m (known after apply),
            ]

          [32m+[0m[0m condition {
              [32m+[0m[0m test     = "Null"
              [32m+[0m[0m values   = [
                  [32m+[0m[0m "false",
                ]
              [32m+[0m[0m variable = "aws:RequestTag/elbv2.k8s.aws/cluster"
            }
          [32m+[0m[0m condition {
              [32m+[0m[0m test     = "StringEquals"
              [32m+[0m[0m values   = [
                  [32m+[0m[0m "CreateTargetGroup",
                  [32m+[0m[0m "CreateLoadBalancer",
                ]
              [32m+[0m[0m variable = "elasticloadbalancing:CreateAction"
            }
        }
      [32m+[0m[0m statement {
          [32m+[0m[0m actions   = [
              [32m+[0m[0m "elasticloadbalancing:DeregisterTargets",
              [32m+[0m[0m "elasticloadbalancing:RegisterTargets",
            ]
          [32m+[0m[0m resources = [
              [32m+[0m[0m (known after apply),
            ]
        }
      [32m+[0m[0m statement {
          [32m+[0m[0m actions   = [
              [32m+[0m[0m "elasticloadbalancing:AddListenerCertificates",
              [32m+[0m[0m "elasticloadbalancing:ModifyListener",
              [32m+[0m[0m "elasticloadbalancing:ModifyRule",
              [32m+[0m[0m "elasticloadbalancing:RemoveListenerCertificates",
              [32m+[0m[0m "elasticloadbalancing:SetRulePriorities",
              [32m+[0m[0m "elasticloadbalancing:SetWebAcl",
            ]
          [32m+[0m[0m resources = [
              [32m+[0m[0m "*",
            ]
        }
    }

[1m  # module.addons.module.alb_controller_irsa.data.aws_iam_policy_document.this[0][0m will be read during apply
  # (config refers to values not yet known)
[0m [36m<=[0m[0m data "aws_iam_policy_document" "this" {
      [32m+[0m[0m id            = (known after apply)
      [32m+[0m[0m json          = (known after apply)
      [32m+[0m[0m minified_json = (known after apply)

      [32m+[0m[0m statement {
          [32m+[0m[0m actions = [
              [32m+[0m[0m "sts:AssumeRoleWithWebIdentity",
            ]
          [32m+[0m[0m effect  = "Allow"

          [32m+[0m[0m condition {
              [32m+[0m[0m test     = "StringEquals"
              [32m+[0m[0m values   = [
                  [32m+[0m[0m "sts.amazonaws.com",
                ]
              [32m+[0m[0m variable = (known after apply)
            }
          [32m+[0m[0m condition {
              [32m+[0m[0m test     = "StringEquals"
              [32m+[0m[0m values   = [
                  [32m+[0m[0m "system:serviceaccount:kube-system:aws-load-balancer-controller",
                ]
              [32m+[0m[0m variable = (known after apply)
            }

          [32m+[0m[0m principals {
              [32m+[0m[0m identifiers = [
                  [32m+[0m[0m (known after apply),
                ]
              [32m+[0m[0m type        = "Federated"
            }
        }
    }

[1m  # module.addons.module.alb_controller_irsa.data.aws_partition.current[0m will be read during apply
  # (depends on a resource or a module with changes pending)
[0m [36m<=[0m[0m data "aws_partition" "current" {
      [32m+[0m[0m dns_suffix         = (known after apply)
      [32m+[0m[0m id                 = (known after apply)
      [32m+[0m[0m partition          = (known after apply)
      [32m+[0m[0m reverse_dns_prefix = (known after apply)
    }

[1m  # module.addons.module.alb_controller_irsa.data.aws_region.current[0m will be read during apply
  # (depends on a resource or a module with changes pending)
[0m [36m<=[0m[0m data "aws_region" "current" {
      [32m+[0m[0m description = (known after apply)
      [32m+[0m[0m endpoint    = (known after apply)
      [32m+[0m[0m id          = (known after apply)
      [32m+[0m[0m name        = (known after apply)
    }

[1m  # module.addons.module.alb_controller_irsa.aws_iam_policy.load_balancer_controller[0][0m will be created
[0m  [32m+[0m[0m resource "aws_iam_policy" "load_balancer_controller" {
      [32m+[0m[0m arn              = (known after apply)
      [32m+[0m[0m attachment_count = (known after apply)
      [32m+[0m[0m description      = "Provides permissions for AWS Load Balancer Controller addon"
      [32m+[0m[0m id               = (known after apply)
      [32m+[0m[0m name             = (known after apply)
      [32m+[0m[0m name_prefix      = "AmazonEKS_AWS_Load_Balancer_Controller-"
      [32m+[0m[0m path             = "/"
      [32m+[0m[0m policy           = (known after apply)
      [32m+[0m[0m policy_id        = (known after apply)
      [32m+[0m[0m tags_all         = (known after apply)
    }

[1m  # module.addons.module.alb_controller_irsa.aws_iam_role.this[0][0m will be created
[0m  [32m+[0m[0m resource "aws_iam_role" "this" {
      [32m+[0m[0m arn                   = (known after apply)
      [32m+[0m[0m assume_role_policy    = (known after apply)
      [32m+[0m[0m create_date           = (known after apply)
      [32m+[0m[0m force_detach_policies = true
      [32m+[0m[0m id                    = (known after apply)
      [32m+[0m[0m managed_policy_arns   = (known after apply)
      [32m+[0m[0m max_session_duration  = 3600
      [32m+[0m[0m name                  = "y2om-alb-controller-irsa"
      [32m+[0m[0m name_prefix           = (known after apply)
      [32m+[0m[0m path                  = "/"
      [32m+[0m[0m tags_all              = (known after apply)
      [32m+[0m[0m unique_id             = (known after apply)
    }

[1m  # module.addons.module.alb_controller_irsa.aws_iam_role_policy_attachment.load_balancer_controller[0][0m will be created
[0m  [32m+[0m[0m resource "aws_iam_role_policy_attachment" "load_balancer_controller" {
      [32m+[0m[0m id         = (known after apply)
      [32m+[0m[0m policy_arn = (known after apply)
      [32m+[0m[0m role       = "y2om-alb-controller-irsa"
    }

[1m  # module.addons.module.alb_controller_irsa_oregon.data.aws_caller_identity.current[0m will be read during apply
  # (depends on a resource or a module with changes pending)
[0m [36m<=[0m[0m data "aws_caller_identity" "current" {
      [32m+[0m[0m account_id = (known after apply)
      [32m+[0m[0m arn        = (known after apply)
      [32m+[0m[0m id         = (known after apply)
      [32m+[0m[0m user_id    = (known after apply)
    }

[1m  # module.addons.module.alb_controller_irsa_oregon.data.aws_iam_policy_document.load_balancer_controller[0][0m will be read during apply
  # (config refers to values not yet known)
[0m [36m<=[0m[0m data "aws_iam_policy_document" "load_balancer_controller" {
      [32m+[0m[0m id            = (known after apply)
      [32m+[0m[0m json          = (known after apply)
      [32m+[0m[0m minified_json = (known after apply)

      [32m+[0m[0m statement {
          [32m+[0m[0m actions   = [
              [32m+[0m[0m "iam:CreateServiceLinkedRole",
            ]
          [32m+[0m[0m resources = [
              [32m+[0m[0m "*",
            ]

          [32m+[0m[0m condition {
              [32m+[0m[0m test     = "StringEquals"
              [32m+[0m[0m values   = [
                  [32m+[0m[0m (known after apply),
                ]
              [32m+[0m[0m variable = "iam:AWSServiceName"
            }
        }
      [32m+[0m[0m statement {
          [32m+[0m[0m actions   = [
              [32m+[0m[0m "ec2:DescribeAccountAttributes",
              [32m+[0m[0m "ec2:DescribeAddresses",
              [32m+[0m[0m "ec2:DescribeAvailabilityZones",
              [32m+[0m[0m "ec2:DescribeCoipPools",
              [32m+[0m[0m "ec2:DescribeInstances",
              [32m+[0m[0m "ec2:DescribeInternetGateways",
              [32m+[0m[0m "ec2:DescribeIpamPools",
              [32m+[0m[0m "ec2:DescribeNetworkInterfaces",
              [32m+[0m[0m "ec2:DescribeRouteTables",
              [32m+[0m[0m "ec2:DescribeSecurityGroups",
              [32m+[0m[0m "ec2:DescribeSubnets",
              [32m+[0m[0m "ec2:DescribeTags",
              [32m+[0m[0m "ec2:DescribeVpcPeeringConnections",
              [32m+[0m[0m "ec2:DescribeVpcs",
              [32m+[0m[0m "ec2:GetCoipPoolUsage",
              [32m+[0m[0m "ec2:GetSecurityGroupsForVpc",
              [32m+[0m[0m "elasticloadbalancing:DescribeCapacityReservation",
              [32m+[0m[0m "elasticloadbalancing:DescribeListenerAttributes",
              [32m+[0m[0m "elasticloadbalancing:DescribeListenerCertificates",
              [32m+[0m[0m "elasticloadbalancing:DescribeListeners",
              [32m+[0m[0m "elasticloadbalancing:DescribeLoadBalancerAttributes",
              [32m+[0m[0m "elasticloadbalancing:DescribeLoadBalancers",
              [32m+[0m[0m "elasticloadbalancing:DescribeRules",
              [32m+[0m[0m "elasticloadbalancing:DescribeSSLPolicies",
              [32m+[0m[0m "elasticloadbalancing:DescribeTags",
              [32m+[0m[0m "elasticloadbalancing:DescribeTargetGroupAttributes",
              [32m+[0m[0m "elasticloadbalancing:DescribeTargetGroups",
              [32m+[0m[0m "elasticloadbalancing:DescribeTargetHealth",
              [32m+[0m[0m "elasticloadbalancing:DescribeTrustStores",
            ]
          [32m+[0m[0m resources = [
              [32m+[0m[0m "*",
            ]
        }
      [32m+[0m[0m statement {
          [32m+[0m[0m actions   = [
              [32m+[0m[0m "acm:DescribeCertificate",
              [32m+[0m[0m "acm:ListCertificates",
              [32m+[0m[0m "cognito-idp:DescribeUserPoolClient",
              [32m+[0m[0m "iam:GetServerCertificate",
              [32m+[0m[0m "iam:ListServerCertificates",
              [32m+[0m[0m "shield:CreateProtection",
              [32m+[0m[0m "shield:DeleteProtection",
              [32m+[0m[0m "shield:DescribeProtection",
              [32m+[0m[0m "shield:GetSubscriptionState",
              [32m+[0m[0m "waf-regional:AssociateWebACL",
              [32m+[0m[0m "waf-regional:DisassociateWebACL",
              [32m+[0m[0m "waf-regional:GetWebACL",
              [32m+[0m[0m "waf-regional:GetWebACLForResource",
              [32m+[0m[0m "wafv2:AssociateWebACL",
              [32m+[0m[0m "wafv2:DisassociateWebACL",
              [32m+[0m[0m "wafv2:GetWebACL",
              [32m+[0m[0m "wafv2:GetWebACLForResource",
            ]
          [32m+[0m[0m resources = [
              [32m+[0m[0m "*",
            ]
        }
      [32m+[0m[0m statement {
          [32m+[0m[0m actions   = [
              [32m+[0m[0m "ec2:AuthorizeSecurityGroupIngress",
              [32m+[0m[0m "ec2:RevokeSecurityGroupIngress",
            ]
          [32m+[0m[0m resources = [
              [32m+[0m[0m "*",
            ]
        }
      [32m+[0m[0m statement {
          [32m+[0m[0m actions   = [
              [32m+[0m[0m "ec2:CreateSecurityGroup",
            ]
          [32m+[0m[0m resources = [
              [32m+[0m[0m "*",
            ]
        }
      [32m+[0m[0m statement {
          [32m+[0m[0m actions   = [
              [32m+[0m[0m "ec2:CreateTags",
            ]
          [32m+[0m[0m resources = [
              [32m+[0m[0m (known after apply),
            ]

          [32m+[0m[0m condition {
              [32m+[0m[0m test     = "Null"
              [32m+[0m[0m values   = [
                  [32m+[0m[0m "false",
                ]
              [32m+[0m[0m variable = "aws:RequestTag/elbv2.k8s.aws/cluster"
            }
          [32m+[0m[0m condition {
              [32m+[0m[0m test     = "StringEquals"
              [32m+[0m[0m values   = [
                  [32m+[0m[0m "CreateSecurityGroup",
                ]
              [32m+[0m[0m variable = "ec2:CreateAction"
            }
        }
      [32m+[0m[0m statement {
          [32m+[0m[0m actions   = [
              [32m+[0m[0m "ec2:CreateTags",
              [32m+[0m[0m "ec2:DeleteTags",
            ]
          [32m+[0m[0m resources = [
              [32m+[0m[0m (known after apply),
            ]

          [32m+[0m[0m condition {
              [32m+[0m[0m test     = "Null"
              [32m+[0m[0m values   = [
                  [32m+[0m[0m "false",
                ]
              [32m+[0m[0m variable = "aws:ResourceTag/elbv2.k8s.aws/cluster"
            }
          [32m+[0m[0m condition {
              [32m+[0m[0m test     = "Null"
              [32m+[0m[0m values   = [
                  [32m+[0m[0m "true",
                ]
              [32m+[0m[0m variable = "aws:RequestTag/elbv2.k8s.aws/cluster"
            }
        }
      [32m+[0m[0m statement {
          [32m+[0m[0m actions   = [
              [32m+[0m[0m "ec2:AuthorizeSecurityGroupIngress",
              [32m+[0m[0m "ec2:DeleteSecurityGroup",
              [32m+[0m[0m "ec2:RevokeSecurityGroupIngress",
            ]
          [32m+[0m[0m resources = [
              [32m+[0m[0m "*",
            ]

          [32m+[0m[0m condition {
              [32m+[0m[0m test     = "Null"
              [32m+[0m[0m values   = [
                  [32m+[0m[0m "false",
                ]
              [32m+[0m[0m variable = "aws:ResourceTag/elbv2.k8s.aws/cluster"
            }
        }
      [32m+[0m[0m statement {
          [32m+[0m[0m actions   = [
              [32m+[0m[0m "elasticloadbalancing:CreateLoadBalancer",
              [32m+[0m[0m "elasticloadbalancing:CreateTargetGroup",
            ]
          [32m+[0m[0m resources = [
              [32m+[0m[0m "*",
            ]

          [32m+[0m[0m condition {
              [32m+[0m[0m test     = "Null"
              [32m+[0m[0m values   = [
                  [32m+[0m[0m "false",
                ]
              [32m+[0m[0m variable = "aws:RequestTag/elbv2.k8s.aws/cluster"
            }
        }
      [32m+[0m[0m statement {
          [32m+[0m[0m actions   = [
              [32m+[0m[0m "elasticloadbalancing:CreateListener",
              [32m+[0m[0m "elasticloadbalancing:CreateRule",
              [32m+[0m[0m "elasticloadbalancing:DeleteListener",
              [32m+[0m[0m "elasticloadbalancing:DeleteRule",
            ]
          [32m+[0m[0m resources = [
              [32m+[0m[0m "*",
            ]
        }
      [32m+[0m[0m statement {
          [32m+[0m[0m actions   = [
              [32m+[0m[0m "elasticloadbalancing:AddTags",
              [32m+[0m[0m "elasticloadbalancing:RemoveTags",
            ]
          [32m+[0m[0m resources = [
              [32m+[0m[0m (known after apply),
              [32m+[0m[0m (known after apply),
              [32m+[0m[0m (known after apply),
            ]

          [32m+[0m[0m condition {
              [32m+[0m[0m test     = "Null"
              [32m+[0m[0m values   = [
                  [32m+[0m[0m "false",
                ]
              [32m+[0m[0m variable = "aws:ResourceTag/elbv2.k8s.aws/cluster"
            }
          [32m+[0m[0m condition {
              [32m+[0m[0m test     = "Null"
              [32m+[0m[0m values   = [
                  [32m+[0m[0m "true",
                ]
              [32m+[0m[0m variable = "aws:RequestTag/elbv2.k8s.aws/cluster"
            }
        }
      [32m+[0m[0m statement {
          [32m+[0m[0m actions   = [
              [32m+[0m[0m "elasticloadbalancing:AddTags",
              [32m+[0m[0m "elasticloadbalancing:RemoveTags",
            ]
          [32m+[0m[0m resources = [
              [32m+[0m[0m (known after apply),
              [32m+[0m[0m (known after apply),
              [32m+[0m[0m (known after apply),
              [32m+[0m[0m (known after apply),
            ]
        }
      [32m+[0m[0m statement {
          [32m+[0m[0m actions   = [
              [32m+[0m[0m "elasticloadbalancing:DeleteLoadBalancer",
              [32m+[0m[0m "elasticloadbalancing:DeleteTargetGroup",
              [32m+[0m[0m "elasticloadbalancing:ModifyCapacityReservation",
              [32m+[0m[0m "elasticloadbalancing:ModifyIpPools",
              [32m+[0m[0m "elasticloadbalancing:ModifyListenerAttributes",
              [32m+[0m[0m "elasticloadbalancing:ModifyLoadBalancerAttributes",
              [32m+[0m[0m "elasticloadbalancing:ModifyTargetGroup",
              [32m+[0m[0m "elasticloadbalancing:ModifyTargetGroupAttributes",
              [32m+[0m[0m "elasticloadbalancing:SetIpAddressType",
              [32m+[0m[0m "elasticloadbalancing:SetSecurityGroups",
              [32m+[0m[0m "elasticloadbalancing:SetSubnets",
            ]
          [32m+[0m[0m resources = [
              [32m+[0m[0m "*",
            ]

          [32m+[0m[0m condition {
              [32m+[0m[0m test     = "Null"
              [32m+[0m[0m values   = [
                  [32m+[0m[0m "false",
                ]
              [32m+[0m[0m variable = "aws:ResourceTag/elbv2.k8s.aws/cluster"
            }
        }
      [32m+[0m[0m statement {
          [32m+[0m[0m actions   = [
              [32m+[0m[0m "elasticloadbalancing:AddTags",
            ]
          [32m+[0m[0m resources = [
              [32m+[0m[0m (known after apply),
              [32m+[0m[0m (known after apply),
              [32m+[0m[0m (known after apply),
            ]

          [32m+[0m[0m condition {
              [32m+[0m[0m test     = "Null"
              [32m+[0m[0m values   = [
                  [32m+[0m[0m "false",
                ]
              [32m+[0m[0m variable = "aws:RequestTag/elbv2.k8s.aws/cluster"
            }
          [32m+[0m[0m condition {
              [32m+[0m[0m test     = "StringEquals"
              [32m+[0m[0m values   = [
                  [32m+[0m[0m "CreateTargetGroup",
                  [32m+[0m[0m "CreateLoadBalancer",
                ]
              [32m+[0m[0m variable = "elasticloadbalancing:CreateAction"
            }
        }
      [32m+[0m[0m statement {
          [32m+[0m[0m actions   = [
              [32m+[0m[0m "elasticloadbalancing:DeregisterTargets",
              [32m+[0m[0m "elasticloadbalancing:RegisterTargets",
            ]
          [32m+[0m[0m resources = [
              [32m+[0m[0m (known after apply),
            ]
        }
      [32m+[0m[0m statement {
          [32m+[0m[0m actions   = [
              [32m+[0m[0m "elasticloadbalancing:AddListenerCertificates",
              [32m+[0m[0m "elasticloadbalancing:ModifyListener",
              [32m+[0m[0m "elasticloadbalancing:ModifyRule",
              [32m+[0m[0m "elasticloadbalancing:RemoveListenerCertificates",
              [32m+[0m[0m "elasticloadbalancing:SetRulePriorities",
              [32m+[0m[0m "elasticloadbalancing:SetWebAcl",
            ]
          [32m+[0m[0m resources = [
              [32m+[0m[0m "*",
            ]
        }
    }

[1m  # module.addons.module.alb_controller_irsa_oregon.data.aws_iam_policy_document.this[0][0m will be read during apply
  # (config refers to values not yet known)
[0m [36m<=[0m[0m data "aws_iam_policy_document" "this" {
      [32m+[0m[0m id            = (known after apply)
      [32m+[0m[0m json          = (known after apply)
      [32m+[0m[0m minified_json = (known after apply)

      [32m+[0m[0m statement {
          [32m+[0m[0m actions = [
              [32m+[0m[0m "sts:AssumeRoleWithWebIdentity",
            ]
          [32m+[0m[0m effect  = "Allow"

          [32m+[0m[0m condition {
              [32m+[0m[0m test     = "StringEquals"
              [32m+[0m[0m values   = [
                  [32m+[0m[0m "sts.amazonaws.com",
                ]
              [32m+[0m[0m variable = (known after apply)
            }
          [32m+[0m[0m condition {
              [32m+[0m[0m test     = "StringEquals"
              [32m+[0m[0m values   = [
                  [32m+[0m[0m "system:serviceaccount:kube-system:aws-load-balancer-controller",
                ]
              [32m+[0m[0m variable = (known after apply)
            }

          [32m+[0m[0m principals {
              [32m+[0m[0m identifiers = [
                  [32m+[0m[0m (known after apply),
                ]
              [32m+[0m[0m type        = "Federated"
            }
        }
    }

[1m  # module.addons.module.alb_controller_irsa_oregon.data.aws_partition.current[0m will be read during apply
  # (depends on a resource or a module with changes pending)
[0m [36m<=[0m[0m data "aws_partition" "current" {
      [32m+[0m[0m dns_suffix         = (known after apply)
      [32m+[0m[0m id                 = (known after apply)
      [32m+[0m[0m partition          = (known after apply)
      [32m+[0m[0m reverse_dns_prefix = (known after apply)
    }

[1m  # module.addons.module.alb_controller_irsa_oregon.data.aws_region.current[0m will be read during apply
  # (depends on a resource or a module with changes pending)
[0m [36m<=[0m[0m data "aws_region" "current" {
      [32m+[0m[0m description = (known after apply)
      [32m+[0m[0m endpoint    = (known after apply)
      [32m+[0m[0m id          = (known after apply)
      [32m+[0m[0m name        = (known after apply)
    }

[1m  # module.addons.module.alb_controller_irsa_oregon.aws_iam_policy.load_balancer_controller[0][0m will be created
[0m  [32m+[0m[0m resource "aws_iam_policy" "load_balancer_controller" {
      [32m+[0m[0m arn              = (known after apply)
      [32m+[0m[0m attachment_count = (known after apply)
      [32m+[0m[0m description      = "Provides permissions for AWS Load Balancer Controller addon"
      [32m+[0m[0m id               = (known after apply)
      [32m+[0m[0m name             = (known after apply)
      [32m+[0m[0m name_prefix      = "AmazonEKS_AWS_Load_Balancer_Controller-"
      [32m+[0m[0m path             = "/"
      [32m+[0m[0m policy           = (known after apply)
      [32m+[0m[0m policy_id        = (known after apply)
      [32m+[0m[0m tags_all         = (known after apply)
    }

[1m  # module.addons.module.alb_controller_irsa_oregon.aws_iam_role.this[0][0m will be created
[0m  [32m+[0m[0m resource "aws_iam_role" "this" {
      [32m+[0m[0m arn                   = (known after apply)
      [32m+[0m[0m assume_role_policy    = (known after apply)
      [32m+[0m[0m create_date           = (known after apply)
      [32m+[0m[0m force_detach_policies = true
      [32m+[0m[0m id                    = (known after apply)
      [32m+[0m[0m managed_policy_arns   = (known after apply)
      [32m+[0m[0m max_session_duration  = 3600
      [32m+[0m[0m name                  = "y2om-alb-controller-irsa-oregon"
      [32m+[0m[0m name_prefix           = (known after apply)
      [32m+[0m[0m path                  = "/"
      [32m+[0m[0m tags_all              = (known after apply)
      [32m+[0m[0m unique_id             = (known after apply)
    }

[1m  # module.addons.module.alb_controller_irsa_oregon.aws_iam_role_policy_attachment.load_balancer_controller[0][0m will be created
[0m  [32m+[0m[0m resource "aws_iam_role_policy_attachment" "load_balancer_controller" {
      [32m+[0m[0m id         = (known after apply)
      [32m+[0m[0m policy_arn = (known after apply)
      [32m+[0m[0m role       = "y2om-alb-controller-irsa-oregon"
    }

[1m  # module.eks.module.cluster_autoscaler_irsa_oregon.data.aws_iam_policy_document.this[0][0m will be read during apply
  # (config refers to values not yet known)
[0m [36m<=[0m[0m data "aws_iam_policy_document" "this" {
      [32m+[0m[0m id            = (known after apply)
      [32m+[0m[0m json          = (known after apply)
      [32m+[0m[0m minified_json = (known after apply)

      [32m+[0m[0m statement {
          [32m+[0m[0m actions = [
              [32m+[0m[0m "sts:AssumeRoleWithWebIdentity",
            ]
          [32m+[0m[0m effect  = "Allow"

          [32m+[0m[0m condition {
              [32m+[0m[0m test     = "StringEquals"
              [32m+[0m[0m values   = [
                  [32m+[0m[0m "sts.amazonaws.com",
                ]
              [32m+[0m[0m variable = (known after apply)
            }
          [32m+[0m[0m condition {
              [32m+[0m[0m test     = "StringEquals"
              [32m+[0m[0m values   = [
                  [32m+[0m[0m "system:serviceaccount:kube-system:cluster-autoscaler",
                ]
              [32m+[0m[0m variable = (known after apply)
            }

          [32m+[0m[0m principals {
              [32m+[0m[0m identifiers = [
                  [32m+[0m[0m (known after apply),
                ]
              [32m+[0m[0m type        = "Federated"
            }
        }
    }

[1m  # module.eks.module.cluster_autoscaler_irsa_oregon.aws_iam_policy.cluster_autoscaler[0][0m will be created
[0m  [32m+[0m[0m resource "aws_iam_policy" "cluster_autoscaler" {
      [32m+[0m[0m arn              = (known after apply)
      [32m+[0m[0m attachment_count = (known after apply)
      [32m+[0m[0m description      = "Cluster autoscaler policy to allow examination and modification of EC2 Auto Scaling Groups"
      [32m+[0m[0m id               = (known after apply)
      [32m+[0m[0m name             = (known after apply)
      [32m+[0m[0m name_prefix      = "AmazonEKS_Cluster_Autoscaler_Policy-"
      [32m+[0m[0m path             = "/"
      [32m+[0m[0m policy           = jsonencode(
            {
              [32m+[0m[0m Statement = [
                  [32m+[0m[0m {
                      [32m+[0m[0m Action   = [
                          [32m+[0m[0m "eks:DescribeNodegroup",
                          [32m+[0m[0m "ec2:GetInstanceTypesFromInstanceRequirements",
                          [32m+[0m[0m "ec2:DescribeLaunchTemplateVersions",
                          [32m+[0m[0m "ec2:DescribeInstanceTypes",
                          [32m+[0m[0m "ec2:DescribeImages",
                          [32m+[0m[0m "autoscaling:DescribeTags",
                          [32m+[0m[0m "autoscaling:DescribeScalingActivities",
                          [32m+[0m[0m "autoscaling:DescribeLaunchConfigurations",
                          [32m+[0m[0m "autoscaling:DescribeAutoScalingInstances",
                          [32m+[0m[0m "autoscaling:DescribeAutoScalingGroups",
                        ]
                      [32m+[0m[0m Effect   = "Allow"
                      [32m+[0m[0m Resource = "*"
                    },
                  [32m+[0m[0m {
                      [32m+[0m[0m Action    = [
                          [32m+[0m[0m "autoscaling:TerminateInstanceInAutoScalingGroup",
                          [32m+[0m[0m "autoscaling:SetDesiredCapacity",
                        ]
                      [32m+[0m[0m Condition = {
                          [32m+[0m[0m StringEquals = {
                              [32m+[0m[0m "autoscaling:ResourceTag/kubernetes.io/cluster/y2om-formation-lap-oregon" = "owned"
                            }
                        }
                      [32m+[0m[0m Effect    = "Allow"
                      [32m+[0m[0m Resource  = "*"
                    },
                ]
              [32m+[0m[0m Version   = "2012-10-17"
            }
        )
      [32m+[0m[0m policy_id        = (known after apply)
      [32m+[0m[0m tags_all         = (known after apply)
    }

[1m  # module.eks.module.cluster_autoscaler_irsa_oregon.aws_iam_role.this[0][0m will be created
[0m  [32m+[0m[0m resource "aws_iam_role" "this" {
      [32m+[0m[0m arn                   = (known after apply)
      [32m+[0m[0m assume_role_policy    = (known after apply)
      [32m+[0m[0m create_date           = (known after apply)
      [32m+[0m[0m force_detach_policies = true
      [32m+[0m[0m id                    = (known after apply)
      [32m+[0m[0m managed_policy_arns   = (known after apply)
      [32m+[0m[0m max_session_duration  = 3600
      [32m+[0m[0m name                  = "y2om-eks-autoscaler-irsa-oregon"
      [32m+[0m[0m name_prefix           = (known after apply)
      [32m+[0m[0m path                  = "/"
      [32m+[0m[0m tags_all              = (known after apply)
      [32m+[0m[0m unique_id             = (known after apply)
    }

[1m  # module.eks.module.cluster_autoscaler_irsa_oregon.aws_iam_role_policy_attachment.cluster_autoscaler[0][0m will be created
[0m  [32m+[0m[0m resource "aws_iam_role_policy_attachment" "cluster_autoscaler" {
      [32m+[0m[0m id         = (known after apply)
      [32m+[0m[0m policy_arn = (known after apply)
      [32m+[0m[0m role       = "y2om-eks-autoscaler-irsa-oregon"
    }

[1m  # module.eks.module.cluster_autoscaler_irsa_seoul.data.aws_iam_policy_document.this[0][0m will be read during apply
  # (config refers to values not yet known)
[0m [36m<=[0m[0m data "aws_iam_policy_document" "this" {
      [32m+[0m[0m id            = (known after apply)
      [32m+[0m[0m json          = (known after apply)
      [32m+[0m[0m minified_json = (known after apply)

      [32m+[0m[0m statement {
          [32m+[0m[0m actions = [
              [32m+[0m[0m "sts:AssumeRoleWithWebIdentity",
            ]
          [32m+[0m[0m effect  = "Allow"

          [32m+[0m[0m condition {
              [32m+[0m[0m test     = "StringEquals"
              [32m+[0m[0m values   = [
                  [32m+[0m[0m "sts.amazonaws.com",
                ]
              [32m+[0m[0m variable = (known after apply)
            }
          [32m+[0m[0m condition {
              [32m+[0m[0m test     = "StringEquals"
              [32m+[0m[0m values   = [
                  [32m+[0m[0m "system:serviceaccount:kube-system:cluster-autoscaler",
                ]
              [32m+[0m[0m variable = (known after apply)
            }

          [32m+[0m[0m principals {
              [32m+[0m[0m identifiers = [
                  [32m+[0m[0m (known after apply),
                ]
              [32m+[0m[0m type        = "Federated"
            }
        }
    }

[1m  # module.eks.module.cluster_autoscaler_irsa_seoul.aws_iam_policy.cluster_autoscaler[0][0m will be created
[0m  [32m+[0m[0m resource "aws_iam_policy" "cluster_autoscaler" {
      [32m+[0m[0m arn              = (known after apply)
      [32m+[0m[0m attachment_count = (known after apply)
      [32m+[0m[0m description      = "Cluster autoscaler policy to allow examination and modification of EC2 Auto Scaling Groups"
      [32m+[0m[0m id               = (known after apply)
      [32m+[0m[0m name             = (known after apply)
      [32m+[0m[0m name_prefix      = "AmazonEKS_Cluster_Autoscaler_Policy-"
      [32m+[0m[0m path             = "/"
      [32m+[0m[0m policy           = jsonencode(
            {
              [32m+[0m[0m Statement = [
                  [32m+[0m[0m {
                      [32m+[0m[0m Action   = [
                          [32m+[0m[0m "eks:DescribeNodegroup",
                          [32m+[0m[0m "ec2:GetInstanceTypesFromInstanceRequirements",
                          [32m+[0m[0m "ec2:DescribeLaunchTemplateVersions",
                          [32m+[0m[0m "ec2:DescribeInstanceTypes",
                          [32m+[0m[0m "ec2:DescribeImages",
                          [32m+[0m[0m "autoscaling:DescribeTags",
                          [32m+[0m[0m "autoscaling:DescribeScalingActivities",
                          [32m+[0m[0m "autoscaling:DescribeLaunchConfigurations",
                          [32m+[0m[0m "autoscaling:DescribeAutoScalingInstances",
                          [32m+[0m[0m "autoscaling:DescribeAutoScalingGroups",
                        ]
                      [32m+[0m[0m Effect   = "Allow"
                      [32m+[0m[0m Resource = "*"
                    },
                  [32m+[0m[0m {
                      [32m+[0m[0m Action    = [
                          [32m+[0m[0m "autoscaling:TerminateInstanceInAutoScalingGroup",
                          [32m+[0m[0m "autoscaling:SetDesiredCapacity",
                        ]
                      [32m+[0m[0m Condition = {
                          [32m+[0m[0m StringEquals = {
                              [32m+[0m[0m "autoscaling:ResourceTag/kubernetes.io/cluster/y2om-formation-lap-seoul" = "owned"
                            }
                        }
                      [32m+[0m[0m Effect    = "Allow"
                      [32m+[0m[0m Resource  = "*"
                    },
                ]
              [32m+[0m[0m Version   = "2012-10-17"
            }
        )
      [32m+[0m[0m policy_id        = (known after apply)
      [32m+[0m[0m tags_all         = (known after apply)
    }

[1m  # module.eks.module.cluster_autoscaler_irsa_seoul.aws_iam_role.this[0][0m will be created
[0m  [32m+[0m[0m resource "aws_iam_role" "this" {
      [32m+[0m[0m arn                   = (known after apply)
      [32m+[0m[0m assume_role_policy    = (known after apply)
      [32m+[0m[0m create_date           = (known after apply)
      [32m+[0m[0m force_detach_policies = true
      [32m+[0m[0m id                    = (known after apply)
      [32m+[0m[0m managed_policy_arns   = (known after apply)
      [32m+[0m[0m max_session_duration  = 3600
      [32m+[0m[0m name                  = "y2om-eks-autoscaler-irsa-seoul"
      [32m+[0m[0m name_prefix           = (known after apply)
      [32m+[0m[0m path                  = "/"
      [32m+[0m[0m tags_all              = (known after apply)
      [32m+[0m[0m unique_id             = (known after apply)
    }

[1m  # module.eks.module.cluster_autoscaler_irsa_seoul.aws_iam_role_policy_attachment.cluster_autoscaler[0][0m will be created
[0m  [32m+[0m[0m resource "aws_iam_role_policy_attachment" "cluster_autoscaler" {
      [32m+[0m[0m id         = (known after apply)
      [32m+[0m[0m policy_arn = (known after apply)
      [32m+[0m[0m role       = "y2om-eks-autoscaler-irsa-seoul"
    }

[1m  # module.eks.module.eks_oregon.data.tls_certificate.this[0][0m will be read during apply
  # (config refers to values not yet known)
[0m [36m<=[0m[0m data "tls_certificate" "this" {
      [32m+[0m[0m certificates = (known after apply)
      [32m+[0m[0m id           = (known after apply)
      [32m+[0m[0m url          = (known after apply)
    }

[1m  # module.eks.module.eks_oregon.aws_cloudwatch_log_group.this[0][0m will be created
[0m  [32m+[0m[0m resource "aws_cloudwatch_log_group" "this" {
      [32m+[0m[0m arn               = (known after apply)
      [32m+[0m[0m id                = (known after apply)
      [32m+[0m[0m log_group_class   = (known after apply)
      [32m+[0m[0m name              = "/aws/eks/y2om-formation-lap-oregon/cluster"
      [32m+[0m[0m name_prefix       = (known after apply)
      [32m+[0m[0m retention_in_days = 90
      [32m+[0m[0m skip_destroy      = false
      [32m+[0m[0m tags              = {
          [32m+[0m[0m "Name" = "/aws/eks/y2om-formation-lap-oregon/cluster"
        }
      [32m+[0m[0m tags_all          = {
          [32m+[0m[0m "Name" = "/aws/eks/y2om-formation-lap-oregon/cluster"
        }
    }

[1m  # module.eks.module.eks_oregon.aws_eks_cluster.this[0][0m will be created
[0m  [32m+[0m[0m resource "aws_eks_cluster" "this" {
      [32m+[0m[0m arn                           = (known after apply)
      [32m+[0m[0m bootstrap_self_managed_addons = true
      [32m+[0m[0m certificate_authority         = (known after apply)
      [32m+[0m[0m cluster_id                    = (known after apply)
      [32m+[0m[0m created_at                    = (known after apply)
      [32m+[0m[0m enabled_cluster_log_types     = [
          [32m+[0m[0m "api",
          [32m+[0m[0m "audit",
          [32m+[0m[0m "authenticator",
        ]
      [32m+[0m[0m endpoint                      = (known after apply)
      [32m+[0m[0m id                            = (known after apply)
      [32m+[0m[0m identity                      = (known after apply)
      [32m+[0m[0m name                          = "y2om-formation-lap-oregon"
      [32m+[0m[0m platform_version              = (known after apply)
      [32m+[0m[0m role_arn                      = "arn:aws:iam::404457776061:role/y2om-formation-lap-oregon-cluster-20260111103219266800000003"
      [32m+[0m[0m status                        = (known after apply)
      [32m+[0m[0m tags                          = {
          [32m+[0m[0m "terraform-aws-modules" = "eks"
        }
      [32m+[0m[0m tags_all                      = {
          [32m+[0m[0m "terraform-aws-modules" = "eks"
        }
      [32m+[0m[0m version                       = "1.34"

      [32m+[0m[0m access_config {
          [32m+[0m[0m authentication_mode                         = "API_AND_CONFIG_MAP"
          [32m+[0m[0m bootstrap_cluster_creator_admin_permissions = false
        }

      [32m+[0m[0m encryption_config {
          [32m+[0m[0m resources = [
              [32m+[0m[0m "secrets",
            ]

          [32m+[0m[0m provider {
              [32m+[0m[0m key_arn = "arn:aws:kms:us-west-2:404457776061:key/8857907d-78ae-4a95-b837-2a86ee527c20"
            }
        }

      [32m+[0m[0m kubernetes_network_config {
          [32m+[0m[0m ip_family         = "ipv4"
          [32m+[0m[0m service_ipv4_cidr = (known after apply)
          [32m+[0m[0m service_ipv6_cidr = (known after apply)
        }

      [32m+[0m[0m timeouts {}

      [32m+[0m[0m vpc_config {
          [32m+[0m[0m cluster_security_group_id = (known after apply)
          [32m+[0m[0m endpoint_private_access   = true
          [32m+[0m[0m endpoint_public_access    = true
          [32m+[0m[0m public_access_cidrs       = [
              [32m+[0m[0m "175.192.170.212/32",
            ]
          [32m+[0m[0m security_group_ids        = [
              [32m+[0m[0m "sg-0e3873d66ac0af1fd",
            ]
          [32m+[0m[0m subnet_ids                = [
              [32m+[0m[0m "subnet-080041238b615cb74",
              [32m+[0m[0m "subnet-0a16a918c8631dfcc",
            ]
          [32m+[0m[0m vpc_id                    = (known after apply)
        }
    }

[1m  # module.eks.module.eks_oregon.aws_iam_openid_connect_provider.oidc_provider[0][0m will be created
[0m  [32m+[0m[0m resource "aws_iam_openid_connect_provider" "oidc_provider" {
      [32m+[0m[0m arn             = (known after apply)
      [32m+[0m[0m client_id_list  = [
          [32m+[0m[0m "sts.amazonaws.com",
        ]
      [32m+[0m[0m id              = (known after apply)
      [32m+[0m[0m tags            = {
          [32m+[0m[0m "Name" = "y2om-formation-lap-oregon-eks-irsa"
        }
      [32m+[0m[0m tags_all        = {
          [32m+[0m[0m "Name" = "y2om-formation-lap-oregon-eks-irsa"
        }
      [32m+[0m[0m thumbprint_list = (known after apply)
      [32m+[0m[0m url             = (known after apply)
    }

[1m  # module.eks.module.eks_oregon.time_sleep.this[0][0m will be created
[0m  [32m+[0m[0m resource "time_sleep" "this" {
      [32m+[0m[0m create_duration = "30s"
      [32m+[0m[0m id              = (known after apply)
      [32m+[0m[0m triggers        = {
          [32m+[0m[0m "cluster_certificate_authority_data" = (known after apply)
          [32m+[0m[0m "cluster_endpoint"                   = (known after apply)
          [32m+[0m[0m "cluster_name"                       = (known after apply)
          [32m+[0m[0m "cluster_service_cidr"               = (known after apply)
          [32m+[0m[0m "cluster_version"                    = "1.34"
        }
    }

[1m  # module.eks.module.eks_seoul.data.tls_certificate.this[0][0m will be read during apply
  # (config refers to values not yet known)
[0m [36m<=[0m[0m data "tls_certificate" "this" {
      [32m+[0m[0m certificates = (known after apply)
      [32m+[0m[0m id           = (known after apply)
      [32m+[0m[0m url          = (known after apply)
    }

[1m  # module.eks.module.eks_seoul.aws_cloudwatch_log_group.this[0][0m will be created
[0m  [32m+[0m[0m resource "aws_cloudwatch_log_group" "this" {
      [32m+[0m[0m arn               = (known after apply)
      [32m+[0m[0m id                = (known after apply)
      [32m+[0m[0m log_group_class   = (known after apply)
      [32m+[0m[0m name              = "/aws/eks/y2om-formation-lap-seoul/cluster"
      [32m+[0m[0m name_prefix       = (known after apply)
      [32m+[0m[0m retention_in_days = 90
      [32m+[0m[0m skip_destroy      = false
      [32m+[0m[0m tags              = {
          [32m+[0m[0m "Name" = "/aws/eks/y2om-formation-lap-seoul/cluster"
        }
      [32m+[0m[0m tags_all          = {
          [32m+[0m[0m "Name" = "/aws/eks/y2om-formation-lap-seoul/cluster"
        }
    }

[1m  # module.eks.module.eks_seoul.aws_eks_cluster.this[0][0m will be created
[0m  [32m+[0m[0m resource "aws_eks_cluster" "this" {
      [32m+[0m[0m arn                           = (known after apply)
      [32m+[0m[0m bootstrap_self_managed_addons = true
      [32m+[0m[0m certificate_authority         = (known after apply)
      [32m+[0m[0m cluster_id                    = (known after apply)
      [32m+[0m[0m created_at                    = (known after apply)
      [32m+[0m[0m enabled_cluster_log_types     = [
          [32m+[0m[0m "api",
          [32m+[0m[0m "audit",
          [32m+[0m[0m "authenticator",
        ]
      [32m+[0m[0m endpoint                      = (known after apply)
      [32m+[0m[0m id                            = (known after apply)
      [32m+[0m[0m identity                      = (known after apply)
      [32m+[0m[0m name                          = "y2om-formation-lap-seoul"
      [32m+[0m[0m platform_version              = (known after apply)
      [32m+[0m[0m role_arn                      = "arn:aws:iam::404457776061:role/y2om-formation-lap-seoul-cluster-20260111103214304200000003"
      [32m+[0m[0m status                        = (known after apply)
      [32m+[0m[0m tags                          = {
          [32m+[0m[0m "terraform-aws-modules" = "eks"
        }
      [32m+[0m[0m tags_all                      = {
          [32m+[0m[0m "terraform-aws-modules" = "eks"
        }
      [32m+[0m[0m version                       = "1.34"

      [32m+[0m[0m access_config {
          [32m+[0m[0m authentication_mode                         = "API_AND_CONFIG_MAP"
          [32m+[0m[0m bootstrap_cluster_creator_admin_permissions = false
        }

      [32m+[0m[0m encryption_config {
          [32m+[0m[0m resources = [
              [32m+[0m[0m "secrets",
            ]

          [32m+[0m[0m provider {
              [32m+[0m[0m key_arn = "arn:aws:kms:ap-northeast-2:404457776061:key/5ef77c3c-0147-438a-b4f8-0af3cf91b099"
            }
        }

      [32m+[0m[0m kubernetes_network_config {
          [32m+[0m[0m ip_family         = "ipv4"
          [32m+[0m[0m service_ipv4_cidr = (known after apply)
          [32m+[0m[0m service_ipv6_cidr = (known after apply)
        }

      [32m+[0m[0m timeouts {}

      [32m+[0m[0m vpc_config {
          [32m+[0m[0m cluster_security_group_id = (known after apply)
          [32m+[0m[0m endpoint_private_access   = true
          [32m+[0m[0m endpoint_public_access    = true
          [32m+[0m[0m public_access_cidrs       = [
              [32m+[0m[0m "175.192.170.212/32",
            ]
          [32m+[0m[0m security_group_ids        = [
              [32m+[0m[0m "sg-083d08d6084ba8f03",
            ]
          [32m+[0m[0m subnet_ids                = [
              [32m+[0m[0m "subnet-033ae3e84ba2d924e",
              [32m+[0m[0m "subnet-05d413cbbff3f557a",
            ]
          [32m+[0m[0m vpc_id                    = (known after apply)
        }
    }

[1m  # module.eks.module.eks_seoul.aws_iam_openid_connect_provider.oidc_provider[0][0m will be created
[0m  [32m+[0m[0m resource "aws_iam_openid_connect_provider" "oidc_provider" {
      [32m+[0m[0m arn             = (known after apply)
      [32m+[0m[0m client_id_list  = [
          [32m+[0m[0m "sts.amazonaws.com",
        ]
      [32m+[0m[0m id              = (known after apply)
      [32m+[0m[0m tags            = {
          [32m+[0m[0m "Name" = "y2om-formation-lap-seoul-eks-irsa"
        }
      [32m+[0m[0m tags_all        = {
          [32m+[0m[0m "Name" = "y2om-formation-lap-seoul-eks-irsa"
        }
      [32m+[0m[0m thumbprint_list = (known after apply)
      [32m+[0m[0m url             = (known after apply)
    }

[1m  # module.eks.module.eks_seoul.time_sleep.this[0][0m will be created
[0m  [32m+[0m[0m resource "time_sleep" "this" {
      [32m+[0m[0m create_duration = "30s"
      [32m+[0m[0m id              = (known after apply)
      [32m+[0m[0m triggers        = {
          [32m+[0m[0m "cluster_certificate_authority_data" = (known after apply)
          [32m+[0m[0m "cluster_endpoint"                   = (known after apply)
          [32m+[0m[0m "cluster_name"                       = (known after apply)
          [32m+[0m[0m "cluster_service_cidr"               = (known after apply)
          [32m+[0m[0m "cluster_version"                    = "1.34"
        }
    }

[1m  # module.eks.module.eks_oregon.module.eks_managed_node_group["standard-worker"].aws_eks_node_group.this[0][0m will be created
[0m  [32m+[0m[0m resource "aws_eks_node_group" "this" {
      [32m+[0m[0m ami_type               = (known after apply)
      [32m+[0m[0m arn                    = (known after apply)
      [32m+[0m[0m capacity_type          = (known after apply)
      [32m+[0m[0m cluster_name           = (known after apply)
      [32m+[0m[0m disk_size              = (known after apply)
      [32m+[0m[0m id                     = (known after apply)
      [32m+[0m[0m instance_types         = [
          [32m+[0m[0m "t3.small",
        ]
      [32m+[0m[0m node_group_name        = (known after apply)
      [32m+[0m[0m node_group_name_prefix = "standard-worker-"
      [32m+[0m[0m node_role_arn          = "arn:aws:iam::404457776061:role/standard-worker-eks-node-group-20260111103215426800000001"
      [32m+[0m[0m release_version        = (known after apply)
      [32m+[0m[0m resources              = (known after apply)
      [32m+[0m[0m status                 = (known after apply)
      [32m+[0m[0m subnet_ids             = [
          [32m+[0m[0m "subnet-080041238b615cb74",
          [32m+[0m[0m "subnet-0a16a918c8631dfcc",
        ]
      [32m+[0m[0m tags                   = {
          [32m+[0m[0m "Name"                                                = "standard-worker"
          [32m+[0m[0m "k8s.io/cluster-autoscaler/enabled"                   = "true"
          [32m+[0m[0m "k8s.io/cluster-autoscaler/y2om-formation-lap-oregon" = "owned"
        }
      [32m+[0m[0m tags_all               = {
          [32m+[0m[0m "Name"                                                = "standard-worker"
          [32m+[0m[0m "k8s.io/cluster-autoscaler/enabled"                   = "true"
          [32m+[0m[0m "k8s.io/cluster-autoscaler/y2om-formation-lap-oregon" = "owned"
        }
      [32m+[0m[0m version                = "1.34"

      [32m+[0m[0m launch_template {
          [32m+[0m[0m id      = (known after apply)
          [32m+[0m[0m name    = (known after apply)
          [32m+[0m[0m version = (known after apply)
        }

      [32m+[0m[0m scaling_config {
          [32m+[0m[0m desired_size = 2
          [32m+[0m[0m max_size     = 5
          [32m+[0m[0m min_size     = 2
        }

      [32m+[0m[0m timeouts {}

      [32m+[0m[0m update_config {
          [32m+[0m[0m max_unavailable_percentage = 33
        }
    }

[1m  # module.eks.module.eks_oregon.module.eks_managed_node_group["standard-worker"].aws_launch_template.this[0][0m will be created
[0m  [32m+[0m[0m resource "aws_launch_template" "this" {
      [32m+[0m[0m arn                    = (known after apply)
      [32m+[0m[0m default_version        = (known after apply)
      [32m+[0m[0m description            = "Custom launch template for standard-worker EKS managed node group"
      [32m+[0m[0m id                     = (known after apply)
      [32m+[0m[0m latest_version         = (known after apply)
      [32m+[0m[0m name                   = (known after apply)
      [32m+[0m[0m name_prefix            = "standard-worker-"
      [32m+[0m[0m tags                   = {
          [32m+[0m[0m "k8s.io/cluster-autoscaler/enabled"                   = "true"
          [32m+[0m[0m "k8s.io/cluster-autoscaler/y2om-formation-lap-oregon" = "owned"
        }
      [32m+[0m[0m tags_all               = {
          [32m+[0m[0m "k8s.io/cluster-autoscaler/enabled"                   = "true"
          [32m+[0m[0m "k8s.io/cluster-autoscaler/y2om-formation-lap-oregon" = "owned"
        }
      [32m+[0m[0m update_default_version = true
      [32m+[0m[0m vpc_security_group_ids = [
          [32m+[0m[0m "sg-021afcb6cb92504a7",
        ]

      [32m+[0m[0m metadata_options {
          [32m+[0m[0m http_endpoint               = "enabled"
          [32m+[0m[0m http_protocol_ipv6          = (known after apply)
          [32m+[0m[0m http_put_response_hop_limit = 2
          [32m+[0m[0m http_tokens                 = "required"
          [32m+[0m[0m instance_metadata_tags      = (known after apply)
        }

      [32m+[0m[0m monitoring {
          [32m+[0m[0m enabled = true
        }

      [32m+[0m[0m tag_specifications {
          [32m+[0m[0m resource_type = "instance"
          [32m+[0m[0m tags          = {
              [32m+[0m[0m "Name"                                                = "standard-worker"
              [32m+[0m[0m "k8s.io/cluster-autoscaler/enabled"                   = "true"
              [32m+[0m[0m "k8s.io/cluster-autoscaler/y2om-formation-lap-oregon" = "owned"
            }
        }
      [32m+[0m[0m tag_specifications {
          [32m+[0m[0m resource_type = "network-interface"
          [32m+[0m[0m tags          = {
              [32m+[0m[0m "Name"                                                = "standard-worker"
              [32m+[0m[0m "k8s.io/cluster-autoscaler/enabled"                   = "true"
              [32m+[0m[0m "k8s.io/cluster-autoscaler/y2om-formation-lap-oregon" = "owned"
            }
        }
      [32m+[0m[0m tag_specifications {
          [32m+[0m[0m resource_type = "volume"
          [32m+[0m[0m tags          = {
              [32m+[0m[0m "Name"                                                = "standard-worker"
              [32m+[0m[0m "k8s.io/cluster-autoscaler/enabled"                   = "true"
              [32m+[0m[0m "k8s.io/cluster-autoscaler/y2om-formation-lap-oregon" = "owned"
            }
        }
    }

[1m  # module.eks.module.eks_oregon.module.kms.aws_kms_alias.this["cluster"][0m will be created
[0m  [32m+[0m[0m resource "aws_kms_alias" "this" {
      [32m+[0m[0m arn            = (known after apply)
      [32m+[0m[0m id             = (known after apply)
      [32m+[0m[0m name           = "alias/eks/y2om-formation-lap-oregon"
      [32m+[0m[0m name_prefix    = (known after apply)
      [32m+[0m[0m target_key_arn = (known after apply)
      [32m+[0m[0m target_key_id  = "8857907d-78ae-4a95-b837-2a86ee527c20"
    }

[1m  # module.eks.module.eks_seoul.module.eks_managed_node_group["standard-worker"].aws_eks_node_group.this[0][0m will be created
[0m  [32m+[0m[0m resource "aws_eks_node_group" "this" {
      [32m+[0m[0m ami_type               = (known after apply)
      [32m+[0m[0m arn                    = (known after apply)
      [32m+[0m[0m capacity_type          = (known after apply)
      [32m+[0m[0m cluster_name           = (known after apply)
      [32m+[0m[0m disk_size              = (known after apply)
      [32m+[0m[0m id                     = (known after apply)
      [32m+[0m[0m instance_types         = [
          [32m+[0m[0m "t3.small",
        ]
      [32m+[0m[0m node_group_name        = (known after apply)
      [32m+[0m[0m node_group_name_prefix = "standard-worker-"
      [32m+[0m[0m node_role_arn          = "arn:aws:iam::404457776061:role/standard-worker-eks-node-group-20260111103214302400000002"
      [32m+[0m[0m release_version        = (known after apply)
      [32m+[0m[0m resources              = (known after apply)
      [32m+[0m[0m status                 = (known after apply)
      [32m+[0m[0m subnet_ids             = [
          [32m+[0m[0m "subnet-033ae3e84ba2d924e",
          [32m+[0m[0m "subnet-05d413cbbff3f557a",
        ]
      [32m+[0m[0m tags                   = {
          [32m+[0m[0m "Name"                                               = "standard-worker"
          [32m+[0m[0m "k8s.io/cluster-autoscaler/enabled"                  = "true"
          [32m+[0m[0m "k8s.io/cluster-autoscaler/y2om-formation-lap-seoul" = "owned"
        }
      [32m+[0m[0m tags_all               = {
          [32m+[0m[0m "Name"                                               = "standard-worker"
          [32m+[0m[0m "k8s.io/cluster-autoscaler/enabled"                  = "true"
          [32m+[0m[0m "k8s.io/cluster-autoscaler/y2om-formation-lap-seoul" = "owned"
        }
      [32m+[0m[0m version                = "1.34"

      [32m+[0m[0m launch_template {
          [32m+[0m[0m id      = (known after apply)
          [32m+[0m[0m name    = (known after apply)
          [32m+[0m[0m version = (known after apply)
        }

      [32m+[0m[0m scaling_config {
          [32m+[0m[0m desired_size = 2
          [32m+[0m[0m max_size     = 5
          [32m+[0m[0m min_size     = 2
        }

      [32m+[0m[0m timeouts {}

      [32m+[0m[0m update_config {
          [32m+[0m[0m max_unavailable_percentage = 33
        }
    }

[1m  # module.eks.module.eks_seoul.module.eks_managed_node_group["standard-worker"].aws_launch_template.this[0][0m will be created
[0m  [32m+[0m[0m resource "aws_launch_template" "this" {
      [32m+[0m[0m arn                    = (known after apply)
      [32m+[0m[0m default_version        = (known after apply)
      [32m+[0m[0m description            = "Custom launch template for standard-worker EKS managed node group"
      [32m+[0m[0m id                     = (known after apply)
      [32m+[0m[0m latest_version         = (known after apply)
      [32m+[0m[0m name                   = (known after apply)
      [32m+[0m[0m name_prefix            = "standard-worker-"
      [32m+[0m[0m tags                   = {
          [32m+[0m[0m "k8s.io/cluster-autoscaler/enabled"                  = "true"
          [32m+[0m[0m "k8s.io/cluster-autoscaler/y2om-formation-lap-seoul" = "owned"
        }
      [32m+[0m[0m tags_all               = {
          [32m+[0m[0m "k8s.io/cluster-autoscaler/enabled"                  = "true"
          [32m+[0m[0m "k8s.io/cluster-autoscaler/y2om-formation-lap-seoul" = "owned"
        }
      [32m+[0m[0m update_default_version = true
      [32m+[0m[0m vpc_security_group_ids = [
          [32m+[0m[0m "sg-0ac51eaffa081c9d4",
        ]

      [32m+[0m[0m metadata_options {
          [32m+[0m[0m http_endpoint               = "enabled"
          [32m+[0m[0m http_protocol_ipv6          = (known after apply)
          [32m+[0m[0m http_put_response_hop_limit = 2
          [32m+[0m[0m http_tokens                 = "required"
          [32m+[0m[0m instance_metadata_tags      = (known after apply)
        }

      [32m+[0m[0m monitoring {
          [32m+[0m[0m enabled = true
        }

      [32m+[0m[0m tag_specifications {
          [32m+[0m[0m resource_type = "instance"
          [32m+[0m[0m tags          = {
              [32m+[0m[0m "Name"                                               = "standard-worker"
              [32m+[0m[0m "k8s.io/cluster-autoscaler/enabled"                  = "true"
              [32m+[0m[0m "k8s.io/cluster-autoscaler/y2om-formation-lap-seoul" = "owned"
            }
        }
      [32m+[0m[0m tag_specifications {
          [32m+[0m[0m resource_type = "network-interface"
          [32m+[0m[0m tags          = {
              [32m+[0m[0m "Name"                                               = "standard-worker"
              [32m+[0m[0m "k8s.io/cluster-autoscaler/enabled"                  = "true"
              [32m+[0m[0m "k8s.io/cluster-autoscaler/y2om-formation-lap-seoul" = "owned"
            }
        }
      [32m+[0m[0m tag_specifications {
          [32m+[0m[0m resource_type = "volume"
          [32m+[0m[0m tags          = {
              [32m+[0m[0m "Name"                                               = "standard-worker"
              [32m+[0m[0m "k8s.io/cluster-autoscaler/enabled"                  = "true"
              [32m+[0m[0m "k8s.io/cluster-autoscaler/y2om-formation-lap-seoul" = "owned"
            }
        }
    }

[1m  # module.eks.module.eks_seoul.module.kms.aws_kms_alias.this["cluster"][0m will be created
[0m  [32m+[0m[0m resource "aws_kms_alias" "this" {
      [32m+[0m[0m arn            = (known after apply)
      [32m+[0m[0m id             = (known after apply)
      [32m+[0m[0m name           = "alias/eks/y2om-formation-lap-seoul"
      [32m+[0m[0m name_prefix    = (known after apply)
      [32m+[0m[0m target_key_arn = (known after apply)
      [32m+[0m[0m target_key_id  = "5ef77c3c-0147-438a-b4f8-0af3cf91b099"
    }

[1m  # module.eks.module.eks_oregon.module.eks_managed_node_group["standard-worker"].module.user_data.null_resource.validate_cluster_service_cidr[0m will be created
[0m  [32m+[0m[0m resource "null_resource" "validate_cluster_service_cidr" {
      [32m+[0m[0m id = (known after apply)
    }

[1m  # module.eks.module.eks_seoul.module.eks_managed_node_group["standard-worker"].module.user_data.null_resource.validate_cluster_service_cidr[0m will be created
[0m  [32m+[0m[0m resource "null_resource" "validate_cluster_service_cidr" {
      [32m+[0m[0m id = (known after apply)
    }

[1mPlan:[0m 41 to add, 0 to change, 0 to destroy.
[0m[0m[1mmodule.eks.module.eks_seoul.aws_cloudwatch_log_group.this[0]: Creating...[0m[0m
[0m[1mmodule.eks.module.eks_seoul.module.kms.aws_kms_alias.this["cluster"]: Creating...[0m[0m
[0m[1mmodule.eks.module.eks_oregon.module.kms.aws_kms_alias.this["cluster"]: Creating...[0m[0m
[0m[1mmodule.eks.module.eks_oregon.aws_cloudwatch_log_group.this[0]: Creating...[0m[0m
[33m╷[0m[0m
[33m│[0m [0m[1m[33mWarning: [0m[0m[1mReference to undefined provider[0m
[33m│[0m [0m
[33m│[0m [0m[0m  on main.tf line 5, in module "network":
[33m│[0m [0m   5:     [4maws[0m.seoul  = aws.seoul[0m
[33m│[0m [0m
[33m│[0m [0mThere is no explicit declaration for local provider name "aws.seoul" in
[33m│[0m [0mmodule.network, so Terraform is assuming you mean to pass a configuration
[33m│[0m [0mfor "hashicorp/aws".
[33m│[0m [0m
[33m│[0m [0mIf you also control the child module, add a required_providers entry named
[33m│[0m [0m"aws.seoul" with the source address "hashicorp/aws".
[33m│[0m [0m
[33m│[0m [0m(and 17 more similar warnings elsewhere)
[33m╵[0m[0m
[31m╷[0m[0m
[31m│[0m [0m[1m[31mError: [0m[0m[1mcreating KMS Alias (alias/eks/y2om-formation-lap-oregon): operation error KMS: CreateAlias, https response error StatusCode: 400, RequestID: 73e4560f-2987-41d1-80b1-7f6bdfd36203, AlreadyExistsException: An alias with the name arn:aws:kms:us-west-2:404457776061:alias/eks/y2om-formation-lap-oregon already exists[0m
[31m│[0m [0m
[31m│[0m [0m[0m  with module.eks.module.eks_oregon.module.kms.aws_kms_alias.this["cluster"],
[31m│[0m [0m  on .terraform/modules/eks.eks_oregon.kms/main.tf line 452, in resource "aws_kms_alias" "this":
[31m│[0m [0m 452: resource "aws_kms_alias" "this" [4m{[0m[0m
[31m│[0m [0m
[31m╵[0m[0m
[31m╷[0m[0m
[31m│[0m [0m[1m[31mError: [0m[0m[1mcreating CloudWatch Logs Log Group (/aws/eks/y2om-formation-lap-oregon/cluster): operation error CloudWatch Logs: CreateLogGroup, https response error StatusCode: 400, RequestID: 182508b5-2a20-4ef8-becb-38af2cc80a5c, ResourceAlreadyExistsException: The specified log group already exists[0m
[31m│[0m [0m
[31m│[0m [0m[0m  with module.eks.module.eks_oregon.aws_cloudwatch_log_group.this[0],
[31m│[0m [0m  on .terraform/modules/eks.eks_oregon/main.tf line 203, in resource "aws_cloudwatch_log_group" "this":
[31m│[0m [0m 203: resource "aws_cloudwatch_log_group" "this" [4m{[0m[0m
[31m│[0m [0m
[31m╵[0m[0m
[31m╷[0m[0m
[31m│[0m [0m[1m[31mError: [0m[0m[1mcreating KMS Alias (alias/eks/y2om-formation-lap-seoul): operation error KMS: CreateAlias, https response error StatusCode: 400, RequestID: 44c7d0fa-ee28-4ff7-a00f-6d95f7b54037, AlreadyExistsException: An alias with the name arn:aws:kms:ap-northeast-2:404457776061:alias/eks/y2om-formation-lap-seoul already exists[0m
[31m│[0m [0m
[31m│[0m [0m[0m  with module.eks.module.eks_seoul.module.kms.aws_kms_alias.this["cluster"],
[31m│[0m [0m  on .terraform/modules/eks.eks_seoul.kms/main.tf line 452, in resource "aws_kms_alias" "this":
[31m│[0m [0m 452: resource "aws_kms_alias" "this" [4m{[0m[0m
[31m│[0m [0m
[31m╵[0m[0m
[31m╷[0m[0m
[31m│[0m [0m[1m[31mError: [0m[0m[1mcreating CloudWatch Logs Log Group (/aws/eks/y2om-formation-lap-seoul/cluster): operation error CloudWatch Logs: CreateLogGroup, https response error StatusCode: 400, RequestID: e744a736-1ed3-4a29-ad64-edce29c5f5ff, ResourceAlreadyExistsException: The specified log group already exists[0m
[31m│[0m [0m
[31m│[0m [0m[0m  with module.eks.module.eks_seoul.aws_cloudwatch_log_group.this[0],
[31m│[0m [0m  on .terraform/modules/eks.eks_seoul/main.tf line 203, in resource "aws_cloudwatch_log_group" "this":
[31m│[0m [0m 203: resource "aws_cloudwatch_log_group" "this" [4m{[0m[0m
[31m│[0m [0m
[31m╵[0m[0m
[0m[1mmodule.eks.module.eks_seoul.module.eks_managed_node_group["standard-worker"].data.aws_iam_policy_document.assume_role_policy[0]: Reading...[0m[0m
[0m[1mmodule.ecr.aws_ecr_repository.order: Refreshing state... [id=y2om-order-service][0m
[0m[1mmodule.network.aws_ec2_transit_gateway.kor: Refreshing state... [id=tgw-0de59e10e13d058cf][0m
[0m[1mmodule.network.module.kor_vpc.data.aws_ami.amazon_linux: Reading...[0m[0m
[0m[1mmodule.ecr.data.aws_caller_identity.current: Reading...[0m[0m
[0m[1mmodule.eks.module.eks_seoul.module.eks_managed_node_group["standard-worker"].data.aws_iam_policy_document.assume_role_policy[0]: Read complete after 0s [id=2560088296][0m
[0m[1mmodule.acm.aws_acm_certificate.cname_api_seoul: Refreshing state... [id=arn:aws:acm:ap-northeast-2:404457776061:certificate/0471dcd4-d403-4338-b9de-7ea997e474d1][0m
[0m[1mmodule.eks.module.eks_seoul.module.eks_managed_node_group["standard-worker"].data.aws_partition.current: Reading...[0m[0m
[0m[1mmodule.network.module.kor_vpc.aws_vpc.this: Refreshing state... [id=vpc-0e57dec633eeaf44e][0m
[0m[1mmodule.eks.module.eks_seoul.module.eks_managed_node_group["standard-worker"].data.aws_partition.current: Read complete after 0s [id=aws][0m
[0m[1mmodule.database.data.aws_secretsmanager_secret.kor_db: Reading...[0m[0m
[0m[1mmodule.network.aws_customer_gateway.onprem_cgw: Refreshing state... [id=cgw-00ef8b15d1ecb530a][0m
[0m[1mmodule.ecr.data.aws_caller_identity.current: Read complete after 0s [id=404457776061][0m
[0m[1mmodule.ecr.aws_ecr_repository.user: Refreshing state... [id=y2om-user-service][0m
[0m[1mmodule.eks.module.eks_seoul.module.kms.data.aws_partition.current[0]: Reading...[0m[0m
[0m[1mmodule.eks.module.eks_seoul.module.kms.data.aws_partition.current[0]: Read complete after 0s [id=aws][0m
[0m[1mmodule.eks.module.eks_seoul.data.aws_iam_policy_document.assume_role_policy[0]: Reading...[0m[0m
[0m[1mmodule.eks.module.eks_seoul.data.aws_iam_policy_document.assume_role_policy[0]: Read complete after 0s [id=2830595799][0m
[0m[1mmodule.network.module.kor_vpc.aws_eip.nat: Refreshing state... [id=eipalloc-0a347f355609ccd16][0m
[0m[1mmodule.eks.module.eks_seoul.module.eks_managed_node_group["standard-worker"].data.aws_caller_identity.current: Reading...[0m[0m
[0m[1mmodule.database.data.aws_secretsmanager_secret.kor_db: Read complete after 0s [id=arn:aws:secretsmanager:ap-northeast-2:404457776061:secret:formation-lap/db/dev/credentials-4rct3d][0m
[0m[1mmodule.eks.module.eks_seoul.module.kms.data.aws_caller_identity.current[0]: Reading...[0m[0m
[0m[1mmodule.ecr.aws_ecr_repository.product: Refreshing state... [id=y2om-product-service][0m
[0m[1mmodule.eks.module.eks_seoul.data.aws_caller_identity.current[0]: Reading...[0m[0m
[0m[1mmodule.eks.module.eks_seoul.module.eks_managed_node_group["standard-worker"].data.aws_caller_identity.current: Read complete after 0s [id=404457776061][0m
[0m[1mmodule.eks.module.eks_seoul.data.aws_partition.current[0]: Reading...[0m[0m
[0m[1mmodule.eks.module.eks_seoul.module.kms.data.aws_caller_identity.current[0]: Read complete after 0s [id=404457776061][0m
[0m[1mmodule.eks.module.eks_seoul.data.aws_partition.current[0]: Read complete after 0s [id=aws][0m
[0m[1mmodule.eks.module.cluster_autoscaler_irsa_seoul.data.aws_caller_identity.current: Reading...[0m[0m
[0m[1mmodule.database.data.aws_iam_policy_document.rds_proxy_assume_role: Reading...[0m[0m
[0m[1mmodule.eks.module.cluster_autoscaler_irsa_oregon.data.aws_region.current: Reading...[0m[0m
[0m[1mmodule.eks.module.cluster_autoscaler_irsa_oregon.data.aws_region.current: Read complete after 0s [id=ap-northeast-2][0m
[0m[1mmodule.database.data.aws_iam_policy_document.rds_proxy_assume_role: Read complete after 0s [id=2562693050][0m
[0m[1mmodule.s3.aws_s3_bucket.this: Refreshing state... [id=y2om-my-origin-bucket-123456][0m
[0m[1mmodule.eks.module.cluster_autoscaler_irsa_oregon.data.aws_caller_identity.current: Reading...[0m[0m
[0m[1mmodule.eks.module.eks_seoul.data.aws_caller_identity.current[0]: Read complete after 1s [id=404457776061][0m
[0m[1mmodule.eks.module.cluster_autoscaler_irsa_seoul.data.aws_region.current: Reading...[0m[0m
[0m[1mmodule.eks.module.cluster_autoscaler_irsa_seoul.data.aws_region.current: Read complete after 0s [id=ap-northeast-2][0m
[0m[1mmodule.eks.module.cluster_autoscaler_irsa_oregon.data.aws_partition.current: Reading...[0m[0m
[0m[1mmodule.eks.module.cluster_autoscaler_irsa_oregon.data.aws_partition.current: Read complete after 0s [id=aws][0m
[0m[1mmodule.eks.module.cluster_autoscaler_irsa_seoul.data.aws_partition.current: Reading...[0m[0m
[0m[1mmodule.eks.module.cluster_autoscaler_irsa_seoul.data.aws_partition.current: Read complete after 0s [id=aws][0m
[0m[1mmodule.eks.module.eks_seoul.module.eks_managed_node_group["standard-worker"].aws_iam_role.this[0]: Refreshing state... [id=standard-worker-eks-node-group-20260111103214302400000002][0m
[0m[1mmodule.eks.module.cluster_autoscaler_irsa_seoul.data.aws_caller_identity.current: Read complete after 0s [id=404457776061][0m
[0m[1mmodule.ecr.aws_ecr_replication_configuration.seoul_to_oregon: Refreshing state... [id=404457776061][0m
[0m[1mmodule.eks.module.cluster_autoscaler_irsa_oregon.data.aws_caller_identity.current: Read complete after 0s [id=404457776061][0m
[0m[1mmodule.network.aws_ec2_transit_gateway_route_table.kor: Refreshing state... [id=tgw-rtb-02b9a3cbe946138c7][0m
[0m[1mmodule.eks.module.eks_seoul.aws_iam_role.this[0]: Refreshing state... [id=y2om-formation-lap-seoul-cluster-20260111103214304200000003][0m
[0m[1mmodule.network.aws_vpn_connection.onprem_to_seoul_vpn: Refreshing state... [id=vpn-0ab38a927b4553ce4][0m
[0m[1mmodule.database.data.aws_secretsmanager_secret_version.kor_db: Reading...[0m[0m
[0m[1mmodule.database.aws_iam_role.kor_rds_proxy: Refreshing state... [id=y2om-formation-lap-KOR-RDS-Proxy-Role][0m
[0m[1mmodule.database.data.aws_secretsmanager_secret_version.kor_db: Read complete after 0s [id=arn:aws:secretsmanager:ap-northeast-2:404457776061:secret:formation-lap/db/dev/credentials-4rct3d|AWSCURRENT][0m
[0m[1mmodule.eks.module.eks_seoul.data.aws_iam_session_context.current[0]: Reading...[0m[0m
[0m[1mmodule.eks.module.eks_seoul.data.aws_iam_session_context.current[0]: Read complete after 0s [id=arn:aws:iam::404457776061:user/Yeom_Seongsik][0m
[0m[1mmodule.eks.module.eks_seoul.data.aws_iam_policy_document.custom[0]: Reading...[0m[0m
[0m[1mmodule.eks.module.eks_seoul.data.aws_iam_policy_document.custom[0]: Read complete after 0s [id=513122117][0m
[0m[1mmodule.eks.module.eks_seoul.aws_iam_policy.custom[0]: Refreshing state... [id=arn:aws:iam::404457776061:policy/y2om-formation-lap-seoul-cluster-20260111103215168400000004][0m
[0m[1mmodule.s3.aws_s3_bucket_public_access_block.this: Refreshing state... [id=y2om-my-origin-bucket-123456][0m
[0m[1mmodule.network.module.kor_vpc.aws_internet_gateway.this: Refreshing state... [id=igw-0e8b2f60b518b7608][0m
[0m[1mmodule.network.module.kor_vpc.aws_security_group.bastion: Refreshing state... [id=sg-0b86b89c4ea2e0ce9][0m
[0m[1mmodule.network.module.kor_vpc.data.aws_ami.amazon_linux: Read complete after 1s [id=ami-094ae5292d8e74679][0m
[0m[1mmodule.network.module.kor_vpc.aws_subnet.public[0]: Refreshing state... [id=subnet-05408b16d3592c6c2][0m
[0m[1mmodule.network.module.kor_vpc.aws_subnet.private[0]: Refreshing state... [id=subnet-05d413cbbff3f557a][0m
[0m[1mmodule.network.module.kor_vpc.aws_subnet.private[1]: Refreshing state... [id=subnet-033ae3e84ba2d924e][0m
[0m[1mmodule.network.module.kor_vpc.aws_subnet.private[2]: Refreshing state... [id=subnet-093999490b2834b49][0m
[0m[1mmodule.network.module.kor_vpc.aws_subnet.private[3]: Refreshing state... [id=subnet-080b46f3d1b2a6d76][0m
[0m[1mmodule.network.module.kor_vpc.aws_subnet.tgw[0]: Refreshing state... [id=subnet-06fcf4c2833acc676][0m
[0m[1mmodule.network.module.kor_vpc.aws_subnet.tgw[1]: Refreshing state... [id=subnet-00af2154253c51b5d][0m
[0m[1mmodule.network.module.kor_vpc.aws_subnet.public[1]: Refreshing state... [id=subnet-046ea2db208ce006e][0m
[0m[1mmodule.network.module.kor_vpc.aws_route_table.private: Refreshing state... [id=rtb-00afe71a2b829d358][0m
[0m[1mmodule.network.module.kor_vpc.aws_route_table.public: Refreshing state... [id=rtb-07187acdf9fcc33ad][0m
[0m[1mmodule.network.module.kor_vpc.aws_security_group.test: Refreshing state... [id=sg-022e3a5a93e1ac586][0m
[0m[1mmodule.network.aws_ec2_transit_gateway_route.tgw_route_to_onprem: Refreshing state... [id=tgw-rtb-0e6b734b7155633ec_192.168.0.0/16][0m
[0m[1mmodule.eks.module.eks_oregon.data.aws_caller_identity.current[0]: Reading...[0m[0m
[0m[1mmodule.database.aws_iam_role.usa_rds_proxy: Refreshing state... [id=y2om-formation-lap-USA-RDS-Proxy-Role][0m
[0m[1mmodule.eks.module.eks_oregon.module.eks_managed_node_group["standard-worker"].data.aws_caller_identity.current: Reading...[0m[0m
[0m[1mmodule.eks.module.eks_oregon.data.aws_partition.current[0]: Reading...[0m[0m
[0m[1mmodule.eks.module.eks_oregon.data.aws_partition.current[0]: Read complete after 0s [id=aws][0m
[0m[1mmodule.ecr.aws_ecr_repository.order_oregon: Refreshing state... [id=y2om-order-service][0m
[0m[1mmodule.network.module.usa_vpc.aws_vpc.this: Refreshing state... [id=vpc-088ff6176a580ffde][0m
[0m[1mmodule.eks.module.eks_oregon.data.aws_caller_identity.current[0]: Read complete after 0s [id=404457776061][0m
[0m[1mmodule.network.module.usa_vpc.aws_eip.nat: Refreshing state... [id=eipalloc-0e6c41f9c1cca3489][0m
[0m[1mmodule.network.module.usa_vpc.data.aws_ami.amazon_linux: Reading...[0m[0m
[0m[1mmodule.eks.module.eks_oregon.module.eks_managed_node_group["standard-worker"].data.aws_caller_identity.current: Read complete after 1s [id=404457776061][0m
[0m[1mmodule.database.data.aws_secretsmanager_secret.usa_db: Reading...[0m[0m
[0m[1mmodule.ecr.aws_ecr_repository.product_oregon: Refreshing state... [id=y2om-product-service][0m
[0m[1mmodule.ecr.aws_ecr_repository.user_oregon: Refreshing state... [id=y2om-user-service][0m
[0m[1mmodule.eks.module.eks_oregon.module.eks_managed_node_group["standard-worker"].data.aws_iam_policy_document.assume_role_policy[0]: Reading...[0m[0m
[0m[1mmodule.eks.module.eks_oregon.module.eks_managed_node_group["standard-worker"].data.aws_iam_policy_document.assume_role_policy[0]: Read complete after 0s [id=2560088296][0m
[0m[1mmodule.eks.module.eks_oregon.module.eks_managed_node_group["standard-worker"].data.aws_partition.current: Reading...[0m[0m
[0m[1mmodule.eks.module.eks_oregon.module.eks_managed_node_group["standard-worker"].data.aws_partition.current: Read complete after 0s [id=aws][0m
[0m[1mmodule.eks.module.eks_oregon.module.kms.data.aws_partition.current[0]: Reading...[0m[0m
[0m[1mmodule.eks.module.eks_oregon.module.kms.data.aws_partition.current[0]: Read complete after 0s [id=aws][0m
[0m[1mmodule.acm.aws_acm_certificate.cname_api_oregon: Refreshing state... [id=arn:aws:acm:us-west-2:404457776061:certificate/d4fd8972-1a7b-4326-b8b8-cde496ca927a][0m
[0m[1mmodule.eks.module.eks_oregon.module.kms.data.aws_caller_identity.current[0]: Reading...[0m[0m
[0m[1mmodule.database.data.aws_secretsmanager_secret.usa_db: Read complete after 1s [id=arn:aws:secretsmanager:us-west-2:404457776061:secret:formation-lap/db/dev/credentials-wcqjhT][0m
[0m[1mmodule.network.aws_ec2_transit_gateway.usa: Refreshing state... [id=tgw-0e0d1af73a6be6630][0m
[0m[1mmodule.eks.module.eks_oregon.data.aws_iam_policy_document.assume_role_policy[0]: Reading...[0m[0m
[0m[1mmodule.eks.module.eks_oregon.data.aws_iam_policy_document.assume_role_policy[0]: Read complete after 0s [id=2830595799][0m
[0m[1mmodule.network.module.kor_vpc.aws_nat_gateway.this: Refreshing state... [id=nat-0af385c6781e4f31e][0m
[0m[1mmodule.network.module.kor_vpc.aws_instance.bastion: Refreshing state... [id=i-0d8a4db440706cb68][0m
[0m[1mmodule.eks.module.eks_oregon.module.kms.data.aws_caller_identity.current[0]: Read complete after 0s [id=404457776061][0m
[0m[1mmodule.network.module.kor_vpc.aws_ec2_transit_gateway_vpc_attachment.this: Refreshing state... [id=tgw-attach-0c9fc8519e4e4f806][0m
[0m[1mmodule.network.module.kor_vpc.aws_route.to_tgw: Refreshing state... [id=r-rtb-00afe71a2b829d3582738081526][0m
[0m[1mmodule.network.module.usa_vpc.data.aws_ami.amazon_linux: Read complete after 1s [id=ami-0688bf0f4fb02a07b][0m
[0m[1mmodule.network.module.kor_vpc.aws_route_table_association.private[0]: Refreshing state... [id=rtbassoc-0f60413538f381c87][0m
[0m[1mmodule.network.module.kor_vpc.aws_route_table_association.private[1]: Refreshing state... [id=rtbassoc-0b936a2355a2e608e][0m
[0m[1mmodule.network.module.kor_vpc.aws_route_table_association.private[2]: Refreshing state... [id=rtbassoc-076b48d3c3f520cd8][0m
[0m[1mmodule.network.module.kor_vpc.aws_route_table_association.private[3]: Refreshing state... [id=rtbassoc-050fa6806bf6dfa3b][0m
[0m[1mmodule.network.module.kor_vpc.aws_route.igw: Refreshing state... [id=r-rtb-07187acdf9fcc33ad1080289494][0m
[0m[1mmodule.network.module.kor_vpc.aws_route_table_association.public[0]: Refreshing state... [id=rtbassoc-05c6c046033053873][0m
[0m[1mmodule.network.module.kor_vpc.aws_route_table_association.public[1]: Refreshing state... [id=rtbassoc-0003061ac667b21f7][0m
[0m[1mmodule.network.module.kor_vpc.aws_instance.test: Refreshing state... [id=i-012c38cae6eb6b1b3][0m
[0m[1mmodule.eks.module.eks_oregon.data.aws_iam_session_context.current[0]: Reading...[0m[0m
[0m[1mmodule.eks.module.eks_oregon.data.aws_iam_session_context.current[0]: Read complete after 0s [id=arn:aws:iam::404457776061:user/Yeom_Seongsik][0m
[0m[1mmodule.acm.aws_acm_certificate.a_www: Refreshing state... [id=arn:aws:acm:us-east-1:404457776061:certificate/01b1bd9a-0a68-4cc6-a1a6-03779b2576d5][0m
[0m[1mmodule.eks.module.eks_seoul.aws_iam_role_policy_attachment.custom[0]: Refreshing state... [id=y2om-formation-lap-seoul-cluster-20260111103214304200000003-20260111103223372300000008][0m
[0m[1mmodule.eks.module.eks_seoul.aws_iam_role_policy_attachment.this["AmazonEKSClusterPolicy"]: Refreshing state... [id=y2om-formation-lap-seoul-cluster-20260111103214304200000003-2026011110322387740000000a][0m
[0m[1mmodule.eks.module.eks_seoul.aws_iam_role_policy_attachment.this["AmazonEKSVPCResourceController"]: Refreshing state... [id=y2om-formation-lap-seoul-cluster-20260111103214304200000003-20260111103223555200000009][0m
[0m[1mmodule.eks.module.eks_oregon.module.eks_managed_node_group["standard-worker"].aws_iam_role.this[0]: Refreshing state... [id=standard-worker-eks-node-group-20260111103215426800000001][0m
[0m[1mmodule.eks.module.eks_seoul.module.eks_managed_node_group["standard-worker"].aws_iam_role_policy_attachment.this["AmazonEC2ContainerRegistryReadOnly"]: Refreshing state... [id=standard-worker-eks-node-group-20260111103214302400000002-20260111103221661100000006][0m
[0m[1mmodule.eks.module.eks_seoul.module.eks_managed_node_group["standard-worker"].aws_iam_role_policy_attachment.this["AmazonEKSWorkerNodePolicy"]: Refreshing state... [id=standard-worker-eks-node-group-20260111103214302400000002-20260111103221146500000005][0m
[0m[1mmodule.eks.module.eks_seoul.module.eks_managed_node_group["standard-worker"].aws_iam_role_policy_attachment.this["AmazonEKS_CNI_Policy"]: Refreshing state... [id=standard-worker-eks-node-group-20260111103214302400000002-20260111103221969700000007][0m
[0m[1mmodule.database.data.aws_secretsmanager_secret_version.usa_db: Reading...[0m[0m
[0m[1mmodule.eks.module.eks_oregon.aws_iam_role.this[0]: Refreshing state... [id=y2om-formation-lap-oregon-cluster-20260111103219266800000003][0m
[0m[1mmodule.network.module.kor_vpc.aws_route.private_to_nat: Refreshing state... [id=r-rtb-00afe71a2b829d3581080289494][0m
[0m[1mmodule.network.aws_ec2_transit_gateway_route_table.usa: Refreshing state... [id=tgw-rtb-09f6d4ad86ac1bc15][0m
[0m[1mmodule.network.aws_ec2_transit_gateway_peering_attachment.kor_to_usa: Refreshing state... [id=tgw-attach-05e4f49205cf24157][0m
[0m[1mmodule.network.aws_route.kor_private_to_onprem[0]: Refreshing state... [id=r-rtb-00afe71a2b829d3583901788224][0m
[0m[1mmodule.network.aws_route.kor_public_to_onprem[0]: Refreshing state... [id=r-rtb-07187acdf9fcc33ad3901788224][0m
[0m[1mmodule.database.data.aws_secretsmanager_secret_version.usa_db: Read complete after 0s [id=arn:aws:secretsmanager:us-west-2:404457776061:secret:formation-lap/db/dev/credentials-wcqjhT|AWSCURRENT][0m
[0m[1mmodule.database.aws_iam_role_policy.kor_rds_proxy: Refreshing state... [id=y2om-formation-lap-KOR-RDS-Proxy-Role:y2om-formation-lap-KOR-RDS-Proxy-Secrets-Policy][0m
[0m[1mmodule.eks.module.eks_oregon.data.aws_iam_policy_document.custom[0]: Reading...[0m[0m
[0m[1mmodule.eks.module.eks_oregon.data.aws_iam_policy_document.custom[0]: Read complete after 0s [id=513122117][0m
[0m[1mmodule.database.aws_iam_role_policy.usa_rds_proxy: Refreshing state... [id=y2om-formation-lap-USA-RDS-Proxy-Role:y2om-formation-lap-USA-RDS-Proxy-Secrets-Policy][0m
[0m[1mmodule.database.aws_security_group.db_kor: Refreshing state... [id=sg-0ffaba38d65728b6a][0m
[0m[1mmodule.database.aws_security_group.proxy_kor: Refreshing state... [id=sg-08ef1eb8bf26cd150][0m
[0m[1mmodule.network.aws_ec2_transit_gateway_peering_attachment_accepter.usa_accept: Refreshing state... [id=tgw-attach-05e4f49205cf24157][0m
[0m[1mmodule.database.aws_db_subnet_group.kor: Refreshing state... [id=y2om-kor-db-subnet-group][0m
[0m[1mmodule.eks.module.eks_seoul.module.kms.data.aws_iam_policy_document.this[0]: Reading...[0m[0m
[0m[1mmodule.eks.module.eks_oregon.aws_iam_policy.custom[0]: Refreshing state... [id=arn:aws:iam::404457776061:policy/y2om-formation-lap-oregon-cluster-20260111103223804100000007][0m
[0m[1mmodule.eks.module.eks_seoul.module.kms.data.aws_iam_policy_document.this[0]: Read complete after 0s [id=4125799699][0m
[0m[1mmodule.eks.module.eks_seoul.aws_security_group.cluster[0]: Refreshing state... [id=sg-083d08d6084ba8f03][0m
[0m[1mmodule.eks.module.eks_seoul.aws_security_group.node[0]: Refreshing state... [id=sg-0ac51eaffa081c9d4][0m
[0m[1mmodule.network.module.usa_vpc.aws_route_table.private: Refreshing state... [id=rtb-03a358c4de7445310][0m
[0m[1mmodule.network.module.usa_vpc.aws_security_group.bastion: Refreshing state... [id=sg-0d7926c2542c4d267][0m
[0m[1mmodule.network.module.usa_vpc.aws_security_group.test: Refreshing state... [id=sg-0bbbd8561b77c44ee][0m
[0m[1mmodule.network.module.usa_vpc.aws_subnet.public[0]: Refreshing state... [id=subnet-06a594f6d1ec61418][0m
[0m[1mmodule.network.module.usa_vpc.aws_subnet.public[1]: Refreshing state... [id=subnet-0200f2a056f49cf36][0m
[0m[1mmodule.network.module.usa_vpc.aws_subnet.private[1]: Refreshing state... [id=subnet-0a16a918c8631dfcc][0m
[0m[1mmodule.network.module.usa_vpc.aws_subnet.tgw[0]: Refreshing state... [id=subnet-0a2f6c409aec92384][0m
[0m[1mmodule.network.module.usa_vpc.aws_subnet.tgw[1]: Refreshing state... [id=subnet-003e66757839bca81][0m
[0m[1mmodule.network.module.usa_vpc.aws_subnet.private[2]: Refreshing state... [id=subnet-040e073f303d075c9][0m
[0m[1mmodule.network.module.usa_vpc.aws_subnet.private[3]: Refreshing state... [id=subnet-045952fcb9e99260c][0m
[0m[1mmodule.network.module.usa_vpc.aws_subnet.private[0]: Refreshing state... [id=subnet-080041238b615cb74][0m
[0m[1mmodule.network.module.usa_vpc.aws_route_table.public: Refreshing state... [id=rtb-0d0c365fe69de84c3][0m
[0m[1mmodule.network.module.usa_vpc.aws_internet_gateway.this: Refreshing state... [id=igw-09c7cc357aa00ee65][0m
[0m[1mmodule.database.aws_db_proxy.kor: Refreshing state... [id=y2om-formation-lap-kor-rds-proxy][0m
[0m[1mmodule.database.aws_security_group_rule.kor_eks_to_db: Refreshing state... [id=sgrule-3836697272][0m
[0m[1mmodule.eks.module.eks_seoul.module.kms.aws_kms_key.this[0]: Refreshing state... [id=5ef77c3c-0147-438a-b4f8-0af3cf91b099][0m
[0m[1mmodule.database.aws_rds_cluster.kor: Refreshing state... [id=y2om-kor-aurora-mysql][0m
[0m[1mmodule.network.module.usa_vpc.aws_route.to_tgw: Refreshing state... [id=r-rtb-03a358c4de74453102851522543][0m
[0m[1mmodule.eks.module.eks_oregon.module.eks_managed_node_group["standard-worker"].aws_iam_role_policy_attachment.this["AmazonEKSWorkerNodePolicy"]: Refreshing state... [id=standard-worker-eks-node-group-20260111103215426800000001-20260111103222865700000006][0m
[0m[1mmodule.eks.module.eks_oregon.module.eks_managed_node_group["standard-worker"].aws_iam_role_policy_attachment.this["AmazonEKS_CNI_Policy"]: Refreshing state... [id=standard-worker-eks-node-group-20260111103215426800000001-20260111103222618400000005][0m
[0m[1mmodule.eks.module.eks_oregon.module.eks_managed_node_group["standard-worker"].aws_iam_role_policy_attachment.this["AmazonEC2ContainerRegistryReadOnly"]: Refreshing state... [id=standard-worker-eks-node-group-20260111103215426800000001-20260111103222323500000004][0m
[0m[1mmodule.network.module.usa_vpc.aws_instance.bastion: Refreshing state... [id=i-09fd9e6deaac9d687][0m
[0m[1mmodule.eks.module.eks_seoul.aws_security_group_rule.node["ingress_cluster_kubelet"]: Refreshing state... [id=sgrule-3356825262][0m
[0m[1mmodule.eks.module.eks_seoul.aws_security_group_rule.node["ingress_self_coredns_udp"]: Refreshing state... [id=sgrule-907690981][0m
[0m[1mmodule.eks.module.eks_seoul.aws_security_group_rule.node["ingress_cluster_9443_webhook"]: Refreshing state... [id=sgrule-380434912][0m
[0m[1mmodule.eks.module.eks_seoul.aws_security_group_rule.node["egress_all"]: Refreshing state... [id=sgrule-971146027][0m
[0m[1mmodule.eks.module.eks_seoul.aws_security_group_rule.node["ingress_cluster_4443_webhook"]: Refreshing state... [id=sgrule-2819854748][0m
[0m[1mmodule.eks.module.eks_seoul.aws_security_group_rule.node["ingress_nodes_ephemeral"]: Refreshing state... [id=sgrule-4166333017][0m
[0m[1mmodule.eks.module.eks_seoul.aws_security_group_rule.node["ingress_cluster_443"]: Refreshing state... [id=sgrule-2326818230][0m
[0m[1mmodule.eks.module.eks_seoul.aws_security_group_rule.node["ingress_cluster_6443_webhook"]: Refreshing state... [id=sgrule-1632761354][0m
[0m[1mmodule.eks.module.eks_seoul.aws_security_group_rule.node["ingress_self_coredns_tcp"]: Refreshing state... [id=sgrule-2454052874][0m
[0m[1mmodule.eks.module.eks_seoul.aws_security_group_rule.node["ingress_cluster_8443_webhook"]: Refreshing state... [id=sgrule-1913506347][0m
[0m[1mmodule.eks.module.eks_seoul.aws_security_group_rule.cluster["ingress_nodes_443"]: Refreshing state... [id=sgrule-202047510][0m
[0m[1mmodule.network.module.usa_vpc.aws_ec2_transit_gateway_vpc_attachment.this: Refreshing state... [id=tgw-attach-07444cbf9cdd81ee6][0m
[0m[1mmodule.network.aws_route.usa_to_onprem[0]: Refreshing state... [id=r-rtb-03a358c4de74453103901788224][0m
[0m[1mmodule.network.module.usa_vpc.aws_route_table_association.public[0]: Refreshing state... [id=rtbassoc-053ea6d2ceffab24a][0m
[0m[1mmodule.network.module.usa_vpc.aws_route_table_association.public[1]: Refreshing state... [id=rtbassoc-0131d68a8da053977][0m
[0m[1mmodule.network.module.usa_vpc.aws_route_table_association.private[1]: Refreshing state... [id=rtbassoc-0466d4afd45317cbe][0m
[0m[1mmodule.network.module.usa_vpc.aws_route_table_association.private[0]: Refreshing state... [id=rtbassoc-0f5140503d556f728][0m
[0m[1mmodule.network.module.usa_vpc.aws_route_table_association.private[2]: Refreshing state... [id=rtbassoc-02cb88b1404f5042d][0m
[0m[1mmodule.network.module.usa_vpc.aws_route_table_association.private[3]: Refreshing state... [id=rtbassoc-0690a36f3869afd1c][0m
[0m[1mmodule.network.module.usa_vpc.aws_instance.test: Refreshing state... [id=i-01537db7021a853fa][0m
[0m[1mmodule.network.module.usa_vpc.aws_route.igw: Refreshing state... [id=r-rtb-0d0c365fe69de84c31080289494][0m
[0m[1mmodule.network.module.usa_vpc.aws_nat_gateway.this: Refreshing state... [id=nat-031827ad8293f6195][0m
[0m[1mmodule.database.aws_db_proxy_default_target_group.kor: Refreshing state... [id=y2om-formation-lap-kor-rds-proxy][0m
[0m[1mmodule.eks.module.eks_oregon.aws_iam_role_policy_attachment.this["AmazonEKSClusterPolicy"]: Refreshing state... [id=y2om-formation-lap-oregon-cluster-20260111103219266800000003-20260111103224869800000008][0m
[0m[1mmodule.database.aws_rds_cluster_instance.kor_writer: Refreshing state... [id=y2om-kor-writer][0m
[0m[1mmodule.database.aws_rds_cluster_instance.kor_reader: Refreshing state... [id=y2om-kor-reader][0m
[0m[1mmodule.eks.module.eks_oregon.aws_iam_role_policy_attachment.this["AmazonEKSVPCResourceController"]: Refreshing state... [id=y2om-formation-lap-oregon-cluster-20260111103219266800000003-20260111103225222500000009][0m
[0m[1mmodule.eks.module.eks_oregon.aws_iam_role_policy_attachment.custom[0]: Refreshing state... [id=y2om-formation-lap-oregon-cluster-20260111103219266800000003-2026011110322589020000000a][0m
[0m[1mmodule.database.aws_security_group.proxy_usa: Refreshing state... [id=sg-0fb65f48f51678108][0m
[0m[1mmodule.database.aws_security_group.db_usa: Refreshing state... [id=sg-0e673731c57e0bb6a][0m
[0m[1mmodule.eks.module.eks_seoul.aws_iam_policy.cluster_encryption[0]: Refreshing state... [id=arn:aws:iam::404457776061:policy/y2om-formation-lap-seoul-cluster-ClusterEncryption20260111103249751700000013][0m
[0m[1mmodule.database.aws_db_proxy_target.kor_cluster: Refreshing state... [id=y2om-formation-lap-kor-rds-proxy/default/TRACKED_CLUSTER/y2om-kor-aurora-mysql][0m
[0m[1mmodule.database.aws_security_group_rule.kor_eks_to_proxy: Refreshing state... [id=sgrule-2229201497][0m
[0m[1mmodule.eks.module.eks_oregon.aws_security_group.cluster[0]: Refreshing state... [id=sg-0e3873d66ac0af1fd][0m
[0m[1mmodule.eks.module.eks_oregon.aws_security_group.node[0]: Refreshing state... [id=sg-021afcb6cb92504a7][0m
[0m[1mmodule.network.module.usa_vpc.aws_route.private_to_nat: Refreshing state... [id=r-rtb-03a358c4de74453101080289494][0m
[0m[1mmodule.eks.module.eks_oregon.module.kms.data.aws_iam_policy_document.this[0]: Reading...[0m[0m
[0m[1mmodule.eks.module.eks_oregon.module.kms.data.aws_iam_policy_document.this[0]: Read complete after 0s [id=63656044][0m
[0m[1mmodule.database.aws_db_subnet_group.usa: Refreshing state... [id=y2om-usa-db-subnet-group][0m
[0m[1mmodule.database.aws_db_proxy.usa: Refreshing state... [id=y2om-formation-lap-usa-rds-proxy][0m
[0m[1mmodule.database.aws_security_group_rule.usa_eks_to_db: Refreshing state... [id=sgrule-1397405542][0m
[0m[1mmodule.eks.module.eks_oregon.module.kms.aws_kms_key.this[0]: Refreshing state... [id=8857907d-78ae-4a95-b837-2a86ee527c20][0m
[0m[1mmodule.eks.module.cluster_autoscaler_irsa_seoul.data.aws_iam_policy_document.cluster_autoscaler[0]: Reading...[0m[0m
[0m[1mmodule.eks.module.cluster_autoscaler_irsa_seoul.data.aws_iam_policy_document.cluster_autoscaler[0]: Read complete after 0s [id=3754662964][0m
[0m[1mmodule.eks.module.eks_oregon.aws_security_group_rule.node["ingress_cluster_kubelet"]: Refreshing state... [id=sgrule-2760169996][0m
[0m[1mmodule.eks.module.eks_oregon.aws_security_group_rule.node["ingress_cluster_9443_webhook"]: Refreshing state... [id=sgrule-3554650025][0m
[0m[1mmodule.eks.module.eks_oregon.aws_security_group_rule.node["ingress_cluster_8443_webhook"]: Refreshing state... [id=sgrule-3078526050][0m
[0m[1mmodule.eks.module.eks_oregon.aws_security_group_rule.node["ingress_cluster_4443_webhook"]: Refreshing state... [id=sgrule-1835061205][0m
[0m[1mmodule.eks.module.eks_oregon.aws_security_group_rule.node["ingress_cluster_443"]: Refreshing state... [id=sgrule-2911031687][0m
[0m[1mmodule.eks.module.eks_oregon.aws_security_group_rule.node["ingress_cluster_6443_webhook"]: Refreshing state... [id=sgrule-2753734723][0m
[0m[1mmodule.eks.module.eks_oregon.aws_security_group_rule.node["ingress_self_coredns_tcp"]: Refreshing state... [id=sgrule-1543208212][0m
[0m[1mmodule.eks.module.eks_oregon.aws_security_group_rule.node["ingress_self_coredns_udp"]: Refreshing state... [id=sgrule-4288995067][0m
[0m[1mmodule.eks.module.eks_oregon.aws_security_group_rule.node["ingress_nodes_ephemeral"]: Refreshing state... [id=sgrule-2397554305][0m
[0m[1mmodule.eks.module.eks_oregon.aws_security_group_rule.node["egress_all"]: Refreshing state... [id=sgrule-2669119370][0m
[0m[1mmodule.eks.module.eks_oregon.aws_security_group_rule.cluster["ingress_nodes_443"]: Refreshing state... [id=sgrule-2867339635][0m
[0m[1mmodule.eks.module.eks_seoul.aws_iam_role_policy_attachment.cluster_encryption[0]: Refreshing state... [id=y2om-formation-lap-seoul-cluster-20260111103214304200000003-20260111103257930800000014][0m
[0m[1mmodule.database.aws_db_proxy_default_target_group.usa: Refreshing state... [id=y2om-formation-lap-usa-rds-proxy][0m
[0m[1mmodule.database.aws_rds_cluster.usa: Refreshing state... [id=y2om-usa-aurora-mysql][0m
[0m[1mmodule.database.aws_security_group_rule.usa_eks_to_proxy: Refreshing state... [id=sgrule-3126178483][0m
[0m[1mmodule.eks.module.eks_oregon.aws_iam_policy.cluster_encryption[0]: Refreshing state... [id=arn:aws:iam::404457776061:policy/y2om-formation-lap-oregon-cluster-ClusterEncryption20260111103301953800000013][0m
[0m[1mmodule.eks.module.cluster_autoscaler_irsa_oregon.data.aws_iam_policy_document.cluster_autoscaler[0]: Reading...[0m[0m
[0m[1mmodule.eks.module.cluster_autoscaler_irsa_oregon.data.aws_iam_policy_document.cluster_autoscaler[0]: Read complete after 0s [id=1867348482][0m
[0m[1mmodule.database.aws_db_proxy_target.usa_cluster: Refreshing state... [id=y2om-formation-lap-usa-rds-proxy/default/TRACKED_CLUSTER/y2om-usa-aurora-mysql][0m
[0m[1mmodule.database.aws_rds_cluster_instance.usa_reader: Refreshing state... [id=y2om-usa-reader][0m
[0m[1mmodule.database.aws_rds_cluster_instance.usa_writer: Refreshing state... [id=y2om-usa-writer][0m
[0m[1mmodule.network.time_sleep.wait_for_tgw: Refreshing state... [id=2026-01-11T10:40:06Z][0m
[0m[1mmodule.network.aws_ec2_transit_gateway_route.usa_to_kor_default: Refreshing state... [id=tgw-rtb-04587b839dd4ee7f4_10.23.0.0/16][0m
[0m[1mmodule.network.aws_ec2_transit_gateway_route.kor_to_usa_default: Refreshing state... [id=tgw-rtb-0e6b734b7155633ec_10.24.0.0/16][0m
[0m[1mmodule.network.aws_ec2_transit_gateway_route.usa_to_office_via_peering: Refreshing state... [id=tgw-rtb-04587b839dd4ee7f4_192.168.0.0/16][0m
[0m[1mmodule.eks.module.eks_oregon.aws_iam_role_policy_attachment.cluster_encryption[0]: Refreshing state... [id=y2om-formation-lap-oregon-cluster-20260111103219266800000003-20260111103307541700000014][0m

Terraform used the selected providers to generate the following execution
plan. Resource actions are indicated with the following symbols:
  [32m+[0m create[0m
 [36m<=[0m read (data resources)[0m

Terraform will perform the following actions:

[1m  # module.addons.aws_iam_policy.alb_controller[0m will be created
[0m  [32m+[0m[0m resource "aws_iam_policy" "alb_controller" {
      [32m+[0m[0m arn              = (known after apply)
      [32m+[0m[0m attachment_count = (known after apply)
      [32m+[0m[0m id               = (known after apply)
      [32m+[0m[0m name             = "y2om-AWSLoadBalancerControllerIAMPolicy"
      [32m+[0m[0m name_prefix      = (known after apply)
      [32m+[0m[0m path             = "/"
      [32m+[0m[0m policy           = jsonencode(
            {
              [32m+[0m[0m Statement = [
                  [32m+[0m[0m {
                      [32m+[0m[0m Action    = [
                          [32m+[0m[0m "iam:CreateServiceLinkedRole",
                        ]
                      [32m+[0m[0m Condition = {
                          [32m+[0m[0m StringEquals = {
                              [32m+[0m[0m "iam:AWSServiceName" = "elasticloadbalancing.amazonaws.com"
                            }
                        }
                      [32m+[0m[0m Effect    = "Allow"
                      [32m+[0m[0m Resource  = "*"
                    },
                  [32m+[0m[0m {
                      [32m+[0m[0m Action   = [
                          [32m+[0m[0m "ec2:DescribeAccountAttributes",
                          [32m+[0m[0m "ec2:DescribeAddresses",
                          [32m+[0m[0m "ec2:DescribeAvailabilityZones",
                          [32m+[0m[0m "ec2:DescribeInternetGateways",
                          [32m+[0m[0m "ec2:DescribeVpcs",
                          [32m+[0m[0m "ec2:DescribeVpcPeeringConnections",
                          [32m+[0m[0m "ec2:DescribeSubnets",
                          [32m+[0m[0m "ec2:DescribeSecurityGroups",
                          [32m+[0m[0m "ec2:DescribeInstances",
                          [32m+[0m[0m "ec2:DescribeNetworkInterfaces",
                          [32m+[0m[0m "ec2:DescribeTags",
                          [32m+[0m[0m "ec2:GetCoipPoolUsage",
                          [32m+[0m[0m "ec2:DescribeCoipPools",
                          [32m+[0m[0m "ec2:GetSecurityGroupsForVpc",
                          [32m+[0m[0m "ec2:DescribeIpamPools",
                          [32m+[0m[0m "ec2:DescribeRouteTables",
                          [32m+[0m[0m "elasticloadbalancing:DescribeLoadBalancers",
                          [32m+[0m[0m "elasticloadbalancing:DescribeLoadBalancerAttributes",
                          [32m+[0m[0m "elasticloadbalancing:DescribeListeners",
                          [32m+[0m[0m "elasticloadbalancing:DescribeListenerCertificates",
                          [32m+[0m[0m "elasticloadbalancing:DescribeSSLPolicies",
                          [32m+[0m[0m "elasticloadbalancing:DescribeRules",
                          [32m+[0m[0m "elasticloadbalancing:DescribeTargetGroups",
                          [32m+[0m[0m "elasticloadbalancing:DescribeTargetGroupAttributes",
                          [32m+[0m[0m "elasticloadbalancing:DescribeTargetHealth",
                          [32m+[0m[0m "elasticloadbalancing:DescribeTags",
                          [32m+[0m[0m "elasticloadbalancing:DescribeTrustStores",
                          [32m+[0m[0m "elasticloadbalancing:DescribeListenerAttributes",
                          [32m+[0m[0m "elasticloadbalancing:DescribeCapacityReservation",
                        ]
                      [32m+[0m[0m Effect   = "Allow"
                      [32m+[0m[0m Resource = "*"
                    },
                  [32m+[0m[0m {
                      [32m+[0m[0m Action   = [
                          [32m+[0m[0m "cognito-idp:DescribeUserPoolClient",
                          [32m+[0m[0m "acm:ListCertificates",
                          [32m+[0m[0m "acm:DescribeCertificate",
                          [32m+[0m[0m "iam:ListServerCertificates",
                          [32m+[0m[0m "iam:GetServerCertificate",
                          [32m+[0m[0m "waf-regional:GetWebACL",
                          [32m+[0m[0m "waf-regional:GetWebACLForResource",
                          [32m+[0m[0m "waf-regional:AssociateWebACL",
                          [32m+[0m[0m "waf-regional:DisassociateWebACL",
                          [32m+[0m[0m "wafv2:GetWebACL",
                          [32m+[0m[0m "wafv2:GetWebACLForResource",
                          [32m+[0m[0m "wafv2:AssociateWebACL",
                          [32m+[0m[0m "wafv2:DisassociateWebACL",
                          [32m+[0m[0m "shield:GetSubscriptionState",
                          [32m+[0m[0m "shield:DescribeProtection",
                          [32m+[0m[0m "shield:CreateProtection",
                          [32m+[0m[0m "shield:DeleteProtection",
                        ]
                      [32m+[0m[0m Effect   = "Allow"
                      [32m+[0m[0m Resource = "*"
                    },
                  [32m+[0m[0m {
                      [32m+[0m[0m Action   = [
                          [32m+[0m[0m "ec2:AuthorizeSecurityGroupIngress",
                          [32m+[0m[0m "ec2:RevokeSecurityGroupIngress",
                        ]
                      [32m+[0m[0m Effect   = "Allow"
                      [32m+[0m[0m Resource = "*"
                    },
                  [32m+[0m[0m {
                      [32m+[0m[0m Action   = [
                          [32m+[0m[0m "ec2:CreateSecurityGroup",
                        ]
                      [32m+[0m[0m Effect   = "Allow"
                      [32m+[0m[0m Resource = "*"
                    },
                  [32m+[0m[0m {
                      [32m+[0m[0m Action    = [
                          [32m+[0m[0m "ec2:CreateTags",
                        ]
                      [32m+[0m[0m Condition = {
                          [32m+[0m[0m Null         = {
                              [32m+[0m[0m "aws:RequestTag/elbv2.k8s.aws/cluster" = "false"
                            }
                          [32m+[0m[0m StringEquals = {
                              [32m+[0m[0m "ec2:CreateAction" = "CreateSecurityGroup"
                            }
                        }
                      [32m+[0m[0m Effect    = "Allow"
                      [32m+[0m[0m Resource  = "arn:aws:ec2:*:*:security-group/*"
                    },
                  [32m+[0m[0m {
                      [32m+[0m[0m Action    = [
                          [32m+[0m[0m "ec2:CreateTags",
                          [32m+[0m[0m "ec2:DeleteTags",
                        ]
                      [32m+[0m[0m Condition = {
                          [32m+[0m[0m Null = {
                              [32m+[0m[0m "aws:RequestTag/elbv2.k8s.aws/cluster"  = "true"
                              [32m+[0m[0m "aws:ResourceTag/elbv2.k8s.aws/cluster" = "false"
                            }
                        }
                      [32m+[0m[0m Effect    = "Allow"
                      [32m+[0m[0m Resource  = "arn:aws:ec2:*:*:security-group/*"
                    },
                  [32m+[0m[0m {
                      [32m+[0m[0m Action    = [
                          [32m+[0m[0m "ec2:AuthorizeSecurityGroupIngress",
                          [32m+[0m[0m "ec2:RevokeSecurityGroupIngress",
                          [32m+[0m[0m "ec2:DeleteSecurityGroup",
                        ]
                      [32m+[0m[0m Condition = {
                          [32m+[0m[0m Null = {
                              [32m+[0m[0m "aws:ResourceTag/elbv2.k8s.aws/cluster" = "false"
                            }
                        }
                      [32m+[0m[0m Effect    = "Allow"
                      [32m+[0m[0m Resource  = "*"
                    },
                  [32m+[0m[0m {
                      [32m+[0m[0m Action    = [
                          [32m+[0m[0m "elasticloadbalancing:CreateLoadBalancer",
                          [32m+[0m[0m "elasticloadbalancing:CreateTargetGroup",
                        ]
                      [32m+[0m[0m Condition = {
                          [32m+[0m[0m Null = {
                              [32m+[0m[0m "aws:RequestTag/elbv2.k8s.aws/cluster" = "false"
                            }
                        }
                      [32m+[0m[0m Effect    = "Allow"
                      [32m+[0m[0m Resource  = "*"
                    },
                  [32m+[0m[0m {
                      [32m+[0m[0m Action   = [
                          [32m+[0m[0m "elasticloadbalancing:CreateListener",
                          [32m+[0m[0m "elasticloadbalancing:DeleteListener",
                          [32m+[0m[0m "elasticloadbalancing:CreateRule",
                          [32m+[0m[0m "elasticloadbalancing:DeleteRule",
                        ]
                      [32m+[0m[0m Effect   = "Allow"
                      [32m+[0m[0m Resource = "*"
                    },
                  [32m+[0m[0m {
                      [32m+[0m[0m Action    = [
                          [32m+[0m[0m "elasticloadbalancing:AddTags",
                          [32m+[0m[0m "elasticloadbalancing:RemoveTags",
                        ]
                      [32m+[0m[0m Condition = {
                          [32m+[0m[0m Null = {
                              [32m+[0m[0m "aws:RequestTag/elbv2.k8s.aws/cluster"  = "true"
                              [32m+[0m[0m "aws:ResourceTag/elbv2.k8s.aws/cluster" = "false"
                            }
                        }
                      [32m+[0m[0m Effect    = "Allow"
                      [32m+[0m[0m Resource  = [
                          [32m+[0m[0m "arn:aws:elasticloadbalancing:*:*:targetgroup/*/*",
                          [32m+[0m[0m "arn:aws:elasticloadbalancing:*:*:loadbalancer/net/*/*",
                          [32m+[0m[0m "arn:aws:elasticloadbalancing:*:*:loadbalancer/app/*/*",
                        ]
                    },
                  [32m+[0m[0m {
                      [32m+[0m[0m Action   = [
                          [32m+[0m[0m "elasticloadbalancing:AddTags",
                          [32m+[0m[0m "elasticloadbalancing:RemoveTags",
                        ]
                      [32m+[0m[0m Effect   = "Allow"
                      [32m+[0m[0m Resource = [
                          [32m+[0m[0m "arn:aws:elasticloadbalancing:*:*:listener/net/*/*/*",
                          [32m+[0m[0m "arn:aws:elasticloadbalancing:*:*:listener/app/*/*/*",
                          [32m+[0m[0m "arn:aws:elasticloadbalancing:*:*:listener-rule/net/*/*/*",
                          [32m+[0m[0m "arn:aws:elasticloadbalancing:*:*:listener-rule/app/*/*/*",
                        ]
                    },
                  [32m+[0m[0m {
                      [32m+[0m[0m Action    = [
                          [32m+[0m[0m "elasticloadbalancing:ModifyLoadBalancerAttributes",
                          [32m+[0m[0m "elasticloadbalancing:SetIpAddressType",
                          [32m+[0m[0m "elasticloadbalancing:SetSecurityGroups",
                          [32m+[0m[0m "elasticloadbalancing:SetSubnets",
                          [32m+[0m[0m "elasticloadbalancing:DeleteLoadBalancer",
                          [32m+[0m[0m "elasticloadbalancing:ModifyTargetGroup",
                          [32m+[0m[0m "elasticloadbalancing:ModifyTargetGroupAttributes",
                          [32m+[0m[0m "elasticloadbalancing:DeleteTargetGroup",
                          [32m+[0m[0m "elasticloadbalancing:ModifyListenerAttributes",
                          [32m+[0m[0m "elasticloadbalancing:ModifyCapacityReservation",
                          [32m+[0m[0m "elasticloadbalancing:ModifyIpPools",
                        ]
                      [32m+[0m[0m Condition = {
                          [32m+[0m[0m Null = {
                              [32m+[0m[0m "aws:ResourceTag/elbv2.k8s.aws/cluster" = "false"
                            }
                        }
                      [32m+[0m[0m Effect    = "Allow"
                      [32m+[0m[0m Resource  = "*"
                    },
                  [32m+[0m[0m {
                      [32m+[0m[0m Action    = [
                          [32m+[0m[0m "elasticloadbalancing:AddTags",
                        ]
                      [32m+[0m[0m Condition = {
                          [32m+[0m[0m Null         = {
                              [32m+[0m[0m "aws:RequestTag/elbv2.k8s.aws/cluster" = "false"
                            }
                          [32m+[0m[0m StringEquals = {
                              [32m+[0m[0m "elasticloadbalancing:CreateAction" = [
                                  [32m+[0m[0m "CreateTargetGroup",
                                  [32m+[0m[0m "CreateLoadBalancer",
                                ]
                            }
                        }
                      [32m+[0m[0m Effect    = "Allow"
                      [32m+[0m[0m Resource  = [
                          [32m+[0m[0m "arn:aws:elasticloadbalancing:*:*:targetgroup/*/*",
                          [32m+[0m[0m "arn:aws:elasticloadbalancing:*:*:loadbalancer/net/*/*",
                          [32m+[0m[0m "arn:aws:elasticloadbalancing:*:*:loadbalancer/app/*/*",
                        ]
                    },
                  [32m+[0m[0m {
                      [32m+[0m[0m Action   = [
                          [32m+[0m[0m "elasticloadbalancing:RegisterTargets",
                          [32m+[0m[0m "elasticloadbalancing:DeregisterTargets",
                        ]
                      [32m+[0m[0m Effect   = "Allow"
                      [32m+[0m[0m Resource = "arn:aws:elasticloadbalancing:*:*:targetgroup/*/*"
                    },
                  [32m+[0m[0m {
                      [32m+[0m[0m Action   = [
                          [32m+[0m[0m "elasticloadbalancing:SetWebAcl",
                          [32m+[0m[0m "elasticloadbalancing:ModifyListener",
                          [32m+[0m[0m "elasticloadbalancing:AddListenerCertificates",
                          [32m+[0m[0m "elasticloadbalancing:RemoveListenerCertificates",
                          [32m+[0m[0m "elasticloadbalancing:ModifyRule",
                          [32m+[0m[0m "elasticloadbalancing:SetRulePriorities",
                        ]
                      [32m+[0m[0m Effect   = "Allow"
                      [32m+[0m[0m Resource = "*"
                    },
                ]
              [32m+[0m[0m Version   = "2012-10-17"
            }
        )
      [32m+[0m[0m policy_id        = (known after apply)
      [32m+[0m[0m tags_all         = (known after apply)
    }

[1m  # module.addons.helm_release.aws_load_balancer_controller[0m will be created
[0m  [32m+[0m[0m resource "helm_release" "aws_load_balancer_controller" {
      [32m+[0m[0m atomic                     = false
      [32m+[0m[0m chart                      = "aws-load-balancer-controller"
      [32m+[0m[0m cleanup_on_fail            = false
      [32m+[0m[0m create_namespace           = false
      [32m+[0m[0m dependency_update          = false
      [32m+[0m[0m disable_crd_hooks          = false
      [32m+[0m[0m disable_openapi_validation = false
      [32m+[0m[0m disable_webhooks           = false
      [32m+[0m[0m force_update               = false
      [32m+[0m[0m id                         = (known after apply)
      [32m+[0m[0m lint                       = false
      [32m+[0m[0m manifest                   = (known after apply)
      [32m+[0m[0m max_history                = 0
      [32m+[0m[0m metadata                   = (known after apply)
      [32m+[0m[0m name                       = "aws-load-balancer-controller"
      [32m+[0m[0m namespace                  = "kube-system"
      [32m+[0m[0m pass_credentials           = false
      [32m+[0m[0m recreate_pods              = false
      [32m+[0m[0m render_subchart_notes      = true
      [32m+[0m[0m replace                    = false
      [32m+[0m[0m repository                 = "https://aws.github.io/eks-charts"
      [32m+[0m[0m reset_values               = false
      [32m+[0m[0m reuse_values               = false
      [32m+[0m[0m skip_crds                  = false
      [32m+[0m[0m status                     = "deployed"
      [32m+[0m[0m timeout                    = 600
      [32m+[0m[0m verify                     = false
      [32m+[0m[0m version                    = "1.17.1"
      [32m+[0m[0m wait                       = true
      [32m+[0m[0m wait_for_jobs              = false

      [32m+[0m[0m set {
          [32m+[0m[0m name  = "clusterName"
          [32m+[0m[0m value = "y2om-formation-lap-seoul"
        }
      [32m+[0m[0m set {
          [32m+[0m[0m name  = "region"
          [32m+[0m[0m value = "ap-northeast-2"
        }
      [32m+[0m[0m set {
          [32m+[0m[0m name  = "serviceAccount.create"
          [32m+[0m[0m value = "false"
        }
      [32m+[0m[0m set {
          [32m+[0m[0m name  = "serviceAccount.name"
          [32m+[0m[0m value = "aws-load-balancer-controller"
        }
      [32m+[0m[0m set {
          [32m+[0m[0m name  = "vpcId"
          [32m+[0m[0m value = "vpc-0e57dec633eeaf44e"
        }
    }

[1m  # module.addons.helm_release.aws_load_balancer_controller_oregon[0m will be created
[0m  [32m+[0m[0m resource "helm_release" "aws_load_balancer_controller_oregon" {
      [32m+[0m[0m atomic                     = false
      [32m+[0m[0m chart                      = "aws-load-balancer-controller"
      [32m+[0m[0m cleanup_on_fail            = false
      [32m+[0m[0m create_namespace           = false
      [32m+[0m[0m dependency_update          = false
      [32m+[0m[0m disable_crd_hooks          = false
      [32m+[0m[0m disable_openapi_validation = false
      [32m+[0m[0m disable_webhooks           = false
      [32m+[0m[0m force_update               = false
      [32m+[0m[0m id                         = (known after apply)
      [32m+[0m[0m lint                       = false
      [32m+[0m[0m manifest                   = (known after apply)
      [32m+[0m[0m max_history                = 0
      [32m+[0m[0m metadata                   = (known after apply)
      [32m+[0m[0m name                       = "aws-load-balancer-controller"
      [32m+[0m[0m namespace                  = "kube-system"
      [32m+[0m[0m pass_credentials           = false
      [32m+[0m[0m recreate_pods              = false
      [32m+[0m[0m render_subchart_notes      = true
      [32m+[0m[0m replace                    = false
      [32m+[0m[0m repository                 = "https://aws.github.io/eks-charts"
      [32m+[0m[0m reset_values               = false
      [32m+[0m[0m reuse_values               = false
      [32m+[0m[0m skip_crds                  = false
      [32m+[0m[0m status                     = "deployed"
      [32m+[0m[0m timeout                    = 600
      [32m+[0m[0m verify                     = false
      [32m+[0m[0m version                    = "1.17.1"
      [32m+[0m[0m wait                       = true
      [32m+[0m[0m wait_for_jobs              = false

      [32m+[0m[0m set {
          [32m+[0m[0m name  = "clusterName"
          [32m+[0m[0m value = "y2om-formation-lap-oregon"
        }
      [32m+[0m[0m set {
          [32m+[0m[0m name  = "region"
          [32m+[0m[0m value = "us-west-2"
        }
      [32m+[0m[0m set {
          [32m+[0m[0m name  = "serviceAccount.create"
          [32m+[0m[0m value = "false"
        }
      [32m+[0m[0m set {
          [32m+[0m[0m name  = "serviceAccount.name"
          [32m+[0m[0m value = "aws-load-balancer-controller"
        }
      [32m+[0m[0m set {
          [32m+[0m[0m name  = "vpcId"
          [32m+[0m[0m value = "vpc-088ff6176a580ffde"
        }
    }

[1m  # module.addons.kubernetes_service_account_v1.alb_controller[0m will be created
[0m  [32m+[0m[0m resource "kubernetes_service_account_v1" "alb_controller" {
      [32m+[0m[0m automount_service_account_token = true
      [32m+[0m[0m default_secret_name             = (known after apply)
      [32m+[0m[0m id                              = (known after apply)

      [32m+[0m[0m metadata {
          [32m+[0m[0m annotations      = (known after apply)
          [32m+[0m[0m generation       = (known after apply)
          [32m+[0m[0m name             = "aws-load-balancer-controller"
          [32m+[0m[0m namespace        = "kube-system"
          [32m+[0m[0m resource_version = (known after apply)
          [32m+[0m[0m uid              = (known after apply)
        }
    }

[1m  # module.addons.kubernetes_service_account_v1.alb_controller_oregon[0m will be created
[0m  [32m+[0m[0m resource "kubernetes_service_account_v1" "alb_controller_oregon" {
      [32m+[0m[0m automount_service_account_token = true
      [32m+[0m[0m default_secret_name             = (known after apply)
      [32m+[0m[0m id                              = (known after apply)

      [32m+[0m[0m metadata {
          [32m+[0m[0m annotations      = (known after apply)
          [32m+[0m[0m generation       = (known after apply)
          [32m+[0m[0m name             = "aws-load-balancer-controller"
          [32m+[0m[0m namespace        = "kube-system"
          [32m+[0m[0m resource_version = (known after apply)
          [32m+[0m[0m uid              = (known after apply)
        }
    }

[1m  # module.argocd.helm_release.argocd_oregon[0m will be created
[0m  [32m+[0m[0m resource "helm_release" "argocd_oregon" {
      [32m+[0m[0m atomic                     = false
      [32m+[0m[0m chart                      = "argo-cd"
      [32m+[0m[0m cleanup_on_fail            = false
      [32m+[0m[0m create_namespace           = true
      [32m+[0m[0m dependency_update          = false
      [32m+[0m[0m disable_crd_hooks          = false
      [32m+[0m[0m disable_openapi_validation = false
      [32m+[0m[0m disable_webhooks           = false
      [32m+[0m[0m force_update               = false
      [32m+[0m[0m id                         = (known after apply)
      [32m+[0m[0m lint                       = false
      [32m+[0m[0m manifest                   = (known after apply)
      [32m+[0m[0m max_history                = 0
      [32m+[0m[0m metadata                   = (known after apply)
      [32m+[0m[0m name                       = "argocd"
      [32m+[0m[0m namespace                  = "argocd"
      [32m+[0m[0m pass_credentials           = false
      [32m+[0m[0m recreate_pods              = false
      [32m+[0m[0m render_subchart_notes      = true
      [32m+[0m[0m replace                    = false
      [32m+[0m[0m repository                 = "https://argoproj.github.io/argo-helm"
      [32m+[0m[0m reset_values               = false
      [32m+[0m[0m reuse_values               = false
      [32m+[0m[0m skip_crds                  = false
      [32m+[0m[0m status                     = "deployed"
      [32m+[0m[0m timeout                    = 600
      [32m+[0m[0m verify                     = false
      [32m+[0m[0m version                    = "9.2.4"
      [32m+[0m[0m wait                       = true
      [32m+[0m[0m wait_for_jobs              = false

      [32m+[0m[0m set {
          [32m+[0m[0m name  = "crds.install"
          [32m+[0m[0m value = "true"
        }
      [32m+[0m[0m set {
          [32m+[0m[0m name  = "server.service.type"
          [32m+[0m[0m value = "ClusterIP"
        }
    }

[1m  # module.argocd.helm_release.argocd_seoul[0m will be created
[0m  [32m+[0m[0m resource "helm_release" "argocd_seoul" {
      [32m+[0m[0m atomic                     = false
      [32m+[0m[0m chart                      = "argo-cd"
      [32m+[0m[0m cleanup_on_fail            = false
      [32m+[0m[0m create_namespace           = true
      [32m+[0m[0m dependency_update          = false
      [32m+[0m[0m disable_crd_hooks          = false
      [32m+[0m[0m disable_openapi_validation = false
      [32m+[0m[0m disable_webhooks           = false
      [32m+[0m[0m force_update               = false
      [32m+[0m[0m id                         = (known after apply)
      [32m+[0m[0m lint                       = false
      [32m+[0m[0m manifest                   = (known after apply)
      [32m+[0m[0m max_history                = 0
      [32m+[0m[0m metadata                   = (known after apply)
      [32m+[0m[0m name                       = "argocd"
      [32m+[0m[0m namespace                  = "argocd"
      [32m+[0m[0m pass_credentials           = false
      [32m+[0m[0m recreate_pods              = false
      [32m+[0m[0m render_subchart_notes      = true
      [32m+[0m[0m replace                    = false
      [32m+[0m[0m repository                 = "https://argoproj.github.io/argo-helm"
      [32m+[0m[0m reset_values               = false
      [32m+[0m[0m reuse_values               = false
      [32m+[0m[0m skip_crds                  = false
      [32m+[0m[0m status                     = "deployed"
      [32m+[0m[0m timeout                    = 600
      [32m+[0m[0m verify                     = false
      [32m+[0m[0m version                    = "9.2.4"
      [32m+[0m[0m wait                       = true
      [32m+[0m[0m wait_for_jobs              = false

      [32m+[0m[0m set {
          [32m+[0m[0m name  = "crds.install"
          [32m+[0m[0m value = "true"
        }
      [32m+[0m[0m set {
          [32m+[0m[0m name  = "server.service.type"
          [32m+[0m[0m value = "ClusterIP"
        }
    }

[1m  # module.eks.aws_eks_access_entry.terraform_admin[0m will be created
[0m  [32m+[0m[0m resource "aws_eks_access_entry" "terraform_admin" {
      [32m+[0m[0m access_entry_arn  = (known after apply)
      [32m+[0m[0m cluster_name      = "y2om-formation-lap-seoul"
      [32m+[0m[0m created_at        = (known after apply)
      [32m+[0m[0m id                = (known after apply)
      [32m+[0m[0m kubernetes_groups = (known after apply)
      [32m+[0m[0m modified_at       = (known after apply)
      [32m+[0m[0m principal_arn     = "arn:aws:iam::404457776061:user/Yeom_Seongsik"
      [32m+[0m[0m tags_all          = (known after apply)
      [32m+[0m[0m type              = "STANDARD"
      [32m+[0m[0m user_name         = (known after apply)
    }

[1m  # module.eks.aws_eks_access_entry.terraform_admin_oregon[0m will be created
[0m  [32m+[0m[0m resource "aws_eks_access_entry" "terraform_admin_oregon" {
      [32m+[0m[0m access_entry_arn  = (known after apply)
      [32m+[0m[0m cluster_name      = "y2om-formation-lap-oregon"
      [32m+[0m[0m created_at        = (known after apply)
      [32m+[0m[0m id                = (known after apply)
      [32m+[0m[0m kubernetes_groups = (known after apply)
      [32m+[0m[0m modified_at       = (known after apply)
      [32m+[0m[0m principal_arn     = "arn:aws:iam::404457776061:user/Yeom_Seongsik"
      [32m+[0m[0m tags_all          = (known after apply)
      [32m+[0m[0m type              = "STANDARD"
      [32m+[0m[0m user_name         = (known after apply)
    }

[1m  # module.eks.aws_eks_access_policy_association.terraform_admin_cluster[0m will be created
[0m  [32m+[0m[0m resource "aws_eks_access_policy_association" "terraform_admin_cluster" {
      [32m+[0m[0m associated_at = (known after apply)
      [32m+[0m[0m cluster_name  = "y2om-formation-lap-seoul"
      [32m+[0m[0m id            = (known after apply)
      [32m+[0m[0m modified_at   = (known after apply)
      [32m+[0m[0m policy_arn    = "arn:aws:eks::aws:cluster-access-policy/AmazonEKSClusterAdminPolicy"
      [32m+[0m[0m principal_arn = "arn:aws:iam::404457776061:user/Yeom_Seongsik"

      [32m+[0m[0m access_scope {
          [32m+[0m[0m type = "cluster"
        }
    }

[1m  # module.eks.aws_eks_access_policy_association.terraform_admin_cluster_oregon[0m will be created
[0m  [32m+[0m[0m resource "aws_eks_access_policy_association" "terraform_admin_cluster_oregon" {
      [32m+[0m[0m associated_at = (known after apply)
      [32m+[0m[0m cluster_name  = "y2om-formation-lap-oregon"
      [32m+[0m[0m id            = (known after apply)
      [32m+[0m[0m modified_at   = (known after apply)
      [32m+[0m[0m policy_arn    = "arn:aws:eks::aws:cluster-access-policy/AmazonEKSClusterAdminPolicy"
      [32m+[0m[0m principal_arn = "arn:aws:iam::404457776061:user/Yeom_Seongsik"

      [32m+[0m[0m access_scope {
          [32m+[0m[0m type = "cluster"
        }
    }

[1m  # module.eks.helm_release.cluster_autoscaler_oregon[0m will be created
[0m  [32m+[0m[0m resource "helm_release" "cluster_autoscaler_oregon" {
      [32m+[0m[0m atomic                     = false
      [32m+[0m[0m chart                      = "cluster-autoscaler"
      [32m+[0m[0m cleanup_on_fail            = false
      [32m+[0m[0m create_namespace           = false
      [32m+[0m[0m dependency_update          = false
      [32m+[0m[0m disable_crd_hooks          = false
      [32m+[0m[0m disable_openapi_validation = false
      [32m+[0m[0m disable_webhooks           = false
      [32m+[0m[0m force_update               = false
      [32m+[0m[0m id                         = (known after apply)
      [32m+[0m[0m lint                       = false
      [32m+[0m[0m manifest                   = (known after apply)
      [32m+[0m[0m max_history                = 0
      [32m+[0m[0m metadata                   = (known after apply)
      [32m+[0m[0m name                       = "y2om-eks-autoscaler-oregon"
      [32m+[0m[0m namespace                  = "kube-system"
      [32m+[0m[0m pass_credentials           = false
      [32m+[0m[0m recreate_pods              = false
      [32m+[0m[0m render_subchart_notes      = true
      [32m+[0m[0m replace                    = false
      [32m+[0m[0m repository                 = "https://kubernetes.github.io/autoscaler"
      [32m+[0m[0m reset_values               = false
      [32m+[0m[0m reuse_values               = false
      [32m+[0m[0m skip_crds                  = false
      [32m+[0m[0m status                     = "deployed"
      [32m+[0m[0m timeout                    = 300
      [32m+[0m[0m verify                     = false
      [32m+[0m[0m version                    = "9.37.0"
      [32m+[0m[0m wait                       = true
      [32m+[0m[0m wait_for_jobs              = false

      [32m+[0m[0m set {
          [32m+[0m[0m name  = "autoDiscovery.clusterName"
          [32m+[0m[0m value = "y2om-formation-lap-oregon"
        }
      [32m+[0m[0m set {
          [32m+[0m[0m name  = "awsRegion"
          [32m+[0m[0m value = "us-west-2"
        }
      [32m+[0m[0m set {
          [32m+[0m[0m name  = "rbac.serviceAccount.annotations.eks\\.amazonaws\\.com/role-arn"
          [32m+[0m[0m value = (known after apply)
        }
      [32m+[0m[0m set {
          [32m+[0m[0m name  = "rbac.serviceAccount.name"
          [32m+[0m[0m value = "cluster-autoscaler"
        }
    }

[1m  # module.eks.helm_release.cluster_autoscaler_seoul[0m will be created
[0m  [32m+[0m[0m resource "helm_release" "cluster_autoscaler_seoul" {
      [32m+[0m[0m atomic                     = false
      [32m+[0m[0m chart                      = "cluster-autoscaler"
      [32m+[0m[0m cleanup_on_fail            = false
      [32m+[0m[0m create_namespace           = false
      [32m+[0m[0m dependency_update          = false
      [32m+[0m[0m disable_crd_hooks          = false
      [32m+[0m[0m disable_openapi_validation = false
      [32m+[0m[0m disable_webhooks           = false
      [32m+[0m[0m force_update               = false
      [32m+[0m[0m id                         = (known after apply)
      [32m+[0m[0m lint                       = false
      [32m+[0m[0m manifest                   = (known after apply)
      [32m+[0m[0m max_history                = 0
      [32m+[0m[0m metadata                   = (known after apply)
      [32m+[0m[0m name                       = "y2om-eks-autoscaler-seoul"
      [32m+[0m[0m namespace                  = "kube-system"
      [32m+[0m[0m pass_credentials           = false
      [32m+[0m[0m recreate_pods              = false
      [32m+[0m[0m render_subchart_notes      = true
      [32m+[0m[0m replace                    = false
      [32m+[0m[0m repository                 = "https://kubernetes.github.io/autoscaler"
      [32m+[0m[0m reset_values               = false
      [32m+[0m[0m reuse_values               = false
      [32m+[0m[0m skip_crds                  = false
      [32m+[0m[0m status                     = "deployed"
      [32m+[0m[0m timeout                    = 300
      [32m+[0m[0m verify                     = false
      [32m+[0m[0m version                    = "9.37.0"
      [32m+[0m[0m wait                       = true
      [32m+[0m[0m wait_for_jobs              = false

      [32m+[0m[0m set {
          [32m+[0m[0m name  = "autoDiscovery.clusterName"
          [32m+[0m[0m value = "y2om-formation-lap-seoul"
        }
      [32m+[0m[0m set {
          [32m+[0m[0m name  = "awsRegion"
          [32m+[0m[0m value = "ap-northeast-2"
        }
      [32m+[0m[0m set {
          [32m+[0m[0m name  = "rbac.serviceAccount.annotations.eks\\.amazonaws\\.com/role-arn"
          [32m+[0m[0m value = (known after apply)
        }
      [32m+[0m[0m set {
          [32m+[0m[0m name  = "rbac.serviceAccount.name"
          [32m+[0m[0m value = "cluster-autoscaler"
        }
    }

[1m  # module.addons.module.alb_controller_irsa.data.aws_caller_identity.current[0m will be read during apply
  # (depends on a resource or a module with changes pending)
[0m [36m<=[0m[0m data "aws_caller_identity" "current" {
      [32m+[0m[0m account_id = (known after apply)
      [32m+[0m[0m arn        = (known after apply)
      [32m+[0m[0m id         = (known after apply)
      [32m+[0m[0m user_id    = (known after apply)
    }

[1m  # module.addons.module.alb_controller_irsa.data.aws_iam_policy_document.load_balancer_controller[0][0m will be read during apply
  # (config refers to values not yet known)
[0m [36m<=[0m[0m data "aws_iam_policy_document" "load_balancer_controller" {
      [32m+[0m[0m id            = (known after apply)
      [32m+[0m[0m json          = (known after apply)
      [32m+[0m[0m minified_json = (known after apply)

      [32m+[0m[0m statement {
          [32m+[0m[0m actions   = [
              [32m+[0m[0m "iam:CreateServiceLinkedRole",
            ]
          [32m+[0m[0m resources = [
              [32m+[0m[0m "*",
            ]

          [32m+[0m[0m condition {
              [32m+[0m[0m test     = "StringEquals"
              [32m+[0m[0m values   = [
                  [32m+[0m[0m (known after apply),
                ]
              [32m+[0m[0m variable = "iam:AWSServiceName"
            }
        }
      [32m+[0m[0m statement {
          [32m+[0m[0m actions   = [
              [32m+[0m[0m "ec2:DescribeAccountAttributes",
              [32m+[0m[0m "ec2:DescribeAddresses",
              [32m+[0m[0m "ec2:DescribeAvailabilityZones",
              [32m+[0m[0m "ec2:DescribeCoipPools",
              [32m+[0m[0m "ec2:DescribeInstances",
              [32m+[0m[0m "ec2:DescribeInternetGateways",
              [32m+[0m[0m "ec2:DescribeIpamPools",
              [32m+[0m[0m "ec2:DescribeNetworkInterfaces",
              [32m+[0m[0m "ec2:DescribeRouteTables",
              [32m+[0m[0m "ec2:DescribeSecurityGroups",
              [32m+[0m[0m "ec2:DescribeSubnets",
              [32m+[0m[0m "ec2:DescribeTags",
              [32m+[0m[0m "ec2:DescribeVpcPeeringConnections",
              [32m+[0m[0m "ec2:DescribeVpcs",
              [32m+[0m[0m "ec2:GetCoipPoolUsage",
              [32m+[0m[0m "ec2:GetSecurityGroupsForVpc",
              [32m+[0m[0m "elasticloadbalancing:DescribeCapacityReservation",
              [32m+[0m[0m "elasticloadbalancing:DescribeListenerAttributes",
              [32m+[0m[0m "elasticloadbalancing:DescribeListenerCertificates",
              [32m+[0m[0m "elasticloadbalancing:DescribeListeners",
              [32m+[0m[0m "elasticloadbalancing:DescribeLoadBalancerAttributes",
              [32m+[0m[0m "elasticloadbalancing:DescribeLoadBalancers",
              [32m+[0m[0m "elasticloadbalancing:DescribeRules",
              [32m+[0m[0m "elasticloadbalancing:DescribeSSLPolicies",
              [32m+[0m[0m "elasticloadbalancing:DescribeTags",
              [32m+[0m[0m "elasticloadbalancing:DescribeTargetGroupAttributes",
              [32m+[0m[0m "elasticloadbalancing:DescribeTargetGroups",
              [32m+[0m[0m "elasticloadbalancing:DescribeTargetHealth",
              [32m+[0m[0m "elasticloadbalancing:DescribeTrustStores",
            ]
          [32m+[0m[0m resources = [
              [32m+[0m[0m "*",
            ]
        }
      [32m+[0m[0m statement {
          [32m+[0m[0m actions   = [
              [32m+[0m[0m "acm:DescribeCertificate",
              [32m+[0m[0m "acm:ListCertificates",
              [32m+[0m[0m "cognito-idp:DescribeUserPoolClient",
              [32m+[0m[0m "iam:GetServerCertificate",
              [32m+[0m[0m "iam:ListServerCertificates",
              [32m+[0m[0m "shield:CreateProtection",
              [32m+[0m[0m "shield:DeleteProtection",
              [32m+[0m[0m "shield:DescribeProtection",
              [32m+[0m[0m "shield:GetSubscriptionState",
              [32m+[0m[0m "waf-regional:AssociateWebACL",
              [32m+[0m[0m "waf-regional:DisassociateWebACL",
              [32m+[0m[0m "waf-regional:GetWebACL",
              [32m+[0m[0m "waf-regional:GetWebACLForResource",
              [32m+[0m[0m "wafv2:AssociateWebACL",
              [32m+[0m[0m "wafv2:DisassociateWebACL",
              [32m+[0m[0m "wafv2:GetWebACL",
              [32m+[0m[0m "wafv2:GetWebACLForResource",
            ]
          [32m+[0m[0m resources = [
              [32m+[0m[0m "*",
            ]
        }
      [32m+[0m[0m statement {
          [32m+[0m[0m actions   = [
              [32m+[0m[0m "ec2:AuthorizeSecurityGroupIngress",
              [32m+[0m[0m "ec2:RevokeSecurityGroupIngress",
            ]
          [32m+[0m[0m resources = [
              [32m+[0m[0m "*",
            ]
        }
      [32m+[0m[0m statement {
          [32m+[0m[0m actions   = [
              [32m+[0m[0m "ec2:CreateSecurityGroup",
            ]
          [32m+[0m[0m resources = [
              [32m+[0m[0m "*",
            ]
        }
      [32m+[0m[0m statement {
          [32m+[0m[0m actions   = [
              [32m+[0m[0m "ec2:CreateTags",
            ]
          [32m+[0m[0m resources = [
              [32m+[0m[0m (known after apply),
            ]

          [32m+[0m[0m condition {
              [32m+[0m[0m test     = "Null"
              [32m+[0m[0m values   = [
                  [32m+[0m[0m "false",
                ]
              [32m+[0m[0m variable = "aws:RequestTag/elbv2.k8s.aws/cluster"
            }
          [32m+[0m[0m condition {
              [32m+[0m[0m test     = "StringEquals"
              [32m+[0m[0m values   = [
                  [32m+[0m[0m "CreateSecurityGroup",
                ]
              [32m+[0m[0m variable = "ec2:CreateAction"
            }
        }
      [32m+[0m[0m statement {
          [32m+[0m[0m actions   = [
              [32m+[0m[0m "ec2:CreateTags",
              [32m+[0m[0m "ec2:DeleteTags",
            ]
          [32m+[0m[0m resources = [
              [32m+[0m[0m (known after apply),
            ]

          [32m+[0m[0m condition {
              [32m+[0m[0m test     = "Null"
              [32m+[0m[0m values   = [
                  [32m+[0m[0m "false",
                ]
              [32m+[0m[0m variable = "aws:ResourceTag/elbv2.k8s.aws/cluster"
            }
          [32m+[0m[0m condition {
              [32m+[0m[0m test     = "Null"
              [32m+[0m[0m values   = [
                  [32m+[0m[0m "true",
                ]
              [32m+[0m[0m variable = "aws:RequestTag/elbv2.k8s.aws/cluster"
            }
        }
      [32m+[0m[0m statement {
          [32m+[0m[0m actions   = [
              [32m+[0m[0m "ec2:AuthorizeSecurityGroupIngress",
              [32m+[0m[0m "ec2:DeleteSecurityGroup",
              [32m+[0m[0m "ec2:RevokeSecurityGroupIngress",
            ]
          [32m+[0m[0m resources = [
              [32m+[0m[0m "*",
            ]

          [32m+[0m[0m condition {
              [32m+[0m[0m test     = "Null"
              [32m+[0m[0m values   = [
                  [32m+[0m[0m "false",
                ]
              [32m+[0m[0m variable = "aws:ResourceTag/elbv2.k8s.aws/cluster"
            }
        }
      [32m+[0m[0m statement {
          [32m+[0m[0m actions   = [
              [32m+[0m[0m "elasticloadbalancing:CreateLoadBalancer",
              [32m+[0m[0m "elasticloadbalancing:CreateTargetGroup",
            ]
          [32m+[0m[0m resources = [
              [32m+[0m[0m "*",
            ]

          [32m+[0m[0m condition {
              [32m+[0m[0m test     = "Null"
              [32m+[0m[0m values   = [
                  [32m+[0m[0m "false",
                ]
              [32m+[0m[0m variable = "aws:RequestTag/elbv2.k8s.aws/cluster"
            }
        }
      [32m+[0m[0m statement {
          [32m+[0m[0m actions   = [
              [32m+[0m[0m "elasticloadbalancing:CreateListener",
              [32m+[0m[0m "elasticloadbalancing:CreateRule",
              [32m+[0m[0m "elasticloadbalancing:DeleteListener",
              [32m+[0m[0m "elasticloadbalancing:DeleteRule",
            ]
          [32m+[0m[0m resources = [
              [32m+[0m[0m "*",
            ]
        }
      [32m+[0m[0m statement {
          [32m+[0m[0m actions   = [
              [32m+[0m[0m "elasticloadbalancing:AddTags",
              [32m+[0m[0m "elasticloadbalancing:RemoveTags",
            ]
          [32m+[0m[0m resources = [
              [32m+[0m[0m (known after apply),
              [32m+[0m[0m (known after apply),
              [32m+[0m[0m (known after apply),
            ]

          [32m+[0m[0m condition {
              [32m+[0m[0m test     = "Null"
              [32m+[0m[0m values   = [
                  [32m+[0m[0m "false",
                ]
              [32m+[0m[0m variable = "aws:ResourceTag/elbv2.k8s.aws/cluster"
            }
          [32m+[0m[0m condition {
              [32m+[0m[0m test     = "Null"
              [32m+[0m[0m values   = [
                  [32m+[0m[0m "true",
                ]
              [32m+[0m[0m variable = "aws:RequestTag/elbv2.k8s.aws/cluster"
            }
        }
      [32m+[0m[0m statement {
          [32m+[0m[0m actions   = [
              [32m+[0m[0m "elasticloadbalancing:AddTags",
              [32m+[0m[0m "elasticloadbalancing:RemoveTags",
            ]
          [32m+[0m[0m resources = [
              [32m+[0m[0m (known after apply),
              [32m+[0m[0m (known after apply),
              [32m+[0m[0m (known after apply),
              [32m+[0m[0m (known after apply),
            ]
        }
      [32m+[0m[0m statement {
          [32m+[0m[0m actions   = [
              [32m+[0m[0m "elasticloadbalancing:DeleteLoadBalancer",
              [32m+[0m[0m "elasticloadbalancing:DeleteTargetGroup",
              [32m+[0m[0m "elasticloadbalancing:ModifyCapacityReservation",
              [32m+[0m[0m "elasticloadbalancing:ModifyIpPools",
              [32m+[0m[0m "elasticloadbalancing:ModifyListenerAttributes",
              [32m+[0m[0m "elasticloadbalancing:ModifyLoadBalancerAttributes",
              [32m+[0m[0m "elasticloadbalancing:ModifyTargetGroup",
              [32m+[0m[0m "elasticloadbalancing:ModifyTargetGroupAttributes",
              [32m+[0m[0m "elasticloadbalancing:SetIpAddressType",
              [32m+[0m[0m "elasticloadbalancing:SetSecurityGroups",
              [32m+[0m[0m "elasticloadbalancing:SetSubnets",
            ]
          [32m+[0m[0m resources = [
              [32m+[0m[0m "*",
            ]

          [32m+[0m[0m condition {
              [32m+[0m[0m test     = "Null"
              [32m+[0m[0m values   = [
                  [32m+[0m[0m "false",
                ]
              [32m+[0m[0m variable = "aws:ResourceTag/elbv2.k8s.aws/cluster"
            }
        }
      [32m+[0m[0m statement {
          [32m+[0m[0m actions   = [
              [32m+[0m[0m "elasticloadbalancing:AddTags",
            ]
          [32m+[0m[0m resources = [
              [32m+[0m[0m (known after apply),
              [32m+[0m[0m (known after apply),
              [32m+[0m[0m (known after apply),
            ]

          [32m+[0m[0m condition {
              [32m+[0m[0m test     = "Null"
              [32m+[0m[0m values   = [
                  [32m+[0m[0m "false",
                ]
              [32m+[0m[0m variable = "aws:RequestTag/elbv2.k8s.aws/cluster"
            }
          [32m+[0m[0m condition {
              [32m+[0m[0m test     = "StringEquals"
              [32m+[0m[0m values   = [
                  [32m+[0m[0m "CreateTargetGroup",
                  [32m+[0m[0m "CreateLoadBalancer",
                ]
              [32m+[0m[0m variable = "elasticloadbalancing:CreateAction"
            }
        }
      [32m+[0m[0m statement {
          [32m+[0m[0m actions   = [
              [32m+[0m[0m "elasticloadbalancing:DeregisterTargets",
              [32m+[0m[0m "elasticloadbalancing:RegisterTargets",
            ]
          [32m+[0m[0m resources = [
              [32m+[0m[0m (known after apply),
            ]
        }
      [32m+[0m[0m statement {
          [32m+[0m[0m actions   = [
              [32m+[0m[0m "elasticloadbalancing:AddListenerCertificates",
              [32m+[0m[0m "elasticloadbalancing:ModifyListener",
              [32m+[0m[0m "elasticloadbalancing:ModifyRule",
              [32m+[0m[0m "elasticloadbalancing:RemoveListenerCertificates",
              [32m+[0m[0m "elasticloadbalancing:SetRulePriorities",
              [32m+[0m[0m "elasticloadbalancing:SetWebAcl",
            ]
          [32m+[0m[0m resources = [
              [32m+[0m[0m "*",
            ]
        }
    }

[1m  # module.addons.module.alb_controller_irsa.data.aws_iam_policy_document.this[0][0m will be read during apply
  # (config refers to values not yet known)
[0m [36m<=[0m[0m data "aws_iam_policy_document" "this" {
      [32m+[0m[0m id            = (known after apply)
      [32m+[0m[0m json          = (known after apply)
      [32m+[0m[0m minified_json = (known after apply)

      [32m+[0m[0m statement {
          [32m+[0m[0m actions = [
              [32m+[0m[0m "sts:AssumeRoleWithWebIdentity",
            ]
          [32m+[0m[0m effect  = "Allow"

          [32m+[0m[0m condition {
              [32m+[0m[0m test     = "StringEquals"
              [32m+[0m[0m values   = [
                  [32m+[0m[0m "sts.amazonaws.com",
                ]
              [32m+[0m[0m variable = (known after apply)
            }
          [32m+[0m[0m condition {
              [32m+[0m[0m test     = "StringEquals"
              [32m+[0m[0m values   = [
                  [32m+[0m[0m "system:serviceaccount:kube-system:aws-load-balancer-controller",
                ]
              [32m+[0m[0m variable = (known after apply)
            }

          [32m+[0m[0m principals {
              [32m+[0m[0m identifiers = [
                  [32m+[0m[0m (known after apply),
                ]
              [32m+[0m[0m type        = "Federated"
            }
        }
    }

[1m  # module.addons.module.alb_controller_irsa.data.aws_partition.current[0m will be read during apply
  # (depends on a resource or a module with changes pending)
[0m [36m<=[0m[0m data "aws_partition" "current" {
      [32m+[0m[0m dns_suffix         = (known after apply)
      [32m+[0m[0m id                 = (known after apply)
      [32m+[0m[0m partition          = (known after apply)
      [32m+[0m[0m reverse_dns_prefix = (known after apply)
    }

[1m  # module.addons.module.alb_controller_irsa.data.aws_region.current[0m will be read during apply
  # (depends on a resource or a module with changes pending)
[0m [36m<=[0m[0m data "aws_region" "current" {
      [32m+[0m[0m description = (known after apply)
      [32m+[0m[0m endpoint    = (known after apply)
      [32m+[0m[0m id          = (known after apply)
      [32m+[0m[0m name        = (known after apply)
    }

[1m  # module.addons.module.alb_controller_irsa.aws_iam_policy.load_balancer_controller[0][0m will be created
[0m  [32m+[0m[0m resource "aws_iam_policy" "load_balancer_controller" {
      [32m+[0m[0m arn              = (known after apply)
      [32m+[0m[0m attachment_count = (known after apply)
      [32m+[0m[0m description      = "Provides permissions for AWS Load Balancer Controller addon"
      [32m+[0m[0m id               = (known after apply)
      [32m+[0m[0m name             = (known after apply)
      [32m+[0m[0m name_prefix      = "AmazonEKS_AWS_Load_Balancer_Controller-"
      [32m+[0m[0m path             = "/"
      [32m+[0m[0m policy           = (known after apply)
      [32m+[0m[0m policy_id        = (known after apply)
      [32m+[0m[0m tags_all         = (known after apply)
    }

[1m  # module.addons.module.alb_controller_irsa.aws_iam_role.this[0][0m will be created
[0m  [32m+[0m[0m resource "aws_iam_role" "this" {
      [32m+[0m[0m arn                   = (known after apply)
      [32m+[0m[0m assume_role_policy    = (known after apply)
      [32m+[0m[0m create_date           = (known after apply)
      [32m+[0m[0m force_detach_policies = true
      [32m+[0m[0m id                    = (known after apply)
      [32m+[0m[0m managed_policy_arns   = (known after apply)
      [32m+[0m[0m max_session_duration  = 3600
      [32m+[0m[0m name                  = "y2om-alb-controller-irsa"
      [32m+[0m[0m name_prefix           = (known after apply)
      [32m+[0m[0m path                  = "/"
      [32m+[0m[0m tags_all              = (known after apply)
      [32m+[0m[0m unique_id             = (known after apply)
    }

[1m  # module.addons.module.alb_controller_irsa.aws_iam_role_policy_attachment.load_balancer_controller[0][0m will be created
[0m  [32m+[0m[0m resource "aws_iam_role_policy_attachment" "load_balancer_controller" {
      [32m+[0m[0m id         = (known after apply)
      [32m+[0m[0m policy_arn = (known after apply)
      [32m+[0m[0m role       = "y2om-alb-controller-irsa"
    }

[1m  # module.addons.module.alb_controller_irsa_oregon.data.aws_caller_identity.current[0m will be read during apply
  # (depends on a resource or a module with changes pending)
[0m [36m<=[0m[0m data "aws_caller_identity" "current" {
      [32m+[0m[0m account_id = (known after apply)
      [32m+[0m[0m arn        = (known after apply)
      [32m+[0m[0m id         = (known after apply)
      [32m+[0m[0m user_id    = (known after apply)
    }

[1m  # module.addons.module.alb_controller_irsa_oregon.data.aws_iam_policy_document.load_balancer_controller[0][0m will be read during apply
  # (config refers to values not yet known)
[0m [36m<=[0m[0m data "aws_iam_policy_document" "load_balancer_controller" {
      [32m+[0m[0m id            = (known after apply)
      [32m+[0m[0m json          = (known after apply)
      [32m+[0m[0m minified_json = (known after apply)

      [32m+[0m[0m statement {
          [32m+[0m[0m actions   = [
              [32m+[0m[0m "iam:CreateServiceLinkedRole",
            ]
          [32m+[0m[0m resources = [
              [32m+[0m[0m "*",
            ]

          [32m+[0m[0m condition {
              [32m+[0m[0m test     = "StringEquals"
              [32m+[0m[0m values   = [
                  [32m+[0m[0m (known after apply),
                ]
              [32m+[0m[0m variable = "iam:AWSServiceName"
            }
        }
      [32m+[0m[0m statement {
          [32m+[0m[0m actions   = [
              [32m+[0m[0m "ec2:DescribeAccountAttributes",
              [32m+[0m[0m "ec2:DescribeAddresses",
              [32m+[0m[0m "ec2:DescribeAvailabilityZones",
              [32m+[0m[0m "ec2:DescribeCoipPools",
              [32m+[0m[0m "ec2:DescribeInstances",
              [32m+[0m[0m "ec2:DescribeInternetGateways",
              [32m+[0m[0m "ec2:DescribeIpamPools",
              [32m+[0m[0m "ec2:DescribeNetworkInterfaces",
              [32m+[0m[0m "ec2:DescribeRouteTables",
              [32m+[0m[0m "ec2:DescribeSecurityGroups",
              [32m+[0m[0m "ec2:DescribeSubnets",
              [32m+[0m[0m "ec2:DescribeTags",
              [32m+[0m[0m "ec2:DescribeVpcPeeringConnections",
              [32m+[0m[0m "ec2:DescribeVpcs",
              [32m+[0m[0m "ec2:GetCoipPoolUsage",
              [32m+[0m[0m "ec2:GetSecurityGroupsForVpc",
              [32m+[0m[0m "elasticloadbalancing:DescribeCapacityReservation",
              [32m+[0m[0m "elasticloadbalancing:DescribeListenerAttributes",
              [32m+[0m[0m "elasticloadbalancing:DescribeListenerCertificates",
              [32m+[0m[0m "elasticloadbalancing:DescribeListeners",
              [32m+[0m[0m "elasticloadbalancing:DescribeLoadBalancerAttributes",
              [32m+[0m[0m "elasticloadbalancing:DescribeLoadBalancers",
              [32m+[0m[0m "elasticloadbalancing:DescribeRules",
              [32m+[0m[0m "elasticloadbalancing:DescribeSSLPolicies",
              [32m+[0m[0m "elasticloadbalancing:DescribeTags",
              [32m+[0m[0m "elasticloadbalancing:DescribeTargetGroupAttributes",
              [32m+[0m[0m "elasticloadbalancing:DescribeTargetGroups",
              [32m+[0m[0m "elasticloadbalancing:DescribeTargetHealth",
              [32m+[0m[0m "elasticloadbalancing:DescribeTrustStores",
            ]
          [32m+[0m[0m resources = [
              [32m+[0m[0m "*",
            ]
        }
      [32m+[0m[0m statement {
          [32m+[0m[0m actions   = [
              [32m+[0m[0m "acm:DescribeCertificate",
              [32m+[0m[0m "acm:ListCertificates",
              [32m+[0m[0m "cognito-idp:DescribeUserPoolClient",
              [32m+[0m[0m "iam:GetServerCertificate",
              [32m+[0m[0m "iam:ListServerCertificates",
              [32m+[0m[0m "shield:CreateProtection",
              [32m+[0m[0m "shield:DeleteProtection",
              [32m+[0m[0m "shield:DescribeProtection",
              [32m+[0m[0m "shield:GetSubscriptionState",
              [32m+[0m[0m "waf-regional:AssociateWebACL",
              [32m+[0m[0m "waf-regional:DisassociateWebACL",
              [32m+[0m[0m "waf-regional:GetWebACL",
              [32m+[0m[0m "waf-regional:GetWebACLForResource",
              [32m+[0m[0m "wafv2:AssociateWebACL",
              [32m+[0m[0m "wafv2:DisassociateWebACL",
              [32m+[0m[0m "wafv2:GetWebACL",
              [32m+[0m[0m "wafv2:GetWebACLForResource",
            ]
          [32m+[0m[0m resources = [
              [32m+[0m[0m "*",
            ]
        }
      [32m+[0m[0m statement {
          [32m+[0m[0m actions   = [
              [32m+[0m[0m "ec2:AuthorizeSecurityGroupIngress",
              [32m+[0m[0m "ec2:RevokeSecurityGroupIngress",
            ]
          [32m+[0m[0m resources = [
              [32m+[0m[0m "*",
            ]
        }
      [32m+[0m[0m statement {
          [32m+[0m[0m actions   = [
              [32m+[0m[0m "ec2:CreateSecurityGroup",
            ]
          [32m+[0m[0m resources = [
              [32m+[0m[0m "*",
            ]
        }
      [32m+[0m[0m statement {
          [32m+[0m[0m actions   = [
              [32m+[0m[0m "ec2:CreateTags",
            ]
          [32m+[0m[0m resources = [
              [32m+[0m[0m (known after apply),
            ]

          [32m+[0m[0m condition {
              [32m+[0m[0m test     = "Null"
              [32m+[0m[0m values   = [
                  [32m+[0m[0m "false",
                ]
              [32m+[0m[0m variable = "aws:RequestTag/elbv2.k8s.aws/cluster"
            }
          [32m+[0m[0m condition {
              [32m+[0m[0m test     = "StringEquals"
              [32m+[0m[0m values   = [
                  [32m+[0m[0m "CreateSecurityGroup",
                ]
              [32m+[0m[0m variable = "ec2:CreateAction"
            }
        }
      [32m+[0m[0m statement {
          [32m+[0m[0m actions   = [
              [32m+[0m[0m "ec2:CreateTags",
              [32m+[0m[0m "ec2:DeleteTags",
            ]
          [32m+[0m[0m resources = [
              [32m+[0m[0m (known after apply),
            ]

          [32m+[0m[0m condition {
              [32m+[0m[0m test     = "Null"
              [32m+[0m[0m values   = [
                  [32m+[0m[0m "false",
                ]
              [32m+[0m[0m variable = "aws:ResourceTag/elbv2.k8s.aws/cluster"
            }
          [32m+[0m[0m condition {
              [32m+[0m[0m test     = "Null"
              [32m+[0m[0m values   = [
                  [32m+[0m[0m "true",
                ]
              [32m+[0m[0m variable = "aws:RequestTag/elbv2.k8s.aws/cluster"
            }
        }
      [32m+[0m[0m statement {
          [32m+[0m[0m actions   = [
              [32m+[0m[0m "ec2:AuthorizeSecurityGroupIngress",
              [32m+[0m[0m "ec2:DeleteSecurityGroup",
              [32m+[0m[0m "ec2:RevokeSecurityGroupIngress",
            ]
          [32m+[0m[0m resources = [
              [32m+[0m[0m "*",
            ]

          [32m+[0m[0m condition {
              [32m+[0m[0m test     = "Null"
              [32m+[0m[0m values   = [
                  [32m+[0m[0m "false",
                ]
              [32m+[0m[0m variable = "aws:ResourceTag/elbv2.k8s.aws/cluster"
            }
        }
      [32m+[0m[0m statement {
          [32m+[0m[0m actions   = [
              [32m+[0m[0m "elasticloadbalancing:CreateLoadBalancer",
              [32m+[0m[0m "elasticloadbalancing:CreateTargetGroup",
            ]
          [32m+[0m[0m resources = [
              [32m+[0m[0m "*",
            ]

          [32m+[0m[0m condition {
              [32m+[0m[0m test     = "Null"
              [32m+[0m[0m values   = [
                  [32m+[0m[0m "false",
                ]
              [32m+[0m[0m variable = "aws:RequestTag/elbv2.k8s.aws/cluster"
            }
        }
      [32m+[0m[0m statement {
          [32m+[0m[0m actions   = [
              [32m+[0m[0m "elasticloadbalancing:CreateListener",
              [32m+[0m[0m "elasticloadbalancing:CreateRule",
              [32m+[0m[0m "elasticloadbalancing:DeleteListener",
              [32m+[0m[0m "elasticloadbalancing:DeleteRule",
            ]
          [32m+[0m[0m resources = [
              [32m+[0m[0m "*",
            ]
        }
      [32m+[0m[0m statement {
          [32m+[0m[0m actions   = [
              [32m+[0m[0m "elasticloadbalancing:AddTags",
              [32m+[0m[0m "elasticloadbalancing:RemoveTags",
            ]
          [32m+[0m[0m resources = [
              [32m+[0m[0m (known after apply),
              [32m+[0m[0m (known after apply),
              [32m+[0m[0m (known after apply),
            ]

          [32m+[0m[0m condition {
              [32m+[0m[0m test     = "Null"
              [32m+[0m[0m values   = [
                  [32m+[0m[0m "false",
                ]
              [32m+[0m[0m variable = "aws:ResourceTag/elbv2.k8s.aws/cluster"
            }
          [32m+[0m[0m condition {
              [32m+[0m[0m test     = "Null"
              [32m+[0m[0m values   = [
                  [32m+[0m[0m "true",
                ]
              [32m+[0m[0m variable = "aws:RequestTag/elbv2.k8s.aws/cluster"
            }
        }
      [32m+[0m[0m statement {
          [32m+[0m[0m actions   = [
              [32m+[0m[0m "elasticloadbalancing:AddTags",
              [32m+[0m[0m "elasticloadbalancing:RemoveTags",
            ]
          [32m+[0m[0m resources = [
              [32m+[0m[0m (known after apply),
              [32m+[0m[0m (known after apply),
              [32m+[0m[0m (known after apply),
              [32m+[0m[0m (known after apply),
            ]
        }
      [32m+[0m[0m statement {
          [32m+[0m[0m actions   = [
              [32m+[0m[0m "elasticloadbalancing:DeleteLoadBalancer",
              [32m+[0m[0m "elasticloadbalancing:DeleteTargetGroup",
              [32m+[0m[0m "elasticloadbalancing:ModifyCapacityReservation",
              [32m+[0m[0m "elasticloadbalancing:ModifyIpPools",
              [32m+[0m[0m "elasticloadbalancing:ModifyListenerAttributes",
              [32m+[0m[0m "elasticloadbalancing:ModifyLoadBalancerAttributes",
              [32m+[0m[0m "elasticloadbalancing:ModifyTargetGroup",
              [32m+[0m[0m "elasticloadbalancing:ModifyTargetGroupAttributes",
              [32m+[0m[0m "elasticloadbalancing:SetIpAddressType",
              [32m+[0m[0m "elasticloadbalancing:SetSecurityGroups",
              [32m+[0m[0m "elasticloadbalancing:SetSubnets",
            ]
          [32m+[0m[0m resources = [
              [32m+[0m[0m "*",
            ]

          [32m+[0m[0m condition {
              [32m+[0m[0m test     = "Null"
              [32m+[0m[0m values   = [
                  [32m+[0m[0m "false",
                ]
              [32m+[0m[0m variable = "aws:ResourceTag/elbv2.k8s.aws/cluster"
            }
        }
      [32m+[0m[0m statement {
          [32m+[0m[0m actions   = [
              [32m+[0m[0m "elasticloadbalancing:AddTags",
            ]
          [32m+[0m[0m resources = [
              [32m+[0m[0m (known after apply),
              [32m+[0m[0m (known after apply),
              [32m+[0m[0m (known after apply),
            ]

          [32m+[0m[0m condition {
              [32m+[0m[0m test     = "Null"
              [32m+[0m[0m values   = [
                  [32m+[0m[0m "false",
                ]
              [32m+[0m[0m variable = "aws:RequestTag/elbv2.k8s.aws/cluster"
            }
          [32m+[0m[0m condition {
              [32m+[0m[0m test     = "StringEquals"
              [32m+[0m[0m values   = [
                  [32m+[0m[0m "CreateTargetGroup",
                  [32m+[0m[0m "CreateLoadBalancer",
                ]
              [32m+[0m[0m variable = "elasticloadbalancing:CreateAction"
            }
        }
      [32m+[0m[0m statement {
          [32m+[0m[0m actions   = [
              [32m+[0m[0m "elasticloadbalancing:DeregisterTargets",
              [32m+[0m[0m "elasticloadbalancing:RegisterTargets",
            ]
          [32m+[0m[0m resources = [
              [32m+[0m[0m (known after apply),
            ]
        }
      [32m+[0m[0m statement {
          [32m+[0m[0m actions   = [
              [32m+[0m[0m "elasticloadbalancing:AddListenerCertificates",
              [32m+[0m[0m "elasticloadbalancing:ModifyListener",
              [32m+[0m[0m "elasticloadbalancing:ModifyRule",
              [32m+[0m[0m "elasticloadbalancing:RemoveListenerCertificates",
              [32m+[0m[0m "elasticloadbalancing:SetRulePriorities",
              [32m+[0m[0m "elasticloadbalancing:SetWebAcl",
            ]
          [32m+[0m[0m resources = [
              [32m+[0m[0m "*",
            ]
        }
    }

[1m  # module.addons.module.alb_controller_irsa_oregon.data.aws_iam_policy_document.this[0][0m will be read during apply
  # (config refers to values not yet known)
[0m [36m<=[0m[0m data "aws_iam_policy_document" "this" {
      [32m+[0m[0m id            = (known after apply)
      [32m+[0m[0m json          = (known after apply)
      [32m+[0m[0m minified_json = (known after apply)

      [32m+[0m[0m statement {
          [32m+[0m[0m actions = [
              [32m+[0m[0m "sts:AssumeRoleWithWebIdentity",
            ]
          [32m+[0m[0m effect  = "Allow"

          [32m+[0m[0m condition {
              [32m+[0m[0m test     = "StringEquals"
              [32m+[0m[0m values   = [
                  [32m+[0m[0m "sts.amazonaws.com",
                ]
              [32m+[0m[0m variable = (known after apply)
            }
          [32m+[0m[0m condition {
              [32m+[0m[0m test     = "StringEquals"
              [32m+[0m[0m values   = [
                  [32m+[0m[0m "system:serviceaccount:kube-system:aws-load-balancer-controller",
                ]
              [32m+[0m[0m variable = (known after apply)
            }

          [32m+[0m[0m principals {
              [32m+[0m[0m identifiers = [
                  [32m+[0m[0m (known after apply),
                ]
              [32m+[0m[0m type        = "Federated"
            }
        }
    }

[1m  # module.addons.module.alb_controller_irsa_oregon.data.aws_partition.current[0m will be read during apply
  # (depends on a resource or a module with changes pending)
[0m [36m<=[0m[0m data "aws_partition" "current" {
      [32m+[0m[0m dns_suffix         = (known after apply)
      [32m+[0m[0m id                 = (known after apply)
      [32m+[0m[0m partition          = (known after apply)
      [32m+[0m[0m reverse_dns_prefix = (known after apply)
    }

[1m  # module.addons.module.alb_controller_irsa_oregon.data.aws_region.current[0m will be read during apply
  # (depends on a resource or a module with changes pending)
[0m [36m<=[0m[0m data "aws_region" "current" {
      [32m+[0m[0m description = (known after apply)
      [32m+[0m[0m endpoint    = (known after apply)
      [32m+[0m[0m id          = (known after apply)
      [32m+[0m[0m name        = (known after apply)
    }

[1m  # module.addons.module.alb_controller_irsa_oregon.aws_iam_policy.load_balancer_controller[0][0m will be created
[0m  [32m+[0m[0m resource "aws_iam_policy" "load_balancer_controller" {
      [32m+[0m[0m arn              = (known after apply)
      [32m+[0m[0m attachment_count = (known after apply)
      [32m+[0m[0m description      = "Provides permissions for AWS Load Balancer Controller addon"
      [32m+[0m[0m id               = (known after apply)
      [32m+[0m[0m name             = (known after apply)
      [32m+[0m[0m name_prefix      = "AmazonEKS_AWS_Load_Balancer_Controller-"
      [32m+[0m[0m path             = "/"
      [32m+[0m[0m policy           = (known after apply)
      [32m+[0m[0m policy_id        = (known after apply)
      [32m+[0m[0m tags_all         = (known after apply)
    }

[1m  # module.addons.module.alb_controller_irsa_oregon.aws_iam_role.this[0][0m will be created
[0m  [32m+[0m[0m resource "aws_iam_role" "this" {
      [32m+[0m[0m arn                   = (known after apply)
      [32m+[0m[0m assume_role_policy    = (known after apply)
      [32m+[0m[0m create_date           = (known after apply)
      [32m+[0m[0m force_detach_policies = true
      [32m+[0m[0m id                    = (known after apply)
      [32m+[0m[0m managed_policy_arns   = (known after apply)
      [32m+[0m[0m max_session_duration  = 3600
      [32m+[0m[0m name                  = "y2om-alb-controller-irsa-oregon"
      [32m+[0m[0m name_prefix           = (known after apply)
      [32m+[0m[0m path                  = "/"
      [32m+[0m[0m tags_all              = (known after apply)
      [32m+[0m[0m unique_id             = (known after apply)
    }

[1m  # module.addons.module.alb_controller_irsa_oregon.aws_iam_role_policy_attachment.load_balancer_controller[0][0m will be created
[0m  [32m+[0m[0m resource "aws_iam_role_policy_attachment" "load_balancer_controller" {
      [32m+[0m[0m id         = (known after apply)
      [32m+[0m[0m policy_arn = (known after apply)
      [32m+[0m[0m role       = "y2om-alb-controller-irsa-oregon"
    }

[1m  # module.eks.module.cluster_autoscaler_irsa_oregon.data.aws_iam_policy_document.this[0][0m will be read during apply
  # (config refers to values not yet known)
[0m [36m<=[0m[0m data "aws_iam_policy_document" "this" {
      [32m+[0m[0m id            = (known after apply)
      [32m+[0m[0m json          = (known after apply)
      [32m+[0m[0m minified_json = (known after apply)

      [32m+[0m[0m statement {
          [32m+[0m[0m actions = [
              [32m+[0m[0m "sts:AssumeRoleWithWebIdentity",
            ]
          [32m+[0m[0m effect  = "Allow"

          [32m+[0m[0m condition {
              [32m+[0m[0m test     = "StringEquals"
              [32m+[0m[0m values   = [
                  [32m+[0m[0m "sts.amazonaws.com",
                ]
              [32m+[0m[0m variable = (known after apply)
            }
          [32m+[0m[0m condition {
              [32m+[0m[0m test     = "StringEquals"
              [32m+[0m[0m values   = [
                  [32m+[0m[0m "system:serviceaccount:kube-system:cluster-autoscaler",
                ]
              [32m+[0m[0m variable = (known after apply)
            }

          [32m+[0m[0m principals {
              [32m+[0m[0m identifiers = [
                  [32m+[0m[0m (known after apply),
                ]
              [32m+[0m[0m type        = "Federated"
            }
        }
    }

[1m  # module.eks.module.cluster_autoscaler_irsa_oregon.aws_iam_policy.cluster_autoscaler[0][0m will be created
[0m  [32m+[0m[0m resource "aws_iam_policy" "cluster_autoscaler" {
      [32m+[0m[0m arn              = (known after apply)
      [32m+[0m[0m attachment_count = (known after apply)
      [32m+[0m[0m description      = "Cluster autoscaler policy to allow examination and modification of EC2 Auto Scaling Groups"
      [32m+[0m[0m id               = (known after apply)
      [32m+[0m[0m name             = (known after apply)
      [32m+[0m[0m name_prefix      = "AmazonEKS_Cluster_Autoscaler_Policy-"
      [32m+[0m[0m path             = "/"
      [32m+[0m[0m policy           = jsonencode(
            {
              [32m+[0m[0m Statement = [
                  [32m+[0m[0m {
                      [32m+[0m[0m Action   = [
                          [32m+[0m[0m "eks:DescribeNodegroup",
                          [32m+[0m[0m "ec2:GetInstanceTypesFromInstanceRequirements",
                          [32m+[0m[0m "ec2:DescribeLaunchTemplateVersions",
                          [32m+[0m[0m "ec2:DescribeInstanceTypes",
                          [32m+[0m[0m "ec2:DescribeImages",
                          [32m+[0m[0m "autoscaling:DescribeTags",
                          [32m+[0m[0m "autoscaling:DescribeScalingActivities",
                          [32m+[0m[0m "autoscaling:DescribeLaunchConfigurations",
                          [32m+[0m[0m "autoscaling:DescribeAutoScalingInstances",
                          [32m+[0m[0m "autoscaling:DescribeAutoScalingGroups",
                        ]
                      [32m+[0m[0m Effect   = "Allow"
                      [32m+[0m[0m Resource = "*"
                    },
                  [32m+[0m[0m {
                      [32m+[0m[0m Action    = [
                          [32m+[0m[0m "autoscaling:TerminateInstanceInAutoScalingGroup",
                          [32m+[0m[0m "autoscaling:SetDesiredCapacity",
                        ]
                      [32m+[0m[0m Condition = {
                          [32m+[0m[0m StringEquals = {
                              [32m+[0m[0m "autoscaling:ResourceTag/kubernetes.io/cluster/y2om-formation-lap-oregon" = "owned"
                            }
                        }
                      [32m+[0m[0m Effect    = "Allow"
                      [32m+[0m[0m Resource  = "*"
                    },
                ]
              [32m+[0m[0m Version   = "2012-10-17"
            }
        )
      [32m+[0m[0m policy_id        = (known after apply)
      [32m+[0m[0m tags_all         = (known after apply)
    }

[1m  # module.eks.module.cluster_autoscaler_irsa_oregon.aws_iam_role.this[0][0m will be created
[0m  [32m+[0m[0m resource "aws_iam_role" "this" {
      [32m+[0m[0m arn                   = (known after apply)
      [32m+[0m[0m assume_role_policy    = (known after apply)
      [32m+[0m[0m create_date           = (known after apply)
      [32m+[0m[0m force_detach_policies = true
      [32m+[0m[0m id                    = (known after apply)
      [32m+[0m[0m managed_policy_arns   = (known after apply)
      [32m+[0m[0m max_session_duration  = 3600
      [32m+[0m[0m name                  = "y2om-eks-autoscaler-irsa-oregon"
      [32m+[0m[0m name_prefix           = (known after apply)
      [32m+[0m[0m path                  = "/"
      [32m+[0m[0m tags_all              = (known after apply)
      [32m+[0m[0m unique_id             = (known after apply)
    }

[1m  # module.eks.module.cluster_autoscaler_irsa_oregon.aws_iam_role_policy_attachment.cluster_autoscaler[0][0m will be created
[0m  [32m+[0m[0m resource "aws_iam_role_policy_attachment" "cluster_autoscaler" {
      [32m+[0m[0m id         = (known after apply)
      [32m+[0m[0m policy_arn = (known after apply)
      [32m+[0m[0m role       = "y2om-eks-autoscaler-irsa-oregon"
    }

[1m  # module.eks.module.cluster_autoscaler_irsa_seoul.data.aws_iam_policy_document.this[0][0m will be read during apply
  # (config refers to values not yet known)
[0m [36m<=[0m[0m data "aws_iam_policy_document" "this" {
      [32m+[0m[0m id            = (known after apply)
      [32m+[0m[0m json          = (known after apply)
      [32m+[0m[0m minified_json = (known after apply)

      [32m+[0m[0m statement {
          [32m+[0m[0m actions = [
              [32m+[0m[0m "sts:AssumeRoleWithWebIdentity",
            ]
          [32m+[0m[0m effect  = "Allow"

          [32m+[0m[0m condition {
              [32m+[0m[0m test     = "StringEquals"
              [32m+[0m[0m values   = [
                  [32m+[0m[0m "sts.amazonaws.com",
                ]
              [32m+[0m[0m variable = (known after apply)
            }
          [32m+[0m[0m condition {
              [32m+[0m[0m test     = "StringEquals"
              [32m+[0m[0m values   = [
                  [32m+[0m[0m "system:serviceaccount:kube-system:cluster-autoscaler",
                ]
              [32m+[0m[0m variable = (known after apply)
            }

          [32m+[0m[0m principals {
              [32m+[0m[0m identifiers = [
                  [32m+[0m[0m (known after apply),
                ]
              [32m+[0m[0m type        = "Federated"
            }
        }
    }

[1m  # module.eks.module.cluster_autoscaler_irsa_seoul.aws_iam_policy.cluster_autoscaler[0][0m will be created
[0m  [32m+[0m[0m resource "aws_iam_policy" "cluster_autoscaler" {
      [32m+[0m[0m arn              = (known after apply)
      [32m+[0m[0m attachment_count = (known after apply)
      [32m+[0m[0m description      = "Cluster autoscaler policy to allow examination and modification of EC2 Auto Scaling Groups"
      [32m+[0m[0m id               = (known after apply)
      [32m+[0m[0m name             = (known after apply)
      [32m+[0m[0m name_prefix      = "AmazonEKS_Cluster_Autoscaler_Policy-"
      [32m+[0m[0m path             = "/"
      [32m+[0m[0m policy           = jsonencode(
            {
              [32m+[0m[0m Statement = [
                  [32m+[0m[0m {
                      [32m+[0m[0m Action   = [
                          [32m+[0m[0m "eks:DescribeNodegroup",
                          [32m+[0m[0m "ec2:GetInstanceTypesFromInstanceRequirements",
                          [32m+[0m[0m "ec2:DescribeLaunchTemplateVersions",
                          [32m+[0m[0m "ec2:DescribeInstanceTypes",
                          [32m+[0m[0m "ec2:DescribeImages",
                          [32m+[0m[0m "autoscaling:DescribeTags",
                          [32m+[0m[0m "autoscaling:DescribeScalingActivities",
                          [32m+[0m[0m "autoscaling:DescribeLaunchConfigurations",
                          [32m+[0m[0m "autoscaling:DescribeAutoScalingInstances",
                          [32m+[0m[0m "autoscaling:DescribeAutoScalingGroups",
                        ]
                      [32m+[0m[0m Effect   = "Allow"
                      [32m+[0m[0m Resource = "*"
                    },
                  [32m+[0m[0m {
                      [32m+[0m[0m Action    = [
                          [32m+[0m[0m "autoscaling:TerminateInstanceInAutoScalingGroup",
                          [32m+[0m[0m "autoscaling:SetDesiredCapacity",
                        ]
                      [32m+[0m[0m Condition = {
                          [32m+[0m[0m StringEquals = {
                              [32m+[0m[0m "autoscaling:ResourceTag/kubernetes.io/cluster/y2om-formation-lap-seoul" = "owned"
                            }
                        }
                      [32m+[0m[0m Effect    = "Allow"
                      [32m+[0m[0m Resource  = "*"
                    },
                ]
              [32m+[0m[0m Version   = "2012-10-17"
            }
        )
      [32m+[0m[0m policy_id        = (known after apply)
      [32m+[0m[0m tags_all         = (known after apply)
    }

[1m  # module.eks.module.cluster_autoscaler_irsa_seoul.aws_iam_role.this[0][0m will be created
[0m  [32m+[0m[0m resource "aws_iam_role" "this" {
      [32m+[0m[0m arn                   = (known after apply)
      [32m+[0m[0m assume_role_policy    = (known after apply)
      [32m+[0m[0m create_date           = (known after apply)
      [32m+[0m[0m force_detach_policies = true
      [32m+[0m[0m id                    = (known after apply)
      [32m+[0m[0m managed_policy_arns   = (known after apply)
      [32m+[0m[0m max_session_duration  = 3600
      [32m+[0m[0m name                  = "y2om-eks-autoscaler-irsa-seoul"
      [32m+[0m[0m name_prefix           = (known after apply)
      [32m+[0m[0m path                  = "/"
      [32m+[0m[0m tags_all              = (known after apply)
      [32m+[0m[0m unique_id             = (known after apply)
    }

[1m  # module.eks.module.cluster_autoscaler_irsa_seoul.aws_iam_role_policy_attachment.cluster_autoscaler[0][0m will be created
[0m  [32m+[0m[0m resource "aws_iam_role_policy_attachment" "cluster_autoscaler" {
      [32m+[0m[0m id         = (known after apply)
      [32m+[0m[0m policy_arn = (known after apply)
      [32m+[0m[0m role       = "y2om-eks-autoscaler-irsa-seoul"
    }

[1m  # module.eks.module.eks_oregon.data.tls_certificate.this[0][0m will be read during apply
  # (config refers to values not yet known)
[0m [36m<=[0m[0m data "tls_certificate" "this" {
      [32m+[0m[0m certificates = (known after apply)
      [32m+[0m[0m id           = (known after apply)
      [32m+[0m[0m url          = (known after apply)
    }

[1m  # module.eks.module.eks_oregon.aws_cloudwatch_log_group.this[0][0m will be created
[0m  [32m+[0m[0m resource "aws_cloudwatch_log_group" "this" {
      [32m+[0m[0m arn               = (known after apply)
      [32m+[0m[0m id                = (known after apply)
      [32m+[0m[0m log_group_class   = (known after apply)
      [32m+[0m[0m name              = "/aws/eks/y2om-formation-lap-oregon/cluster"
      [32m+[0m[0m name_prefix       = (known after apply)
      [32m+[0m[0m retention_in_days = 90
      [32m+[0m[0m skip_destroy      = false
      [32m+[0m[0m tags              = {
          [32m+[0m[0m "Name" = "/aws/eks/y2om-formation-lap-oregon/cluster"
        }
      [32m+[0m[0m tags_all          = {
          [32m+[0m[0m "Name" = "/aws/eks/y2om-formation-lap-oregon/cluster"
        }
    }

[1m  # module.eks.module.eks_oregon.aws_eks_cluster.this[0][0m will be created
[0m  [32m+[0m[0m resource "aws_eks_cluster" "this" {
      [32m+[0m[0m arn                           = (known after apply)
      [32m+[0m[0m bootstrap_self_managed_addons = true
      [32m+[0m[0m certificate_authority         = (known after apply)
      [32m+[0m[0m cluster_id                    = (known after apply)
      [32m+[0m[0m created_at                    = (known after apply)
      [32m+[0m[0m enabled_cluster_log_types     = [
          [32m+[0m[0m "api",
          [32m+[0m[0m "audit",
          [32m+[0m[0m "authenticator",
        ]
      [32m+[0m[0m endpoint                      = (known after apply)
      [32m+[0m[0m id                            = (known after apply)
      [32m+[0m[0m identity                      = (known after apply)
      [32m+[0m[0m name                          = "y2om-formation-lap-oregon"
      [32m+[0m[0m platform_version              = (known after apply)
      [32m+[0m[0m role_arn                      = "arn:aws:iam::404457776061:role/y2om-formation-lap-oregon-cluster-20260111103219266800000003"
      [32m+[0m[0m status                        = (known after apply)
      [32m+[0m[0m tags                          = {
          [32m+[0m[0m "terraform-aws-modules" = "eks"
        }
      [32m+[0m[0m tags_all                      = {
          [32m+[0m[0m "terraform-aws-modules" = "eks"
        }
      [32m+[0m[0m version                       = "1.34"

      [32m+[0m[0m access_config {
          [32m+[0m[0m authentication_mode                         = "API_AND_CONFIG_MAP"
          [32m+[0m[0m bootstrap_cluster_creator_admin_permissions = false
        }

      [32m+[0m[0m encryption_config {
          [32m+[0m[0m resources = [
              [32m+[0m[0m "secrets",
            ]

          [32m+[0m[0m provider {
              [32m+[0m[0m key_arn = "arn:aws:kms:us-west-2:404457776061:key/8857907d-78ae-4a95-b837-2a86ee527c20"
            }
        }

      [32m+[0m[0m kubernetes_network_config {
          [32m+[0m[0m ip_family         = "ipv4"
          [32m+[0m[0m service_ipv4_cidr = (known after apply)
          [32m+[0m[0m service_ipv6_cidr = (known after apply)
        }

      [32m+[0m[0m timeouts {}

      [32m+[0m[0m vpc_config {
          [32m+[0m[0m cluster_security_group_id = (known after apply)
          [32m+[0m[0m endpoint_private_access   = true
          [32m+[0m[0m endpoint_public_access    = true
          [32m+[0m[0m public_access_cidrs       = [
              [32m+[0m[0m "175.192.170.212/32",
            ]
          [32m+[0m[0m security_group_ids        = [
              [32m+[0m[0m "sg-0e3873d66ac0af1fd",
            ]
          [32m+[0m[0m subnet_ids                = [
              [32m+[0m[0m "subnet-080041238b615cb74",
              [32m+[0m[0m "subnet-0a16a918c8631dfcc",
            ]
          [32m+[0m[0m vpc_id                    = (known after apply)
        }
    }

[1m  # module.eks.module.eks_oregon.aws_iam_openid_connect_provider.oidc_provider[0][0m will be created
[0m  [32m+[0m[0m resource "aws_iam_openid_connect_provider" "oidc_provider" {
      [32m+[0m[0m arn             = (known after apply)
      [32m+[0m[0m client_id_list  = [
          [32m+[0m[0m "sts.amazonaws.com",
        ]
      [32m+[0m[0m id              = (known after apply)
      [32m+[0m[0m tags            = {
          [32m+[0m[0m "Name" = "y2om-formation-lap-oregon-eks-irsa"
        }
      [32m+[0m[0m tags_all        = {
          [32m+[0m[0m "Name" = "y2om-formation-lap-oregon-eks-irsa"
        }
      [32m+[0m[0m thumbprint_list = (known after apply)
      [32m+[0m[0m url             = (known after apply)
    }

[1m  # module.eks.module.eks_oregon.time_sleep.this[0][0m will be created
[0m  [32m+[0m[0m resource "time_sleep" "this" {
      [32m+[0m[0m create_duration = "30s"
      [32m+[0m[0m id              = (known after apply)
      [32m+[0m[0m triggers        = {
          [32m+[0m[0m "cluster_certificate_authority_data" = (known after apply)
          [32m+[0m[0m "cluster_endpoint"                   = (known after apply)
          [32m+[0m[0m "cluster_name"                       = (known after apply)
          [32m+[0m[0m "cluster_service_cidr"               = (known after apply)
          [32m+[0m[0m "cluster_version"                    = "1.34"
        }
    }

[1m  # module.eks.module.eks_seoul.data.tls_certificate.this[0][0m will be read during apply
  # (config refers to values not yet known)
[0m [36m<=[0m[0m data "tls_certificate" "this" {
      [32m+[0m[0m certificates = (known after apply)
      [32m+[0m[0m id           = (known after apply)
      [32m+[0m[0m url          = (known after apply)
    }

[1m  # module.eks.module.eks_seoul.aws_cloudwatch_log_group.this[0][0m will be created
[0m  [32m+[0m[0m resource "aws_cloudwatch_log_group" "this" {
      [32m+[0m[0m arn               = (known after apply)
      [32m+[0m[0m id                = (known after apply)
      [32m+[0m[0m log_group_class   = (known after apply)
      [32m+[0m[0m name              = "/aws/eks/y2om-formation-lap-seoul/cluster"
      [32m+[0m[0m name_prefix       = (known after apply)
      [32m+[0m[0m retention_in_days = 90
      [32m+[0m[0m skip_destroy      = false
      [32m+[0m[0m tags              = {
          [32m+[0m[0m "Name" = "/aws/eks/y2om-formation-lap-seoul/cluster"
        }
      [32m+[0m[0m tags_all          = {
          [32m+[0m[0m "Name" = "/aws/eks/y2om-formation-lap-seoul/cluster"
        }
    }

[1m  # module.eks.module.eks_seoul.aws_eks_cluster.this[0][0m will be created
[0m  [32m+[0m[0m resource "aws_eks_cluster" "this" {
      [32m+[0m[0m arn                           = (known after apply)
      [32m+[0m[0m bootstrap_self_managed_addons = true
      [32m+[0m[0m certificate_authority         = (known after apply)
      [32m+[0m[0m cluster_id                    = (known after apply)
      [32m+[0m[0m created_at                    = (known after apply)
      [32m+[0m[0m enabled_cluster_log_types     = [
          [32m+[0m[0m "api",
          [32m+[0m[0m "audit",
          [32m+[0m[0m "authenticator",
        ]
      [32m+[0m[0m endpoint                      = (known after apply)
      [32m+[0m[0m id                            = (known after apply)
      [32m+[0m[0m identity                      = (known after apply)
      [32m+[0m[0m name                          = "y2om-formation-lap-seoul"
      [32m+[0m[0m platform_version              = (known after apply)
      [32m+[0m[0m role_arn                      = "arn:aws:iam::404457776061:role/y2om-formation-lap-seoul-cluster-20260111103214304200000003"
      [32m+[0m[0m status                        = (known after apply)
      [32m+[0m[0m tags                          = {
          [32m+[0m[0m "terraform-aws-modules" = "eks"
        }
      [32m+[0m[0m tags_all                      = {
          [32m+[0m[0m "terraform-aws-modules" = "eks"
        }
      [32m+[0m[0m version                       = "1.34"

      [32m+[0m[0m access_config {
          [32m+[0m[0m authentication_mode                         = "API_AND_CONFIG_MAP"
          [32m+[0m[0m bootstrap_cluster_creator_admin_permissions = false
        }

      [32m+[0m[0m encryption_config {
          [32m+[0m[0m resources = [
              [32m+[0m[0m "secrets",
            ]

          [32m+[0m[0m provider {
              [32m+[0m[0m key_arn = "arn:aws:kms:ap-northeast-2:404457776061:key/5ef77c3c-0147-438a-b4f8-0af3cf91b099"
            }
        }

      [32m+[0m[0m kubernetes_network_config {
          [32m+[0m[0m ip_family         = "ipv4"
          [32m+[0m[0m service_ipv4_cidr = (known after apply)
          [32m+[0m[0m service_ipv6_cidr = (known after apply)
        }

      [32m+[0m[0m timeouts {}

      [32m+[0m[0m vpc_config {
          [32m+[0m[0m cluster_security_group_id = (known after apply)
          [32m+[0m[0m endpoint_private_access   = true
          [32m+[0m[0m endpoint_public_access    = true
          [32m+[0m[0m public_access_cidrs       = [
              [32m+[0m[0m "175.192.170.212/32",
            ]
          [32m+[0m[0m security_group_ids        = [
              [32m+[0m[0m "sg-083d08d6084ba8f03",
            ]
          [32m+[0m[0m subnet_ids                = [
              [32m+[0m[0m "subnet-033ae3e84ba2d924e",
              [32m+[0m[0m "subnet-05d413cbbff3f557a",
            ]
          [32m+[0m[0m vpc_id                    = (known after apply)
        }
    }

[1m  # module.eks.module.eks_seoul.aws_iam_openid_connect_provider.oidc_provider[0][0m will be created
[0m  [32m+[0m[0m resource "aws_iam_openid_connect_provider" "oidc_provider" {
      [32m+[0m[0m arn             = (known after apply)
      [32m+[0m[0m client_id_list  = [
          [32m+[0m[0m "sts.amazonaws.com",
        ]
      [32m+[0m[0m id              = (known after apply)
      [32m+[0m[0m tags            = {
          [32m+[0m[0m "Name" = "y2om-formation-lap-seoul-eks-irsa"
        }
      [32m+[0m[0m tags_all        = {
          [32m+[0m[0m "Name" = "y2om-formation-lap-seoul-eks-irsa"
        }
      [32m+[0m[0m thumbprint_list = (known after apply)
      [32m+[0m[0m url             = (known after apply)
    }

[1m  # module.eks.module.eks_seoul.time_sleep.this[0][0m will be created
[0m  [32m+[0m[0m resource "time_sleep" "this" {
      [32m+[0m[0m create_duration = "30s"
      [32m+[0m[0m id              = (known after apply)
      [32m+[0m[0m triggers        = {
          [32m+[0m[0m "cluster_certificate_authority_data" = (known after apply)
          [32m+[0m[0m "cluster_endpoint"                   = (known after apply)
          [32m+[0m[0m "cluster_name"                       = (known after apply)
          [32m+[0m[0m "cluster_service_cidr"               = (known after apply)
          [32m+[0m[0m "cluster_version"                    = "1.34"
        }
    }

[1m  # module.eks.module.eks_oregon.module.eks_managed_node_group["standard-worker"].aws_eks_node_group.this[0][0m will be created
[0m  [32m+[0m[0m resource "aws_eks_node_group" "this" {
      [32m+[0m[0m ami_type               = (known after apply)
      [32m+[0m[0m arn                    = (known after apply)
      [32m+[0m[0m capacity_type          = (known after apply)
      [32m+[0m[0m cluster_name           = (known after apply)
      [32m+[0m[0m disk_size              = (known after apply)
      [32m+[0m[0m id                     = (known after apply)
      [32m+[0m[0m instance_types         = [
          [32m+[0m[0m "t3.small",
        ]
      [32m+[0m[0m node_group_name        = (known after apply)
      [32m+[0m[0m node_group_name_prefix = "standard-worker-"
      [32m+[0m[0m node_role_arn          = "arn:aws:iam::404457776061:role/standard-worker-eks-node-group-20260111103215426800000001"
      [32m+[0m[0m release_version        = (known after apply)
      [32m+[0m[0m resources              = (known after apply)
      [32m+[0m[0m status                 = (known after apply)
      [32m+[0m[0m subnet_ids             = [
          [32m+[0m[0m "subnet-080041238b615cb74",
          [32m+[0m[0m "subnet-0a16a918c8631dfcc",
        ]
      [32m+[0m[0m tags                   = {
          [32m+[0m[0m "Name"                                                = "standard-worker"
          [32m+[0m[0m "k8s.io/cluster-autoscaler/enabled"                   = "true"
          [32m+[0m[0m "k8s.io/cluster-autoscaler/y2om-formation-lap-oregon" = "owned"
        }
      [32m+[0m[0m tags_all               = {
          [32m+[0m[0m "Name"                                                = "standard-worker"
          [32m+[0m[0m "k8s.io/cluster-autoscaler/enabled"                   = "true"
          [32m+[0m[0m "k8s.io/cluster-autoscaler/y2om-formation-lap-oregon" = "owned"
        }
      [32m+[0m[0m version                = "1.34"

      [32m+[0m[0m launch_template {
          [32m+[0m[0m id      = (known after apply)
          [32m+[0m[0m name    = (known after apply)
          [32m+[0m[0m version = (known after apply)
        }

      [32m+[0m[0m scaling_config {
          [32m+[0m[0m desired_size = 2
          [32m+[0m[0m max_size     = 5
          [32m+[0m[0m min_size     = 2
        }

      [32m+[0m[0m timeouts {}

      [32m+[0m[0m update_config {
          [32m+[0m[0m max_unavailable_percentage = 33
        }
    }

[1m  # module.eks.module.eks_oregon.module.eks_managed_node_group["standard-worker"].aws_launch_template.this[0][0m will be created
[0m  [32m+[0m[0m resource "aws_launch_template" "this" {
      [32m+[0m[0m arn                    = (known after apply)
      [32m+[0m[0m default_version        = (known after apply)
      [32m+[0m[0m description            = "Custom launch template for standard-worker EKS managed node group"
      [32m+[0m[0m id                     = (known after apply)
      [32m+[0m[0m latest_version         = (known after apply)
      [32m+[0m[0m name                   = (known after apply)
      [32m+[0m[0m name_prefix            = "standard-worker-"
      [32m+[0m[0m tags                   = {
          [32m+[0m[0m "k8s.io/cluster-autoscaler/enabled"                   = "true"
          [32m+[0m[0m "k8s.io/cluster-autoscaler/y2om-formation-lap-oregon" = "owned"
        }
      [32m+[0m[0m tags_all               = {
          [32m+[0m[0m "k8s.io/cluster-autoscaler/enabled"                   = "true"
          [32m+[0m[0m "k8s.io/cluster-autoscaler/y2om-formation-lap-oregon" = "owned"
        }
      [32m+[0m[0m update_default_version = true
      [32m+[0m[0m vpc_security_group_ids = [
          [32m+[0m[0m "sg-021afcb6cb92504a7",
        ]

      [32m+[0m[0m metadata_options {
          [32m+[0m[0m http_endpoint               = "enabled"
          [32m+[0m[0m http_protocol_ipv6          = (known after apply)
          [32m+[0m[0m http_put_response_hop_limit = 2
          [32m+[0m[0m http_tokens                 = "required"
          [32m+[0m[0m instance_metadata_tags      = (known after apply)
        }

      [32m+[0m[0m monitoring {
          [32m+[0m[0m enabled = true
        }

      [32m+[0m[0m tag_specifications {
          [32m+[0m[0m resource_type = "instance"
          [32m+[0m[0m tags          = {
              [32m+[0m[0m "Name"                                                = "standard-worker"
              [32m+[0m[0m "k8s.io/cluster-autoscaler/enabled"                   = "true"
              [32m+[0m[0m "k8s.io/cluster-autoscaler/y2om-formation-lap-oregon" = "owned"
            }
        }
      [32m+[0m[0m tag_specifications {
          [32m+[0m[0m resource_type = "network-interface"
          [32m+[0m[0m tags          = {
              [32m+[0m[0m "Name"                                                = "standard-worker"
              [32m+[0m[0m "k8s.io/cluster-autoscaler/enabled"                   = "true"
              [32m+[0m[0m "k8s.io/cluster-autoscaler/y2om-formation-lap-oregon" = "owned"
            }
        }
      [32m+[0m[0m tag_specifications {
          [32m+[0m[0m resource_type = "volume"
          [32m+[0m[0m tags          = {
              [32m+[0m[0m "Name"                                                = "standard-worker"
              [32m+[0m[0m "k8s.io/cluster-autoscaler/enabled"                   = "true"
              [32m+[0m[0m "k8s.io/cluster-autoscaler/y2om-formation-lap-oregon" = "owned"
            }
        }
    }

[1m  # module.eks.module.eks_oregon.module.kms.aws_kms_alias.this["cluster"][0m will be created
[0m  [32m+[0m[0m resource "aws_kms_alias" "this" {
      [32m+[0m[0m arn            = (known after apply)
      [32m+[0m[0m id             = (known after apply)
      [32m+[0m[0m name           = "alias/eks/y2om-formation-lap-oregon"
      [32m+[0m[0m name_prefix    = (known after apply)
      [32m+[0m[0m target_key_arn = (known after apply)
      [32m+[0m[0m target_key_id  = "8857907d-78ae-4a95-b837-2a86ee527c20"
    }

[1m  # module.eks.module.eks_seoul.module.eks_managed_node_group["standard-worker"].aws_eks_node_group.this[0][0m will be created
[0m  [32m+[0m[0m resource "aws_eks_node_group" "this" {
      [32m+[0m[0m ami_type               = (known after apply)
      [32m+[0m[0m arn                    = (known after apply)
      [32m+[0m[0m capacity_type          = (known after apply)
      [32m+[0m[0m cluster_name           = (known after apply)
      [32m+[0m[0m disk_size              = (known after apply)
      [32m+[0m[0m id                     = (known after apply)
      [32m+[0m[0m instance_types         = [
          [32m+[0m[0m "t3.small",
        ]
      [32m+[0m[0m node_group_name        = (known after apply)
      [32m+[0m[0m node_group_name_prefix = "standard-worker-"
      [32m+[0m[0m node_role_arn          = "arn:aws:iam::404457776061:role/standard-worker-eks-node-group-20260111103214302400000002"
      [32m+[0m[0m release_version        = (known after apply)
      [32m+[0m[0m resources              = (known after apply)
      [32m+[0m[0m status                 = (known after apply)
      [32m+[0m[0m subnet_ids             = [
          [32m+[0m[0m "subnet-033ae3e84ba2d924e",
          [32m+[0m[0m "subnet-05d413cbbff3f557a",
        ]
      [32m+[0m[0m tags                   = {
          [32m+[0m[0m "Name"                                               = "standard-worker"
          [32m+[0m[0m "k8s.io/cluster-autoscaler/enabled"                  = "true"
          [32m+[0m[0m "k8s.io/cluster-autoscaler/y2om-formation-lap-seoul" = "owned"
        }
      [32m+[0m[0m tags_all               = {
          [32m+[0m[0m "Name"                                               = "standard-worker"
          [32m+[0m[0m "k8s.io/cluster-autoscaler/enabled"                  = "true"
          [32m+[0m[0m "k8s.io/cluster-autoscaler/y2om-formation-lap-seoul" = "owned"
        }
      [32m+[0m[0m version                = "1.34"

      [32m+[0m[0m launch_template {
          [32m+[0m[0m id      = (known after apply)
          [32m+[0m[0m name    = (known after apply)
          [32m+[0m[0m version = (known after apply)
        }

      [32m+[0m[0m scaling_config {
          [32m+[0m[0m desired_size = 2
          [32m+[0m[0m max_size     = 5
          [32m+[0m[0m min_size     = 2
        }

      [32m+[0m[0m timeouts {}

      [32m+[0m[0m update_config {
          [32m+[0m[0m max_unavailable_percentage = 33
        }
    }

[1m  # module.eks.module.eks_seoul.module.eks_managed_node_group["standard-worker"].aws_launch_template.this[0][0m will be created
[0m  [32m+[0m[0m resource "aws_launch_template" "this" {
      [32m+[0m[0m arn                    = (known after apply)
      [32m+[0m[0m default_version        = (known after apply)
      [32m+[0m[0m description            = "Custom launch template for standard-worker EKS managed node group"
      [32m+[0m[0m id                     = (known after apply)
      [32m+[0m[0m latest_version         = (known after apply)
      [32m+[0m[0m name                   = (known after apply)
      [32m+[0m[0m name_prefix            = "standard-worker-"
      [32m+[0m[0m tags                   = {
          [32m+[0m[0m "k8s.io/cluster-autoscaler/enabled"                  = "true"
          [32m+[0m[0m "k8s.io/cluster-autoscaler/y2om-formation-lap-seoul" = "owned"
        }
      [32m+[0m[0m tags_all               = {
          [32m+[0m[0m "k8s.io/cluster-autoscaler/enabled"                  = "true"
          [32m+[0m[0m "k8s.io/cluster-autoscaler/y2om-formation-lap-seoul" = "owned"
        }
      [32m+[0m[0m update_default_version = true
      [32m+[0m[0m vpc_security_group_ids = [
          [32m+[0m[0m "sg-0ac51eaffa081c9d4",
        ]

      [32m+[0m[0m metadata_options {
          [32m+[0m[0m http_endpoint               = "enabled"
          [32m+[0m[0m http_protocol_ipv6          = (known after apply)
          [32m+[0m[0m http_put_response_hop_limit = 2
          [32m+[0m[0m http_tokens                 = "required"
          [32m+[0m[0m instance_metadata_tags      = (known after apply)
        }

      [32m+[0m[0m monitoring {
          [32m+[0m[0m enabled = true
        }

      [32m+[0m[0m tag_specifications {
          [32m+[0m[0m resource_type = "instance"
          [32m+[0m[0m tags          = {
              [32m+[0m[0m "Name"                                               = "standard-worker"
              [32m+[0m[0m "k8s.io/cluster-autoscaler/enabled"                  = "true"
              [32m+[0m[0m "k8s.io/cluster-autoscaler/y2om-formation-lap-seoul" = "owned"
            }
        }
      [32m+[0m[0m tag_specifications {
          [32m+[0m[0m resource_type = "network-interface"
          [32m+[0m[0m tags          = {
              [32m+[0m[0m "Name"                                               = "standard-worker"
              [32m+[0m[0m "k8s.io/cluster-autoscaler/enabled"                  = "true"
              [32m+[0m[0m "k8s.io/cluster-autoscaler/y2om-formation-lap-seoul" = "owned"
            }
        }
      [32m+[0m[0m tag_specifications {
          [32m+[0m[0m resource_type = "volume"
          [32m+[0m[0m tags          = {
              [32m+[0m[0m "Name"                                               = "standard-worker"
              [32m+[0m[0m "k8s.io/cluster-autoscaler/enabled"                  = "true"
              [32m+[0m[0m "k8s.io/cluster-autoscaler/y2om-formation-lap-seoul" = "owned"
            }
        }
    }

[1m  # module.eks.module.eks_seoul.module.kms.aws_kms_alias.this["cluster"][0m will be created
[0m  [32m+[0m[0m resource "aws_kms_alias" "this" {
      [32m+[0m[0m arn            = (known after apply)
      [32m+[0m[0m id             = (known after apply)
      [32m+[0m[0m name           = "alias/eks/y2om-formation-lap-seoul"
      [32m+[0m[0m name_prefix    = (known after apply)
      [32m+[0m[0m target_key_arn = (known after apply)
      [32m+[0m[0m target_key_id  = "5ef77c3c-0147-438a-b4f8-0af3cf91b099"
    }

[1m  # module.eks.module.eks_oregon.module.eks_managed_node_group["standard-worker"].module.user_data.null_resource.validate_cluster_service_cidr[0m will be created
[0m  [32m+[0m[0m resource "null_resource" "validate_cluster_service_cidr" {
      [32m+[0m[0m id = (known after apply)
    }

[1m  # module.eks.module.eks_seoul.module.eks_managed_node_group["standard-worker"].module.user_data.null_resource.validate_cluster_service_cidr[0m will be created
[0m  [32m+[0m[0m resource "null_resource" "validate_cluster_service_cidr" {
      [32m+[0m[0m id = (known after apply)
    }

[1mPlan:[0m 41 to add, 0 to change, 0 to destroy.
[0m[0m[1mmodule.eks.module.eks_seoul.module.kms.aws_kms_alias.this["cluster"]: Creating...[0m[0m
[0m[1mmodule.eks.module.eks_seoul.aws_cloudwatch_log_group.this[0]: Creating...[0m[0m
[0m[1mmodule.eks.module.eks_seoul.module.kms.aws_kms_alias.this["cluster"]: Creation complete after 0s [id=alias/eks/y2om-formation-lap-seoul][0m
[0m[1mmodule.eks.module.eks_seoul.aws_cloudwatch_log_group.this[0]: Creation complete after 0s [id=/aws/eks/y2om-formation-lap-seoul/cluster][0m
[0m[1mmodule.eks.module.eks_seoul.aws_eks_cluster.this[0]: Creating...[0m[0m
[0m[1mmodule.eks.module.eks_oregon.module.kms.aws_kms_alias.this["cluster"]: Creating...[0m[0m
[0m[1mmodule.eks.module.eks_oregon.aws_cloudwatch_log_group.this[0]: Creating...[0m[0m
[0m[1mmodule.eks.module.eks_oregon.module.kms.aws_kms_alias.this["cluster"]: Creation complete after 0s [id=alias/eks/y2om-formation-lap-oregon][0m
[0m[1mmodule.eks.module.eks_oregon.aws_cloudwatch_log_group.this[0]: Creation complete after 1s [id=/aws/eks/y2om-formation-lap-oregon/cluster][0m
[0m[1mmodule.eks.module.eks_oregon.aws_eks_cluster.this[0]: Creating...[0m[0m
[0m[1mmodule.eks.module.eks_seoul.aws_eks_cluster.this[0]: Still creating... [10s elapsed][0m[0m
[0m[1mmodule.eks.module.eks_oregon.aws_eks_cluster.this[0]: Still creating... [10s elapsed][0m[0m
[0m[1mmodule.eks.module.eks_seoul.aws_eks_cluster.this[0]: Still creating... [20s elapsed][0m[0m
[0m[1mmodule.eks.module.eks_oregon.aws_eks_cluster.this[0]: Still creating... [20s elapsed][0m[0m
[0m[1mmodule.eks.module.eks_seoul.aws_eks_cluster.this[0]: Still creating... [30s elapsed][0m[0m
[0m[1mmodule.eks.module.eks_oregon.aws_eks_cluster.this[0]: Still creating... [30s elapsed][0m[0m
[0m[1mmodule.eks.module.eks_seoul.aws_eks_cluster.this[0]: Still creating... [40s elapsed][0m[0m
[0m[1mmodule.eks.module.eks_oregon.aws_eks_cluster.this[0]: Still creating... [40s elapsed][0m[0m
[0m[1mmodule.eks.module.eks_seoul.aws_eks_cluster.this[0]: Still creating... [50s elapsed][0m[0m
[0m[1mmodule.eks.module.eks_oregon.aws_eks_cluster.this[0]: Still creating... [50s elapsed][0m[0m
[0m[1mmodule.eks.module.eks_seoul.aws_eks_cluster.this[0]: Still creating... [1m0s elapsed][0m[0m
[0m[1mmodule.eks.module.eks_oregon.aws_eks_cluster.this[0]: Still creating... [1m0s elapsed][0m[0m
[0m[1mmodule.eks.module.eks_seoul.aws_eks_cluster.this[0]: Still creating... [1m10s elapsed][0m[0m
[0m[1mmodule.eks.module.eks_oregon.aws_eks_cluster.this[0]: Still creating... [1m10s elapsed][0m[0m
[0m[1mmodule.eks.module.eks_seoul.aws_eks_cluster.this[0]: Still creating... [1m20s elapsed][0m[0m
[0m[1mmodule.eks.module.eks_oregon.aws_eks_cluster.this[0]: Still creating... [1m20s elapsed][0m[0m
[0m[1mmodule.eks.module.eks_seoul.aws_eks_cluster.this[0]: Still creating... [1m30s elapsed][0m[0m
[0m[1mmodule.eks.module.eks_oregon.aws_eks_cluster.this[0]: Still creating... [1m30s elapsed][0m[0m
[0m[1mmodule.eks.module.eks_seoul.aws_eks_cluster.this[0]: Still creating... [1m40s elapsed][0m[0m
[0m[1mmodule.eks.module.eks_oregon.aws_eks_cluster.this[0]: Still creating... [1m40s elapsed][0m[0m
[0m[1mmodule.eks.module.eks_seoul.aws_eks_cluster.this[0]: Still creating... [1m50s elapsed][0m[0m
[0m[1mmodule.eks.module.eks_oregon.aws_eks_cluster.this[0]: Still creating... [1m50s elapsed][0m[0m
[0m[1mmodule.eks.module.eks_seoul.aws_eks_cluster.this[0]: Still creating... [2m0s elapsed][0m[0m
[0m[1mmodule.eks.module.eks_oregon.aws_eks_cluster.this[0]: Still creating... [2m0s elapsed][0m[0m
[0m[1mmodule.eks.module.eks_seoul.aws_eks_cluster.this[0]: Still creating... [2m10s elapsed][0m[0m
[0m[1mmodule.eks.module.eks_oregon.aws_eks_cluster.this[0]: Still creating... [2m10s elapsed][0m[0m
[0m[1mmodule.eks.module.eks_seoul.aws_eks_cluster.this[0]: Still creating... [2m20s elapsed][0m[0m
[0m[1mmodule.eks.module.eks_oregon.aws_eks_cluster.this[0]: Still creating... [2m20s elapsed][0m[0m
[0m[1mmodule.eks.module.eks_seoul.aws_eks_cluster.this[0]: Still creating... [2m30s elapsed][0m[0m
[0m[1mmodule.eks.module.eks_oregon.aws_eks_cluster.this[0]: Still creating... [2m30s elapsed][0m[0m
[0m[1mmodule.eks.module.eks_seoul.aws_eks_cluster.this[0]: Still creating... [2m40s elapsed][0m[0m
[0m[1mmodule.eks.module.eks_oregon.aws_eks_cluster.this[0]: Still creating... [2m40s elapsed][0m[0m
[0m[1mmodule.eks.module.eks_seoul.aws_eks_cluster.this[0]: Still creating... [2m50s elapsed][0m[0m
[0m[1mmodule.eks.module.eks_oregon.aws_eks_cluster.this[0]: Still creating... [2m50s elapsed][0m[0m
[0m[1mmodule.eks.module.eks_seoul.aws_eks_cluster.this[0]: Still creating... [3m0s elapsed][0m[0m
[0m[1mmodule.eks.module.eks_oregon.aws_eks_cluster.this[0]: Still creating... [3m0s elapsed][0m[0m
[0m[1mmodule.eks.module.eks_seoul.aws_eks_cluster.this[0]: Still creating... [3m10s elapsed][0m[0m
[0m[1mmodule.eks.module.eks_oregon.aws_eks_cluster.this[0]: Still creating... [3m10s elapsed][0m[0m
[0m[1mmodule.eks.module.eks_seoul.aws_eks_cluster.this[0]: Still creating... [3m20s elapsed][0m[0m
[0m[1mmodule.eks.module.eks_oregon.aws_eks_cluster.this[0]: Still creating... [3m20s elapsed][0m[0m
[0m[1mmodule.eks.module.eks_seoul.aws_eks_cluster.this[0]: Still creating... [3m30s elapsed][0m[0m
[0m[1mmodule.eks.module.eks_oregon.aws_eks_cluster.this[0]: Still creating... [3m30s elapsed][0m[0m
[0m[1mmodule.eks.module.eks_seoul.aws_eks_cluster.this[0]: Still creating... [3m40s elapsed][0m[0m
[0m[1mmodule.eks.module.eks_oregon.aws_eks_cluster.this[0]: Still creating... [3m40s elapsed][0m[0m
[0m[1mmodule.eks.module.eks_seoul.aws_eks_cluster.this[0]: Still creating... [3m50s elapsed][0m[0m
[0m[1mmodule.eks.module.eks_oregon.aws_eks_cluster.this[0]: Still creating... [3m50s elapsed][0m[0m
[0m[1mmodule.eks.module.eks_seoul.aws_eks_cluster.this[0]: Still creating... [4m0s elapsed][0m[0m
[0m[1mmodule.eks.module.eks_oregon.aws_eks_cluster.this[0]: Still creating... [4m0s elapsed][0m[0m
[0m[1mmodule.eks.module.eks_seoul.aws_eks_cluster.this[0]: Still creating... [4m10s elapsed][0m[0m
[0m[1mmodule.eks.module.eks_oregon.aws_eks_cluster.this[0]: Still creating... [4m10s elapsed][0m[0m
[0m[1mmodule.eks.module.eks_seoul.aws_eks_cluster.this[0]: Still creating... [4m20s elapsed][0m[0m
[0m[1mmodule.eks.module.eks_oregon.aws_eks_cluster.this[0]: Still creating... [4m20s elapsed][0m[0m
[0m[1mmodule.eks.module.eks_seoul.aws_eks_cluster.this[0]: Still creating... [4m30s elapsed][0m[0m
[0m[1mmodule.eks.module.eks_oregon.aws_eks_cluster.this[0]: Still creating... [4m30s elapsed][0m[0m
[0m[1mmodule.eks.module.eks_seoul.aws_eks_cluster.this[0]: Still creating... [4m40s elapsed][0m[0m
[0m[1mmodule.eks.module.eks_oregon.aws_eks_cluster.this[0]: Still creating... [4m40s elapsed][0m[0m
[0m[1mmodule.eks.module.eks_seoul.aws_eks_cluster.this[0]: Still creating... [4m50s elapsed][0m[0m
[0m[1mmodule.eks.module.eks_oregon.aws_eks_cluster.this[0]: Still creating... [4m50s elapsed][0m[0m
[0m[1mmodule.eks.module.eks_seoul.aws_eks_cluster.this[0]: Still creating... [5m0s elapsed][0m[0m
[0m[1mmodule.eks.module.eks_oregon.aws_eks_cluster.this[0]: Still creating... [5m0s elapsed][0m[0m
[0m[1mmodule.eks.module.eks_seoul.aws_eks_cluster.this[0]: Still creating... [5m10s elapsed][0m[0m
[0m[1mmodule.eks.module.eks_oregon.aws_eks_cluster.this[0]: Still creating... [5m10s elapsed][0m[0m
[0m[1mmodule.eks.module.eks_seoul.aws_eks_cluster.this[0]: Still creating... [5m20s elapsed][0m[0m
[0m[1mmodule.eks.module.eks_oregon.aws_eks_cluster.this[0]: Still creating... [5m20s elapsed][0m[0m
[0m[1mmodule.eks.module.eks_seoul.aws_eks_cluster.this[0]: Still creating... [5m30s elapsed][0m[0m
[0m[1mmodule.eks.module.eks_oregon.aws_eks_cluster.this[0]: Still creating... [5m30s elapsed][0m[0m
[0m[1mmodule.eks.module.eks_seoul.aws_eks_cluster.this[0]: Still creating... [5m40s elapsed][0m[0m
[0m[1mmodule.eks.module.eks_oregon.aws_eks_cluster.this[0]: Still creating... [5m40s elapsed][0m[0m
[0m[1mmodule.eks.module.eks_seoul.aws_eks_cluster.this[0]: Still creating... [5m50s elapsed][0m[0m
[0m[1mmodule.eks.module.eks_oregon.aws_eks_cluster.this[0]: Still creating... [5m50s elapsed][0m[0m
[0m[1mmodule.eks.module.eks_seoul.aws_eks_cluster.this[0]: Still creating... [6m0s elapsed][0m[0m
[0m[1mmodule.eks.module.eks_oregon.aws_eks_cluster.this[0]: Still creating... [6m0s elapsed][0m[0m
[0m[1mmodule.eks.module.eks_seoul.aws_eks_cluster.this[0]: Still creating... [6m10s elapsed][0m[0m
[0m[1mmodule.eks.module.eks_oregon.aws_eks_cluster.this[0]: Still creating... [6m10s elapsed][0m[0m
[0m[1mmodule.eks.module.eks_seoul.aws_eks_cluster.this[0]: Still creating... [6m20s elapsed][0m[0m
[0m[1mmodule.eks.module.eks_oregon.aws_eks_cluster.this[0]: Still creating... [6m20s elapsed][0m[0m
[0m[1mmodule.eks.module.eks_seoul.aws_eks_cluster.this[0]: Still creating... [6m30s elapsed][0m[0m
[0m[1mmodule.eks.module.eks_oregon.aws_eks_cluster.this[0]: Still creating... [6m30s elapsed][0m[0m
[0m[1mmodule.eks.module.eks_seoul.aws_eks_cluster.this[0]: Still creating... [6m40s elapsed][0m[0m
[0m[1mmodule.eks.module.eks_oregon.aws_eks_cluster.this[0]: Still creating... [6m40s elapsed][0m[0m
[0m[1mmodule.eks.module.eks_seoul.aws_eks_cluster.this[0]: Still creating... [6m50s elapsed][0m[0m
[0m[1mmodule.eks.module.eks_oregon.aws_eks_cluster.this[0]: Still creating... [6m50s elapsed][0m[0m
[0m[1mmodule.eks.module.eks_seoul.aws_eks_cluster.this[0]: Still creating... [7m0s elapsed][0m[0m
[0m[1mmodule.eks.module.eks_oregon.aws_eks_cluster.this[0]: Still creating... [7m0s elapsed][0m[0m
[0m[1mmodule.eks.module.eks_seoul.aws_eks_cluster.this[0]: Still creating... [7m10s elapsed][0m[0m
[0m[1mmodule.eks.module.eks_oregon.aws_eks_cluster.this[0]: Still creating... [7m10s elapsed][0m[0m
[0m[1mmodule.eks.module.eks_seoul.aws_eks_cluster.this[0]: Still creating... [7m20s elapsed][0m[0m
[0m[1mmodule.eks.module.eks_oregon.aws_eks_cluster.this[0]: Still creating... [7m20s elapsed][0m[0m
[0m[1mmodule.eks.module.eks_seoul.aws_eks_cluster.this[0]: Still creating... [7m30s elapsed][0m[0m
[0m[1mmodule.eks.module.eks_oregon.aws_eks_cluster.this[0]: Still creating... [7m30s elapsed][0m[0m
[0m[1mmodule.eks.module.eks_seoul.aws_eks_cluster.this[0]: Still creating... [7m40s elapsed][0m[0m
[0m[1mmodule.eks.module.eks_oregon.aws_eks_cluster.this[0]: Still creating... [7m40s elapsed][0m[0m
[0m[1mmodule.eks.module.eks_seoul.aws_eks_cluster.this[0]: Still creating... [7m50s elapsed][0m[0m
[0m[1mmodule.eks.module.eks_oregon.aws_eks_cluster.this[0]: Still creating... [7m50s elapsed][0m[0m
[0m[1mmodule.eks.module.eks_seoul.aws_eks_cluster.this[0]: Still creating... [8m0s elapsed][0m[0m
[0m[1mmodule.eks.module.eks_oregon.aws_eks_cluster.this[0]: Still creating... [8m0s elapsed][0m[0m
[0m[1mmodule.eks.module.eks_seoul.aws_eks_cluster.this[0]: Still creating... [8m10s elapsed][0m[0m
[0m[1mmodule.eks.module.eks_oregon.aws_eks_cluster.this[0]: Still creating... [8m10s elapsed][0m[0m
[0m[1mmodule.eks.module.eks_seoul.aws_eks_cluster.this[0]: Still creating... [8m20s elapsed][0m[0m
[0m[1mmodule.eks.module.eks_oregon.aws_eks_cluster.this[0]: Still creating... [8m20s elapsed][0m[0m
[0m[1mmodule.eks.module.eks_seoul.aws_eks_cluster.this[0]: Still creating... [8m30s elapsed][0m[0m
[0m[1mmodule.eks.module.eks_oregon.aws_eks_cluster.this[0]: Still creating... [8m30s elapsed][0m[0m
[0m[1mmodule.eks.module.eks_seoul.aws_eks_cluster.this[0]: Still creating... [8m40s elapsed][0m[0m
[0m[1mmodule.eks.module.eks_oregon.aws_eks_cluster.this[0]: Still creating... [8m40s elapsed][0m[0m
[0m[1mmodule.eks.module.eks_seoul.aws_eks_cluster.this[0]: Still creating... [8m50s elapsed][0m[0m
[0m[1mmodule.eks.module.eks_oregon.aws_eks_cluster.this[0]: Still creating... [8m50s elapsed][0m[0m
[0m[1mmodule.eks.module.eks_seoul.aws_eks_cluster.this[0]: Creation complete after 8m55s [id=y2om-formation-lap-seoul][0m
[0m[1mmodule.eks.aws_eks_access_entry.terraform_admin: Creating...[0m[0m
[0m[1mmodule.eks.module.eks_seoul.time_sleep.this[0]: Creating...[0m[0m
[0m[1mmodule.eks.module.eks_seoul.data.tls_certificate.this[0]: Reading...[0m[0m
[0m[1mmodule.eks.module.cluster_autoscaler_irsa_seoul.aws_iam_policy.cluster_autoscaler[0]: Creating...[0m[0m
[0m[1mmodule.eks.module.eks_seoul.data.tls_certificate.this[0]: Read complete after 0s [id=2f4c12273dfce0668da79492f884c5b681951fb9][0m
[0m[1mmodule.eks.module.eks_seoul.aws_iam_openid_connect_provider.oidc_provider[0]: Creating...[0m[0m
[0m[1mmodule.eks.aws_eks_access_entry.terraform_admin: Creation complete after 1s [id=y2om-formation-lap-seoul:arn:aws:iam::404457776061:user/Yeom_Seongsik][0m
[0m[1mmodule.eks.aws_eks_access_policy_association.terraform_admin_cluster: Creating...[0m[0m
[0m[1mmodule.argocd.helm_release.argocd_seoul: Creating...[0m[0m
[0m[1mmodule.eks.aws_eks_access_policy_association.terraform_admin_cluster: Creation complete after 0s [id=y2om-formation-lap-seoul#arn:aws:iam::404457776061:user/Yeom_Seongsik#arn:aws:eks::aws:cluster-access-policy/AmazonEKSClusterAdminPolicy][0m
[0m[1mmodule.eks.module.eks_seoul.aws_iam_openid_connect_provider.oidc_provider[0]: Creation complete after 2s [id=arn:aws:iam::404457776061:oidc-provider/oidc.eks.ap-northeast-2.amazonaws.com/id/A66F139CE047C53090E88981B3D47764][0m
[0m[1mmodule.eks.module.cluster_autoscaler_irsa_seoul.data.aws_iam_policy_document.this[0]: Reading...[0m[0m
[0m[1mmodule.eks.module.cluster_autoscaler_irsa_seoul.data.aws_iam_policy_document.this[0]: Read complete after 0s [id=3285294595][0m
[0m[1mmodule.eks.module.cluster_autoscaler_irsa_seoul.aws_iam_role.this[0]: Creating...[0m[0m
[0m[1mmodule.eks.module.cluster_autoscaler_irsa_seoul.aws_iam_policy.cluster_autoscaler[0]: Creation complete after 2s [id=arn:aws:iam::404457776061:policy/AmazonEKS_Cluster_Autoscaler_Policy-20260111105611147600000001][0m
[0m[1mmodule.eks.module.cluster_autoscaler_irsa_seoul.aws_iam_role.this[0]: Creation complete after 2s [id=y2om-eks-autoscaler-irsa-seoul][0m
[0m[1mmodule.eks.module.cluster_autoscaler_irsa_seoul.aws_iam_role_policy_attachment.cluster_autoscaler[0]: Creating...[0m[0m
[0m[1mmodule.eks.module.cluster_autoscaler_irsa_seoul.aws_iam_role_policy_attachment.cluster_autoscaler[0]: Creation complete after 1s [id=y2om-eks-autoscaler-irsa-seoul-20260111105615495400000002][0m
[0m[1mmodule.eks.module.eks_oregon.aws_eks_cluster.this[0]: Still creating... [9m0s elapsed][0m[0m
[0m[1mmodule.eks.module.eks_seoul.time_sleep.this[0]: Still creating... [10s elapsed][0m[0m
[0m[1mmodule.argocd.helm_release.argocd_seoul: Still creating... [10s elapsed][0m[0m
[0m[1mmodule.eks.module.eks_oregon.aws_eks_cluster.this[0]: Still creating... [9m10s elapsed][0m[0m
[0m[1mmodule.eks.module.eks_seoul.time_sleep.this[0]: Still creating... [20s elapsed][0m[0m
[0m[1mmodule.argocd.helm_release.argocd_seoul: Still creating... [20s elapsed][0m[0m
[0m[1mmodule.eks.module.eks_oregon.aws_eks_cluster.this[0]: Still creating... [9m20s elapsed][0m[0m
[0m[1mmodule.eks.module.eks_oregon.aws_eks_cluster.this[0]: Creation complete after 9m23s [id=y2om-formation-lap-oregon][0m
[0m[1mmodule.eks.module.eks_oregon.data.tls_certificate.this[0]: Reading...[0m[0m
[0m[1mmodule.eks.aws_eks_access_entry.terraform_admin_oregon: Creating...[0m[0m
[0m[1mmodule.eks.module.cluster_autoscaler_irsa_oregon.aws_iam_policy.cluster_autoscaler[0]: Creating...[0m[0m
[0m[1mmodule.eks.module.eks_oregon.time_sleep.this[0]: Creating...[0m[0m
[0m[1mmodule.eks.module.eks_seoul.time_sleep.this[0]: Still creating... [30s elapsed][0m[0m
[0m[1mmodule.eks.module.eks_oregon.data.tls_certificate.this[0]: Read complete after 0s [id=4687b9863b4f2caa907e2ad6c9ffcf73433dc367][0m
[0m[1mmodule.eks.module.eks_oregon.aws_iam_openid_connect_provider.oidc_provider[0]: Creating...[0m[0m
[0m[1mmodule.eks.module.eks_seoul.time_sleep.this[0]: Creation complete after 30s [id=2026-01-11T10:56:41Z][0m
[0m[1mmodule.eks.module.eks_seoul.module.eks_managed_node_group["standard-worker"].module.user_data.null_resource.validate_cluster_service_cidr: Creating...[0m[0m
[0m[1mmodule.eks.module.eks_seoul.module.eks_managed_node_group["standard-worker"].module.user_data.null_resource.validate_cluster_service_cidr: Creation complete after 0s [id=8007208844544459134][0m
[0m[1mmodule.eks.module.eks_seoul.module.eks_managed_node_group["standard-worker"].aws_launch_template.this[0]: Creating...[0m[0m
[0m[1mmodule.argocd.helm_release.argocd_oregon: Creating...[0m[0m
[0m[1mmodule.eks.aws_eks_access_entry.terraform_admin_oregon: Creation complete after 1s [id=y2om-formation-lap-oregon:arn:aws:iam::404457776061:user/Yeom_Seongsik][0m
[0m[1mmodule.eks.aws_eks_access_policy_association.terraform_admin_cluster_oregon: Creating...[0m[0m
[0m[1mmodule.eks.module.cluster_autoscaler_irsa_oregon.aws_iam_policy.cluster_autoscaler[0]: Creation complete after 1s [id=arn:aws:iam::404457776061:policy/AmazonEKS_Cluster_Autoscaler_Policy-20260111105640658000000003][0m
[0m[1mmodule.eks.aws_eks_access_policy_association.terraform_admin_cluster_oregon: Creation complete after 1s [id=y2om-formation-lap-oregon#arn:aws:iam::404457776061:user/Yeom_Seongsik#arn:aws:eks::aws:cluster-access-policy/AmazonEKSClusterAdminPolicy][0m
[0m[1mmodule.eks.module.eks_oregon.aws_iam_openid_connect_provider.oidc_provider[0]: Creation complete after 2s [id=arn:aws:iam::404457776061:oidc-provider/oidc.eks.us-west-2.amazonaws.com/id/D3577525C311E1FC3E53D4C102275225][0m
[0m[1mmodule.eks.module.cluster_autoscaler_irsa_oregon.data.aws_iam_policy_document.this[0]: Reading...[0m[0m
[0m[1mmodule.eks.module.cluster_autoscaler_irsa_oregon.data.aws_iam_policy_document.this[0]: Read complete after 0s [id=14778384][0m
[0m[1mmodule.eks.module.cluster_autoscaler_irsa_oregon.aws_iam_role.this[0]: Creating...[0m[0m
[0m[1mmodule.eks.module.cluster_autoscaler_irsa_oregon.aws_iam_role.this[0]: Creation complete after 2s [id=y2om-eks-autoscaler-irsa-oregon][0m
[0m[1mmodule.eks.module.cluster_autoscaler_irsa_oregon.aws_iam_role_policy_attachment.cluster_autoscaler[0]: Creating...[0m[0m
[0m[1mmodule.eks.module.cluster_autoscaler_irsa_oregon.aws_iam_role_policy_attachment.cluster_autoscaler[0]: Creation complete after 1s [id=y2om-eks-autoscaler-irsa-oregon-20260111105645387700000004][0m
[0m[1mmodule.eks.module.eks_seoul.module.eks_managed_node_group["standard-worker"].aws_launch_template.this[0]: Creation complete after 6s [id=lt-0b3ae3068117c1121][0m
[0m[1mmodule.eks.module.eks_seoul.module.eks_managed_node_group["standard-worker"].aws_eks_node_group.this[0]: Creating...[0m[0m
[0m[1mmodule.eks.module.eks_oregon.time_sleep.this[0]: Still creating... [10s elapsed][0m[0m
[0m[1mmodule.argocd.helm_release.argocd_oregon: Still creating... [10s elapsed][0m[0m
[0m[1mmodule.eks.module.eks_seoul.module.eks_managed_node_group["standard-worker"].aws_eks_node_group.this[0]: Still creating... [10s elapsed][0m[0m
[0m[1mmodule.eks.module.eks_oregon.time_sleep.this[0]: Still creating... [20s elapsed][0m[0m
[0m[1mmodule.argocd.helm_release.argocd_oregon: Still creating... [20s elapsed][0m[0m
[0m[1mmodule.eks.module.eks_seoul.module.eks_managed_node_group["standard-worker"].aws_eks_node_group.this[0]: Still creating... [20s elapsed][0m[0m
[0m[1mmodule.eks.module.eks_oregon.time_sleep.this[0]: Still creating... [30s elapsed][0m[0m
[0m[1mmodule.eks.module.eks_oregon.time_sleep.this[0]: Creation complete after 30s [id=2026-01-11T10:57:10Z][0m
[0m[1mmodule.eks.module.eks_oregon.module.eks_managed_node_group["standard-worker"].module.user_data.null_resource.validate_cluster_service_cidr: Creating...[0m[0m
[0m[1mmodule.eks.module.eks_oregon.module.eks_managed_node_group["standard-worker"].module.user_data.null_resource.validate_cluster_service_cidr: Creation complete after 0s [id=1173327257795048861][0m
[0m[1mmodule.eks.module.eks_oregon.module.eks_managed_node_group["standard-worker"].aws_launch_template.this[0]: Creating...[0m[0m
[0m[1mmodule.eks.module.eks_seoul.module.eks_managed_node_group["standard-worker"].aws_eks_node_group.this[0]: Still creating... [30s elapsed][0m[0m
[0m[1mmodule.eks.module.eks_oregon.module.eks_managed_node_group["standard-worker"].aws_launch_template.this[0]: Creation complete after 8s [id=lt-05b7554a64e760fc8][0m
[0m[1mmodule.eks.module.eks_oregon.module.eks_managed_node_group["standard-worker"].aws_eks_node_group.this[0]: Creating...[0m[0m
[0m[1mmodule.eks.module.eks_seoul.module.eks_managed_node_group["standard-worker"].aws_eks_node_group.this[0]: Still creating... [40s elapsed][0m[0m
[0m[1mmodule.eks.module.eks_oregon.module.eks_managed_node_group["standard-worker"].aws_eks_node_group.this[0]: Still creating... [10s elapsed][0m[0m
[0m[1mmodule.eks.module.eks_seoul.module.eks_managed_node_group["standard-worker"].aws_eks_node_group.this[0]: Still creating... [50s elapsed][0m[0m
[0m[1mmodule.eks.module.eks_oregon.module.eks_managed_node_group["standard-worker"].aws_eks_node_group.this[0]: Still creating... [20s elapsed][0m[0m
[0m[1mmodule.eks.module.eks_seoul.module.eks_managed_node_group["standard-worker"].aws_eks_node_group.this[0]: Still creating... [1m0s elapsed][0m[0m
[0m[1mmodule.eks.module.eks_oregon.module.eks_managed_node_group["standard-worker"].aws_eks_node_group.this[0]: Still creating... [30s elapsed][0m[0m
[0m[1mmodule.eks.module.eks_seoul.module.eks_managed_node_group["standard-worker"].aws_eks_node_group.this[0]: Still creating... [1m10s elapsed][0m[0m
[0m[1mmodule.eks.module.eks_oregon.module.eks_managed_node_group["standard-worker"].aws_eks_node_group.this[0]: Still creating... [40s elapsed][0m[0m
[0m[1mmodule.eks.module.eks_seoul.module.eks_managed_node_group["standard-worker"].aws_eks_node_group.this[0]: Creation complete after 1m18s [id=y2om-formation-lap-seoul:standard-worker-20260111105647222300000003][0m
[0m[1mmodule.eks.helm_release.cluster_autoscaler_seoul: Creating...[0m[0m
[0m[1mmodule.eks.module.eks_oregon.module.eks_managed_node_group["standard-worker"].aws_eks_node_group.this[0]: Still creating... [50s elapsed][0m[0m
[0m[1mmodule.eks.helm_release.cluster_autoscaler_seoul: Still creating... [10s elapsed][0m[0m
[0m[1mmodule.eks.module.eks_oregon.module.eks_managed_node_group["standard-worker"].aws_eks_node_group.this[0]: Still creating... [1m0s elapsed][0m[0m
[0m[1mmodule.eks.helm_release.cluster_autoscaler_seoul: Still creating... [20s elapsed][0m[0m
[0m[1mmodule.eks.module.eks_oregon.module.eks_managed_node_group["standard-worker"].aws_eks_node_group.this[0]: Still creating... [1m10s elapsed][0m[0m
[0m[1mmodule.eks.module.eks_oregon.module.eks_managed_node_group["standard-worker"].aws_eks_node_group.this[0]: Still creating... [1m20s elapsed][0m[0m
[0m[1mmodule.eks.module.eks_oregon.module.eks_managed_node_group["standard-worker"].aws_eks_node_group.this[0]: Still creating... [1m30s elapsed][0m[0m
[0m[1mmodule.eks.module.eks_oregon.module.eks_managed_node_group["standard-worker"].aws_eks_node_group.this[0]: Still creating... [1m40s elapsed][0m[0m
[0m[1mmodule.eks.module.eks_oregon.module.eks_managed_node_group["standard-worker"].aws_eks_node_group.this[0]: Still creating... [1m50s elapsed][0m[0m
[0m[1mmodule.eks.module.eks_oregon.module.eks_managed_node_group["standard-worker"].aws_eks_node_group.this[0]: Creation complete after 1m50s [id=y2om-formation-lap-oregon:standard-worker-20260111105718773900000003][0m
[0m[1mmodule.eks.helm_release.cluster_autoscaler_oregon: Creating...[0m[0m
[0m[1mmodule.eks.helm_release.cluster_autoscaler_oregon: Still creating... [10s elapsed][0m[0m
[0m[1mmodule.eks.helm_release.cluster_autoscaler_oregon: Still creating... [20s elapsed][0m[0m
[33m╷[0m[0m
[33m│[0m [0m[1m[33mWarning: [0m[0m[1mReference to undefined provider[0m
[33m│[0m [0m
[33m│[0m [0m[0m  on main.tf line 5, in module "network":
[33m│[0m [0m   5:     [4maws[0m.seoul  = aws.seoul[0m
[33m│[0m [0m
[33m│[0m [0mThere is no explicit declaration for local provider name "aws.seoul" in
[33m│[0m [0mmodule.network, so Terraform is assuming you mean to pass a configuration
[33m│[0m [0mfor "hashicorp/aws".
[33m│[0m [0m
[33m│[0m [0mIf you also control the child module, add a required_providers entry named
[33m│[0m [0m"aws.seoul" with the source address "hashicorp/aws".
[33m│[0m [0m
[33m│[0m [0m(and 17 more similar warnings elsewhere)
[33m╵[0m[0m
[31m╷[0m[0m
[31m│[0m [0m[1m[31mError: [0m[0m[1mKubernetes cluster unreachable: Get "https://A66F139CE047C53090E88981B3D47764.gr7.ap-northeast-2.eks.amazonaws.com/version": dial tcp 43.200.157.49:443: connect: connection refused[0m
[31m│[0m [0m
[31m│[0m [0m[0m  with module.argocd.helm_release.argocd_seoul,
[31m│[0m [0m  on modules/argocd/main.tf line 49, in resource "helm_release" "argocd_seoul":
[31m│[0m [0m  49: resource "helm_release" "argocd_seoul" [4m{[0m[0m
[31m│[0m [0m
[31m╵[0m[0m
[31m╷[0m[0m
[31m│[0m [0m[1m[31mError: [0m[0m[1mKubernetes cluster unreachable: Get "https://D3577525C311E1FC3E53D4C102275225.gr7.us-west-2.eks.amazonaws.com/version": dial tcp 34.212.244.199:443: connect: connection refused[0m
[31m│[0m [0m
[31m│[0m [0m[0m  with module.argocd.helm_release.argocd_oregon,
[31m│[0m [0m  on modules/argocd/main.tf line 83, in resource "helm_release" "argocd_oregon":
[31m│[0m [0m  83: resource "helm_release" "argocd_oregon" [4m{[0m[0m
[31m│[0m [0m
[31m╵[0m[0m
[31m╷[0m[0m
[31m│[0m [0m[1m[31mError: [0m[0m[1mKubernetes cluster unreachable: Get "https://A66F139CE047C53090E88981B3D47764.gr7.ap-northeast-2.eks.amazonaws.com/version": dial tcp 43.200.157.49:443: connect: connection refused[0m
[31m│[0m [0m
[31m│[0m [0m[0m  with module.eks.helm_release.cluster_autoscaler_seoul,
[31m│[0m [0m  on modules/eks/main.tf line 51, in resource "helm_release" "cluster_autoscaler_seoul":
[31m│[0m [0m  51: resource "helm_release" "cluster_autoscaler_seoul" [4m{[0m[0m
[31m│[0m [0m
[31m╵[0m[0m
[31m╷[0m[0m
[31m│[0m [0m[1m[31mError: [0m[0m[1mKubernetes cluster unreachable: Get "https://D3577525C311E1FC3E53D4C102275225.gr7.us-west-2.eks.amazonaws.com/version": dial tcp 34.212.244.199:443: connect: connection refused[0m
[31m│[0m [0m
[31m│[0m [0m[0m  with module.eks.helm_release.cluster_autoscaler_oregon,
[31m│[0m [0m  on modules/eks/main.tf line 128, in resource "helm_release" "cluster_autoscaler_oregon":
[31m│[0m [0m 128: resource "helm_release" "cluster_autoscaler_oregon" [4m{[0m[0m
[31m│[0m [0m
[31m╵[0m[0m
