[0m[1mmodule.eks.module.cluster_autoscaler_irsa_oregon.data.aws_caller_identity.current: Reading...[0m[0m
[0m[1mmodule.eks.module.cluster_autoscaler_irsa_oregon.data.aws_region.current: Reading...[0m[0m
[0m[1mmodule.eks.module.cluster_autoscaler_irsa_oregon.data.aws_partition.current: Reading...[0m[0m
[0m[1mmodule.database.data.aws_iam_policy_document.rds_proxy_assume_role: Reading...[0m[0m
[0m[1mmodule.eks.module.cluster_autoscaler_irsa_seoul.data.aws_region.current: Reading...[0m[0m
[0m[1mmodule.eks.module.cluster_autoscaler_irsa_seoul.data.aws_caller_identity.current: Reading...[0m[0m
[0m[1mmodule.eks.module.cluster_autoscaler_irsa_seoul.data.aws_partition.current: Reading...[0m[0m
[0m[1mmodule.eks.module.cluster_autoscaler_irsa_seoul.data.aws_partition.current: Read complete after 0s [id=aws][0m
[0m[1mmodule.eks.module.cluster_autoscaler_irsa_seoul.data.aws_region.current: Read complete after 0s [id=ap-northeast-2][0m
[0m[1mmodule.eks.module.cluster_autoscaler_irsa_oregon.data.aws_partition.current: Read complete after 0s [id=aws][0m
[0m[1mmodule.eks.module.cluster_autoscaler_irsa_oregon.data.aws_region.current: Read complete after 0s [id=ap-northeast-2][0m
[0m[1mmodule.database.data.aws_iam_policy_document.rds_proxy_assume_role: Read complete after 0s [id=2562693050][0m
[0m[1mmodule.eks.module.cluster_autoscaler_irsa_seoul.data.aws_caller_identity.current: Read complete after 0s [id=404457776061][0m
[0m[1mmodule.eks.module.cluster_autoscaler_irsa_oregon.data.aws_caller_identity.current: Read complete after 0s [id=404457776061][0m
[0m[1mmodule.database.data.aws_secretsmanager_secret.kor_db: Reading...[0m[0m
[0m[1mmodule.eks.module.eks_seoul.data.aws_iam_policy_document.assume_role_policy[0]: Reading...[0m[0m
[0m[1mmodule.eks.module.eks_seoul.data.aws_iam_policy_document.assume_role_policy[0]: Read complete after 0s [id=2830595799][0m
[0m[1mmodule.eks.module.eks_seoul.data.aws_partition.current[0]: Reading...[0m[0m
[0m[1mmodule.eks.module.eks_seoul.module.kms.data.aws_caller_identity.current[0]: Reading...[0m[0m
[0m[1mmodule.eks.module.eks_seoul.data.aws_caller_identity.current[0]: Reading...[0m[0m
[0m[1mmodule.eks.module.eks_seoul.data.aws_partition.current[0]: Read complete after 0s [id=aws][0m
[0m[1mmodule.ecr.data.aws_caller_identity.current: Reading...[0m[0m
[0m[1mmodule.eks.module.eks_seoul.module.eks_managed_node_group["standard-worker"].data.aws_caller_identity.current: Reading...[0m[0m
[0m[1mmodule.network.module.kor_vpc.data.aws_ami.amazon_linux: Reading...[0m[0m
[0m[1mmodule.eks.module.eks_seoul.module.eks_managed_node_group["standard-worker"].data.aws_partition.current: Reading...[0m[0m
[0m[1mmodule.eks.module.eks_seoul.module.eks_managed_node_group["standard-worker"].data.aws_partition.current: Read complete after 0s [id=aws][0m
[0m[1mmodule.eks.module.eks_seoul.module.kms.data.aws_partition.current[0]: Reading...[0m[0m
[0m[1mmodule.eks.module.eks_seoul.module.kms.data.aws_partition.current[0]: Read complete after 0s [id=aws][0m
[0m[1mmodule.eks.module.eks_seoul.module.eks_managed_node_group["standard-worker"].data.aws_iam_policy_document.assume_role_policy[0]: Reading...[0m[0m
[0m[1mmodule.eks.module.eks_seoul.module.eks_managed_node_group["standard-worker"].data.aws_iam_policy_document.assume_role_policy[0]: Read complete after 0s [id=2560088296][0m
[0m[1mmodule.eks.module.eks_seoul.module.kms.data.aws_caller_identity.current[0]: Read complete after 0s [id=404457776061][0m
[0m[1mmodule.ecr.data.aws_caller_identity.current: Read complete after 0s [id=404457776061][0m
[0m[1mmodule.eks.module.eks_seoul.module.eks_managed_node_group["standard-worker"].data.aws_caller_identity.current: Read complete after 0s [id=404457776061][0m
[0m[1mmodule.eks.module.eks_seoul.data.aws_caller_identity.current[0]: Read complete after 0s [id=404457776061][0m
[0m[1mmodule.eks.module.eks_seoul.data.aws_iam_session_context.current[0]: Reading...[0m[0m
[0m[1mmodule.eks.module.eks_seoul.data.aws_iam_policy_document.custom[0]: Reading...[0m[0m
[0m[1mmodule.eks.module.eks_seoul.data.aws_iam_session_context.current[0]: Read complete after 0s [id=arn:aws:iam::404457776061:user/Yeom_Seongsik][0m
[0m[1mmodule.eks.module.eks_seoul.data.aws_iam_policy_document.custom[0]: Read complete after 0s [id=513122117][0m
[0m[1mmodule.database.data.aws_secretsmanager_secret.kor_db: Read complete after 0s [id=arn:aws:secretsmanager:ap-northeast-2:404457776061:secret:formation-lap/db/dev/credentials-4rct3d][0m
[0m[1mmodule.database.data.aws_secretsmanager_secret_version.kor_db: Reading...[0m[0m
[0m[1mmodule.database.data.aws_secretsmanager_secret_version.kor_db: Read complete after 0s [id=arn:aws:secretsmanager:ap-northeast-2:404457776061:secret:formation-lap/db/dev/credentials-4rct3d|AWSCURRENT][0m
[0m[1mmodule.network.module.kor_vpc.data.aws_ami.amazon_linux: Read complete after 1s [id=ami-094ae5292d8e74679][0m
[0m[1mmodule.database.data.aws_secretsmanager_secret.usa_db: Reading...[0m[0m
[0m[1mmodule.eks.module.eks_oregon.module.kms.data.aws_caller_identity.current[0]: Reading...[0m[0m
[0m[1mmodule.eks.module.eks_oregon.data.aws_caller_identity.current[0]: Reading...[0m[0m
[0m[1mmodule.eks.module.eks_oregon.module.eks_managed_node_group["standard-worker"].data.aws_caller_identity.current: Reading...[0m[0m
[0m[1mmodule.eks.module.eks_oregon.module.eks_managed_node_group["standard-worker"].data.aws_iam_policy_document.assume_role_policy[0]: Reading...[0m[0m
[0m[1mmodule.eks.module.eks_oregon.module.eks_managed_node_group["standard-worker"].data.aws_iam_policy_document.assume_role_policy[0]: Read complete after 0s [id=2560088296][0m
[0m[1mmodule.eks.module.eks_oregon.data.aws_partition.current[0]: Reading...[0m[0m
[0m[1mmodule.network.module.usa_vpc.data.aws_ami.amazon_linux: Reading...[0m[0m
[0m[1mmodule.eks.module.eks_oregon.data.aws_iam_policy_document.assume_role_policy[0]: Reading...[0m[0m
[0m[1mmodule.eks.module.eks_oregon.data.aws_partition.current[0]: Read complete after 0s [id=aws][0m
[0m[1mmodule.eks.module.eks_oregon.module.kms.data.aws_partition.current[0]: Reading...[0m[0m
[0m[1mmodule.eks.module.eks_oregon.data.aws_iam_policy_document.assume_role_policy[0]: Read complete after 0s [id=2830595799][0m
[0m[1mmodule.eks.module.eks_oregon.module.kms.data.aws_partition.current[0]: Read complete after 0s [id=aws][0m
[0m[1mmodule.eks.module.eks_oregon.module.eks_managed_node_group["standard-worker"].data.aws_partition.current: Reading...[0m[0m
[0m[1mmodule.eks.module.eks_oregon.module.eks_managed_node_group["standard-worker"].data.aws_partition.current: Read complete after 0s [id=aws][0m
[0m[1mmodule.eks.module.eks_oregon.data.aws_iam_policy_document.custom[0]: Reading...[0m[0m
[0m[1mmodule.eks.module.eks_oregon.data.aws_iam_policy_document.custom[0]: Read complete after 0s [id=513122117][0m
[0m[1mmodule.eks.module.eks_oregon.module.eks_managed_node_group["standard-worker"].data.aws_caller_identity.current: Read complete after 0s [id=404457776061][0m
[0m[1mmodule.eks.module.eks_oregon.module.kms.data.aws_caller_identity.current[0]: Read complete after 0s [id=404457776061][0m
[0m[1mmodule.eks.module.eks_oregon.data.aws_caller_identity.current[0]: Read complete after 1s [id=404457776061][0m
[0m[1mmodule.eks.module.eks_oregon.data.aws_iam_session_context.current[0]: Reading...[0m[0m
[0m[1mmodule.eks.module.eks_oregon.data.aws_iam_session_context.current[0]: Read complete after 0s [id=arn:aws:iam::404457776061:user/Yeom_Seongsik][0m
[0m[1mmodule.database.data.aws_secretsmanager_secret.usa_db: Read complete after 1s [id=arn:aws:secretsmanager:us-west-2:404457776061:secret:formation-lap/db/dev/credentials-wcqjhT][0m
[0m[1mmodule.database.data.aws_secretsmanager_secret_version.usa_db: Reading...[0m[0m
[0m[1mmodule.database.data.aws_secretsmanager_secret_version.usa_db: Read complete after 0s [id=arn:aws:secretsmanager:us-west-2:404457776061:secret:formation-lap/db/dev/credentials-wcqjhT|AWSCURRENT][0m
[0m[1mmodule.network.module.usa_vpc.data.aws_ami.amazon_linux: Read complete after 2s [id=ami-0688bf0f4fb02a07b][0m

Terraform used the selected providers to generate the following execution
plan. Resource actions are indicated with the following symbols:
  [32m+[0m create[0m
 [36m<=[0m read (data resources)[0m

Terraform planned the following actions, but then encountered a problem:

[1m  # module.acm.aws_acm_certificate.a_www[0m will be created
[0m  [32m+[0m[0m resource "aws_acm_certificate" "a_www" {
      [32m+[0m[0m arn                       = (known after apply)
      [32m+[0m[0m domain_name               = "www.matchacake.click"
      [32m+[0m[0m domain_validation_options = [
          [32m+[0m[0m {
              [32m+[0m[0m domain_name           = "www.matchacake.click"
              [32m+[0m[0m resource_record_name  = (known after apply)
              [32m+[0m[0m resource_record_type  = (known after apply)
              [32m+[0m[0m resource_record_value = (known after apply)
            },
        ]
      [32m+[0m[0m id                        = (known after apply)
      [32m+[0m[0m key_algorithm             = (known after apply)
      [32m+[0m[0m not_after                 = (known after apply)
      [32m+[0m[0m not_before                = (known after apply)
      [32m+[0m[0m pending_renewal           = (known after apply)
      [32m+[0m[0m renewal_eligibility       = (known after apply)
      [32m+[0m[0m renewal_summary           = (known after apply)
      [32m+[0m[0m status                    = (known after apply)
      [32m+[0m[0m subject_alternative_names = [
          [32m+[0m[0m "www.matchacake.click",
        ]
      [32m+[0m[0m tags_all                  = (known after apply)
      [32m+[0m[0m type                      = (known after apply)
      [32m+[0m[0m validation_emails         = (known after apply)
      [32m+[0m[0m validation_method         = "DNS"
    }

[1m  # module.acm.aws_acm_certificate.cname_api_oregon[0m will be created
[0m  [32m+[0m[0m resource "aws_acm_certificate" "cname_api_oregon" {
      [32m+[0m[0m arn                       = (known after apply)
      [32m+[0m[0m domain_name               = "api.matchacake.click"
      [32m+[0m[0m domain_validation_options = [
          [32m+[0m[0m {
              [32m+[0m[0m domain_name           = "api.matchacake.click"
              [32m+[0m[0m resource_record_name  = (known after apply)
              [32m+[0m[0m resource_record_type  = (known after apply)
              [32m+[0m[0m resource_record_value = (known after apply)
            },
        ]
      [32m+[0m[0m id                        = (known after apply)
      [32m+[0m[0m key_algorithm             = (known after apply)
      [32m+[0m[0m not_after                 = (known after apply)
      [32m+[0m[0m not_before                = (known after apply)
      [32m+[0m[0m pending_renewal           = (known after apply)
      [32m+[0m[0m renewal_eligibility       = (known after apply)
      [32m+[0m[0m renewal_summary           = (known after apply)
      [32m+[0m[0m status                    = (known after apply)
      [32m+[0m[0m subject_alternative_names = [
          [32m+[0m[0m "api.matchacake.click",
        ]
      [32m+[0m[0m tags_all                  = (known after apply)
      [32m+[0m[0m type                      = (known after apply)
      [32m+[0m[0m validation_emails         = (known after apply)
      [32m+[0m[0m validation_method         = "DNS"
    }

[1m  # module.acm.aws_acm_certificate.cname_api_seoul[0m will be created
[0m  [32m+[0m[0m resource "aws_acm_certificate" "cname_api_seoul" {
      [32m+[0m[0m arn                       = (known after apply)
      [32m+[0m[0m domain_name               = "api.matchacake.click"
      [32m+[0m[0m domain_validation_options = [
          [32m+[0m[0m {
              [32m+[0m[0m domain_name           = "api.matchacake.click"
              [32m+[0m[0m resource_record_name  = (known after apply)
              [32m+[0m[0m resource_record_type  = (known after apply)
              [32m+[0m[0m resource_record_value = (known after apply)
            },
        ]
      [32m+[0m[0m id                        = (known after apply)
      [32m+[0m[0m key_algorithm             = (known after apply)
      [32m+[0m[0m not_after                 = (known after apply)
      [32m+[0m[0m not_before                = (known after apply)
      [32m+[0m[0m pending_renewal           = (known after apply)
      [32m+[0m[0m renewal_eligibility       = (known after apply)
      [32m+[0m[0m renewal_summary           = (known after apply)
      [32m+[0m[0m status                    = (known after apply)
      [32m+[0m[0m subject_alternative_names = [
          [32m+[0m[0m "api.matchacake.click",
        ]
      [32m+[0m[0m tags_all                  = (known after apply)
      [32m+[0m[0m type                      = (known after apply)
      [32m+[0m[0m validation_emails         = (known after apply)
      [32m+[0m[0m validation_method         = "DNS"
    }

[1m  # module.database.aws_db_proxy.kor[0m will be created
[0m  [32m+[0m[0m resource "aws_db_proxy" "kor" {
      [32m+[0m[0m arn                    = (known after apply)
      [32m+[0m[0m debug_logging          = false
      [32m+[0m[0m endpoint               = (known after apply)
      [32m+[0m[0m engine_family          = "MYSQL"
      [32m+[0m[0m id                     = (known after apply)
      [32m+[0m[0m idle_client_timeout    = 1800
      [32m+[0m[0m name                   = "y2om-formation-lap-kor-rds-proxy"
      [32m+[0m[0m require_tls            = false
      [32m+[0m[0m role_arn               = (known after apply)
      [32m+[0m[0m tags_all               = (known after apply)
      [32m+[0m[0m vpc_security_group_ids = (known after apply)

      [32m+[0m[0m auth {
          [32m+[0m[0m auth_scheme               = "SECRETS"
          [32m+[0m[0m client_password_auth_type = (known after apply)
          [32m+[0m[0m iam_auth                  = "DISABLED"
          [32m+[0m[0m secret_arn                = "arn:aws:secretsmanager:ap-northeast-2:404457776061:secret:formation-lap/db/dev/credentials-4rct3d"
        }
    }

[1m  # module.database.aws_db_proxy.usa[0m will be created
[0m  [32m+[0m[0m resource "aws_db_proxy" "usa" {
      [32m+[0m[0m arn                    = (known after apply)
      [32m+[0m[0m debug_logging          = false
      [32m+[0m[0m endpoint               = (known after apply)
      [32m+[0m[0m engine_family          = "MYSQL"
      [32m+[0m[0m id                     = (known after apply)
      [32m+[0m[0m idle_client_timeout    = 1800
      [32m+[0m[0m name                   = "y2om-formation-lap-usa-rds-proxy"
      [32m+[0m[0m require_tls            = false
      [32m+[0m[0m role_arn               = (known after apply)
      [32m+[0m[0m tags_all               = (known after apply)
      [32m+[0m[0m vpc_security_group_ids = (known after apply)

      [32m+[0m[0m auth {
          [32m+[0m[0m auth_scheme               = "SECRETS"
          [32m+[0m[0m client_password_auth_type = (known after apply)
          [32m+[0m[0m iam_auth                  = "DISABLED"
          [32m+[0m[0m secret_arn                = "arn:aws:secretsmanager:us-west-2:404457776061:secret:formation-lap/db/dev/credentials-wcqjhT"
        }
    }

[1m  # module.database.aws_db_proxy_default_target_group.kor[0m will be created
[0m  [32m+[0m[0m resource "aws_db_proxy_default_target_group" "kor" {
      [32m+[0m[0m arn           = (known after apply)
      [32m+[0m[0m db_proxy_name = "y2om-formation-lap-kor-rds-proxy"
      [32m+[0m[0m id            = (known after apply)
      [32m+[0m[0m name          = (known after apply)

      [32m+[0m[0m connection_pool_config {
          [32m+[0m[0m connection_borrow_timeout    = 120
          [32m+[0m[0m max_connections_percent      = 100
          [32m+[0m[0m max_idle_connections_percent = 50
        }
    }

[1m  # module.database.aws_db_proxy_default_target_group.usa[0m will be created
[0m  [32m+[0m[0m resource "aws_db_proxy_default_target_group" "usa" {
      [32m+[0m[0m arn           = (known after apply)
      [32m+[0m[0m db_proxy_name = "y2om-formation-lap-usa-rds-proxy"
      [32m+[0m[0m id            = (known after apply)
      [32m+[0m[0m name          = (known after apply)

      [32m+[0m[0m connection_pool_config {
          [32m+[0m[0m connection_borrow_timeout    = 120
          [32m+[0m[0m max_connections_percent      = 100
          [32m+[0m[0m max_idle_connections_percent = 50
        }
    }

[1m  # module.database.aws_db_proxy_target.kor_cluster[0m will be created
[0m  [32m+[0m[0m resource "aws_db_proxy_target" "kor_cluster" {
      [32m+[0m[0m db_cluster_identifier = (known after apply)
      [32m+[0m[0m db_proxy_name         = "y2om-formation-lap-kor-rds-proxy"
      [32m+[0m[0m endpoint              = (known after apply)
      [32m+[0m[0m id                    = (known after apply)
      [32m+[0m[0m port                  = (known after apply)
      [32m+[0m[0m rds_resource_id       = (known after apply)
      [32m+[0m[0m target_arn            = (known after apply)
      [32m+[0m[0m target_group_name     = (known after apply)
      [32m+[0m[0m tracked_cluster_id    = (known after apply)
      [32m+[0m[0m type                  = (known after apply)
    }

[1m  # module.database.aws_db_proxy_target.usa_cluster[0m will be created
[0m  [32m+[0m[0m resource "aws_db_proxy_target" "usa_cluster" {
      [32m+[0m[0m db_cluster_identifier = (known after apply)
      [32m+[0m[0m db_proxy_name         = "y2om-formation-lap-usa-rds-proxy"
      [32m+[0m[0m endpoint              = (known after apply)
      [32m+[0m[0m id                    = (known after apply)
      [32m+[0m[0m port                  = (known after apply)
      [32m+[0m[0m rds_resource_id       = (known after apply)
      [32m+[0m[0m target_arn            = (known after apply)
      [32m+[0m[0m target_group_name     = (known after apply)
      [32m+[0m[0m tracked_cluster_id    = (known after apply)
      [32m+[0m[0m type                  = (known after apply)
    }

[1m  # module.database.aws_db_subnet_group.kor[0m will be created
[0m  [32m+[0m[0m resource "aws_db_subnet_group" "kor" {
      [32m+[0m[0m arn                     = (known after apply)
      [32m+[0m[0m description             = "Managed by Terraform"
      [32m+[0m[0m id                      = (known after apply)
      [32m+[0m[0m name                    = "y2om-kor-db-subnet-group"
      [32m+[0m[0m name_prefix             = (known after apply)
      [32m+[0m[0m supported_network_types = (known after apply)
      [32m+[0m[0m tags_all                = (known after apply)
      [32m+[0m[0m vpc_id                  = (known after apply)
    }

[1m  # module.database.aws_db_subnet_group.usa[0m will be created
[0m  [32m+[0m[0m resource "aws_db_subnet_group" "usa" {
      [32m+[0m[0m arn                     = (known after apply)
      [32m+[0m[0m description             = "Managed by Terraform"
      [32m+[0m[0m id                      = (known after apply)
      [32m+[0m[0m name                    = "y2om-usa-db-subnet-group"
      [32m+[0m[0m name_prefix             = (known after apply)
      [32m+[0m[0m supported_network_types = (known after apply)
      [32m+[0m[0m tags_all                = (known after apply)
      [32m+[0m[0m vpc_id                  = (known after apply)
    }

[1m  # module.database.aws_iam_role.kor_rds_proxy[0m will be created
[0m  [32m+[0m[0m resource "aws_iam_role" "kor_rds_proxy" {
      [32m+[0m[0m arn                   = (known after apply)
      [32m+[0m[0m assume_role_policy    = jsonencode(
            {
              [32m+[0m[0m Statement = [
                  [32m+[0m[0m {
                      [32m+[0m[0m Action    = "sts:AssumeRole"
                      [32m+[0m[0m Effect    = "Allow"
                      [32m+[0m[0m Principal = {
                          [32m+[0m[0m Service = "rds.amazonaws.com"
                        }
                    },
                ]
              [32m+[0m[0m Version   = "2012-10-17"
            }
        )
      [32m+[0m[0m create_date           = (known after apply)
      [32m+[0m[0m force_detach_policies = false
      [32m+[0m[0m id                    = (known after apply)
      [32m+[0m[0m managed_policy_arns   = (known after apply)
      [32m+[0m[0m max_session_duration  = 3600
      [32m+[0m[0m name                  = "y2om-formation-lap-KOR-RDS-Proxy-Role"
      [32m+[0m[0m name_prefix           = (known after apply)
      [32m+[0m[0m path                  = "/"
      [32m+[0m[0m tags_all              = (known after apply)
      [32m+[0m[0m unique_id             = (known after apply)
    }

[1m  # module.database.aws_iam_role.usa_rds_proxy[0m will be created
[0m  [32m+[0m[0m resource "aws_iam_role" "usa_rds_proxy" {
      [32m+[0m[0m arn                   = (known after apply)
      [32m+[0m[0m assume_role_policy    = jsonencode(
            {
              [32m+[0m[0m Statement = [
                  [32m+[0m[0m {
                      [32m+[0m[0m Action    = "sts:AssumeRole"
                      [32m+[0m[0m Effect    = "Allow"
                      [32m+[0m[0m Principal = {
                          [32m+[0m[0m Service = "rds.amazonaws.com"
                        }
                    },
                ]
              [32m+[0m[0m Version   = "2012-10-17"
            }
        )
      [32m+[0m[0m create_date           = (known after apply)
      [32m+[0m[0m force_detach_policies = false
      [32m+[0m[0m id                    = (known after apply)
      [32m+[0m[0m managed_policy_arns   = (known after apply)
      [32m+[0m[0m max_session_duration  = 3600
      [32m+[0m[0m name                  = "y2om-formation-lap-USA-RDS-Proxy-Role"
      [32m+[0m[0m name_prefix           = (known after apply)
      [32m+[0m[0m path                  = "/"
      [32m+[0m[0m tags_all              = (known after apply)
      [32m+[0m[0m unique_id             = (known after apply)
    }

[1m  # module.database.aws_iam_role_policy.kor_rds_proxy[0m will be created
[0m  [32m+[0m[0m resource "aws_iam_role_policy" "kor_rds_proxy" {
      [32m+[0m[0m id          = (known after apply)
      [32m+[0m[0m name        = "y2om-formation-lap-KOR-RDS-Proxy-Secrets-Policy"
      [32m+[0m[0m name_prefix = (known after apply)
      [32m+[0m[0m policy      = jsonencode(
            {
              [32m+[0m[0m Statement = [
                  [32m+[0m[0m {
                      [32m+[0m[0m Action   = [
                          [32m+[0m[0m "secretsmanager:GetSecretValue",
                          [32m+[0m[0m "secretsmanager:DescribeSecret",
                        ]
                      [32m+[0m[0m Effect   = "Allow"
                      [32m+[0m[0m Resource = "arn:aws:secretsmanager:ap-northeast-2:404457776061:secret:formation-lap/db/dev/credentials-4rct3d"
                    },
                ]
              [32m+[0m[0m Version   = "2012-10-17"
            }
        )
      [32m+[0m[0m role        = (known after apply)
    }

[1m  # module.database.aws_iam_role_policy.usa_rds_proxy[0m will be created
[0m  [32m+[0m[0m resource "aws_iam_role_policy" "usa_rds_proxy" {
      [32m+[0m[0m id          = (known after apply)
      [32m+[0m[0m name        = "y2om-formation-lap-USA-RDS-Proxy-Secrets-Policy"
      [32m+[0m[0m name_prefix = (known after apply)
      [32m+[0m[0m policy      = jsonencode(
            {
              [32m+[0m[0m Statement = [
                  [32m+[0m[0m {
                      [32m+[0m[0m Action   = [
                          [32m+[0m[0m "secretsmanager:GetSecretValue",
                          [32m+[0m[0m "secretsmanager:DescribeSecret",
                        ]
                      [32m+[0m[0m Effect   = "Allow"
                      [32m+[0m[0m Resource = "arn:aws:secretsmanager:us-west-2:404457776061:secret:formation-lap/db/dev/credentials-wcqjhT"
                    },
                ]
              [32m+[0m[0m Version   = "2012-10-17"
            }
        )
      [32m+[0m[0m role        = (known after apply)
    }

[1m  # module.database.aws_rds_cluster.kor[0m will be created
[0m  [32m+[0m[0m resource "aws_rds_cluster" "kor" {
      [32m+[0m[0m allocated_storage                     = (known after apply)
      [32m+[0m[0m apply_immediately                     = (known after apply)
      [32m+[0m[0m arn                                   = (known after apply)
      [32m+[0m[0m availability_zones                    = (known after apply)
      [32m+[0m[0m backup_retention_period               = (known after apply)
      [32m+[0m[0m ca_certificate_identifier             = (known after apply)
      [32m+[0m[0m ca_certificate_valid_till             = (known after apply)
      [32m+[0m[0m cluster_identifier                    = "y2om-kor-aurora-mysql"
      [32m+[0m[0m cluster_identifier_prefix             = (known after apply)
      [32m+[0m[0m cluster_members                       = (known after apply)
      [32m+[0m[0m cluster_resource_id                   = (known after apply)
      [32m+[0m[0m cluster_scalability_type              = (known after apply)
      [32m+[0m[0m copy_tags_to_snapshot                 = false
      [32m+[0m[0m database_insights_mode                = (known after apply)
      [32m+[0m[0m database_name                         = (known after apply)
      [32m+[0m[0m db_cluster_parameter_group_name       = (known after apply)
      [32m+[0m[0m db_subnet_group_name                  = "y2om-kor-db-subnet-group"
      [32m+[0m[0m db_system_id                          = (known after apply)
      [32m+[0m[0m delete_automated_backups              = true
      [32m+[0m[0m enable_global_write_forwarding        = false
      [32m+[0m[0m enable_http_endpoint                  = false
      [32m+[0m[0m enable_local_write_forwarding         = false
      [32m+[0m[0m endpoint                              = (known after apply)
      [32m+[0m[0m engine                                = "aurora-mysql"
      [32m+[0m[0m engine_lifecycle_support              = (known after apply)
      [32m+[0m[0m engine_mode                           = "provisioned"
      [32m+[0m[0m engine_version                        = (known after apply)
      [32m+[0m[0m engine_version_actual                 = (known after apply)
      [32m+[0m[0m hosted_zone_id                        = (known after apply)
      [32m+[0m[0m iam_roles                             = (known after apply)
      [32m+[0m[0m id                                    = (known after apply)
      [32m+[0m[0m kms_key_id                            = (known after apply)
      [32m+[0m[0m master_password                       = (sensitive value)
      [32m+[0m[0m master_user_secret                    = (known after apply)
      [32m+[0m[0m master_user_secret_kms_key_id         = (known after apply)
      [32m+[0m[0m master_username                       = "admin"
      [32m+[0m[0m monitoring_interval                   = (known after apply)
      [32m+[0m[0m monitoring_role_arn                   = (known after apply)
      [32m+[0m[0m network_type                          = (known after apply)
      [32m+[0m[0m performance_insights_kms_key_id       = (known after apply)
      [32m+[0m[0m performance_insights_retention_period = (known after apply)
      [32m+[0m[0m port                                  = (known after apply)
      [32m+[0m[0m preferred_backup_window               = (known after apply)
      [32m+[0m[0m preferred_maintenance_window          = (known after apply)
      [32m+[0m[0m reader_endpoint                       = (known after apply)
      [32m+[0m[0m skip_final_snapshot                   = true
      [32m+[0m[0m storage_encrypted                     = (known after apply)
      [32m+[0m[0m storage_type                          = (known after apply)
      [32m+[0m[0m tags_all                              = (known after apply)
      [32m+[0m[0m vpc_security_group_ids                = (known after apply)
    }

[1m  # module.database.aws_rds_cluster.usa[0m will be created
[0m  [32m+[0m[0m resource "aws_rds_cluster" "usa" {
      [32m+[0m[0m allocated_storage                     = (known after apply)
      [32m+[0m[0m apply_immediately                     = (known after apply)
      [32m+[0m[0m arn                                   = (known after apply)
      [32m+[0m[0m availability_zones                    = (known after apply)
      [32m+[0m[0m backup_retention_period               = (known after apply)
      [32m+[0m[0m ca_certificate_identifier             = (known after apply)
      [32m+[0m[0m ca_certificate_valid_till             = (known after apply)
      [32m+[0m[0m cluster_identifier                    = "y2om-usa-aurora-mysql"
      [32m+[0m[0m cluster_identifier_prefix             = (known after apply)
      [32m+[0m[0m cluster_members                       = (known after apply)
      [32m+[0m[0m cluster_resource_id                   = (known after apply)
      [32m+[0m[0m cluster_scalability_type              = (known after apply)
      [32m+[0m[0m copy_tags_to_snapshot                 = false
      [32m+[0m[0m database_insights_mode                = (known after apply)
      [32m+[0m[0m database_name                         = (known after apply)
      [32m+[0m[0m db_cluster_parameter_group_name       = (known after apply)
      [32m+[0m[0m db_subnet_group_name                  = "y2om-usa-db-subnet-group"
      [32m+[0m[0m db_system_id                          = (known after apply)
      [32m+[0m[0m delete_automated_backups              = true
      [32m+[0m[0m enable_global_write_forwarding        = false
      [32m+[0m[0m enable_http_endpoint                  = false
      [32m+[0m[0m enable_local_write_forwarding         = false
      [32m+[0m[0m endpoint                              = (known after apply)
      [32m+[0m[0m engine                                = "aurora-mysql"
      [32m+[0m[0m engine_lifecycle_support              = (known after apply)
      [32m+[0m[0m engine_mode                           = "provisioned"
      [32m+[0m[0m engine_version                        = (known after apply)
      [32m+[0m[0m engine_version_actual                 = (known after apply)
      [32m+[0m[0m hosted_zone_id                        = (known after apply)
      [32m+[0m[0m iam_roles                             = (known after apply)
      [32m+[0m[0m id                                    = (known after apply)
      [32m+[0m[0m kms_key_id                            = (known after apply)
      [32m+[0m[0m master_password                       = (sensitive value)
      [32m+[0m[0m master_user_secret                    = (known after apply)
      [32m+[0m[0m master_user_secret_kms_key_id         = (known after apply)
      [32m+[0m[0m master_username                       = "admin"
      [32m+[0m[0m monitoring_interval                   = (known after apply)
      [32m+[0m[0m monitoring_role_arn                   = (known after apply)
      [32m+[0m[0m network_type                          = (known after apply)
      [32m+[0m[0m performance_insights_kms_key_id       = (known after apply)
      [32m+[0m[0m performance_insights_retention_period = (known after apply)
      [32m+[0m[0m port                                  = (known after apply)
      [32m+[0m[0m preferred_backup_window               = (known after apply)
      [32m+[0m[0m preferred_maintenance_window          = (known after apply)
      [32m+[0m[0m reader_endpoint                       = (known after apply)
      [32m+[0m[0m skip_final_snapshot                   = true
      [32m+[0m[0m storage_encrypted                     = (known after apply)
      [32m+[0m[0m storage_type                          = (known after apply)
      [32m+[0m[0m tags_all                              = (known after apply)
      [32m+[0m[0m vpc_security_group_ids                = (known after apply)
    }

[1m  # module.database.aws_rds_cluster_instance.kor_reader[0m will be created
[0m  [32m+[0m[0m resource "aws_rds_cluster_instance" "kor_reader" {
      [32m+[0m[0m apply_immediately                     = (known after apply)
      [32m+[0m[0m arn                                   = (known after apply)
      [32m+[0m[0m auto_minor_version_upgrade            = true
      [32m+[0m[0m availability_zone                     = (known after apply)
      [32m+[0m[0m ca_cert_identifier                    = (known after apply)
      [32m+[0m[0m cluster_identifier                    = (known after apply)
      [32m+[0m[0m copy_tags_to_snapshot                 = false
      [32m+[0m[0m db_parameter_group_name               = (known after apply)
      [32m+[0m[0m db_subnet_group_name                  = (known after apply)
      [32m+[0m[0m dbi_resource_id                       = (known after apply)
      [32m+[0m[0m endpoint                              = (known after apply)
      [32m+[0m[0m engine                                = "aurora-mysql"
      [32m+[0m[0m engine_version                        = (known after apply)
      [32m+[0m[0m engine_version_actual                 = (known after apply)
      [32m+[0m[0m force_destroy                         = false
      [32m+[0m[0m id                                    = (known after apply)
      [32m+[0m[0m identifier                            = "y2om-kor-reader"
      [32m+[0m[0m identifier_prefix                     = (known after apply)
      [32m+[0m[0m instance_class                        = "db.t4g.medium"
      [32m+[0m[0m kms_key_id                            = (known after apply)
      [32m+[0m[0m monitoring_interval                   = 0
      [32m+[0m[0m monitoring_role_arn                   = (known after apply)
      [32m+[0m[0m network_type                          = (known after apply)
      [32m+[0m[0m performance_insights_enabled          = (known after apply)
      [32m+[0m[0m performance_insights_kms_key_id       = (known after apply)
      [32m+[0m[0m performance_insights_retention_period = (known after apply)
      [32m+[0m[0m port                                  = (known after apply)
      [32m+[0m[0m preferred_backup_window               = (known after apply)
      [32m+[0m[0m preferred_maintenance_window          = (known after apply)
      [32m+[0m[0m promotion_tier                        = 1
      [32m+[0m[0m publicly_accessible                   = (known after apply)
      [32m+[0m[0m storage_encrypted                     = (known after apply)
      [32m+[0m[0m tags_all                              = (known after apply)
      [32m+[0m[0m writer                                = (known after apply)
    }

[1m  # module.database.aws_rds_cluster_instance.kor_writer[0m will be created
[0m  [32m+[0m[0m resource "aws_rds_cluster_instance" "kor_writer" {
      [32m+[0m[0m apply_immediately                     = (known after apply)
      [32m+[0m[0m arn                                   = (known after apply)
      [32m+[0m[0m auto_minor_version_upgrade            = true
      [32m+[0m[0m availability_zone                     = (known after apply)
      [32m+[0m[0m ca_cert_identifier                    = (known after apply)
      [32m+[0m[0m cluster_identifier                    = (known after apply)
      [32m+[0m[0m copy_tags_to_snapshot                 = false
      [32m+[0m[0m db_parameter_group_name               = (known after apply)
      [32m+[0m[0m db_subnet_group_name                  = (known after apply)
      [32m+[0m[0m dbi_resource_id                       = (known after apply)
      [32m+[0m[0m endpoint                              = (known after apply)
      [32m+[0m[0m engine                                = "aurora-mysql"
      [32m+[0m[0m engine_version                        = (known after apply)
      [32m+[0m[0m engine_version_actual                 = (known after apply)
      [32m+[0m[0m force_destroy                         = false
      [32m+[0m[0m id                                    = (known after apply)
      [32m+[0m[0m identifier                            = "y2om-kor-writer"
      [32m+[0m[0m identifier_prefix                     = (known after apply)
      [32m+[0m[0m instance_class                        = "db.t4g.medium"
      [32m+[0m[0m kms_key_id                            = (known after apply)
      [32m+[0m[0m monitoring_interval                   = 0
      [32m+[0m[0m monitoring_role_arn                   = (known after apply)
      [32m+[0m[0m network_type                          = (known after apply)
      [32m+[0m[0m performance_insights_enabled          = (known after apply)
      [32m+[0m[0m performance_insights_kms_key_id       = (known after apply)
      [32m+[0m[0m performance_insights_retention_period = (known after apply)
      [32m+[0m[0m port                                  = (known after apply)
      [32m+[0m[0m preferred_backup_window               = (known after apply)
      [32m+[0m[0m preferred_maintenance_window          = (known after apply)
      [32m+[0m[0m promotion_tier                        = 0
      [32m+[0m[0m publicly_accessible                   = (known after apply)
      [32m+[0m[0m storage_encrypted                     = (known after apply)
      [32m+[0m[0m tags_all                              = (known after apply)
      [32m+[0m[0m writer                                = (known after apply)
    }

[1m  # module.database.aws_rds_cluster_instance.usa_reader[0m will be created
[0m  [32m+[0m[0m resource "aws_rds_cluster_instance" "usa_reader" {
      [32m+[0m[0m apply_immediately                     = (known after apply)
      [32m+[0m[0m arn                                   = (known after apply)
      [32m+[0m[0m auto_minor_version_upgrade            = true
      [32m+[0m[0m availability_zone                     = (known after apply)
      [32m+[0m[0m ca_cert_identifier                    = (known after apply)
      [32m+[0m[0m cluster_identifier                    = (known after apply)
      [32m+[0m[0m copy_tags_to_snapshot                 = false
      [32m+[0m[0m db_parameter_group_name               = (known after apply)
      [32m+[0m[0m db_subnet_group_name                  = (known after apply)
      [32m+[0m[0m dbi_resource_id                       = (known after apply)
      [32m+[0m[0m endpoint                              = (known after apply)
      [32m+[0m[0m engine                                = "aurora-mysql"
      [32m+[0m[0m engine_version                        = (known after apply)
      [32m+[0m[0m engine_version_actual                 = (known after apply)
      [32m+[0m[0m force_destroy                         = false
      [32m+[0m[0m id                                    = (known after apply)
      [32m+[0m[0m identifier                            = "y2om-usa-reader"
      [32m+[0m[0m identifier_prefix                     = (known after apply)
      [32m+[0m[0m instance_class                        = "db.t4g.medium"
      [32m+[0m[0m kms_key_id                            = (known after apply)
      [32m+[0m[0m monitoring_interval                   = 0
      [32m+[0m[0m monitoring_role_arn                   = (known after apply)
      [32m+[0m[0m network_type                          = (known after apply)
      [32m+[0m[0m performance_insights_enabled          = (known after apply)
      [32m+[0m[0m performance_insights_kms_key_id       = (known after apply)
      [32m+[0m[0m performance_insights_retention_period = (known after apply)
      [32m+[0m[0m port                                  = (known after apply)
      [32m+[0m[0m preferred_backup_window               = (known after apply)
      [32m+[0m[0m preferred_maintenance_window          = (known after apply)
      [32m+[0m[0m promotion_tier                        = 1
      [32m+[0m[0m publicly_accessible                   = (known after apply)
      [32m+[0m[0m storage_encrypted                     = (known after apply)
      [32m+[0m[0m tags_all                              = (known after apply)
      [32m+[0m[0m writer                                = (known after apply)
    }

[1m  # module.database.aws_rds_cluster_instance.usa_writer[0m will be created
[0m  [32m+[0m[0m resource "aws_rds_cluster_instance" "usa_writer" {
      [32m+[0m[0m apply_immediately                     = (known after apply)
      [32m+[0m[0m arn                                   = (known after apply)
      [32m+[0m[0m auto_minor_version_upgrade            = true
      [32m+[0m[0m availability_zone                     = (known after apply)
      [32m+[0m[0m ca_cert_identifier                    = (known after apply)
      [32m+[0m[0m cluster_identifier                    = (known after apply)
      [32m+[0m[0m copy_tags_to_snapshot                 = false
      [32m+[0m[0m db_parameter_group_name               = (known after apply)
      [32m+[0m[0m db_subnet_group_name                  = (known after apply)
      [32m+[0m[0m dbi_resource_id                       = (known after apply)
      [32m+[0m[0m endpoint                              = (known after apply)
      [32m+[0m[0m engine                                = "aurora-mysql"
      [32m+[0m[0m engine_version                        = (known after apply)
      [32m+[0m[0m engine_version_actual                 = (known after apply)
      [32m+[0m[0m force_destroy                         = false
      [32m+[0m[0m id                                    = (known after apply)
      [32m+[0m[0m identifier                            = "y2om-usa-writer"
      [32m+[0m[0m identifier_prefix                     = (known after apply)
      [32m+[0m[0m instance_class                        = "db.t4g.medium"
      [32m+[0m[0m kms_key_id                            = (known after apply)
      [32m+[0m[0m monitoring_interval                   = 0
      [32m+[0m[0m monitoring_role_arn                   = (known after apply)
      [32m+[0m[0m network_type                          = (known after apply)
      [32m+[0m[0m performance_insights_enabled          = (known after apply)
      [32m+[0m[0m performance_insights_kms_key_id       = (known after apply)
      [32m+[0m[0m performance_insights_retention_period = (known after apply)
      [32m+[0m[0m port                                  = (known after apply)
      [32m+[0m[0m preferred_backup_window               = (known after apply)
      [32m+[0m[0m preferred_maintenance_window          = (known after apply)
      [32m+[0m[0m promotion_tier                        = 0
      [32m+[0m[0m publicly_accessible                   = (known after apply)
      [32m+[0m[0m storage_encrypted                     = (known after apply)
      [32m+[0m[0m tags_all                              = (known after apply)
      [32m+[0m[0m writer                                = (known after apply)
    }

[1m  # module.database.aws_security_group.db_kor[0m will be created
[0m  [32m+[0m[0m resource "aws_security_group" "db_kor" {
      [32m+[0m[0m arn                    = (known after apply)
      [32m+[0m[0m description            = "KOR Aurora MySQL access"
      [32m+[0m[0m egress                 = [
          [32m+[0m[0m {
              [32m+[0m[0m cidr_blocks      = [
                  [32m+[0m[0m "0.0.0.0/0",
                ]
              [32m+[0m[0m description      = ""
              [32m+[0m[0m from_port        = 0
              [32m+[0m[0m ipv6_cidr_blocks = []
              [32m+[0m[0m prefix_list_ids  = []
              [32m+[0m[0m protocol         = "-1"
              [32m+[0m[0m security_groups  = []
              [32m+[0m[0m self             = false
              [32m+[0m[0m to_port          = 0
            },
        ]
      [32m+[0m[0m id                     = (known after apply)
      [32m+[0m[0m ingress                = (known after apply)
      [32m+[0m[0m name                   = "y2om-SecurityGroup-DB-Cluster-Seoul"
      [32m+[0m[0m name_prefix            = (known after apply)
      [32m+[0m[0m owner_id               = (known after apply)
      [32m+[0m[0m revoke_rules_on_delete = false
      [32m+[0m[0m tags_all               = (known after apply)
      [32m+[0m[0m vpc_id                 = (known after apply)
    }

[1m  # module.database.aws_security_group.db_usa[0m will be created
[0m  [32m+[0m[0m resource "aws_security_group" "db_usa" {
      [32m+[0m[0m arn                    = (known after apply)
      [32m+[0m[0m description            = "USA Aurora MySQL access"
      [32m+[0m[0m egress                 = [
          [32m+[0m[0m {
              [32m+[0m[0m cidr_blocks      = [
                  [32m+[0m[0m "0.0.0.0/0",
                ]
              [32m+[0m[0m description      = ""
              [32m+[0m[0m from_port        = 0
              [32m+[0m[0m ipv6_cidr_blocks = []
              [32m+[0m[0m prefix_list_ids  = []
              [32m+[0m[0m protocol         = "-1"
              [32m+[0m[0m security_groups  = []
              [32m+[0m[0m self             = false
              [32m+[0m[0m to_port          = 0
            },
        ]
      [32m+[0m[0m id                     = (known after apply)
      [32m+[0m[0m ingress                = (known after apply)
      [32m+[0m[0m name                   = "y2om-SecurityGroup-DB-Cluster-Oregon"
      [32m+[0m[0m name_prefix            = (known after apply)
      [32m+[0m[0m owner_id               = (known after apply)
      [32m+[0m[0m revoke_rules_on_delete = false
      [32m+[0m[0m tags_all               = (known after apply)
      [32m+[0m[0m vpc_id                 = (known after apply)
    }

[1m  # module.database.aws_security_group.proxy_kor[0m will be created
[0m  [32m+[0m[0m resource "aws_security_group" "proxy_kor" {
      [32m+[0m[0m arn                    = (known after apply)
      [32m+[0m[0m description            = "Managed by Terraform"
      [32m+[0m[0m egress                 = [
          [32m+[0m[0m {
              [32m+[0m[0m cidr_blocks      = [
                  [32m+[0m[0m "0.0.0.0/0",
                ]
              [32m+[0m[0m description      = ""
              [32m+[0m[0m from_port        = 0
              [32m+[0m[0m ipv6_cidr_blocks = []
              [32m+[0m[0m prefix_list_ids  = []
              [32m+[0m[0m protocol         = "-1"
              [32m+[0m[0m security_groups  = []
              [32m+[0m[0m self             = false
              [32m+[0m[0m to_port          = 0
            },
        ]
      [32m+[0m[0m id                     = (known after apply)
      [32m+[0m[0m ingress                = (known after apply)
      [32m+[0m[0m name                   = "y2om-SecurityGroup-RDSproxy-Seoul"
      [32m+[0m[0m name_prefix            = (known after apply)
      [32m+[0m[0m owner_id               = (known after apply)
      [32m+[0m[0m revoke_rules_on_delete = false
      [32m+[0m[0m tags_all               = (known after apply)
      [32m+[0m[0m vpc_id                 = (known after apply)
    }

[1m  # module.database.aws_security_group.proxy_usa[0m will be created
[0m  [32m+[0m[0m resource "aws_security_group" "proxy_usa" {
      [32m+[0m[0m arn                    = (known after apply)
      [32m+[0m[0m description            = "Managed by Terraform"
      [32m+[0m[0m egress                 = [
          [32m+[0m[0m {
              [32m+[0m[0m cidr_blocks      = [
                  [32m+[0m[0m "0.0.0.0/0",
                ]
              [32m+[0m[0m description      = ""
              [32m+[0m[0m from_port        = 0
              [32m+[0m[0m ipv6_cidr_blocks = []
              [32m+[0m[0m prefix_list_ids  = []
              [32m+[0m[0m protocol         = "-1"
              [32m+[0m[0m security_groups  = []
              [32m+[0m[0m self             = false
              [32m+[0m[0m to_port          = 0
            },
        ]
      [32m+[0m[0m id                     = (known after apply)
      [32m+[0m[0m ingress                = (known after apply)
      [32m+[0m[0m name                   = "y2om-SecurityGroup-RDSproxy-Oregon"
      [32m+[0m[0m name_prefix            = (known after apply)
      [32m+[0m[0m owner_id               = (known after apply)
      [32m+[0m[0m revoke_rules_on_delete = false
      [32m+[0m[0m tags_all               = (known after apply)
      [32m+[0m[0m vpc_id                 = (known after apply)
    }

[1m  # module.database.aws_security_group_rule.kor_eks_to_db[0m will be created
[0m  [32m+[0m[0m resource "aws_security_group_rule" "kor_eks_to_db" {
      [32m+[0m[0m from_port                = 3306
      [32m+[0m[0m id                       = (known after apply)
      [32m+[0m[0m protocol                 = "tcp"
      [32m+[0m[0m security_group_id        = (known after apply)
      [32m+[0m[0m security_group_rule_id   = (known after apply)
      [32m+[0m[0m self                     = false
      [32m+[0m[0m source_security_group_id = (known after apply)
      [32m+[0m[0m to_port                  = 3306
      [32m+[0m[0m type                     = "ingress"
    }

[1m  # module.database.aws_security_group_rule.kor_eks_to_proxy[0m will be created
[0m  [32m+[0m[0m resource "aws_security_group_rule" "kor_eks_to_proxy" {
      [32m+[0m[0m from_port                = 3306
      [32m+[0m[0m id                       = (known after apply)
      [32m+[0m[0m protocol                 = "tcp"
      [32m+[0m[0m security_group_id        = (known after apply)
      [32m+[0m[0m security_group_rule_id   = (known after apply)
      [32m+[0m[0m self                     = false
      [32m+[0m[0m source_security_group_id = (known after apply)
      [32m+[0m[0m to_port                  = 3306
      [32m+[0m[0m type                     = "ingress"
    }

[1m  # module.database.aws_security_group_rule.usa_eks_to_db[0m will be created
[0m  [32m+[0m[0m resource "aws_security_group_rule" "usa_eks_to_db" {
      [32m+[0m[0m from_port                = 3306
      [32m+[0m[0m id                       = (known after apply)
      [32m+[0m[0m protocol                 = "tcp"
      [32m+[0m[0m security_group_id        = (known after apply)
      [32m+[0m[0m security_group_rule_id   = (known after apply)
      [32m+[0m[0m self                     = false
      [32m+[0m[0m source_security_group_id = (known after apply)
      [32m+[0m[0m to_port                  = 3306
      [32m+[0m[0m type                     = "ingress"
    }

[1m  # module.database.aws_security_group_rule.usa_eks_to_proxy[0m will be created
[0m  [32m+[0m[0m resource "aws_security_group_rule" "usa_eks_to_proxy" {
      [32m+[0m[0m from_port                = 3306
      [32m+[0m[0m id                       = (known after apply)
      [32m+[0m[0m protocol                 = "tcp"
      [32m+[0m[0m security_group_id        = (known after apply)
      [32m+[0m[0m security_group_rule_id   = (known after apply)
      [32m+[0m[0m self                     = false
      [32m+[0m[0m source_security_group_id = (known after apply)
      [32m+[0m[0m to_port                  = 3306
      [32m+[0m[0m type                     = "ingress"
    }

[1m  # module.ecr.aws_ecr_replication_configuration.seoul_to_oregon[0m will be created
[0m  [32m+[0m[0m resource "aws_ecr_replication_configuration" "seoul_to_oregon" {
      [32m+[0m[0m id          = (known after apply)
      [32m+[0m[0m registry_id = (known after apply)

      [32m+[0m[0m replication_configuration {
          [32m+[0m[0m rule {
              [32m+[0m[0m destination {
                  [32m+[0m[0m region      = "us-west-2"
                  [32m+[0m[0m registry_id = "404457776061"
                }
              [32m+[0m[0m repository_filter {
                  [32m+[0m[0m filter      = "order-service"
                  [32m+[0m[0m filter_type = "PREFIX_MATCH"
                }
              [32m+[0m[0m repository_filter {
                  [32m+[0m[0m filter      = "product-service"
                  [32m+[0m[0m filter_type = "PREFIX_MATCH"
                }
              [32m+[0m[0m repository_filter {
                  [32m+[0m[0m filter      = "user-service"
                  [32m+[0m[0m filter_type = "PREFIX_MATCH"
                }
            }
        }
    }

[1m  # module.ecr.aws_ecr_repository.order[0m will be created
[0m  [32m+[0m[0m resource "aws_ecr_repository" "order" {
      [32m+[0m[0m arn                  = (known after apply)
      [32m+[0m[0m force_delete         = true
      [32m+[0m[0m id                   = (known after apply)
      [32m+[0m[0m image_tag_mutability = "IMMUTABLE"
      [32m+[0m[0m name                 = "y2om-order-service"
      [32m+[0m[0m registry_id          = (known after apply)
      [32m+[0m[0m repository_url       = (known after apply)
      [32m+[0m[0m tags_all             = (known after apply)
    }

[1m  # module.ecr.aws_ecr_repository.order_oregon[0m will be created
[0m  [32m+[0m[0m resource "aws_ecr_repository" "order_oregon" {
      [32m+[0m[0m arn                  = (known after apply)
      [32m+[0m[0m force_delete         = true
      [32m+[0m[0m id                   = (known after apply)
      [32m+[0m[0m image_tag_mutability = "IMMUTABLE"
      [32m+[0m[0m name                 = "y2om-order-service"
      [32m+[0m[0m registry_id          = (known after apply)
      [32m+[0m[0m repository_url       = (known after apply)
      [32m+[0m[0m tags_all             = (known after apply)
    }

[1m  # module.ecr.aws_ecr_repository.product[0m will be created
[0m  [32m+[0m[0m resource "aws_ecr_repository" "product" {
      [32m+[0m[0m arn                  = (known after apply)
      [32m+[0m[0m force_delete         = true
      [32m+[0m[0m id                   = (known after apply)
      [32m+[0m[0m image_tag_mutability = "IMMUTABLE"
      [32m+[0m[0m name                 = "y2om-product-service"
      [32m+[0m[0m registry_id          = (known after apply)
      [32m+[0m[0m repository_url       = (known after apply)
      [32m+[0m[0m tags_all             = (known after apply)
    }

[1m  # module.ecr.aws_ecr_repository.product_oregon[0m will be created
[0m  [32m+[0m[0m resource "aws_ecr_repository" "product_oregon" {
      [32m+[0m[0m arn                  = (known after apply)
      [32m+[0m[0m force_delete         = true
      [32m+[0m[0m id                   = (known after apply)
      [32m+[0m[0m image_tag_mutability = "IMMUTABLE"
      [32m+[0m[0m name                 = "y2om-product-service"
      [32m+[0m[0m registry_id          = (known after apply)
      [32m+[0m[0m repository_url       = (known after apply)
      [32m+[0m[0m tags_all             = (known after apply)
    }

[1m  # module.ecr.aws_ecr_repository.user[0m will be created
[0m  [32m+[0m[0m resource "aws_ecr_repository" "user" {
      [32m+[0m[0m arn                  = (known after apply)
      [32m+[0m[0m force_delete         = true
      [32m+[0m[0m id                   = (known after apply)
      [32m+[0m[0m image_tag_mutability = "IMMUTABLE"
      [32m+[0m[0m name                 = "y2om-user-service"
      [32m+[0m[0m registry_id          = (known after apply)
      [32m+[0m[0m repository_url       = (known after apply)
      [32m+[0m[0m tags_all             = (known after apply)
    }

[1m  # module.ecr.aws_ecr_repository.user_oregon[0m will be created
[0m  [32m+[0m[0m resource "aws_ecr_repository" "user_oregon" {
      [32m+[0m[0m arn                  = (known after apply)
      [32m+[0m[0m force_delete         = true
      [32m+[0m[0m id                   = (known after apply)
      [32m+[0m[0m image_tag_mutability = "IMMUTABLE"
      [32m+[0m[0m name                 = "y2om-user-service"
      [32m+[0m[0m registry_id          = (known after apply)
      [32m+[0m[0m repository_url       = (known after apply)
      [32m+[0m[0m tags_all             = (known after apply)
    }

[1m  # module.network.aws_customer_gateway.onprem_cgw[0m will be created
[0m  [32m+[0m[0m resource "aws_customer_gateway" "onprem_cgw" {
      [32m+[0m[0m arn        = (known after apply)
      [32m+[0m[0m bgp_asn    = "65000"
      [32m+[0m[0m id         = (known after apply)
      [32m+[0m[0m ip_address = "175.192.170.212"
      [32m+[0m[0m tags       = {
          [32m+[0m[0m "Name" = "y2om-OnPrem-CGW"
        }
      [32m+[0m[0m tags_all   = {
          [32m+[0m[0m "Name" = "y2om-OnPrem-CGW"
        }
      [32m+[0m[0m type       = "ipsec.1"
    }

[1m  # module.network.aws_ec2_transit_gateway.kor[0m will be created
[0m  [32m+[0m[0m resource "aws_ec2_transit_gateway" "kor" {
      [32m+[0m[0m amazon_side_asn                    = 64512
      [32m+[0m[0m arn                                = (known after apply)
      [32m+[0m[0m association_default_route_table_id = (known after apply)
      [32m+[0m[0m auto_accept_shared_attachments     = "disable"
      [32m+[0m[0m default_route_table_association    = "enable"
      [32m+[0m[0m default_route_table_propagation    = "enable"
      [32m+[0m[0m description                        = "KOR Transit Gateway"
      [32m+[0m[0m dns_support                        = "enable"
      [32m+[0m[0m id                                 = (known after apply)
      [32m+[0m[0m multicast_support                  = "disable"
      [32m+[0m[0m owner_id                           = (known after apply)
      [32m+[0m[0m propagation_default_route_table_id = (known after apply)
      [32m+[0m[0m security_group_referencing_support = "disable"
      [32m+[0m[0m tags                               = {
          [32m+[0m[0m "Name" = "y2om-TGW-KOR"
        }
      [32m+[0m[0m tags_all                           = {
          [32m+[0m[0m "Name" = "y2om-TGW-KOR"
        }
      [32m+[0m[0m vpn_ecmp_support                   = "enable"
    }

[1m  # module.network.aws_ec2_transit_gateway.usa[0m will be created
[0m  [32m+[0m[0m resource "aws_ec2_transit_gateway" "usa" {
      [32m+[0m[0m amazon_side_asn                    = 64512
      [32m+[0m[0m arn                                = (known after apply)
      [32m+[0m[0m association_default_route_table_id = (known after apply)
      [32m+[0m[0m auto_accept_shared_attachments     = "disable"
      [32m+[0m[0m default_route_table_association    = "enable"
      [32m+[0m[0m default_route_table_propagation    = "enable"
      [32m+[0m[0m description                        = "USA Transit Gateway"
      [32m+[0m[0m dns_support                        = "enable"
      [32m+[0m[0m id                                 = (known after apply)
      [32m+[0m[0m multicast_support                  = "disable"
      [32m+[0m[0m owner_id                           = (known after apply)
      [32m+[0m[0m propagation_default_route_table_id = (known after apply)
      [32m+[0m[0m security_group_referencing_support = "disable"
      [32m+[0m[0m tags                               = {
          [32m+[0m[0m "Name" = "y2om-TGW-USA"
        }
      [32m+[0m[0m tags_all                           = {
          [32m+[0m[0m "Name" = "y2om-TGW-USA"
        }
      [32m+[0m[0m vpn_ecmp_support                   = "enable"
    }

[1m  # module.network.aws_ec2_transit_gateway_peering_attachment.kor_to_usa[0m will be created
[0m  [32m+[0m[0m resource "aws_ec2_transit_gateway_peering_attachment" "kor_to_usa" {
      [32m+[0m[0m arn                     = (known after apply)
      [32m+[0m[0m id                      = (known after apply)
      [32m+[0m[0m peer_account_id         = (known after apply)
      [32m+[0m[0m peer_region             = "us-west-2"
      [32m+[0m[0m peer_transit_gateway_id = (known after apply)
      [32m+[0m[0m state                   = (known after apply)
      [32m+[0m[0m tags                    = {
          [32m+[0m[0m "Name" = "y2om-KOR-USA-TGW-Peering"
        }
      [32m+[0m[0m tags_all                = {
          [32m+[0m[0m "Name" = "y2om-KOR-USA-TGW-Peering"
        }
      [32m+[0m[0m transit_gateway_id      = (known after apply)
    }

[1m  # module.network.aws_ec2_transit_gateway_peering_attachment_accepter.usa_accept[0m will be created
[0m  [32m+[0m[0m resource "aws_ec2_transit_gateway_peering_attachment_accepter" "usa_accept" {
      [32m+[0m[0m id                            = (known after apply)
      [32m+[0m[0m peer_account_id               = (known after apply)
      [32m+[0m[0m peer_region                   = (known after apply)
      [32m+[0m[0m peer_transit_gateway_id       = (known after apply)
      [32m+[0m[0m tags                          = {
          [32m+[0m[0m "Name" = "y2om-USA-Accept-KOR-TGW"
        }
      [32m+[0m[0m tags_all                      = {
          [32m+[0m[0m "Name" = "y2om-USA-Accept-KOR-TGW"
        }
      [32m+[0m[0m transit_gateway_attachment_id = (known after apply)
      [32m+[0m[0m transit_gateway_id            = (known after apply)
    }

[1m  # module.network.aws_ec2_transit_gateway_route.kor_to_usa_default[0m will be created
[0m  [32m+[0m[0m resource "aws_ec2_transit_gateway_route" "kor_to_usa_default" {
      [32m+[0m[0m blackhole                      = false
      [32m+[0m[0m destination_cidr_block         = "10.24.0.0/16"
      [32m+[0m[0m id                             = (known after apply)
      [32m+[0m[0m transit_gateway_attachment_id  = (known after apply)
      [32m+[0m[0m transit_gateway_route_table_id = (known after apply)
    }

[1m  # module.network.aws_ec2_transit_gateway_route.tgw_route_to_onprem[0m will be created
[0m  [32m+[0m[0m resource "aws_ec2_transit_gateway_route" "tgw_route_to_onprem" {
      [32m+[0m[0m blackhole                      = false
      [32m+[0m[0m destination_cidr_block         = "192.168.0.0/16"
      [32m+[0m[0m id                             = (known after apply)
      [32m+[0m[0m transit_gateway_attachment_id  = (known after apply)
      [32m+[0m[0m transit_gateway_route_table_id = (known after apply)
    }

[1m  # module.network.aws_ec2_transit_gateway_route.usa_to_kor_default[0m will be created
[0m  [32m+[0m[0m resource "aws_ec2_transit_gateway_route" "usa_to_kor_default" {
      [32m+[0m[0m blackhole                      = false
      [32m+[0m[0m destination_cidr_block         = "10.23.0.0/16"
      [32m+[0m[0m id                             = (known after apply)
      [32m+[0m[0m transit_gateway_attachment_id  = (known after apply)
      [32m+[0m[0m transit_gateway_route_table_id = (known after apply)
    }

[1m  # module.network.aws_ec2_transit_gateway_route.usa_to_office_via_peering[0m will be created
[0m  [32m+[0m[0m resource "aws_ec2_transit_gateway_route" "usa_to_office_via_peering" {
      [32m+[0m[0m blackhole                      = false
      [32m+[0m[0m destination_cidr_block         = "192.168.0.0/16"
      [32m+[0m[0m id                             = (known after apply)
      [32m+[0m[0m transit_gateway_attachment_id  = (known after apply)
      [32m+[0m[0m transit_gateway_route_table_id = (known after apply)
    }

[1m  # module.network.aws_ec2_transit_gateway_route_table.kor[0m will be created
[0m  [32m+[0m[0m resource "aws_ec2_transit_gateway_route_table" "kor" {
      [32m+[0m[0m arn                             = (known after apply)
      [32m+[0m[0m default_association_route_table = (known after apply)
      [32m+[0m[0m default_propagation_route_table = (known after apply)
      [32m+[0m[0m id                              = (known after apply)
      [32m+[0m[0m tags                            = {
          [32m+[0m[0m "Name" = "y2om-KOR-TGW-RT"
        }
      [32m+[0m[0m tags_all                        = {
          [32m+[0m[0m "Name" = "y2om-KOR-TGW-RT"
        }
      [32m+[0m[0m transit_gateway_id              = (known after apply)
    }

[1m  # module.network.aws_ec2_transit_gateway_route_table.usa[0m will be created
[0m  [32m+[0m[0m resource "aws_ec2_transit_gateway_route_table" "usa" {
      [32m+[0m[0m arn                             = (known after apply)
      [32m+[0m[0m default_association_route_table = (known after apply)
      [32m+[0m[0m default_propagation_route_table = (known after apply)
      [32m+[0m[0m id                              = (known after apply)
      [32m+[0m[0m tags                            = {
          [32m+[0m[0m "Name" = "y2om-USA-TGW-RT"
        }
      [32m+[0m[0m tags_all                        = {
          [32m+[0m[0m "Name" = "y2om-USA-TGW-RT"
        }
      [32m+[0m[0m transit_gateway_id              = (known after apply)
    }

[1m  # module.network.aws_route.kor_private_to_onprem[0][0m will be created
[0m  [32m+[0m[0m resource "aws_route" "kor_private_to_onprem" {
      [32m+[0m[0m destination_cidr_block = "192.168.0.0/16"
      [32m+[0m[0m id                     = (known after apply)
      [32m+[0m[0m instance_id            = (known after apply)
      [32m+[0m[0m instance_owner_id      = (known after apply)
      [32m+[0m[0m network_interface_id   = (known after apply)
      [32m+[0m[0m origin                 = (known after apply)
      [32m+[0m[0m route_table_id         = (known after apply)
      [32m+[0m[0m state                  = (known after apply)
      [32m+[0m[0m transit_gateway_id     = (known after apply)
    }

[1m  # module.network.aws_route.kor_public_to_onprem[0][0m will be created
[0m  [32m+[0m[0m resource "aws_route" "kor_public_to_onprem" {
      [32m+[0m[0m destination_cidr_block = "192.168.0.0/16"
      [32m+[0m[0m id                     = (known after apply)
      [32m+[0m[0m instance_id            = (known after apply)
      [32m+[0m[0m instance_owner_id      = (known after apply)
      [32m+[0m[0m network_interface_id   = (known after apply)
      [32m+[0m[0m origin                 = (known after apply)
      [32m+[0m[0m route_table_id         = (known after apply)
      [32m+[0m[0m state                  = (known after apply)
      [32m+[0m[0m transit_gateway_id     = (known after apply)
    }

[1m  # module.network.aws_route.usa_to_onprem[0][0m will be created
[0m  [32m+[0m[0m resource "aws_route" "usa_to_onprem" {
      [32m+[0m[0m destination_cidr_block = "192.168.0.0/16"
      [32m+[0m[0m id                     = (known after apply)
      [32m+[0m[0m instance_id            = (known after apply)
      [32m+[0m[0m instance_owner_id      = (known after apply)
      [32m+[0m[0m network_interface_id   = (known after apply)
      [32m+[0m[0m origin                 = (known after apply)
      [32m+[0m[0m route_table_id         = (known after apply)
      [32m+[0m[0m state                  = (known after apply)
      [32m+[0m[0m transit_gateway_id     = (known after apply)
    }

[1m  # module.network.aws_vpn_connection.onprem_to_seoul_vpn[0m will be created
[0m  [32m+[0m[0m resource "aws_vpn_connection" "onprem_to_seoul_vpn" {
      [32m+[0m[0m arn                            = (known after apply)
      [32m+[0m[0m core_network_arn               = (known after apply)
      [32m+[0m[0m core_network_attachment_arn    = (known after apply)
      [32m+[0m[0m customer_gateway_configuration = (sensitive value)
      [32m+[0m[0m customer_gateway_id            = (known after apply)
      [32m+[0m[0m enable_acceleration            = (known after apply)
      [32m+[0m[0m id                             = (known after apply)
      [32m+[0m[0m local_ipv4_network_cidr        = (known after apply)
      [32m+[0m[0m local_ipv6_network_cidr        = (known after apply)
      [32m+[0m[0m outside_ip_address_type        = (known after apply)
      [32m+[0m[0m preshared_key_arn              = (known after apply)
      [32m+[0m[0m preshared_key_storage          = (known after apply)
      [32m+[0m[0m remote_ipv4_network_cidr       = (known after apply)
      [32m+[0m[0m remote_ipv6_network_cidr       = (known after apply)
      [32m+[0m[0m routes                         = (known after apply)
      [32m+[0m[0m static_routes_only             = true
      [32m+[0m[0m tags                           = {
          [32m+[0m[0m "Name" = "y2om-VPN-to-Seoul-TGW"
        }
      [32m+[0m[0m tags_all                       = {
          [32m+[0m[0m "Name" = "y2om-VPN-to-Seoul-TGW"
        }
      [32m+[0m[0m transit_gateway_attachment_id  = (known after apply)
      [32m+[0m[0m transit_gateway_id             = (known after apply)
      [32m+[0m[0m tunnel1_address                = (known after apply)
      [32m+[0m[0m tunnel1_bgp_asn                = (known after apply)
      [32m+[0m[0m tunnel1_bgp_holdtime           = (known after apply)
      [32m+[0m[0m tunnel1_cgw_inside_address     = (known after apply)
      [32m+[0m[0m tunnel1_inside_cidr            = (known after apply)
      [32m+[0m[0m tunnel1_inside_ipv6_cidr       = (known after apply)
      [32m+[0m[0m tunnel1_preshared_key          = (sensitive value)
      [32m+[0m[0m tunnel1_vgw_inside_address     = (known after apply)
      [32m+[0m[0m tunnel2_address                = (known after apply)
      [32m+[0m[0m tunnel2_bgp_asn                = (known after apply)
      [32m+[0m[0m tunnel2_bgp_holdtime           = (known after apply)
      [32m+[0m[0m tunnel2_cgw_inside_address     = (known after apply)
      [32m+[0m[0m tunnel2_inside_cidr            = (known after apply)
      [32m+[0m[0m tunnel2_inside_ipv6_cidr       = (known after apply)
      [32m+[0m[0m tunnel2_preshared_key          = (sensitive value)
      [32m+[0m[0m tunnel2_vgw_inside_address     = (known after apply)
      [32m+[0m[0m tunnel_inside_ip_version       = (known after apply)
      [32m+[0m[0m type                           = "ipsec.1"
      [32m+[0m[0m vgw_telemetry                  = (known after apply)
    }

[1m  # module.network.time_sleep.wait_for_tgw[0m will be created
[0m  [32m+[0m[0m resource "time_sleep" "wait_for_tgw" {
      [32m+[0m[0m create_duration = "180s"
      [32m+[0m[0m id              = (known after apply)
    }

[1m  # module.s3.aws_s3_bucket.this[0m will be created
[0m  [32m+[0m[0m resource "aws_s3_bucket" "this" {
      [32m+[0m[0m acceleration_status         = (known after apply)
      [32m+[0m[0m acl                         = (known after apply)
      [32m+[0m[0m arn                         = (known after apply)
      [32m+[0m[0m bucket                      = "y2om-my-origin-bucket-123456"
      [32m+[0m[0m bucket_domain_name          = (known after apply)
      [32m+[0m[0m bucket_prefix               = (known after apply)
      [32m+[0m[0m bucket_regional_domain_name = (known after apply)
      [32m+[0m[0m force_destroy               = false
      [32m+[0m[0m hosted_zone_id              = (known after apply)
      [32m+[0m[0m id                          = (known after apply)
      [32m+[0m[0m object_lock_enabled         = (known after apply)
      [32m+[0m[0m policy                      = (known after apply)
      [32m+[0m[0m region                      = (known after apply)
      [32m+[0m[0m request_payer               = (known after apply)
      [32m+[0m[0m tags_all                    = (known after apply)
      [32m+[0m[0m website_domain              = (known after apply)
      [32m+[0m[0m website_endpoint            = (known after apply)
    }

[1m  # module.s3.aws_s3_bucket_public_access_block.this[0m will be created
[0m  [32m+[0m[0m resource "aws_s3_bucket_public_access_block" "this" {
      [32m+[0m[0m block_public_acls       = true
      [32m+[0m[0m block_public_policy     = true
      [32m+[0m[0m bucket                  = (known after apply)
      [32m+[0m[0m id                      = (known after apply)
      [32m+[0m[0m ignore_public_acls      = true
      [32m+[0m[0m restrict_public_buckets = true
    }

[1m  # module.eks.module.eks_oregon.aws_cloudwatch_log_group.this[0][0m will be created
[0m  [32m+[0m[0m resource "aws_cloudwatch_log_group" "this" {
      [32m+[0m[0m arn               = (known after apply)
      [32m+[0m[0m id                = (known after apply)
      [32m+[0m[0m log_group_class   = (known after apply)
      [32m+[0m[0m name              = "/aws/eks/y2om-formation-lap-oregon/cluster"
      [32m+[0m[0m name_prefix       = (known after apply)
      [32m+[0m[0m retention_in_days = 90
      [32m+[0m[0m skip_destroy      = false
      [32m+[0m[0m tags              = {
          [32m+[0m[0m "Name" = "/aws/eks/y2om-formation-lap-oregon/cluster"
        }
      [32m+[0m[0m tags_all          = {
          [32m+[0m[0m "Name" = "/aws/eks/y2om-formation-lap-oregon/cluster"
        }
    }

[1m  # module.eks.module.eks_oregon.aws_iam_policy.cluster_encryption[0][0m will be created
[0m  [32m+[0m[0m resource "aws_iam_policy" "cluster_encryption" {
      [32m+[0m[0m arn              = (known after apply)
      [32m+[0m[0m attachment_count = (known after apply)
      [32m+[0m[0m description      = "Cluster encryption policy to allow cluster role to utilize CMK provided"
      [32m+[0m[0m id               = (known after apply)
      [32m+[0m[0m name             = (known after apply)
      [32m+[0m[0m name_prefix      = "y2om-formation-lap-oregon-cluster-ClusterEncryption"
      [32m+[0m[0m path             = "/"
      [32m+[0m[0m policy           = (known after apply)
      [32m+[0m[0m policy_id        = (known after apply)
      [32m+[0m[0m tags_all         = (known after apply)
    }

[1m  # module.eks.module.eks_oregon.aws_iam_policy.custom[0][0m will be created
[0m  [32m+[0m[0m resource "aws_iam_policy" "custom" {
      [32m+[0m[0m arn              = (known after apply)
      [32m+[0m[0m attachment_count = (known after apply)
      [32m+[0m[0m id               = (known after apply)
      [32m+[0m[0m name             = (known after apply)
      [32m+[0m[0m name_prefix      = "y2om-formation-lap-oregon-cluster-"
      [32m+[0m[0m path             = "/"
      [32m+[0m[0m policy           = jsonencode(
            {
              [32m+[0m[0m Statement = [
                  [32m+[0m[0m {
                      [32m+[0m[0m Action    = [
                          [32m+[0m[0m "ec2:RunInstances",
                          [32m+[0m[0m "ec2:CreateLaunchTemplate",
                          [32m+[0m[0m "ec2:CreateFleet",
                        ]
                      [32m+[0m[0m Condition = {
                          [32m+[0m[0m StringEquals = {
                              [32m+[0m[0m "aws:RequestTag/eks:eks-cluster-name" = "${aws:PrincipalTag/eks:eks-cluster-name}"
                            }
                          [32m+[0m[0m StringLike   = {
                              [32m+[0m[0m "aws:RequestTag/eks:kubernetes-node-class-name" = "*"
                              [32m+[0m[0m "aws:RequestTag/eks:kubernetes-node-pool-name"  = "*"
                            }
                        }
                      [32m+[0m[0m Effect    = "Allow"
                      [32m+[0m[0m Resource  = "*"
                      [32m+[0m[0m Sid       = "Compute"
                    },
                  [32m+[0m[0m {
                      [32m+[0m[0m Action    = [
                          [32m+[0m[0m "ec2:CreateVolume",
                          [32m+[0m[0m "ec2:CreateSnapshot",
                        ]
                      [32m+[0m[0m Condition = {
                          [32m+[0m[0m StringEquals = {
                              [32m+[0m[0m "aws:RequestTag/eks:eks-cluster-name" = "${aws:PrincipalTag/eks:eks-cluster-name}"
                            }
                        }
                      [32m+[0m[0m Effect    = "Allow"
                      [32m+[0m[0m Resource  = [
                          [32m+[0m[0m "arn:aws:ec2:*:*:volume/*",
                          [32m+[0m[0m "arn:aws:ec2:*:*:snapshot/*",
                        ]
                      [32m+[0m[0m Sid       = "Storage"
                    },
                  [32m+[0m[0m {
                      [32m+[0m[0m Action    = "ec2:CreateNetworkInterface"
                      [32m+[0m[0m Condition = {
                          [32m+[0m[0m StringEquals = {
                              [32m+[0m[0m "aws:RequestTag/eks:eks-cluster-name"         = "${aws:PrincipalTag/eks:eks-cluster-name}"
                              [32m+[0m[0m "aws:RequestTag/eks:kubernetes-cni-node-name" = "*"
                            }
                        }
                      [32m+[0m[0m Effect    = "Allow"
                      [32m+[0m[0m Resource  = "*"
                      [32m+[0m[0m Sid       = "Networking"
                    },
                  [32m+[0m[0m {
                      [32m+[0m[0m Action    = [
                          [32m+[0m[0m "elasticloadbalancing:CreateTargetGroup",
                          [32m+[0m[0m "elasticloadbalancing:CreateRule",
                          [32m+[0m[0m "elasticloadbalancing:CreateLoadBalancer",
                          [32m+[0m[0m "elasticloadbalancing:CreateListener",
                          [32m+[0m[0m "ec2:CreateSecurityGroup",
                        ]
                      [32m+[0m[0m Condition = {
                          [32m+[0m[0m StringEquals = {
                              [32m+[0m[0m "aws:RequestTag/eks:eks-cluster-name" = "${aws:PrincipalTag/eks:eks-cluster-name}"
                            }
                        }
                      [32m+[0m[0m Effect    = "Allow"
                      [32m+[0m[0m Resource  = "*"
                      [32m+[0m[0m Sid       = "LoadBalancer"
                    },
                  [32m+[0m[0m {
                      [32m+[0m[0m Action    = "shield:CreateProtection"
                      [32m+[0m[0m Condition = {
                          [32m+[0m[0m StringEquals = {
                              [32m+[0m[0m "aws:RequestTag/eks:eks-cluster-name" = "${aws:PrincipalTag/eks:eks-cluster-name}"
                            }
                        }
                      [32m+[0m[0m Effect    = "Allow"
                      [32m+[0m[0m Resource  = "*"
                      [32m+[0m[0m Sid       = "ShieldProtection"
                    },
                  [32m+[0m[0m {
                      [32m+[0m[0m Action    = "shield:TagResource"
                      [32m+[0m[0m Condition = {
                          [32m+[0m[0m StringEquals = {
                              [32m+[0m[0m "aws:RequestTag/eks:eks-cluster-name" = "${aws:PrincipalTag/eks:eks-cluster-name}"
                            }
                        }
                      [32m+[0m[0m Effect    = "Allow"
                      [32m+[0m[0m Resource  = "arn:aws:shield::*:protection/*"
                      [32m+[0m[0m Sid       = "ShieldTagResource"
                    },
                ]
              [32m+[0m[0m Version   = "2012-10-17"
            }
        )
      [32m+[0m[0m policy_id        = (known after apply)
      [32m+[0m[0m tags_all         = (known after apply)
    }

[1m  # module.eks.module.eks_oregon.aws_iam_role.this[0][0m will be created
[0m  [32m+[0m[0m resource "aws_iam_role" "this" {
      [32m+[0m[0m arn                   = (known after apply)
      [32m+[0m[0m assume_role_policy    = jsonencode(
            {
              [32m+[0m[0m Statement = [
                  [32m+[0m[0m {
                      [32m+[0m[0m Action    = [
                          [32m+[0m[0m "sts:TagSession",
                          [32m+[0m[0m "sts:AssumeRole",
                        ]
                      [32m+[0m[0m Effect    = "Allow"
                      [32m+[0m[0m Principal = {
                          [32m+[0m[0m Service = "eks.amazonaws.com"
                        }
                      [32m+[0m[0m Sid       = "EKSClusterAssumeRole"
                    },
                ]
              [32m+[0m[0m Version   = "2012-10-17"
            }
        )
      [32m+[0m[0m create_date           = (known after apply)
      [32m+[0m[0m force_detach_policies = true
      [32m+[0m[0m id                    = (known after apply)
      [32m+[0m[0m managed_policy_arns   = (known after apply)
      [32m+[0m[0m max_session_duration  = 3600
      [32m+[0m[0m name                  = (known after apply)
      [32m+[0m[0m name_prefix           = "y2om-formation-lap-oregon-cluster-"
      [32m+[0m[0m path                  = "/"
      [32m+[0m[0m tags_all              = (known after apply)
      [32m+[0m[0m unique_id             = (known after apply)
    }

[1m  # module.eks.module.eks_oregon.aws_iam_role_policy_attachment.cluster_encryption[0][0m will be created
[0m  [32m+[0m[0m resource "aws_iam_role_policy_attachment" "cluster_encryption" {
      [32m+[0m[0m id         = (known after apply)
      [32m+[0m[0m policy_arn = (known after apply)
      [32m+[0m[0m role       = (known after apply)
    }

[1m  # module.eks.module.eks_oregon.aws_iam_role_policy_attachment.custom[0][0m will be created
[0m  [32m+[0m[0m resource "aws_iam_role_policy_attachment" "custom" {
      [32m+[0m[0m id         = (known after apply)
      [32m+[0m[0m policy_arn = (known after apply)
      [32m+[0m[0m role       = (known after apply)
    }

[1m  # module.eks.module.eks_oregon.aws_iam_role_policy_attachment.this["AmazonEKSClusterPolicy"][0m will be created
[0m  [32m+[0m[0m resource "aws_iam_role_policy_attachment" "this" {
      [32m+[0m[0m id         = (known after apply)
      [32m+[0m[0m policy_arn = "arn:aws:iam::aws:policy/AmazonEKSClusterPolicy"
      [32m+[0m[0m role       = (known after apply)
    }

[1m  # module.eks.module.eks_oregon.aws_iam_role_policy_attachment.this["AmazonEKSVPCResourceController"][0m will be created
[0m  [32m+[0m[0m resource "aws_iam_role_policy_attachment" "this" {
      [32m+[0m[0m id         = (known after apply)
      [32m+[0m[0m policy_arn = "arn:aws:iam::aws:policy/AmazonEKSVPCResourceController"
      [32m+[0m[0m role       = (known after apply)
    }

[1m  # module.eks.module.eks_oregon.aws_security_group.cluster[0][0m will be created
[0m  [32m+[0m[0m resource "aws_security_group" "cluster" {
      [32m+[0m[0m arn                    = (known after apply)
      [32m+[0m[0m description            = "EKS cluster security group"
      [32m+[0m[0m egress                 = (known after apply)
      [32m+[0m[0m id                     = (known after apply)
      [32m+[0m[0m ingress                = (known after apply)
      [32m+[0m[0m name                   = (known after apply)
      [32m+[0m[0m name_prefix            = "y2om-formation-lap-oregon-cluster-"
      [32m+[0m[0m owner_id               = (known after apply)
      [32m+[0m[0m revoke_rules_on_delete = false
      [32m+[0m[0m tags                   = {
          [32m+[0m[0m "Name" = "y2om-formation-lap-oregon-cluster"
        }
      [32m+[0m[0m tags_all               = {
          [32m+[0m[0m "Name" = "y2om-formation-lap-oregon-cluster"
        }
      [32m+[0m[0m vpc_id                 = (known after apply)
    }

[1m  # module.eks.module.eks_oregon.aws_security_group.node[0][0m will be created
[0m  [32m+[0m[0m resource "aws_security_group" "node" {
      [32m+[0m[0m arn                    = (known after apply)
      [32m+[0m[0m description            = "EKS node shared security group"
      [32m+[0m[0m egress                 = (known after apply)
      [32m+[0m[0m id                     = (known after apply)
      [32m+[0m[0m ingress                = (known after apply)
      [32m+[0m[0m name                   = (known after apply)
      [32m+[0m[0m name_prefix            = "y2om-formation-lap-oregon-node-"
      [32m+[0m[0m owner_id               = (known after apply)
      [32m+[0m[0m revoke_rules_on_delete = false
      [32m+[0m[0m tags                   = {
          [32m+[0m[0m "Name"                                            = "y2om-formation-lap-oregon-node"
          [32m+[0m[0m "kubernetes.io/cluster/y2om-formation-lap-oregon" = "owned"
        }
      [32m+[0m[0m tags_all               = {
          [32m+[0m[0m "Name"                                            = "y2om-formation-lap-oregon-node"
          [32m+[0m[0m "kubernetes.io/cluster/y2om-formation-lap-oregon" = "owned"
        }
      [32m+[0m[0m vpc_id                 = (known after apply)
    }

[1m  # module.eks.module.eks_oregon.aws_security_group_rule.cluster["ingress_nodes_443"][0m will be created
[0m  [32m+[0m[0m resource "aws_security_group_rule" "cluster" {
      [32m+[0m[0m description              = "Node groups to cluster API"
      [32m+[0m[0m from_port                = 443
      [32m+[0m[0m id                       = (known after apply)
      [32m+[0m[0m protocol                 = "tcp"
      [32m+[0m[0m security_group_id        = (known after apply)
      [32m+[0m[0m security_group_rule_id   = (known after apply)
      [32m+[0m[0m self                     = false
      [32m+[0m[0m source_security_group_id = (known after apply)
      [32m+[0m[0m to_port                  = 443
      [32m+[0m[0m type                     = "ingress"
    }

[1m  # module.eks.module.eks_oregon.aws_security_group_rule.node["egress_all"][0m will be created
[0m  [32m+[0m[0m resource "aws_security_group_rule" "node" {
      [32m+[0m[0m cidr_blocks              = [
          [32m+[0m[0m "0.0.0.0/0",
        ]
      [32m+[0m[0m description              = "Allow all egress"
      [32m+[0m[0m from_port                = 0
      [32m+[0m[0m id                       = (known after apply)
      [32m+[0m[0m prefix_list_ids          = []
      [32m+[0m[0m protocol                 = "-1"
      [32m+[0m[0m security_group_id        = (known after apply)
      [32m+[0m[0m security_group_rule_id   = (known after apply)
      [32m+[0m[0m self                     = false
      [32m+[0m[0m source_security_group_id = (known after apply)
      [32m+[0m[0m to_port                  = 0
      [32m+[0m[0m type                     = "egress"
    }

[1m  # module.eks.module.eks_oregon.aws_security_group_rule.node["ingress_cluster_443"][0m will be created
[0m  [32m+[0m[0m resource "aws_security_group_rule" "node" {
      [32m+[0m[0m description              = "Cluster API to node groups"
      [32m+[0m[0m from_port                = 443
      [32m+[0m[0m id                       = (known after apply)
      [32m+[0m[0m prefix_list_ids          = []
      [32m+[0m[0m protocol                 = "tcp"
      [32m+[0m[0m security_group_id        = (known after apply)
      [32m+[0m[0m security_group_rule_id   = (known after apply)
      [32m+[0m[0m self                     = false
      [32m+[0m[0m source_security_group_id = (known after apply)
      [32m+[0m[0m to_port                  = 443
      [32m+[0m[0m type                     = "ingress"
    }

[1m  # module.eks.module.eks_oregon.aws_security_group_rule.node["ingress_cluster_4443_webhook"][0m will be created
[0m  [32m+[0m[0m resource "aws_security_group_rule" "node" {
      [32m+[0m[0m description              = "Cluster API to node 4443/tcp webhook"
      [32m+[0m[0m from_port                = 4443
      [32m+[0m[0m id                       = (known after apply)
      [32m+[0m[0m prefix_list_ids          = []
      [32m+[0m[0m protocol                 = "tcp"
      [32m+[0m[0m security_group_id        = (known after apply)
      [32m+[0m[0m security_group_rule_id   = (known after apply)
      [32m+[0m[0m self                     = false
      [32m+[0m[0m source_security_group_id = (known after apply)
      [32m+[0m[0m to_port                  = 4443
      [32m+[0m[0m type                     = "ingress"
    }

[1m  # module.eks.module.eks_oregon.aws_security_group_rule.node["ingress_cluster_6443_webhook"][0m will be created
[0m  [32m+[0m[0m resource "aws_security_group_rule" "node" {
      [32m+[0m[0m description              = "Cluster API to node 6443/tcp webhook"
      [32m+[0m[0m from_port                = 6443
      [32m+[0m[0m id                       = (known after apply)
      [32m+[0m[0m prefix_list_ids          = []
      [32m+[0m[0m protocol                 = "tcp"
      [32m+[0m[0m security_group_id        = (known after apply)
      [32m+[0m[0m security_group_rule_id   = (known after apply)
      [32m+[0m[0m self                     = false
      [32m+[0m[0m source_security_group_id = (known after apply)
      [32m+[0m[0m to_port                  = 6443
      [32m+[0m[0m type                     = "ingress"
    }

[1m  # module.eks.module.eks_oregon.aws_security_group_rule.node["ingress_cluster_8443_webhook"][0m will be created
[0m  [32m+[0m[0m resource "aws_security_group_rule" "node" {
      [32m+[0m[0m description              = "Cluster API to node 8443/tcp webhook"
      [32m+[0m[0m from_port                = 8443
      [32m+[0m[0m id                       = (known after apply)
      [32m+[0m[0m prefix_list_ids          = []
      [32m+[0m[0m protocol                 = "tcp"
      [32m+[0m[0m security_group_id        = (known after apply)
      [32m+[0m[0m security_group_rule_id   = (known after apply)
      [32m+[0m[0m self                     = false
      [32m+[0m[0m source_security_group_id = (known after apply)
      [32m+[0m[0m to_port                  = 8443
      [32m+[0m[0m type                     = "ingress"
    }

[1m  # module.eks.module.eks_oregon.aws_security_group_rule.node["ingress_cluster_9443_webhook"][0m will be created
[0m  [32m+[0m[0m resource "aws_security_group_rule" "node" {
      [32m+[0m[0m description              = "Cluster API to node 9443/tcp webhook"
      [32m+[0m[0m from_port                = 9443
      [32m+[0m[0m id                       = (known after apply)
      [32m+[0m[0m prefix_list_ids          = []
      [32m+[0m[0m protocol                 = "tcp"
      [32m+[0m[0m security_group_id        = (known after apply)
      [32m+[0m[0m security_group_rule_id   = (known after apply)
      [32m+[0m[0m self                     = false
      [32m+[0m[0m source_security_group_id = (known after apply)
      [32m+[0m[0m to_port                  = 9443
      [32m+[0m[0m type                     = "ingress"
    }

[1m  # module.eks.module.eks_oregon.aws_security_group_rule.node["ingress_cluster_kubelet"][0m will be created
[0m  [32m+[0m[0m resource "aws_security_group_rule" "node" {
      [32m+[0m[0m description              = "Cluster API to node kubelets"
      [32m+[0m[0m from_port                = 10250
      [32m+[0m[0m id                       = (known after apply)
      [32m+[0m[0m prefix_list_ids          = []
      [32m+[0m[0m protocol                 = "tcp"
      [32m+[0m[0m security_group_id        = (known after apply)
      [32m+[0m[0m security_group_rule_id   = (known after apply)
      [32m+[0m[0m self                     = false
      [32m+[0m[0m source_security_group_id = (known after apply)
      [32m+[0m[0m to_port                  = 10250
      [32m+[0m[0m type                     = "ingress"
    }

[1m  # module.eks.module.eks_oregon.aws_security_group_rule.node["ingress_nodes_ephemeral"][0m will be created
[0m  [32m+[0m[0m resource "aws_security_group_rule" "node" {
      [32m+[0m[0m description              = "Node to node ingress on ephemeral ports"
      [32m+[0m[0m from_port                = 1025
      [32m+[0m[0m id                       = (known after apply)
      [32m+[0m[0m prefix_list_ids          = []
      [32m+[0m[0m protocol                 = "tcp"
      [32m+[0m[0m security_group_id        = (known after apply)
      [32m+[0m[0m security_group_rule_id   = (known after apply)
      [32m+[0m[0m self                     = true
      [32m+[0m[0m source_security_group_id = (known after apply)
      [32m+[0m[0m to_port                  = 65535
      [32m+[0m[0m type                     = "ingress"
    }

[1m  # module.eks.module.eks_oregon.aws_security_group_rule.node["ingress_self_coredns_tcp"][0m will be created
[0m  [32m+[0m[0m resource "aws_security_group_rule" "node" {
      [32m+[0m[0m description              = "Node to node CoreDNS"
      [32m+[0m[0m from_port                = 53
      [32m+[0m[0m id                       = (known after apply)
      [32m+[0m[0m prefix_list_ids          = []
      [32m+[0m[0m protocol                 = "tcp"
      [32m+[0m[0m security_group_id        = (known after apply)
      [32m+[0m[0m security_group_rule_id   = (known after apply)
      [32m+[0m[0m self                     = true
      [32m+[0m[0m source_security_group_id = (known after apply)
      [32m+[0m[0m to_port                  = 53
      [32m+[0m[0m type                     = "ingress"
    }

[1m  # module.eks.module.eks_oregon.aws_security_group_rule.node["ingress_self_coredns_udp"][0m will be created
[0m  [32m+[0m[0m resource "aws_security_group_rule" "node" {
      [32m+[0m[0m description              = "Node to node CoreDNS UDP"
      [32m+[0m[0m from_port                = 53
      [32m+[0m[0m id                       = (known after apply)
      [32m+[0m[0m prefix_list_ids          = []
      [32m+[0m[0m protocol                 = "udp"
      [32m+[0m[0m security_group_id        = (known after apply)
      [32m+[0m[0m security_group_rule_id   = (known after apply)
      [32m+[0m[0m self                     = true
      [32m+[0m[0m source_security_group_id = (known after apply)
      [32m+[0m[0m to_port                  = 53
      [32m+[0m[0m type                     = "ingress"
    }

[1m  # module.eks.module.eks_seoul.aws_cloudwatch_log_group.this[0][0m will be created
[0m  [32m+[0m[0m resource "aws_cloudwatch_log_group" "this" {
      [32m+[0m[0m arn               = (known after apply)
      [32m+[0m[0m id                = (known after apply)
      [32m+[0m[0m log_group_class   = (known after apply)
      [32m+[0m[0m name              = "/aws/eks/y2om-formation-lap-seoul/cluster"
      [32m+[0m[0m name_prefix       = (known after apply)
      [32m+[0m[0m retention_in_days = 90
      [32m+[0m[0m skip_destroy      = false
      [32m+[0m[0m tags              = {
          [32m+[0m[0m "Name" = "/aws/eks/y2om-formation-lap-seoul/cluster"
        }
      [32m+[0m[0m tags_all          = {
          [32m+[0m[0m "Name" = "/aws/eks/y2om-formation-lap-seoul/cluster"
        }
    }

[1m  # module.eks.module.eks_seoul.aws_iam_policy.cluster_encryption[0][0m will be created
[0m  [32m+[0m[0m resource "aws_iam_policy" "cluster_encryption" {
      [32m+[0m[0m arn              = (known after apply)
      [32m+[0m[0m attachment_count = (known after apply)
      [32m+[0m[0m description      = "Cluster encryption policy to allow cluster role to utilize CMK provided"
      [32m+[0m[0m id               = (known after apply)
      [32m+[0m[0m name             = (known after apply)
      [32m+[0m[0m name_prefix      = "y2om-formation-lap-seoul-cluster-ClusterEncryption"
      [32m+[0m[0m path             = "/"
      [32m+[0m[0m policy           = (known after apply)
      [32m+[0m[0m policy_id        = (known after apply)
      [32m+[0m[0m tags_all         = (known after apply)
    }

[1m  # module.eks.module.eks_seoul.aws_iam_policy.custom[0][0m will be created
[0m  [32m+[0m[0m resource "aws_iam_policy" "custom" {
      [32m+[0m[0m arn              = (known after apply)
      [32m+[0m[0m attachment_count = (known after apply)
      [32m+[0m[0m id               = (known after apply)
      [32m+[0m[0m name             = (known after apply)
      [32m+[0m[0m name_prefix      = "y2om-formation-lap-seoul-cluster-"
      [32m+[0m[0m path             = "/"
      [32m+[0m[0m policy           = jsonencode(
            {
              [32m+[0m[0m Statement = [
                  [32m+[0m[0m {
                      [32m+[0m[0m Action    = [
                          [32m+[0m[0m "ec2:RunInstances",
                          [32m+[0m[0m "ec2:CreateLaunchTemplate",
                          [32m+[0m[0m "ec2:CreateFleet",
                        ]
                      [32m+[0m[0m Condition = {
                          [32m+[0m[0m StringEquals = {
                              [32m+[0m[0m "aws:RequestTag/eks:eks-cluster-name" = "${aws:PrincipalTag/eks:eks-cluster-name}"
                            }
                          [32m+[0m[0m StringLike   = {
                              [32m+[0m[0m "aws:RequestTag/eks:kubernetes-node-class-name" = "*"
                              [32m+[0m[0m "aws:RequestTag/eks:kubernetes-node-pool-name"  = "*"
                            }
                        }
                      [32m+[0m[0m Effect    = "Allow"
                      [32m+[0m[0m Resource  = "*"
                      [32m+[0m[0m Sid       = "Compute"
                    },
                  [32m+[0m[0m {
                      [32m+[0m[0m Action    = [
                          [32m+[0m[0m "ec2:CreateVolume",
                          [32m+[0m[0m "ec2:CreateSnapshot",
                        ]
                      [32m+[0m[0m Condition = {
                          [32m+[0m[0m StringEquals = {
                              [32m+[0m[0m "aws:RequestTag/eks:eks-cluster-name" = "${aws:PrincipalTag/eks:eks-cluster-name}"
                            }
                        }
                      [32m+[0m[0m Effect    = "Allow"
                      [32m+[0m[0m Resource  = [
                          [32m+[0m[0m "arn:aws:ec2:*:*:volume/*",
                          [32m+[0m[0m "arn:aws:ec2:*:*:snapshot/*",
                        ]
                      [32m+[0m[0m Sid       = "Storage"
                    },
                  [32m+[0m[0m {
                      [32m+[0m[0m Action    = "ec2:CreateNetworkInterface"
                      [32m+[0m[0m Condition = {
                          [32m+[0m[0m StringEquals = {
                              [32m+[0m[0m "aws:RequestTag/eks:eks-cluster-name"         = "${aws:PrincipalTag/eks:eks-cluster-name}"
                              [32m+[0m[0m "aws:RequestTag/eks:kubernetes-cni-node-name" = "*"
                            }
                        }
                      [32m+[0m[0m Effect    = "Allow"
                      [32m+[0m[0m Resource  = "*"
                      [32m+[0m[0m Sid       = "Networking"
                    },
                  [32m+[0m[0m {
                      [32m+[0m[0m Action    = [
                          [32m+[0m[0m "elasticloadbalancing:CreateTargetGroup",
                          [32m+[0m[0m "elasticloadbalancing:CreateRule",
                          [32m+[0m[0m "elasticloadbalancing:CreateLoadBalancer",
                          [32m+[0m[0m "elasticloadbalancing:CreateListener",
                          [32m+[0m[0m "ec2:CreateSecurityGroup",
                        ]
                      [32m+[0m[0m Condition = {
                          [32m+[0m[0m StringEquals = {
                              [32m+[0m[0m "aws:RequestTag/eks:eks-cluster-name" = "${aws:PrincipalTag/eks:eks-cluster-name}"
                            }
                        }
                      [32m+[0m[0m Effect    = "Allow"
                      [32m+[0m[0m Resource  = "*"
                      [32m+[0m[0m Sid       = "LoadBalancer"
                    },
                  [32m+[0m[0m {
                      [32m+[0m[0m Action    = "shield:CreateProtection"
                      [32m+[0m[0m Condition = {
                          [32m+[0m[0m StringEquals = {
                              [32m+[0m[0m "aws:RequestTag/eks:eks-cluster-name" = "${aws:PrincipalTag/eks:eks-cluster-name}"
                            }
                        }
                      [32m+[0m[0m Effect    = "Allow"
                      [32m+[0m[0m Resource  = "*"
                      [32m+[0m[0m Sid       = "ShieldProtection"
                    },
                  [32m+[0m[0m {
                      [32m+[0m[0m Action    = "shield:TagResource"
                      [32m+[0m[0m Condition = {
                          [32m+[0m[0m StringEquals = {
                              [32m+[0m[0m "aws:RequestTag/eks:eks-cluster-name" = "${aws:PrincipalTag/eks:eks-cluster-name}"
                            }
                        }
                      [32m+[0m[0m Effect    = "Allow"
                      [32m+[0m[0m Resource  = "arn:aws:shield::*:protection/*"
                      [32m+[0m[0m Sid       = "ShieldTagResource"
                    },
                ]
              [32m+[0m[0m Version   = "2012-10-17"
            }
        )
      [32m+[0m[0m policy_id        = (known after apply)
      [32m+[0m[0m tags_all         = (known after apply)
    }

[1m  # module.eks.module.eks_seoul.aws_iam_role.this[0][0m will be created
[0m  [32m+[0m[0m resource "aws_iam_role" "this" {
      [32m+[0m[0m arn                   = (known after apply)
      [32m+[0m[0m assume_role_policy    = jsonencode(
            {
              [32m+[0m[0m Statement = [
                  [32m+[0m[0m {
                      [32m+[0m[0m Action    = [
                          [32m+[0m[0m "sts:TagSession",
                          [32m+[0m[0m "sts:AssumeRole",
                        ]
                      [32m+[0m[0m Effect    = "Allow"
                      [32m+[0m[0m Principal = {
                          [32m+[0m[0m Service = "eks.amazonaws.com"
                        }
                      [32m+[0m[0m Sid       = "EKSClusterAssumeRole"
                    },
                ]
              [32m+[0m[0m Version   = "2012-10-17"
            }
        )
      [32m+[0m[0m create_date           = (known after apply)
      [32m+[0m[0m force_detach_policies = true
      [32m+[0m[0m id                    = (known after apply)
      [32m+[0m[0m managed_policy_arns   = (known after apply)
      [32m+[0m[0m max_session_duration  = 3600
      [32m+[0m[0m name                  = (known after apply)
      [32m+[0m[0m name_prefix           = "y2om-formation-lap-seoul-cluster-"
      [32m+[0m[0m path                  = "/"
      [32m+[0m[0m tags_all              = (known after apply)
      [32m+[0m[0m unique_id             = (known after apply)
    }

[1m  # module.eks.module.eks_seoul.aws_iam_role_policy_attachment.cluster_encryption[0][0m will be created
[0m  [32m+[0m[0m resource "aws_iam_role_policy_attachment" "cluster_encryption" {
      [32m+[0m[0m id         = (known after apply)
      [32m+[0m[0m policy_arn = (known after apply)
      [32m+[0m[0m role       = (known after apply)
    }

[1m  # module.eks.module.eks_seoul.aws_iam_role_policy_attachment.custom[0][0m will be created
[0m  [32m+[0m[0m resource "aws_iam_role_policy_attachment" "custom" {
      [32m+[0m[0m id         = (known after apply)
      [32m+[0m[0m policy_arn = (known after apply)
      [32m+[0m[0m role       = (known after apply)
    }

[1m  # module.eks.module.eks_seoul.aws_iam_role_policy_attachment.this["AmazonEKSClusterPolicy"][0m will be created
[0m  [32m+[0m[0m resource "aws_iam_role_policy_attachment" "this" {
      [32m+[0m[0m id         = (known after apply)
      [32m+[0m[0m policy_arn = "arn:aws:iam::aws:policy/AmazonEKSClusterPolicy"
      [32m+[0m[0m role       = (known after apply)
    }

[1m  # module.eks.module.eks_seoul.aws_iam_role_policy_attachment.this["AmazonEKSVPCResourceController"][0m will be created
[0m  [32m+[0m[0m resource "aws_iam_role_policy_attachment" "this" {
      [32m+[0m[0m id         = (known after apply)
      [32m+[0m[0m policy_arn = "arn:aws:iam::aws:policy/AmazonEKSVPCResourceController"
      [32m+[0m[0m role       = (known after apply)
    }

[1m  # module.eks.module.eks_seoul.aws_security_group.cluster[0][0m will be created
[0m  [32m+[0m[0m resource "aws_security_group" "cluster" {
      [32m+[0m[0m arn                    = (known after apply)
      [32m+[0m[0m description            = "EKS cluster security group"
      [32m+[0m[0m egress                 = (known after apply)
      [32m+[0m[0m id                     = (known after apply)
      [32m+[0m[0m ingress                = (known after apply)
      [32m+[0m[0m name                   = (known after apply)
      [32m+[0m[0m name_prefix            = "y2om-formation-lap-seoul-cluster-"
      [32m+[0m[0m owner_id               = (known after apply)
      [32m+[0m[0m revoke_rules_on_delete = false
      [32m+[0m[0m tags                   = {
          [32m+[0m[0m "Name" = "y2om-formation-lap-seoul-cluster"
        }
      [32m+[0m[0m tags_all               = {
          [32m+[0m[0m "Name" = "y2om-formation-lap-seoul-cluster"
        }
      [32m+[0m[0m vpc_id                 = (known after apply)
    }

[1m  # module.eks.module.eks_seoul.aws_security_group.node[0][0m will be created
[0m  [32m+[0m[0m resource "aws_security_group" "node" {
      [32m+[0m[0m arn                    = (known after apply)
      [32m+[0m[0m description            = "EKS node shared security group"
      [32m+[0m[0m egress                 = (known after apply)
      [32m+[0m[0m id                     = (known after apply)
      [32m+[0m[0m ingress                = (known after apply)
      [32m+[0m[0m name                   = (known after apply)
      [32m+[0m[0m name_prefix            = "y2om-formation-lap-seoul-node-"
      [32m+[0m[0m owner_id               = (known after apply)
      [32m+[0m[0m revoke_rules_on_delete = false
      [32m+[0m[0m tags                   = {
          [32m+[0m[0m "Name"                                           = "y2om-formation-lap-seoul-node"
          [32m+[0m[0m "kubernetes.io/cluster/y2om-formation-lap-seoul" = "owned"
        }
      [32m+[0m[0m tags_all               = {
          [32m+[0m[0m "Name"                                           = "y2om-formation-lap-seoul-node"
          [32m+[0m[0m "kubernetes.io/cluster/y2om-formation-lap-seoul" = "owned"
        }
      [32m+[0m[0m vpc_id                 = (known after apply)
    }

[1m  # module.eks.module.eks_seoul.aws_security_group_rule.cluster["ingress_nodes_443"][0m will be created
[0m  [32m+[0m[0m resource "aws_security_group_rule" "cluster" {
      [32m+[0m[0m description              = "Node groups to cluster API"
      [32m+[0m[0m from_port                = 443
      [32m+[0m[0m id                       = (known after apply)
      [32m+[0m[0m protocol                 = "tcp"
      [32m+[0m[0m security_group_id        = (known after apply)
      [32m+[0m[0m security_group_rule_id   = (known after apply)
      [32m+[0m[0m self                     = false
      [32m+[0m[0m source_security_group_id = (known after apply)
      [32m+[0m[0m to_port                  = 443
      [32m+[0m[0m type                     = "ingress"
    }

[1m  # module.eks.module.eks_seoul.aws_security_group_rule.node["egress_all"][0m will be created
[0m  [32m+[0m[0m resource "aws_security_group_rule" "node" {
      [32m+[0m[0m cidr_blocks              = [
          [32m+[0m[0m "0.0.0.0/0",
        ]
      [32m+[0m[0m description              = "Allow all egress"
      [32m+[0m[0m from_port                = 0
      [32m+[0m[0m id                       = (known after apply)
      [32m+[0m[0m prefix_list_ids          = []
      [32m+[0m[0m protocol                 = "-1"
      [32m+[0m[0m security_group_id        = (known after apply)
      [32m+[0m[0m security_group_rule_id   = (known after apply)
      [32m+[0m[0m self                     = false
      [32m+[0m[0m source_security_group_id = (known after apply)
      [32m+[0m[0m to_port                  = 0
      [32m+[0m[0m type                     = "egress"
    }

[1m  # module.eks.module.eks_seoul.aws_security_group_rule.node["ingress_cluster_443"][0m will be created
[0m  [32m+[0m[0m resource "aws_security_group_rule" "node" {
      [32m+[0m[0m description              = "Cluster API to node groups"
      [32m+[0m[0m from_port                = 443
      [32m+[0m[0m id                       = (known after apply)
      [32m+[0m[0m prefix_list_ids          = []
      [32m+[0m[0m protocol                 = "tcp"
      [32m+[0m[0m security_group_id        = (known after apply)
      [32m+[0m[0m security_group_rule_id   = (known after apply)
      [32m+[0m[0m self                     = false
      [32m+[0m[0m source_security_group_id = (known after apply)
      [32m+[0m[0m to_port                  = 443
      [32m+[0m[0m type                     = "ingress"
    }

[1m  # module.eks.module.eks_seoul.aws_security_group_rule.node["ingress_cluster_4443_webhook"][0m will be created
[0m  [32m+[0m[0m resource "aws_security_group_rule" "node" {
      [32m+[0m[0m description              = "Cluster API to node 4443/tcp webhook"
      [32m+[0m[0m from_port                = 4443
      [32m+[0m[0m id                       = (known after apply)
      [32m+[0m[0m prefix_list_ids          = []
      [32m+[0m[0m protocol                 = "tcp"
      [32m+[0m[0m security_group_id        = (known after apply)
      [32m+[0m[0m security_group_rule_id   = (known after apply)
      [32m+[0m[0m self                     = false
      [32m+[0m[0m source_security_group_id = (known after apply)
      [32m+[0m[0m to_port                  = 4443
      [32m+[0m[0m type                     = "ingress"
    }

[1m  # module.eks.module.eks_seoul.aws_security_group_rule.node["ingress_cluster_6443_webhook"][0m will be created
[0m  [32m+[0m[0m resource "aws_security_group_rule" "node" {
      [32m+[0m[0m description              = "Cluster API to node 6443/tcp webhook"
      [32m+[0m[0m from_port                = 6443
      [32m+[0m[0m id                       = (known after apply)
      [32m+[0m[0m prefix_list_ids          = []
      [32m+[0m[0m protocol                 = "tcp"
      [32m+[0m[0m security_group_id        = (known after apply)
      [32m+[0m[0m security_group_rule_id   = (known after apply)
      [32m+[0m[0m self                     = false
      [32m+[0m[0m source_security_group_id = (known after apply)
      [32m+[0m[0m to_port                  = 6443
      [32m+[0m[0m type                     = "ingress"
    }

[1m  # module.eks.module.eks_seoul.aws_security_group_rule.node["ingress_cluster_8443_webhook"][0m will be created
[0m  [32m+[0m[0m resource "aws_security_group_rule" "node" {
      [32m+[0m[0m description              = "Cluster API to node 8443/tcp webhook"
      [32m+[0m[0m from_port                = 8443
      [32m+[0m[0m id                       = (known after apply)
      [32m+[0m[0m prefix_list_ids          = []
      [32m+[0m[0m protocol                 = "tcp"
      [32m+[0m[0m security_group_id        = (known after apply)
      [32m+[0m[0m security_group_rule_id   = (known after apply)
      [32m+[0m[0m self                     = false
      [32m+[0m[0m source_security_group_id = (known after apply)
      [32m+[0m[0m to_port                  = 8443
      [32m+[0m[0m type                     = "ingress"
    }

[1m  # module.eks.module.eks_seoul.aws_security_group_rule.node["ingress_cluster_9443_webhook"][0m will be created
[0m  [32m+[0m[0m resource "aws_security_group_rule" "node" {
      [32m+[0m[0m description              = "Cluster API to node 9443/tcp webhook"
      [32m+[0m[0m from_port                = 9443
      [32m+[0m[0m id                       = (known after apply)
      [32m+[0m[0m prefix_list_ids          = []
      [32m+[0m[0m protocol                 = "tcp"
      [32m+[0m[0m security_group_id        = (known after apply)
      [32m+[0m[0m security_group_rule_id   = (known after apply)
      [32m+[0m[0m self                     = false
      [32m+[0m[0m source_security_group_id = (known after apply)
      [32m+[0m[0m to_port                  = 9443
      [32m+[0m[0m type                     = "ingress"
    }

[1m  # module.eks.module.eks_seoul.aws_security_group_rule.node["ingress_cluster_kubelet"][0m will be created
[0m  [32m+[0m[0m resource "aws_security_group_rule" "node" {
      [32m+[0m[0m description              = "Cluster API to node kubelets"
      [32m+[0m[0m from_port                = 10250
      [32m+[0m[0m id                       = (known after apply)
      [32m+[0m[0m prefix_list_ids          = []
      [32m+[0m[0m protocol                 = "tcp"
      [32m+[0m[0m security_group_id        = (known after apply)
      [32m+[0m[0m security_group_rule_id   = (known after apply)
      [32m+[0m[0m self                     = false
      [32m+[0m[0m source_security_group_id = (known after apply)
      [32m+[0m[0m to_port                  = 10250
      [32m+[0m[0m type                     = "ingress"
    }

[1m  # module.eks.module.eks_seoul.aws_security_group_rule.node["ingress_nodes_ephemeral"][0m will be created
[0m  [32m+[0m[0m resource "aws_security_group_rule" "node" {
      [32m+[0m[0m description              = "Node to node ingress on ephemeral ports"
      [32m+[0m[0m from_port                = 1025
      [32m+[0m[0m id                       = (known after apply)
      [32m+[0m[0m prefix_list_ids          = []
      [32m+[0m[0m protocol                 = "tcp"
      [32m+[0m[0m security_group_id        = (known after apply)
      [32m+[0m[0m security_group_rule_id   = (known after apply)
      [32m+[0m[0m self                     = true
      [32m+[0m[0m source_security_group_id = (known after apply)
      [32m+[0m[0m to_port                  = 65535
      [32m+[0m[0m type                     = "ingress"
    }

[1m  # module.eks.module.eks_seoul.aws_security_group_rule.node["ingress_self_coredns_tcp"][0m will be created
[0m  [32m+[0m[0m resource "aws_security_group_rule" "node" {
      [32m+[0m[0m description              = "Node to node CoreDNS"
      [32m+[0m[0m from_port                = 53
      [32m+[0m[0m id                       = (known after apply)
      [32m+[0m[0m prefix_list_ids          = []
      [32m+[0m[0m protocol                 = "tcp"
      [32m+[0m[0m security_group_id        = (known after apply)
      [32m+[0m[0m security_group_rule_id   = (known after apply)
      [32m+[0m[0m self                     = true
      [32m+[0m[0m source_security_group_id = (known after apply)
      [32m+[0m[0m to_port                  = 53
      [32m+[0m[0m type                     = "ingress"
    }

[1m  # module.eks.module.eks_seoul.aws_security_group_rule.node["ingress_self_coredns_udp"][0m will be created
[0m  [32m+[0m[0m resource "aws_security_group_rule" "node" {
      [32m+[0m[0m description              = "Node to node CoreDNS UDP"
      [32m+[0m[0m from_port                = 53
      [32m+[0m[0m id                       = (known after apply)
      [32m+[0m[0m prefix_list_ids          = []
      [32m+[0m[0m protocol                 = "udp"
      [32m+[0m[0m security_group_id        = (known after apply)
      [32m+[0m[0m security_group_rule_id   = (known after apply)
      [32m+[0m[0m self                     = true
      [32m+[0m[0m source_security_group_id = (known after apply)
      [32m+[0m[0m to_port                  = 53
      [32m+[0m[0m type                     = "ingress"
    }

[1m  # module.network.module.kor_vpc.aws_ec2_transit_gateway_vpc_attachment.this[0m will be created
[0m  [32m+[0m[0m resource "aws_ec2_transit_gateway_vpc_attachment" "this" {
      [32m+[0m[0m appliance_mode_support                          = "disable"
      [32m+[0m[0m arn                                             = (known after apply)
      [32m+[0m[0m dns_support                                     = "enable"
      [32m+[0m[0m id                                              = (known after apply)
      [32m+[0m[0m ipv6_support                                    = "disable"
      [32m+[0m[0m security_group_referencing_support              = (known after apply)
      [32m+[0m[0m subnet_ids                                      = (known after apply)
      [32m+[0m[0m tags                                            = {
          [32m+[0m[0m "Name" = "y2om-KOR-Primary-VPC-tgw-attach"
        }
      [32m+[0m[0m tags_all                                        = {
          [32m+[0m[0m "Name" = "y2om-KOR-Primary-VPC-tgw-attach"
        }
      [32m+[0m[0m transit_gateway_default_route_table_association = (known after apply)
      [32m+[0m[0m transit_gateway_default_route_table_propagation = (known after apply)
      [32m+[0m[0m transit_gateway_id                              = (known after apply)
      [32m+[0m[0m vpc_id                                          = (known after apply)
      [32m+[0m[0m vpc_owner_id                                    = (known after apply)
    }

[1m  # module.network.module.kor_vpc.aws_eip.nat[0m will be created
[0m  [32m+[0m[0m resource "aws_eip" "nat" {
      [32m+[0m[0m allocation_id        = (known after apply)
      [32m+[0m[0m arn                  = (known after apply)
      [32m+[0m[0m association_id       = (known after apply)
      [32m+[0m[0m carrier_ip           = (known after apply)
      [32m+[0m[0m customer_owned_ip    = (known after apply)
      [32m+[0m[0m domain               = "vpc"
      [32m+[0m[0m id                   = (known after apply)
      [32m+[0m[0m instance             = (known after apply)
      [32m+[0m[0m ipam_pool_id         = (known after apply)
      [32m+[0m[0m network_border_group = (known after apply)
      [32m+[0m[0m network_interface    = (known after apply)
      [32m+[0m[0m private_dns          = (known after apply)
      [32m+[0m[0m private_ip           = (known after apply)
      [32m+[0m[0m ptr_record           = (known after apply)
      [32m+[0m[0m public_dns           = (known after apply)
      [32m+[0m[0m public_ip            = (known after apply)
      [32m+[0m[0m public_ipv4_pool     = (known after apply)
      [32m+[0m[0m tags                 = {
          [32m+[0m[0m "Name" = "y2om-KOR-Primary-VPC-nat-eip"
        }
      [32m+[0m[0m tags_all             = {
          [32m+[0m[0m "Name" = "y2om-KOR-Primary-VPC-nat-eip"
        }
      [32m+[0m[0m vpc                  = (known after apply)
    }

[1m  # module.network.module.kor_vpc.aws_instance.bastion[0m will be created
[0m  [32m+[0m[0m resource "aws_instance" "bastion" {
      [32m+[0m[0m ami                                  = "ami-094ae5292d8e74679"
      [32m+[0m[0m arn                                  = (known after apply)
      [32m+[0m[0m associate_public_ip_address          = (known after apply)
      [32m+[0m[0m availability_zone                    = (known after apply)
      [32m+[0m[0m cpu_core_count                       = (known after apply)
      [32m+[0m[0m cpu_threads_per_core                 = (known after apply)
      [32m+[0m[0m disable_api_stop                     = (known after apply)
      [32m+[0m[0m disable_api_termination              = (known after apply)
      [32m+[0m[0m ebs_optimized                        = (known after apply)
      [32m+[0m[0m enable_primary_ipv6                  = (known after apply)
      [32m+[0m[0m get_password_data                    = false
      [32m+[0m[0m host_id                              = (known after apply)
      [32m+[0m[0m host_resource_group_arn              = (known after apply)
      [32m+[0m[0m iam_instance_profile                 = (known after apply)
      [32m+[0m[0m id                                   = (known after apply)
      [32m+[0m[0m instance_initiated_shutdown_behavior = (known after apply)
      [32m+[0m[0m instance_lifecycle                   = (known after apply)
      [32m+[0m[0m instance_state                       = (known after apply)
      [32m+[0m[0m instance_type                        = "t3.micro"
      [32m+[0m[0m ipv6_address_count                   = (known after apply)
      [32m+[0m[0m ipv6_addresses                       = (known after apply)
      [32m+[0m[0m key_name                             = "y2om-KeyPair-Seoul"
      [32m+[0m[0m monitoring                           = (known after apply)
      [32m+[0m[0m outpost_arn                          = (known after apply)
      [32m+[0m[0m password_data                        = (known after apply)
      [32m+[0m[0m placement_group                      = (known after apply)
      [32m+[0m[0m placement_partition_number           = (known after apply)
      [32m+[0m[0m primary_network_interface_id         = (known after apply)
      [32m+[0m[0m private_dns                          = (known after apply)
      [32m+[0m[0m private_ip                           = (known after apply)
      [32m+[0m[0m public_dns                           = (known after apply)
      [32m+[0m[0m public_ip                            = (known after apply)
      [32m+[0m[0m secondary_private_ips                = (known after apply)
      [32m+[0m[0m security_groups                      = (known after apply)
      [32m+[0m[0m source_dest_check                    = true
      [32m+[0m[0m spot_instance_request_id             = (known after apply)
      [32m+[0m[0m subnet_id                            = (known after apply)
      [32m+[0m[0m tags                                 = {
          [32m+[0m[0m "Name" = "y2om-KOR-Primary-VPC-bastion"
        }
      [32m+[0m[0m tags_all                             = {
          [32m+[0m[0m "Name" = "y2om-KOR-Primary-VPC-bastion"
        }
      [32m+[0m[0m tenancy                              = (known after apply)
      [32m+[0m[0m user_data                            = (known after apply)
      [32m+[0m[0m user_data_base64                     = (known after apply)
      [32m+[0m[0m user_data_replace_on_change          = false
      [32m+[0m[0m vpc_security_group_ids               = (known after apply)
    }

[1m  # module.network.module.kor_vpc.aws_instance.test[0m will be created
[0m  [32m+[0m[0m resource "aws_instance" "test" {
      [32m+[0m[0m ami                                  = "ami-094ae5292d8e74679"
      [32m+[0m[0m arn                                  = (known after apply)
      [32m+[0m[0m associate_public_ip_address          = (known after apply)
      [32m+[0m[0m availability_zone                    = (known after apply)
      [32m+[0m[0m cpu_core_count                       = (known after apply)
      [32m+[0m[0m cpu_threads_per_core                 = (known after apply)
      [32m+[0m[0m disable_api_stop                     = (known after apply)
      [32m+[0m[0m disable_api_termination              = (known after apply)
      [32m+[0m[0m ebs_optimized                        = (known after apply)
      [32m+[0m[0m enable_primary_ipv6                  = (known after apply)
      [32m+[0m[0m get_password_data                    = false
      [32m+[0m[0m host_id                              = (known after apply)
      [32m+[0m[0m host_resource_group_arn              = (known after apply)
      [32m+[0m[0m iam_instance_profile                 = (known after apply)
      [32m+[0m[0m id                                   = (known after apply)
      [32m+[0m[0m instance_initiated_shutdown_behavior = (known after apply)
      [32m+[0m[0m instance_lifecycle                   = (known after apply)
      [32m+[0m[0m instance_state                       = (known after apply)
      [32m+[0m[0m instance_type                        = "t3.micro"
      [32m+[0m[0m ipv6_address_count                   = (known after apply)
      [32m+[0m[0m ipv6_addresses                       = (known after apply)
      [32m+[0m[0m key_name                             = "y2om-KeyPair-Seoul"
      [32m+[0m[0m monitoring                           = (known after apply)
      [32m+[0m[0m outpost_arn                          = (known after apply)
      [32m+[0m[0m password_data                        = (known after apply)
      [32m+[0m[0m placement_group                      = (known after apply)
      [32m+[0m[0m placement_partition_number           = (known after apply)
      [32m+[0m[0m primary_network_interface_id         = (known after apply)
      [32m+[0m[0m private_dns                          = (known after apply)
      [32m+[0m[0m private_ip                           = (known after apply)
      [32m+[0m[0m public_dns                           = (known after apply)
      [32m+[0m[0m public_ip                            = (known after apply)
      [32m+[0m[0m secondary_private_ips                = (known after apply)
      [32m+[0m[0m security_groups                      = (known after apply)
      [32m+[0m[0m source_dest_check                    = true
      [32m+[0m[0m spot_instance_request_id             = (known after apply)
      [32m+[0m[0m subnet_id                            = (known after apply)
      [32m+[0m[0m tags                                 = {
          [32m+[0m[0m "Name" = "y2om-KOR-Primary-VPC-test-ec2"
        }
      [32m+[0m[0m tags_all                             = {
          [32m+[0m[0m "Name" = "y2om-KOR-Primary-VPC-test-ec2"
        }
      [32m+[0m[0m tenancy                              = (known after apply)
      [32m+[0m[0m user_data                            = (known after apply)
      [32m+[0m[0m user_data_base64                     = (known after apply)
      [32m+[0m[0m user_data_replace_on_change          = false
      [32m+[0m[0m vpc_security_group_ids               = (known after apply)
    }

[1m  # module.network.module.kor_vpc.aws_internet_gateway.this[0m will be created
[0m  [32m+[0m[0m resource "aws_internet_gateway" "this" {
      [32m+[0m[0m arn      = (known after apply)
      [32m+[0m[0m id       = (known after apply)
      [32m+[0m[0m owner_id = (known after apply)
      [32m+[0m[0m tags_all = (known after apply)
      [32m+[0m[0m vpc_id   = (known after apply)
    }

[1m  # module.network.module.kor_vpc.aws_nat_gateway.this[0m will be created
[0m  [32m+[0m[0m resource "aws_nat_gateway" "this" {
      [32m+[0m[0m allocation_id                      = (known after apply)
      [32m+[0m[0m association_id                     = (known after apply)
      [32m+[0m[0m connectivity_type                  = "public"
      [32m+[0m[0m id                                 = (known after apply)
      [32m+[0m[0m network_interface_id               = (known after apply)
      [32m+[0m[0m private_ip                         = (known after apply)
      [32m+[0m[0m public_ip                          = (known after apply)
      [32m+[0m[0m secondary_private_ip_address_count = (known after apply)
      [32m+[0m[0m secondary_private_ip_addresses     = (known after apply)
      [32m+[0m[0m subnet_id                          = (known after apply)
      [32m+[0m[0m tags                               = {
          [32m+[0m[0m "Name" = "y2om-KOR-Primary-VPC-nat-gw"
        }
      [32m+[0m[0m tags_all                           = {
          [32m+[0m[0m "Name" = "y2om-KOR-Primary-VPC-nat-gw"
        }
    }

[1m  # module.network.module.kor_vpc.aws_route.igw[0m will be created
[0m  [32m+[0m[0m resource "aws_route" "igw" {
      [32m+[0m[0m destination_cidr_block = "0.0.0.0/0"
      [32m+[0m[0m gateway_id             = (known after apply)
      [32m+[0m[0m id                     = (known after apply)
      [32m+[0m[0m instance_id            = (known after apply)
      [32m+[0m[0m instance_owner_id      = (known after apply)
      [32m+[0m[0m network_interface_id   = (known after apply)
      [32m+[0m[0m origin                 = (known after apply)
      [32m+[0m[0m route_table_id         = (known after apply)
      [32m+[0m[0m state                  = (known after apply)
    }

[1m  # module.network.module.kor_vpc.aws_route.private_to_nat[0m will be created
[0m  [32m+[0m[0m resource "aws_route" "private_to_nat" {
      [32m+[0m[0m destination_cidr_block = "0.0.0.0/0"
      [32m+[0m[0m id                     = (known after apply)
      [32m+[0m[0m instance_id            = (known after apply)
      [32m+[0m[0m instance_owner_id      = (known after apply)
      [32m+[0m[0m nat_gateway_id         = (known after apply)
      [32m+[0m[0m network_interface_id   = (known after apply)
      [32m+[0m[0m origin                 = (known after apply)
      [32m+[0m[0m route_table_id         = (known after apply)
      [32m+[0m[0m state                  = (known after apply)
    }

[1m  # module.network.module.kor_vpc.aws_route.to_tgw[0m will be created
[0m  [32m+[0m[0m resource "aws_route" "to_tgw" {
      [32m+[0m[0m destination_cidr_block = "10.24.0.0/16"
      [32m+[0m[0m id                     = (known after apply)
      [32m+[0m[0m instance_id            = (known after apply)
      [32m+[0m[0m instance_owner_id      = (known after apply)
      [32m+[0m[0m network_interface_id   = (known after apply)
      [32m+[0m[0m origin                 = (known after apply)
      [32m+[0m[0m route_table_id         = (known after apply)
      [32m+[0m[0m state                  = (known after apply)
      [32m+[0m[0m transit_gateway_id     = (known after apply)
    }

[1m  # module.network.module.kor_vpc.aws_route_table.private[0m will be created
[0m  [32m+[0m[0m resource "aws_route_table" "private" {
      [32m+[0m[0m arn              = (known after apply)
      [32m+[0m[0m id               = (known after apply)
      [32m+[0m[0m owner_id         = (known after apply)
      [32m+[0m[0m propagating_vgws = (known after apply)
      [32m+[0m[0m route            = (known after apply)
      [32m+[0m[0m tags             = {
          [32m+[0m[0m "Name" = "y2om-KOR-Primary-VPC-private-rt"
        }
      [32m+[0m[0m tags_all         = {
          [32m+[0m[0m "Name" = "y2om-KOR-Primary-VPC-private-rt"
        }
      [32m+[0m[0m vpc_id           = (known after apply)
    }

[1m  # module.network.module.kor_vpc.aws_route_table.public[0m will be created
[0m  [32m+[0m[0m resource "aws_route_table" "public" {
      [32m+[0m[0m arn              = (known after apply)
      [32m+[0m[0m id               = (known after apply)
      [32m+[0m[0m owner_id         = (known after apply)
      [32m+[0m[0m propagating_vgws = (known after apply)
      [32m+[0m[0m route            = (known after apply)
      [32m+[0m[0m tags_all         = (known after apply)
      [32m+[0m[0m vpc_id           = (known after apply)
    }

[1m  # module.network.module.kor_vpc.aws_route_table_association.private[0][0m will be created
[0m  [32m+[0m[0m resource "aws_route_table_association" "private" {
      [32m+[0m[0m id             = (known after apply)
      [32m+[0m[0m route_table_id = (known after apply)
      [32m+[0m[0m subnet_id      = (known after apply)
    }

[1m  # module.network.module.kor_vpc.aws_route_table_association.private[1][0m will be created
[0m  [32m+[0m[0m resource "aws_route_table_association" "private" {
      [32m+[0m[0m id             = (known after apply)
      [32m+[0m[0m route_table_id = (known after apply)
      [32m+[0m[0m subnet_id      = (known after apply)
    }

[1m  # module.network.module.kor_vpc.aws_route_table_association.private[2][0m will be created
[0m  [32m+[0m[0m resource "aws_route_table_association" "private" {
      [32m+[0m[0m id             = (known after apply)
      [32m+[0m[0m route_table_id = (known after apply)
      [32m+[0m[0m subnet_id      = (known after apply)
    }

[1m  # module.network.module.kor_vpc.aws_route_table_association.private[3][0m will be created
[0m  [32m+[0m[0m resource "aws_route_table_association" "private" {
      [32m+[0m[0m id             = (known after apply)
      [32m+[0m[0m route_table_id = (known after apply)
      [32m+[0m[0m subnet_id      = (known after apply)
    }

[1m  # module.network.module.kor_vpc.aws_route_table_association.public[0][0m will be created
[0m  [32m+[0m[0m resource "aws_route_table_association" "public" {
      [32m+[0m[0m id             = (known after apply)
      [32m+[0m[0m route_table_id = (known after apply)
      [32m+[0m[0m subnet_id      = (known after apply)
    }

[1m  # module.network.module.kor_vpc.aws_route_table_association.public[1][0m will be created
[0m  [32m+[0m[0m resource "aws_route_table_association" "public" {
      [32m+[0m[0m id             = (known after apply)
      [32m+[0m[0m route_table_id = (known after apply)
      [32m+[0m[0m subnet_id      = (known after apply)
    }

[1m  # module.network.module.kor_vpc.aws_security_group.bastion[0m will be created
[0m  [32m+[0m[0m resource "aws_security_group" "bastion" {
      [32m+[0m[0m arn                    = (known after apply)
      [32m+[0m[0m description            = "Managed by Terraform"
      [32m+[0m[0m egress                 = [
          [32m+[0m[0m {
              [32m+[0m[0m cidr_blocks      = [
                  [32m+[0m[0m "0.0.0.0/0",
                ]
              [32m+[0m[0m description      = ""
              [32m+[0m[0m from_port        = 0
              [32m+[0m[0m ipv6_cidr_blocks = []
              [32m+[0m[0m prefix_list_ids  = []
              [32m+[0m[0m protocol         = "-1"
              [32m+[0m[0m security_groups  = []
              [32m+[0m[0m self             = false
              [32m+[0m[0m to_port          = 0
            },
        ]
      [32m+[0m[0m id                     = (known after apply)
      [32m+[0m[0m ingress                = [
          [32m+[0m[0m {
              [32m+[0m[0m cidr_blocks      = [
                  [32m+[0m[0m "175.192.170.212/32",
                ]
              [32m+[0m[0m description      = ""
              [32m+[0m[0m from_port        = 22
              [32m+[0m[0m ipv6_cidr_blocks = []
              [32m+[0m[0m prefix_list_ids  = []
              [32m+[0m[0m protocol         = "tcp"
              [32m+[0m[0m security_groups  = []
              [32m+[0m[0m self             = false
              [32m+[0m[0m to_port          = 22
            },
        ]
      [32m+[0m[0m name                   = (known after apply)
      [32m+[0m[0m name_prefix            = (known after apply)
      [32m+[0m[0m owner_id               = (known after apply)
      [32m+[0m[0m revoke_rules_on_delete = false
      [32m+[0m[0m tags_all               = (known after apply)
      [32m+[0m[0m vpc_id                 = (known after apply)
    }

[1m  # module.network.module.kor_vpc.aws_security_group.test[0m will be created
[0m  [32m+[0m[0m resource "aws_security_group" "test" {
      [32m+[0m[0m arn                    = (known after apply)
      [32m+[0m[0m description            = "Managed by Terraform"
      [32m+[0m[0m egress                 = [
          [32m+[0m[0m {
              [32m+[0m[0m cidr_blocks      = [
                  [32m+[0m[0m "0.0.0.0/0",
                ]
              [32m+[0m[0m description      = ""
              [32m+[0m[0m from_port        = 0
              [32m+[0m[0m ipv6_cidr_blocks = []
              [32m+[0m[0m prefix_list_ids  = []
              [32m+[0m[0m protocol         = "-1"
              [32m+[0m[0m security_groups  = []
              [32m+[0m[0m self             = false
              [32m+[0m[0m to_port          = 0
            },
        ]
      [32m+[0m[0m id                     = (known after apply)
      [32m+[0m[0m ingress                = [
          [32m+[0m[0m {
              [32m+[0m[0m cidr_blocks      = [
                  [32m+[0m[0m "10.0.0.0/8",
                ]
              [32m+[0m[0m description      = ""
              [32m+[0m[0m from_port        = -1
              [32m+[0m[0m ipv6_cidr_blocks = []
              [32m+[0m[0m prefix_list_ids  = []
              [32m+[0m[0m protocol         = "icmp"
              [32m+[0m[0m security_groups  = []
              [32m+[0m[0m self             = false
              [32m+[0m[0m to_port          = -1
            },
          [32m+[0m[0m {
              [32m+[0m[0m cidr_blocks      = [
                  [32m+[0m[0m "10.0.0.0/8",
                ]
              [32m+[0m[0m description      = ""
              [32m+[0m[0m from_port        = 22
              [32m+[0m[0m ipv6_cidr_blocks = []
              [32m+[0m[0m prefix_list_ids  = []
              [32m+[0m[0m protocol         = "tcp"
              [32m+[0m[0m security_groups  = []
              [32m+[0m[0m self             = false
              [32m+[0m[0m to_port          = 22
            },
        ]
      [32m+[0m[0m name                   = "y2om-KOR-Primary-VPC-test-sg"
      [32m+[0m[0m name_prefix            = (known after apply)
      [32m+[0m[0m owner_id               = (known after apply)
      [32m+[0m[0m revoke_rules_on_delete = false
      [32m+[0m[0m tags_all               = (known after apply)
      [32m+[0m[0m vpc_id                 = (known after apply)
    }

[1m  # module.network.module.kor_vpc.aws_subnet.private[0][0m will be created
[0m  [32m+[0m[0m resource "aws_subnet" "private" {
      [32m+[0m[0m arn                                            = (known after apply)
      [32m+[0m[0m assign_ipv6_address_on_creation                = false
      [32m+[0m[0m availability_zone                              = "ap-northeast-2a"
      [32m+[0m[0m availability_zone_id                           = (known after apply)
      [32m+[0m[0m cidr_block                                     = "10.23.11.0/24"
      [32m+[0m[0m enable_dns64                                   = false
      [32m+[0m[0m enable_resource_name_dns_a_record_on_launch    = false
      [32m+[0m[0m enable_resource_name_dns_aaaa_record_on_launch = false
      [32m+[0m[0m id                                             = (known after apply)
      [32m+[0m[0m ipv6_cidr_block_association_id                 = (known after apply)
      [32m+[0m[0m ipv6_native                                    = false
      [32m+[0m[0m map_public_ip_on_launch                        = false
      [32m+[0m[0m owner_id                                       = (known after apply)
      [32m+[0m[0m private_dns_hostname_type_on_launch            = (known after apply)
      [32m+[0m[0m tags                                           = {
          [32m+[0m[0m "Name" = "y2om-PrivateSubnet-EKS-A"
        }
      [32m+[0m[0m tags_all                                       = {
          [32m+[0m[0m "Name" = "y2om-PrivateSubnet-EKS-A"
        }
      [32m+[0m[0m vpc_id                                         = (known after apply)
    }

[1m  # module.network.module.kor_vpc.aws_subnet.private[1][0m will be created
[0m  [32m+[0m[0m resource "aws_subnet" "private" {
      [32m+[0m[0m arn                                            = (known after apply)
      [32m+[0m[0m assign_ipv6_address_on_creation                = false
      [32m+[0m[0m availability_zone                              = "ap-northeast-2b"
      [32m+[0m[0m availability_zone_id                           = (known after apply)
      [32m+[0m[0m cidr_block                                     = "10.23.12.0/24"
      [32m+[0m[0m enable_dns64                                   = false
      [32m+[0m[0m enable_resource_name_dns_a_record_on_launch    = false
      [32m+[0m[0m enable_resource_name_dns_aaaa_record_on_launch = false
      [32m+[0m[0m id                                             = (known after apply)
      [32m+[0m[0m ipv6_cidr_block_association_id                 = (known after apply)
      [32m+[0m[0m ipv6_native                                    = false
      [32m+[0m[0m map_public_ip_on_launch                        = false
      [32m+[0m[0m owner_id                                       = (known after apply)
      [32m+[0m[0m private_dns_hostname_type_on_launch            = (known after apply)
      [32m+[0m[0m tags                                           = {
          [32m+[0m[0m "Name" = "y2om-PrivateSubnet-EKS-B"
        }
      [32m+[0m[0m tags_all                                       = {
          [32m+[0m[0m "Name" = "y2om-PrivateSubnet-EKS-B"
        }
      [32m+[0m[0m vpc_id                                         = (known after apply)
    }

[1m  # module.network.module.kor_vpc.aws_subnet.private[2][0m will be created
[0m  [32m+[0m[0m resource "aws_subnet" "private" {
      [32m+[0m[0m arn                                            = (known after apply)
      [32m+[0m[0m assign_ipv6_address_on_creation                = false
      [32m+[0m[0m availability_zone                              = "ap-northeast-2a"
      [32m+[0m[0m availability_zone_id                           = (known after apply)
      [32m+[0m[0m cidr_block                                     = "10.23.21.0/24"
      [32m+[0m[0m enable_dns64                                   = false
      [32m+[0m[0m enable_resource_name_dns_a_record_on_launch    = false
      [32m+[0m[0m enable_resource_name_dns_aaaa_record_on_launch = false
      [32m+[0m[0m id                                             = (known after apply)
      [32m+[0m[0m ipv6_cidr_block_association_id                 = (known after apply)
      [32m+[0m[0m ipv6_native                                    = false
      [32m+[0m[0m map_public_ip_on_launch                        = false
      [32m+[0m[0m owner_id                                       = (known after apply)
      [32m+[0m[0m private_dns_hostname_type_on_launch            = (known after apply)
      [32m+[0m[0m tags                                           = {
          [32m+[0m[0m "Name" = "y2om-PrivateSubnet-DB-A"
        }
      [32m+[0m[0m tags_all                                       = {
          [32m+[0m[0m "Name" = "y2om-PrivateSubnet-DB-A"
        }
      [32m+[0m[0m vpc_id                                         = (known after apply)
    }

[1m  # module.network.module.kor_vpc.aws_subnet.private[3][0m will be created
[0m  [32m+[0m[0m resource "aws_subnet" "private" {
      [32m+[0m[0m arn                                            = (known after apply)
      [32m+[0m[0m assign_ipv6_address_on_creation                = false
      [32m+[0m[0m availability_zone                              = "ap-northeast-2b"
      [32m+[0m[0m availability_zone_id                           = (known after apply)
      [32m+[0m[0m cidr_block                                     = "10.23.22.0/24"
      [32m+[0m[0m enable_dns64                                   = false
      [32m+[0m[0m enable_resource_name_dns_a_record_on_launch    = false
      [32m+[0m[0m enable_resource_name_dns_aaaa_record_on_launch = false
      [32m+[0m[0m id                                             = (known after apply)
      [32m+[0m[0m ipv6_cidr_block_association_id                 = (known after apply)
      [32m+[0m[0m ipv6_native                                    = false
      [32m+[0m[0m map_public_ip_on_launch                        = false
      [32m+[0m[0m owner_id                                       = (known after apply)
      [32m+[0m[0m private_dns_hostname_type_on_launch            = (known after apply)
      [32m+[0m[0m tags                                           = {
          [32m+[0m[0m "Name" = "y2om-PrivateSubnet-DB-B"
        }
      [32m+[0m[0m tags_all                                       = {
          [32m+[0m[0m "Name" = "y2om-PrivateSubnet-DB-B"
        }
      [32m+[0m[0m vpc_id                                         = (known after apply)
    }

[1m  # module.network.module.kor_vpc.aws_subnet.public[0][0m will be created
[0m  [32m+[0m[0m resource "aws_subnet" "public" {
      [32m+[0m[0m arn                                            = (known after apply)
      [32m+[0m[0m assign_ipv6_address_on_creation                = false
      [32m+[0m[0m availability_zone                              = "ap-northeast-2a"
      [32m+[0m[0m availability_zone_id                           = (known after apply)
      [32m+[0m[0m cidr_block                                     = "10.23.1.0/24"
      [32m+[0m[0m enable_dns64                                   = false
      [32m+[0m[0m enable_resource_name_dns_a_record_on_launch    = false
      [32m+[0m[0m enable_resource_name_dns_aaaa_record_on_launch = false
      [32m+[0m[0m id                                             = (known after apply)
      [32m+[0m[0m ipv6_cidr_block_association_id                 = (known after apply)
      [32m+[0m[0m ipv6_native                                    = false
      [32m+[0m[0m map_public_ip_on_launch                        = true
      [32m+[0m[0m owner_id                                       = (known after apply)
      [32m+[0m[0m private_dns_hostname_type_on_launch            = (known after apply)
      [32m+[0m[0m tags                                           = {
          [32m+[0m[0m "Name" = "y2om-PublicSubnet-A"
        }
      [32m+[0m[0m tags_all                                       = {
          [32m+[0m[0m "Name" = "y2om-PublicSubnet-A"
        }
      [32m+[0m[0m vpc_id                                         = (known after apply)
    }

[1m  # module.network.module.kor_vpc.aws_subnet.public[1][0m will be created
[0m  [32m+[0m[0m resource "aws_subnet" "public" {
      [32m+[0m[0m arn                                            = (known after apply)
      [32m+[0m[0m assign_ipv6_address_on_creation                = false
      [32m+[0m[0m availability_zone                              = "ap-northeast-2b"
      [32m+[0m[0m availability_zone_id                           = (known after apply)
      [32m+[0m[0m cidr_block                                     = "10.23.2.0/24"
      [32m+[0m[0m enable_dns64                                   = false
      [32m+[0m[0m enable_resource_name_dns_a_record_on_launch    = false
      [32m+[0m[0m enable_resource_name_dns_aaaa_record_on_launch = false
      [32m+[0m[0m id                                             = (known after apply)
      [32m+[0m[0m ipv6_cidr_block_association_id                 = (known after apply)
      [32m+[0m[0m ipv6_native                                    = false
      [32m+[0m[0m map_public_ip_on_launch                        = true
      [32m+[0m[0m owner_id                                       = (known after apply)
      [32m+[0m[0m private_dns_hostname_type_on_launch            = (known after apply)
      [32m+[0m[0m tags                                           = {
          [32m+[0m[0m "Name" = "y2om-PublicSubnet-B"
        }
      [32m+[0m[0m tags_all                                       = {
          [32m+[0m[0m "Name" = "y2om-PublicSubnet-B"
        }
      [32m+[0m[0m vpc_id                                         = (known after apply)
    }

[1m  # module.network.module.kor_vpc.aws_subnet.tgw[0][0m will be created
[0m  [32m+[0m[0m resource "aws_subnet" "tgw" {
      [32m+[0m[0m arn                                            = (known after apply)
      [32m+[0m[0m assign_ipv6_address_on_creation                = false
      [32m+[0m[0m availability_zone                              = "ap-northeast-2a"
      [32m+[0m[0m availability_zone_id                           = (known after apply)
      [32m+[0m[0m cidr_block                                     = "10.23.31.0/28"
      [32m+[0m[0m enable_dns64                                   = false
      [32m+[0m[0m enable_resource_name_dns_a_record_on_launch    = false
      [32m+[0m[0m enable_resource_name_dns_aaaa_record_on_launch = false
      [32m+[0m[0m id                                             = (known after apply)
      [32m+[0m[0m ipv6_cidr_block_association_id                 = (known after apply)
      [32m+[0m[0m ipv6_native                                    = false
      [32m+[0m[0m map_public_ip_on_launch                        = false
      [32m+[0m[0m owner_id                                       = (known after apply)
      [32m+[0m[0m private_dns_hostname_type_on_launch            = (known after apply)
      [32m+[0m[0m tags                                           = {
          [32m+[0m[0m "Name" = "y2om-KOR-TGW-SubnetA"
        }
      [32m+[0m[0m tags_all                                       = {
          [32m+[0m[0m "Name" = "y2om-KOR-TGW-SubnetA"
        }
      [32m+[0m[0m vpc_id                                         = (known after apply)
    }

[1m  # module.network.module.kor_vpc.aws_subnet.tgw[1][0m will be created
[0m  [32m+[0m[0m resource "aws_subnet" "tgw" {
      [32m+[0m[0m arn                                            = (known after apply)
      [32m+[0m[0m assign_ipv6_address_on_creation                = false
      [32m+[0m[0m availability_zone                              = "ap-northeast-2b"
      [32m+[0m[0m availability_zone_id                           = (known after apply)
      [32m+[0m[0m cidr_block                                     = "10.23.32.0/28"
      [32m+[0m[0m enable_dns64                                   = false
      [32m+[0m[0m enable_resource_name_dns_a_record_on_launch    = false
      [32m+[0m[0m enable_resource_name_dns_aaaa_record_on_launch = false
      [32m+[0m[0m id                                             = (known after apply)
      [32m+[0m[0m ipv6_cidr_block_association_id                 = (known after apply)
      [32m+[0m[0m ipv6_native                                    = false
      [32m+[0m[0m map_public_ip_on_launch                        = false
      [32m+[0m[0m owner_id                                       = (known after apply)
      [32m+[0m[0m private_dns_hostname_type_on_launch            = (known after apply)
      [32m+[0m[0m tags                                           = {
          [32m+[0m[0m "Name" = "y2om-KOR-TGW-SubnetB"
        }
      [32m+[0m[0m tags_all                                       = {
          [32m+[0m[0m "Name" = "y2om-KOR-TGW-SubnetB"
        }
      [32m+[0m[0m vpc_id                                         = (known after apply)
    }

[1m  # module.network.module.kor_vpc.aws_vpc.this[0m will be created
[0m  [32m+[0m[0m resource "aws_vpc" "this" {
      [32m+[0m[0m arn                                  = (known after apply)
      [32m+[0m[0m cidr_block                           = "10.23.0.0/16"
      [32m+[0m[0m default_network_acl_id               = (known after apply)
      [32m+[0m[0m default_route_table_id               = (known after apply)
      [32m+[0m[0m default_security_group_id            = (known after apply)
      [32m+[0m[0m dhcp_options_id                      = (known after apply)
      [32m+[0m[0m enable_dns_hostnames                 = true
      [32m+[0m[0m enable_dns_support                   = true
      [32m+[0m[0m enable_network_address_usage_metrics = (known after apply)
      [32m+[0m[0m id                                   = (known after apply)
      [32m+[0m[0m instance_tenancy                     = "default"
      [32m+[0m[0m ipv6_association_id                  = (known after apply)
      [32m+[0m[0m ipv6_cidr_block                      = (known after apply)
      [32m+[0m[0m ipv6_cidr_block_network_border_group = (known after apply)
      [32m+[0m[0m main_route_table_id                  = (known after apply)
      [32m+[0m[0m owner_id                             = (known after apply)
      [32m+[0m[0m tags                                 = {
          [32m+[0m[0m "Name" = "y2om-KOR-Primary-VPC"
        }
      [32m+[0m[0m tags_all                             = {
          [32m+[0m[0m "Name" = "y2om-KOR-Primary-VPC"
        }
    }

[1m  # module.network.module.usa_vpc.aws_ec2_transit_gateway_vpc_attachment.this[0m will be created
[0m  [32m+[0m[0m resource "aws_ec2_transit_gateway_vpc_attachment" "this" {
      [32m+[0m[0m appliance_mode_support                          = "disable"
      [32m+[0m[0m arn                                             = (known after apply)
      [32m+[0m[0m dns_support                                     = "enable"
      [32m+[0m[0m id                                              = (known after apply)
      [32m+[0m[0m ipv6_support                                    = "disable"
      [32m+[0m[0m security_group_referencing_support              = (known after apply)
      [32m+[0m[0m subnet_ids                                      = (known after apply)
      [32m+[0m[0m tags                                            = {
          [32m+[0m[0m "Name" = "y2om-USA-Primary-VPC-tgw-attach"
        }
      [32m+[0m[0m tags_all                                        = {
          [32m+[0m[0m "Name" = "y2om-USA-Primary-VPC-tgw-attach"
        }
      [32m+[0m[0m transit_gateway_default_route_table_association = (known after apply)
      [32m+[0m[0m transit_gateway_default_route_table_propagation = (known after apply)
      [32m+[0m[0m transit_gateway_id                              = (known after apply)
      [32m+[0m[0m vpc_id                                          = (known after apply)
      [32m+[0m[0m vpc_owner_id                                    = (known after apply)
    }

[1m  # module.network.module.usa_vpc.aws_eip.nat[0m will be created
[0m  [32m+[0m[0m resource "aws_eip" "nat" {
      [32m+[0m[0m allocation_id        = (known after apply)
      [32m+[0m[0m arn                  = (known after apply)
      [32m+[0m[0m association_id       = (known after apply)
      [32m+[0m[0m carrier_ip           = (known after apply)
      [32m+[0m[0m customer_owned_ip    = (known after apply)
      [32m+[0m[0m domain               = "vpc"
      [32m+[0m[0m id                   = (known after apply)
      [32m+[0m[0m instance             = (known after apply)
      [32m+[0m[0m ipam_pool_id         = (known after apply)
      [32m+[0m[0m network_border_group = (known after apply)
      [32m+[0m[0m network_interface    = (known after apply)
      [32m+[0m[0m private_dns          = (known after apply)
      [32m+[0m[0m private_ip           = (known after apply)
      [32m+[0m[0m ptr_record           = (known after apply)
      [32m+[0m[0m public_dns           = (known after apply)
      [32m+[0m[0m public_ip            = (known after apply)
      [32m+[0m[0m public_ipv4_pool     = (known after apply)
      [32m+[0m[0m tags                 = {
          [32m+[0m[0m "Name" = "y2om-USA-Primary-VPC-nat-eip"
        }
      [32m+[0m[0m tags_all             = {
          [32m+[0m[0m "Name" = "y2om-USA-Primary-VPC-nat-eip"
        }
      [32m+[0m[0m vpc                  = (known after apply)
    }

[1m  # module.network.module.usa_vpc.aws_instance.bastion[0m will be created
[0m  [32m+[0m[0m resource "aws_instance" "bastion" {
      [32m+[0m[0m ami                                  = "ami-0688bf0f4fb02a07b"
      [32m+[0m[0m arn                                  = (known after apply)
      [32m+[0m[0m associate_public_ip_address          = (known after apply)
      [32m+[0m[0m availability_zone                    = (known after apply)
      [32m+[0m[0m cpu_core_count                       = (known after apply)
      [32m+[0m[0m cpu_threads_per_core                 = (known after apply)
      [32m+[0m[0m disable_api_stop                     = (known after apply)
      [32m+[0m[0m disable_api_termination              = (known after apply)
      [32m+[0m[0m ebs_optimized                        = (known after apply)
      [32m+[0m[0m enable_primary_ipv6                  = (known after apply)
      [32m+[0m[0m get_password_data                    = false
      [32m+[0m[0m host_id                              = (known after apply)
      [32m+[0m[0m host_resource_group_arn              = (known after apply)
      [32m+[0m[0m iam_instance_profile                 = (known after apply)
      [32m+[0m[0m id                                   = (known after apply)
      [32m+[0m[0m instance_initiated_shutdown_behavior = (known after apply)
      [32m+[0m[0m instance_lifecycle                   = (known after apply)
      [32m+[0m[0m instance_state                       = (known after apply)
      [32m+[0m[0m instance_type                        = "t3.micro"
      [32m+[0m[0m ipv6_address_count                   = (known after apply)
      [32m+[0m[0m ipv6_addresses                       = (known after apply)
      [32m+[0m[0m key_name                             = "y2om-KeyPair-Oregon"
      [32m+[0m[0m monitoring                           = (known after apply)
      [32m+[0m[0m outpost_arn                          = (known after apply)
      [32m+[0m[0m password_data                        = (known after apply)
      [32m+[0m[0m placement_group                      = (known after apply)
      [32m+[0m[0m placement_partition_number           = (known after apply)
      [32m+[0m[0m primary_network_interface_id         = (known after apply)
      [32m+[0m[0m private_dns                          = (known after apply)
      [32m+[0m[0m private_ip                           = (known after apply)
      [32m+[0m[0m public_dns                           = (known after apply)
      [32m+[0m[0m public_ip                            = (known after apply)
      [32m+[0m[0m secondary_private_ips                = (known after apply)
      [32m+[0m[0m security_groups                      = (known after apply)
      [32m+[0m[0m source_dest_check                    = true
      [32m+[0m[0m spot_instance_request_id             = (known after apply)
      [32m+[0m[0m subnet_id                            = (known after apply)
      [32m+[0m[0m tags                                 = {
          [32m+[0m[0m "Name" = "y2om-USA-Primary-VPC-bastion"
        }
      [32m+[0m[0m tags_all                             = {
          [32m+[0m[0m "Name" = "y2om-USA-Primary-VPC-bastion"
        }
      [32m+[0m[0m tenancy                              = (known after apply)
      [32m+[0m[0m user_data                            = (known after apply)
      [32m+[0m[0m user_data_base64                     = (known after apply)
      [32m+[0m[0m user_data_replace_on_change          = false
      [32m+[0m[0m vpc_security_group_ids               = (known after apply)
    }

[1m  # module.network.module.usa_vpc.aws_instance.test[0m will be created
[0m  [32m+[0m[0m resource "aws_instance" "test" {
      [32m+[0m[0m ami                                  = "ami-0688bf0f4fb02a07b"
      [32m+[0m[0m arn                                  = (known after apply)
      [32m+[0m[0m associate_public_ip_address          = (known after apply)
      [32m+[0m[0m availability_zone                    = (known after apply)
      [32m+[0m[0m cpu_core_count                       = (known after apply)
      [32m+[0m[0m cpu_threads_per_core                 = (known after apply)
      [32m+[0m[0m disable_api_stop                     = (known after apply)
      [32m+[0m[0m disable_api_termination              = (known after apply)
      [32m+[0m[0m ebs_optimized                        = (known after apply)
      [32m+[0m[0m enable_primary_ipv6                  = (known after apply)
      [32m+[0m[0m get_password_data                    = false
      [32m+[0m[0m host_id                              = (known after apply)
      [32m+[0m[0m host_resource_group_arn              = (known after apply)
      [32m+[0m[0m iam_instance_profile                 = (known after apply)
      [32m+[0m[0m id                                   = (known after apply)
      [32m+[0m[0m instance_initiated_shutdown_behavior = (known after apply)
      [32m+[0m[0m instance_lifecycle                   = (known after apply)
      [32m+[0m[0m instance_state                       = (known after apply)
      [32m+[0m[0m instance_type                        = "t3.micro"
      [32m+[0m[0m ipv6_address_count                   = (known after apply)
      [32m+[0m[0m ipv6_addresses                       = (known after apply)
      [32m+[0m[0m key_name                             = "y2om-KeyPair-Oregon"
      [32m+[0m[0m monitoring                           = (known after apply)
      [32m+[0m[0m outpost_arn                          = (known after apply)
      [32m+[0m[0m password_data                        = (known after apply)
      [32m+[0m[0m placement_group                      = (known after apply)
      [32m+[0m[0m placement_partition_number           = (known after apply)
      [32m+[0m[0m primary_network_interface_id         = (known after apply)
      [32m+[0m[0m private_dns                          = (known after apply)
      [32m+[0m[0m private_ip                           = (known after apply)
      [32m+[0m[0m public_dns                           = (known after apply)
      [32m+[0m[0m public_ip                            = (known after apply)
      [32m+[0m[0m secondary_private_ips                = (known after apply)
      [32m+[0m[0m security_groups                      = (known after apply)
      [32m+[0m[0m source_dest_check                    = true
      [32m+[0m[0m spot_instance_request_id             = (known after apply)
      [32m+[0m[0m subnet_id                            = (known after apply)
      [32m+[0m[0m tags                                 = {
          [32m+[0m[0m "Name" = "y2om-USA-Primary-VPC-test-ec2"
        }
      [32m+[0m[0m tags_all                             = {
          [32m+[0m[0m "Name" = "y2om-USA-Primary-VPC-test-ec2"
        }
      [32m+[0m[0m tenancy                              = (known after apply)
      [32m+[0m[0m user_data                            = (known after apply)
      [32m+[0m[0m user_data_base64                     = (known after apply)
      [32m+[0m[0m user_data_replace_on_change          = false
      [32m+[0m[0m vpc_security_group_ids               = (known after apply)
    }

[1m  # module.network.module.usa_vpc.aws_internet_gateway.this[0m will be created
[0m  [32m+[0m[0m resource "aws_internet_gateway" "this" {
      [32m+[0m[0m arn      = (known after apply)
      [32m+[0m[0m id       = (known after apply)
      [32m+[0m[0m owner_id = (known after apply)
      [32m+[0m[0m tags_all = (known after apply)
      [32m+[0m[0m vpc_id   = (known after apply)
    }

[1m  # module.network.module.usa_vpc.aws_nat_gateway.this[0m will be created
[0m  [32m+[0m[0m resource "aws_nat_gateway" "this" {
      [32m+[0m[0m allocation_id                      = (known after apply)
      [32m+[0m[0m association_id                     = (known after apply)
      [32m+[0m[0m connectivity_type                  = "public"
      [32m+[0m[0m id                                 = (known after apply)
      [32m+[0m[0m network_interface_id               = (known after apply)
      [32m+[0m[0m private_ip                         = (known after apply)
      [32m+[0m[0m public_ip                          = (known after apply)
      [32m+[0m[0m secondary_private_ip_address_count = (known after apply)
      [32m+[0m[0m secondary_private_ip_addresses     = (known after apply)
      [32m+[0m[0m subnet_id                          = (known after apply)
      [32m+[0m[0m tags                               = {
          [32m+[0m[0m "Name" = "y2om-USA-Primary-VPC-nat-gw"
        }
      [32m+[0m[0m tags_all                           = {
          [32m+[0m[0m "Name" = "y2om-USA-Primary-VPC-nat-gw"
        }
    }

[1m  # module.network.module.usa_vpc.aws_route.igw[0m will be created
[0m  [32m+[0m[0m resource "aws_route" "igw" {
      [32m+[0m[0m destination_cidr_block = "0.0.0.0/0"
      [32m+[0m[0m gateway_id             = (known after apply)
      [32m+[0m[0m id                     = (known after apply)
      [32m+[0m[0m instance_id            = (known after apply)
      [32m+[0m[0m instance_owner_id      = (known after apply)
      [32m+[0m[0m network_interface_id   = (known after apply)
      [32m+[0m[0m origin                 = (known after apply)
      [32m+[0m[0m route_table_id         = (known after apply)
      [32m+[0m[0m state                  = (known after apply)
    }

[1m  # module.network.module.usa_vpc.aws_route.private_to_nat[0m will be created
[0m  [32m+[0m[0m resource "aws_route" "private_to_nat" {
      [32m+[0m[0m destination_cidr_block = "0.0.0.0/0"
      [32m+[0m[0m id                     = (known after apply)
      [32m+[0m[0m instance_id            = (known after apply)
      [32m+[0m[0m instance_owner_id      = (known after apply)
      [32m+[0m[0m nat_gateway_id         = (known after apply)
      [32m+[0m[0m network_interface_id   = (known after apply)
      [32m+[0m[0m origin                 = (known after apply)
      [32m+[0m[0m route_table_id         = (known after apply)
      [32m+[0m[0m state                  = (known after apply)
    }

[1m  # module.network.module.usa_vpc.aws_route.to_tgw[0m will be created
[0m  [32m+[0m[0m resource "aws_route" "to_tgw" {
      [32m+[0m[0m destination_cidr_block = "10.23.0.0/16"
      [32m+[0m[0m id                     = (known after apply)
      [32m+[0m[0m instance_id            = (known after apply)
      [32m+[0m[0m instance_owner_id      = (known after apply)
      [32m+[0m[0m network_interface_id   = (known after apply)
      [32m+[0m[0m origin                 = (known after apply)
      [32m+[0m[0m route_table_id         = (known after apply)
      [32m+[0m[0m state                  = (known after apply)
      [32m+[0m[0m transit_gateway_id     = (known after apply)
    }

[1m  # module.network.module.usa_vpc.aws_route_table.private[0m will be created
[0m  [32m+[0m[0m resource "aws_route_table" "private" {
      [32m+[0m[0m arn              = (known after apply)
      [32m+[0m[0m id               = (known after apply)
      [32m+[0m[0m owner_id         = (known after apply)
      [32m+[0m[0m propagating_vgws = (known after apply)
      [32m+[0m[0m route            = (known after apply)
      [32m+[0m[0m tags             = {
          [32m+[0m[0m "Name" = "y2om-USA-Primary-VPC-private-rt"
        }
      [32m+[0m[0m tags_all         = {
          [32m+[0m[0m "Name" = "y2om-USA-Primary-VPC-private-rt"
        }
      [32m+[0m[0m vpc_id           = (known after apply)
    }

[1m  # module.network.module.usa_vpc.aws_route_table.public[0m will be created
[0m  [32m+[0m[0m resource "aws_route_table" "public" {
      [32m+[0m[0m arn              = (known after apply)
      [32m+[0m[0m id               = (known after apply)
      [32m+[0m[0m owner_id         = (known after apply)
      [32m+[0m[0m propagating_vgws = (known after apply)
      [32m+[0m[0m route            = (known after apply)
      [32m+[0m[0m tags_all         = (known after apply)
      [32m+[0m[0m vpc_id           = (known after apply)
    }

[1m  # module.network.module.usa_vpc.aws_route_table_association.private[0][0m will be created
[0m  [32m+[0m[0m resource "aws_route_table_association" "private" {
      [32m+[0m[0m id             = (known after apply)
      [32m+[0m[0m route_table_id = (known after apply)
      [32m+[0m[0m subnet_id      = (known after apply)
    }

[1m  # module.network.module.usa_vpc.aws_route_table_association.private[1][0m will be created
[0m  [32m+[0m[0m resource "aws_route_table_association" "private" {
      [32m+[0m[0m id             = (known after apply)
      [32m+[0m[0m route_table_id = (known after apply)
      [32m+[0m[0m subnet_id      = (known after apply)
    }

[1m  # module.network.module.usa_vpc.aws_route_table_association.private[2][0m will be created
[0m  [32m+[0m[0m resource "aws_route_table_association" "private" {
      [32m+[0m[0m id             = (known after apply)
      [32m+[0m[0m route_table_id = (known after apply)
      [32m+[0m[0m subnet_id      = (known after apply)
    }

[1m  # module.network.module.usa_vpc.aws_route_table_association.private[3][0m will be created
[0m  [32m+[0m[0m resource "aws_route_table_association" "private" {
      [32m+[0m[0m id             = (known after apply)
      [32m+[0m[0m route_table_id = (known after apply)
      [32m+[0m[0m subnet_id      = (known after apply)
    }

[1m  # module.network.module.usa_vpc.aws_route_table_association.public[0][0m will be created
[0m  [32m+[0m[0m resource "aws_route_table_association" "public" {
      [32m+[0m[0m id             = (known after apply)
      [32m+[0m[0m route_table_id = (known after apply)
      [32m+[0m[0m subnet_id      = (known after apply)
    }

[1m  # module.network.module.usa_vpc.aws_route_table_association.public[1][0m will be created
[0m  [32m+[0m[0m resource "aws_route_table_association" "public" {
      [32m+[0m[0m id             = (known after apply)
      [32m+[0m[0m route_table_id = (known after apply)
      [32m+[0m[0m subnet_id      = (known after apply)
    }

[1m  # module.network.module.usa_vpc.aws_security_group.bastion[0m will be created
[0m  [32m+[0m[0m resource "aws_security_group" "bastion" {
      [32m+[0m[0m arn                    = (known after apply)
      [32m+[0m[0m description            = "Managed by Terraform"
      [32m+[0m[0m egress                 = [
          [32m+[0m[0m {
              [32m+[0m[0m cidr_blocks      = [
                  [32m+[0m[0m "0.0.0.0/0",
                ]
              [32m+[0m[0m description      = ""
              [32m+[0m[0m from_port        = 0
              [32m+[0m[0m ipv6_cidr_blocks = []
              [32m+[0m[0m prefix_list_ids  = []
              [32m+[0m[0m protocol         = "-1"
              [32m+[0m[0m security_groups  = []
              [32m+[0m[0m self             = false
              [32m+[0m[0m to_port          = 0
            },
        ]
      [32m+[0m[0m id                     = (known after apply)
      [32m+[0m[0m ingress                = [
          [32m+[0m[0m {
              [32m+[0m[0m cidr_blocks      = [
                  [32m+[0m[0m "175.192.170.212/32",
                ]
              [32m+[0m[0m description      = ""
              [32m+[0m[0m from_port        = 22
              [32m+[0m[0m ipv6_cidr_blocks = []
              [32m+[0m[0m prefix_list_ids  = []
              [32m+[0m[0m protocol         = "tcp"
              [32m+[0m[0m security_groups  = []
              [32m+[0m[0m self             = false
              [32m+[0m[0m to_port          = 22
            },
        ]
      [32m+[0m[0m name                   = (known after apply)
      [32m+[0m[0m name_prefix            = (known after apply)
      [32m+[0m[0m owner_id               = (known after apply)
      [32m+[0m[0m revoke_rules_on_delete = false
      [32m+[0m[0m tags_all               = (known after apply)
      [32m+[0m[0m vpc_id                 = (known after apply)
    }

[1m  # module.network.module.usa_vpc.aws_security_group.test[0m will be created
[0m  [32m+[0m[0m resource "aws_security_group" "test" {
      [32m+[0m[0m arn                    = (known after apply)
      [32m+[0m[0m description            = "Managed by Terraform"
      [32m+[0m[0m egress                 = [
          [32m+[0m[0m {
              [32m+[0m[0m cidr_blocks      = [
                  [32m+[0m[0m "0.0.0.0/0",
                ]
              [32m+[0m[0m description      = ""
              [32m+[0m[0m from_port        = 0
              [32m+[0m[0m ipv6_cidr_blocks = []
              [32m+[0m[0m prefix_list_ids  = []
              [32m+[0m[0m protocol         = "-1"
              [32m+[0m[0m security_groups  = []
              [32m+[0m[0m self             = false
              [32m+[0m[0m to_port          = 0
            },
        ]
      [32m+[0m[0m id                     = (known after apply)
      [32m+[0m[0m ingress                = [
          [32m+[0m[0m {
              [32m+[0m[0m cidr_blocks      = [
                  [32m+[0m[0m "10.0.0.0/8",
                ]
              [32m+[0m[0m description      = ""
              [32m+[0m[0m from_port        = -1
              [32m+[0m[0m ipv6_cidr_blocks = []
              [32m+[0m[0m prefix_list_ids  = []
              [32m+[0m[0m protocol         = "icmp"
              [32m+[0m[0m security_groups  = []
              [32m+[0m[0m self             = false
              [32m+[0m[0m to_port          = -1
            },
          [32m+[0m[0m {
              [32m+[0m[0m cidr_blocks      = [
                  [32m+[0m[0m "10.0.0.0/8",
                ]
              [32m+[0m[0m description      = ""
              [32m+[0m[0m from_port        = 22
              [32m+[0m[0m ipv6_cidr_blocks = []
              [32m+[0m[0m prefix_list_ids  = []
              [32m+[0m[0m protocol         = "tcp"
              [32m+[0m[0m security_groups  = []
              [32m+[0m[0m self             = false
              [32m+[0m[0m to_port          = 22
            },
        ]
      [32m+[0m[0m name                   = "y2om-USA-Primary-VPC-test-sg"
      [32m+[0m[0m name_prefix            = (known after apply)
      [32m+[0m[0m owner_id               = (known after apply)
      [32m+[0m[0m revoke_rules_on_delete = false
      [32m+[0m[0m tags_all               = (known after apply)
      [32m+[0m[0m vpc_id                 = (known after apply)
    }

[1m  # module.network.module.usa_vpc.aws_subnet.private[0][0m will be created
[0m  [32m+[0m[0m resource "aws_subnet" "private" {
      [32m+[0m[0m arn                                            = (known after apply)
      [32m+[0m[0m assign_ipv6_address_on_creation                = false
      [32m+[0m[0m availability_zone                              = "us-west-2a"
      [32m+[0m[0m availability_zone_id                           = (known after apply)
      [32m+[0m[0m cidr_block                                     = "10.24.11.0/24"
      [32m+[0m[0m enable_dns64                                   = false
      [32m+[0m[0m enable_resource_name_dns_a_record_on_launch    = false
      [32m+[0m[0m enable_resource_name_dns_aaaa_record_on_launch = false
      [32m+[0m[0m id                                             = (known after apply)
      [32m+[0m[0m ipv6_cidr_block_association_id                 = (known after apply)
      [32m+[0m[0m ipv6_native                                    = false
      [32m+[0m[0m map_public_ip_on_launch                        = false
      [32m+[0m[0m owner_id                                       = (known after apply)
      [32m+[0m[0m private_dns_hostname_type_on_launch            = (known after apply)
      [32m+[0m[0m tags                                           = {
          [32m+[0m[0m "Name" = "y2om-PrivateSubnet-EKS-A"
        }
      [32m+[0m[0m tags_all                                       = {
          [32m+[0m[0m "Name" = "y2om-PrivateSubnet-EKS-A"
        }
      [32m+[0m[0m vpc_id                                         = (known after apply)
    }

[1m  # module.network.module.usa_vpc.aws_subnet.private[1][0m will be created
[0m  [32m+[0m[0m resource "aws_subnet" "private" {
      [32m+[0m[0m arn                                            = (known after apply)
      [32m+[0m[0m assign_ipv6_address_on_creation                = false
      [32m+[0m[0m availability_zone                              = "us-west-2b"
      [32m+[0m[0m availability_zone_id                           = (known after apply)
      [32m+[0m[0m cidr_block                                     = "10.24.12.0/24"
      [32m+[0m[0m enable_dns64                                   = false
      [32m+[0m[0m enable_resource_name_dns_a_record_on_launch    = false
      [32m+[0m[0m enable_resource_name_dns_aaaa_record_on_launch = false
      [32m+[0m[0m id                                             = (known after apply)
      [32m+[0m[0m ipv6_cidr_block_association_id                 = (known after apply)
      [32m+[0m[0m ipv6_native                                    = false
      [32m+[0m[0m map_public_ip_on_launch                        = false
      [32m+[0m[0m owner_id                                       = (known after apply)
      [32m+[0m[0m private_dns_hostname_type_on_launch            = (known after apply)
      [32m+[0m[0m tags                                           = {
          [32m+[0m[0m "Name" = "y2om-PrivateSubnet-EKS-B"
        }
      [32m+[0m[0m tags_all                                       = {
          [32m+[0m[0m "Name" = "y2om-PrivateSubnet-EKS-B"
        }
      [32m+[0m[0m vpc_id                                         = (known after apply)
    }

[1m  # module.network.module.usa_vpc.aws_subnet.private[2][0m will be created
[0m  [32m+[0m[0m resource "aws_subnet" "private" {
      [32m+[0m[0m arn                                            = (known after apply)
      [32m+[0m[0m assign_ipv6_address_on_creation                = false
      [32m+[0m[0m availability_zone                              = "us-west-2a"
      [32m+[0m[0m availability_zone_id                           = (known after apply)
      [32m+[0m[0m cidr_block                                     = "10.24.21.0/24"
      [32m+[0m[0m enable_dns64                                   = false
      [32m+[0m[0m enable_resource_name_dns_a_record_on_launch    = false
      [32m+[0m[0m enable_resource_name_dns_aaaa_record_on_launch = false
      [32m+[0m[0m id                                             = (known after apply)
      [32m+[0m[0m ipv6_cidr_block_association_id                 = (known after apply)
      [32m+[0m[0m ipv6_native                                    = false
      [32m+[0m[0m map_public_ip_on_launch                        = false
      [32m+[0m[0m owner_id                                       = (known after apply)
      [32m+[0m[0m private_dns_hostname_type_on_launch            = (known after apply)
      [32m+[0m[0m tags                                           = {
          [32m+[0m[0m "Name" = "y2om-PrivateSubnet-DB-A"
        }
      [32m+[0m[0m tags_all                                       = {
          [32m+[0m[0m "Name" = "y2om-PrivateSubnet-DB-A"
        }
      [32m+[0m[0m vpc_id                                         = (known after apply)
    }

[1m  # module.network.module.usa_vpc.aws_subnet.private[3][0m will be created
[0m  [32m+[0m[0m resource "aws_subnet" "private" {
      [32m+[0m[0m arn                                            = (known after apply)
      [32m+[0m[0m assign_ipv6_address_on_creation                = false
      [32m+[0m[0m availability_zone                              = "us-west-2b"
      [32m+[0m[0m availability_zone_id                           = (known after apply)
      [32m+[0m[0m cidr_block                                     = "10.24.22.0/24"
      [32m+[0m[0m enable_dns64                                   = false
      [32m+[0m[0m enable_resource_name_dns_a_record_on_launch    = false
      [32m+[0m[0m enable_resource_name_dns_aaaa_record_on_launch = false
      [32m+[0m[0m id                                             = (known after apply)
      [32m+[0m[0m ipv6_cidr_block_association_id                 = (known after apply)
      [32m+[0m[0m ipv6_native                                    = false
      [32m+[0m[0m map_public_ip_on_launch                        = false
      [32m+[0m[0m owner_id                                       = (known after apply)
      [32m+[0m[0m private_dns_hostname_type_on_launch            = (known after apply)
      [32m+[0m[0m tags                                           = {
          [32m+[0m[0m "Name" = "y2om-PrivateSubnet-DB-B"
        }
      [32m+[0m[0m tags_all                                       = {
          [32m+[0m[0m "Name" = "y2om-PrivateSubnet-DB-B"
        }
      [32m+[0m[0m vpc_id                                         = (known after apply)
    }

[1m  # module.network.module.usa_vpc.aws_subnet.public[0][0m will be created
[0m  [32m+[0m[0m resource "aws_subnet" "public" {
      [32m+[0m[0m arn                                            = (known after apply)
      [32m+[0m[0m assign_ipv6_address_on_creation                = false
      [32m+[0m[0m availability_zone                              = "us-west-2a"
      [32m+[0m[0m availability_zone_id                           = (known after apply)
      [32m+[0m[0m cidr_block                                     = "10.24.1.0/24"
      [32m+[0m[0m enable_dns64                                   = false
      [32m+[0m[0m enable_resource_name_dns_a_record_on_launch    = false
      [32m+[0m[0m enable_resource_name_dns_aaaa_record_on_launch = false
      [32m+[0m[0m id                                             = (known after apply)
      [32m+[0m[0m ipv6_cidr_block_association_id                 = (known after apply)
      [32m+[0m[0m ipv6_native                                    = false
      [32m+[0m[0m map_public_ip_on_launch                        = true
      [32m+[0m[0m owner_id                                       = (known after apply)
      [32m+[0m[0m private_dns_hostname_type_on_launch            = (known after apply)
      [32m+[0m[0m tags                                           = {
          [32m+[0m[0m "Name" = "y2om-PublicSubnet-A"
        }
      [32m+[0m[0m tags_all                                       = {
          [32m+[0m[0m "Name" = "y2om-PublicSubnet-A"
        }
      [32m+[0m[0m vpc_id                                         = (known after apply)
    }

[1m  # module.network.module.usa_vpc.aws_subnet.public[1][0m will be created
[0m  [32m+[0m[0m resource "aws_subnet" "public" {
      [32m+[0m[0m arn                                            = (known after apply)
      [32m+[0m[0m assign_ipv6_address_on_creation                = false
      [32m+[0m[0m availability_zone                              = "us-west-2b"
      [32m+[0m[0m availability_zone_id                           = (known after apply)
      [32m+[0m[0m cidr_block                                     = "10.24.2.0/24"
      [32m+[0m[0m enable_dns64                                   = false
      [32m+[0m[0m enable_resource_name_dns_a_record_on_launch    = false
      [32m+[0m[0m enable_resource_name_dns_aaaa_record_on_launch = false
      [32m+[0m[0m id                                             = (known after apply)
      [32m+[0m[0m ipv6_cidr_block_association_id                 = (known after apply)
      [32m+[0m[0m ipv6_native                                    = false
      [32m+[0m[0m map_public_ip_on_launch                        = true
      [32m+[0m[0m owner_id                                       = (known after apply)
      [32m+[0m[0m private_dns_hostname_type_on_launch            = (known after apply)
      [32m+[0m[0m tags                                           = {
          [32m+[0m[0m "Name" = "y2om-PublicSubnet-B"
        }
      [32m+[0m[0m tags_all                                       = {
          [32m+[0m[0m "Name" = "y2om-PublicSubnet-B"
        }
      [32m+[0m[0m vpc_id                                         = (known after apply)
    }

[1m  # module.network.module.usa_vpc.aws_subnet.tgw[0][0m will be created
[0m  [32m+[0m[0m resource "aws_subnet" "tgw" {
      [32m+[0m[0m arn                                            = (known after apply)
      [32m+[0m[0m assign_ipv6_address_on_creation                = false
      [32m+[0m[0m availability_zone                              = "us-west-2a"
      [32m+[0m[0m availability_zone_id                           = (known after apply)
      [32m+[0m[0m cidr_block                                     = "10.24.31.0/28"
      [32m+[0m[0m enable_dns64                                   = false
      [32m+[0m[0m enable_resource_name_dns_a_record_on_launch    = false
      [32m+[0m[0m enable_resource_name_dns_aaaa_record_on_launch = false
      [32m+[0m[0m id                                             = (known after apply)
      [32m+[0m[0m ipv6_cidr_block_association_id                 = (known after apply)
      [32m+[0m[0m ipv6_native                                    = false
      [32m+[0m[0m map_public_ip_on_launch                        = false
      [32m+[0m[0m owner_id                                       = (known after apply)
      [32m+[0m[0m private_dns_hostname_type_on_launch            = (known after apply)
      [32m+[0m[0m tags                                           = {
          [32m+[0m[0m "Name" = "y2om-USA-TGW-SubnetA"
        }
      [32m+[0m[0m tags_all                                       = {
          [32m+[0m[0m "Name" = "y2om-USA-TGW-SubnetA"
        }
      [32m+[0m[0m vpc_id                                         = (known after apply)
    }

[1m  # module.network.module.usa_vpc.aws_subnet.tgw[1][0m will be created
[0m  [32m+[0m[0m resource "aws_subnet" "tgw" {
      [32m+[0m[0m arn                                            = (known after apply)
      [32m+[0m[0m assign_ipv6_address_on_creation                = false
      [32m+[0m[0m availability_zone                              = "us-west-2b"
      [32m+[0m[0m availability_zone_id                           = (known after apply)
      [32m+[0m[0m cidr_block                                     = "10.24.32.0/28"
      [32m+[0m[0m enable_dns64                                   = false
      [32m+[0m[0m enable_resource_name_dns_a_record_on_launch    = false
      [32m+[0m[0m enable_resource_name_dns_aaaa_record_on_launch = false
      [32m+[0m[0m id                                             = (known after apply)
      [32m+[0m[0m ipv6_cidr_block_association_id                 = (known after apply)
      [32m+[0m[0m ipv6_native                                    = false
      [32m+[0m[0m map_public_ip_on_launch                        = false
      [32m+[0m[0m owner_id                                       = (known after apply)
      [32m+[0m[0m private_dns_hostname_type_on_launch            = (known after apply)
      [32m+[0m[0m tags                                           = {
          [32m+[0m[0m "Name" = "y2om-USA-TGW-SubnetB"
        }
      [32m+[0m[0m tags_all                                       = {
          [32m+[0m[0m "Name" = "y2om-USA-TGW-SubnetB"
        }
      [32m+[0m[0m vpc_id                                         = (known after apply)
    }

[1m  # module.network.module.usa_vpc.aws_vpc.this[0m will be created
[0m  [32m+[0m[0m resource "aws_vpc" "this" {
      [32m+[0m[0m arn                                  = (known after apply)
      [32m+[0m[0m cidr_block                           = "10.24.0.0/16"
      [32m+[0m[0m default_network_acl_id               = (known after apply)
      [32m+[0m[0m default_route_table_id               = (known after apply)
      [32m+[0m[0m default_security_group_id            = (known after apply)
      [32m+[0m[0m dhcp_options_id                      = (known after apply)
      [32m+[0m[0m enable_dns_hostnames                 = true
      [32m+[0m[0m enable_dns_support                   = true
      [32m+[0m[0m enable_network_address_usage_metrics = (known after apply)
      [32m+[0m[0m id                                   = (known after apply)
      [32m+[0m[0m instance_tenancy                     = "default"
      [32m+[0m[0m ipv6_association_id                  = (known after apply)
      [32m+[0m[0m ipv6_cidr_block                      = (known after apply)
      [32m+[0m[0m ipv6_cidr_block_network_border_group = (known after apply)
      [32m+[0m[0m main_route_table_id                  = (known after apply)
      [32m+[0m[0m owner_id                             = (known after apply)
      [32m+[0m[0m tags                                 = {
          [32m+[0m[0m "Name" = "y2om-USA-Primary-VPC"
        }
      [32m+[0m[0m tags_all                             = {
          [32m+[0m[0m "Name" = "y2om-USA-Primary-VPC"
        }
    }

[1m  # module.eks.module.eks_oregon.module.eks_managed_node_group["standard-worker"].aws_iam_role.this[0][0m will be created
[0m  [32m+[0m[0m resource "aws_iam_role" "this" {
      [32m+[0m[0m arn                   = (known after apply)
      [32m+[0m[0m assume_role_policy    = jsonencode(
            {
              [32m+[0m[0m Statement = [
                  [32m+[0m[0m {
                      [32m+[0m[0m Action    = "sts:AssumeRole"
                      [32m+[0m[0m Effect    = "Allow"
                      [32m+[0m[0m Principal = {
                          [32m+[0m[0m Service = "ec2.amazonaws.com"
                        }
                      [32m+[0m[0m Sid       = "EKSNodeAssumeRole"
                    },
                ]
              [32m+[0m[0m Version   = "2012-10-17"
            }
        )
      [32m+[0m[0m create_date           = (known after apply)
      [32m+[0m[0m description           = "EKS managed node group IAM role"
      [32m+[0m[0m force_detach_policies = true
      [32m+[0m[0m id                    = (known after apply)
      [32m+[0m[0m managed_policy_arns   = (known after apply)
      [32m+[0m[0m max_session_duration  = 3600
      [32m+[0m[0m name                  = (known after apply)
      [32m+[0m[0m name_prefix           = "standard-worker-eks-node-group-"
      [32m+[0m[0m path                  = "/"
      [32m+[0m[0m tags                  = {
          [32m+[0m[0m "k8s.io/cluster-autoscaler/enabled"                   = "true"
          [32m+[0m[0m "k8s.io/cluster-autoscaler/y2om-formation-lap-oregon" = "owned"
        }
      [32m+[0m[0m tags_all              = {
          [32m+[0m[0m "k8s.io/cluster-autoscaler/enabled"                   = "true"
          [32m+[0m[0m "k8s.io/cluster-autoscaler/y2om-formation-lap-oregon" = "owned"
        }
      [32m+[0m[0m unique_id             = (known after apply)
    }

[1m  # module.eks.module.eks_oregon.module.eks_managed_node_group["standard-worker"].aws_iam_role_policy_attachment.this["AmazonEC2ContainerRegistryReadOnly"][0m will be created
[0m  [32m+[0m[0m resource "aws_iam_role_policy_attachment" "this" {
      [32m+[0m[0m id         = (known after apply)
      [32m+[0m[0m policy_arn = "arn:aws:iam::aws:policy/AmazonEC2ContainerRegistryReadOnly"
      [32m+[0m[0m role       = (known after apply)
    }

[1m  # module.eks.module.eks_oregon.module.eks_managed_node_group["standard-worker"].aws_iam_role_policy_attachment.this["AmazonEKSWorkerNodePolicy"][0m will be created
[0m  [32m+[0m[0m resource "aws_iam_role_policy_attachment" "this" {
      [32m+[0m[0m id         = (known after apply)
      [32m+[0m[0m policy_arn = "arn:aws:iam::aws:policy/AmazonEKSWorkerNodePolicy"
      [32m+[0m[0m role       = (known after apply)
    }

[1m  # module.eks.module.eks_oregon.module.eks_managed_node_group["standard-worker"].aws_iam_role_policy_attachment.this["AmazonEKS_CNI_Policy"][0m will be created
[0m  [32m+[0m[0m resource "aws_iam_role_policy_attachment" "this" {
      [32m+[0m[0m id         = (known after apply)
      [32m+[0m[0m policy_arn = "arn:aws:iam::aws:policy/AmazonEKS_CNI_Policy"
      [32m+[0m[0m role       = (known after apply)
    }

[1m  # module.eks.module.eks_oregon.module.kms.data.aws_iam_policy_document.this[0][0m will be read during apply
  # (config refers to values not yet known)
[0m [36m<=[0m[0m data "aws_iam_policy_document" "this" {
      [32m+[0m[0m id                        = (known after apply)
      [32m+[0m[0m json                      = (known after apply)
      [32m+[0m[0m minified_json             = (known after apply)
      [32m+[0m[0m override_policy_documents = []
      [32m+[0m[0m source_policy_documents   = []

      [32m+[0m[0m statement {
          [32m+[0m[0m actions   = [
              [32m+[0m[0m "kms:*",
            ]
          [32m+[0m[0m resources = [
              [32m+[0m[0m "*",
            ]
          [32m+[0m[0m sid       = "Default"

          [32m+[0m[0m principals {
              [32m+[0m[0m identifiers = [
                  [32m+[0m[0m "arn:aws:iam::404457776061:root",
                ]
              [32m+[0m[0m type        = "AWS"
            }
        }
      [32m+[0m[0m statement {
          [32m+[0m[0m actions   = [
              [32m+[0m[0m "kms:CancelKeyDeletion",
              [32m+[0m[0m "kms:Create*",
              [32m+[0m[0m "kms:Delete*",
              [32m+[0m[0m "kms:Describe*",
              [32m+[0m[0m "kms:Disable*",
              [32m+[0m[0m "kms:Enable*",
              [32m+[0m[0m "kms:Get*",
              [32m+[0m[0m "kms:ImportKeyMaterial",
              [32m+[0m[0m "kms:List*",
              [32m+[0m[0m "kms:Put*",
              [32m+[0m[0m "kms:ReplicateKey",
              [32m+[0m[0m "kms:Revoke*",
              [32m+[0m[0m "kms:ScheduleKeyDeletion",
              [32m+[0m[0m "kms:TagResource",
              [32m+[0m[0m "kms:UntagResource",
              [32m+[0m[0m "kms:Update*",
            ]
          [32m+[0m[0m resources = [
              [32m+[0m[0m "*",
            ]
          [32m+[0m[0m sid       = "KeyAdministration"

          [32m+[0m[0m principals {
              [32m+[0m[0m identifiers = [
                  [32m+[0m[0m "arn:aws:iam::404457776061:user/Yeom_Seongsik",
                ]
              [32m+[0m[0m type        = "AWS"
            }
        }
      [32m+[0m[0m statement {
          [32m+[0m[0m actions   = [
              [32m+[0m[0m "kms:Decrypt",
              [32m+[0m[0m "kms:DescribeKey",
              [32m+[0m[0m "kms:Encrypt",
              [32m+[0m[0m "kms:GenerateDataKey*",
              [32m+[0m[0m "kms:ReEncrypt*",
            ]
          [32m+[0m[0m resources = [
              [32m+[0m[0m "*",
            ]
          [32m+[0m[0m sid       = "KeyUsage"

          [32m+[0m[0m principals {
              [32m+[0m[0m identifiers = [
                  [32m+[0m[0m (known after apply),
                ]
              [32m+[0m[0m type        = "AWS"
            }
        }
    }

[1m  # module.eks.module.eks_oregon.module.kms.aws_kms_alias.this["cluster"][0m will be created
[0m  [32m+[0m[0m resource "aws_kms_alias" "this" {
      [32m+[0m[0m arn            = (known after apply)
      [32m+[0m[0m id             = (known after apply)
      [32m+[0m[0m name           = "alias/eks/y2om-formation-lap-oregon"
      [32m+[0m[0m name_prefix    = (known after apply)
      [32m+[0m[0m target_key_arn = (known after apply)
      [32m+[0m[0m target_key_id  = (known after apply)
    }

[1m  # module.eks.module.eks_oregon.module.kms.aws_kms_key.this[0][0m will be created
[0m  [32m+[0m[0m resource "aws_kms_key" "this" {
      [32m+[0m[0m arn                                = (known after apply)
      [32m+[0m[0m bypass_policy_lockout_safety_check = false
      [32m+[0m[0m customer_master_key_spec           = "SYMMETRIC_DEFAULT"
      [32m+[0m[0m description                        = "y2om-formation-lap-oregon cluster encryption key"
      [32m+[0m[0m enable_key_rotation                = true
      [32m+[0m[0m id                                 = (known after apply)
      [32m+[0m[0m is_enabled                         = true
      [32m+[0m[0m key_id                             = (known after apply)
      [32m+[0m[0m key_usage                          = "ENCRYPT_DECRYPT"
      [32m+[0m[0m multi_region                       = false
      [32m+[0m[0m policy                             = (known after apply)
      [32m+[0m[0m rotation_period_in_days            = (known after apply)
      [32m+[0m[0m tags                               = {
          [32m+[0m[0m "terraform-aws-modules" = "eks"
        }
      [32m+[0m[0m tags_all                           = {
          [32m+[0m[0m "terraform-aws-modules" = "eks"
        }
    }

[1m  # module.eks.module.eks_seoul.module.eks_managed_node_group["standard-worker"].aws_iam_role.this[0][0m will be created
[0m  [32m+[0m[0m resource "aws_iam_role" "this" {
      [32m+[0m[0m arn                   = (known after apply)
      [32m+[0m[0m assume_role_policy    = jsonencode(
            {
              [32m+[0m[0m Statement = [
                  [32m+[0m[0m {
                      [32m+[0m[0m Action    = "sts:AssumeRole"
                      [32m+[0m[0m Effect    = "Allow"
                      [32m+[0m[0m Principal = {
                          [32m+[0m[0m Service = "ec2.amazonaws.com"
                        }
                      [32m+[0m[0m Sid       = "EKSNodeAssumeRole"
                    },
                ]
              [32m+[0m[0m Version   = "2012-10-17"
            }
        )
      [32m+[0m[0m create_date           = (known after apply)
      [32m+[0m[0m description           = "EKS managed node group IAM role"
      [32m+[0m[0m force_detach_policies = true
      [32m+[0m[0m id                    = (known after apply)
      [32m+[0m[0m managed_policy_arns   = (known after apply)
      [32m+[0m[0m max_session_duration  = 3600
      [32m+[0m[0m name                  = (known after apply)
      [32m+[0m[0m name_prefix           = "standard-worker-eks-node-group-"
      [32m+[0m[0m path                  = "/"
      [32m+[0m[0m tags                  = {
          [32m+[0m[0m "k8s.io/cluster-autoscaler/enabled"                  = "true"
          [32m+[0m[0m "k8s.io/cluster-autoscaler/y2om-formation-lap-seoul" = "owned"
        }
      [32m+[0m[0m tags_all              = {
          [32m+[0m[0m "k8s.io/cluster-autoscaler/enabled"                  = "true"
          [32m+[0m[0m "k8s.io/cluster-autoscaler/y2om-formation-lap-seoul" = "owned"
        }
      [32m+[0m[0m unique_id             = (known after apply)
    }

[1m  # module.eks.module.eks_seoul.module.eks_managed_node_group["standard-worker"].aws_iam_role_policy_attachment.this["AmazonEC2ContainerRegistryReadOnly"][0m will be created
[0m  [32m+[0m[0m resource "aws_iam_role_policy_attachment" "this" {
      [32m+[0m[0m id         = (known after apply)
      [32m+[0m[0m policy_arn = "arn:aws:iam::aws:policy/AmazonEC2ContainerRegistryReadOnly"
      [32m+[0m[0m role       = (known after apply)
    }

[1m  # module.eks.module.eks_seoul.module.eks_managed_node_group["standard-worker"].aws_iam_role_policy_attachment.this["AmazonEKSWorkerNodePolicy"][0m will be created
[0m  [32m+[0m[0m resource "aws_iam_role_policy_attachment" "this" {
      [32m+[0m[0m id         = (known after apply)
      [32m+[0m[0m policy_arn = "arn:aws:iam::aws:policy/AmazonEKSWorkerNodePolicy"
      [32m+[0m[0m role       = (known after apply)
    }

[1m  # module.eks.module.eks_seoul.module.eks_managed_node_group["standard-worker"].aws_iam_role_policy_attachment.this["AmazonEKS_CNI_Policy"][0m will be created
[0m  [32m+[0m[0m resource "aws_iam_role_policy_attachment" "this" {
      [32m+[0m[0m id         = (known after apply)
      [32m+[0m[0m policy_arn = "arn:aws:iam::aws:policy/AmazonEKS_CNI_Policy"
      [32m+[0m[0m role       = (known after apply)
    }

[1m  # module.eks.module.eks_seoul.module.kms.data.aws_iam_policy_document.this[0][0m will be read during apply
  # (config refers to values not yet known)
[0m [36m<=[0m[0m data "aws_iam_policy_document" "this" {
      [32m+[0m[0m id                        = (known after apply)
      [32m+[0m[0m json                      = (known after apply)
      [32m+[0m[0m minified_json             = (known after apply)
      [32m+[0m[0m override_policy_documents = []
      [32m+[0m[0m source_policy_documents   = []

      [32m+[0m[0m statement {
          [32m+[0m[0m actions   = [
              [32m+[0m[0m "kms:*",
            ]
          [32m+[0m[0m resources = [
              [32m+[0m[0m "*",
            ]
          [32m+[0m[0m sid       = "Default"

          [32m+[0m[0m principals {
              [32m+[0m[0m identifiers = [
                  [32m+[0m[0m "arn:aws:iam::404457776061:root",
                ]
              [32m+[0m[0m type        = "AWS"
            }
        }
      [32m+[0m[0m statement {
          [32m+[0m[0m actions   = [
              [32m+[0m[0m "kms:CancelKeyDeletion",
              [32m+[0m[0m "kms:Create*",
              [32m+[0m[0m "kms:Delete*",
              [32m+[0m[0m "kms:Describe*",
              [32m+[0m[0m "kms:Disable*",
              [32m+[0m[0m "kms:Enable*",
              [32m+[0m[0m "kms:Get*",
              [32m+[0m[0m "kms:ImportKeyMaterial",
              [32m+[0m[0m "kms:List*",
              [32m+[0m[0m "kms:Put*",
              [32m+[0m[0m "kms:ReplicateKey",
              [32m+[0m[0m "kms:Revoke*",
              [32m+[0m[0m "kms:ScheduleKeyDeletion",
              [32m+[0m[0m "kms:TagResource",
              [32m+[0m[0m "kms:UntagResource",
              [32m+[0m[0m "kms:Update*",
            ]
          [32m+[0m[0m resources = [
              [32m+[0m[0m "*",
            ]
          [32m+[0m[0m sid       = "KeyAdministration"

          [32m+[0m[0m principals {
              [32m+[0m[0m identifiers = [
                  [32m+[0m[0m "arn:aws:iam::404457776061:user/Yeom_Seongsik",
                ]
              [32m+[0m[0m type        = "AWS"
            }
        }
      [32m+[0m[0m statement {
          [32m+[0m[0m actions   = [
              [32m+[0m[0m "kms:Decrypt",
              [32m+[0m[0m "kms:DescribeKey",
              [32m+[0m[0m "kms:Encrypt",
              [32m+[0m[0m "kms:GenerateDataKey*",
              [32m+[0m[0m "kms:ReEncrypt*",
            ]
          [32m+[0m[0m resources = [
              [32m+[0m[0m "*",
            ]
          [32m+[0m[0m sid       = "KeyUsage"

          [32m+[0m[0m principals {
              [32m+[0m[0m identifiers = [
                  [32m+[0m[0m (known after apply),
                ]
              [32m+[0m[0m type        = "AWS"
            }
        }
    }

[1m  # module.eks.module.eks_seoul.module.kms.aws_kms_alias.this["cluster"][0m will be created
[0m  [32m+[0m[0m resource "aws_kms_alias" "this" {
      [32m+[0m[0m arn            = (known after apply)
      [32m+[0m[0m id             = (known after apply)
      [32m+[0m[0m name           = "alias/eks/y2om-formation-lap-seoul"
      [32m+[0m[0m name_prefix    = (known after apply)
      [32m+[0m[0m target_key_arn = (known after apply)
      [32m+[0m[0m target_key_id  = (known after apply)
    }

[1m  # module.eks.module.eks_seoul.module.kms.aws_kms_key.this[0][0m will be created
[0m  [32m+[0m[0m resource "aws_kms_key" "this" {
      [32m+[0m[0m arn                                = (known after apply)
      [32m+[0m[0m bypass_policy_lockout_safety_check = false
      [32m+[0m[0m customer_master_key_spec           = "SYMMETRIC_DEFAULT"
      [32m+[0m[0m description                        = "y2om-formation-lap-seoul cluster encryption key"
      [32m+[0m[0m enable_key_rotation                = true
      [32m+[0m[0m id                                 = (known after apply)
      [32m+[0m[0m is_enabled                         = true
      [32m+[0m[0m key_id                             = (known after apply)
      [32m+[0m[0m key_usage                          = "ENCRYPT_DECRYPT"
      [32m+[0m[0m multi_region                       = false
      [32m+[0m[0m policy                             = (known after apply)
      [32m+[0m[0m rotation_period_in_days            = (known after apply)
      [32m+[0m[0m tags                               = {
          [32m+[0m[0m "terraform-aws-modules" = "eks"
        }
      [32m+[0m[0m tags_all                           = {
          [32m+[0m[0m "terraform-aws-modules" = "eks"
        }
    }

[1mPlan:[0m 164 to add, 0 to change, 0 to destroy.
[0m[33m╷[0m[0m
[33m│[0m [0m[1m[33mWarning: [0m[0m[1mReference to undefined provider[0m
[33m│[0m [0m
[33m│[0m [0m[0m  on main.tf line 5, in module "network":
[33m│[0m [0m   5:     [4maws[0m.seoul  = aws.seoul[0m
[33m│[0m [0m
[33m│[0m [0mThere is no explicit declaration for local provider name "aws.seoul" in
[33m│[0m [0mmodule.network, so Terraform is assuming you mean to pass a configuration
[33m│[0m [0mfor "hashicorp/aws".
[33m│[0m [0m
[33m│[0m [0mIf you also control the child module, add a required_providers entry named
[33m│[0m [0m"aws.seoul" with the source address "hashicorp/aws".
[33m│[0m [0m
[33m│[0m [0m(and 17 more similar warnings elsewhere)
[33m╵[0m[0m
[31m╷[0m[0m
[31m│[0m [0m[1m[31mError: [0m[0m[1mError in function call[0m
[31m│[0m [0m
[31m│[0m [0m[0m  on .terraform/modules/eks.eks_oregon/main.tf line 68, in resource "aws_eks_cluster" "this":
[31m│[0m [0m  68:     subnet_ids              = [4mcoalescelist([0mvar.control_plane_subnet_ids, var.subnet_ids)[0m
[31m│[0m [0m    [90m├────────────────[0m
[31m│[0m [0m[0m    [90m│[0m while calling [1mcoalescelist[0m([0mvals...)
[31m│[0m [0m    [90m│[0m [1mvar.control_plane_subnet_ids[0m is empty list of string
[31m│[0m [0m[0m    [90m│[0m [1mvar.subnet_ids[0m is empty list of string
[31m│[0m [0m[0m
[31m│[0m [0mCall to function "coalescelist" failed: no non-null arguments.
[31m╵[0m[0m
[31m╷[0m[0m
[31m│[0m [0m[1m[31mError: [0m[0m[1mError in function call[0m
[31m│[0m [0m
[31m│[0m [0m[0m  on .terraform/modules/eks.eks_seoul/main.tf line 68, in resource "aws_eks_cluster" "this":
[31m│[0m [0m  68:     subnet_ids              = [4mcoalescelist([0mvar.control_plane_subnet_ids, var.subnet_ids)[0m
[31m│[0m [0m    [90m├────────────────[0m
[31m│[0m [0m[0m    [90m│[0m while calling [1mcoalescelist[0m([0mvals...)
[31m│[0m [0m    [90m│[0m [1mvar.control_plane_subnet_ids[0m is empty list of string
[31m│[0m [0m[0m    [90m│[0m [1mvar.subnet_ids[0m is empty list of string
[31m│[0m [0m[0m
[31m│[0m [0mCall to function "coalescelist" failed: no non-null arguments.
[31m╵[0m[0m
