[0m[1mdata.archive_file.lambda_zip: Reading...[0m[0m
[0m[1mdata.archive_file.lambda_zip: Read complete after 0s [id=b79a2ea4f2628645b98b6a9f60f435cc464b0a84][0m
[0m[1maws_cloudwatch_log_group.route53_query_logs: Refreshing state... [id=/aws/route53/y2om-query-logs][0m
[0m[1maws_iam_role.lambda_exec_role: Refreshing state... [id=y2om-route53-dns-log-lambda-role][0m
[0m[1mdata.aws_caller_identity.current: Reading...[0m[0m
[0m[1mdata.aws_caller_identity.current: Read complete after 0s [id=404457776061][0m
[0m[1maws_cloudwatch_log_resource_policy.route53_logs_policy: Refreshing state... [id=y2om-route53-query-logging-policy][0m
[0m[1maws_route53_query_log.main: Refreshing state... [id=c2aeb84c-ce52-475d-9b72-78abd6ba9f26][0m
[0m[1maws_iam_role_policy.lambda_basic_execution: Refreshing state... [id=y2om-route53-dns-log-lambda-role:y2om-lambda-basic-execution][0m
[0m[1maws_opensearch_domain.route53_logs: Refreshing state... [id=arn:aws:es:us-east-1:404457776061:domain/y2om-route53-dns-logs][0m
[0m[1maws_iam_role_policy.lambda_opensearch_access: Refreshing state... [id=y2om-route53-dns-log-lambda-role:y2om-lambda-opensearch-access][0m

[1m[36mNote:[0m[1m Objects have changed outside of Terraform
[0m
Terraform detected the following changes made outside of Terraform since the
last "terraform apply" which may have affected this plan:

[1m  # aws_cloudwatch_log_group.route53_query_logs[0m has been deleted
[0m  [31m-[0m[0m resource "aws_cloudwatch_log_group" "route53_query_logs" {
      [31m-[0m[0m arn               = "arn:aws:logs:us-east-1:404457776061:log-group:/aws/route53/y2om-query-logs" [90m-> null[0m[0m
        id                = "/aws/route53/y2om-query-logs"
      [31m-[0m[0m name              = "/aws/route53/y2om-query-logs" [90m-> null[0m[0m
        tags              = {
            "Name" = "y2om-Route53 Query Logs"
        }
        [90m# (4 unchanged attributes hidden)[0m[0m
    }

[1m  # aws_opensearch_domain.route53_logs[0m has been deleted
[0m  [31m-[0m[0m resource "aws_opensearch_domain" "route53_logs" {
      [31m-[0m[0m arn              = "arn:aws:es:us-east-1:404457776061:domain/y2om-route53-dns-logs" [90m-> null[0m[0m
        id               = "arn:aws:es:us-east-1:404457776061:domain/y2om-route53-dns-logs"
        tags             = {
            "Name" = "y2om-Route53 DNS Logs"
        }
        [90m# (7 unchanged attributes hidden)[0m[0m

        [90m# (10 unchanged blocks hidden)[0m[0m
    }


Unless you have made equivalent changes to your configuration, or ignored the
relevant attributes using ignore_changes, the following plan may include
actions to undo or respond to these changes.
[90m
─────────────────────────────────────────────────────────────────────────────[0m

Terraform used the selected providers to generate the following execution
plan. Resource actions are indicated with the following symbols:
  [32m+[0m create[0m
  [33m~[0m update in-place[0m
[31m-[0m/[32m+[0m destroy and then create replacement[0m

Terraform will perform the following actions:

[1m  # aws_cloudwatch_log_group.route53_query_logs[0m will be created
[0m  [32m+[0m[0m resource "aws_cloudwatch_log_group" "route53_query_logs" {
      [32m+[0m[0m arn               = (known after apply)
      [32m+[0m[0m id                = (known after apply)
      [32m+[0m[0m log_group_class   = (known after apply)
      [32m+[0m[0m name              = "/aws/route53/y2om-query-logs"
      [32m+[0m[0m name_prefix       = (known after apply)
      [32m+[0m[0m retention_in_days = 7
      [32m+[0m[0m skip_destroy      = false
      [32m+[0m[0m tags              = {
          [32m+[0m[0m "Name" = "y2om-Route53 Query Logs"
        }
      [32m+[0m[0m tags_all          = {
          [32m+[0m[0m "Name" = "y2om-Route53 Query Logs"
        }
    }

[1m  # aws_cloudwatch_log_resource_policy.route53_logs_policy[0m will be created
[0m  [32m+[0m[0m resource "aws_cloudwatch_log_resource_policy" "route53_logs_policy" {
      [32m+[0m[0m id              = (known after apply)
      [32m+[0m[0m policy_document = (known after apply)
      [32m+[0m[0m policy_name     = "y2om-route53-query-logging-policy"
    }

[1m  # aws_cloudwatch_log_subscription_filter.lambda_trigger[0m will be created
[0m  [32m+[0m[0m resource "aws_cloudwatch_log_subscription_filter" "lambda_trigger" {
      [32m+[0m[0m destination_arn = (known after apply)
      [32m+[0m[0m distribution    = "ByLogStream"
      [32m+[0m[0m id              = (known after apply)
      [32m+[0m[0m log_group_name  = "/aws/route53/y2om-query-logs"
      [32m+[0m[0m name            = "y2om-route53-log-to-lambda"
      [32m+[0m[0m role_arn        = (known after apply)
    }

[1m  # aws_iam_role_policy.lambda_basic_execution[0m will be updated in-place
[0m  [33m~[0m[0m resource "aws_iam_role_policy" "lambda_basic_execution" {
        id     = "y2om-route53-dns-log-lambda-role:y2om-lambda-basic-execution"
        name   = "y2om-lambda-basic-execution"
      [33m~[0m[0m policy = jsonencode(
          [33m~[0m[0m {
              [33m~[0m[0m Statement = [
                  [33m~[0m[0m {
                      [33m~[0m[0m Resource = "arn:aws:logs:us-east-1:404457776061:log-group:/aws/lambda/y2om-route53-dns-log-processor:*" [33m->[0m[0m "arn:aws:logs:ap-northeast-2:404457776061:log-group:/aws/lambda/y2om-route53-dns-log-processor:*"
                        [90m# (2 unchanged attributes hidden)[0m[0m
                    },
                ]
                [90m# (1 unchanged attribute hidden)[0m[0m
            }
        )
        [90m# (1 unchanged attribute hidden)[0m[0m
    }

[1m  # aws_iam_role_policy.lambda_opensearch_access[0m will be updated in-place
[0m  [33m~[0m[0m resource "aws_iam_role_policy" "lambda_opensearch_access" {
        id     = "y2om-route53-dns-log-lambda-role:y2om-lambda-opensearch-access"
        name   = "y2om-lambda-opensearch-access"
      [33m~[0m[0m policy = jsonencode(
            {
              [31m-[0m[0m Statement = [
                  [31m-[0m[0m {
                      [31m-[0m[0m Action   = [
                          [31m-[0m[0m "es:ESHttpPost",
                          [31m-[0m[0m "es:ESHttpPut",
                        ]
                      [31m-[0m[0m Effect   = "Allow"
                      [31m-[0m[0m Resource = "arn:aws:es:us-east-1:404457776061:domain/y2om-route53-dns-logs/y2om-route53-dns-logs/*"
                    },
                ]
              [31m-[0m[0m Version   = "2012-10-17"
            }
        ) -> (known after apply)
        [90m# (1 unchanged attribute hidden)[0m[0m
    }

[1m  # aws_lambda_function.route53_log_processor[0m will be created
[0m  [32m+[0m[0m resource "aws_lambda_function" "route53_log_processor" {
      [32m+[0m[0m architectures                  = (known after apply)
      [32m+[0m[0m arn                            = (known after apply)
      [32m+[0m[0m code_sha256                    = (known after apply)
      [32m+[0m[0m filename                       = "./lambda_function.zip"
      [32m+[0m[0m function_name                  = "y2om-route53-dns-log-processor"
      [32m+[0m[0m handler                        = "index.handler"
      [32m+[0m[0m id                             = (known after apply)
      [32m+[0m[0m invoke_arn                     = (known after apply)
      [32m+[0m[0m last_modified                  = (known after apply)
      [32m+[0m[0m memory_size                    = 256
      [32m+[0m[0m package_type                   = "Zip"
      [32m+[0m[0m publish                        = false
      [32m+[0m[0m qualified_arn                  = (known after apply)
      [32m+[0m[0m qualified_invoke_arn           = (known after apply)
      [32m+[0m[0m reserved_concurrent_executions = -1
      [32m+[0m[0m role                           = "arn:aws:iam::404457776061:role/y2om-route53-dns-log-lambda-role"
      [32m+[0m[0m runtime                        = "python3.11"
      [32m+[0m[0m signing_job_arn                = (known after apply)
      [32m+[0m[0m signing_profile_version_arn    = (known after apply)
      [32m+[0m[0m skip_destroy                   = false
      [32m+[0m[0m source_code_hash               = "QU1WhKNoriay7KnA1bg7erj4IcFzpBQ3tjgm1i+pfa8="
      [32m+[0m[0m source_code_size               = (known after apply)
      [32m+[0m[0m tags                           = {
          [32m+[0m[0m "Name" = "y2om-Route53 DNS Log Processor"
        }
      [32m+[0m[0m tags_all                       = {
          [32m+[0m[0m "Name" = "y2om-Route53 DNS Log Processor"
        }
      [32m+[0m[0m timeout                        = 30
      [32m+[0m[0m version                        = (known after apply)

      [32m+[0m[0m environment {
          [32m+[0m[0m variables = (known after apply)
        }
    }

[1m  # aws_lambda_permission.allow_cloudwatch_logs[0m will be created
[0m  [32m+[0m[0m resource "aws_lambda_permission" "allow_cloudwatch_logs" {
      [32m+[0m[0m action              = "lambda:InvokeFunction"
      [32m+[0m[0m function_name       = "y2om-route53-dns-log-processor"
      [32m+[0m[0m id                  = (known after apply)
      [32m+[0m[0m principal           = "logs.amazonaws.com"
      [32m+[0m[0m source_arn          = (known after apply)
      [32m+[0m[0m statement_id        = "AllowExecutionFromCloudWatchLogs"
      [32m+[0m[0m statement_id_prefix = (known after apply)
    }

[1m  # aws_opensearch_domain.route53_logs[0m will be created
[0m  [32m+[0m[0m resource "aws_opensearch_domain" "route53_logs" {
      [32m+[0m[0m access_policies                   = jsonencode(
            {
              [32m+[0m[0m Statement = [
                  [32m+[0m[0m {
                      [32m+[0m[0m Action    = "es:*"
                      [32m+[0m[0m Effect    = "Allow"
                      [32m+[0m[0m Principal = {
                          [32m+[0m[0m AWS = "arn:aws:iam::404457776061:role/y2om-route53-dns-log-lambda-role"
                        }
                      [32m+[0m[0m Resource  = "arn:aws:es:ap-northeast-2:404457776061:domain/y2om-route53-dns-logs/*"
                    },
                ]
              [32m+[0m[0m Version   = "2012-10-17"
            }
        )
      [32m+[0m[0m advanced_options                  = (known after apply)
      [32m+[0m[0m arn                               = (known after apply)
      [32m+[0m[0m dashboard_endpoint                = (known after apply)
      [32m+[0m[0m dashboard_endpoint_v2             = (known after apply)
      [32m+[0m[0m domain_endpoint_v2_hosted_zone_id = (known after apply)
      [32m+[0m[0m domain_id                         = (known after apply)
      [32m+[0m[0m domain_name                       = "y2om-route53-dns-logs"
      [32m+[0m[0m endpoint                          = (known after apply)
      [32m+[0m[0m endpoint_v2                       = (known after apply)
      [32m+[0m[0m engine_version                    = "OpenSearch_2.11"
      [32m+[0m[0m id                                = (known after apply)
      [32m+[0m[0m ip_address_type                   = (known after apply)
      [32m+[0m[0m kibana_endpoint                   = (known after apply)
      [32m+[0m[0m tags                              = {
          [32m+[0m[0m "Name" = "Route53 DNS Logs"
        }
      [32m+[0m[0m tags_all                          = {
          [32m+[0m[0m "Name" = "Route53 DNS Logs"
        }

      [32m+[0m[0m cluster_config {
          [32m+[0m[0m dedicated_master_enabled = false
          [32m+[0m[0m instance_count           = 1
          [32m+[0m[0m instance_type            = "t3.small.search"
        }

      [32m+[0m[0m domain_endpoint_options {
          [32m+[0m[0m custom_endpoint_enabled = false
          [32m+[0m[0m enforce_https           = true
          [32m+[0m[0m tls_security_policy     = "Policy-Min-TLS-1-2-2019-07"
        }

      [32m+[0m[0m ebs_options {
          [32m+[0m[0m ebs_enabled = true
          [32m+[0m[0m iops        = (known after apply)
          [32m+[0m[0m throughput  = (known after apply)
          [32m+[0m[0m volume_size = 10
          [32m+[0m[0m volume_type = "gp3"
        }

      [32m+[0m[0m encrypt_at_rest {
          [32m+[0m[0m enabled    = true
          [32m+[0m[0m kms_key_id = (known after apply)
        }

      [32m+[0m[0m node_to_node_encryption {
          [32m+[0m[0m enabled = true
        }
    }

[1m  # aws_route53_query_log.main[0m must be [1m[31mreplaced[0m
[0m[31m-[0m/[32m+[0m[0m resource "aws_route53_query_log" "main" {
      [33m~[0m[0m arn                      = "arn:aws:route53:::queryloggingconfig/c2aeb84c-ce52-475d-9b72-78abd6ba9f26" -> (known after apply)
      [33m~[0m[0m cloudwatch_log_group_arn = "arn:aws:logs:us-east-1:404457776061:log-group:/aws/route53/y2om-query-logs" [31m# forces replacement[0m[0m -> (known after apply) [31m# forces replacement[0m[0m
      [33m~[0m[0m id                       = "c2aeb84c-ce52-475d-9b72-78abd6ba9f26" -> (known after apply)
        [90m# (1 unchanged attribute hidden)[0m[0m
    }

[1mPlan:[0m 7 to add, 2 to change, 1 to destroy.
[0m
Changes to Outputs:
  [33m~[0m[0m cloudwatch_log_group_arn = "arn:aws:logs:us-east-1:404457776061:log-group:/aws/route53/y2om-query-logs" -> (known after apply)
  [32m+[0m[0m lambda_function_arn      = (known after apply)
  [32m+[0m[0m opensearch_dashboard_url = (known after apply)
  [32m+[0m[0m opensearch_endpoint      = (known after apply)
  [33m~[0m[0m route53_query_log_id     = "c2aeb84c-ce52-475d-9b72-78abd6ba9f26" -> (known after apply)
[0m[1maws_route53_query_log.main: Destroying... [id=c2aeb84c-ce52-475d-9b72-78abd6ba9f26][0m[0m
[0m[1maws_iam_role_policy.lambda_basic_execution: Modifying... [id=y2om-route53-dns-log-lambda-role:y2om-lambda-basic-execution][0m[0m
[0m[1maws_opensearch_domain.route53_logs: Creating...[0m[0m
[0m[1maws_route53_query_log.main: Destruction complete after 1s[0m
[0m[1maws_cloudwatch_log_group.route53_query_logs: Creating...[0m[0m
[0m[1maws_cloudwatch_log_group.route53_query_logs: Creation complete after 0s [id=/aws/route53/y2om-query-logs][0m
[0m[1maws_cloudwatch_log_resource_policy.route53_logs_policy: Creating...[0m[0m
[0m[1maws_cloudwatch_log_resource_policy.route53_logs_policy: Creation complete after 0s [id=y2om-route53-query-logging-policy][0m
[0m[1maws_route53_query_log.main: Creating...[0m[0m
[0m[1maws_iam_role_policy.lambda_basic_execution: Modifications complete after 1s [id=y2om-route53-dns-log-lambda-role:y2om-lambda-basic-execution][0m
[0m[1maws_opensearch_domain.route53_logs: Still creating... [10s elapsed][0m[0m
[0m[1maws_opensearch_domain.route53_logs: Still creating... [20s elapsed][0m[0m
[0m[1maws_opensearch_domain.route53_logs: Still creating... [30s elapsed][0m[0m
[0m[1maws_opensearch_domain.route53_logs: Still creating... [40s elapsed][0m[0m
[0m[1maws_opensearch_domain.route53_logs: Still creating... [50s elapsed][0m[0m
[0m[1maws_opensearch_domain.route53_logs: Still creating... [1m0s elapsed][0m[0m
[0m[1maws_opensearch_domain.route53_logs: Still creating... [1m10s elapsed][0m[0m
[0m[1maws_opensearch_domain.route53_logs: Still creating... [1m20s elapsed][0m[0m
[0m[1maws_opensearch_domain.route53_logs: Still creating... [1m30s elapsed][0m[0m
[0m[1maws_opensearch_domain.route53_logs: Still creating... [1m40s elapsed][0m[0m
[0m[1maws_opensearch_domain.route53_logs: Still creating... [1m50s elapsed][0m[0m
[0m[1maws_opensearch_domain.route53_logs: Still creating... [2m0s elapsed][0m[0m
[0m[1maws_opensearch_domain.route53_logs: Still creating... [2m10s elapsed][0m[0m
[0m[1maws_opensearch_domain.route53_logs: Still creating... [2m20s elapsed][0m[0m
[0m[1maws_opensearch_domain.route53_logs: Still creating... [2m30s elapsed][0m[0m
[0m[1maws_opensearch_domain.route53_logs: Still creating... [2m40s elapsed][0m[0m
[0m[1maws_opensearch_domain.route53_logs: Still creating... [2m50s elapsed][0m[0m
[0m[1maws_opensearch_domain.route53_logs: Still creating... [3m0s elapsed][0m[0m
[0m[1maws_opensearch_domain.route53_logs: Still creating... [3m10s elapsed][0m[0m
[0m[1maws_opensearch_domain.route53_logs: Still creating... [3m20s elapsed][0m[0m
[0m[1maws_opensearch_domain.route53_logs: Still creating... [3m30s elapsed][0m[0m
[0m[1maws_opensearch_domain.route53_logs: Still creating... [3m40s elapsed][0m[0m
[0m[1maws_opensearch_domain.route53_logs: Still creating... [3m50s elapsed][0m[0m
[0m[1maws_opensearch_domain.route53_logs: Still creating... [4m0s elapsed][0m[0m
[0m[1maws_opensearch_domain.route53_logs: Still creating... [4m10s elapsed][0m[0m
[0m[1maws_opensearch_domain.route53_logs: Still creating... [4m20s elapsed][0m[0m
[0m[1maws_opensearch_domain.route53_logs: Still creating... [4m30s elapsed][0m[0m
[0m[1maws_opensearch_domain.route53_logs: Still creating... [4m40s elapsed][0m[0m
[0m[1maws_opensearch_domain.route53_logs: Still creating... [4m50s elapsed][0m[0m
[0m[1maws_opensearch_domain.route53_logs: Still creating... [5m0s elapsed][0m[0m
[0m[1maws_opensearch_domain.route53_logs: Still creating... [5m10s elapsed][0m[0m
[0m[1maws_opensearch_domain.route53_logs: Still creating... [5m20s elapsed][0m[0m
[0m[1maws_opensearch_domain.route53_logs: Still creating... [5m30s elapsed][0m[0m
[0m[1maws_opensearch_domain.route53_logs: Still creating... [5m40s elapsed][0m[0m
[0m[1maws_opensearch_domain.route53_logs: Still creating... [5m50s elapsed][0m[0m
[0m[1maws_opensearch_domain.route53_logs: Still creating... [6m0s elapsed][0m[0m
[0m[1maws_opensearch_domain.route53_logs: Still creating... [6m10s elapsed][0m[0m
[0m[1maws_opensearch_domain.route53_logs: Still creating... [6m20s elapsed][0m[0m
[0m[1maws_opensearch_domain.route53_logs: Still creating... [6m30s elapsed][0m[0m
[0m[1maws_opensearch_domain.route53_logs: Still creating... [6m40s elapsed][0m[0m
[0m[1maws_opensearch_domain.route53_logs: Still creating... [6m50s elapsed][0m[0m
[0m[1maws_opensearch_domain.route53_logs: Still creating... [7m0s elapsed][0m[0m
[0m[1maws_opensearch_domain.route53_logs: Still creating... [7m10s elapsed][0m[0m
[0m[1maws_opensearch_domain.route53_logs: Still creating... [7m20s elapsed][0m[0m
[0m[1maws_opensearch_domain.route53_logs: Still creating... [7m30s elapsed][0m[0m
[0m[1maws_opensearch_domain.route53_logs: Still creating... [7m40s elapsed][0m[0m
[0m[1maws_opensearch_domain.route53_logs: Still creating... [7m50s elapsed][0m[0m
[0m[1maws_opensearch_domain.route53_logs: Still creating... [8m0s elapsed][0m[0m
[0m[1maws_opensearch_domain.route53_logs: Still creating... [8m10s elapsed][0m[0m
[0m[1maws_opensearch_domain.route53_logs: Still creating... [8m20s elapsed][0m[0m
[0m[1maws_opensearch_domain.route53_logs: Still creating... [8m30s elapsed][0m[0m
[0m[1maws_opensearch_domain.route53_logs: Still creating... [8m40s elapsed][0m[0m
[0m[1maws_opensearch_domain.route53_logs: Still creating... [8m50s elapsed][0m[0m
[0m[1maws_opensearch_domain.route53_logs: Still creating... [9m0s elapsed][0m[0m
[0m[1maws_opensearch_domain.route53_logs: Still creating... [9m10s elapsed][0m[0m
[0m[1maws_opensearch_domain.route53_logs: Still creating... [9m20s elapsed][0m[0m
[0m[1maws_opensearch_domain.route53_logs: Still creating... [9m30s elapsed][0m[0m
[0m[1maws_opensearch_domain.route53_logs: Still creating... [9m40s elapsed][0m[0m
[0m[1maws_opensearch_domain.route53_logs: Still creating... [9m50s elapsed][0m[0m
[0m[1maws_opensearch_domain.route53_logs: Still creating... [10m0s elapsed][0m[0m
[0m[1maws_opensearch_domain.route53_logs: Still creating... [10m10s elapsed][0m[0m
[0m[1maws_opensearch_domain.route53_logs: Still creating... [10m20s elapsed][0m[0m
[0m[1maws_opensearch_domain.route53_logs: Still creating... [10m30s elapsed][0m[0m
[0m[1maws_opensearch_domain.route53_logs: Still creating... [10m40s elapsed][0m[0m
[0m[1maws_opensearch_domain.route53_logs: Still creating... [10m50s elapsed][0m[0m
[0m[1maws_opensearch_domain.route53_logs: Still creating... [11m0s elapsed][0m[0m
[0m[1maws_opensearch_domain.route53_logs: Still creating... [11m10s elapsed][0m[0m
[0m[1maws_opensearch_domain.route53_logs: Creation complete after 11m13s [id=arn:aws:es:ap-northeast-2:404457776061:domain/y2om-route53-dns-logs][0m
[0m[1maws_iam_role_policy.lambda_opensearch_access: Modifying... [id=y2om-route53-dns-log-lambda-role:y2om-lambda-opensearch-access][0m[0m
[0m[1maws_lambda_function.route53_log_processor: Creating...[0m[0m
[0m[1maws_iam_role_policy.lambda_opensearch_access: Modifications complete after 1s [id=y2om-route53-dns-log-lambda-role:y2om-lambda-opensearch-access][0m
[0m[1maws_lambda_function.route53_log_processor: Creation complete after 5s [id=y2om-route53-dns-log-processor][0m
[0m[1maws_lambda_permission.allow_cloudwatch_logs: Creating...[0m[0m
[0m[1maws_lambda_permission.allow_cloudwatch_logs: Creation complete after 1s [id=AllowExecutionFromCloudWatchLogs][0m
[0m[1maws_cloudwatch_log_subscription_filter.lambda_trigger: Creating...[0m[0m
[0m[1maws_cloudwatch_log_subscription_filter.lambda_trigger: Creation complete after 0s [id=cwlsf-3068706236][0m
[31m╷[0m[0m
[31m│[0m [0m[1m[31mError: [0m[0m[1mcreating Route53 Query Logging Config: operation error Route 53: CreateQueryLoggingConfig, https response error StatusCode: 400, RequestID: d5a5733f-f1ef-460f-b8f1-373f9af99d64, InvalidInput: The ARN for the CloudWatch Logs log group is invalid.[0m
[31m│[0m [0m
[31m│[0m [0m[0m  with aws_route53_query_log.main,
[31m│[0m [0m  on route53.tf line 2, in resource "aws_route53_query_log" "main":
[31m│[0m [0m   2: resource "aws_route53_query_log" "main" [4m{[0m[0m
[31m│[0m [0m
[31m╵[0m[0m
